{
  "version": 4,
  "terraform_version": "1.11.3",
  "serial": 148,
  "lineage": "76940ebb-4293-7f78-a9e5-ea2ad73ae1e3",
  "outputs": {
    "admin_public_ip": {
      "value": "35.230.157.12",
      "type": "string"
    },
    "admin_ssh_command": {
      "value": "ssh ubuntu@35.230.157.12",
      "type": "string"
    },
    "bastion_internal_ips": {
      "value": {
        "asia-southeast1": "10.3.0.2",
        "europe-west2": "10.1.0.2",
        "us-south1": "10.2.0.2"
      },
      "type": [
        "object",
        {
          "asia-southeast1": "string",
          "europe-west2": "string",
          "us-south1": "string"
        }
      ]
    },
    "bastion_ssh_via_admin": {
      "value": {
        "asia-southeast1": "ssh -J ubuntu@35.230.157.12 ubuntu@10.3.0.2",
        "europe-west2": "ssh -J ubuntu@35.230.157.12 ubuntu@10.1.0.2",
        "us-south1": "ssh -J ubuntu@35.230.157.12 ubuntu@10.2.0.2"
      },
      "type": [
        "object",
        {
          "asia-southeast1": "string",
          "europe-west2": "string",
          "us-south1": "string"
        }
      ]
    },
    "content_admin_sa_email": {
      "value": "uporto-cd-content-admin@uporto-cd.iam.gserviceaccount.com",
      "type": "string"
    },
    "content_management_instructions": {
      "value": {
        "master_bucket": "uporto-cd-content-master",
        "regional_buckets": {
          "asia-southeast1": "uporto-cd-content-asia-southeast1",
          "europe-west2": "uporto-cd-content-europe-west2",
          "us-south1": "uporto-cd-content-us-south1"
        },
        "service_accounts": {
          "admin_sa": "uporto-cd-content-admin@uporto-cd.iam.gserviceaccount.com",
          "reader_sa": "uporto-cd-content-reader@uporto-cd.iam.gserviceaccount.com"
        },
        "sync_commands": {
          "to_master": "gsutil -m rsync -r -d /opt/content/uploads/ gs://uporto-cd-content-master/",
          "to_regions": {
            "asia-southeast1": "gsutil -m rsync -r -d gs://uporto-cd-content-master/ gs://uporto-cd-content-asia-southeast1/",
            "europe-west2": "gsutil -m rsync -r -d gs://uporto-cd-content-master/ gs://uporto-cd-content-europe-west2/",
            "us-south1": "gsutil -m rsync -r -d gs://uporto-cd-content-master/ gs://uporto-cd-content-us-south1/"
          }
        },
        "upload_directory": "/opt/content/uploads/"
      },
      "type": [
        "object",
        {
          "master_bucket": "string",
          "regional_buckets": [
            "object",
            {
              "asia-southeast1": "string",
              "europe-west2": "string",
              "us-south1": "string"
            }
          ],
          "service_accounts": [
            "object",
            {
              "admin_sa": "string",
              "reader_sa": "string"
            }
          ],
          "sync_commands": [
            "object",
            {
              "to_master": "string",
              "to_regions": [
                "object",
                {
                  "asia-southeast1": "string",
                  "europe-west2": "string",
                  "us-south1": "string"
                }
              ]
            }
          ],
          "upload_directory": "string"
        }
      ]
    },
    "content_reader_sa_email": {
      "value": "uporto-cd-content-reader@uporto-cd.iam.gserviceaccount.com",
      "type": "string"
    },
    "csi_driver_config": {
      "value": {
        "asia-southeast1": {
          "bucket_name": "uporto-cd-content-asia-southeast1",
          "mount_path": "/mnt/videos",
          "service_account": "uporto-cd-content-reader@uporto-cd.iam.gserviceaccount.com",
          "storage_class_name": "gcs-fuse-csi-asia-southeast1",
          "volume_name": "content-storage-asia-southeast1"
        },
        "europe-west2": {
          "bucket_name": "uporto-cd-content-europe-west2",
          "mount_path": "/mnt/videos",
          "service_account": "uporto-cd-content-reader@uporto-cd.iam.gserviceaccount.com",
          "storage_class_name": "gcs-fuse-csi-europe-west2",
          "volume_name": "content-storage-europe-west2"
        },
        "us-south1": {
          "bucket_name": "uporto-cd-content-us-south1",
          "mount_path": "/mnt/videos",
          "service_account": "uporto-cd-content-reader@uporto-cd.iam.gserviceaccount.com",
          "storage_class_name": "gcs-fuse-csi-us-south1",
          "volume_name": "content-storage-us-south1"
        }
      },
      "type": [
        "object",
        {
          "asia-southeast1": [
            "object",
            {
              "bucket_name": "string",
              "mount_path": "string",
              "service_account": "string",
              "storage_class_name": "string",
              "volume_name": "string"
            }
          ],
          "europe-west2": [
            "object",
            {
              "bucket_name": "string",
              "mount_path": "string",
              "service_account": "string",
              "storage_class_name": "string",
              "volume_name": "string"
            }
          ],
          "us-south1": [
            "object",
            {
              "bucket_name": "string",
              "mount_path": "string",
              "service_account": "string",
              "storage_class_name": "string",
              "volume_name": "string"
            }
          ]
        }
      ]
    },
    "deployment_urls": {
      "value": {
        "global_ip": "34.36.103.3",
        "health_check": "https://adm-cdn.pt/health",
        "http_url": "http://34.36.103.3",
        "https_url": "https://adm-cdn.pt",
        "www_url": "https://www.adm-cdn.pt"
      },
      "type": [
        "object",
        {
          "global_ip": "string",
          "health_check": "string",
          "http_url": "string",
          "https_url": "string",
          "www_url": "string"
        }
      ]
    },
    "domain_configuration": {
      "value": {
        "domain_name": "adm-cdn.pt",
        "nameservers": [
          "ns-cloud-c1.googledomains.com.",
          "ns-cloud-c2.googledomains.com.",
          "ns-cloud-c3.googledomains.com.",
          "ns-cloud-c4.googledomains.com."
        ],
        "ssl_certificate_name": "uporto-cd-managed-ssl-cert",
        "ssl_domains": [
          "adm-cdn.pt",
          "www.adm-cdn.pt"
        ]
      },
      "type": [
        "object",
        {
          "domain_name": "string",
          "nameservers": [
            "list",
            "string"
          ],
          "ssl_certificate_name": "string",
          "ssl_domains": [
            "list",
            "string"
          ]
        }
      ]
    },
    "gcs_csi_enabled": {
      "value": {
        "asia-southeast1": "enabled",
        "europe-west2": "enabled",
        "us-south1": "enabled"
      },
      "type": [
        "object",
        {
          "asia-southeast1": "string",
          "europe-west2": "string",
          "us-south1": "string"
        }
      ]
    },
    "gke_clusters": {
      "value": {
        "asia-southeast1": {
          "cluster_name": "uporto-cd-gke-asia-southeast1",
          "endpoint": "172.16.3.2"
        },
        "europe-west2": {
          "cluster_name": "uporto-cd-gke-europe-west2",
          "endpoint": "172.16.1.2"
        },
        "us-south1": {
          "cluster_name": "uporto-cd-gke-us-south1",
          "endpoint": "172.16.2.2"
        }
      },
      "type": [
        "object",
        {
          "asia-southeast1": [
            "object",
            {
              "cluster_name": "string",
              "endpoint": "string"
            }
          ],
          "europe-west2": [
            "object",
            {
              "cluster_name": "string",
              "endpoint": "string"
            }
          ],
          "us-south1": [
            "object",
            {
              "cluster_name": "string",
              "endpoint": "string"
            }
          ]
        }
      ]
    },
    "gke_connect_commands": {
      "value": {
        "asia-southeast1": "gcloud container clusters get-credentials uporto-cd-gke-asia-southeast1 --region asia-southeast1 --project uporto-cd",
        "europe-west2": "gcloud container clusters get-credentials uporto-cd-gke-europe-west2 --region europe-west2 --project uporto-cd",
        "us-south1": "gcloud container clusters get-credentials uporto-cd-gke-us-south1 --region us-south1 --project uporto-cd"
      },
      "type": [
        "object",
        {
          "asia-southeast1": "string",
          "europe-west2": "string",
          "us-south1": "string"
        }
      ]
    },
    "gsutil_sync_commands": {
      "value": {
        "sync_to_regional": {
          "asia-southeast1": "gsutil -m rsync -r -d gs://uporto-cd-content-master/ gs://uporto-cd-content-asia-southeast1/",
          "europe-west2": "gsutil -m rsync -r -d gs://uporto-cd-content-master/ gs://uporto-cd-content-europe-west2/",
          "us-south1": "gsutil -m rsync -r -d gs://uporto-cd-content-master/ gs://uporto-cd-content-us-south1/"
        },
        "upload_to_master": "gsutil -m rsync -r -d /opt/content/uploads/ gs://uporto-cd-content-master/"
      },
      "type": [
        "object",
        {
          "sync_to_regional": [
            "object",
            {
              "asia-southeast1": "string",
              "europe-west2": "string",
              "us-south1": "string"
            }
          ],
          "upload_to_master": "string"
        }
      ]
    },
    "kubectl_access_via_bastions": {
      "value": {
        "asia-southeast1": "Connect via: ssh -J ubuntu@35.230.157.12 ubuntu@10.3.0.2",
        "europe-west2": "Connect via: ssh -J ubuntu@35.230.157.12 ubuntu@10.1.0.2",
        "us-south1": "Connect via: ssh -J ubuntu@35.230.157.12 ubuntu@10.2.0.2"
      },
      "type": [
        "object",
        {
          "asia-southeast1": "string",
          "europe-west2": "string",
          "us-south1": "string"
        }
      ]
    },
    "load_balancer_ip": {
      "value": "34.36.103.3",
      "type": "string"
    },
    "master_bucket_name": {
      "value": "uporto-cd-content-master",
      "type": "string"
    },
    "nameserver_instructions": {
      "value": {
        "domain": "adm-cdn.pt",
        "message": "Configure these nameservers at your domain registrar:",
        "nameservers": [
          "ns-cloud-c1.googledomains.com.",
          "ns-cloud-c2.googledomains.com.",
          "ns-cloud-c3.googledomains.com.",
          "ns-cloud-c4.googledomains.com."
        ]
      },
      "type": [
        "object",
        {
          "domain": "string",
          "message": "string",
          "nameservers": [
            "list",
            "string"
          ]
        }
      ]
    },
    "network_details": {
      "value": {
        "asia-southeast1": {
          "network_name": "uporto-cd-vpc-asia-southeast1",
          "subnet_cidr": "10.3.0.0/20"
        },
        "europe-west2": {
          "network_name": "uporto-cd-vpc-europe-west2",
          "subnet_cidr": "10.1.0.0/20"
        },
        "us-south1": {
          "network_name": "uporto-cd-vpc-us-south1",
          "subnet_cidr": "10.2.0.0/20"
        }
      },
      "type": [
        "object",
        {
          "asia-southeast1": [
            "object",
            {
              "network_name": "string",
              "subnet_cidr": "string"
            }
          ],
          "europe-west2": [
            "object",
            {
              "network_name": "string",
              "subnet_cidr": "string"
            }
          ],
          "us-south1": [
            "object",
            {
              "network_name": "string",
              "subnet_cidr": "string"
            }
          ]
        }
      ]
    },
    "regional_bucket_names": {
      "value": {
        "asia-southeast1": "uporto-cd-content-asia-southeast1",
        "europe-west2": "uporto-cd-content-europe-west2",
        "us-south1": "uporto-cd-content-us-south1"
      },
      "type": [
        "object",
        {
          "asia-southeast1": "string",
          "europe-west2": "string",
          "us-south1": "string"
        }
      ]
    },
    "ssh_key_debug": {
      "value": "ssh-rsa AAAAB3NzaC1yc2EAAAADAQABAAACAQC8d/Bg52qrZq...",
      "type": "string",
      "sensitive": true
    },
    "storage_summary": {
      "value": {
        "master_bucket": {
          "location": "EU",
          "name": "uporto-cd-content-master",
          "purpose": "Content ingestion and master storage"
        },
        "regional_buckets": {
          "asia-southeast1": {
            "location": "ASIA-SOUTHEAST1",
            "name": "uporto-cd-content-asia-southeast1",
            "purpose": "Regional content cache for asia-southeast1"
          },
          "europe-west2": {
            "location": "EUROPE-WEST2",
            "name": "uporto-cd-content-europe-west2",
            "purpose": "Regional content cache for europe-west2"
          },
          "us-south1": {
            "location": "US-SOUTH1",
            "name": "uporto-cd-content-us-south1",
            "purpose": "Regional content cache for us-south1"
          }
        },
        "service_accounts": {
          "admin": {
            "email": "uporto-cd-content-admin@uporto-cd.iam.gserviceaccount.com",
            "purpose": "Admin VM content management"
          },
          "reader": {
            "email": "uporto-cd-content-reader@uporto-cd.iam.gserviceaccount.com",
            "purpose": "Kubernetes pod content access"
          }
        }
      },
      "type": [
        "object",
        {
          "master_bucket": [
            "object",
            {
              "location": "string",
              "name": "string",
              "purpose": "string"
            }
          ],
          "regional_buckets": [
            "object",
            {
              "asia-southeast1": [
                "object",
                {
                  "location": "string",
                  "name": "string",
                  "purpose": "string"
                }
              ],
              "europe-west2": [
                "object",
                {
                  "location": "string",
                  "name": "string",
                  "purpose": "string"
                }
              ],
              "us-south1": [
                "object",
                {
                  "location": "string",
                  "name": "string",
                  "purpose": "string"
                }
              ]
            }
          ],
          "service_accounts": [
            "object",
            {
              "admin": [
                "object",
                {
                  "email": "string",
                  "purpose": "string"
                }
              ],
              "reader": [
                "object",
                {
                  "email": "string",
                  "purpose": "string"
                }
              ]
            }
          ]
        }
      ]
    },
    "workload_identity_annotation": {
      "value": "iam.gke.io/gcp-service-account=uporto-cd-content-reader@uporto-cd.iam.gserviceaccount.com",
      "type": "string"
    },
    "workload_identity_pool": {
      "value": "uporto-cd.svc.id.goog",
      "type": "string"
    }
  },
  "resources": [
    {
      "mode": "managed",
      "type": "google_compute_network_peering",
      "name": "admin_to_region",
      "provider": "provider[\"registry.terraform.io/hashicorp/google\"]",
      "instances": [
        {
          "index_key": "asia-southeast1",
          "schema_version": 0,
          "attributes": {
            "export_custom_routes": true,
            "export_subnet_routes_with_public_ip": true,
            "id": "uporto-cd-admin-vpc/uporto-cd-admin-to-region-3",
            "import_custom_routes": true,
            "import_subnet_routes_with_public_ip": true,
            "name": "uporto-cd-admin-to-region-3",
            "network": "https://www.googleapis.com/compute/v1/projects/uporto-cd/global/networks/uporto-cd-admin-vpc",
            "peer_network": "https://www.googleapis.com/compute/v1/projects/uporto-cd/global/networks/uporto-cd-vpc-asia-southeast1",
            "stack_type": "IPV4_ONLY",
            "state": "ACTIVE",
            "state_details": "[2025-05-27T11:01:15.967-07:00]: Connected.",
            "timeouts": null
          },
          "sensitive_attributes": [],
          "private": "eyJlMmJmYjczMC1lY2FhLTExZTYtOGY4OC0zNDM2M2JjN2M0YzAiOnsiY3JlYXRlIjoyNDAwMDAwMDAwMDAsImRlbGV0ZSI6MjQwMDAwMDAwMDAwLCJ1cGRhdGUiOjI0MDAwMDAwMDAwMH19",
          "dependencies": [
            "module.admin.google_compute_network.admin_vpc",
            "module.admin.google_compute_subnetwork.admin_subnet",
            "module.network.google_compute_firewall.allow_egress_to_admin",
            "module.network.google_compute_firewall.allow_from_admin",
            "module.network.google_compute_firewall.allow_internal",
            "module.network.google_compute_firewall.allow_internet_egress",
            "module.network.google_compute_firewall.block_inter_region",
            "module.network.google_compute_network.vpc",
            "module.network.google_compute_router.router",
            "module.network.google_compute_router_nat.nat",
            "module.network.google_compute_subnetwork.subnet"
          ]
        },
        {
          "index_key": "europe-west2",
          "schema_version": 0,
          "attributes": {
            "export_custom_routes": true,
            "export_subnet_routes_with_public_ip": true,
            "id": "uporto-cd-admin-vpc/uporto-cd-admin-to-region-1",
            "import_custom_routes": true,
            "import_subnet_routes_with_public_ip": true,
            "name": "uporto-cd-admin-to-region-1",
            "network": "https://www.googleapis.com/compute/v1/projects/uporto-cd/global/networks/uporto-cd-admin-vpc",
            "peer_network": "https://www.googleapis.com/compute/v1/projects/uporto-cd/global/networks/uporto-cd-vpc-europe-west2",
            "stack_type": "IPV4_ONLY",
            "state": "ACTIVE",
            "state_details": "[2025-05-27T11:00:50.288-07:00]: Connected.",
            "timeouts": null
          },
          "sensitive_attributes": [],
          "private": "eyJlMmJmYjczMC1lY2FhLTExZTYtOGY4OC0zNDM2M2JjN2M0YzAiOnsiY3JlYXRlIjoyNDAwMDAwMDAwMDAsImRlbGV0ZSI6MjQwMDAwMDAwMDAwLCJ1cGRhdGUiOjI0MDAwMDAwMDAwMH19",
          "dependencies": [
            "module.admin.google_compute_network.admin_vpc",
            "module.admin.google_compute_subnetwork.admin_subnet",
            "module.network.google_compute_firewall.allow_egress_to_admin",
            "module.network.google_compute_firewall.allow_from_admin",
            "module.network.google_compute_firewall.allow_internal",
            "module.network.google_compute_firewall.allow_internet_egress",
            "module.network.google_compute_firewall.block_inter_region",
            "module.network.google_compute_network.vpc",
            "module.network.google_compute_router.router",
            "module.network.google_compute_router_nat.nat",
            "module.network.google_compute_subnetwork.subnet"
          ]
        },
        {
          "index_key": "us-south1",
          "schema_version": 0,
          "attributes": {
            "export_custom_routes": true,
            "export_subnet_routes_with_public_ip": true,
            "id": "uporto-cd-admin-vpc/uporto-cd-admin-to-region-2",
            "import_custom_routes": true,
            "import_subnet_routes_with_public_ip": true,
            "name": "uporto-cd-admin-to-region-2",
            "network": "https://www.googleapis.com/compute/v1/projects/uporto-cd/global/networks/uporto-cd-admin-vpc",
            "peer_network": "https://www.googleapis.com/compute/v1/projects/uporto-cd/global/networks/uporto-cd-vpc-us-south1",
            "stack_type": "IPV4_ONLY",
            "state": "ACTIVE",
            "state_details": "[2025-05-27T11:01:21.557-07:00]: Connected.",
            "timeouts": null
          },
          "sensitive_attributes": [],
          "private": "eyJlMmJmYjczMC1lY2FhLTExZTYtOGY4OC0zNDM2M2JjN2M0YzAiOnsiY3JlYXRlIjoyNDAwMDAwMDAwMDAsImRlbGV0ZSI6MjQwMDAwMDAwMDAwLCJ1cGRhdGUiOjI0MDAwMDAwMDAwMH19",
          "dependencies": [
            "module.admin.google_compute_network.admin_vpc",
            "module.admin.google_compute_subnetwork.admin_subnet",
            "module.network.google_compute_firewall.allow_egress_to_admin",
            "module.network.google_compute_firewall.allow_from_admin",
            "module.network.google_compute_firewall.allow_internal",
            "module.network.google_compute_firewall.allow_internet_egress",
            "module.network.google_compute_firewall.block_inter_region",
            "module.network.google_compute_network.vpc",
            "module.network.google_compute_router.router",
            "module.network.google_compute_router_nat.nat",
            "module.network.google_compute_subnetwork.subnet"
          ]
        }
      ]
    },
    {
      "mode": "managed",
      "type": "google_compute_network_peering",
      "name": "region_to_admin",
      "provider": "provider[\"registry.terraform.io/hashicorp/google\"]",
      "instances": [
        {
          "index_key": "asia-southeast1",
          "schema_version": 0,
          "attributes": {
            "export_custom_routes": true,
            "export_subnet_routes_with_public_ip": true,
            "id": "uporto-cd-vpc-asia-southeast1/uporto-cd-region-3-to-admin",
            "import_custom_routes": true,
            "import_subnet_routes_with_public_ip": true,
            "name": "uporto-cd-region-3-to-admin",
            "network": "https://www.googleapis.com/compute/v1/projects/uporto-cd/global/networks/uporto-cd-vpc-asia-southeast1",
            "peer_network": "https://www.googleapis.com/compute/v1/projects/uporto-cd/global/networks/uporto-cd-admin-vpc",
            "stack_type": "IPV4_ONLY",
            "state": "ACTIVE",
            "state_details": "[2025-05-27T11:00:27.019-07:00]: Connected.",
            "timeouts": null
          },
          "sensitive_attributes": [],
          "private": "eyJlMmJmYjczMC1lY2FhLTExZTYtOGY4OC0zNDM2M2JjN2M0YzAiOnsiY3JlYXRlIjoyNDAwMDAwMDAwMDAsImRlbGV0ZSI6MjQwMDAwMDAwMDAwLCJ1cGRhdGUiOjI0MDAwMDAwMDAwMH19",
          "dependencies": [
            "module.admin.google_compute_network.admin_vpc",
            "module.admin.google_compute_subnetwork.admin_subnet",
            "module.network.google_compute_firewall.allow_egress_to_admin",
            "module.network.google_compute_firewall.allow_from_admin",
            "module.network.google_compute_firewall.allow_internal",
            "module.network.google_compute_firewall.allow_internet_egress",
            "module.network.google_compute_firewall.block_inter_region",
            "module.network.google_compute_network.vpc",
            "module.network.google_compute_router.router",
            "module.network.google_compute_router_nat.nat",
            "module.network.google_compute_subnetwork.subnet"
          ]
        },
        {
          "index_key": "europe-west2",
          "schema_version": 0,
          "attributes": {
            "export_custom_routes": true,
            "export_subnet_routes_with_public_ip": true,
            "id": "uporto-cd-vpc-europe-west2/uporto-cd-region-1-to-admin",
            "import_custom_routes": true,
            "import_subnet_routes_with_public_ip": true,
            "name": "uporto-cd-region-1-to-admin",
            "network": "https://www.googleapis.com/compute/v1/projects/uporto-cd/global/networks/uporto-cd-vpc-europe-west2",
            "peer_network": "https://www.googleapis.com/compute/v1/projects/uporto-cd/global/networks/uporto-cd-admin-vpc",
            "stack_type": "IPV4_ONLY",
            "state": "ACTIVE",
            "state_details": "[2025-05-27T11:00:50.288-07:00]: Connected.",
            "timeouts": null
          },
          "sensitive_attributes": [],
          "private": "eyJlMmJmYjczMC1lY2FhLTExZTYtOGY4OC0zNDM2M2JjN2M0YzAiOnsiY3JlYXRlIjoyNDAwMDAwMDAwMDAsImRlbGV0ZSI6MjQwMDAwMDAwMDAwLCJ1cGRhdGUiOjI0MDAwMDAwMDAwMH19",
          "dependencies": [
            "module.admin.google_compute_network.admin_vpc",
            "module.admin.google_compute_subnetwork.admin_subnet",
            "module.network.google_compute_firewall.allow_egress_to_admin",
            "module.network.google_compute_firewall.allow_from_admin",
            "module.network.google_compute_firewall.allow_internal",
            "module.network.google_compute_firewall.allow_internet_egress",
            "module.network.google_compute_firewall.block_inter_region",
            "module.network.google_compute_network.vpc",
            "module.network.google_compute_router.router",
            "module.network.google_compute_router_nat.nat",
            "module.network.google_compute_subnetwork.subnet"
          ]
        },
        {
          "index_key": "us-south1",
          "schema_version": 0,
          "attributes": {
            "export_custom_routes": true,
            "export_subnet_routes_with_public_ip": true,
            "id": "uporto-cd-vpc-us-south1/uporto-cd-region-2-to-admin",
            "import_custom_routes": true,
            "import_subnet_routes_with_public_ip": true,
            "name": "uporto-cd-region-2-to-admin",
            "network": "https://www.googleapis.com/compute/v1/projects/uporto-cd/global/networks/uporto-cd-vpc-us-south1",
            "peer_network": "https://www.googleapis.com/compute/v1/projects/uporto-cd/global/networks/uporto-cd-admin-vpc",
            "stack_type": "IPV4_ONLY",
            "state": "ACTIVE",
            "state_details": "[2025-05-27T10:59:54.984-07:00]: Connected.",
            "timeouts": null
          },
          "sensitive_attributes": [],
          "private": "eyJlMmJmYjczMC1lY2FhLTExZTYtOGY4OC0zNDM2M2JjN2M0YzAiOnsiY3JlYXRlIjoyNDAwMDAwMDAwMDAsImRlbGV0ZSI6MjQwMDAwMDAwMDAwLCJ1cGRhdGUiOjI0MDAwMDAwMDAwMH19",
          "dependencies": [
            "module.admin.google_compute_network.admin_vpc",
            "module.admin.google_compute_subnetwork.admin_subnet",
            "module.network.google_compute_firewall.allow_egress_to_admin",
            "module.network.google_compute_firewall.allow_from_admin",
            "module.network.google_compute_firewall.allow_internal",
            "module.network.google_compute_firewall.allow_internet_egress",
            "module.network.google_compute_firewall.block_inter_region",
            "module.network.google_compute_network.vpc",
            "module.network.google_compute_router.router",
            "module.network.google_compute_router_nat.nat",
            "module.network.google_compute_subnetwork.subnet"
          ]
        }
      ]
    },
    {
      "module": "module.admin",
      "mode": "managed",
      "type": "google_compute_address",
      "name": "admin_ip",
      "provider": "provider[\"registry.terraform.io/hashicorp/google\"]",
      "instances": [
        {
          "schema_version": 0,
          "attributes": {
            "address": "35.230.157.12",
            "address_type": "EXTERNAL",
            "creation_timestamp": "2025-05-27T10:43:03.397-07:00",
            "description": "",
            "id": "projects/uporto-cd/regions/europe-west2/addresses/uporto-cd-admin-ip",
            "ip_version": "",
            "ipv6_endpoint_type": "",
            "name": "uporto-cd-admin-ip",
            "network": "",
            "network_tier": "PREMIUM",
            "prefix_length": 0,
            "project": "uporto-cd",
            "purpose": "",
            "region": "europe-west2",
            "self_link": "https://www.googleapis.com/compute/v1/projects/uporto-cd/regions/europe-west2/addresses/uporto-cd-admin-ip",
            "subnetwork": "",
            "timeouts": null,
            "users": [
              "https://www.googleapis.com/compute/v1/projects/uporto-cd/zones/europe-west2-a/instances/uporto-cd-admin"
            ]
          },
          "sensitive_attributes": [],
          "private": "eyJlMmJmYjczMC1lY2FhLTExZTYtOGY4OC0zNDM2M2JjN2M0YzAiOnsiY3JlYXRlIjoxMjAwMDAwMDAwMDAwLCJkZWxldGUiOjEyMDAwMDAwMDAwMDB9fQ=="
        }
      ]
    },
    {
      "module": "module.admin",
      "mode": "managed",
      "type": "google_compute_firewall",
      "name": "admin_allow_from_gke_masters",
      "provider": "provider[\"registry.terraform.io/hashicorp/google\"]",
      "instances": [
        {
          "schema_version": 1,
          "attributes": {
            "allow": [
              {
                "ports": [
                  "443",
                  "10250"
                ],
                "protocol": "tcp"
              }
            ],
            "creation_timestamp": "2025-05-27T10:59:18.453-07:00",
            "deny": [],
            "description": "",
            "destination_ranges": [],
            "direction": "INGRESS",
            "disabled": false,
            "enable_logging": null,
            "id": "projects/uporto-cd/global/firewalls/uporto-cd-admin-allow-from-gke-masters",
            "log_config": [],
            "name": "uporto-cd-admin-allow-from-gke-masters",
            "network": "https://www.googleapis.com/compute/v1/projects/uporto-cd/global/networks/uporto-cd-admin-vpc",
            "priority": 1000,
            "project": "uporto-cd",
            "self_link": "https://www.googleapis.com/compute/v1/projects/uporto-cd/global/firewalls/uporto-cd-admin-allow-from-gke-masters",
            "source_ranges": [
              "172.16.1.0/28",
              "172.16.2.0/28",
              "172.16.3.0/28"
            ],
            "source_service_accounts": [],
            "source_tags": [],
            "target_service_accounts": [],
            "target_tags": [
              "admin-vm"
            ],
            "timeouts": null
          },
          "sensitive_attributes": [],
          "private": "eyJlMmJmYjczMC1lY2FhLTExZTYtOGY4OC0zNDM2M2JjN2M0YzAiOnsiY3JlYXRlIjoxMjAwMDAwMDAwMDAwLCJkZWxldGUiOjEyMDAwMDAwMDAwMDAsInVwZGF0ZSI6MTIwMDAwMDAwMDAwMH0sInNjaGVtYV92ZXJzaW9uIjoiMSJ9",
          "dependencies": [
            "module.admin.google_compute_network.admin_vpc"
          ]
        }
      ]
    },
    {
      "module": "module.admin",
      "mode": "managed",
      "type": "google_compute_firewall",
      "name": "admin_ssh",
      "provider": "provider[\"registry.terraform.io/hashicorp/google\"]",
      "instances": [
        {
          "schema_version": 1,
          "attributes": {
            "allow": [
              {
                "ports": [
                  "22"
                ],
                "protocol": "tcp"
              }
            ],
            "creation_timestamp": "2025-05-27T10:59:18.460-07:00",
            "deny": [],
            "description": "",
            "destination_ranges": [],
            "direction": "INGRESS",
            "disabled": false,
            "enable_logging": null,
            "id": "projects/uporto-cd/global/firewalls/uporto-cd-admin-ssh",
            "log_config": [],
            "name": "uporto-cd-admin-ssh",
            "network": "https://www.googleapis.com/compute/v1/projects/uporto-cd/global/networks/uporto-cd-admin-vpc",
            "priority": 1000,
            "project": "uporto-cd",
            "self_link": "https://www.googleapis.com/compute/v1/projects/uporto-cd/global/firewalls/uporto-cd-admin-ssh",
            "source_ranges": [
              "0.0.0.0/0"
            ],
            "source_service_accounts": [],
            "source_tags": [],
            "target_service_accounts": [],
            "target_tags": [
              "admin-vm"
            ],
            "timeouts": null
          },
          "sensitive_attributes": [],
          "private": "eyJlMmJmYjczMC1lY2FhLTExZTYtOGY4OC0zNDM2M2JjN2M0YzAiOnsiY3JlYXRlIjoxMjAwMDAwMDAwMDAwLCJkZWxldGUiOjEyMDAwMDAwMDAwMDAsInVwZGF0ZSI6MTIwMDAwMDAwMDAwMH0sInNjaGVtYV92ZXJzaW9uIjoiMSJ9",
          "dependencies": [
            "module.admin.google_compute_network.admin_vpc"
          ]
        }
      ]
    },
    {
      "module": "module.admin",
      "mode": "managed",
      "type": "google_compute_instance",
      "name": "admin",
      "provider": "provider[\"registry.terraform.io/hashicorp/google\"]",
      "instances": [
        {
          "schema_version": 6,
          "attributes": {
            "advanced_machine_features": [],
            "allow_stopping_for_update": null,
            "attached_disk": [],
            "boot_disk": [
              {
                "auto_delete": true,
                "device_name": "persistent-disk-0",
                "disk_encryption_key_raw": "",
                "disk_encryption_key_sha256": "",
                "initialize_params": [
                  {
                    "image": "https://www.googleapis.com/compute/v1/projects/ubuntu-os-cloud/global/images/ubuntu-2004-focal-v20250527",
                    "labels": {},
                    "resource_manager_tags": {},
                    "size": 50,
                    "type": "pd-ssd"
                  }
                ],
                "kms_key_self_link": "",
                "mode": "READ_WRITE",
                "source": "https://www.googleapis.com/compute/v1/projects/uporto-cd/zones/europe-west2-a/disks/uporto-cd-admin"
              }
            ],
            "can_ip_forward": false,
            "confidential_instance_config": [],
            "cpu_platform": "Intel Broadwell",
            "current_status": "RUNNING",
            "deletion_protection": false,
            "description": "",
            "desired_status": null,
            "enable_display": false,
            "guest_accelerator": [],
            "hostname": "",
            "id": "projects/uporto-cd/zones/europe-west2-a/instances/uporto-cd-admin",
            "instance_id": "3630656727341876066",
            "label_fingerprint": "42WmSpB8rSM=",
            "labels": {},
            "machine_type": "e2-standard-2",
            "metadata": {
              "ssh-keys": "ubuntu:ssh-rsa AAAAB3NzaC1yc2EAAAADAQABAAACAQC8d/Bg52qrZqSRqdEeqy0rT1+5f/cP5BnsN5GHNQXP7PHe/0pGqADr6tMTboRwE9+q/6YdjzmnpE3qP1xqruh4gkH5GyvsGSuZofBCJuwumQZt91Oxul6Gu04eO2yj1qf2VXcPKbyvOgkbOqtudNMBwR3iZd18ce6Se03srzu1FVo1tPCItkxdRhNyMWbGaU7TS64P+KTSkqK1hkCxPJNz0gs0C+KabKE4glIO5AlXNoAxXAlNfvq0k27TyfJKRZFduN8blOC5owIlR7iyviWBK2FAKMu2/JW8/hFcjdtL8YN3wNcp0u/7KxgqGkPpW21mGtFdsQV4FfvcogLHjnhO5fMjw4iyBp71ZL73AbUj4+LFFfobPu19zpUOcOCUe+CDpwMnW6s5WfolRk8P6a0arQrA7lYfgV815EugPBlyEit89mBSpvaCASrVO8HhnZF3hzbk6DqFt9ePEybqMmFtTHM1M4yYuydDNqNEj5f1/DImRERJxBTi7M6QR7ICtoyksd6x8Sk1TtUp9dVUB4UaIycVG3DnAXILkbsfF+X95hU5vEJw1wuwU26R1JE6HtTXYnrH9Wi0f8RhoS2UXEgmt9V3h/FsGuH/J9U4K7A3XqNBGtIULeL2hi2rAncvD2K49cY95by4gayolLvHJ4bt0Ts8DuNnDcBJ7HzW5AruYw== eduardo.mmd.correia@gmail.com\n"
            },
            "metadata_fingerprint": "jnxUZHqhqcI=",
            "metadata_startup_script": "#!/bin/bash\nset -e\napt-get update \u0026\u0026 apt-get upgrade -y\napt-get install -y python3 python3-pip\necho \"Startup script completed at $(date)\" \u003e /var/log/startup-script-completed.log\n",
            "min_cpu_platform": "",
            "name": "uporto-cd-admin",
            "network_interface": [
              {
                "access_config": [
                  {
                    "nat_ip": "35.230.157.12",
                    "network_tier": "PREMIUM",
                    "public_ptr_domain_name": ""
                  }
                ],
                "alias_ip_range": [],
                "internal_ipv6_prefix_length": 0,
                "ipv6_access_config": [],
                "ipv6_access_type": "",
                "ipv6_address": "",
                "name": "nic0",
                "network": "https://www.googleapis.com/compute/v1/projects/uporto-cd/global/networks/uporto-cd-admin-vpc",
                "network_ip": "10.250.0.2",
                "nic_type": "",
                "queue_count": 0,
                "stack_type": "IPV4_ONLY",
                "subnetwork": "https://www.googleapis.com/compute/v1/projects/uporto-cd/regions/europe-west2/subnetworks/uporto-cd-admin-subnet",
                "subnetwork_project": "uporto-cd"
              }
            ],
            "network_performance_config": [],
            "params": [],
            "project": "uporto-cd",
            "reservation_affinity": [],
            "resource_policies": [],
            "scheduling": [
              {
                "automatic_restart": true,
                "instance_termination_action": "",
                "local_ssd_recovery_timeout": [],
                "min_node_cpus": 0,
                "node_affinities": [],
                "on_host_maintenance": "MIGRATE",
                "preemptible": false,
                "provisioning_model": "STANDARD"
              }
            ],
            "scratch_disk": [],
            "self_link": "https://www.googleapis.com/compute/v1/projects/uporto-cd/zones/europe-west2-a/instances/uporto-cd-admin",
            "service_account": [
              {
                "email": "313506890289-compute@developer.gserviceaccount.com",
                "scopes": [
                  "https://www.googleapis.com/auth/cloud-platform"
                ]
              }
            ],
            "shielded_instance_config": [
              {
                "enable_integrity_monitoring": true,
                "enable_secure_boot": false,
                "enable_vtpm": true
              }
            ],
            "tags": [
              "admin-vm",
              "uporto-cd-admin"
            ],
            "tags_fingerprint": "FvCQv2tj8T0=",
            "timeouts": null,
            "zone": "europe-west2-a"
          },
          "sensitive_attributes": [
            [
              {
                "type": "get_attr",
                "value": "boot_disk"
              },
              {
                "type": "index",
                "value": {
                  "value": 0,
                  "type": "number"
                }
              },
              {
                "type": "get_attr",
                "value": "disk_encryption_key_raw"
              }
            ]
          ],
          "private": "eyJlMmJmYjczMC1lY2FhLTExZTYtOGY4OC0zNDM2M2JjN2M0YzAiOnsiY3JlYXRlIjoxMjAwMDAwMDAwMDAwLCJkZWxldGUiOjEyMDAwMDAwMDAwMDAsInVwZGF0ZSI6MTIwMDAwMDAwMDAwMH0sInNjaGVtYV92ZXJzaW9uIjoiNiJ9",
          "dependencies": [
            "module.admin.google_compute_address.admin_ip",
            "module.admin.google_compute_network.admin_vpc",
            "module.admin.google_compute_subnetwork.admin_subnet",
            "module.admin.google_project_service.compute_api"
          ]
        }
      ]
    },
    {
      "module": "module.admin",
      "mode": "managed",
      "type": "google_compute_network",
      "name": "admin_vpc",
      "provider": "provider[\"registry.terraform.io/hashicorp/google\"]",
      "instances": [
        {
          "schema_version": 0,
          "attributes": {
            "auto_create_subnetworks": false,
            "delete_default_routes_on_create": false,
            "description": "VPC network for uporto-cd admin",
            "enable_ula_internal_ipv6": false,
            "gateway_ipv4": "",
            "id": "projects/uporto-cd/global/networks/uporto-cd-admin-vpc",
            "internal_ipv6_range": "",
            "mtu": 0,
            "name": "uporto-cd-admin-vpc",
            "network_firewall_policy_enforcement_order": "AFTER_CLASSIC_FIREWALL",
            "project": "uporto-cd",
            "routing_mode": "REGIONAL",
            "self_link": "https://www.googleapis.com/compute/v1/projects/uporto-cd/global/networks/uporto-cd-admin-vpc",
            "timeouts": {
              "create": null,
              "delete": null,
              "update": null
            }
          },
          "sensitive_attributes": [],
          "private": "eyJlMmJmYjczMC1lY2FhLTExZTYtOGY4OC0zNDM2M2JjN2M0YzAiOnsiY3JlYXRlIjoxMjAwMDAwMDAwMDAwLCJkZWxldGUiOjEyMDAwMDAwMDAwMDAsInVwZGF0ZSI6MTIwMDAwMDAwMDAwMH0sInNjaGVtYV92ZXJzaW9uIjoiMCJ9"
        }
      ]
    },
    {
      "module": "module.admin",
      "mode": "managed",
      "type": "google_compute_subnetwork",
      "name": "admin_subnet",
      "provider": "provider[\"registry.terraform.io/hashicorp/google\"]",
      "instances": [
        {
          "schema_version": 0,
          "attributes": {
            "creation_timestamp": "2025-05-27T10:59:18.787-07:00",
            "description": "Subnet for uporto-cd admin in europe-west2",
            "external_ipv6_prefix": "",
            "fingerprint": null,
            "gateway_address": "10.250.0.1",
            "id": "projects/uporto-cd/regions/europe-west2/subnetworks/uporto-cd-admin-subnet",
            "internal_ipv6_prefix": "",
            "ip_cidr_range": "10.250.0.0/24",
            "ipv6_access_type": "",
            "ipv6_cidr_range": "",
            "log_config": [],
            "name": "uporto-cd-admin-subnet",
            "network": "https://www.googleapis.com/compute/v1/projects/uporto-cd/global/networks/uporto-cd-admin-vpc",
            "private_ip_google_access": true,
            "private_ipv6_google_access": "DISABLE_GOOGLE_ACCESS",
            "project": "uporto-cd",
            "purpose": "PRIVATE",
            "region": "europe-west2",
            "role": "",
            "secondary_ip_range": [],
            "self_link": "https://www.googleapis.com/compute/v1/projects/uporto-cd/regions/europe-west2/subnetworks/uporto-cd-admin-subnet",
            "stack_type": "IPV4_ONLY",
            "timeouts": null
          },
          "sensitive_attributes": [],
          "private": "eyJlMmJmYjczMC1lY2FhLTExZTYtOGY4OC0zNDM2M2JjN2M0YzAiOnsiY3JlYXRlIjoxMjAwMDAwMDAwMDAwLCJkZWxldGUiOjEyMDAwMDAwMDAwMDAsInVwZGF0ZSI6MTIwMDAwMDAwMDAwMH19",
          "dependencies": [
            "module.admin.google_compute_network.admin_vpc"
          ]
        }
      ]
    },
    {
      "module": "module.admin",
      "mode": "managed",
      "type": "google_project_service",
      "name": "compute_api",
      "provider": "provider[\"registry.terraform.io/hashicorp/google\"]",
      "instances": [
        {
          "schema_version": 0,
          "attributes": {
            "disable_dependent_services": null,
            "disable_on_destroy": false,
            "id": "uporto-cd/compute.googleapis.com",
            "project": "uporto-cd",
            "service": "compute.googleapis.com",
            "timeouts": null
          },
          "sensitive_attributes": [],
          "private": "eyJlMmJmYjczMC1lY2FhLTExZTYtOGY4OC0zNDM2M2JjN2M0YzAiOnsiY3JlYXRlIjoxMjAwMDAwMDAwMDAwLCJkZWxldGUiOjEyMDAwMDAwMDAwMDAsInJlYWQiOjYwMDAwMDAwMDAwMCwidXBkYXRlIjoxMjAwMDAwMDAwMDAwfX0="
        }
      ]
    },
    {
      "module": "module.bastion[\"asia-southeast1\"]",
      "mode": "managed",
      "type": "google_compute_firewall",
      "name": "bastion_ssh_from_admin",
      "provider": "provider[\"registry.terraform.io/hashicorp/google\"]",
      "instances": [
        {
          "schema_version": 1,
          "attributes": {
            "allow": [
              {
                "ports": [
                  "22"
                ],
                "protocol": "tcp"
              }
            ],
            "creation_timestamp": "2025-05-27T11:00:14.586-07:00",
            "deny": [],
            "description": "",
            "destination_ranges": [],
            "direction": "INGRESS",
            "disabled": false,
            "enable_logging": null,
            "id": "projects/uporto-cd/global/firewalls/uporto-cd-bastion-ssh-from-admin-asia-southeast1",
            "log_config": [],
            "name": "uporto-cd-bastion-ssh-from-admin-asia-southeast1",
            "network": "https://www.googleapis.com/compute/v1/projects/uporto-cd/global/networks/uporto-cd-vpc-asia-southeast1",
            "priority": 1000,
            "project": "uporto-cd",
            "self_link": "https://www.googleapis.com/compute/v1/projects/uporto-cd/global/firewalls/uporto-cd-bastion-ssh-from-admin-asia-southeast1",
            "source_ranges": [
              "10.250.0.0/24"
            ],
            "source_service_accounts": [],
            "source_tags": [],
            "target_service_accounts": [],
            "target_tags": [
              "bastion-host"
            ],
            "timeouts": null
          },
          "sensitive_attributes": [],
          "private": "eyJlMmJmYjczMC1lY2FhLTExZTYtOGY4OC0zNDM2M2JjN2M0YzAiOnsiY3JlYXRlIjoxMjAwMDAwMDAwMDAwLCJkZWxldGUiOjEyMDAwMDAwMDAwMDAsInVwZGF0ZSI6MTIwMDAwMDAwMDAwMH0sInNjaGVtYV92ZXJzaW9uIjoiMSJ9",
          "dependencies": [
            "module.admin.google_compute_network.admin_vpc",
            "module.admin.google_compute_subnetwork.admin_subnet",
            "module.network.google_compute_firewall.allow_egress_to_admin",
            "module.network.google_compute_firewall.allow_from_admin",
            "module.network.google_compute_firewall.allow_internal",
            "module.network.google_compute_firewall.allow_internet_egress",
            "module.network.google_compute_firewall.block_inter_region",
            "module.network.google_compute_network.vpc",
            "module.network.google_compute_router.router",
            "module.network.google_compute_router_nat.nat",
            "module.network.google_compute_subnetwork.subnet"
          ]
        }
      ]
    },
    {
      "module": "module.bastion[\"asia-southeast1\"]",
      "mode": "managed",
      "type": "google_compute_instance",
      "name": "bastion",
      "provider": "provider[\"registry.terraform.io/hashicorp/google\"]",
      "instances": [
        {
          "schema_version": 6,
          "attributes": {
            "advanced_machine_features": [],
            "allow_stopping_for_update": true,
            "attached_disk": [],
            "boot_disk": [
              {
                "auto_delete": true,
                "device_name": "persistent-disk-0",
                "disk_encryption_key_raw": "",
                "disk_encryption_key_sha256": "",
                "initialize_params": [
                  {
                    "image": "https://www.googleapis.com/compute/v1/projects/ubuntu-os-cloud/global/images/ubuntu-2004-focal-v20250527",
                    "labels": {},
                    "resource_manager_tags": {},
                    "size": 30,
                    "type": "pd-ssd"
                  }
                ],
                "kms_key_self_link": "",
                "mode": "READ_WRITE",
                "source": "https://www.googleapis.com/compute/v1/projects/uporto-cd/zones/asia-southeast1-a/disks/uporto-cd-bastion-asia-southeast1"
              }
            ],
            "can_ip_forward": false,
            "confidential_instance_config": [],
            "cpu_platform": "Intel Broadwell",
            "current_status": "RUNNING",
            "deletion_protection": false,
            "description": "",
            "desired_status": null,
            "enable_display": false,
            "guest_accelerator": [],
            "hostname": "",
            "id": "projects/uporto-cd/zones/asia-southeast1-a/instances/uporto-cd-bastion-asia-southeast1",
            "instance_id": "5831866963061130099",
            "label_fingerprint": "42WmSpB8rSM=",
            "labels": {},
            "machine_type": "e2-medium",
            "metadata": {
              "ssh-keys": "ubuntu:ssh-rsa AAAAB3NzaC1yc2EAAAADAQABAAACAQC8d/Bg52qrZqSRqdEeqy0rT1+5f/cP5BnsN5GHNQXP7PHe/0pGqADr6tMTboRwE9+q/6YdjzmnpE3qP1xqruh4gkH5GyvsGSuZofBCJuwumQZt91Oxul6Gu04eO2yj1qf2VXcPKbyvOgkbOqtudNMBwR3iZd18ce6Se03srzu1FVo1tPCItkxdRhNyMWbGaU7TS64P+KTSkqK1hkCxPJNz0gs0C+KabKE4glIO5AlXNoAxXAlNfvq0k27TyfJKRZFduN8blOC5owIlR7iyviWBK2FAKMu2/JW8/hFcjdtL8YN3wNcp0u/7KxgqGkPpW21mGtFdsQV4FfvcogLHjnhO5fMjw4iyBp71ZL73AbUj4+LFFfobPu19zpUOcOCUe+CDpwMnW6s5WfolRk8P6a0arQrA7lYfgV815EugPBlyEit89mBSpvaCASrVO8HhnZF3hzbk6DqFt9ePEybqMmFtTHM1M4yYuydDNqNEj5f1/DImRERJxBTi7M6QR7ICtoyksd6x8Sk1TtUp9dVUB4UaIycVG3DnAXILkbsfF+X95hU5vEJw1wuwU26R1JE6HtTXYnrH9Wi0f8RhoS2UXEgmt9V3h/FsGuH/J9U4K7A3XqNBGtIULeL2hi2rAncvD2K49cY95by4gayolLvHJ4bt0Ts8DuNnDcBJ7HzW5AruYw== eduardo.mmd.correia@gmail.com\n"
            },
            "metadata_fingerprint": "zY-Z8AJ9hbY=",
            "metadata_startup_script": "#!/bin/bash\nset -e\n\n# Update system\napt-get update \u0026\u0026 apt-get upgrade -y\n\n# Install Python for Ansible\napt-get install -y python3 python3-pip\n\n# Log completion\necho \"Bastion minimal startup completed at $(date)\" \u003e /var/log/bastion-startup-completed.log\n",
            "min_cpu_platform": "",
            "name": "uporto-cd-bastion-asia-southeast1",
            "network_interface": [
              {
                "access_config": [],
                "alias_ip_range": [],
                "internal_ipv6_prefix_length": 0,
                "ipv6_access_config": [],
                "ipv6_access_type": "",
                "ipv6_address": "",
                "name": "nic0",
                "network": "https://www.googleapis.com/compute/v1/projects/uporto-cd/global/networks/uporto-cd-vpc-asia-southeast1",
                "network_ip": "10.3.0.2",
                "nic_type": "",
                "queue_count": 0,
                "stack_type": "IPV4_ONLY",
                "subnetwork": "https://www.googleapis.com/compute/v1/projects/uporto-cd/regions/asia-southeast1/subnetworks/uporto-cd-subnet-asia-southeast1",
                "subnetwork_project": "uporto-cd"
              }
            ],
            "network_performance_config": [],
            "params": [],
            "project": "uporto-cd",
            "reservation_affinity": [],
            "resource_policies": [],
            "scheduling": [
              {
                "automatic_restart": true,
                "instance_termination_action": "",
                "local_ssd_recovery_timeout": [],
                "min_node_cpus": 0,
                "node_affinities": [],
                "on_host_maintenance": "MIGRATE",
                "preemptible": false,
                "provisioning_model": "STANDARD"
              }
            ],
            "scratch_disk": [],
            "self_link": "https://www.googleapis.com/compute/v1/projects/uporto-cd/zones/asia-southeast1-a/instances/uporto-cd-bastion-asia-southeast1",
            "service_account": [
              {
                "email": "313506890289-compute@developer.gserviceaccount.com",
                "scopes": [
                  "https://www.googleapis.com/auth/cloud-platform"
                ]
              }
            ],
            "shielded_instance_config": [
              {
                "enable_integrity_monitoring": true,
                "enable_secure_boot": false,
                "enable_vtpm": true
              }
            ],
            "tags": [
              "bastion-host",
              "uporto-cd-bastion-asia-southeast1"
            ],
            "tags_fingerprint": "u2ED9Jms180=",
            "timeouts": null,
            "zone": "asia-southeast1-a"
          },
          "sensitive_attributes": [
            [
              {
                "type": "get_attr",
                "value": "boot_disk"
              },
              {
                "type": "index",
                "value": {
                  "value": 0,
                  "type": "number"
                }
              },
              {
                "type": "get_attr",
                "value": "disk_encryption_key_raw"
              }
            ]
          ],
          "private": "eyJlMmJmYjczMC1lY2FhLTExZTYtOGY4OC0zNDM2M2JjN2M0YzAiOnsiY3JlYXRlIjoxMjAwMDAwMDAwMDAwLCJkZWxldGUiOjEyMDAwMDAwMDAwMDAsInVwZGF0ZSI6MTIwMDAwMDAwMDAwMH0sInNjaGVtYV92ZXJzaW9uIjoiNiJ9",
          "dependencies": [
            "module.admin.google_compute_network.admin_vpc",
            "module.admin.google_compute_subnetwork.admin_subnet",
            "module.bastion.google_project_service.compute_api",
            "module.network.google_compute_firewall.allow_egress_to_admin",
            "module.network.google_compute_firewall.allow_from_admin",
            "module.network.google_compute_firewall.allow_internal",
            "module.network.google_compute_firewall.allow_internet_egress",
            "module.network.google_compute_firewall.block_inter_region",
            "module.network.google_compute_network.vpc",
            "module.network.google_compute_router.router",
            "module.network.google_compute_router_nat.nat",
            "module.network.google_compute_subnetwork.subnet"
          ]
        }
      ]
    },
    {
      "module": "module.bastion[\"asia-southeast1\"]",
      "mode": "managed",
      "type": "google_project_service",
      "name": "compute_api",
      "provider": "provider[\"registry.terraform.io/hashicorp/google\"]",
      "instances": [
        {
          "schema_version": 0,
          "attributes": {
            "disable_dependent_services": null,
            "disable_on_destroy": false,
            "id": "uporto-cd/compute.googleapis.com",
            "project": "uporto-cd",
            "service": "compute.googleapis.com",
            "timeouts": null
          },
          "sensitive_attributes": [],
          "private": "eyJlMmJmYjczMC1lY2FhLTExZTYtOGY4OC0zNDM2M2JjN2M0YzAiOnsiY3JlYXRlIjoxMjAwMDAwMDAwMDAwLCJkZWxldGUiOjEyMDAwMDAwMDAwMDAsInJlYWQiOjYwMDAwMDAwMDAwMCwidXBkYXRlIjoxMjAwMDAwMDAwMDAwfX0="
        }
      ]
    },
    {
      "module": "module.bastion[\"europe-west2\"]",
      "mode": "managed",
      "type": "google_compute_firewall",
      "name": "bastion_ssh_from_admin",
      "provider": "provider[\"registry.terraform.io/hashicorp/google\"]",
      "instances": [
        {
          "schema_version": 1,
          "attributes": {
            "allow": [
              {
                "ports": [
                  "22"
                ],
                "protocol": "tcp"
              }
            ],
            "creation_timestamp": "2025-05-27T11:00:24.057-07:00",
            "deny": [],
            "description": "",
            "destination_ranges": [],
            "direction": "INGRESS",
            "disabled": false,
            "enable_logging": null,
            "id": "projects/uporto-cd/global/firewalls/uporto-cd-bastion-ssh-from-admin-europe-west2",
            "log_config": [],
            "name": "uporto-cd-bastion-ssh-from-admin-europe-west2",
            "network": "https://www.googleapis.com/compute/v1/projects/uporto-cd/global/networks/uporto-cd-vpc-europe-west2",
            "priority": 1000,
            "project": "uporto-cd",
            "self_link": "https://www.googleapis.com/compute/v1/projects/uporto-cd/global/firewalls/uporto-cd-bastion-ssh-from-admin-europe-west2",
            "source_ranges": [
              "10.250.0.0/24"
            ],
            "source_service_accounts": [],
            "source_tags": [],
            "target_service_accounts": [],
            "target_tags": [
              "bastion-host"
            ],
            "timeouts": null
          },
          "sensitive_attributes": [],
          "private": "eyJlMmJmYjczMC1lY2FhLTExZTYtOGY4OC0zNDM2M2JjN2M0YzAiOnsiY3JlYXRlIjoxMjAwMDAwMDAwMDAwLCJkZWxldGUiOjEyMDAwMDAwMDAwMDAsInVwZGF0ZSI6MTIwMDAwMDAwMDAwMH0sInNjaGVtYV92ZXJzaW9uIjoiMSJ9",
          "dependencies": [
            "module.admin.google_compute_network.admin_vpc",
            "module.admin.google_compute_subnetwork.admin_subnet",
            "module.network.google_compute_firewall.allow_egress_to_admin",
            "module.network.google_compute_firewall.allow_from_admin",
            "module.network.google_compute_firewall.allow_internal",
            "module.network.google_compute_firewall.allow_internet_egress",
            "module.network.google_compute_firewall.block_inter_region",
            "module.network.google_compute_network.vpc",
            "module.network.google_compute_router.router",
            "module.network.google_compute_router_nat.nat",
            "module.network.google_compute_subnetwork.subnet"
          ]
        }
      ]
    },
    {
      "module": "module.bastion[\"europe-west2\"]",
      "mode": "managed",
      "type": "google_compute_instance",
      "name": "bastion",
      "provider": "provider[\"registry.terraform.io/hashicorp/google\"]",
      "instances": [
        {
          "schema_version": 6,
          "attributes": {
            "advanced_machine_features": [],
            "allow_stopping_for_update": true,
            "attached_disk": [],
            "boot_disk": [
              {
                "auto_delete": true,
                "device_name": "persistent-disk-0",
                "disk_encryption_key_raw": "",
                "disk_encryption_key_sha256": "",
                "initialize_params": [
                  {
                    "image": "https://www.googleapis.com/compute/v1/projects/ubuntu-os-cloud/global/images/ubuntu-2004-focal-v20250527",
                    "labels": {},
                    "resource_manager_tags": {},
                    "size": 30,
                    "type": "pd-ssd"
                  }
                ],
                "kms_key_self_link": "",
                "mode": "READ_WRITE",
                "source": "https://www.googleapis.com/compute/v1/projects/uporto-cd/zones/europe-west2-a/disks/uporto-cd-bastion-europe-west2"
              }
            ],
            "can_ip_forward": false,
            "confidential_instance_config": [],
            "cpu_platform": "Intel Broadwell",
            "current_status": "RUNNING",
            "deletion_protection": false,
            "description": "",
            "desired_status": null,
            "enable_display": false,
            "guest_accelerator": [],
            "hostname": "",
            "id": "projects/uporto-cd/zones/europe-west2-a/instances/uporto-cd-bastion-europe-west2",
            "instance_id": "941555756033393527",
            "label_fingerprint": "42WmSpB8rSM=",
            "labels": {},
            "machine_type": "e2-medium",
            "metadata": {
              "ssh-keys": "ubuntu:ssh-rsa AAAAB3NzaC1yc2EAAAADAQABAAACAQC8d/Bg52qrZqSRqdEeqy0rT1+5f/cP5BnsN5GHNQXP7PHe/0pGqADr6tMTboRwE9+q/6YdjzmnpE3qP1xqruh4gkH5GyvsGSuZofBCJuwumQZt91Oxul6Gu04eO2yj1qf2VXcPKbyvOgkbOqtudNMBwR3iZd18ce6Se03srzu1FVo1tPCItkxdRhNyMWbGaU7TS64P+KTSkqK1hkCxPJNz0gs0C+KabKE4glIO5AlXNoAxXAlNfvq0k27TyfJKRZFduN8blOC5owIlR7iyviWBK2FAKMu2/JW8/hFcjdtL8YN3wNcp0u/7KxgqGkPpW21mGtFdsQV4FfvcogLHjnhO5fMjw4iyBp71ZL73AbUj4+LFFfobPu19zpUOcOCUe+CDpwMnW6s5WfolRk8P6a0arQrA7lYfgV815EugPBlyEit89mBSpvaCASrVO8HhnZF3hzbk6DqFt9ePEybqMmFtTHM1M4yYuydDNqNEj5f1/DImRERJxBTi7M6QR7ICtoyksd6x8Sk1TtUp9dVUB4UaIycVG3DnAXILkbsfF+X95hU5vEJw1wuwU26R1JE6HtTXYnrH9Wi0f8RhoS2UXEgmt9V3h/FsGuH/J9U4K7A3XqNBGtIULeL2hi2rAncvD2K49cY95by4gayolLvHJ4bt0Ts8DuNnDcBJ7HzW5AruYw== eduardo.mmd.correia@gmail.com\n"
            },
            "metadata_fingerprint": "zY-Z8AJ9hbY=",
            "metadata_startup_script": "#!/bin/bash\nset -e\n\n# Update system\napt-get update \u0026\u0026 apt-get upgrade -y\n\n# Install Python for Ansible\napt-get install -y python3 python3-pip\n\n# Log completion\necho \"Bastion minimal startup completed at $(date)\" \u003e /var/log/bastion-startup-completed.log\n",
            "min_cpu_platform": "",
            "name": "uporto-cd-bastion-europe-west2",
            "network_interface": [
              {
                "access_config": [],
                "alias_ip_range": [],
                "internal_ipv6_prefix_length": 0,
                "ipv6_access_config": [],
                "ipv6_access_type": "",
                "ipv6_address": "",
                "name": "nic0",
                "network": "https://www.googleapis.com/compute/v1/projects/uporto-cd/global/networks/uporto-cd-vpc-europe-west2",
                "network_ip": "10.1.0.2",
                "nic_type": "",
                "queue_count": 0,
                "stack_type": "IPV4_ONLY",
                "subnetwork": "https://www.googleapis.com/compute/v1/projects/uporto-cd/regions/europe-west2/subnetworks/uporto-cd-subnet-europe-west2",
                "subnetwork_project": "uporto-cd"
              }
            ],
            "network_performance_config": [],
            "params": [],
            "project": "uporto-cd",
            "reservation_affinity": [],
            "resource_policies": [],
            "scheduling": [
              {
                "automatic_restart": true,
                "instance_termination_action": "",
                "local_ssd_recovery_timeout": [],
                "min_node_cpus": 0,
                "node_affinities": [],
                "on_host_maintenance": "MIGRATE",
                "preemptible": false,
                "provisioning_model": "STANDARD"
              }
            ],
            "scratch_disk": [],
            "self_link": "https://www.googleapis.com/compute/v1/projects/uporto-cd/zones/europe-west2-a/instances/uporto-cd-bastion-europe-west2",
            "service_account": [
              {
                "email": "313506890289-compute@developer.gserviceaccount.com",
                "scopes": [
                  "https://www.googleapis.com/auth/cloud-platform"
                ]
              }
            ],
            "shielded_instance_config": [
              {
                "enable_integrity_monitoring": true,
                "enable_secure_boot": false,
                "enable_vtpm": true
              }
            ],
            "tags": [
              "bastion-host",
              "uporto-cd-bastion-europe-west2"
            ],
            "tags_fingerprint": "BHjTepHYeLo=",
            "timeouts": null,
            "zone": "europe-west2-a"
          },
          "sensitive_attributes": [
            [
              {
                "type": "get_attr",
                "value": "boot_disk"
              },
              {
                "type": "index",
                "value": {
                  "value": 0,
                  "type": "number"
                }
              },
              {
                "type": "get_attr",
                "value": "disk_encryption_key_raw"
              }
            ]
          ],
          "private": "eyJlMmJmYjczMC1lY2FhLTExZTYtOGY4OC0zNDM2M2JjN2M0YzAiOnsiY3JlYXRlIjoxMjAwMDAwMDAwMDAwLCJkZWxldGUiOjEyMDAwMDAwMDAwMDAsInVwZGF0ZSI6MTIwMDAwMDAwMDAwMH0sInNjaGVtYV92ZXJzaW9uIjoiNiJ9",
          "dependencies": [
            "module.admin.google_compute_network.admin_vpc",
            "module.admin.google_compute_subnetwork.admin_subnet",
            "module.bastion.google_project_service.compute_api",
            "module.network.google_compute_firewall.allow_egress_to_admin",
            "module.network.google_compute_firewall.allow_from_admin",
            "module.network.google_compute_firewall.allow_internal",
            "module.network.google_compute_firewall.allow_internet_egress",
            "module.network.google_compute_firewall.block_inter_region",
            "module.network.google_compute_network.vpc",
            "module.network.google_compute_router.router",
            "module.network.google_compute_router_nat.nat",
            "module.network.google_compute_subnetwork.subnet"
          ]
        }
      ]
    },
    {
      "module": "module.bastion[\"europe-west2\"]",
      "mode": "managed",
      "type": "google_project_service",
      "name": "compute_api",
      "provider": "provider[\"registry.terraform.io/hashicorp/google\"]",
      "instances": [
        {
          "schema_version": 0,
          "attributes": {
            "disable_dependent_services": null,
            "disable_on_destroy": false,
            "id": "uporto-cd/compute.googleapis.com",
            "project": "uporto-cd",
            "service": "compute.googleapis.com",
            "timeouts": null
          },
          "sensitive_attributes": [],
          "private": "eyJlMmJmYjczMC1lY2FhLTExZTYtOGY4OC0zNDM2M2JjN2M0YzAiOnsiY3JlYXRlIjoxMjAwMDAwMDAwMDAwLCJkZWxldGUiOjEyMDAwMDAwMDAwMDAsInJlYWQiOjYwMDAwMDAwMDAwMCwidXBkYXRlIjoxMjAwMDAwMDAwMDAwfX0="
        }
      ]
    },
    {
      "module": "module.bastion[\"us-south1\"]",
      "mode": "managed",
      "type": "google_compute_firewall",
      "name": "bastion_ssh_from_admin",
      "provider": "provider[\"registry.terraform.io/hashicorp/google\"]",
      "instances": [
        {
          "schema_version": 1,
          "attributes": {
            "allow": [
              {
                "ports": [
                  "22"
                ],
                "protocol": "tcp"
              }
            ],
            "creation_timestamp": "2025-05-27T11:00:26.276-07:00",
            "deny": [],
            "description": "",
            "destination_ranges": [],
            "direction": "INGRESS",
            "disabled": false,
            "enable_logging": null,
            "id": "projects/uporto-cd/global/firewalls/uporto-cd-bastion-ssh-from-admin-us-south1",
            "log_config": [],
            "name": "uporto-cd-bastion-ssh-from-admin-us-south1",
            "network": "https://www.googleapis.com/compute/v1/projects/uporto-cd/global/networks/uporto-cd-vpc-us-south1",
            "priority": 1000,
            "project": "uporto-cd",
            "self_link": "https://www.googleapis.com/compute/v1/projects/uporto-cd/global/firewalls/uporto-cd-bastion-ssh-from-admin-us-south1",
            "source_ranges": [
              "10.250.0.0/24"
            ],
            "source_service_accounts": [],
            "source_tags": [],
            "target_service_accounts": [],
            "target_tags": [
              "bastion-host"
            ],
            "timeouts": null
          },
          "sensitive_attributes": [],
          "private": "eyJlMmJmYjczMC1lY2FhLTExZTYtOGY4OC0zNDM2M2JjN2M0YzAiOnsiY3JlYXRlIjoxMjAwMDAwMDAwMDAwLCJkZWxldGUiOjEyMDAwMDAwMDAwMDAsInVwZGF0ZSI6MTIwMDAwMDAwMDAwMH0sInNjaGVtYV92ZXJzaW9uIjoiMSJ9",
          "dependencies": [
            "module.admin.google_compute_network.admin_vpc",
            "module.admin.google_compute_subnetwork.admin_subnet",
            "module.network.google_compute_firewall.allow_egress_to_admin",
            "module.network.google_compute_firewall.allow_from_admin",
            "module.network.google_compute_firewall.allow_internal",
            "module.network.google_compute_firewall.allow_internet_egress",
            "module.network.google_compute_firewall.block_inter_region",
            "module.network.google_compute_network.vpc",
            "module.network.google_compute_router.router",
            "module.network.google_compute_router_nat.nat",
            "module.network.google_compute_subnetwork.subnet"
          ]
        }
      ]
    },
    {
      "module": "module.bastion[\"us-south1\"]",
      "mode": "managed",
      "type": "google_compute_instance",
      "name": "bastion",
      "provider": "provider[\"registry.terraform.io/hashicorp/google\"]",
      "instances": [
        {
          "schema_version": 6,
          "attributes": {
            "advanced_machine_features": [],
            "allow_stopping_for_update": true,
            "attached_disk": [],
            "boot_disk": [
              {
                "auto_delete": true,
                "device_name": "persistent-disk-0",
                "disk_encryption_key_raw": "",
                "disk_encryption_key_sha256": "",
                "initialize_params": [
                  {
                    "image": "https://www.googleapis.com/compute/v1/projects/ubuntu-os-cloud/global/images/ubuntu-2004-focal-v20250527",
                    "labels": {},
                    "resource_manager_tags": {},
                    "size": 30,
                    "type": "pd-ssd"
                  }
                ],
                "kms_key_self_link": "",
                "mode": "READ_WRITE",
                "source": "https://www.googleapis.com/compute/v1/projects/uporto-cd/zones/us-south1-a/disks/uporto-cd-bastion-us-south1"
              }
            ],
            "can_ip_forward": false,
            "confidential_instance_config": [],
            "cpu_platform": "Intel Broadwell",
            "current_status": "RUNNING",
            "deletion_protection": false,
            "description": "",
            "desired_status": null,
            "enable_display": false,
            "guest_accelerator": [],
            "hostname": "",
            "id": "projects/uporto-cd/zones/us-south1-a/instances/uporto-cd-bastion-us-south1",
            "instance_id": "2555247957814821751",
            "label_fingerprint": "42WmSpB8rSM=",
            "labels": {},
            "machine_type": "e2-medium",
            "metadata": {
              "ssh-keys": "ubuntu:ssh-rsa AAAAB3NzaC1yc2EAAAADAQABAAACAQC8d/Bg52qrZqSRqdEeqy0rT1+5f/cP5BnsN5GHNQXP7PHe/0pGqADr6tMTboRwE9+q/6YdjzmnpE3qP1xqruh4gkH5GyvsGSuZofBCJuwumQZt91Oxul6Gu04eO2yj1qf2VXcPKbyvOgkbOqtudNMBwR3iZd18ce6Se03srzu1FVo1tPCItkxdRhNyMWbGaU7TS64P+KTSkqK1hkCxPJNz0gs0C+KabKE4glIO5AlXNoAxXAlNfvq0k27TyfJKRZFduN8blOC5owIlR7iyviWBK2FAKMu2/JW8/hFcjdtL8YN3wNcp0u/7KxgqGkPpW21mGtFdsQV4FfvcogLHjnhO5fMjw4iyBp71ZL73AbUj4+LFFfobPu19zpUOcOCUe+CDpwMnW6s5WfolRk8P6a0arQrA7lYfgV815EugPBlyEit89mBSpvaCASrVO8HhnZF3hzbk6DqFt9ePEybqMmFtTHM1M4yYuydDNqNEj5f1/DImRERJxBTi7M6QR7ICtoyksd6x8Sk1TtUp9dVUB4UaIycVG3DnAXILkbsfF+X95hU5vEJw1wuwU26R1JE6HtTXYnrH9Wi0f8RhoS2UXEgmt9V3h/FsGuH/J9U4K7A3XqNBGtIULeL2hi2rAncvD2K49cY95by4gayolLvHJ4bt0Ts8DuNnDcBJ7HzW5AruYw== eduardo.mmd.correia@gmail.com\n"
            },
            "metadata_fingerprint": "zY-Z8AJ9hbY=",
            "metadata_startup_script": "#!/bin/bash\nset -e\n\n# Update system\napt-get update \u0026\u0026 apt-get upgrade -y\n\n# Install Python for Ansible\napt-get install -y python3 python3-pip\n\n# Log completion\necho \"Bastion minimal startup completed at $(date)\" \u003e /var/log/bastion-startup-completed.log\n",
            "min_cpu_platform": "",
            "name": "uporto-cd-bastion-us-south1",
            "network_interface": [
              {
                "access_config": [],
                "alias_ip_range": [],
                "internal_ipv6_prefix_length": 0,
                "ipv6_access_config": [],
                "ipv6_access_type": "",
                "ipv6_address": "",
                "name": "nic0",
                "network": "https://www.googleapis.com/compute/v1/projects/uporto-cd/global/networks/uporto-cd-vpc-us-south1",
                "network_ip": "10.2.0.2",
                "nic_type": "",
                "queue_count": 0,
                "stack_type": "IPV4_ONLY",
                "subnetwork": "https://www.googleapis.com/compute/v1/projects/uporto-cd/regions/us-south1/subnetworks/uporto-cd-subnet-us-south1",
                "subnetwork_project": "uporto-cd"
              }
            ],
            "network_performance_config": [],
            "params": [],
            "project": "uporto-cd",
            "reservation_affinity": [],
            "resource_policies": [],
            "scheduling": [
              {
                "automatic_restart": true,
                "instance_termination_action": "",
                "local_ssd_recovery_timeout": [],
                "min_node_cpus": 0,
                "node_affinities": [],
                "on_host_maintenance": "MIGRATE",
                "preemptible": false,
                "provisioning_model": "STANDARD"
              }
            ],
            "scratch_disk": [],
            "self_link": "https://www.googleapis.com/compute/v1/projects/uporto-cd/zones/us-south1-a/instances/uporto-cd-bastion-us-south1",
            "service_account": [
              {
                "email": "313506890289-compute@developer.gserviceaccount.com",
                "scopes": [
                  "https://www.googleapis.com/auth/cloud-platform"
                ]
              }
            ],
            "shielded_instance_config": [
              {
                "enable_integrity_monitoring": true,
                "enable_secure_boot": false,
                "enable_vtpm": true
              }
            ],
            "tags": [
              "bastion-host",
              "uporto-cd-bastion-us-south1"
            ],
            "tags_fingerprint": "XF5ijnNQi5o=",
            "timeouts": null,
            "zone": "us-south1-a"
          },
          "sensitive_attributes": [
            [
              {
                "type": "get_attr",
                "value": "boot_disk"
              },
              {
                "type": "index",
                "value": {
                  "value": 0,
                  "type": "number"
                }
              },
              {
                "type": "get_attr",
                "value": "disk_encryption_key_raw"
              }
            ]
          ],
          "private": "eyJlMmJmYjczMC1lY2FhLTExZTYtOGY4OC0zNDM2M2JjN2M0YzAiOnsiY3JlYXRlIjoxMjAwMDAwMDAwMDAwLCJkZWxldGUiOjEyMDAwMDAwMDAwMDAsInVwZGF0ZSI6MTIwMDAwMDAwMDAwMH0sInNjaGVtYV92ZXJzaW9uIjoiNiJ9",
          "dependencies": [
            "module.admin.google_compute_network.admin_vpc",
            "module.admin.google_compute_subnetwork.admin_subnet",
            "module.bastion.google_project_service.compute_api",
            "module.network.google_compute_firewall.allow_egress_to_admin",
            "module.network.google_compute_firewall.allow_from_admin",
            "module.network.google_compute_firewall.allow_internal",
            "module.network.google_compute_firewall.allow_internet_egress",
            "module.network.google_compute_firewall.block_inter_region",
            "module.network.google_compute_network.vpc",
            "module.network.google_compute_router.router",
            "module.network.google_compute_router_nat.nat",
            "module.network.google_compute_subnetwork.subnet"
          ]
        }
      ]
    },
    {
      "module": "module.bastion[\"us-south1\"]",
      "mode": "managed",
      "type": "google_project_service",
      "name": "compute_api",
      "provider": "provider[\"registry.terraform.io/hashicorp/google\"]",
      "instances": [
        {
          "schema_version": 0,
          "attributes": {
            "disable_dependent_services": null,
            "disable_on_destroy": false,
            "id": "uporto-cd/compute.googleapis.com",
            "project": "uporto-cd",
            "service": "compute.googleapis.com",
            "timeouts": null
          },
          "sensitive_attributes": [],
          "private": "eyJlMmJmYjczMC1lY2FhLTExZTYtOGY4OC0zNDM2M2JjN2M0YzAiOnsiY3JlYXRlIjoxMjAwMDAwMDAwMDAwLCJkZWxldGUiOjEyMDAwMDAwMDAwMDAsInJlYWQiOjYwMDAwMDAwMDAwMCwidXBkYXRlIjoxMjAwMDAwMDAwMDAwfX0="
        }
      ]
    },
    {
      "module": "module.gke[\"asia-southeast1\"]",
      "mode": "managed",
      "type": "google_container_cluster",
      "name": "cluster",
      "provider": "provider[\"registry.terraform.io/hashicorp/google\"]",
      "instances": [
        {
          "schema_version": 1,
          "attributes": {
            "addons_config": [
              {
                "cloudrun_config": [],
                "config_connector_config": [],
                "dns_cache_config": [],
                "gce_persistent_disk_csi_driver_config": [
                  {
                    "enabled": true
                  }
                ],
                "gcp_filestore_csi_driver_config": [],
                "gcs_fuse_csi_driver_config": [
                  {
                    "enabled": true
                  }
                ],
                "gke_backup_agent_config": [],
                "horizontal_pod_autoscaling": [],
                "http_load_balancing": [
                  {
                    "disabled": false
                  }
                ],
                "network_policy_config": [
                  {
                    "disabled": false
                  }
                ]
              }
            ],
            "allow_net_admin": null,
            "authenticator_groups_config": [],
            "binary_authorization": [
              {
                "enabled": false,
                "evaluation_mode": "DISABLED"
              }
            ],
            "cluster_autoscaling": [
              {
                "auto_provisioning_defaults": [],
                "enabled": false,
                "resource_limits": []
              }
            ],
            "cluster_ipv4_cidr": "10.103.0.0/16",
            "confidential_nodes": [],
            "cost_management_config": [],
            "database_encryption": [
              {
                "key_name": "",
                "state": "DECRYPTED"
              }
            ],
            "datapath_provider": "",
            "default_max_pods_per_node": 110,
            "default_snat_status": [
              {
                "disabled": false
              }
            ],
            "description": "",
            "dns_config": [],
            "enable_autopilot": false,
            "enable_binary_authorization": false,
            "enable_intranode_visibility": false,
            "enable_k8s_beta_apis": [],
            "enable_kubernetes_alpha": false,
            "enable_l4_ilb_subsetting": false,
            "enable_legacy_abac": false,
            "enable_shielded_nodes": true,
            "enable_tpu": false,
            "endpoint": "172.16.3.2",
            "gateway_api_config": [],
            "id": "projects/uporto-cd/locations/asia-southeast1/clusters/uporto-cd-gke-asia-southeast1",
            "initial_node_count": 1,
            "ip_allocation_policy": [
              {
                "additional_pod_ranges_config": [],
                "cluster_ipv4_cidr_block": "10.103.0.0/16",
                "cluster_secondary_range_name": "gke-uporto-cd-gke-asia-southeast1-pods-1e72842b",
                "pod_cidr_overprovision_config": [
                  {
                    "disabled": false
                  }
                ],
                "services_ipv4_cidr_block": "10.203.0.0/16",
                "services_secondary_range_name": "gke-uporto-cd-gke-asia-southeast1-services-1e72842b",
                "stack_type": "IPV4"
              }
            ],
            "label_fingerprint": "a9dc16a7",
            "location": "asia-southeast1",
            "logging_config": [
              {
                "enable_components": [
                  "SYSTEM_COMPONENTS",
                  "WORKLOADS"
                ]
              }
            ],
            "logging_service": "logging.googleapis.com/kubernetes",
            "maintenance_policy": [],
            "master_auth": [
              {
                "client_certificate": "",
                "client_certificate_config": [
                  {
                    "issue_client_certificate": false
                  }
                ],
                "client_key": "",
                "cluster_ca_certificate": "LS0tLS1CRUdJTiBDRVJUSUZJQ0FURS0tLS0tCk1JSUVMRENDQXBTZ0F3SUJBZ0lRSno4OUUvejc0c0VJMEJ1MWV5cWdoVEFOQmdrcWhraUc5dzBCQVFzRkFEQXYKTVMwd0t3WURWUVFERXlReE5HTXdabUppTVMwNU4yUXhMVFJqT1dNdE9HUm1aQzAwT0RWbFpEQXpZemN6TVRBdwpJQmNOTWpVd05USTNNVGN3TURJMFdoZ1BNakExTlRBMU1qQXhPREF3TWpSYU1DOHhMVEFyQmdOVkJBTVRKREUwCll6Qm1ZbUl4TFRrM1pERXROR001WXkwNFpHWmtMVFE0TldWa01ETmpOek14TURDQ0FhSXdEUVlKS29aSWh2Y04KQVFFQkJRQURnZ0dQQURDQ0FZb0NnZ0dCQVBHazBGNG92S3lHSjhlbk5yTTl2Mmh1QVhSaXVQSXBjVTBvNjBoYwpGQkw2TlNXL2ZkUXd3ZXI3aXdNaFJvbFpMamk2MVpnZThSN2xMS3RXdGVUVmxDdWdXM2ZrMUJWd05hTUZBYmx4CjlaV1FhT3NFZEV4cVBNUUNQdHMyL1F5SXFZVExrTWpBRENVSUprUkd0UVNBSk5YaU44NjBNZGRkVi8xSTdveG0KWnV0ekROVmFLTHpPQVFzb2NMWTRaY1J4L2QzcnQrMjM0cnF1OWRNY1hETFVlcEplYTYyd1lVVUh2bmpCZGZ0TgpOVUJRNFhCWGNTakY4S0Z2b0ZOYnZvMXNiSWNRenNTL1R3bHhNd3VRQk5Xd1VEWFJMMStCV2FxMzZJTnFzaUhLCnlrTGVjRlFIQnBtSFgrWnp3SGtnN2J6ODZsRFZUaFZCemNzSlhWcVZKVFdBbkh3aWhuUUN6VlE0TCtvQ2xhM00Kb0VXS1krbnB5aGMraWVqQy9lRWd0S1VwemJxckt5WWlvajlHcnQ1SS8wQUszTjJ5dy9NL1F6VG1NalU5VVM1bwpPdFh4UFhlQTgrVXowL0RwZ3g4cDBKaGhWS29mMWNuQ1NxTmh4K2p0QnV2aDMwTzVpeXdTT2Q1WXBYZXo2YmRVCnBRbE1qN0hZN2V0MzV3Q1kzS1NxcmhmcUhRSURBUUFCbzBJd1FEQU9CZ05WSFE4QkFmOEVCQU1DQWdRd0R3WUQKVlIwVEFRSC9CQVV3QXdFQi96QWRCZ05WSFE0RUZnUVVUV1I5b2N3UVdiU3VuM0ZVbHF2TkRJd0N6Nzh3RFFZSgpLb1pJaHZjTkFRRUxCUUFEZ2dHQkFOcFpZQVlrN3hDYTVxNlo4TnVWdnpDL1JyS1IzdUROYk92QWZxUndWaENNCm9lT0ZObjZpU1NVdEpNSHp2bkNmYVlHNzRKeXppdmdOamxYQ1dMYldXYkRzRnJ4bDBVNVRndk0xNWNtb0o0cmUKRjdvQ2tyVGFuT1A1RkVKdy9BajBGVWFUWWgwNkNDZkhWZmJ2c3d1RzM5ZU1Pd25WbDhCakU3QWtVMWhFaFFZTQo4VG1iMC90QmJtTjlYRFBBb3ZaWUc5cFNLUitoa2N0L0IwSW5nZkF1dmdnOW1wNjdFZmV5ZnBxUHBGZHVRMC9JCkF3MlRXc05Vd1hJaU5EckNxeUV3aVhjcEI1M1dUV1UxMWt1WVczN1lBZGRSdENZazVkWmh4RlZKamFMSCtWVVEKLzNDaCsyaEM3WFlFK0Y1SUswcDkvbGFuKzl2MGVlWDhnTVB5TWNuNEpQSUtUamZpaHcwclZPV1N2MVVKK2xwZgpBVlJFU3NUbnZPNU1TNDUzM0JyYTdDZ2NmYjdJUjhZZXZLNXR2NDBYaGlLaGdFR2N3NmVmeTFYbFB6bTk4cWc3CmJuQUxsSzhqME5vUUhVT2N3QUJ2aUJqQkN1T2ZGQVdmS3cvYkF6Y1o5VStyamJqNVEvSWJUR3lKbWx3alQ1aU4KLzlNZjZqam5BNzRUbmhmc3gzRE9Ydz09Ci0tLS0tRU5EIENFUlRJRklDQVRFLS0tLS0K"
              }
            ],
            "master_authorized_networks_config": [
              {
                "cidr_blocks": [
                  {
                    "cidr_block": "10.250.0.0/24",
                    "display_name": "Admin VM"
                  }
                ],
                "gcp_public_cidrs_access_enabled": false
              }
            ],
            "master_version": "1.32.3-gke.1927009",
            "mesh_certificates": [],
            "min_master_version": null,
            "monitoring_config": [
              {
                "advanced_datapath_observability_config": [
                  {
                    "enable_metrics": false,
                    "relay_mode": ""
                  }
                ],
                "enable_components": [
                  "SYSTEM_COMPONENTS",
                  "DEPLOYMENT",
                  "STATEFULSET",
                  "JOBSET",
                  "STORAGE",
                  "HPA",
                  "POD",
                  "DAEMONSET",
                  "CADVISOR",
                  "KUBELET",
                  "DCGM"
                ],
                "managed_prometheus": [
                  {
                    "enabled": true
                  }
                ]
              }
            ],
            "monitoring_service": "monitoring.googleapis.com/kubernetes",
            "name": "uporto-cd-gke-asia-southeast1",
            "network": "projects/uporto-cd/global/networks/uporto-cd-vpc-asia-southeast1",
            "network_policy": [
              {
                "enabled": true,
                "provider": "CALICO"
              }
            ],
            "networking_mode": "VPC_NATIVE",
            "node_config": [],
            "node_locations": [
              "asia-southeast1-a",
              "asia-southeast1-b",
              "asia-southeast1-c"
            ],
            "node_pool": [],
            "node_pool_auto_config": [
              {
                "network_tags": []
              }
            ],
            "node_pool_defaults": [
              {
                "node_config_defaults": [
                  {
                    "logging_variant": "DEFAULT"
                  }
                ]
              }
            ],
            "node_version": "1.32.3-gke.1927009",
            "notification_config": [
              {
                "pubsub": [
                  {
                    "enabled": false,
                    "filter": [],
                    "topic": ""
                  }
                ]
              }
            ],
            "operation": null,
            "private_cluster_config": [
              {
                "enable_private_endpoint": true,
                "enable_private_nodes": true,
                "master_global_access_config": [
                  {
                    "enabled": false
                  }
                ],
                "master_ipv4_cidr_block": "172.16.3.0/28",
                "peering_name": "",
                "private_endpoint": "172.16.3.2",
                "private_endpoint_subnetwork": "",
                "public_endpoint": "34.126.142.72"
              }
            ],
            "private_ipv6_google_access": "",
            "project": "uporto-cd",
            "release_channel": [
              {
                "channel": "REGULAR"
              }
            ],
            "remove_default_node_pool": true,
            "resource_labels": {},
            "resource_usage_export_config": [],
            "security_posture_config": [
              {
                "mode": "BASIC",
                "vulnerability_mode": "VULNERABILITY_MODE_UNSPECIFIED"
              }
            ],
            "self_link": "https://container.googleapis.com/v1/projects/uporto-cd/locations/asia-southeast1/clusters/uporto-cd-gke-asia-southeast1",
            "service_external_ips_config": [
              {
                "enabled": false
              }
            ],
            "services_ipv4_cidr": "10.203.0.0/16",
            "subnetwork": "projects/uporto-cd/regions/asia-southeast1/subnetworks/uporto-cd-subnet-asia-southeast1",
            "timeouts": null,
            "tpu_ipv4_cidr_block": "",
            "vertical_pod_autoscaling": [],
            "workload_identity_config": [
              {
                "workload_pool": "uporto-cd.svc.id.goog"
              }
            ]
          },
          "sensitive_attributes": [
            [
              {
                "type": "get_attr",
                "value": "master_auth"
              },
              {
                "type": "index",
                "value": {
                  "value": 0,
                  "type": "number"
                }
              },
              {
                "type": "get_attr",
                "value": "client_key"
              }
            ]
          ],
          "private": "eyJlMmJmYjczMC1lY2FhLTExZTYtOGY4OC0zNDM2M2JjN2M0YzAiOnsiY3JlYXRlIjoyNDAwMDAwMDAwMDAwLCJkZWxldGUiOjI0MDAwMDAwMDAwMDAsInJlYWQiOjI0MDAwMDAwMDAwMDAsInVwZGF0ZSI6MzYwMDAwMDAwMDAwMH0sInNjaGVtYV92ZXJzaW9uIjoiMSJ9",
          "dependencies": [
            "module.admin.google_compute_network.admin_vpc",
            "module.admin.google_compute_subnetwork.admin_subnet",
            "module.gke.google_project_service.compute_api",
            "module.gke.google_project_service.container_api",
            "module.network.google_compute_firewall.allow_egress_to_admin",
            "module.network.google_compute_firewall.allow_from_admin",
            "module.network.google_compute_firewall.allow_internal",
            "module.network.google_compute_firewall.allow_internet_egress",
            "module.network.google_compute_firewall.block_inter_region",
            "module.network.google_compute_network.vpc",
            "module.network.google_compute_router.router",
            "module.network.google_compute_router_nat.nat",
            "module.network.google_compute_subnetwork.subnet"
          ]
        }
      ]
    },
    {
      "module": "module.gke[\"asia-southeast1\"]",
      "mode": "managed",
      "type": "google_container_node_pool",
      "name": "primary",
      "provider": "provider[\"registry.terraform.io/hashicorp/google\"]",
      "instances": [
        {
          "schema_version": 1,
          "attributes": {
            "autoscaling": [
              {
                "location_policy": "BALANCED",
                "max_node_count": 3,
                "min_node_count": 1,
                "total_max_node_count": 0,
                "total_min_node_count": 0
              }
            ],
            "cluster": "projects/uporto-cd/locations/asia-southeast1/clusters/uporto-cd-gke-asia-southeast1",
            "id": "projects/uporto-cd/locations/asia-southeast1/clusters/uporto-cd-gke-asia-southeast1/nodePools/uporto-cd-node-pool-asia-southeast1",
            "initial_node_count": 1,
            "instance_group_urls": [
              "https://www.googleapis.com/compute/v1/projects/uporto-cd/zones/asia-southeast1-a/instanceGroupManagers/gke-uporto-cd-gke-as-uporto-cd-node-p-49713a77-grp",
              "https://www.googleapis.com/compute/v1/projects/uporto-cd/zones/asia-southeast1-b/instanceGroupManagers/gke-uporto-cd-gke-as-uporto-cd-node-p-8c201b97-grp",
              "https://www.googleapis.com/compute/v1/projects/uporto-cd/zones/asia-southeast1-c/instanceGroupManagers/gke-uporto-cd-gke-as-uporto-cd-node-p-d1eb3069-grp"
            ],
            "location": "asia-southeast1",
            "managed_instance_group_urls": [
              "https://www.googleapis.com/compute/v1/projects/uporto-cd/zones/asia-southeast1-a/instanceGroups/gke-uporto-cd-gke-as-uporto-cd-node-p-49713a77-grp",
              "https://www.googleapis.com/compute/v1/projects/uporto-cd/zones/asia-southeast1-b/instanceGroups/gke-uporto-cd-gke-as-uporto-cd-node-p-8c201b97-grp",
              "https://www.googleapis.com/compute/v1/projects/uporto-cd/zones/asia-southeast1-c/instanceGroups/gke-uporto-cd-gke-as-uporto-cd-node-p-d1eb3069-grp"
            ],
            "management": [
              {
                "auto_repair": true,
                "auto_upgrade": true
              }
            ],
            "max_pods_per_node": 110,
            "name": "uporto-cd-node-pool-asia-southeast1",
            "name_prefix": "",
            "network_config": [
              {
                "create_pod_range": false,
                "enable_private_nodes": true,
                "pod_cidr_overprovision_config": [],
                "pod_ipv4_cidr_block": "10.103.0.0/16",
                "pod_range": "gke-uporto-cd-gke-asia-southeast1-pods-1e72842b"
              }
            ],
            "node_config": [
              {
                "advanced_machine_features": [],
                "boot_disk_kms_key": "",
                "confidential_nodes": [],
                "disk_size_gb": 40,
                "disk_type": "pd-standard",
                "ephemeral_storage_local_ssd_config": [],
                "fast_socket": [],
                "gcfs_config": [],
                "guest_accelerator": [],
                "gvnic": [],
                "host_maintenance_policy": [],
                "image_type": "COS_CONTAINERD",
                "kubelet_config": [
                  {
                    "cpu_cfs_quota": false,
                    "cpu_cfs_quota_period": "",
                    "cpu_manager_policy": "",
                    "pod_pids_limit": 0
                  }
                ],
                "labels": {
                  "app": "uporto-cd"
                },
                "linux_node_config": [],
                "local_nvme_ssd_block_config": [],
                "local_ssd_count": 0,
                "logging_variant": "DEFAULT",
                "machine_type": "e2-standard-2",
                "metadata": {
                  "disable-legacy-endpoints": "true"
                },
                "min_cpu_platform": "",
                "node_group": "",
                "oauth_scopes": [
                  "https://www.googleapis.com/auth/cloud-platform"
                ],
                "preemptible": false,
                "reservation_affinity": [],
                "resource_labels": {
                  "goog-gke-node-pool-provisioning-model": "on-demand"
                },
                "service_account": "default",
                "shielded_instance_config": [
                  {
                    "enable_integrity_monitoring": true,
                    "enable_secure_boot": false
                  }
                ],
                "sole_tenant_config": [],
                "spot": false,
                "tags": [
                  "uporto-cd-node",
                  "gke-asia-southeast1"
                ],
                "taint": [],
                "workload_metadata_config": [
                  {
                    "mode": "GKE_METADATA"
                  }
                ]
              }
            ],
            "node_count": 1,
            "node_locations": [
              "asia-southeast1-a",
              "asia-southeast1-b",
              "asia-southeast1-c"
            ],
            "operation": null,
            "placement_policy": [],
            "project": "uporto-cd",
            "timeouts": {
              "create": "30m",
              "delete": "30m",
              "update": "30m"
            },
            "upgrade_settings": [
              {
                "blue_green_settings": [],
                "max_surge": 1,
                "max_unavailable": 0,
                "strategy": "SURGE"
              }
            ],
            "version": "1.32.3-gke.1927009"
          },
          "sensitive_attributes": [],
          "private": "eyJlMmJmYjczMC1lY2FhLTExZTYtOGY4OC0zNDM2M2JjN2M0YzAiOnsiY3JlYXRlIjoxODAwMDAwMDAwMDAwLCJkZWxldGUiOjE4MDAwMDAwMDAwMDAsInVwZGF0ZSI6MTgwMDAwMDAwMDAwMH0sInNjaGVtYV92ZXJzaW9uIjoiMSJ9",
          "dependencies": [
            "module.admin.google_compute_network.admin_vpc",
            "module.admin.google_compute_subnetwork.admin_subnet",
            "module.gke.google_container_cluster.cluster",
            "module.gke.google_project_service.compute_api",
            "module.gke.google_project_service.container_api",
            "module.network.google_compute_firewall.allow_egress_to_admin",
            "module.network.google_compute_firewall.allow_from_admin",
            "module.network.google_compute_firewall.allow_internal",
            "module.network.google_compute_firewall.allow_internet_egress",
            "module.network.google_compute_firewall.block_inter_region",
            "module.network.google_compute_network.vpc",
            "module.network.google_compute_router.router",
            "module.network.google_compute_router_nat.nat",
            "module.network.google_compute_subnetwork.subnet"
          ],
          "create_before_destroy": true
        }
      ]
    },
    {
      "module": "module.gke[\"asia-southeast1\"]",
      "mode": "managed",
      "type": "google_project_service",
      "name": "compute_api",
      "provider": "provider[\"registry.terraform.io/hashicorp/google\"]",
      "instances": [
        {
          "schema_version": 0,
          "attributes": {
            "disable_dependent_services": null,
            "disable_on_destroy": false,
            "id": "uporto-cd/compute.googleapis.com",
            "project": "uporto-cd",
            "service": "compute.googleapis.com",
            "timeouts": null
          },
          "sensitive_attributes": [],
          "private": "eyJlMmJmYjczMC1lY2FhLTExZTYtOGY4OC0zNDM2M2JjN2M0YzAiOnsiY3JlYXRlIjoxMjAwMDAwMDAwMDAwLCJkZWxldGUiOjEyMDAwMDAwMDAwMDAsInJlYWQiOjYwMDAwMDAwMDAwMCwidXBkYXRlIjoxMjAwMDAwMDAwMDAwfX0="
        }
      ]
    },
    {
      "module": "module.gke[\"asia-southeast1\"]",
      "mode": "managed",
      "type": "google_project_service",
      "name": "container_api",
      "provider": "provider[\"registry.terraform.io/hashicorp/google\"]",
      "instances": [
        {
          "schema_version": 0,
          "attributes": {
            "disable_dependent_services": null,
            "disable_on_destroy": false,
            "id": "uporto-cd/container.googleapis.com",
            "project": "uporto-cd",
            "service": "container.googleapis.com",
            "timeouts": null
          },
          "sensitive_attributes": [],
          "private": "eyJlMmJmYjczMC1lY2FhLTExZTYtOGY4OC0zNDM2M2JjN2M0YzAiOnsiY3JlYXRlIjoxMjAwMDAwMDAwMDAwLCJkZWxldGUiOjEyMDAwMDAwMDAwMDAsInJlYWQiOjYwMDAwMDAwMDAwMCwidXBkYXRlIjoxMjAwMDAwMDAwMDAwfX0="
        }
      ]
    },
    {
      "module": "module.gke[\"europe-west2\"]",
      "mode": "managed",
      "type": "google_container_cluster",
      "name": "cluster",
      "provider": "provider[\"registry.terraform.io/hashicorp/google\"]",
      "instances": [
        {
          "schema_version": 1,
          "attributes": {
            "addons_config": [
              {
                "cloudrun_config": [],
                "config_connector_config": [],
                "dns_cache_config": [],
                "gce_persistent_disk_csi_driver_config": [
                  {
                    "enabled": true
                  }
                ],
                "gcp_filestore_csi_driver_config": [],
                "gcs_fuse_csi_driver_config": [
                  {
                    "enabled": true
                  }
                ],
                "gke_backup_agent_config": [],
                "horizontal_pod_autoscaling": [],
                "http_load_balancing": [
                  {
                    "disabled": false
                  }
                ],
                "network_policy_config": [
                  {
                    "disabled": false
                  }
                ]
              }
            ],
            "allow_net_admin": null,
            "authenticator_groups_config": [],
            "binary_authorization": [
              {
                "enabled": false,
                "evaluation_mode": "DISABLED"
              }
            ],
            "cluster_autoscaling": [
              {
                "auto_provisioning_defaults": [],
                "enabled": false,
                "resource_limits": []
              }
            ],
            "cluster_ipv4_cidr": "10.101.0.0/16",
            "confidential_nodes": [],
            "cost_management_config": [],
            "database_encryption": [
              {
                "key_name": "",
                "state": "DECRYPTED"
              }
            ],
            "datapath_provider": "",
            "default_max_pods_per_node": 110,
            "default_snat_status": [
              {
                "disabled": false
              }
            ],
            "description": "",
            "dns_config": [],
            "enable_autopilot": false,
            "enable_binary_authorization": false,
            "enable_intranode_visibility": false,
            "enable_k8s_beta_apis": [],
            "enable_kubernetes_alpha": false,
            "enable_l4_ilb_subsetting": false,
            "enable_legacy_abac": false,
            "enable_shielded_nodes": true,
            "enable_tpu": false,
            "endpoint": "172.16.1.2",
            "gateway_api_config": [],
            "id": "projects/uporto-cd/locations/europe-west2/clusters/uporto-cd-gke-europe-west2",
            "initial_node_count": 1,
            "ip_allocation_policy": [
              {
                "additional_pod_ranges_config": [],
                "cluster_ipv4_cidr_block": "10.101.0.0/16",
                "cluster_secondary_range_name": "gke-uporto-cd-gke-europe-west2-pods-f70530ef",
                "pod_cidr_overprovision_config": [
                  {
                    "disabled": false
                  }
                ],
                "services_ipv4_cidr_block": "10.201.0.0/16",
                "services_secondary_range_name": "gke-uporto-cd-gke-europe-west2-services-f70530ef",
                "stack_type": "IPV4"
              }
            ],
            "label_fingerprint": "a9dc16a7",
            "location": "europe-west2",
            "logging_config": [
              {
                "enable_components": [
                  "SYSTEM_COMPONENTS",
                  "WORKLOADS"
                ]
              }
            ],
            "logging_service": "logging.googleapis.com/kubernetes",
            "maintenance_policy": [],
            "master_auth": [
              {
                "client_certificate": "",
                "client_certificate_config": [
                  {
                    "issue_client_certificate": false
                  }
                ],
                "client_key": "",
                "cluster_ca_certificate": "LS0tLS1CRUdJTiBDRVJUSUZJQ0FURS0tLS0tCk1JSUVMVENDQXBXZ0F3SUJBZ0lSQUlmZlBaVXM5ako0cmljNFMrR0xYZDB3RFFZSktvWklodmNOQVFFTEJRQXcKTHpFdE1Dc0dBMVVFQXhNa1pEZ3labU01TUdNdE1tSmxZaTAwT0Raa0xUa3laRFl0TkdaaVpEZzRZall5TXpBMgpNQ0FYRFRJMU1EVXlOekUzTURBd00xb1lEekl3TlRVd05USXdNVGd3TURBeldqQXZNUzB3S3dZRFZRUURFeVJrCk9ESm1Zemt3WXkweVltVmlMVFE0Tm1RdE9USmtOaTAwWm1Ka09EaGlOakl6TURZd2dnR2lNQTBHQ1NxR1NJYjMKRFFFQkFRVUFBNElCandBd2dnR0tBb0lCZ1FDNHFmSWF6NHJhZlNwOEsvQUQ5VjI5SGQzQjBISmV1RUo3b0tIRQpUendITDN4ZWlrRzRXVXY5c3UvTHArRDZQMmMwQVJ3SUxwYnl3eDJYbXRvV094bGN0TjY0bEdrcGxkZlJFV1BqCmU3NE9yR1g1WW9ydkU5ZzFEU0dmb0huMDJxOXArRzlnQWk3ZjBJcmx0WmpPWnluTUhjeG15NmNVV1dsZTNKUkEKL3Vwa25lS09PSWIvZGFFMTUrRDlJK0ZEcTRqeFovaEFxekl0Yjg5TlEzMCtVa1hLSXBQMHJ5MXdmNExVNHF3Ywpwd2dDYzhNcmZMZEZOQUY1anVJTkR0VzlvQVVFaGdkajVtR2NvYk44RHpKSmVQUUdHZ2pFM3NncktqMjFLNTdICkxIbk9sMHIyNElxSTVhSU41aGFTOENsOVJOTXNKd0F3bnVOdWd4WUdoNzBuUzBwVlhNMUFHMDU4MUJuOExNZm8KRmw1K0VmdXRjTE1hRU5LNStHd0VsL0xDOWc2bTdKMGVFNUpJbnJMTW15Q3EvQ0Z6QThMbVRkKzVLVVNaYVYrQwpsYUNLZGtTRTgrSXdyKzg3UkRPVDZGMFBLMWluR21EbnR5RU9JUkR6cDVJK2xUY0dscjk3QzVVWGt5UlU3NGpOCmwwaExUY244Vm16QW9WQ29aank2YkFIblNtTUNBd0VBQWFOQ01FQXdEZ1lEVlIwUEFRSC9CQVFEQWdJRU1BOEcKQTFVZEV3RUIvd1FGTUFNQkFmOHdIUVlEVlIwT0JCWUVGRDZvakVpQ0xZbll6SUJmYm8vdlhDRTFhaURhTUEwRwpDU3FHU0liM0RRRUJDd1VBQTRJQmdRQjA5UThFdDAvNHkvL1Y3U3dkRGhtK0lVZFNuNnR0QytYRzRzajUwMEd4ClJReGIzVnBBRURIRmJPQmM1dUJsWXRMU2t5L2NreWNCRVZEOEdEVmFtQXZTTThCRzlqVkFQMm1wT1JFa3dwOGQKd0wvRm5obXpmRzlDcUVPTVJqQkRjOTR3WHFPVUVPR2FzTitlWE50UWlzM0RETlVndVdwMWJEZVduMlFrWjQwVQpsekN4WnFub3M5YWxUdnIwT2ZCMWQxdWRFeHF5RkJBVDVHb0c0VVFuU3NGS05MdDQ0SE5hdWdISTl3VFdEdlhvCmpsTzF6ZTJhQXU1TjB5SXUreTFiOGlJMEk0ckxVUWtac09yWk9SZjlzbFBBcEJzZVYybjlFM3Fmcko0eGwvUHAKTmRadDBIeVgwOWM1TC83djBNbERuLzE5OUQxa3gxQUJ5RmhYZmQ2VVZKRmdyNCt0STZhMDRQNkw5TnFzbkJGVwoweG1IeHVsNFZUYTNPOUJvbS94MzNvRnVIRlV3OFJrL3VVRzlpa21RQm50YkJGWUxyWjQ2YjBUMkRKNjdxTmFXCkRZSWYrRlM3SkdnT3orWVFRVitROG5VMlJvUzZBWXErNCtnWFNpSVZTaEl6NzhVdncvdE1VZVdYSHhYTWszWEUKaURhY3ZRR0o3OVE3MWFzU2FEakRxTEU9Ci0tLS0tRU5EIENFUlRJRklDQVRFLS0tLS0K"
              }
            ],
            "master_authorized_networks_config": [
              {
                "cidr_blocks": [
                  {
                    "cidr_block": "10.250.0.0/24",
                    "display_name": "Admin VM"
                  }
                ],
                "gcp_public_cidrs_access_enabled": false
              }
            ],
            "master_version": "1.32.3-gke.1927009",
            "mesh_certificates": [],
            "min_master_version": null,
            "monitoring_config": [
              {
                "advanced_datapath_observability_config": [
                  {
                    "enable_metrics": false,
                    "relay_mode": ""
                  }
                ],
                "enable_components": [
                  "SYSTEM_COMPONENTS",
                  "STORAGE",
                  "HPA",
                  "POD",
                  "DAEMONSET",
                  "DEPLOYMENT",
                  "STATEFULSET",
                  "JOBSET",
                  "CADVISOR",
                  "KUBELET",
                  "DCGM"
                ],
                "managed_prometheus": [
                  {
                    "enabled": true
                  }
                ]
              }
            ],
            "monitoring_service": "monitoring.googleapis.com/kubernetes",
            "name": "uporto-cd-gke-europe-west2",
            "network": "projects/uporto-cd/global/networks/uporto-cd-vpc-europe-west2",
            "network_policy": [
              {
                "enabled": true,
                "provider": "CALICO"
              }
            ],
            "networking_mode": "VPC_NATIVE",
            "node_config": [],
            "node_locations": [
              "europe-west2-a",
              "europe-west2-b",
              "europe-west2-c"
            ],
            "node_pool": [],
            "node_pool_auto_config": [
              {
                "network_tags": []
              }
            ],
            "node_pool_defaults": [
              {
                "node_config_defaults": [
                  {
                    "logging_variant": "DEFAULT"
                  }
                ]
              }
            ],
            "node_version": "1.32.3-gke.1927009",
            "notification_config": [
              {
                "pubsub": [
                  {
                    "enabled": false,
                    "filter": [],
                    "topic": ""
                  }
                ]
              }
            ],
            "operation": null,
            "private_cluster_config": [
              {
                "enable_private_endpoint": true,
                "enable_private_nodes": true,
                "master_global_access_config": [
                  {
                    "enabled": false
                  }
                ],
                "master_ipv4_cidr_block": "172.16.1.0/28",
                "peering_name": "",
                "private_endpoint": "172.16.1.2",
                "private_endpoint_subnetwork": "",
                "public_endpoint": "34.39.69.222"
              }
            ],
            "private_ipv6_google_access": "",
            "project": "uporto-cd",
            "release_channel": [
              {
                "channel": "REGULAR"
              }
            ],
            "remove_default_node_pool": true,
            "resource_labels": {},
            "resource_usage_export_config": [],
            "security_posture_config": [
              {
                "mode": "BASIC",
                "vulnerability_mode": "VULNERABILITY_MODE_UNSPECIFIED"
              }
            ],
            "self_link": "https://container.googleapis.com/v1/projects/uporto-cd/locations/europe-west2/clusters/uporto-cd-gke-europe-west2",
            "service_external_ips_config": [
              {
                "enabled": false
              }
            ],
            "services_ipv4_cidr": "10.201.0.0/16",
            "subnetwork": "projects/uporto-cd/regions/europe-west2/subnetworks/uporto-cd-subnet-europe-west2",
            "timeouts": null,
            "tpu_ipv4_cidr_block": "",
            "vertical_pod_autoscaling": [],
            "workload_identity_config": [
              {
                "workload_pool": "uporto-cd.svc.id.goog"
              }
            ]
          },
          "sensitive_attributes": [
            [
              {
                "type": "get_attr",
                "value": "master_auth"
              },
              {
                "type": "index",
                "value": {
                  "value": 0,
                  "type": "number"
                }
              },
              {
                "type": "get_attr",
                "value": "client_key"
              }
            ]
          ],
          "private": "eyJlMmJmYjczMC1lY2FhLTExZTYtOGY4OC0zNDM2M2JjN2M0YzAiOnsiY3JlYXRlIjoyNDAwMDAwMDAwMDAwLCJkZWxldGUiOjI0MDAwMDAwMDAwMDAsInJlYWQiOjI0MDAwMDAwMDAwMDAsInVwZGF0ZSI6MzYwMDAwMDAwMDAwMH0sInNjaGVtYV92ZXJzaW9uIjoiMSJ9",
          "dependencies": [
            "module.admin.google_compute_network.admin_vpc",
            "module.admin.google_compute_subnetwork.admin_subnet",
            "module.gke.google_project_service.compute_api",
            "module.gke.google_project_service.container_api",
            "module.network.google_compute_firewall.allow_egress_to_admin",
            "module.network.google_compute_firewall.allow_from_admin",
            "module.network.google_compute_firewall.allow_internal",
            "module.network.google_compute_firewall.allow_internet_egress",
            "module.network.google_compute_firewall.block_inter_region",
            "module.network.google_compute_network.vpc",
            "module.network.google_compute_router.router",
            "module.network.google_compute_router_nat.nat",
            "module.network.google_compute_subnetwork.subnet"
          ]
        }
      ]
    },
    {
      "module": "module.gke[\"europe-west2\"]",
      "mode": "managed",
      "type": "google_project_service",
      "name": "compute_api",
      "provider": "provider[\"registry.terraform.io/hashicorp/google\"]",
      "instances": [
        {
          "schema_version": 0,
          "attributes": {
            "disable_dependent_services": null,
            "disable_on_destroy": false,
            "id": "uporto-cd/compute.googleapis.com",
            "project": "uporto-cd",
            "service": "compute.googleapis.com",
            "timeouts": null
          },
          "sensitive_attributes": [],
          "private": "eyJlMmJmYjczMC1lY2FhLTExZTYtOGY4OC0zNDM2M2JjN2M0YzAiOnsiY3JlYXRlIjoxMjAwMDAwMDAwMDAwLCJkZWxldGUiOjEyMDAwMDAwMDAwMDAsInJlYWQiOjYwMDAwMDAwMDAwMCwidXBkYXRlIjoxMjAwMDAwMDAwMDAwfX0="
        }
      ]
    },
    {
      "module": "module.gke[\"europe-west2\"]",
      "mode": "managed",
      "type": "google_project_service",
      "name": "container_api",
      "provider": "provider[\"registry.terraform.io/hashicorp/google\"]",
      "instances": [
        {
          "schema_version": 0,
          "attributes": {
            "disable_dependent_services": null,
            "disable_on_destroy": false,
            "id": "uporto-cd/container.googleapis.com",
            "project": "uporto-cd",
            "service": "container.googleapis.com",
            "timeouts": null
          },
          "sensitive_attributes": [],
          "private": "eyJlMmJmYjczMC1lY2FhLTExZTYtOGY4OC0zNDM2M2JjN2M0YzAiOnsiY3JlYXRlIjoxMjAwMDAwMDAwMDAwLCJkZWxldGUiOjEyMDAwMDAwMDAwMDAsInJlYWQiOjYwMDAwMDAwMDAwMCwidXBkYXRlIjoxMjAwMDAwMDAwMDAwfX0="
        }
      ]
    },
    {
      "module": "module.gke[\"us-south1\"]",
      "mode": "managed",
      "type": "google_container_cluster",
      "name": "cluster",
      "provider": "provider[\"registry.terraform.io/hashicorp/google\"]",
      "instances": [
        {
          "schema_version": 1,
          "attributes": {
            "addons_config": [
              {
                "cloudrun_config": [],
                "config_connector_config": [],
                "dns_cache_config": [],
                "gce_persistent_disk_csi_driver_config": [
                  {
                    "enabled": true
                  }
                ],
                "gcp_filestore_csi_driver_config": [],
                "gcs_fuse_csi_driver_config": [
                  {
                    "enabled": true
                  }
                ],
                "gke_backup_agent_config": [],
                "horizontal_pod_autoscaling": [],
                "http_load_balancing": [
                  {
                    "disabled": false
                  }
                ],
                "network_policy_config": [
                  {
                    "disabled": false
                  }
                ]
              }
            ],
            "allow_net_admin": null,
            "authenticator_groups_config": [],
            "binary_authorization": [
              {
                "enabled": false,
                "evaluation_mode": "DISABLED"
              }
            ],
            "cluster_autoscaling": [
              {
                "auto_provisioning_defaults": [],
                "enabled": false,
                "resource_limits": []
              }
            ],
            "cluster_ipv4_cidr": "10.102.0.0/16",
            "confidential_nodes": [],
            "cost_management_config": [],
            "database_encryption": [
              {
                "key_name": "",
                "state": "DECRYPTED"
              }
            ],
            "datapath_provider": "",
            "default_max_pods_per_node": 110,
            "default_snat_status": [
              {
                "disabled": false
              }
            ],
            "description": "",
            "dns_config": [],
            "enable_autopilot": false,
            "enable_binary_authorization": false,
            "enable_intranode_visibility": false,
            "enable_k8s_beta_apis": [],
            "enable_kubernetes_alpha": false,
            "enable_l4_ilb_subsetting": false,
            "enable_legacy_abac": false,
            "enable_shielded_nodes": true,
            "enable_tpu": false,
            "endpoint": "172.16.2.2",
            "gateway_api_config": [],
            "id": "projects/uporto-cd/locations/us-south1/clusters/uporto-cd-gke-us-south1",
            "initial_node_count": 1,
            "ip_allocation_policy": [
              {
                "additional_pod_ranges_config": [],
                "cluster_ipv4_cidr_block": "10.102.0.0/16",
                "cluster_secondary_range_name": "gke-uporto-cd-gke-us-south1-pods-f8854be2",
                "pod_cidr_overprovision_config": [
                  {
                    "disabled": false
                  }
                ],
                "services_ipv4_cidr_block": "10.202.0.0/16",
                "services_secondary_range_name": "gke-uporto-cd-gke-us-south1-services-f8854be2",
                "stack_type": "IPV4"
              }
            ],
            "label_fingerprint": "a9dc16a7",
            "location": "us-south1",
            "logging_config": [
              {
                "enable_components": [
                  "SYSTEM_COMPONENTS",
                  "WORKLOADS"
                ]
              }
            ],
            "logging_service": "logging.googleapis.com/kubernetes",
            "maintenance_policy": [],
            "master_auth": [
              {
                "client_certificate": "",
                "client_certificate_config": [
                  {
                    "issue_client_certificate": false
                  }
                ],
                "client_key": "",
                "cluster_ca_certificate": "LS0tLS1CRUdJTiBDRVJUSUZJQ0FURS0tLS0tCk1JSUVMRENDQXBTZ0F3SUJBZ0lRTmZ1MjZlYlUxUkQ4RCtnaGRXWVRTekFOQmdrcWhraUc5dzBCQVFzRkFEQXYKTVMwd0t3WURWUVFERXlSa1kyTXdaRFV3T0MxaVlUYzNMVFF5WkdRdE9HTmhPQzB6TldNM04yRXhaakl4Wm1RdwpJQmNOTWpVd05USTNNVGN3TURBMldoZ1BNakExTlRBMU1qQXhPREF3TURaYU1DOHhMVEFyQmdOVkJBTVRKR1JqCll6QmtOVEE0TFdKaE56Y3ROREprWkMwNFkyRTRMVE0xWXpjM1lURm1NakZtWkRDQ0FhSXdEUVlKS29aSWh2Y04KQVFFQkJRQURnZ0dQQURDQ0FZb0NnZ0dCQU9Ka2x5bTVGMGtKVDVlQzF5MFpvcVpNV3U5a1FBMWMwaU1qYWFyQQpJczV3Vm5obHRYNTZ5cUpFdG5LOHhWeHRjTFBxWld3a1A0eFgxRDBnVEVXUzVFdlRkd3JuZVZ4SXVpWkl1OUk5CjZOWnZ5dWJXOXNJZWUzSWkzeVVxU0lQUURURGwrdjY2REpYZUpDeVE2YmVtLzIwV2FHb3BrQ0dWay9DclFyL1oKT05Wb2hYUVhaWFEwQ09pQ2E4TGhKRlV3L2RPMWs2TTEvVEd2VnpyVmxTeUdzVmR4SHpjTm1rY2NvTjgwNDVRbgoyVmpDeWdLZmxzWENCbytrc2RMKy9CbzBXUkdMb3BGY3RQQm9va3hubzBuSE90dEI3dFo5NDNkUmhRekZVc0dkClRrWWVpQVhrQVVPbVIrU25Ra2R1OXBpWGNCanZKbDd1bEdMdGZmVkNwV1F0ZDNtWWdmVmtIVjBPTEZVM1Qzd0kKUDVIMmw3S2RCTllJZEtQWFdQWFhTdkxqTnFvZFRqNlJWc1RFK1B1K252TVZsQXNVbStHZUxWaVNpLzN1UHgycQpRTEVENXJpSEtKQ0hjSmJiMVFmeTV2dVlmVnZRdHpISG9JUDJ2Z0ppc0V1ak90d3BrejBuMEpPMWQzRCswMlM1ClAwUzhQMWZzVEZKU2Vnd3R6ZmNQRnUyeFVRSURBUUFCbzBJd1FEQU9CZ05WSFE4QkFmOEVCQU1DQWdRd0R3WUQKVlIwVEFRSC9CQVV3QXdFQi96QWRCZ05WSFE0RUZnUVVCMi9CUm9Qbkt5ak5yUy9PZkFyKzBHZnkreTB3RFFZSgpLb1pJaHZjTkFRRUxCUUFEZ2dHQkFCS1N6YUhoeGc2U3BDODJqL2hnQzNQejZzWnlUZm9vU1JCK1lyU3o0SlJPCnN2bTNLek1UczlTK1pJYmVMLzN6dDhyaGg5Tkl3Rnp5UWw0UTduMzdWSVlvdzBNWGk1cEJJS0ZLbWMwZzNCODMKNG1WeGNESmlBemhDY1JUNGFNU3lYU0NGZ3VWVlF3R1llZXlvalNCVVhsSVZvR00vWmMxM3d1WW9ZdmNtQmEvSAoxaC83WWFhS0NsNE4zL1BtMklLaW5rdGxldGt2L1gwejhkQUJucUJ2ejh6MEh1V1FsQlJuR01EODV4Z3E1bU42ClhOSlA1R0JvYWV2T3BkOFZWKzRmdWh4UlZ6QUxFMTVEL3NEb25JTll6QTZialRWWWVrckhrOTlkcFJMZ29DeHMKQ2lBM205TWoxRFhQTUo3WXQ1MmtpekZjNHQ0bzRrWXM0aE5Xem80eG13LzZaanZnT2c3TEJWb1E5NS9NUE8wbwo0bTFLVFA5eEpqaTNLUUc1WkpOcVdBOWlNcXV5d0NVNmlYL3E2YWh3a0R2cks1QWhkUU1KZDRIbVNENDl4Tm9GClFqdVZZd2dJYzl0ZlpzVTVNejYwaVZaeEJPWjJQUHgyRHprOUtBS21xQnZiV013dlNoNVlkRUdTQ3llUlJiNzEKUFRhOGVEZGs5OG5sSVg5Y0NXWlRhUT09Ci0tLS0tRU5EIENFUlRJRklDQVRFLS0tLS0K"
              }
            ],
            "master_authorized_networks_config": [
              {
                "cidr_blocks": [
                  {
                    "cidr_block": "10.250.0.0/24",
                    "display_name": "Admin VM"
                  }
                ],
                "gcp_public_cidrs_access_enabled": false
              }
            ],
            "master_version": "1.32.3-gke.1927009",
            "mesh_certificates": [],
            "min_master_version": null,
            "monitoring_config": [
              {
                "advanced_datapath_observability_config": [
                  {
                    "enable_metrics": false,
                    "relay_mode": ""
                  }
                ],
                "enable_components": [
                  "SYSTEM_COMPONENTS",
                  "STATEFULSET",
                  "JOBSET",
                  "STORAGE",
                  "HPA",
                  "POD",
                  "DAEMONSET",
                  "DEPLOYMENT",
                  "CADVISOR",
                  "KUBELET",
                  "DCGM"
                ],
                "managed_prometheus": [
                  {
                    "enabled": true
                  }
                ]
              }
            ],
            "monitoring_service": "monitoring.googleapis.com/kubernetes",
            "name": "uporto-cd-gke-us-south1",
            "network": "projects/uporto-cd/global/networks/uporto-cd-vpc-us-south1",
            "network_policy": [
              {
                "enabled": true,
                "provider": "CALICO"
              }
            ],
            "networking_mode": "VPC_NATIVE",
            "node_config": [],
            "node_locations": [
              "us-south1-a",
              "us-south1-b",
              "us-south1-c"
            ],
            "node_pool": [],
            "node_pool_auto_config": [
              {
                "network_tags": []
              }
            ],
            "node_pool_defaults": [
              {
                "node_config_defaults": [
                  {
                    "logging_variant": "DEFAULT"
                  }
                ]
              }
            ],
            "node_version": "1.32.3-gke.1927009",
            "notification_config": [
              {
                "pubsub": [
                  {
                    "enabled": false,
                    "filter": [],
                    "topic": ""
                  }
                ]
              }
            ],
            "operation": null,
            "private_cluster_config": [
              {
                "enable_private_endpoint": true,
                "enable_private_nodes": true,
                "master_global_access_config": [
                  {
                    "enabled": false
                  }
                ],
                "master_ipv4_cidr_block": "172.16.2.0/28",
                "peering_name": "",
                "private_endpoint": "172.16.2.2",
                "private_endpoint_subnetwork": "",
                "public_endpoint": "34.174.1.205"
              }
            ],
            "private_ipv6_google_access": "",
            "project": "uporto-cd",
            "release_channel": [
              {
                "channel": "REGULAR"
              }
            ],
            "remove_default_node_pool": true,
            "resource_labels": {},
            "resource_usage_export_config": [],
            "security_posture_config": [
              {
                "mode": "BASIC",
                "vulnerability_mode": "VULNERABILITY_MODE_UNSPECIFIED"
              }
            ],
            "self_link": "https://container.googleapis.com/v1/projects/uporto-cd/locations/us-south1/clusters/uporto-cd-gke-us-south1",
            "service_external_ips_config": [
              {
                "enabled": false
              }
            ],
            "services_ipv4_cidr": "10.202.0.0/16",
            "subnetwork": "projects/uporto-cd/regions/us-south1/subnetworks/uporto-cd-subnet-us-south1",
            "timeouts": null,
            "tpu_ipv4_cidr_block": "",
            "vertical_pod_autoscaling": [],
            "workload_identity_config": [
              {
                "workload_pool": "uporto-cd.svc.id.goog"
              }
            ]
          },
          "sensitive_attributes": [
            [
              {
                "type": "get_attr",
                "value": "master_auth"
              },
              {
                "type": "index",
                "value": {
                  "value": 0,
                  "type": "number"
                }
              },
              {
                "type": "get_attr",
                "value": "client_key"
              }
            ]
          ],
          "private": "eyJlMmJmYjczMC1lY2FhLTExZTYtOGY4OC0zNDM2M2JjN2M0YzAiOnsiY3JlYXRlIjoyNDAwMDAwMDAwMDAwLCJkZWxldGUiOjI0MDAwMDAwMDAwMDAsInJlYWQiOjI0MDAwMDAwMDAwMDAsInVwZGF0ZSI6MzYwMDAwMDAwMDAwMH0sInNjaGVtYV92ZXJzaW9uIjoiMSJ9",
          "dependencies": [
            "module.admin.google_compute_network.admin_vpc",
            "module.admin.google_compute_subnetwork.admin_subnet",
            "module.gke.google_project_service.compute_api",
            "module.gke.google_project_service.container_api",
            "module.network.google_compute_firewall.allow_egress_to_admin",
            "module.network.google_compute_firewall.allow_from_admin",
            "module.network.google_compute_firewall.allow_internal",
            "module.network.google_compute_firewall.allow_internet_egress",
            "module.network.google_compute_firewall.block_inter_region",
            "module.network.google_compute_network.vpc",
            "module.network.google_compute_router.router",
            "module.network.google_compute_router_nat.nat",
            "module.network.google_compute_subnetwork.subnet"
          ],
          "create_before_destroy": true
        }
      ]
    },
    {
      "module": "module.gke[\"us-south1\"]",
      "mode": "managed",
      "type": "google_project_service",
      "name": "compute_api",
      "provider": "provider[\"registry.terraform.io/hashicorp/google\"]",
      "instances": [
        {
          "schema_version": 0,
          "attributes": {
            "disable_dependent_services": null,
            "disable_on_destroy": false,
            "id": "uporto-cd/compute.googleapis.com",
            "project": "uporto-cd",
            "service": "compute.googleapis.com",
            "timeouts": null
          },
          "sensitive_attributes": [],
          "private": "eyJlMmJmYjczMC1lY2FhLTExZTYtOGY4OC0zNDM2M2JjN2M0YzAiOnsiY3JlYXRlIjoxMjAwMDAwMDAwMDAwLCJkZWxldGUiOjEyMDAwMDAwMDAwMDAsInJlYWQiOjYwMDAwMDAwMDAwMCwidXBkYXRlIjoxMjAwMDAwMDAwMDAwfX0=",
          "create_before_destroy": true
        }
      ]
    },
    {
      "module": "module.gke[\"us-south1\"]",
      "mode": "managed",
      "type": "google_project_service",
      "name": "container_api",
      "provider": "provider[\"registry.terraform.io/hashicorp/google\"]",
      "instances": [
        {
          "schema_version": 0,
          "attributes": {
            "disable_dependent_services": null,
            "disable_on_destroy": false,
            "id": "uporto-cd/container.googleapis.com",
            "project": "uporto-cd",
            "service": "container.googleapis.com",
            "timeouts": null
          },
          "sensitive_attributes": [],
          "private": "eyJlMmJmYjczMC1lY2FhLTExZTYtOGY4OC0zNDM2M2JjN2M0YzAiOnsiY3JlYXRlIjoxMjAwMDAwMDAwMDAwLCJkZWxldGUiOjEyMDAwMDAwMDAwMDAsInJlYWQiOjYwMDAwMDAwMDAwMCwidXBkYXRlIjoxMjAwMDAwMDAwMDAwfX0=",
          "create_before_destroy": true
        }
      ]
    },
    {
      "module": "module.loadbalancer",
      "mode": "managed",
      "type": "google_compute_backend_service",
      "name": "default",
      "provider": "provider[\"registry.terraform.io/hashicorp/google\"]",
      "instances": [
        {
          "schema_version": 1,
          "attributes": {
            "affinity_cookie_ttl_sec": 0,
            "backend": [],
            "cdn_policy": [],
            "circuit_breakers": [],
            "compression_mode": "",
            "connection_draining_timeout_sec": 60,
            "consistent_hash": [],
            "creation_timestamp": "2025-05-27T11:14:07.129-07:00",
            "custom_request_headers": [
              "X-Client-Region: {client_region}"
            ],
            "custom_response_headers": [],
            "description": "",
            "edge_security_policy": "",
            "enable_cdn": false,
            "fingerprint": "EvvCdy4QDj0=",
            "generated_id": 7689071715898080768,
            "health_checks": [
              "https://www.googleapis.com/compute/v1/projects/uporto-cd/global/healthChecks/uporto-cd-health-check"
            ],
            "iap": [],
            "id": "projects/uporto-cd/global/backendServices/uporto-cd-backend-service",
            "load_balancing_scheme": "EXTERNAL",
            "locality_lb_policies": [],
            "locality_lb_policy": "",
            "log_config": [
              {
                "enable": true,
                "sample_rate": 1
              }
            ],
            "name": "uporto-cd-backend-service",
            "outlier_detection": [],
            "port_name": "http",
            "project": "uporto-cd",
            "protocol": "HTTP",
            "security_policy": "",
            "security_settings": [],
            "self_link": "https://www.googleapis.com/compute/v1/projects/uporto-cd/global/backendServices/uporto-cd-backend-service",
            "session_affinity": "NONE",
            "timeout_sec": 60,
            "timeouts": null
          },
          "sensitive_attributes": [],
          "private": "eyJlMmJmYjczMC1lY2FhLTExZTYtOGY4OC0zNDM2M2JjN2M0YzAiOnsiY3JlYXRlIjoxMjAwMDAwMDAwMDAwLCJkZWxldGUiOjEyMDAwMDAwMDAwMDAsInVwZGF0ZSI6MTIwMDAwMDAwMDAwMH0sInNjaGVtYV92ZXJzaW9uIjoiMSJ9",
          "dependencies": [
            "module.admin.google_compute_network.admin_vpc",
            "module.admin.google_compute_subnetwork.admin_subnet",
            "module.gke.google_container_cluster.cluster",
            "module.gke.google_container_node_pool.primary",
            "module.gke.google_project_service.compute_api",
            "module.gke.google_project_service.container_api",
            "module.loadbalancer.google_compute_health_check.default",
            "module.network.google_compute_firewall.allow_egress_to_admin",
            "module.network.google_compute_firewall.allow_from_admin",
            "module.network.google_compute_firewall.allow_internal",
            "module.network.google_compute_firewall.allow_internet_egress",
            "module.network.google_compute_firewall.block_inter_region",
            "module.network.google_compute_network.vpc",
            "module.network.google_compute_router.router",
            "module.network.google_compute_router_nat.nat",
            "module.network.google_compute_subnetwork.subnet"
          ]
        }
      ]
    },
    {
      "module": "module.loadbalancer",
      "mode": "managed",
      "type": "google_compute_global_address",
      "name": "lb_ip",
      "provider": "provider[\"registry.terraform.io/hashicorp/google\"]",
      "instances": [
        {
          "schema_version": 0,
          "attributes": {
            "address": "34.36.103.3",
            "address_type": "EXTERNAL",
            "creation_timestamp": "2025-05-27T11:13:55.265-07:00",
            "description": "",
            "id": "projects/uporto-cd/global/addresses/uporto-cd-global-ip",
            "ip_version": "",
            "name": "uporto-cd-global-ip",
            "network": "",
            "prefix_length": 0,
            "project": "uporto-cd",
            "purpose": "",
            "self_link": "https://www.googleapis.com/compute/v1/projects/uporto-cd/global/addresses/uporto-cd-global-ip",
            "timeouts": null
          },
          "sensitive_attributes": [],
          "private": "eyJlMmJmYjczMC1lY2FhLTExZTYtOGY4OC0zNDM2M2JjN2M0YzAiOnsiY3JlYXRlIjoxMjAwMDAwMDAwMDAwLCJkZWxldGUiOjEyMDAwMDAwMDAwMDB9fQ==",
          "dependencies": [
            "module.admin.google_compute_network.admin_vpc",
            "module.admin.google_compute_subnetwork.admin_subnet",
            "module.gke.google_container_cluster.cluster",
            "module.gke.google_container_node_pool.primary",
            "module.gke.google_project_service.compute_api",
            "module.gke.google_project_service.container_api",
            "module.network.google_compute_firewall.allow_egress_to_admin",
            "module.network.google_compute_firewall.allow_from_admin",
            "module.network.google_compute_firewall.allow_internal",
            "module.network.google_compute_firewall.allow_internet_egress",
            "module.network.google_compute_firewall.block_inter_region",
            "module.network.google_compute_network.vpc",
            "module.network.google_compute_router.router",
            "module.network.google_compute_router_nat.nat",
            "module.network.google_compute_subnetwork.subnet"
          ]
        }
      ]
    },
    {
      "module": "module.loadbalancer",
      "mode": "managed",
      "type": "google_compute_global_forwarding_rule",
      "name": "http",
      "provider": "provider[\"registry.terraform.io/hashicorp/google\"]",
      "instances": [
        {
          "schema_version": 0,
          "attributes": {
            "base_forwarding_rule": "",
            "description": "",
            "id": "projects/uporto-cd/global/forwardingRules/uporto-cd-http-lb-rule",
            "ip_address": "34.36.103.3",
            "ip_protocol": "TCP",
            "ip_version": "",
            "label_fingerprint": "e2oSYYPF28g=",
            "labels": {
              "environment": "production",
              "service": "streaming"
            },
            "load_balancing_scheme": "EXTERNAL",
            "metadata_filters": [],
            "name": "uporto-cd-http-lb-rule",
            "network": "",
            "no_automate_dns_zone": null,
            "port_range": "80-80",
            "project": "uporto-cd",
            "psc_connection_id": "",
            "psc_connection_status": "",
            "self_link": "https://www.googleapis.com/compute/v1/projects/uporto-cd/global/forwardingRules/uporto-cd-http-lb-rule",
            "source_ip_ranges": [],
            "subnetwork": "",
            "target": "https://www.googleapis.com/compute/v1/projects/uporto-cd/global/targetHttpProxies/uporto-cd-http-proxy",
            "timeouts": null
          },
          "sensitive_attributes": [],
          "private": "eyJlMmJmYjczMC1lY2FhLTExZTYtOGY4OC0zNDM2M2JjN2M0YzAiOnsiY3JlYXRlIjoxMjAwMDAwMDAwMDAwLCJkZWxldGUiOjEyMDAwMDAwMDAwMDAsInVwZGF0ZSI6MTIwMDAwMDAwMDAwMH19",
          "dependencies": [
            "module.admin.google_compute_network.admin_vpc",
            "module.admin.google_compute_subnetwork.admin_subnet",
            "module.gke.google_container_cluster.cluster",
            "module.gke.google_container_node_pool.primary",
            "module.gke.google_project_service.compute_api",
            "module.gke.google_project_service.container_api",
            "module.loadbalancer.google_compute_backend_service.default",
            "module.loadbalancer.google_compute_global_address.lb_ip",
            "module.loadbalancer.google_compute_health_check.default",
            "module.loadbalancer.google_compute_target_http_proxy.default",
            "module.loadbalancer.google_compute_url_map.default",
            "module.network.google_compute_firewall.allow_egress_to_admin",
            "module.network.google_compute_firewall.allow_from_admin",
            "module.network.google_compute_firewall.allow_internal",
            "module.network.google_compute_firewall.allow_internet_egress",
            "module.network.google_compute_firewall.block_inter_region",
            "module.network.google_compute_network.vpc",
            "module.network.google_compute_router.router",
            "module.network.google_compute_router_nat.nat",
            "module.network.google_compute_subnetwork.subnet"
          ]
        }
      ]
    },
    {
      "module": "module.loadbalancer",
      "mode": "managed",
      "type": "google_compute_global_forwarding_rule",
      "name": "https",
      "provider": "provider[\"registry.terraform.io/hashicorp/google\"]",
      "instances": [
        {
          "index_key": 0,
          "schema_version": 0,
          "attributes": {
            "base_forwarding_rule": "",
            "description": "",
            "id": "projects/uporto-cd/global/forwardingRules/uporto-cd-https-lb-rule",
            "ip_address": "34.36.103.3",
            "ip_protocol": "TCP",
            "ip_version": "",
            "label_fingerprint": "ym57udbleVs=",
            "labels": {
              "environment": "production",
              "service": "streaming",
              "ssl_type": "managed"
            },
            "load_balancing_scheme": "EXTERNAL",
            "metadata_filters": [],
            "name": "uporto-cd-https-lb-rule",
            "network": "",
            "no_automate_dns_zone": null,
            "port_range": "443-443",
            "project": "uporto-cd",
            "psc_connection_id": "",
            "psc_connection_status": "",
            "self_link": "https://www.googleapis.com/compute/v1/projects/uporto-cd/global/forwardingRules/uporto-cd-https-lb-rule",
            "source_ip_ranges": [],
            "subnetwork": "",
            "target": "https://www.googleapis.com/compute/v1/projects/uporto-cd/global/targetHttpsProxies/uporto-cd-https-proxy",
            "timeouts": null
          },
          "sensitive_attributes": [],
          "private": "eyJlMmJmYjczMC1lY2FhLTExZTYtOGY4OC0zNDM2M2JjN2M0YzAiOnsiY3JlYXRlIjoxMjAwMDAwMDAwMDAwLCJkZWxldGUiOjEyMDAwMDAwMDAwMDAsInVwZGF0ZSI6MTIwMDAwMDAwMDAwMH19",
          "dependencies": [
            "module.admin.google_compute_network.admin_vpc",
            "module.admin.google_compute_subnetwork.admin_subnet",
            "module.gke.google_container_cluster.cluster",
            "module.gke.google_container_node_pool.primary",
            "module.gke.google_project_service.compute_api",
            "module.gke.google_project_service.container_api",
            "module.loadbalancer.google_compute_backend_service.default",
            "module.loadbalancer.google_compute_global_address.lb_ip",
            "module.loadbalancer.google_compute_health_check.default",
            "module.loadbalancer.google_compute_managed_ssl_certificate.default",
            "module.loadbalancer.google_compute_ssl_policy.modern",
            "module.loadbalancer.google_compute_target_https_proxy.default",
            "module.loadbalancer.google_compute_url_map.default",
            "module.network.google_compute_firewall.allow_egress_to_admin",
            "module.network.google_compute_firewall.allow_from_admin",
            "module.network.google_compute_firewall.allow_internal",
            "module.network.google_compute_firewall.allow_internet_egress",
            "module.network.google_compute_firewall.block_inter_region",
            "module.network.google_compute_network.vpc",
            "module.network.google_compute_router.router",
            "module.network.google_compute_router_nat.nat",
            "module.network.google_compute_subnetwork.subnet"
          ]
        }
      ]
    },
    {
      "module": "module.loadbalancer",
      "mode": "managed",
      "type": "google_compute_health_check",
      "name": "default",
      "provider": "provider[\"registry.terraform.io/hashicorp/google\"]",
      "instances": [
        {
          "schema_version": 0,
          "attributes": {
            "check_interval_sec": 10,
            "creation_timestamp": "2025-05-27T11:13:55.201-07:00",
            "description": "",
            "grpc_health_check": [],
            "healthy_threshold": 2,
            "http2_health_check": [],
            "http_health_check": [
              {
                "host": "",
                "port": 80,
                "port_name": "",
                "port_specification": "",
                "proxy_header": "NONE",
                "request_path": "/health",
                "response": ""
              }
            ],
            "https_health_check": [],
            "id": "projects/uporto-cd/global/healthChecks/uporto-cd-health-check",
            "log_config": [
              {
                "enable": false
              }
            ],
            "name": "uporto-cd-health-check",
            "project": "uporto-cd",
            "self_link": "https://www.googleapis.com/compute/v1/projects/uporto-cd/global/healthChecks/uporto-cd-health-check",
            "ssl_health_check": [],
            "tcp_health_check": [],
            "timeout_sec": 5,
            "timeouts": null,
            "type": "HTTP",
            "unhealthy_threshold": 3
          },
          "sensitive_attributes": [],
          "private": "eyJlMmJmYjczMC1lY2FhLTExZTYtOGY4OC0zNDM2M2JjN2M0YzAiOnsiY3JlYXRlIjoxMjAwMDAwMDAwMDAwLCJkZWxldGUiOjEyMDAwMDAwMDAwMDAsInVwZGF0ZSI6MTIwMDAwMDAwMDAwMH19",
          "dependencies": [
            "module.admin.google_compute_network.admin_vpc",
            "module.admin.google_compute_subnetwork.admin_subnet",
            "module.gke.google_container_cluster.cluster",
            "module.gke.google_container_node_pool.primary",
            "module.gke.google_project_service.compute_api",
            "module.gke.google_project_service.container_api",
            "module.network.google_compute_firewall.allow_egress_to_admin",
            "module.network.google_compute_firewall.allow_from_admin",
            "module.network.google_compute_firewall.allow_internal",
            "module.network.google_compute_firewall.allow_internet_egress",
            "module.network.google_compute_firewall.block_inter_region",
            "module.network.google_compute_network.vpc",
            "module.network.google_compute_router.router",
            "module.network.google_compute_router_nat.nat",
            "module.network.google_compute_subnetwork.subnet"
          ]
        }
      ]
    },
    {
      "module": "module.loadbalancer",
      "mode": "managed",
      "type": "google_compute_managed_ssl_certificate",
      "name": "default",
      "provider": "provider[\"registry.terraform.io/hashicorp/google\"]",
      "instances": [
        {
          "index_key": 0,
          "schema_version": 0,
          "attributes": {
            "certificate_id": 7331584283428765197,
            "creation_timestamp": "2025-05-27T11:13:55.389-07:00",
            "description": "",
            "expire_time": "",
            "id": "projects/uporto-cd/global/sslCertificates/uporto-cd-managed-ssl-cert",
            "managed": [
              {
                "domains": [
                  "adm-cdn.pt",
                  "www.adm-cdn.pt"
                ]
              }
            ],
            "name": "uporto-cd-managed-ssl-cert",
            "project": "uporto-cd",
            "self_link": "https://www.googleapis.com/compute/v1/projects/uporto-cd/global/sslCertificates/uporto-cd-managed-ssl-cert",
            "subject_alternative_names": [],
            "timeouts": {
              "create": "60m",
              "delete": "30m"
            },
            "type": "MANAGED"
          },
          "sensitive_attributes": [],
          "private": "eyJlMmJmYjczMC1lY2FhLTExZTYtOGY4OC0zNDM2M2JjN2M0YzAiOnsiY3JlYXRlIjozNjAwMDAwMDAwMDAwLCJkZWxldGUiOjE4MDAwMDAwMDAwMDB9fQ==",
          "dependencies": [
            "module.admin.google_compute_network.admin_vpc",
            "module.admin.google_compute_subnetwork.admin_subnet",
            "module.gke.google_container_cluster.cluster",
            "module.gke.google_container_node_pool.primary",
            "module.gke.google_project_service.compute_api",
            "module.gke.google_project_service.container_api",
            "module.network.google_compute_firewall.allow_egress_to_admin",
            "module.network.google_compute_firewall.allow_from_admin",
            "module.network.google_compute_firewall.allow_internal",
            "module.network.google_compute_firewall.allow_internet_egress",
            "module.network.google_compute_firewall.block_inter_region",
            "module.network.google_compute_network.vpc",
            "module.network.google_compute_router.router",
            "module.network.google_compute_router_nat.nat",
            "module.network.google_compute_subnetwork.subnet"
          ],
          "create_before_destroy": true
        }
      ]
    },
    {
      "module": "module.loadbalancer",
      "mode": "managed",
      "type": "google_compute_ssl_policy",
      "name": "modern",
      "provider": "provider[\"registry.terraform.io/hashicorp/google\"]",
      "instances": [
        {
          "index_key": 0,
          "schema_version": 0,
          "attributes": {
            "creation_timestamp": "2025-05-27T11:13:55.208-07:00",
            "custom_features": [],
            "description": "",
            "enabled_features": [
              "TLS_ECDHE_ECDSA_WITH_AES_128_CBC_SHA",
              "TLS_ECDHE_ECDSA_WITH_AES_128_GCM_SHA256",
              "TLS_ECDHE_ECDSA_WITH_AES_256_CBC_SHA",
              "TLS_ECDHE_ECDSA_WITH_AES_256_GCM_SHA384",
              "TLS_ECDHE_ECDSA_WITH_CHACHA20_POLY1305_SHA256",
              "TLS_ECDHE_RSA_WITH_AES_128_CBC_SHA",
              "TLS_ECDHE_RSA_WITH_AES_128_GCM_SHA256",
              "TLS_ECDHE_RSA_WITH_AES_256_CBC_SHA",
              "TLS_ECDHE_RSA_WITH_AES_256_GCM_SHA384",
              "TLS_ECDHE_RSA_WITH_CHACHA20_POLY1305_SHA256"
            ],
            "fingerprint": "C1a273SpEvg=",
            "id": "projects/uporto-cd/global/sslPolicies/uporto-cd-ssl-policy",
            "min_tls_version": "TLS_1_2",
            "name": "uporto-cd-ssl-policy",
            "profile": "MODERN",
            "project": "uporto-cd",
            "self_link": "https://www.googleapis.com/compute/v1/projects/uporto-cd/global/sslPolicies/uporto-cd-ssl-policy",
            "timeouts": null
          },
          "sensitive_attributes": [],
          "private": "eyJlMmJmYjczMC1lY2FhLTExZTYtOGY4OC0zNDM2M2JjN2M0YzAiOnsiY3JlYXRlIjoxMjAwMDAwMDAwMDAwLCJkZWxldGUiOjEyMDAwMDAwMDAwMDAsInVwZGF0ZSI6MTIwMDAwMDAwMDAwMH19",
          "dependencies": [
            "module.admin.google_compute_network.admin_vpc",
            "module.admin.google_compute_subnetwork.admin_subnet",
            "module.gke.google_container_cluster.cluster",
            "module.gke.google_container_node_pool.primary",
            "module.gke.google_project_service.compute_api",
            "module.gke.google_project_service.container_api",
            "module.network.google_compute_firewall.allow_egress_to_admin",
            "module.network.google_compute_firewall.allow_from_admin",
            "module.network.google_compute_firewall.allow_internal",
            "module.network.google_compute_firewall.allow_internet_egress",
            "module.network.google_compute_firewall.block_inter_region",
            "module.network.google_compute_network.vpc",
            "module.network.google_compute_router.router",
            "module.network.google_compute_router_nat.nat",
            "module.network.google_compute_subnetwork.subnet"
          ]
        }
      ]
    },
    {
      "module": "module.loadbalancer",
      "mode": "managed",
      "type": "google_compute_target_http_proxy",
      "name": "default",
      "provider": "provider[\"registry.terraform.io/hashicorp/google\"]",
      "instances": [
        {
          "schema_version": 0,
          "attributes": {
            "creation_timestamp": "2025-05-27T11:14:40.928-07:00",
            "description": "",
            "http_keep_alive_timeout_sec": 0,
            "id": "projects/uporto-cd/global/targetHttpProxies/uporto-cd-http-proxy",
            "name": "uporto-cd-http-proxy",
            "project": "uporto-cd",
            "proxy_bind": false,
            "proxy_id": 7322212514465038335,
            "self_link": "https://www.googleapis.com/compute/v1/projects/uporto-cd/global/targetHttpProxies/uporto-cd-http-proxy",
            "timeouts": null,
            "url_map": "https://www.googleapis.com/compute/v1/projects/uporto-cd/global/urlMaps/uporto-cd-url-map"
          },
          "sensitive_attributes": [],
          "private": "eyJlMmJmYjczMC1lY2FhLTExZTYtOGY4OC0zNDM2M2JjN2M0YzAiOnsiY3JlYXRlIjoxMjAwMDAwMDAwMDAwLCJkZWxldGUiOjEyMDAwMDAwMDAwMDAsInVwZGF0ZSI6MTIwMDAwMDAwMDAwMH19",
          "dependencies": [
            "module.admin.google_compute_network.admin_vpc",
            "module.admin.google_compute_subnetwork.admin_subnet",
            "module.gke.google_container_cluster.cluster",
            "module.gke.google_container_node_pool.primary",
            "module.gke.google_project_service.compute_api",
            "module.gke.google_project_service.container_api",
            "module.loadbalancer.google_compute_backend_service.default",
            "module.loadbalancer.google_compute_health_check.default",
            "module.loadbalancer.google_compute_url_map.default",
            "module.network.google_compute_firewall.allow_egress_to_admin",
            "module.network.google_compute_firewall.allow_from_admin",
            "module.network.google_compute_firewall.allow_internal",
            "module.network.google_compute_firewall.allow_internet_egress",
            "module.network.google_compute_firewall.block_inter_region",
            "module.network.google_compute_network.vpc",
            "module.network.google_compute_router.router",
            "module.network.google_compute_router_nat.nat",
            "module.network.google_compute_subnetwork.subnet"
          ]
        }
      ]
    },
    {
      "module": "module.loadbalancer",
      "mode": "managed",
      "type": "google_compute_target_https_proxy",
      "name": "default",
      "provider": "provider[\"registry.terraform.io/hashicorp/google\"]",
      "instances": [
        {
          "index_key": 0,
          "schema_version": 0,
          "attributes": {
            "certificate_map": "",
            "creation_timestamp": "2025-05-27T11:14:42.051-07:00",
            "description": "",
            "http_keep_alive_timeout_sec": 0,
            "id": "projects/uporto-cd/global/targetHttpsProxies/uporto-cd-https-proxy",
            "name": "uporto-cd-https-proxy",
            "project": "uporto-cd",
            "proxy_bind": false,
            "proxy_id": 9218757381026725885,
            "quic_override": "ENABLE",
            "self_link": "https://www.googleapis.com/compute/v1/projects/uporto-cd/global/targetHttpsProxies/uporto-cd-https-proxy",
            "server_tls_policy": "",
            "ssl_certificates": [
              "https://www.googleapis.com/compute/v1/projects/uporto-cd/global/sslCertificates/uporto-cd-managed-ssl-cert"
            ],
            "ssl_policy": "https://www.googleapis.com/compute/v1/projects/uporto-cd/global/sslPolicies/uporto-cd-ssl-policy",
            "timeouts": null,
            "url_map": "https://www.googleapis.com/compute/v1/projects/uporto-cd/global/urlMaps/uporto-cd-url-map"
          },
          "sensitive_attributes": [],
          "private": "eyJlMmJmYjczMC1lY2FhLTExZTYtOGY4OC0zNDM2M2JjN2M0YzAiOnsiY3JlYXRlIjoxMjAwMDAwMDAwMDAwLCJkZWxldGUiOjEyMDAwMDAwMDAwMDAsInVwZGF0ZSI6MTIwMDAwMDAwMDAwMH19",
          "dependencies": [
            "module.admin.google_compute_network.admin_vpc",
            "module.admin.google_compute_subnetwork.admin_subnet",
            "module.gke.google_container_cluster.cluster",
            "module.gke.google_container_node_pool.primary",
            "module.gke.google_project_service.compute_api",
            "module.gke.google_project_service.container_api",
            "module.loadbalancer.google_compute_backend_service.default",
            "module.loadbalancer.google_compute_health_check.default",
            "module.loadbalancer.google_compute_managed_ssl_certificate.default",
            "module.loadbalancer.google_compute_ssl_policy.modern",
            "module.loadbalancer.google_compute_url_map.default",
            "module.network.google_compute_firewall.allow_egress_to_admin",
            "module.network.google_compute_firewall.allow_from_admin",
            "module.network.google_compute_firewall.allow_internal",
            "module.network.google_compute_firewall.allow_internet_egress",
            "module.network.google_compute_firewall.block_inter_region",
            "module.network.google_compute_network.vpc",
            "module.network.google_compute_router.router",
            "module.network.google_compute_router_nat.nat",
            "module.network.google_compute_subnetwork.subnet"
          ]
        }
      ]
    },
    {
      "module": "module.loadbalancer",
      "mode": "managed",
      "type": "google_compute_url_map",
      "name": "default",
      "provider": "provider[\"registry.terraform.io/hashicorp/google\"]",
      "instances": [
        {
          "schema_version": 0,
          "attributes": {
            "creation_timestamp": "2025-05-27T11:14:29.003-07:00",
            "default_route_action": [],
            "default_service": "https://www.googleapis.com/compute/v1/projects/uporto-cd/global/backendServices/uporto-cd-backend-service",
            "default_url_redirect": [],
            "description": "",
            "fingerprint": "8NjVMFA-LaE=",
            "header_action": [],
            "host_rule": [],
            "id": "projects/uporto-cd/global/urlMaps/uporto-cd-url-map",
            "map_id": 5657125613033209835,
            "name": "uporto-cd-url-map",
            "path_matcher": [],
            "project": "uporto-cd",
            "self_link": "https://www.googleapis.com/compute/v1/projects/uporto-cd/global/urlMaps/uporto-cd-url-map",
            "test": [],
            "timeouts": null
          },
          "sensitive_attributes": [],
          "private": "eyJlMmJmYjczMC1lY2FhLTExZTYtOGY4OC0zNDM2M2JjN2M0YzAiOnsiY3JlYXRlIjoxMjAwMDAwMDAwMDAwLCJkZWxldGUiOjEyMDAwMDAwMDAwMDAsInVwZGF0ZSI6MTIwMDAwMDAwMDAwMH19",
          "dependencies": [
            "module.admin.google_compute_network.admin_vpc",
            "module.admin.google_compute_subnetwork.admin_subnet",
            "module.gke.google_container_cluster.cluster",
            "module.gke.google_container_node_pool.primary",
            "module.gke.google_project_service.compute_api",
            "module.gke.google_project_service.container_api",
            "module.loadbalancer.google_compute_backend_service.default",
            "module.loadbalancer.google_compute_health_check.default",
            "module.network.google_compute_firewall.allow_egress_to_admin",
            "module.network.google_compute_firewall.allow_from_admin",
            "module.network.google_compute_firewall.allow_internal",
            "module.network.google_compute_firewall.allow_internet_egress",
            "module.network.google_compute_firewall.block_inter_region",
            "module.network.google_compute_network.vpc",
            "module.network.google_compute_router.router",
            "module.network.google_compute_router_nat.nat",
            "module.network.google_compute_subnetwork.subnet"
          ]
        }
      ]
    },
    {
      "module": "module.loadbalancer",
      "mode": "managed",
      "type": "google_dns_managed_zone",
      "name": "default",
      "provider": "provider[\"registry.terraform.io/hashicorp/google\"]",
      "instances": [
        {
          "index_key": 0,
          "schema_version": 0,
          "attributes": {
            "cloud_logging_config": [
              {
                "enable_logging": false
              }
            ],
            "creation_time": "2025-05-27T18:13:59.269Z",
            "description": "DNS zone for uporto-cd - adm-cdn.pt",
            "dns_name": "adm-cdn.pt.",
            "dnssec_config": [
              {
                "default_key_specs": [
                  {
                    "algorithm": "rsasha256",
                    "key_length": 2048,
                    "key_type": "keySigning",
                    "kind": "dns#dnsKeySpec"
                  },
                  {
                    "algorithm": "rsasha256",
                    "key_length": 1024,
                    "key_type": "zoneSigning",
                    "kind": "dns#dnsKeySpec"
                  }
                ],
                "kind": "dns#managedZoneDnsSecConfig",
                "non_existence": "nsec3",
                "state": "on"
              }
            ],
            "force_destroy": false,
            "forwarding_config": [],
            "id": "projects/uporto-cd/managedZones/uporto-cd-zone",
            "labels": {},
            "managed_zone_id": 3241869372878101464,
            "name": "uporto-cd-zone",
            "name_servers": [
              "ns-cloud-c1.googledomains.com.",
              "ns-cloud-c2.googledomains.com.",
              "ns-cloud-c3.googledomains.com.",
              "ns-cloud-c4.googledomains.com."
            ],
            "peering_config": [],
            "private_visibility_config": [],
            "project": "uporto-cd",
            "timeouts": null,
            "visibility": "public"
          },
          "sensitive_attributes": [],
          "private": "eyJlMmJmYjczMC1lY2FhLTExZTYtOGY4OC0zNDM2M2JjN2M0YzAiOnsiY3JlYXRlIjoxMjAwMDAwMDAwMDAwLCJkZWxldGUiOjEyMDAwMDAwMDAwMDAsInVwZGF0ZSI6MTIwMDAwMDAwMDAwMH19",
          "dependencies": [
            "module.admin.google_compute_network.admin_vpc",
            "module.admin.google_compute_subnetwork.admin_subnet",
            "module.gke.google_container_cluster.cluster",
            "module.gke.google_container_node_pool.primary",
            "module.gke.google_project_service.compute_api",
            "module.gke.google_project_service.container_api",
            "module.loadbalancer.google_project_service.dns_api",
            "module.network.google_compute_firewall.allow_egress_to_admin",
            "module.network.google_compute_firewall.allow_from_admin",
            "module.network.google_compute_firewall.allow_internal",
            "module.network.google_compute_firewall.allow_internet_egress",
            "module.network.google_compute_firewall.block_inter_region",
            "module.network.google_compute_network.vpc",
            "module.network.google_compute_router.router",
            "module.network.google_compute_router_nat.nat",
            "module.network.google_compute_subnetwork.subnet"
          ]
        }
      ]
    },
    {
      "module": "module.loadbalancer",
      "mode": "managed",
      "type": "google_dns_record_set",
      "name": "caa",
      "provider": "provider[\"registry.terraform.io/hashicorp/google\"]",
      "instances": [
        {
          "index_key": 0,
          "schema_version": 0,
          "attributes": {
            "id": "projects/uporto-cd/managedZones/uporto-cd-zone/rrsets/adm-cdn.pt./CAA",
            "managed_zone": "uporto-cd-zone",
            "name": "adm-cdn.pt.",
            "project": "uporto-cd",
            "routing_policy": [],
            "rrdatas": [
              "0 issue \"pki.goog\"",
              "0 issue \"letsencrypt.org\"",
              "0 iodef \"mailto:admin@adm-cdn.pt\""
            ],
            "ttl": 3600,
            "type": "CAA"
          },
          "sensitive_attributes": [],
          "private": "bnVsbA==",
          "dependencies": [
            "module.admin.google_compute_network.admin_vpc",
            "module.admin.google_compute_subnetwork.admin_subnet",
            "module.gke.google_container_cluster.cluster",
            "module.gke.google_container_node_pool.primary",
            "module.gke.google_project_service.compute_api",
            "module.gke.google_project_service.container_api",
            "module.loadbalancer.google_dns_managed_zone.default",
            "module.loadbalancer.google_project_service.dns_api",
            "module.network.google_compute_firewall.allow_egress_to_admin",
            "module.network.google_compute_firewall.allow_from_admin",
            "module.network.google_compute_firewall.allow_internal",
            "module.network.google_compute_firewall.allow_internet_egress",
            "module.network.google_compute_firewall.block_inter_region",
            "module.network.google_compute_network.vpc",
            "module.network.google_compute_router.router",
            "module.network.google_compute_router_nat.nat",
            "module.network.google_compute_subnetwork.subnet"
          ]
        }
      ]
    },
    {
      "module": "module.loadbalancer",
      "mode": "managed",
      "type": "google_dns_record_set",
      "name": "root",
      "provider": "provider[\"registry.terraform.io/hashicorp/google\"]",
      "instances": [
        {
          "index_key": 0,
          "schema_version": 0,
          "attributes": {
            "id": "projects/uporto-cd/managedZones/uporto-cd-zone/rrsets/adm-cdn.pt./A",
            "managed_zone": "uporto-cd-zone",
            "name": "adm-cdn.pt.",
            "project": "uporto-cd",
            "routing_policy": [],
            "rrdatas": [
              "34.36.103.3"
            ],
            "ttl": 300,
            "type": "A"
          },
          "sensitive_attributes": [],
          "private": "bnVsbA==",
          "dependencies": [
            "module.admin.google_compute_network.admin_vpc",
            "module.admin.google_compute_subnetwork.admin_subnet",
            "module.gke.google_container_cluster.cluster",
            "module.gke.google_container_node_pool.primary",
            "module.gke.google_project_service.compute_api",
            "module.gke.google_project_service.container_api",
            "module.loadbalancer.google_compute_global_address.lb_ip",
            "module.loadbalancer.google_dns_managed_zone.default",
            "module.loadbalancer.google_project_service.dns_api",
            "module.network.google_compute_firewall.allow_egress_to_admin",
            "module.network.google_compute_firewall.allow_from_admin",
            "module.network.google_compute_firewall.allow_internal",
            "module.network.google_compute_firewall.allow_internet_egress",
            "module.network.google_compute_firewall.block_inter_region",
            "module.network.google_compute_network.vpc",
            "module.network.google_compute_router.router",
            "module.network.google_compute_router_nat.nat",
            "module.network.google_compute_subnetwork.subnet"
          ]
        }
      ]
    },
    {
      "module": "module.loadbalancer",
      "mode": "managed",
      "type": "google_dns_record_set",
      "name": "www",
      "provider": "provider[\"registry.terraform.io/hashicorp/google\"]",
      "instances": [
        {
          "index_key": 0,
          "schema_version": 0,
          "attributes": {
            "id": "projects/uporto-cd/managedZones/uporto-cd-zone/rrsets/www.adm-cdn.pt./A",
            "managed_zone": "uporto-cd-zone",
            "name": "www.adm-cdn.pt.",
            "project": "uporto-cd",
            "routing_policy": [],
            "rrdatas": [
              "34.36.103.3"
            ],
            "ttl": 300,
            "type": "A"
          },
          "sensitive_attributes": [],
          "private": "bnVsbA==",
          "dependencies": [
            "module.admin.google_compute_network.admin_vpc",
            "module.admin.google_compute_subnetwork.admin_subnet",
            "module.gke.google_container_cluster.cluster",
            "module.gke.google_container_node_pool.primary",
            "module.gke.google_project_service.compute_api",
            "module.gke.google_project_service.container_api",
            "module.loadbalancer.google_compute_global_address.lb_ip",
            "module.loadbalancer.google_dns_managed_zone.default",
            "module.loadbalancer.google_project_service.dns_api",
            "module.network.google_compute_firewall.allow_egress_to_admin",
            "module.network.google_compute_firewall.allow_from_admin",
            "module.network.google_compute_firewall.allow_internal",
            "module.network.google_compute_firewall.allow_internet_egress",
            "module.network.google_compute_firewall.block_inter_region",
            "module.network.google_compute_network.vpc",
            "module.network.google_compute_router.router",
            "module.network.google_compute_router_nat.nat",
            "module.network.google_compute_subnetwork.subnet"
          ]
        }
      ]
    },
    {
      "module": "module.loadbalancer",
      "mode": "managed",
      "type": "google_project_service",
      "name": "compute_api",
      "provider": "provider[\"registry.terraform.io/hashicorp/google\"]",
      "instances": [
        {
          "schema_version": 0,
          "attributes": {
            "disable_dependent_services": null,
            "disable_on_destroy": false,
            "id": "uporto-cd/compute.googleapis.com",
            "project": "uporto-cd",
            "service": "compute.googleapis.com",
            "timeouts": null
          },
          "sensitive_attributes": [],
          "private": "eyJlMmJmYjczMC1lY2FhLTExZTYtOGY4OC0zNDM2M2JjN2M0YzAiOnsiY3JlYXRlIjoxMjAwMDAwMDAwMDAwLCJkZWxldGUiOjEyMDAwMDAwMDAwMDAsInJlYWQiOjYwMDAwMDAwMDAwMCwidXBkYXRlIjoxMjAwMDAwMDAwMDAwfX0=",
          "dependencies": [
            "module.admin.google_compute_network.admin_vpc",
            "module.admin.google_compute_subnetwork.admin_subnet",
            "module.gke.google_container_cluster.cluster",
            "module.gke.google_container_node_pool.primary",
            "module.gke.google_project_service.compute_api",
            "module.gke.google_project_service.container_api",
            "module.network.google_compute_firewall.allow_egress_to_admin",
            "module.network.google_compute_firewall.allow_from_admin",
            "module.network.google_compute_firewall.allow_internal",
            "module.network.google_compute_firewall.allow_internet_egress",
            "module.network.google_compute_firewall.block_inter_region",
            "module.network.google_compute_network.vpc",
            "module.network.google_compute_router.router",
            "module.network.google_compute_router_nat.nat",
            "module.network.google_compute_subnetwork.subnet"
          ]
        }
      ]
    },
    {
      "module": "module.loadbalancer",
      "mode": "managed",
      "type": "google_project_service",
      "name": "dns_api",
      "provider": "provider[\"registry.terraform.io/hashicorp/google\"]",
      "instances": [
        {
          "schema_version": 0,
          "attributes": {
            "disable_dependent_services": null,
            "disable_on_destroy": false,
            "id": "uporto-cd/dns.googleapis.com",
            "project": "uporto-cd",
            "service": "dns.googleapis.com",
            "timeouts": null
          },
          "sensitive_attributes": [],
          "private": "eyJlMmJmYjczMC1lY2FhLTExZTYtOGY4OC0zNDM2M2JjN2M0YzAiOnsiY3JlYXRlIjoxMjAwMDAwMDAwMDAwLCJkZWxldGUiOjEyMDAwMDAwMDAwMDAsInJlYWQiOjYwMDAwMDAwMDAwMCwidXBkYXRlIjoxMjAwMDAwMDAwMDAwfX0=",
          "dependencies": [
            "module.admin.google_compute_network.admin_vpc",
            "module.admin.google_compute_subnetwork.admin_subnet",
            "module.gke.google_container_cluster.cluster",
            "module.gke.google_container_node_pool.primary",
            "module.gke.google_project_service.compute_api",
            "module.gke.google_project_service.container_api",
            "module.network.google_compute_firewall.allow_egress_to_admin",
            "module.network.google_compute_firewall.allow_from_admin",
            "module.network.google_compute_firewall.allow_internal",
            "module.network.google_compute_firewall.allow_internet_egress",
            "module.network.google_compute_firewall.block_inter_region",
            "module.network.google_compute_network.vpc",
            "module.network.google_compute_router.router",
            "module.network.google_compute_router_nat.nat",
            "module.network.google_compute_subnetwork.subnet"
          ]
        }
      ]
    },
    {
      "module": "module.network[\"asia-southeast1\"]",
      "mode": "managed",
      "type": "google_compute_firewall",
      "name": "allow_egress_to_admin",
      "provider": "provider[\"registry.terraform.io/hashicorp/google\"]",
      "instances": [
        {
          "schema_version": 1,
          "attributes": {
            "allow": [
              {
                "ports": [],
                "protocol": "tcp"
              }
            ],
            "creation_timestamp": "2025-05-27T10:59:39.957-07:00",
            "deny": [],
            "description": "",
            "destination_ranges": [
              "10.250.0.0/24"
            ],
            "direction": "EGRESS",
            "disabled": false,
            "enable_logging": null,
            "id": "projects/uporto-cd/global/firewalls/uporto-cd-allow-egress-to-admin-asia-southeast1",
            "log_config": [],
            "name": "uporto-cd-allow-egress-to-admin-asia-southeast1",
            "network": "https://www.googleapis.com/compute/v1/projects/uporto-cd/global/networks/uporto-cd-vpc-asia-southeast1",
            "priority": 1000,
            "project": "uporto-cd",
            "self_link": "https://www.googleapis.com/compute/v1/projects/uporto-cd/global/firewalls/uporto-cd-allow-egress-to-admin-asia-southeast1",
            "source_ranges": [],
            "source_service_accounts": [],
            "source_tags": [],
            "target_service_accounts": [],
            "target_tags": [],
            "timeouts": null
          },
          "sensitive_attributes": [],
          "private": "eyJlMmJmYjczMC1lY2FhLTExZTYtOGY4OC0zNDM2M2JjN2M0YzAiOnsiY3JlYXRlIjoxMjAwMDAwMDAwMDAwLCJkZWxldGUiOjEyMDAwMDAwMDAwMDAsInVwZGF0ZSI6MTIwMDAwMDAwMDAwMH0sInNjaGVtYV92ZXJzaW9uIjoiMSJ9",
          "dependencies": [
            "module.admin.google_compute_network.admin_vpc",
            "module.admin.google_compute_subnetwork.admin_subnet",
            "module.network.google_compute_network.vpc"
          ]
        }
      ]
    },
    {
      "module": "module.network[\"asia-southeast1\"]",
      "mode": "managed",
      "type": "google_compute_firewall",
      "name": "allow_from_admin",
      "provider": "provider[\"registry.terraform.io/hashicorp/google\"]",
      "instances": [
        {
          "schema_version": 1,
          "attributes": {
            "allow": [
              {
                "ports": [],
                "protocol": "all"
              }
            ],
            "creation_timestamp": "2025-05-27T10:59:39.977-07:00",
            "deny": [],
            "description": "",
            "destination_ranges": [],
            "direction": "INGRESS",
            "disabled": false,
            "enable_logging": null,
            "id": "projects/uporto-cd/global/firewalls/uporto-cd-allow-from-admin-asia-southeast1",
            "log_config": [],
            "name": "uporto-cd-allow-from-admin-asia-southeast1",
            "network": "https://www.googleapis.com/compute/v1/projects/uporto-cd/global/networks/uporto-cd-vpc-asia-southeast1",
            "priority": 1000,
            "project": "uporto-cd",
            "self_link": "https://www.googleapis.com/compute/v1/projects/uporto-cd/global/firewalls/uporto-cd-allow-from-admin-asia-southeast1",
            "source_ranges": [
              "10.250.0.0/24"
            ],
            "source_service_accounts": [],
            "source_tags": [],
            "target_service_accounts": [],
            "target_tags": [],
            "timeouts": null
          },
          "sensitive_attributes": [],
          "private": "eyJlMmJmYjczMC1lY2FhLTExZTYtOGY4OC0zNDM2M2JjN2M0YzAiOnsiY3JlYXRlIjoxMjAwMDAwMDAwMDAwLCJkZWxldGUiOjEyMDAwMDAwMDAwMDAsInVwZGF0ZSI6MTIwMDAwMDAwMDAwMH0sInNjaGVtYV92ZXJzaW9uIjoiMSJ9",
          "dependencies": [
            "module.admin.google_compute_network.admin_vpc",
            "module.admin.google_compute_subnetwork.admin_subnet",
            "module.network.google_compute_network.vpc"
          ]
        }
      ]
    },
    {
      "module": "module.network[\"asia-southeast1\"]",
      "mode": "managed",
      "type": "google_compute_firewall",
      "name": "allow_internal",
      "provider": "provider[\"registry.terraform.io/hashicorp/google\"]",
      "instances": [
        {
          "schema_version": 1,
          "attributes": {
            "allow": [
              {
                "ports": [],
                "protocol": "all"
              }
            ],
            "creation_timestamp": "2025-05-27T10:44:08.479-07:00",
            "deny": [],
            "description": "",
            "destination_ranges": [],
            "direction": "INGRESS",
            "disabled": false,
            "enable_logging": null,
            "id": "projects/uporto-cd/global/firewalls/uporto-cd-allow-internal-asia-southeast1",
            "log_config": [],
            "name": "uporto-cd-allow-internal-asia-southeast1",
            "network": "https://www.googleapis.com/compute/v1/projects/uporto-cd/global/networks/uporto-cd-vpc-asia-southeast1",
            "priority": 1000,
            "project": "uporto-cd",
            "self_link": "https://www.googleapis.com/compute/v1/projects/uporto-cd/global/firewalls/uporto-cd-allow-internal-asia-southeast1",
            "source_ranges": [
              "10.3.0.0/20"
            ],
            "source_service_accounts": [],
            "source_tags": [],
            "target_service_accounts": [],
            "target_tags": [],
            "timeouts": null
          },
          "sensitive_attributes": [],
          "private": "eyJlMmJmYjczMC1lY2FhLTExZTYtOGY4OC0zNDM2M2JjN2M0YzAiOnsiY3JlYXRlIjoxMjAwMDAwMDAwMDAwLCJkZWxldGUiOjEyMDAwMDAwMDAwMDAsInVwZGF0ZSI6MTIwMDAwMDAwMDAwMH0sInNjaGVtYV92ZXJzaW9uIjoiMSJ9",
          "dependencies": [
            "module.network.google_compute_network.vpc",
            "module.network.google_compute_subnetwork.subnet"
          ]
        }
      ]
    },
    {
      "module": "module.network[\"asia-southeast1\"]",
      "mode": "managed",
      "type": "google_compute_firewall",
      "name": "allow_internet_egress",
      "provider": "provider[\"registry.terraform.io/hashicorp/google\"]",
      "instances": [
        {
          "schema_version": 1,
          "attributes": {
            "allow": [
              {
                "ports": [
                  "443",
                  "80"
                ],
                "protocol": "tcp"
              }
            ],
            "creation_timestamp": "2025-05-27T10:43:39.573-07:00",
            "deny": [],
            "description": "",
            "destination_ranges": [
              "0.0.0.0/0"
            ],
            "direction": "EGRESS",
            "disabled": false,
            "enable_logging": null,
            "id": "projects/uporto-cd/global/firewalls/uporto-cd-allow-internet-egress-asia-southeast1",
            "log_config": [],
            "name": "uporto-cd-allow-internet-egress-asia-southeast1",
            "network": "https://www.googleapis.com/compute/v1/projects/uporto-cd/global/networks/uporto-cd-vpc-asia-southeast1",
            "priority": 1000,
            "project": "uporto-cd",
            "self_link": "https://www.googleapis.com/compute/v1/projects/uporto-cd/global/firewalls/uporto-cd-allow-internet-egress-asia-southeast1",
            "source_ranges": [],
            "source_service_accounts": [],
            "source_tags": [],
            "target_service_accounts": [],
            "target_tags": [],
            "timeouts": null
          },
          "sensitive_attributes": [],
          "private": "eyJlMmJmYjczMC1lY2FhLTExZTYtOGY4OC0zNDM2M2JjN2M0YzAiOnsiY3JlYXRlIjoxMjAwMDAwMDAwMDAwLCJkZWxldGUiOjEyMDAwMDAwMDAwMDAsInVwZGF0ZSI6MTIwMDAwMDAwMDAwMH0sInNjaGVtYV92ZXJzaW9uIjoiMSJ9",
          "dependencies": [
            "module.network.google_compute_network.vpc"
          ]
        }
      ]
    },
    {
      "module": "module.network[\"asia-southeast1\"]",
      "mode": "managed",
      "type": "google_compute_firewall",
      "name": "block_inter_region",
      "provider": "provider[\"registry.terraform.io/hashicorp/google\"]",
      "instances": [
        {
          "schema_version": 1,
          "attributes": {
            "allow": [],
            "creation_timestamp": "2025-05-27T10:44:08.506-07:00",
            "deny": [
              {
                "ports": [],
                "protocol": "all"
              }
            ],
            "description": "",
            "destination_ranges": [
              "10.3.0.0/20"
            ],
            "direction": "INGRESS",
            "disabled": false,
            "enable_logging": null,
            "id": "projects/uporto-cd/global/firewalls/uporto-cd-block-inter-region-asia-southeast1",
            "log_config": [],
            "name": "uporto-cd-block-inter-region-asia-southeast1",
            "network": "https://www.googleapis.com/compute/v1/projects/uporto-cd/global/networks/uporto-cd-vpc-asia-southeast1",
            "priority": 2000,
            "project": "uporto-cd",
            "self_link": "https://www.googleapis.com/compute/v1/projects/uporto-cd/global/firewalls/uporto-cd-block-inter-region-asia-southeast1",
            "source_ranges": [
              "10.1.0.0/20",
              "10.2.0.0/20"
            ],
            "source_service_accounts": [],
            "source_tags": [],
            "target_service_accounts": [],
            "target_tags": [],
            "timeouts": null
          },
          "sensitive_attributes": [],
          "private": "eyJlMmJmYjczMC1lY2FhLTExZTYtOGY4OC0zNDM2M2JjN2M0YzAiOnsiY3JlYXRlIjoxMjAwMDAwMDAwMDAwLCJkZWxldGUiOjEyMDAwMDAwMDAwMDAsInVwZGF0ZSI6MTIwMDAwMDAwMDAwMH0sInNjaGVtYV92ZXJzaW9uIjoiMSJ9",
          "dependencies": [
            "module.network.google_compute_network.vpc",
            "module.network.google_compute_subnetwork.subnet"
          ]
        }
      ]
    },
    {
      "module": "module.network[\"asia-southeast1\"]",
      "mode": "managed",
      "type": "google_compute_network",
      "name": "vpc",
      "provider": "provider[\"registry.terraform.io/hashicorp/google\"]",
      "instances": [
        {
          "schema_version": 0,
          "attributes": {
            "auto_create_subnetworks": false,
            "delete_default_routes_on_create": false,
            "description": "VPC network for uporto-cd in asia-southeast1",
            "enable_ula_internal_ipv6": false,
            "gateway_ipv4": "",
            "id": "projects/uporto-cd/global/networks/uporto-cd-vpc-asia-southeast1",
            "internal_ipv6_range": "",
            "mtu": 0,
            "name": "uporto-cd-vpc-asia-southeast1",
            "network_firewall_policy_enforcement_order": "AFTER_CLASSIC_FIREWALL",
            "project": "uporto-cd",
            "routing_mode": "REGIONAL",
            "self_link": "https://www.googleapis.com/compute/v1/projects/uporto-cd/global/networks/uporto-cd-vpc-asia-southeast1",
            "timeouts": null
          },
          "sensitive_attributes": [],
          "private": "eyJlMmJmYjczMC1lY2FhLTExZTYtOGY4OC0zNDM2M2JjN2M0YzAiOnsiY3JlYXRlIjoxMjAwMDAwMDAwMDAwLCJkZWxldGUiOjEyMDAwMDAwMDAwMDAsInVwZGF0ZSI6MTIwMDAwMDAwMDAwMH19"
        }
      ]
    },
    {
      "module": "module.network[\"asia-southeast1\"]",
      "mode": "managed",
      "type": "google_compute_router",
      "name": "router",
      "provider": "provider[\"registry.terraform.io/hashicorp/google\"]",
      "instances": [
        {
          "schema_version": 0,
          "attributes": {
            "bgp": [],
            "creation_timestamp": "2025-05-27T10:43:41.431-07:00",
            "description": "",
            "encrypted_interconnect_router": false,
            "id": "projects/uporto-cd/regions/asia-southeast1/routers/uporto-cd-router-asia-southeast1",
            "name": "uporto-cd-router-asia-southeast1",
            "network": "https://www.googleapis.com/compute/v1/projects/uporto-cd/global/networks/uporto-cd-vpc-asia-southeast1",
            "project": "uporto-cd",
            "region": "asia-southeast1",
            "self_link": "https://www.googleapis.com/compute/v1/projects/uporto-cd/regions/asia-southeast1/routers/uporto-cd-router-asia-southeast1",
            "timeouts": null
          },
          "sensitive_attributes": [],
          "private": "eyJlMmJmYjczMC1lY2FhLTExZTYtOGY4OC0zNDM2M2JjN2M0YzAiOnsiY3JlYXRlIjoxMjAwMDAwMDAwMDAwLCJkZWxldGUiOjEyMDAwMDAwMDAwMDAsInVwZGF0ZSI6MTIwMDAwMDAwMDAwMH19",
          "dependencies": [
            "module.network.google_compute_network.vpc"
          ]
        }
      ]
    },
    {
      "module": "module.network[\"asia-southeast1\"]",
      "mode": "managed",
      "type": "google_compute_router_nat",
      "name": "nat",
      "provider": "provider[\"registry.terraform.io/hashicorp/google\"]",
      "instances": [
        {
          "schema_version": 0,
          "attributes": {
            "drain_nat_ips": [],
            "enable_dynamic_port_allocation": false,
            "enable_endpoint_independent_mapping": true,
            "icmp_idle_timeout_sec": 30,
            "id": "uporto-cd/asia-southeast1/uporto-cd-router-asia-southeast1/uporto-cd-nat-asia-southeast1",
            "log_config": [
              {
                "enable": true,
                "filter": "ERRORS_ONLY"
              }
            ],
            "max_ports_per_vm": 0,
            "min_ports_per_vm": 0,
            "name": "uporto-cd-nat-asia-southeast1",
            "nat_ip_allocate_option": "AUTO_ONLY",
            "nat_ips": [],
            "project": "uporto-cd",
            "region": "asia-southeast1",
            "router": "uporto-cd-router-asia-southeast1",
            "rules": [],
            "source_subnetwork_ip_ranges_to_nat": "ALL_SUBNETWORKS_ALL_IP_RANGES",
            "subnetwork": [],
            "tcp_established_idle_timeout_sec": 1200,
            "tcp_time_wait_timeout_sec": 120,
            "tcp_transitory_idle_timeout_sec": 30,
            "timeouts": null,
            "udp_idle_timeout_sec": 30
          },
          "sensitive_attributes": [],
          "private": "eyJlMmJmYjczMC1lY2FhLTExZTYtOGY4OC0zNDM2M2JjN2M0YzAiOnsiY3JlYXRlIjoxMjAwMDAwMDAwMDAwLCJkZWxldGUiOjEyMDAwMDAwMDAwMDAsInVwZGF0ZSI6MTIwMDAwMDAwMDAwMH19",
          "dependencies": [
            "module.network.google_compute_network.vpc",
            "module.network.google_compute_router.router"
          ]
        }
      ]
    },
    {
      "module": "module.network[\"asia-southeast1\"]",
      "mode": "managed",
      "type": "google_compute_subnetwork",
      "name": "subnet",
      "provider": "provider[\"registry.terraform.io/hashicorp/google\"]",
      "instances": [
        {
          "schema_version": 0,
          "attributes": {
            "creation_timestamp": "2025-05-27T10:43:41.703-07:00",
            "description": "Subnet for uporto-cd in asia-southeast1",
            "external_ipv6_prefix": "",
            "fingerprint": null,
            "gateway_address": "10.3.0.1",
            "id": "projects/uporto-cd/regions/asia-southeast1/subnetworks/uporto-cd-subnet-asia-southeast1",
            "internal_ipv6_prefix": "",
            "ip_cidr_range": "10.3.0.0/20",
            "ipv6_access_type": "",
            "ipv6_cidr_range": "",
            "log_config": [
              {
                "aggregation_interval": "INTERVAL_5_SEC",
                "filter_expr": "true",
                "flow_sampling": 0.5,
                "metadata": "INCLUDE_ALL_METADATA",
                "metadata_fields": []
              }
            ],
            "name": "uporto-cd-subnet-asia-southeast1",
            "network": "https://www.googleapis.com/compute/v1/projects/uporto-cd/global/networks/uporto-cd-vpc-asia-southeast1",
            "private_ip_google_access": true,
            "private_ipv6_google_access": "DISABLE_GOOGLE_ACCESS",
            "project": "uporto-cd",
            "purpose": "PRIVATE",
            "region": "asia-southeast1",
            "role": "",
            "secondary_ip_range": [
              {
                "ip_cidr_range": "10.103.0.0/16",
                "range_name": "gke-uporto-cd-gke-asia-southeast1-pods-1e72842b"
              },
              {
                "ip_cidr_range": "10.203.0.0/16",
                "range_name": "gke-uporto-cd-gke-asia-southeast1-services-1e72842b"
              }
            ],
            "self_link": "https://www.googleapis.com/compute/v1/projects/uporto-cd/regions/asia-southeast1/subnetworks/uporto-cd-subnet-asia-southeast1",
            "stack_type": "IPV4_ONLY",
            "timeouts": null
          },
          "sensitive_attributes": [],
          "private": "eyJlMmJmYjczMC1lY2FhLTExZTYtOGY4OC0zNDM2M2JjN2M0YzAiOnsiY3JlYXRlIjoxMjAwMDAwMDAwMDAwLCJkZWxldGUiOjEyMDAwMDAwMDAwMDAsInVwZGF0ZSI6MTIwMDAwMDAwMDAwMH19",
          "dependencies": [
            "module.network.google_compute_network.vpc"
          ]
        }
      ]
    },
    {
      "module": "module.network[\"europe-west2\"]",
      "mode": "managed",
      "type": "google_compute_firewall",
      "name": "allow_egress_to_admin",
      "provider": "provider[\"registry.terraform.io/hashicorp/google\"]",
      "instances": [
        {
          "schema_version": 1,
          "attributes": {
            "allow": [
              {
                "ports": [],
                "protocol": "tcp"
              }
            ],
            "creation_timestamp": "2025-05-27T10:59:39.962-07:00",
            "deny": [],
            "description": "",
            "destination_ranges": [
              "10.250.0.0/24"
            ],
            "direction": "EGRESS",
            "disabled": false,
            "enable_logging": null,
            "id": "projects/uporto-cd/global/firewalls/uporto-cd-allow-egress-to-admin-europe-west2",
            "log_config": [],
            "name": "uporto-cd-allow-egress-to-admin-europe-west2",
            "network": "https://www.googleapis.com/compute/v1/projects/uporto-cd/global/networks/uporto-cd-vpc-europe-west2",
            "priority": 1000,
            "project": "uporto-cd",
            "self_link": "https://www.googleapis.com/compute/v1/projects/uporto-cd/global/firewalls/uporto-cd-allow-egress-to-admin-europe-west2",
            "source_ranges": [],
            "source_service_accounts": [],
            "source_tags": [],
            "target_service_accounts": [],
            "target_tags": [],
            "timeouts": null
          },
          "sensitive_attributes": [],
          "private": "eyJlMmJmYjczMC1lY2FhLTExZTYtOGY4OC0zNDM2M2JjN2M0YzAiOnsiY3JlYXRlIjoxMjAwMDAwMDAwMDAwLCJkZWxldGUiOjEyMDAwMDAwMDAwMDAsInVwZGF0ZSI6MTIwMDAwMDAwMDAwMH0sInNjaGVtYV92ZXJzaW9uIjoiMSJ9",
          "dependencies": [
            "module.admin.google_compute_network.admin_vpc",
            "module.admin.google_compute_subnetwork.admin_subnet",
            "module.network.google_compute_network.vpc"
          ]
        }
      ]
    },
    {
      "module": "module.network[\"europe-west2\"]",
      "mode": "managed",
      "type": "google_compute_firewall",
      "name": "allow_from_admin",
      "provider": "provider[\"registry.terraform.io/hashicorp/google\"]",
      "instances": [
        {
          "schema_version": 1,
          "attributes": {
            "allow": [
              {
                "ports": [],
                "protocol": "all"
              }
            ],
            "creation_timestamp": "2025-05-27T10:59:39.979-07:00",
            "deny": [],
            "description": "",
            "destination_ranges": [],
            "direction": "INGRESS",
            "disabled": false,
            "enable_logging": null,
            "id": "projects/uporto-cd/global/firewalls/uporto-cd-allow-from-admin-europe-west2",
            "log_config": [],
            "name": "uporto-cd-allow-from-admin-europe-west2",
            "network": "https://www.googleapis.com/compute/v1/projects/uporto-cd/global/networks/uporto-cd-vpc-europe-west2",
            "priority": 1000,
            "project": "uporto-cd",
            "self_link": "https://www.googleapis.com/compute/v1/projects/uporto-cd/global/firewalls/uporto-cd-allow-from-admin-europe-west2",
            "source_ranges": [
              "10.250.0.0/24"
            ],
            "source_service_accounts": [],
            "source_tags": [],
            "target_service_accounts": [],
            "target_tags": [],
            "timeouts": null
          },
          "sensitive_attributes": [],
          "private": "eyJlMmJmYjczMC1lY2FhLTExZTYtOGY4OC0zNDM2M2JjN2M0YzAiOnsiY3JlYXRlIjoxMjAwMDAwMDAwMDAwLCJkZWxldGUiOjEyMDAwMDAwMDAwMDAsInVwZGF0ZSI6MTIwMDAwMDAwMDAwMH0sInNjaGVtYV92ZXJzaW9uIjoiMSJ9",
          "dependencies": [
            "module.admin.google_compute_network.admin_vpc",
            "module.admin.google_compute_subnetwork.admin_subnet",
            "module.network.google_compute_network.vpc"
          ]
        }
      ]
    },
    {
      "module": "module.network[\"europe-west2\"]",
      "mode": "managed",
      "type": "google_compute_firewall",
      "name": "allow_internal",
      "provider": "provider[\"registry.terraform.io/hashicorp/google\"]",
      "instances": [
        {
          "schema_version": 1,
          "attributes": {
            "allow": [
              {
                "ports": [],
                "protocol": "all"
              }
            ],
            "creation_timestamp": "2025-05-27T10:44:08.462-07:00",
            "deny": [],
            "description": "",
            "destination_ranges": [],
            "direction": "INGRESS",
            "disabled": false,
            "enable_logging": null,
            "id": "projects/uporto-cd/global/firewalls/uporto-cd-allow-internal-europe-west2",
            "log_config": [],
            "name": "uporto-cd-allow-internal-europe-west2",
            "network": "https://www.googleapis.com/compute/v1/projects/uporto-cd/global/networks/uporto-cd-vpc-europe-west2",
            "priority": 1000,
            "project": "uporto-cd",
            "self_link": "https://www.googleapis.com/compute/v1/projects/uporto-cd/global/firewalls/uporto-cd-allow-internal-europe-west2",
            "source_ranges": [
              "10.1.0.0/20"
            ],
            "source_service_accounts": [],
            "source_tags": [],
            "target_service_accounts": [],
            "target_tags": [],
            "timeouts": null
          },
          "sensitive_attributes": [],
          "private": "eyJlMmJmYjczMC1lY2FhLTExZTYtOGY4OC0zNDM2M2JjN2M0YzAiOnsiY3JlYXRlIjoxMjAwMDAwMDAwMDAwLCJkZWxldGUiOjEyMDAwMDAwMDAwMDAsInVwZGF0ZSI6MTIwMDAwMDAwMDAwMH0sInNjaGVtYV92ZXJzaW9uIjoiMSJ9",
          "dependencies": [
            "module.network.google_compute_network.vpc",
            "module.network.google_compute_subnetwork.subnet"
          ]
        }
      ]
    },
    {
      "module": "module.network[\"europe-west2\"]",
      "mode": "managed",
      "type": "google_compute_firewall",
      "name": "allow_internet_egress",
      "provider": "provider[\"registry.terraform.io/hashicorp/google\"]",
      "instances": [
        {
          "schema_version": 1,
          "attributes": {
            "allow": [
              {
                "ports": [
                  "443",
                  "80"
                ],
                "protocol": "tcp"
              }
            ],
            "creation_timestamp": "2025-05-27T10:43:39.578-07:00",
            "deny": [],
            "description": "",
            "destination_ranges": [
              "0.0.0.0/0"
            ],
            "direction": "EGRESS",
            "disabled": false,
            "enable_logging": null,
            "id": "projects/uporto-cd/global/firewalls/uporto-cd-allow-internet-egress-europe-west2",
            "log_config": [],
            "name": "uporto-cd-allow-internet-egress-europe-west2",
            "network": "https://www.googleapis.com/compute/v1/projects/uporto-cd/global/networks/uporto-cd-vpc-europe-west2",
            "priority": 1000,
            "project": "uporto-cd",
            "self_link": "https://www.googleapis.com/compute/v1/projects/uporto-cd/global/firewalls/uporto-cd-allow-internet-egress-europe-west2",
            "source_ranges": [],
            "source_service_accounts": [],
            "source_tags": [],
            "target_service_accounts": [],
            "target_tags": [],
            "timeouts": null
          },
          "sensitive_attributes": [],
          "private": "eyJlMmJmYjczMC1lY2FhLTExZTYtOGY4OC0zNDM2M2JjN2M0YzAiOnsiY3JlYXRlIjoxMjAwMDAwMDAwMDAwLCJkZWxldGUiOjEyMDAwMDAwMDAwMDAsInVwZGF0ZSI6MTIwMDAwMDAwMDAwMH0sInNjaGVtYV92ZXJzaW9uIjoiMSJ9",
          "dependencies": [
            "module.network.google_compute_network.vpc"
          ]
        }
      ]
    },
    {
      "module": "module.network[\"europe-west2\"]",
      "mode": "managed",
      "type": "google_compute_firewall",
      "name": "block_inter_region",
      "provider": "provider[\"registry.terraform.io/hashicorp/google\"]",
      "instances": [
        {
          "schema_version": 1,
          "attributes": {
            "allow": [],
            "creation_timestamp": "2025-05-27T10:44:08.497-07:00",
            "deny": [
              {
                "ports": [],
                "protocol": "all"
              }
            ],
            "description": "",
            "destination_ranges": [
              "10.1.0.0/20"
            ],
            "direction": "INGRESS",
            "disabled": false,
            "enable_logging": null,
            "id": "projects/uporto-cd/global/firewalls/uporto-cd-block-inter-region-europe-west2",
            "log_config": [],
            "name": "uporto-cd-block-inter-region-europe-west2",
            "network": "https://www.googleapis.com/compute/v1/projects/uporto-cd/global/networks/uporto-cd-vpc-europe-west2",
            "priority": 2000,
            "project": "uporto-cd",
            "self_link": "https://www.googleapis.com/compute/v1/projects/uporto-cd/global/firewalls/uporto-cd-block-inter-region-europe-west2",
            "source_ranges": [
              "10.2.0.0/20",
              "10.3.0.0/20"
            ],
            "source_service_accounts": [],
            "source_tags": [],
            "target_service_accounts": [],
            "target_tags": [],
            "timeouts": null
          },
          "sensitive_attributes": [],
          "private": "eyJlMmJmYjczMC1lY2FhLTExZTYtOGY4OC0zNDM2M2JjN2M0YzAiOnsiY3JlYXRlIjoxMjAwMDAwMDAwMDAwLCJkZWxldGUiOjEyMDAwMDAwMDAwMDAsInVwZGF0ZSI6MTIwMDAwMDAwMDAwMH0sInNjaGVtYV92ZXJzaW9uIjoiMSJ9",
          "dependencies": [
            "module.network.google_compute_network.vpc",
            "module.network.google_compute_subnetwork.subnet"
          ]
        }
      ]
    },
    {
      "module": "module.network[\"europe-west2\"]",
      "mode": "managed",
      "type": "google_compute_network",
      "name": "vpc",
      "provider": "provider[\"registry.terraform.io/hashicorp/google\"]",
      "instances": [
        {
          "schema_version": 0,
          "attributes": {
            "auto_create_subnetworks": false,
            "delete_default_routes_on_create": false,
            "description": "VPC network for uporto-cd in europe-west2",
            "enable_ula_internal_ipv6": false,
            "gateway_ipv4": "",
            "id": "projects/uporto-cd/global/networks/uporto-cd-vpc-europe-west2",
            "internal_ipv6_range": "",
            "mtu": 0,
            "name": "uporto-cd-vpc-europe-west2",
            "network_firewall_policy_enforcement_order": "AFTER_CLASSIC_FIREWALL",
            "project": "uporto-cd",
            "routing_mode": "REGIONAL",
            "self_link": "https://www.googleapis.com/compute/v1/projects/uporto-cd/global/networks/uporto-cd-vpc-europe-west2",
            "timeouts": null
          },
          "sensitive_attributes": [],
          "private": "eyJlMmJmYjczMC1lY2FhLTExZTYtOGY4OC0zNDM2M2JjN2M0YzAiOnsiY3JlYXRlIjoxMjAwMDAwMDAwMDAwLCJkZWxldGUiOjEyMDAwMDAwMDAwMDAsInVwZGF0ZSI6MTIwMDAwMDAwMDAwMH19"
        }
      ]
    },
    {
      "module": "module.network[\"europe-west2\"]",
      "mode": "managed",
      "type": "google_compute_router",
      "name": "router",
      "provider": "provider[\"registry.terraform.io/hashicorp/google\"]",
      "instances": [
        {
          "schema_version": 0,
          "attributes": {
            "bgp": [],
            "creation_timestamp": "2025-05-27T10:43:39.517-07:00",
            "description": "",
            "encrypted_interconnect_router": false,
            "id": "projects/uporto-cd/regions/europe-west2/routers/uporto-cd-router-europe-west2",
            "name": "uporto-cd-router-europe-west2",
            "network": "https://www.googleapis.com/compute/v1/projects/uporto-cd/global/networks/uporto-cd-vpc-europe-west2",
            "project": "uporto-cd",
            "region": "europe-west2",
            "self_link": "https://www.googleapis.com/compute/v1/projects/uporto-cd/regions/europe-west2/routers/uporto-cd-router-europe-west2",
            "timeouts": null
          },
          "sensitive_attributes": [],
          "private": "eyJlMmJmYjczMC1lY2FhLTExZTYtOGY4OC0zNDM2M2JjN2M0YzAiOnsiY3JlYXRlIjoxMjAwMDAwMDAwMDAwLCJkZWxldGUiOjEyMDAwMDAwMDAwMDAsInVwZGF0ZSI6MTIwMDAwMDAwMDAwMH19",
          "dependencies": [
            "module.network.google_compute_network.vpc"
          ]
        }
      ]
    },
    {
      "module": "module.network[\"europe-west2\"]",
      "mode": "managed",
      "type": "google_compute_router_nat",
      "name": "nat",
      "provider": "provider[\"registry.terraform.io/hashicorp/google\"]",
      "instances": [
        {
          "schema_version": 0,
          "attributes": {
            "drain_nat_ips": [],
            "enable_dynamic_port_allocation": false,
            "enable_endpoint_independent_mapping": true,
            "icmp_idle_timeout_sec": 30,
            "id": "uporto-cd/europe-west2/uporto-cd-router-europe-west2/uporto-cd-nat-europe-west2",
            "log_config": [
              {
                "enable": true,
                "filter": "ERRORS_ONLY"
              }
            ],
            "max_ports_per_vm": 0,
            "min_ports_per_vm": 0,
            "name": "uporto-cd-nat-europe-west2",
            "nat_ip_allocate_option": "AUTO_ONLY",
            "nat_ips": [],
            "project": "uporto-cd",
            "region": "europe-west2",
            "router": "uporto-cd-router-europe-west2",
            "rules": [],
            "source_subnetwork_ip_ranges_to_nat": "ALL_SUBNETWORKS_ALL_IP_RANGES",
            "subnetwork": [],
            "tcp_established_idle_timeout_sec": 1200,
            "tcp_time_wait_timeout_sec": 120,
            "tcp_transitory_idle_timeout_sec": 30,
            "timeouts": null,
            "udp_idle_timeout_sec": 30
          },
          "sensitive_attributes": [],
          "private": "eyJlMmJmYjczMC1lY2FhLTExZTYtOGY4OC0zNDM2M2JjN2M0YzAiOnsiY3JlYXRlIjoxMjAwMDAwMDAwMDAwLCJkZWxldGUiOjEyMDAwMDAwMDAwMDAsInVwZGF0ZSI6MTIwMDAwMDAwMDAwMH19",
          "dependencies": [
            "module.network.google_compute_network.vpc",
            "module.network.google_compute_router.router"
          ]
        }
      ]
    },
    {
      "module": "module.network[\"europe-west2\"]",
      "mode": "managed",
      "type": "google_compute_subnetwork",
      "name": "subnet",
      "provider": "provider[\"registry.terraform.io/hashicorp/google\"]",
      "instances": [
        {
          "schema_version": 0,
          "attributes": {
            "creation_timestamp": "2025-05-27T10:43:39.892-07:00",
            "description": "Subnet for uporto-cd in europe-west2",
            "external_ipv6_prefix": "",
            "fingerprint": null,
            "gateway_address": "10.1.0.1",
            "id": "projects/uporto-cd/regions/europe-west2/subnetworks/uporto-cd-subnet-europe-west2",
            "internal_ipv6_prefix": "",
            "ip_cidr_range": "10.1.0.0/20",
            "ipv6_access_type": "",
            "ipv6_cidr_range": "",
            "log_config": [
              {
                "aggregation_interval": "INTERVAL_5_SEC",
                "filter_expr": "true",
                "flow_sampling": 0.5,
                "metadata": "INCLUDE_ALL_METADATA",
                "metadata_fields": []
              }
            ],
            "name": "uporto-cd-subnet-europe-west2",
            "network": "https://www.googleapis.com/compute/v1/projects/uporto-cd/global/networks/uporto-cd-vpc-europe-west2",
            "private_ip_google_access": true,
            "private_ipv6_google_access": "DISABLE_GOOGLE_ACCESS",
            "project": "uporto-cd",
            "purpose": "PRIVATE",
            "region": "europe-west2",
            "role": "",
            "secondary_ip_range": [
              {
                "ip_cidr_range": "10.101.0.0/16",
                "range_name": "gke-uporto-cd-gke-europe-west2-pods-f70530ef"
              },
              {
                "ip_cidr_range": "10.201.0.0/16",
                "range_name": "gke-uporto-cd-gke-europe-west2-services-f70530ef"
              }
            ],
            "self_link": "https://www.googleapis.com/compute/v1/projects/uporto-cd/regions/europe-west2/subnetworks/uporto-cd-subnet-europe-west2",
            "stack_type": "IPV4_ONLY",
            "timeouts": null
          },
          "sensitive_attributes": [],
          "private": "eyJlMmJmYjczMC1lY2FhLTExZTYtOGY4OC0zNDM2M2JjN2M0YzAiOnsiY3JlYXRlIjoxMjAwMDAwMDAwMDAwLCJkZWxldGUiOjEyMDAwMDAwMDAwMDAsInVwZGF0ZSI6MTIwMDAwMDAwMDAwMH19",
          "dependencies": [
            "module.network.google_compute_network.vpc"
          ]
        }
      ]
    },
    {
      "module": "module.network[\"us-south1\"]",
      "mode": "managed",
      "type": "google_compute_firewall",
      "name": "allow_egress_to_admin",
      "provider": "provider[\"registry.terraform.io/hashicorp/google\"]",
      "instances": [
        {
          "schema_version": 1,
          "attributes": {
            "allow": [
              {
                "ports": [],
                "protocol": "tcp"
              }
            ],
            "creation_timestamp": "2025-05-27T10:59:40.077-07:00",
            "deny": [],
            "description": "",
            "destination_ranges": [
              "10.250.0.0/24"
            ],
            "direction": "EGRESS",
            "disabled": false,
            "enable_logging": null,
            "id": "projects/uporto-cd/global/firewalls/uporto-cd-allow-egress-to-admin-us-south1",
            "log_config": [],
            "name": "uporto-cd-allow-egress-to-admin-us-south1",
            "network": "https://www.googleapis.com/compute/v1/projects/uporto-cd/global/networks/uporto-cd-vpc-us-south1",
            "priority": 1000,
            "project": "uporto-cd",
            "self_link": "https://www.googleapis.com/compute/v1/projects/uporto-cd/global/firewalls/uporto-cd-allow-egress-to-admin-us-south1",
            "source_ranges": [],
            "source_service_accounts": [],
            "source_tags": [],
            "target_service_accounts": [],
            "target_tags": [],
            "timeouts": null
          },
          "sensitive_attributes": [],
          "private": "eyJlMmJmYjczMC1lY2FhLTExZTYtOGY4OC0zNDM2M2JjN2M0YzAiOnsiY3JlYXRlIjoxMjAwMDAwMDAwMDAwLCJkZWxldGUiOjEyMDAwMDAwMDAwMDAsInVwZGF0ZSI6MTIwMDAwMDAwMDAwMH0sInNjaGVtYV92ZXJzaW9uIjoiMSJ9",
          "dependencies": [
            "module.admin.google_compute_network.admin_vpc",
            "module.admin.google_compute_subnetwork.admin_subnet",
            "module.network.google_compute_network.vpc"
          ]
        }
      ]
    },
    {
      "module": "module.network[\"us-south1\"]",
      "mode": "managed",
      "type": "google_compute_firewall",
      "name": "allow_from_admin",
      "provider": "provider[\"registry.terraform.io/hashicorp/google\"]",
      "instances": [
        {
          "schema_version": 1,
          "attributes": {
            "allow": [
              {
                "ports": [],
                "protocol": "all"
              }
            ],
            "creation_timestamp": "2025-05-27T10:59:39.879-07:00",
            "deny": [],
            "description": "",
            "destination_ranges": [],
            "direction": "INGRESS",
            "disabled": false,
            "enable_logging": null,
            "id": "projects/uporto-cd/global/firewalls/uporto-cd-allow-from-admin-us-south1",
            "log_config": [],
            "name": "uporto-cd-allow-from-admin-us-south1",
            "network": "https://www.googleapis.com/compute/v1/projects/uporto-cd/global/networks/uporto-cd-vpc-us-south1",
            "priority": 1000,
            "project": "uporto-cd",
            "self_link": "https://www.googleapis.com/compute/v1/projects/uporto-cd/global/firewalls/uporto-cd-allow-from-admin-us-south1",
            "source_ranges": [
              "10.250.0.0/24"
            ],
            "source_service_accounts": [],
            "source_tags": [],
            "target_service_accounts": [],
            "target_tags": [],
            "timeouts": null
          },
          "sensitive_attributes": [],
          "private": "eyJlMmJmYjczMC1lY2FhLTExZTYtOGY4OC0zNDM2M2JjN2M0YzAiOnsiY3JlYXRlIjoxMjAwMDAwMDAwMDAwLCJkZWxldGUiOjEyMDAwMDAwMDAwMDAsInVwZGF0ZSI6MTIwMDAwMDAwMDAwMH0sInNjaGVtYV92ZXJzaW9uIjoiMSJ9",
          "dependencies": [
            "module.admin.google_compute_network.admin_vpc",
            "module.admin.google_compute_subnetwork.admin_subnet",
            "module.network.google_compute_network.vpc"
          ]
        }
      ]
    },
    {
      "module": "module.network[\"us-south1\"]",
      "mode": "managed",
      "type": "google_compute_firewall",
      "name": "allow_internal",
      "provider": "provider[\"registry.terraform.io/hashicorp/google\"]",
      "instances": [
        {
          "schema_version": 1,
          "attributes": {
            "allow": [
              {
                "ports": [],
                "protocol": "all"
              }
            ],
            "creation_timestamp": "2025-05-27T10:44:08.496-07:00",
            "deny": [],
            "description": "",
            "destination_ranges": [],
            "direction": "INGRESS",
            "disabled": false,
            "enable_logging": null,
            "id": "projects/uporto-cd/global/firewalls/uporto-cd-allow-internal-us-south1",
            "log_config": [],
            "name": "uporto-cd-allow-internal-us-south1",
            "network": "https://www.googleapis.com/compute/v1/projects/uporto-cd/global/networks/uporto-cd-vpc-us-south1",
            "priority": 1000,
            "project": "uporto-cd",
            "self_link": "https://www.googleapis.com/compute/v1/projects/uporto-cd/global/firewalls/uporto-cd-allow-internal-us-south1",
            "source_ranges": [
              "10.2.0.0/20"
            ],
            "source_service_accounts": [],
            "source_tags": [],
            "target_service_accounts": [],
            "target_tags": [],
            "timeouts": null
          },
          "sensitive_attributes": [],
          "private": "eyJlMmJmYjczMC1lY2FhLTExZTYtOGY4OC0zNDM2M2JjN2M0YzAiOnsiY3JlYXRlIjoxMjAwMDAwMDAwMDAwLCJkZWxldGUiOjEyMDAwMDAwMDAwMDAsInVwZGF0ZSI6MTIwMDAwMDAwMDAwMH0sInNjaGVtYV92ZXJzaW9uIjoiMSJ9",
          "dependencies": [
            "module.network.google_compute_network.vpc",
            "module.network.google_compute_subnetwork.subnet"
          ]
        }
      ]
    },
    {
      "module": "module.network[\"us-south1\"]",
      "mode": "managed",
      "type": "google_compute_firewall",
      "name": "allow_internet_egress",
      "provider": "provider[\"registry.terraform.io/hashicorp/google\"]",
      "instances": [
        {
          "schema_version": 1,
          "attributes": {
            "allow": [
              {
                "ports": [
                  "443",
                  "80"
                ],
                "protocol": "tcp"
              }
            ],
            "creation_timestamp": "2025-05-27T10:43:39.571-07:00",
            "deny": [],
            "description": "",
            "destination_ranges": [
              "0.0.0.0/0"
            ],
            "direction": "EGRESS",
            "disabled": false,
            "enable_logging": null,
            "id": "projects/uporto-cd/global/firewalls/uporto-cd-allow-internet-egress-us-south1",
            "log_config": [],
            "name": "uporto-cd-allow-internet-egress-us-south1",
            "network": "https://www.googleapis.com/compute/v1/projects/uporto-cd/global/networks/uporto-cd-vpc-us-south1",
            "priority": 1000,
            "project": "uporto-cd",
            "self_link": "https://www.googleapis.com/compute/v1/projects/uporto-cd/global/firewalls/uporto-cd-allow-internet-egress-us-south1",
            "source_ranges": [],
            "source_service_accounts": [],
            "source_tags": [],
            "target_service_accounts": [],
            "target_tags": [],
            "timeouts": null
          },
          "sensitive_attributes": [],
          "private": "eyJlMmJmYjczMC1lY2FhLTExZTYtOGY4OC0zNDM2M2JjN2M0YzAiOnsiY3JlYXRlIjoxMjAwMDAwMDAwMDAwLCJkZWxldGUiOjEyMDAwMDAwMDAwMDAsInVwZGF0ZSI6MTIwMDAwMDAwMDAwMH0sInNjaGVtYV92ZXJzaW9uIjoiMSJ9",
          "dependencies": [
            "module.network.google_compute_network.vpc"
          ]
        }
      ]
    },
    {
      "module": "module.network[\"us-south1\"]",
      "mode": "managed",
      "type": "google_compute_firewall",
      "name": "block_inter_region",
      "provider": "provider[\"registry.terraform.io/hashicorp/google\"]",
      "instances": [
        {
          "schema_version": 1,
          "attributes": {
            "allow": [],
            "creation_timestamp": "2025-05-27T10:44:08.448-07:00",
            "deny": [
              {
                "ports": [],
                "protocol": "all"
              }
            ],
            "description": "",
            "destination_ranges": [
              "10.2.0.0/20"
            ],
            "direction": "INGRESS",
            "disabled": false,
            "enable_logging": null,
            "id": "projects/uporto-cd/global/firewalls/uporto-cd-block-inter-region-us-south1",
            "log_config": [],
            "name": "uporto-cd-block-inter-region-us-south1",
            "network": "https://www.googleapis.com/compute/v1/projects/uporto-cd/global/networks/uporto-cd-vpc-us-south1",
            "priority": 2000,
            "project": "uporto-cd",
            "self_link": "https://www.googleapis.com/compute/v1/projects/uporto-cd/global/firewalls/uporto-cd-block-inter-region-us-south1",
            "source_ranges": [
              "10.1.0.0/20",
              "10.3.0.0/20"
            ],
            "source_service_accounts": [],
            "source_tags": [],
            "target_service_accounts": [],
            "target_tags": [],
            "timeouts": null
          },
          "sensitive_attributes": [],
          "private": "eyJlMmJmYjczMC1lY2FhLTExZTYtOGY4OC0zNDM2M2JjN2M0YzAiOnsiY3JlYXRlIjoxMjAwMDAwMDAwMDAwLCJkZWxldGUiOjEyMDAwMDAwMDAwMDAsInVwZGF0ZSI6MTIwMDAwMDAwMDAwMH0sInNjaGVtYV92ZXJzaW9uIjoiMSJ9",
          "dependencies": [
            "module.network.google_compute_network.vpc",
            "module.network.google_compute_subnetwork.subnet"
          ]
        }
      ]
    },
    {
      "module": "module.network[\"us-south1\"]",
      "mode": "managed",
      "type": "google_compute_network",
      "name": "vpc",
      "provider": "provider[\"registry.terraform.io/hashicorp/google\"]",
      "instances": [
        {
          "schema_version": 0,
          "attributes": {
            "auto_create_subnetworks": false,
            "delete_default_routes_on_create": false,
            "description": "VPC network for uporto-cd in us-south1",
            "enable_ula_internal_ipv6": false,
            "gateway_ipv4": "",
            "id": "projects/uporto-cd/global/networks/uporto-cd-vpc-us-south1",
            "internal_ipv6_range": "",
            "mtu": 0,
            "name": "uporto-cd-vpc-us-south1",
            "network_firewall_policy_enforcement_order": "AFTER_CLASSIC_FIREWALL",
            "project": "uporto-cd",
            "routing_mode": "REGIONAL",
            "self_link": "https://www.googleapis.com/compute/v1/projects/uporto-cd/global/networks/uporto-cd-vpc-us-south1",
            "timeouts": null
          },
          "sensitive_attributes": [],
          "private": "eyJlMmJmYjczMC1lY2FhLTExZTYtOGY4OC0zNDM2M2JjN2M0YzAiOnsiY3JlYXRlIjoxMjAwMDAwMDAwMDAwLCJkZWxldGUiOjEyMDAwMDAwMDAwMDAsInVwZGF0ZSI6MTIwMDAwMDAwMDAwMH19"
        }
      ]
    },
    {
      "module": "module.network[\"us-south1\"]",
      "mode": "managed",
      "type": "google_compute_router",
      "name": "router",
      "provider": "provider[\"registry.terraform.io/hashicorp/google\"]",
      "instances": [
        {
          "schema_version": 0,
          "attributes": {
            "bgp": [],
            "creation_timestamp": "2025-05-27T10:43:39.483-07:00",
            "description": "",
            "encrypted_interconnect_router": false,
            "id": "projects/uporto-cd/regions/us-south1/routers/uporto-cd-router-us-south1",
            "name": "uporto-cd-router-us-south1",
            "network": "https://www.googleapis.com/compute/v1/projects/uporto-cd/global/networks/uporto-cd-vpc-us-south1",
            "project": "uporto-cd",
            "region": "us-south1",
            "self_link": "https://www.googleapis.com/compute/v1/projects/uporto-cd/regions/us-south1/routers/uporto-cd-router-us-south1",
            "timeouts": null
          },
          "sensitive_attributes": [],
          "private": "eyJlMmJmYjczMC1lY2FhLTExZTYtOGY4OC0zNDM2M2JjN2M0YzAiOnsiY3JlYXRlIjoxMjAwMDAwMDAwMDAwLCJkZWxldGUiOjEyMDAwMDAwMDAwMDAsInVwZGF0ZSI6MTIwMDAwMDAwMDAwMH19",
          "dependencies": [
            "module.network.google_compute_network.vpc"
          ]
        }
      ]
    },
    {
      "module": "module.network[\"us-south1\"]",
      "mode": "managed",
      "type": "google_compute_router_nat",
      "name": "nat",
      "provider": "provider[\"registry.terraform.io/hashicorp/google\"]",
      "instances": [
        {
          "schema_version": 0,
          "attributes": {
            "drain_nat_ips": [],
            "enable_dynamic_port_allocation": false,
            "enable_endpoint_independent_mapping": true,
            "icmp_idle_timeout_sec": 30,
            "id": "uporto-cd/us-south1/uporto-cd-router-us-south1/uporto-cd-nat-us-south1",
            "log_config": [
              {
                "enable": true,
                "filter": "ERRORS_ONLY"
              }
            ],
            "max_ports_per_vm": 0,
            "min_ports_per_vm": 0,
            "name": "uporto-cd-nat-us-south1",
            "nat_ip_allocate_option": "AUTO_ONLY",
            "nat_ips": [],
            "project": "uporto-cd",
            "region": "us-south1",
            "router": "uporto-cd-router-us-south1",
            "rules": [],
            "source_subnetwork_ip_ranges_to_nat": "ALL_SUBNETWORKS_ALL_IP_RANGES",
            "subnetwork": [],
            "tcp_established_idle_timeout_sec": 1200,
            "tcp_time_wait_timeout_sec": 120,
            "tcp_transitory_idle_timeout_sec": 30,
            "timeouts": null,
            "udp_idle_timeout_sec": 30
          },
          "sensitive_attributes": [],
          "private": "eyJlMmJmYjczMC1lY2FhLTExZTYtOGY4OC0zNDM2M2JjN2M0YzAiOnsiY3JlYXRlIjoxMjAwMDAwMDAwMDAwLCJkZWxldGUiOjEyMDAwMDAwMDAwMDAsInVwZGF0ZSI6MTIwMDAwMDAwMDAwMH19",
          "dependencies": [
            "module.network.google_compute_network.vpc",
            "module.network.google_compute_router.router"
          ]
        }
      ]
    },
    {
      "module": "module.network[\"us-south1\"]",
      "mode": "managed",
      "type": "google_compute_subnetwork",
      "name": "subnet",
      "provider": "provider[\"registry.terraform.io/hashicorp/google\"]",
      "instances": [
        {
          "schema_version": 0,
          "attributes": {
            "creation_timestamp": "2025-05-27T10:43:40.100-07:00",
            "description": "Subnet for uporto-cd in us-south1",
            "external_ipv6_prefix": "",
            "fingerprint": null,
            "gateway_address": "10.2.0.1",
            "id": "projects/uporto-cd/regions/us-south1/subnetworks/uporto-cd-subnet-us-south1",
            "internal_ipv6_prefix": "",
            "ip_cidr_range": "10.2.0.0/20",
            "ipv6_access_type": "",
            "ipv6_cidr_range": "",
            "log_config": [
              {
                "aggregation_interval": "INTERVAL_5_SEC",
                "filter_expr": "true",
                "flow_sampling": 0.5,
                "metadata": "INCLUDE_ALL_METADATA",
                "metadata_fields": []
              }
            ],
            "name": "uporto-cd-subnet-us-south1",
            "network": "https://www.googleapis.com/compute/v1/projects/uporto-cd/global/networks/uporto-cd-vpc-us-south1",
            "private_ip_google_access": true,
            "private_ipv6_google_access": "DISABLE_GOOGLE_ACCESS",
            "project": "uporto-cd",
            "purpose": "PRIVATE",
            "region": "us-south1",
            "role": "",
            "secondary_ip_range": [
              {
                "ip_cidr_range": "10.202.0.0/16",
                "range_name": "gke-uporto-cd-gke-us-south1-services-f8854be2"
              },
              {
                "ip_cidr_range": "10.102.0.0/16",
                "range_name": "gke-uporto-cd-gke-us-south1-pods-f8854be2"
              }
            ],
            "self_link": "https://www.googleapis.com/compute/v1/projects/uporto-cd/regions/us-south1/subnetworks/uporto-cd-subnet-us-south1",
            "stack_type": "IPV4_ONLY",
            "timeouts": null
          },
          "sensitive_attributes": [],
          "private": "eyJlMmJmYjczMC1lY2FhLTExZTYtOGY4OC0zNDM2M2JjN2M0YzAiOnsiY3JlYXRlIjoxMjAwMDAwMDAwMDAwLCJkZWxldGUiOjEyMDAwMDAwMDAwMDAsInVwZGF0ZSI6MTIwMDAwMDAwMDAwMH19",
          "dependencies": [
            "module.network.google_compute_network.vpc"
          ]
        }
      ]
    },
    {
      "module": "module.storage",
      "mode": "data",
      "type": "google_storage_project_service_account",
      "name": "default",
      "provider": "provider[\"registry.terraform.io/hashicorp/google\"]",
      "instances": [
        {
          "schema_version": 0,
          "attributes": {
            "email_address": "service-313506890289@gs-project-accounts.iam.gserviceaccount.com",
            "id": "service-313506890289@gs-project-accounts.iam.gserviceaccount.com",
            "member": "serviceAccount:service-313506890289@gs-project-accounts.iam.gserviceaccount.com",
            "project": "uporto-cd",
            "user_project": null
          },
          "sensitive_attributes": []
        }
      ]
    },
    {
      "module": "module.storage",
      "mode": "managed",
      "type": "google_project_iam_custom_role",
      "name": "content_sync",
      "provider": "provider[\"registry.terraform.io/hashicorp/google\"]",
      "instances": [
        {
          "schema_version": 0,
          "attributes": {
            "deleted": false,
            "description": "Custom role for content synchronization between buckets",
            "id": "projects/uporto-cd/roles/uporto_cd_content_sync",
            "name": "projects/uporto-cd/roles/uporto_cd_content_sync",
            "permissions": [
              "storage.buckets.get",
              "storage.buckets.list",
              "storage.objects.create",
              "storage.objects.delete",
              "storage.objects.get",
              "storage.objects.list"
            ],
            "project": "uporto-cd",
            "role_id": "uporto_cd_content_sync",
            "stage": "GA",
            "title": "Content Sync Role"
          },
          "sensitive_attributes": [],
          "private": "eyJzY2hlbWFfdmVyc2lvbiI6IjAifQ=="
        }
      ]
    },
    {
      "module": "module.storage",
      "mode": "managed",
      "type": "google_project_iam_member",
      "name": "admin_custom_role",
      "provider": "provider[\"registry.terraform.io/hashicorp/google\"]",
      "instances": [
        {
          "schema_version": 0,
          "attributes": {
            "condition": [],
            "etag": "BwY2IdMFy0I=",
            "id": "uporto-cd/projects/uporto-cd/roles/uporto_cd_content_sync/serviceAccount:uporto-cd-content-admin@uporto-cd.iam.gserviceaccount.com",
            "member": "serviceAccount:uporto-cd-content-admin@uporto-cd.iam.gserviceaccount.com",
            "project": "uporto-cd",
            "role": "projects/uporto-cd/roles/uporto_cd_content_sync"
          },
          "sensitive_attributes": [],
          "private": "bnVsbA==",
          "dependencies": [
            "module.storage.google_project_iam_custom_role.content_sync",
            "module.storage.google_service_account.content_admin"
          ]
        }
      ]
    },
    {
      "module": "module.storage",
      "mode": "managed",
      "type": "google_project_iam_member",
      "name": "admin_storage_object_admin",
      "provider": "provider[\"registry.terraform.io/hashicorp/google\"]",
      "instances": [
        {
          "schema_version": 0,
          "attributes": {
            "condition": [],
            "etag": "BwY2IdMFy0I=",
            "id": "uporto-cd/roles/storage.objectAdmin/serviceAccount:uporto-cd-content-admin@uporto-cd.iam.gserviceaccount.com",
            "member": "serviceAccount:uporto-cd-content-admin@uporto-cd.iam.gserviceaccount.com",
            "project": "uporto-cd",
            "role": "roles/storage.objectAdmin"
          },
          "sensitive_attributes": [],
          "private": "bnVsbA==",
          "dependencies": [
            "module.storage.google_service_account.content_admin"
          ]
        }
      ]
    },
    {
      "module": "module.storage",
      "mode": "managed",
      "type": "google_project_iam_member",
      "name": "reader_storage_object_viewer",
      "provider": "provider[\"registry.terraform.io/hashicorp/google\"]",
      "instances": [
        {
          "schema_version": 0,
          "attributes": {
            "condition": [],
            "etag": "BwY2IdMFy0I=",
            "id": "uporto-cd/roles/storage.objectViewer/serviceAccount:uporto-cd-content-reader@uporto-cd.iam.gserviceaccount.com",
            "member": "serviceAccount:uporto-cd-content-reader@uporto-cd.iam.gserviceaccount.com",
            "project": "uporto-cd",
            "role": "roles/storage.objectViewer"
          },
          "sensitive_attributes": [],
          "private": "bnVsbA==",
          "dependencies": [
            "module.storage.google_service_account.content_reader"
          ]
        }
      ]
    },
    {
      "module": "module.storage",
      "mode": "managed",
      "type": "google_project_service",
      "name": "iam_api",
      "provider": "provider[\"registry.terraform.io/hashicorp/google\"]",
      "instances": [
        {
          "schema_version": 0,
          "attributes": {
            "disable_dependent_services": null,
            "disable_on_destroy": false,
            "id": "uporto-cd/iam.googleapis.com",
            "project": "uporto-cd",
            "service": "iam.googleapis.com",
            "timeouts": null
          },
          "sensitive_attributes": [],
          "private": "eyJlMmJmYjczMC1lY2FhLTExZTYtOGY4OC0zNDM2M2JjN2M0YzAiOnsiY3JlYXRlIjoxMjAwMDAwMDAwMDAwLCJkZWxldGUiOjEyMDAwMDAwMDAwMDAsInJlYWQiOjYwMDAwMDAwMDAwMCwidXBkYXRlIjoxMjAwMDAwMDAwMDAwfX0="
        }
      ]
    },
    {
      "module": "module.storage",
      "mode": "managed",
      "type": "google_project_service",
      "name": "storage_api",
      "provider": "provider[\"registry.terraform.io/hashicorp/google\"]",
      "instances": [
        {
          "schema_version": 0,
          "attributes": {
            "disable_dependent_services": null,
            "disable_on_destroy": false,
            "id": "uporto-cd/storage.googleapis.com",
            "project": "uporto-cd",
            "service": "storage.googleapis.com",
            "timeouts": null
          },
          "sensitive_attributes": [],
          "private": "eyJlMmJmYjczMC1lY2FhLTExZTYtOGY4OC0zNDM2M2JjN2M0YzAiOnsiY3JlYXRlIjoxMjAwMDAwMDAwMDAwLCJkZWxldGUiOjEyMDAwMDAwMDAwMDAsInJlYWQiOjYwMDAwMDAwMDAwMCwidXBkYXRlIjoxMjAwMDAwMDAwMDAwfX0="
        }
      ]
    },
    {
      "module": "module.storage",
      "mode": "managed",
      "type": "google_service_account",
      "name": "content_admin",
      "provider": "provider[\"registry.terraform.io/hashicorp/google\"]",
      "instances": [
        {
          "schema_version": 0,
          "attributes": {
            "account_id": "uporto-cd-content-admin",
            "description": "Service account for admin VM to upload and sync content",
            "disabled": false,
            "display_name": "Content Administration Service Account",
            "email": "uporto-cd-content-admin@uporto-cd.iam.gserviceaccount.com",
            "id": "projects/uporto-cd/serviceAccounts/uporto-cd-content-admin@uporto-cd.iam.gserviceaccount.com",
            "member": "serviceAccount:uporto-cd-content-admin@uporto-cd.iam.gserviceaccount.com",
            "name": "projects/uporto-cd/serviceAccounts/uporto-cd-content-admin@uporto-cd.iam.gserviceaccount.com",
            "project": "uporto-cd",
            "timeouts": null,
            "unique_id": "111925884531695836197"
          },
          "sensitive_attributes": [],
          "private": "eyJlMmJmYjczMC1lY2FhLTExZTYtOGY4OC0zNDM2M2JjN2M0YzAiOnsiY3JlYXRlIjozMDAwMDAwMDAwMDB9fQ=="
        }
      ]
    },
    {
      "module": "module.storage",
      "mode": "managed",
      "type": "google_service_account",
      "name": "content_reader",
      "provider": "provider[\"registry.terraform.io/hashicorp/google\"]",
      "instances": [
        {
          "schema_version": 0,
          "attributes": {
            "account_id": "uporto-cd-content-reader",
            "description": "Service account for Kubernetes pods to read content from regional buckets",
            "disabled": false,
            "display_name": "Content Reader Service Account",
            "email": "uporto-cd-content-reader@uporto-cd.iam.gserviceaccount.com",
            "id": "projects/uporto-cd/serviceAccounts/uporto-cd-content-reader@uporto-cd.iam.gserviceaccount.com",
            "member": "serviceAccount:uporto-cd-content-reader@uporto-cd.iam.gserviceaccount.com",
            "name": "projects/uporto-cd/serviceAccounts/uporto-cd-content-reader@uporto-cd.iam.gserviceaccount.com",
            "project": "uporto-cd",
            "timeouts": null,
            "unique_id": "115941280507389431079"
          },
          "sensitive_attributes": [],
          "private": "eyJlMmJmYjczMC1lY2FhLTExZTYtOGY4OC0zNDM2M2JjN2M0YzAiOnsiY3JlYXRlIjozMDAwMDAwMDAwMDB9fQ=="
        }
      ]
    },
    {
      "module": "module.storage",
      "mode": "managed",
      "type": "google_service_account_iam_member",
      "name": "workload_identity_binding",
      "provider": "provider[\"registry.terraform.io/hashicorp/google\"]",
      "instances": [
        {
          "index_key": "asia-southeast1",
          "schema_version": 0,
          "attributes": {
            "condition": [],
            "etag": "BwY2IZnMmBQ=",
            "id": "projects/uporto-cd/serviceAccounts/uporto-cd-content-reader@uporto-cd.iam.gserviceaccount.com/roles/iam.workloadIdentityUser/serviceAccount:uporto-cd.svc.id.goog[streaming/streaming-server-sa]",
            "member": "serviceAccount:uporto-cd.svc.id.goog[streaming/streaming-server-sa]",
            "role": "roles/iam.workloadIdentityUser",
            "service_account_id": "projects/uporto-cd/serviceAccounts/uporto-cd-content-reader@uporto-cd.iam.gserviceaccount.com"
          },
          "sensitive_attributes": [],
          "private": "bnVsbA==",
          "dependencies": [
            "module.storage.google_service_account.content_reader"
          ]
        },
        {
          "index_key": "europe-west2",
          "schema_version": 0,
          "attributes": {
            "condition": [],
            "etag": "BwY2IZnMmBQ=",
            "id": "projects/uporto-cd/serviceAccounts/uporto-cd-content-reader@uporto-cd.iam.gserviceaccount.com/roles/iam.workloadIdentityUser/serviceAccount:uporto-cd.svc.id.goog[streaming/streaming-server-sa]",
            "member": "serviceAccount:uporto-cd.svc.id.goog[streaming/streaming-server-sa]",
            "role": "roles/iam.workloadIdentityUser",
            "service_account_id": "projects/uporto-cd/serviceAccounts/uporto-cd-content-reader@uporto-cd.iam.gserviceaccount.com"
          },
          "sensitive_attributes": [],
          "private": "bnVsbA==",
          "dependencies": [
            "module.storage.google_service_account.content_reader"
          ]
        },
        {
          "index_key": "us-south1",
          "schema_version": 0,
          "attributes": {
            "condition": [],
            "etag": "BwY2IZnMmBQ=",
            "id": "projects/uporto-cd/serviceAccounts/uporto-cd-content-reader@uporto-cd.iam.gserviceaccount.com/roles/iam.workloadIdentityUser/serviceAccount:uporto-cd.svc.id.goog[streaming/streaming-server-sa]",
            "member": "serviceAccount:uporto-cd.svc.id.goog[streaming/streaming-server-sa]",
            "role": "roles/iam.workloadIdentityUser",
            "service_account_id": "projects/uporto-cd/serviceAccounts/uporto-cd-content-reader@uporto-cd.iam.gserviceaccount.com"
          },
          "sensitive_attributes": [],
          "private": "bnVsbA==",
          "dependencies": [
            "module.storage.google_service_account.content_reader"
          ]
        }
      ]
    },
    {
      "module": "module.storage",
      "mode": "managed",
      "type": "google_service_account_key",
      "name": "content_admin_key",
      "provider": "provider[\"registry.terraform.io/hashicorp/google\"]",
      "instances": [
        {
          "schema_version": 0,
          "attributes": {
            "id": "projects/uporto-cd/serviceAccounts/uporto-cd-content-admin@uporto-cd.iam.gserviceaccount.com/keys/6bd1fa6a33dcebe21b1e4f9fc6ae05422f30812c",
            "keepers": null,
            "key_algorithm": "KEY_ALG_RSA_2048",
            "name": "projects/uporto-cd/serviceAccounts/uporto-cd-content-admin@uporto-cd.iam.gserviceaccount.com/keys/6bd1fa6a33dcebe21b1e4f9fc6ae05422f30812c",
            "private_key": "ewogICJ0eXBlIjogInNlcnZpY2VfYWNjb3VudCIsCiAgInByb2plY3RfaWQiOiAidXBvcnRvLWNkIiwKICAicHJpdmF0ZV9rZXlfaWQiOiAiNmJkMWZhNmEzM2RjZWJlMjFiMWU0ZjlmYzZhZTA1NDIyZjMwODEyYyIsCiAgInByaXZhdGVfa2V5IjogIi0tLS0tQkVHSU4gUFJJVkFURSBLRVktLS0tLVxuTUlJRXZBSUJBREFOQmdrcWhraUc5dzBCQVFFRkFBU0NCS1l3Z2dTaUFnRUFBb0lCQVFESDJlakdNTnN4YjRxalxuU2lHMzUyejFiRDM1OXRGeXZDL0VpdGdjWUJUbXF4Yk1QWDIrVWVnejNsSHNkckZWUVhwNzgxTjY1MnpYYjM0K1xuaDZWbTZrempEQzhla29rTERON1ZWTXlXYmtUR2IwOFpRYmFEbmd5Z3pPVVkvS0ZCc1NkenBEYWZLd1VrdEhuV1xuMlRxV3Bsd2VSd0hMK2dOdEtHY0l3a2R6RXNUNGxCWGtHbE5lRzlaVENWbDRQUUNTaEJyMUp6bjIyaDY1SXBwMlxuOElGT0hLMjU3eXY2WnJVU3JlRE1uUjdNWlNkOVZFUVh4TGlBaWR3RmZyMTU5K2ZIV2x0aTdmdzMrb21BYmhiSFxuWXhFYVNzcE9uMCs2VFFaenVHa2g2U1MyblNtVWNtbDRsOE0wSmVOR1IxdWdmcWppTWl2ZlRJVlptK3VtUjMyR1xuWi9SSlNjc0hBZ01CQUFFQ2dnRUFYQ3UraFFXTVdqand6azJHem92di95S3NWTWdHSWkzenMrZzdNcDhIbExrTVxuZXliVEF2OUFvZ2RqYmpUeHBYbmM5U1NzZUM4YXppTlFMS09mMzU2bzFrQk16UU5WTENFRDlveTFESjRQbnhzL1xuOWt5TjBoY0hDUFJtcHNjQTBrelRmcXlhT245N1VFbmlOWG9iWU5hWi9xYk9COWFuVk9WQTI5UEtZeUtoY0dqK1xuT1hPRUVTUUZHREtuaGZXYXAxanlUTnRNUzhWVXNOSlpGSnE5bUtndm5wZ1crczZYSkVwT2lqck0yeENoQUdqVVxuTjlWOE1RQjZpazlaUmNieFk3Ny9wMTREWXVTUThERUZtc2hKZzd0a1pZYXhxVm94aXNLbkFqc0hwZTlZM2VnRlxudEJCWStGdnIrejVvQlJCajgzYWRrQmE3T2lmYW4vcXJ5aWFBYjdCaW1RS0JnUUQ0c2JLZU9oUnBJdWsvcFJoTlxueWpleFFpdWw3Tms5OXNYcGlGNnMybldQOG9uUEgvVDVJMjV3NkRSa3ArNU9Ubjg5MXR5RmdnMS9qcnBOQytRZVxuZnFpakVCSVZLZkxVd3NxaDFZMUlCbWtnQjlmcWE2TlNoMXp3cjYvaHEvZjBDQlk2WFpuYlc0Um8zc09TWVpkRlxuc0hEejFPOTBJdWFTU3QwMllRNXFYYi9kZVFLQmdRRE51T09EU0Y4aTdKQ2htdmFFTzhnVjgrWE9RazN5czNBdFxuSzI4b1dEOHRyYWFPcjNzMU40M0dSUlE2am5WRGxCOVJ2UE84RTJlSXJuK3JRM09zbVk0YkhGMGRHdFFEU0RZTFxuQ1k4L1hvQUZmdG9BZzNvTWsyQ20wcWFKNE1JMkJDWEhOUStmdUpMdytWNGdzeFZFZmpmbmQzODZHekdwQmpNRVxuL3J2cjlITk1md0tCZ0VtdmpQYm95b2RrT3F3SzVLcVgwZXlKYUpsZkZmY1FHUS9hd2dLQkwvZ1lxdEJkN1oyclxuNjlzMFVlSEpDQWpYcFVmVFU3K1RDeURTVDB6b3l3eG1CdDFaczZIbHJmZHdSODJ2a283V3AydEFKNjlqZVI3SVxuMExiWHQwc3NRdWxoUkFUREd3VXRsb3ZrQlJwb0pBUVlCVCtaeGVFcFBodjJacGpvSlBkTEU4QXhBb0dBS0NudlxucVVMbzZBMmRreCtJLzNvWWIwakYxZ1lWNTh0bW5EcjlvYmZRNWQ4Z1JIMDRKY1NwMWtySVQwSmUzSW0vcjVxZlxuVDFuT2ZkM3JxUWtyUFVoaGVTT0pmbFF0amxKNzBwM1VMTUFMYUlkQ2twVVlyL25hQmRmY2tkQ2l1aDhITFNSTFxuMzVnT2dDTi9ZQXoybXYrMWRHaGRHNEFScXZrOTNyekkvYUVsSFlzQ2dZQXdGREVJd0FXUkdYVnM0MGI2K1pQa1xuMkRkUUs4Rnl6NXFmN2pQNU9hc2FwUmtER1FlRHpCSUpxYkJ6WmVmaXlDR29iV3ZtaStSSHd5cDJtL0xzM3hsTlxuNTRzSk52T1JWZ0lnd3RWRTduMDVXN25LNVRCR21wNVZkOE55QkVGaFlRUHVtc1ZhdlcxVzJmRVlnWTNTM2toaVxuQlVzZ0ZucVFDajMvODIra2tXZVNDZz09XG4tLS0tLUVORCBQUklWQVRFIEtFWS0tLS0tXG4iLAogICJjbGllbnRfZW1haWwiOiAidXBvcnRvLWNkLWNvbnRlbnQtYWRtaW5AdXBvcnRvLWNkLmlhbS5nc2VydmljZWFjY291bnQuY29tIiwKICAiY2xpZW50X2lkIjogIjExMTkyNTg4NDUzMTY5NTgzNjE5NyIsCiAgImF1dGhfdXJpIjogImh0dHBzOi8vYWNjb3VudHMuZ29vZ2xlLmNvbS9vL29hdXRoMi9hdXRoIiwKICAidG9rZW5fdXJpIjogImh0dHBzOi8vb2F1dGgyLmdvb2dsZWFwaXMuY29tL3Rva2VuIiwKICAiYXV0aF9wcm92aWRlcl94NTA5X2NlcnRfdXJsIjogImh0dHBzOi8vd3d3Lmdvb2dsZWFwaXMuY29tL29hdXRoMi92MS9jZXJ0cyIsCiAgImNsaWVudF94NTA5X2NlcnRfdXJsIjogImh0dHBzOi8vd3d3Lmdvb2dsZWFwaXMuY29tL3JvYm90L3YxL21ldGFkYXRhL3g1MDkvdXBvcnRvLWNkLWNvbnRlbnQtYWRtaW4lNDB1cG9ydG8tY2QuaWFtLmdzZXJ2aWNlYWNjb3VudC5jb20iLAogICJ1bml2ZXJzZV9kb21haW4iOiAiZ29vZ2xlYXBpcy5jb20iCn0K",
            "private_key_type": "TYPE_GOOGLE_CREDENTIALS_FILE",
            "public_key": "LS0tLS1CRUdJTiBDRVJUSUZJQ0FURS0tLS0tCk1JSUMvRENDQWVTZ0F3SUJBZ0lJVlYrdCswYVhwc1V3RFFZSktvWklodmNOQVFFRkJRQXdJREVlTUJ3R0ExVUUKQXd3Vk1URXhPVEkxT0RnME5UTXhOamsxT0RNMk1UazNNQ0FYRFRJMU1EVXlOekUzTkRNd09Gb1lEems1T1RreApNak14TWpNMU9UVTVXakFnTVI0d0hBWURWUVFEREJVeE1URTVNalU0T0RRMU16RTJPVFU0TXpZeE9UY3dnZ0VpCk1BMEdDU3FHU0liM0RRRUJBUVVBQTRJQkR3QXdnZ0VLQW9JQkFRREgyZWpHTU5zeGI0cWpTaUczNTJ6MWJEMzUKOXRGeXZDL0VpdGdjWUJUbXF4Yk1QWDIrVWVnejNsSHNkckZWUVhwNzgxTjY1MnpYYjM0K2g2Vm02a3pqREM4ZQprb2tMRE43VlZNeVdia1RHYjA4WlFiYURuZ3lnek9VWS9LRkJzU2R6cERhZkt3VWt0SG5XMlRxV3Bsd2VSd0hMCitnTnRLR2NJd2tkekVzVDRsQlhrR2xOZUc5WlRDVmw0UFFDU2hCcjFKem4yMmg2NUlwcDI4SUZPSEsyNTd5djYKWnJVU3JlRE1uUjdNWlNkOVZFUVh4TGlBaWR3RmZyMTU5K2ZIV2x0aTdmdzMrb21BYmhiSFl4RWFTc3BPbjArNgpUUVp6dUdraDZTUzJuU21VY21sNGw4TTBKZU5HUjF1Z2ZxamlNaXZmVElWWm0rdW1SMzJHWi9SSlNjc0hBZ01CCkFBR2pPREEyTUF3R0ExVWRFd0VCL3dRQ01BQXdEZ1lEVlIwUEFRSC9CQVFEQWdlQU1CWUdBMVVkSlFFQi93UU0KTUFvR0NDc0dBUVVGQndNQ01BMEdDU3FHU0liM0RRRUJCUVVBQTRJQkFRQ2gyWHZOWGhTcmRYOTFCOERZYnppbgp5c0xyb3MxY0xmMVhEdlBUSW1ZQ1hNenhYaTF6QVgzakUzMkdoa0VMOW1hbk1wdjNpdkxDNmh3M2pRL1JGMHhtCnQ4aXFoVk0yTzZuV3JDazVQb2pkdlUzOXE4WWt4RFRtYUltYWt5QW45d1BNRkROVTVmV1ZnS21rWGR6MkM5bDYKM3o5RGFsdWx3dVB0TGhnZXdDWG1XaUduNGpVZkhlcm56Wmx3RjJQalZJREFVczBJeEs0VllYNEZpSmgrRzlUZwpFL3ZRTU9iU29SU2E4Tkp0K0dBNC9iRkhIbEdQemVzN3VFYUNOU2IwM1B2Q0ZoQ2hOZlJuSWJNcGtwZ25CQUJnCjJsVnY0cGpuL2FwWHNDL2Y2L0xmeUliUUs4VDJKMHIxNHQrTy9wdnBYdFB5eWVEcmwyQkRLWUNXRW9lUEkxRUUKLS0tLS1FTkQgQ0VSVElGSUNBVEUtLS0tLQo=",
            "public_key_data": null,
            "public_key_type": "TYPE_X509_PEM_FILE",
            "service_account_id": "projects/uporto-cd/serviceAccounts/uporto-cd-content-admin@uporto-cd.iam.gserviceaccount.com",
            "valid_after": "2025-05-27T17:43:08Z",
            "valid_before": "9999-12-31T23:59:59Z"
          },
          "sensitive_attributes": [
            [
              {
                "type": "get_attr",
                "value": "private_key"
              }
            ]
          ],
          "private": "bnVsbA==",
          "dependencies": [
            "module.storage.google_service_account.content_admin"
          ]
        }
      ]
    },
    {
      "module": "module.storage",
      "mode": "managed",
      "type": "google_service_account_key",
      "name": "content_reader_key",
      "provider": "provider[\"registry.terraform.io/hashicorp/google\"]",
      "instances": [
        {
          "schema_version": 0,
          "attributes": {
            "id": "projects/uporto-cd/serviceAccounts/uporto-cd-content-reader@uporto-cd.iam.gserviceaccount.com/keys/6290cd108d17d913cf75d27b255643ce6651d28d",
            "keepers": null,
            "key_algorithm": "KEY_ALG_RSA_2048",
            "name": "projects/uporto-cd/serviceAccounts/uporto-cd-content-reader@uporto-cd.iam.gserviceaccount.com/keys/6290cd108d17d913cf75d27b255643ce6651d28d",
            "private_key": "ewogICJ0eXBlIjogInNlcnZpY2VfYWNjb3VudCIsCiAgInByb2plY3RfaWQiOiAidXBvcnRvLWNkIiwKICAicHJpdmF0ZV9rZXlfaWQiOiAiNjI5MGNkMTA4ZDE3ZDkxM2NmNzVkMjdiMjU1NjQzY2U2NjUxZDI4ZCIsCiAgInByaXZhdGVfa2V5IjogIi0tLS0tQkVHSU4gUFJJVkFURSBLRVktLS0tLVxuTUlJRXZBSUJBREFOQmdrcWhraUc5dzBCQVFFRkFBU0NCS1l3Z2dTaUFnRUFBb0lCQVFESWk3UDgvdWc0T1FJWlxuY2JISVhjNzVTQzVrWnpYNG00TWt1czZaYWVYUU1teDlzampFWjNqTUQvcFJtbWRBbVdKOGcxUWJhRkVnTk52RVxudHBnK0ppUThMRVdjMkJTUk84RWNJTURmdndvQnJKZ3c0SE9WcytuclRFaSsxSHZ4Y1hHMlEybkxMZE42NzRyaFxuV0lMWHI2WDJReXI3S2dXaHoxcHhiQnRQMGhQaGhSMWFlUEh6V1p2N3BIWnN5TG5jajVIa0VaL0dFaHh6MlhoK1xuTEI2OFB5WEh3d1AzSTlzMFBvVE5DRS9rL1ZXSTJRMnhWbDJLaHlnTHBSd2hZQjNBOGgwVHZUUFdzakdKY0RCblxuY2RFUzQwU044NDA0TXpFS0NrNFlSNzNhd1FkL0E5dlJhTThRbXVwZ0VRcitQNFU4QlVLU29oVVZBdHNLTWluTFxuWVZTWVlDOFpBZ01CQUFFQ2dnRUFBV2I2cS9UelZqdE4wTFE3RUVIWnFlUVBrUHVveExOL3JBRFRZMzY2VU9XZFxuWFJhakwzcGl2WmlLQVVxUldNSUp6b0dUazdwN3dMd2w0ajc5bXdla3ZyZjNoNlI2SmxiUzM1bTZCNFo4TVMxT1xuQmg5M3AyOFIzbWVTNWFTeU5pcTdKeEZiR3NUWUF2Yk1VNDJOSXFsemdXQ1FXeCs4Mk5nTWs1ajBLdTkyM0orUVxudVBvNFJiZEx2K3Z6Q21IT0ViYzVBc0Ruc2plaDdZWUlOSUFOcXQzdHJTVzd5UElEbjZTRGJmWmxCWlhSOGJZNlxuamdtb2Mrb2llVlZ4L3JuYjdPck5yb3MrSmU4T1EwaHZrQ2xISDhJVnJrazg2bUJmaVdLMGFFRGZPZVpOYWNtSlxuYkdBV3ZoMWVqSTNKdS9KcUVPM2FSMGhkUnFYTVFuOFJkYU9EZ0NMUUlRS0JnUUQ2Yi9zNWNTbmpPTGl4RzY1VVxucVFwcmhKOXBQN0trbkZ2bjc1MXVMcDd3Ly9RSEJTcmRYOFAxMlZodmR6K1VlSjBqK2tFWW8xYmNoZ0VBdC8zSlxuUGRUbWJyUVRqQTc0MFdvM2dBVmFhSjlTdE96NTdJcCtRSzE1MWpnKzIyN3BPaC9KVy8zQTQydzFqOHcrZ0Z2b1xuZ1RIaWthUXFtY1FPVzJvK1EzSDQxWGpia1FLQmdRRE5BQWY4YTRYcGhYK04wMXFxdmNNSWY1MkpScVNveHAwalxuNGNxQ3llZjMySHFIendlZUV2aCtOTHBjTGlUTzMwRjlkOVpKZUtyWE01Q21hMGY5TlhsVnZCODVuSUZRUmF0SFxuTXpXT2h2UTdZY3pJVFplMVM2ditVZE56ODdaLyszVHNZVXpTa1I0aWZhNFZIOUJVNURYLyt3dlpiNXkwTjVzY1xuL3MxWHhHZUhDUUtCZ0hRVGd6WFVwYjJUaE1kU05UTTRSb1FmTEdQMENqRVI1K2RRd0g5WlRJSVhvRnZBb1dXS1xuQmFIbDQzK0duZ21LL2dxMjY0VW44QksyYWJDVGx5VzNhdjZEUVNQdVB1SkU3aDViVUIvZmJqay9jcmRFVTh6QVxuM2FjakMxN1hCa2xEajRnZEF6aHNNTE9DdXdBZExueE5wWG1HVjdrSEhFQXJUc3NkSjY1V0EzYUJBb0dBWkE4RFxuMXR6VWUrckJHNFJ4Mkt6T3FUTkF2V1JSc2w5ZkM4aUZnOWp3OURRaGVuQStrNVZHM0xMMzAwNWlnT2JQbkdJRlxub2M3WDlEb2kvRmVZeDZwMkVyYkR0dWNBNXlGYVBHSnVYYWJaUnJLeHRZTEo3WitGejVnNDBYdS9ORENVSFZ4UVxubHVabUF3ZTlGR3AyMFRpaWN0TWlNWHNjellubWwveDJWY1J6azZFQ2dZQVZpK2lwTWJmb3BkZEtvLzFyTkVtNlxucTk5aEk0allEd1VYS1k2WUhzTEJSc1IwVHo0ZGZzRmFxaHF3V0dxWnVlb3M3NlNJRm5Qd1lHS29iL1lwTklaa1xuUWE2SnFLTnhyd0xDR2xINlprRkJxemw2V3RhWTA1alNDczQ3bnZmSURocHFXUGJRTUgxZy9vS0MwMmY5cHFZN1xucUNidE01bTM5TTBXZVo2ZmNYWnZGQT09XG4tLS0tLUVORCBQUklWQVRFIEtFWS0tLS0tXG4iLAogICJjbGllbnRfZW1haWwiOiAidXBvcnRvLWNkLWNvbnRlbnQtcmVhZGVyQHVwb3J0by1jZC5pYW0uZ3NlcnZpY2VhY2NvdW50LmNvbSIsCiAgImNsaWVudF9pZCI6ICIxMTU5NDEyODA1MDczODk0MzEwNzkiLAogICJhdXRoX3VyaSI6ICJodHRwczovL2FjY291bnRzLmdvb2dsZS5jb20vby9vYXV0aDIvYXV0aCIsCiAgInRva2VuX3VyaSI6ICJodHRwczovL29hdXRoMi5nb29nbGVhcGlzLmNvbS90b2tlbiIsCiAgImF1dGhfcHJvdmlkZXJfeDUwOV9jZXJ0X3VybCI6ICJodHRwczovL3d3dy5nb29nbGVhcGlzLmNvbS9vYXV0aDIvdjEvY2VydHMiLAogICJjbGllbnRfeDUwOV9jZXJ0X3VybCI6ICJodHRwczovL3d3dy5nb29nbGVhcGlzLmNvbS9yb2JvdC92MS9tZXRhZGF0YS94NTA5L3Vwb3J0by1jZC1jb250ZW50LXJlYWRlciU0MHVwb3J0by1jZC5pYW0uZ3NlcnZpY2VhY2NvdW50LmNvbSIsCiAgInVuaXZlcnNlX2RvbWFpbiI6ICJnb29nbGVhcGlzLmNvbSIKfQo=",
            "private_key_type": "TYPE_GOOGLE_CREDENTIALS_FILE",
            "public_key": "LS0tLS1CRUdJTiBDRVJUSUZJQ0FURS0tLS0tCk1JSUMvRENDQWVTZ0F3SUJBZ0lJWDNBazkzN2xSdUV3RFFZSktvWklodmNOQVFFRkJRQXdJREVlTUJ3R0ExVUUKQXd3Vk1URTFPVFF4TWpnd05UQTNNemc1TkRNeE1EYzVNQ0FYRFRJMU1EVXlOekUzTkRNeE1Wb1lEems1T1RreApNak14TWpNMU9UVTVXakFnTVI0d0hBWURWUVFEREJVeE1UVTVOREV5T0RBMU1EY3pPRGswTXpFd056a3dnZ0VpCk1BMEdDU3FHU0liM0RRRUJBUVVBQTRJQkR3QXdnZ0VLQW9JQkFRRElpN1A4L3VnNE9RSVpjYkhJWGM3NVNDNWsKWnpYNG00TWt1czZaYWVYUU1teDlzampFWjNqTUQvcFJtbWRBbVdKOGcxUWJhRkVnTk52RXRwZytKaVE4TEVXYwoyQlNSTzhFY0lNRGZ2d29CckpndzRIT1ZzK25yVEVpKzFIdnhjWEcyUTJuTExkTjY3NHJoV0lMWHI2WDJReXI3CktnV2h6MXB4YkJ0UDBoUGhoUjFhZVBIeldadjdwSFpzeUxuY2o1SGtFWi9HRWh4ejJYaCtMQjY4UHlYSHd3UDMKSTlzMFBvVE5DRS9rL1ZXSTJRMnhWbDJLaHlnTHBSd2hZQjNBOGgwVHZUUFdzakdKY0RCbmNkRVM0MFNOODQwNApNekVLQ2s0WVI3M2F3UWQvQTl2UmFNOFFtdXBnRVFyK1A0VThCVUtTb2hVVkF0c0tNaW5MWVZTWVlDOFpBZ01CCkFBR2pPREEyTUF3R0ExVWRFd0VCL3dRQ01BQXdEZ1lEVlIwUEFRSC9CQVFEQWdlQU1CWUdBMVVkSlFFQi93UU0KTUFvR0NDc0dBUVVGQndNQ01BMEdDU3FHU0liM0RRRUJCUVVBQTRJQkFRQVArRWdscHdoZ3dKVysyZmZtdGN2bAozOWhMS1g0aE8zRWdRcnhIRzdJWXh6NUx1RWRtOE1URENmKzJBNmx4KzBWRTB1MWtzTXZzY2prejRqYVBkWmVCCnNJekVhRlM0V1ZGai9BQm5ETmM2cXY3OU1ZbGNRR3MxNmN1SjcvOEtLbmhBbGFmUS9vbjRBd2x3UFdnZzRTSncKaEJwb1RqOUdDZHcwTmNRYnFyZHJ0TGNlT1hYZjZJdTFjVnZuM2hiWXNMTnRyVE9CK1VQcDBaZGxzZXRETnNqVAorRStEU2JGZ0JhMnBldGsyK1VsMWlKTnFYZ09ESUZCck45ZCtMcHNWUk9NTi9XeUdvM1BTcFp6bStuQVZuSUtQCklqSmI1NG1zRFJjOXlMKy9UekZLWVhKVldKZzFRNXBaTUJjZUdvV0I0SmsxTExwU1o4ekdtc0RuYm5tYUZndjMKLS0tLS1FTkQgQ0VSVElGSUNBVEUtLS0tLQo=",
            "public_key_data": null,
            "public_key_type": "TYPE_X509_PEM_FILE",
            "service_account_id": "projects/uporto-cd/serviceAccounts/uporto-cd-content-reader@uporto-cd.iam.gserviceaccount.com",
            "valid_after": "2025-05-27T17:43:11Z",
            "valid_before": "9999-12-31T23:59:59Z"
          },
          "sensitive_attributes": [
            [
              {
                "type": "get_attr",
                "value": "private_key"
              }
            ]
          ],
          "private": "bnVsbA==",
          "dependencies": [
            "module.storage.google_service_account.content_reader"
          ]
        }
      ]
    },
    {
      "module": "module.storage",
      "mode": "managed",
      "type": "google_storage_bucket",
      "name": "master",
      "provider": "provider[\"registry.terraform.io/hashicorp/google\"]",
      "instances": [
        {
          "schema_version": 0,
          "attributes": {
            "autoclass": [],
            "cors": [
              {
                "max_age_seconds": 3600,
                "method": [
                  "GET",
                  "HEAD",
                  "OPTIONS"
                ],
                "origin": [
                  "*"
                ],
                "response_header": [
                  "*"
                ]
              }
            ],
            "custom_placement_config": [],
            "default_event_based_hold": false,
            "encryption": [],
            "force_destroy": false,
            "id": "uporto-cd-content-master",
            "labels": {
              "environment": "production",
              "managed-by": "terraform",
              "purpose": "content-master"
            },
            "lifecycle_rule": [],
            "location": "EU",
            "logging": [],
            "name": "uporto-cd-content-master",
            "project": "uporto-cd",
            "public_access_prevention": "inherited",
            "requester_pays": false,
            "retention_policy": [],
            "self_link": "https://www.googleapis.com/storage/v1/b/uporto-cd-content-master",
            "soft_delete_policy": [
              {
                "effective_time": "2025-05-27T17:43:11.358Z",
                "retention_duration_seconds": 604800
              }
            ],
            "storage_class": "STANDARD",
            "timeouts": null,
            "uniform_bucket_level_access": true,
            "url": "gs://uporto-cd-content-master",
            "versioning": [
              {
                "enabled": true
              }
            ],
            "website": []
          },
          "sensitive_attributes": [],
          "private": "eyJlMmJmYjczMC1lY2FhLTExZTYtOGY4OC0zNDM2M2JjN2M0YzAiOnsiY3JlYXRlIjo2MDAwMDAwMDAwMDAsInJlYWQiOjI0MDAwMDAwMDAwMCwidXBkYXRlIjoyNDAwMDAwMDAwMDB9fQ==",
          "dependencies": [
            "module.storage.google_project_service.storage_api"
          ]
        }
      ]
    },
    {
      "module": "module.storage",
      "mode": "managed",
      "type": "google_storage_bucket",
      "name": "regional_cache",
      "provider": "provider[\"registry.terraform.io/hashicorp/google\"]",
      "instances": [
        {
          "index_key": "asia-southeast1",
          "schema_version": 0,
          "attributes": {
            "autoclass": [],
            "cors": [
              {
                "max_age_seconds": 3600,
                "method": [
                  "GET",
                  "HEAD",
                  "OPTIONS"
                ],
                "origin": [
                  "*"
                ],
                "response_header": [
                  "*"
                ]
              }
            ],
            "custom_placement_config": [],
            "default_event_based_hold": false,
            "encryption": [],
            "force_destroy": false,
            "id": "uporto-cd-content-asia-southeast1",
            "labels": {
              "environment": "production",
              "managed-by": "terraform",
              "purpose": "content-cache",
              "region": "asia-southeast1"
            },
            "lifecycle_rule": [],
            "location": "ASIA-SOUTHEAST1",
            "logging": [],
            "name": "uporto-cd-content-asia-southeast1",
            "project": "uporto-cd",
            "public_access_prevention": "inherited",
            "requester_pays": false,
            "retention_policy": [],
            "self_link": "https://www.googleapis.com/storage/v1/b/uporto-cd-content-asia-southeast1",
            "soft_delete_policy": [
              {
                "effective_time": "2025-05-27T17:43:12.591Z",
                "retention_duration_seconds": 604800
              }
            ],
            "storage_class": "STANDARD",
            "timeouts": null,
            "uniform_bucket_level_access": true,
            "url": "gs://uporto-cd-content-asia-southeast1",
            "versioning": [
              {
                "enabled": false
              }
            ],
            "website": []
          },
          "sensitive_attributes": [],
          "private": "eyJlMmJmYjczMC1lY2FhLTExZTYtOGY4OC0zNDM2M2JjN2M0YzAiOnsiY3JlYXRlIjo2MDAwMDAwMDAwMDAsInJlYWQiOjI0MDAwMDAwMDAwMCwidXBkYXRlIjoyNDAwMDAwMDAwMDB9fQ==",
          "dependencies": [
            "module.storage.google_project_service.storage_api"
          ]
        },
        {
          "index_key": "europe-west2",
          "schema_version": 0,
          "attributes": {
            "autoclass": [],
            "cors": [
              {
                "max_age_seconds": 3600,
                "method": [
                  "GET",
                  "HEAD",
                  "OPTIONS"
                ],
                "origin": [
                  "*"
                ],
                "response_header": [
                  "*"
                ]
              }
            ],
            "custom_placement_config": [],
            "default_event_based_hold": false,
            "encryption": [],
            "force_destroy": false,
            "id": "uporto-cd-content-europe-west2",
            "labels": {
              "environment": "production",
              "managed-by": "terraform",
              "purpose": "content-cache",
              "region": "europe-west2"
            },
            "lifecycle_rule": [],
            "location": "EUROPE-WEST2",
            "logging": [],
            "name": "uporto-cd-content-europe-west2",
            "project": "uporto-cd",
            "public_access_prevention": "inherited",
            "requester_pays": false,
            "retention_policy": [],
            "self_link": "https://www.googleapis.com/storage/v1/b/uporto-cd-content-europe-west2",
            "soft_delete_policy": [
              {
                "effective_time": "2025-05-27T17:43:10.837Z",
                "retention_duration_seconds": 604800
              }
            ],
            "storage_class": "STANDARD",
            "timeouts": null,
            "uniform_bucket_level_access": true,
            "url": "gs://uporto-cd-content-europe-west2",
            "versioning": [
              {
                "enabled": false
              }
            ],
            "website": []
          },
          "sensitive_attributes": [],
          "private": "eyJlMmJmYjczMC1lY2FhLTExZTYtOGY4OC0zNDM2M2JjN2M0YzAiOnsiY3JlYXRlIjo2MDAwMDAwMDAwMDAsInJlYWQiOjI0MDAwMDAwMDAwMCwidXBkYXRlIjoyNDAwMDAwMDAwMDB9fQ==",
          "dependencies": [
            "module.storage.google_project_service.storage_api"
          ]
        },
        {
          "index_key": "us-south1",
          "schema_version": 0,
          "attributes": {
            "autoclass": [],
            "cors": [
              {
                "max_age_seconds": 3600,
                "method": [
                  "GET",
                  "HEAD",
                  "OPTIONS"
                ],
                "origin": [
                  "*"
                ],
                "response_header": [
                  "*"
                ]
              }
            ],
            "custom_placement_config": [],
            "default_event_based_hold": false,
            "encryption": [],
            "force_destroy": false,
            "id": "uporto-cd-content-us-south1",
            "labels": {
              "environment": "production",
              "managed-by": "terraform",
              "purpose": "content-cache",
              "region": "us-south1"
            },
            "lifecycle_rule": [],
            "location": "US-SOUTH1",
            "logging": [],
            "name": "uporto-cd-content-us-south1",
            "project": "uporto-cd",
            "public_access_prevention": "inherited",
            "requester_pays": false,
            "retention_policy": [],
            "self_link": "https://www.googleapis.com/storage/v1/b/uporto-cd-content-us-south1",
            "soft_delete_policy": [
              {
                "effective_time": "2025-05-27T17:43:10.743Z",
                "retention_duration_seconds": 604800
              }
            ],
            "storage_class": "STANDARD",
            "timeouts": null,
            "uniform_bucket_level_access": true,
            "url": "gs://uporto-cd-content-us-south1",
            "versioning": [
              {
                "enabled": false
              }
            ],
            "website": []
          },
          "sensitive_attributes": [],
          "private": "eyJlMmJmYjczMC1lY2FhLTExZTYtOGY4OC0zNDM2M2JjN2M0YzAiOnsiY3JlYXRlIjo2MDAwMDAwMDAwMDAsInJlYWQiOjI0MDAwMDAwMDAwMCwidXBkYXRlIjoyNDAwMDAwMDAwMDB9fQ==",
          "dependencies": [
            "module.storage.google_project_service.storage_api"
          ]
        }
      ]
    },
    {
      "module": "module.storage",
      "mode": "managed",
      "type": "google_storage_bucket_iam_member",
      "name": "admin_master_bucket",
      "provider": "provider[\"registry.terraform.io/hashicorp/google\"]",
      "instances": [
        {
          "schema_version": 0,
          "attributes": {
            "bucket": "b/uporto-cd-content-master",
            "condition": [],
            "etag": "CAI=",
            "id": "b/uporto-cd-content-master/roles/storage.admin/serviceAccount:uporto-cd-content-admin@uporto-cd.iam.gserviceaccount.com",
            "member": "serviceAccount:uporto-cd-content-admin@uporto-cd.iam.gserviceaccount.com",
            "role": "roles/storage.admin"
          },
          "sensitive_attributes": [],
          "private": "bnVsbA==",
          "dependencies": [
            "module.storage.google_project_service.storage_api",
            "module.storage.google_service_account.content_admin",
            "module.storage.google_storage_bucket.master"
          ]
        }
      ]
    },
    {
      "module": "module.storage",
      "mode": "managed",
      "type": "google_storage_bucket_iam_member",
      "name": "admin_regional_buckets",
      "provider": "provider[\"registry.terraform.io/hashicorp/google\"]",
      "instances": [
        {
          "index_key": "asia-southeast1",
          "schema_version": 0,
          "attributes": {
            "bucket": "b/uporto-cd-content-asia-southeast1",
            "condition": [],
            "etag": "CAM=",
            "id": "b/uporto-cd-content-asia-southeast1/roles/storage.admin/serviceAccount:uporto-cd-content-admin@uporto-cd.iam.gserviceaccount.com",
            "member": "serviceAccount:uporto-cd-content-admin@uporto-cd.iam.gserviceaccount.com",
            "role": "roles/storage.admin"
          },
          "sensitive_attributes": [],
          "private": "bnVsbA==",
          "dependencies": [
            "module.storage.google_project_service.storage_api",
            "module.storage.google_service_account.content_admin",
            "module.storage.google_storage_bucket.regional_cache"
          ]
        },
        {
          "index_key": "europe-west2",
          "schema_version": 0,
          "attributes": {
            "bucket": "b/uporto-cd-content-europe-west2",
            "condition": [],
            "etag": "CAM=",
            "id": "b/uporto-cd-content-europe-west2/roles/storage.admin/serviceAccount:uporto-cd-content-admin@uporto-cd.iam.gserviceaccount.com",
            "member": "serviceAccount:uporto-cd-content-admin@uporto-cd.iam.gserviceaccount.com",
            "role": "roles/storage.admin"
          },
          "sensitive_attributes": [],
          "private": "bnVsbA==",
          "dependencies": [
            "module.storage.google_project_service.storage_api",
            "module.storage.google_service_account.content_admin",
            "module.storage.google_storage_bucket.regional_cache"
          ]
        },
        {
          "index_key": "us-south1",
          "schema_version": 0,
          "attributes": {
            "bucket": "b/uporto-cd-content-us-south1",
            "condition": [],
            "etag": "CAM=",
            "id": "b/uporto-cd-content-us-south1/roles/storage.admin/serviceAccount:uporto-cd-content-admin@uporto-cd.iam.gserviceaccount.com",
            "member": "serviceAccount:uporto-cd-content-admin@uporto-cd.iam.gserviceaccount.com",
            "role": "roles/storage.admin"
          },
          "sensitive_attributes": [],
          "private": "bnVsbA==",
          "dependencies": [
            "module.storage.google_project_service.storage_api",
            "module.storage.google_service_account.content_admin",
            "module.storage.google_storage_bucket.regional_cache"
          ]
        }
      ]
    },
    {
      "module": "module.storage",
      "mode": "managed",
      "type": "google_storage_bucket_iam_member",
      "name": "pods_regional_buckets",
      "provider": "provider[\"registry.terraform.io/hashicorp/google\"]",
      "instances": [
        {
          "index_key": "asia-southeast1",
          "schema_version": 0,
          "attributes": {
            "bucket": "b/uporto-cd-content-asia-southeast1",
            "condition": [],
            "etag": "CAM=",
            "id": "b/uporto-cd-content-asia-southeast1/roles/storage.objectViewer/serviceAccount:uporto-cd-content-reader@uporto-cd.iam.gserviceaccount.com",
            "member": "serviceAccount:uporto-cd-content-reader@uporto-cd.iam.gserviceaccount.com",
            "role": "roles/storage.objectViewer"
          },
          "sensitive_attributes": [],
          "private": "bnVsbA==",
          "dependencies": [
            "module.storage.google_project_service.storage_api",
            "module.storage.google_service_account.content_reader",
            "module.storage.google_storage_bucket.regional_cache"
          ]
        },
        {
          "index_key": "europe-west2",
          "schema_version": 0,
          "attributes": {
            "bucket": "b/uporto-cd-content-europe-west2",
            "condition": [],
            "etag": "CAM=",
            "id": "b/uporto-cd-content-europe-west2/roles/storage.objectViewer/serviceAccount:uporto-cd-content-reader@uporto-cd.iam.gserviceaccount.com",
            "member": "serviceAccount:uporto-cd-content-reader@uporto-cd.iam.gserviceaccount.com",
            "role": "roles/storage.objectViewer"
          },
          "sensitive_attributes": [],
          "private": "bnVsbA==",
          "dependencies": [
            "module.storage.google_project_service.storage_api",
            "module.storage.google_service_account.content_reader",
            "module.storage.google_storage_bucket.regional_cache"
          ]
        },
        {
          "index_key": "us-south1",
          "schema_version": 0,
          "attributes": {
            "bucket": "b/uporto-cd-content-us-south1",
            "condition": [],
            "etag": "CAM=",
            "id": "b/uporto-cd-content-us-south1/roles/storage.objectViewer/serviceAccount:uporto-cd-content-reader@uporto-cd.iam.gserviceaccount.com",
            "member": "serviceAccount:uporto-cd-content-reader@uporto-cd.iam.gserviceaccount.com",
            "role": "roles/storage.objectViewer"
          },
          "sensitive_attributes": [],
          "private": "bnVsbA==",
          "dependencies": [
            "module.storage.google_project_service.storage_api",
            "module.storage.google_service_account.content_reader",
            "module.storage.google_storage_bucket.regional_cache"
          ]
        }
      ]
    }
  ],
  "check_results": [
    {
      "object_kind": "var",
      "config_addr": "module.storage.var.regional_bucket_storage_class",
      "status": "unknown",
      "objects": null
    },
    {
      "object_kind": "var",
      "config_addr": "module.storage.var.master_bucket_storage_class",
      "status": "unknown",
      "objects": null
    },
    {
      "object_kind": "var",
      "config_addr": "module.storage.var.master_bucket_location",
      "status": "unknown",
      "objects": null
    },
    {
      "object_kind": "var",
      "config_addr": "var.master_bucket_location",
      "status": "unknown",
      "objects": null
    },
    {
      "object_kind": "var",
      "config_addr": "var.storage_public_access_prevention",
      "status": "unknown",
      "objects": null
    },
    {
      "object_kind": "var",
      "config_addr": "module.storage.var.public_access_prevention",
      "status": "unknown",
      "objects": null
    }
  ]
}
