{
  "version": 4,
  "terraform_version": "1.11.3",
  "serial": 465,
  "lineage": "76940ebb-4293-7f78-a9e5-ea2ad73ae1e3",
  "outputs": {
    "admin_public_ip": {
      "value": "35.230.157.12",
      "type": "string"
    },
    "admin_ssh_command": {
      "value": "ssh ubuntu@35.230.157.12",
      "type": "string"
    },
    "bastion_internal_ips": {
      "value": {
        "asia-southeast1": "10.3.0.2",
        "europe-west2": "10.1.0.2",
        "us-south1": "10.2.0.2"
      },
      "type": [
        "object",
        {
          "asia-southeast1": "string",
          "europe-west2": "string",
          "us-south1": "string"
        }
      ]
    },
    "bastion_ssh_via_admin": {
      "value": {
        "asia-southeast1": "ssh -J ubuntu@35.230.157.12 ubuntu@10.3.0.2",
        "europe-west2": "ssh -J ubuntu@35.230.157.12 ubuntu@10.1.0.2",
        "us-south1": "ssh -J ubuntu@35.230.157.12 ubuntu@10.2.0.2"
      },
      "type": [
        "object",
        {
          "asia-southeast1": "string",
          "europe-west2": "string",
          "us-south1": "string"
        }
      ]
    },
    "content_admin_sa_email": {
      "value": "uporto-cd-content-admin@uporto-cd.iam.gserviceaccount.com",
      "type": "string"
    },
    "content_management_instructions": {
      "value": {
        "master_bucket": "uporto-cd-content-master",
        "regional_buckets": {
          "asia-southeast1": "uporto-cd-content-asia-southeast1",
          "europe-west2": "uporto-cd-content-europe-west2",
          "us-south1": "uporto-cd-content-us-south1"
        },
        "service_accounts": {
          "admin_sa": "uporto-cd-content-admin@uporto-cd.iam.gserviceaccount.com",
          "reader_sa": "uporto-cd-content-reader@uporto-cd.iam.gserviceaccount.com"
        },
        "sync_commands": {
          "to_master": "gsutil -m rsync -r -d /opt/content/uploads/ gs://uporto-cd-content-master/",
          "to_regions": {
            "asia-southeast1": "gsutil -m rsync -r -d gs://uporto-cd-content-master/ gs://uporto-cd-content-asia-southeast1/",
            "europe-west2": "gsutil -m rsync -r -d gs://uporto-cd-content-master/ gs://uporto-cd-content-europe-west2/",
            "us-south1": "gsutil -m rsync -r -d gs://uporto-cd-content-master/ gs://uporto-cd-content-us-south1/"
          }
        },
        "upload_directory": "/opt/content/uploads/"
      },
      "type": [
        "object",
        {
          "master_bucket": "string",
          "regional_buckets": [
            "object",
            {
              "asia-southeast1": "string",
              "europe-west2": "string",
              "us-south1": "string"
            }
          ],
          "service_accounts": [
            "object",
            {
              "admin_sa": "string",
              "reader_sa": "string"
            }
          ],
          "sync_commands": [
            "object",
            {
              "to_master": "string",
              "to_regions": [
                "object",
                {
                  "asia-southeast1": "string",
                  "europe-west2": "string",
                  "us-south1": "string"
                }
              ]
            }
          ],
          "upload_directory": "string"
        }
      ]
    },
    "content_reader_sa_email": {
      "value": "uporto-cd-content-reader@uporto-cd.iam.gserviceaccount.com",
      "type": "string"
    },
    "csi_driver_config": {
      "value": {
        "asia-southeast1": {
          "bucket_name": "uporto-cd-content-asia-southeast1",
          "mount_path": "/mnt/videos",
          "service_account": "uporto-cd-content-reader@uporto-cd.iam.gserviceaccount.com",
          "storage_class_name": "gcs-fuse-csi-asia-southeast1",
          "volume_name": "content-storage-asia-southeast1"
        },
        "europe-west2": {
          "bucket_name": "uporto-cd-content-europe-west2",
          "mount_path": "/mnt/videos",
          "service_account": "uporto-cd-content-reader@uporto-cd.iam.gserviceaccount.com",
          "storage_class_name": "gcs-fuse-csi-europe-west2",
          "volume_name": "content-storage-europe-west2"
        },
        "us-south1": {
          "bucket_name": "uporto-cd-content-us-south1",
          "mount_path": "/mnt/videos",
          "service_account": "uporto-cd-content-reader@uporto-cd.iam.gserviceaccount.com",
          "storage_class_name": "gcs-fuse-csi-us-south1",
          "volume_name": "content-storage-us-south1"
        }
      },
      "type": [
        "object",
        {
          "asia-southeast1": [
            "object",
            {
              "bucket_name": "string",
              "mount_path": "string",
              "service_account": "string",
              "storage_class_name": "string",
              "volume_name": "string"
            }
          ],
          "europe-west2": [
            "object",
            {
              "bucket_name": "string",
              "mount_path": "string",
              "service_account": "string",
              "storage_class_name": "string",
              "volume_name": "string"
            }
          ],
          "us-south1": [
            "object",
            {
              "bucket_name": "string",
              "mount_path": "string",
              "service_account": "string",
              "storage_class_name": "string",
              "volume_name": "string"
            }
          ]
        }
      ]
    },
    "deployment_urls": {
      "value": {
        "global_ip": "34.110.245.13",
        "health_check": "https://adm-cdn.pt/health",
        "http_url": "http://34.110.245.13",
        "https_url": "https://adm-cdn.pt",
        "www_url": "https://www.adm-cdn.pt"
      },
      "type": [
        "object",
        {
          "global_ip": "string",
          "health_check": "string",
          "http_url": "string",
          "https_url": "string",
          "www_url": "string"
        }
      ]
    },
    "domain_configuration": {
      "value": {
        "domain_name": "adm-cdn.pt",
        "nameservers": [
          "ns-cloud-a1.googledomains.com.",
          "ns-cloud-a2.googledomains.com.",
          "ns-cloud-a3.googledomains.com.",
          "ns-cloud-a4.googledomains.com."
        ],
        "ssl_certificate_name": "uporto-cd-ssl-cert",
        "ssl_domains": [
          "adm-cdn.pt",
          "www.adm-cdn.pt"
        ]
      },
      "type": [
        "object",
        {
          "domain_name": "string",
          "nameservers": [
            "list",
            "string"
          ],
          "ssl_certificate_name": "string",
          "ssl_domains": [
            "list",
            "string"
          ]
        }
      ]
    },
    "fleet_summary": {
      "value": {
        "config_cluster": "europe-west2",
        "mci_global_ip": "34.110.245.13",
        "mci_global_ip_name": "uporto-cd-mci-global-ip",
        "member_clusters": [
          "us-south1"
        ]
      },
      "type": [
        "object",
        {
          "config_cluster": "string",
          "mci_global_ip": "string",
          "mci_global_ip_name": "string",
          "member_clusters": [
            "list",
            "string"
          ]
        }
      ]
    },
    "gcs_csi_enabled": {
      "value": {
        "asia-southeast1": "enabled",
        "europe-west2": "enabled",
        "us-south1": "enabled"
      },
      "type": [
        "object",
        {
          "asia-southeast1": "string",
          "europe-west2": "string",
          "us-south1": "string"
        }
      ]
    },
    "gke_clusters": {
      "value": {
        "asia-southeast1 (cold)": {
          "cluster_name": "uporto-cd-gke-asia-southeast1",
          "endpoint": "172.16.3.2",
          "type": "cold"
        },
        "europe-west2 (hot)": {
          "cluster_name": "uporto-cd-gke-europe-west2",
          "endpoint": "172.16.1.2",
          "type": "hot"
        },
        "us-south1 (hot)": {
          "cluster_name": "uporto-cd-gke-us-south1",
          "endpoint": "172.16.2.2",
          "type": "hot"
        }
      },
      "type": [
        "object",
        {
          "asia-southeast1 (cold)": [
            "object",
            {
              "cluster_name": "string",
              "endpoint": "string",
              "type": "string"
            }
          ],
          "europe-west2 (hot)": [
            "object",
            {
              "cluster_name": "string",
              "endpoint": "string",
              "type": "string"
            }
          ],
          "us-south1 (hot)": [
            "object",
            {
              "cluster_name": "string",
              "endpoint": "string",
              "type": "string"
            }
          ]
        }
      ]
    },
    "gke_connect_commands": {
      "value": {
        "asia-southeast1 (cold)": "gcloud container clusters get-credentials uporto-cd-gke-asia-southeast1 --region asia-southeast1 --project uporto-cd",
        "europe-west2 (hot)": "gcloud container clusters get-credentials uporto-cd-gke-europe-west2 --region europe-west2 --project uporto-cd",
        "us-south1 (hot)": "gcloud container clusters get-credentials uporto-cd-gke-us-south1 --region us-south1 --project uporto-cd"
      },
      "type": [
        "object",
        {
          "asia-southeast1 (cold)": "string",
          "europe-west2 (hot)": "string",
          "us-south1 (hot)": "string"
        }
      ]
    },
    "gsutil_sync_commands": {
      "value": {
        "sync_to_regional": {
          "asia-southeast1": "gsutil -m rsync -r -d gs://uporto-cd-content-master/ gs://uporto-cd-content-asia-southeast1/",
          "europe-west2": "gsutil -m rsync -r -d gs://uporto-cd-content-master/ gs://uporto-cd-content-europe-west2/",
          "us-south1": "gsutil -m rsync -r -d gs://uporto-cd-content-master/ gs://uporto-cd-content-us-south1/"
        },
        "upload_to_master": "gsutil -m rsync -r -d /opt/content/uploads/ gs://uporto-cd-content-master/"
      },
      "type": [
        "object",
        {
          "sync_to_regional": [
            "object",
            {
              "asia-southeast1": "string",
              "europe-west2": "string",
              "us-south1": "string"
            }
          ],
          "upload_to_master": "string"
        }
      ]
    },
    "kubectl_access_via_bastions": {
      "value": {
        "asia-southeast1": "Connect via: ssh -J ubuntu@35.230.157.12 ubuntu@10.3.0.2",
        "europe-west2": "Connect via: ssh -J ubuntu@35.230.157.12 ubuntu@10.1.0.2",
        "us-south1": "Connect via: ssh -J ubuntu@35.230.157.12 ubuntu@10.2.0.2"
      },
      "type": [
        "object",
        {
          "asia-southeast1": "string",
          "europe-west2": "string",
          "us-south1": "string"
        }
      ]
    },
    "load_balancer_ip": {
      "value": "34.54.119.8",
      "type": "string"
    },
    "master_bucket_name": {
      "value": "uporto-cd-content-master",
      "type": "string"
    },
    "mci_global_ip": {
      "value": "34.110.245.13",
      "type": "string"
    },
    "nameserver_instructions": {
      "value": {
        "domain": "adm-cdn.pt",
        "message": "Configure these nameservers at your domain registrar:",
        "nameservers": [
          "ns-cloud-c1.googledomains.com.",
          "ns-cloud-c2.googledomains.com.",
          "ns-cloud-c3.googledomains.com.",
          "ns-cloud-c4.googledomains.com."
        ]
      },
      "type": [
        "object",
        {
          "domain": "string",
          "message": "string",
          "nameservers": [
            "list",
            "string"
          ]
        }
      ]
    },
    "network_details": {
      "value": {
        "asia-southeast1": {
          "network_name": "uporto-cd-vpc-asia-southeast1",
          "subnet_cidr": "10.3.0.0/20"
        },
        "europe-west2": {
          "network_name": "uporto-cd-vpc-europe-west2",
          "subnet_cidr": "10.1.0.0/20"
        },
        "us-south1": {
          "network_name": "uporto-cd-vpc-us-south1",
          "subnet_cidr": "10.2.0.0/20"
        }
      },
      "type": [
        "object",
        {
          "asia-southeast1": [
            "object",
            {
              "network_name": "string",
              "subnet_cidr": "string"
            }
          ],
          "europe-west2": [
            "object",
            {
              "network_name": "string",
              "subnet_cidr": "string"
            }
          ],
          "us-south1": [
            "object",
            {
              "network_name": "string",
              "subnet_cidr": "string"
            }
          ]
        }
      ]
    },
    "regional_bucket_names": {
      "value": {
        "asia-southeast1": "uporto-cd-content-asia-southeast1",
        "europe-west2": "uporto-cd-content-europe-west2",
        "us-south1": "uporto-cd-content-us-south1"
      },
      "type": [
        "object",
        {
          "asia-southeast1": "string",
          "europe-west2": "string",
          "us-south1": "string"
        }
      ]
    },
    "ssh_key_debug": {
      "value": "ssh-rsa AAAAB3NzaC1yc2EAAAADAQABAAACAQC8d/Bg52qrZq...",
      "type": "string",
      "sensitive": true
    },
    "storage_summary": {
      "value": {
        "master_bucket": {
          "location": "EU",
          "name": "uporto-cd-content-master",
          "purpose": "Content ingestion and master storage"
        },
        "regional_buckets": {
          "asia-southeast1": {
            "location": "ASIA-SOUTHEAST1",
            "name": "uporto-cd-content-asia-southeast1",
            "purpose": "Regional content cache for asia-southeast1"
          },
          "europe-west2": {
            "location": "EUROPE-WEST2",
            "name": "uporto-cd-content-europe-west2",
            "purpose": "Regional content cache for europe-west2"
          },
          "us-south1": {
            "location": "US-SOUTH1",
            "name": "uporto-cd-content-us-south1",
            "purpose": "Regional content cache for us-south1"
          }
        },
        "service_accounts": {
          "admin": {
            "email": "uporto-cd-content-admin@uporto-cd.iam.gserviceaccount.com",
            "purpose": "Admin VM content management"
          },
          "reader": {
            "email": "uporto-cd-content-reader@uporto-cd.iam.gserviceaccount.com",
            "purpose": "Kubernetes pod content access"
          }
        }
      },
      "type": [
        "object",
        {
          "master_bucket": [
            "object",
            {
              "location": "string",
              "name": "string",
              "purpose": "string"
            }
          ],
          "regional_buckets": [
            "object",
            {
              "asia-southeast1": [
                "object",
                {
                  "location": "string",
                  "name": "string",
                  "purpose": "string"
                }
              ],
              "europe-west2": [
                "object",
                {
                  "location": "string",
                  "name": "string",
                  "purpose": "string"
                }
              ],
              "us-south1": [
                "object",
                {
                  "location": "string",
                  "name": "string",
                  "purpose": "string"
                }
              ]
            }
          ],
          "service_accounts": [
            "object",
            {
              "admin": [
                "object",
                {
                  "email": "string",
                  "purpose": "string"
                }
              ],
              "reader": [
                "object",
                {
                  "email": "string",
                  "purpose": "string"
                }
              ]
            }
          ]
        }
      ]
    },
    "workload_identity_annotation": {
      "value": "iam.gke.io/gcp-service-account=uporto-cd-content-reader@uporto-cd.iam.gserviceaccount.com",
      "type": "string"
    },
    "workload_identity_pool": {
      "value": "uporto-cd.svc.id.goog",
      "type": "string"
    }
  },
  "resources": [
    {
      "mode": "managed",
      "type": "google_compute_network_peering",
      "name": "admin_to_region",
      "provider": "provider[\"registry.terraform.io/hashicorp/google\"]",
      "instances": [
        {
          "index_key": "asia-southeast1",
          "schema_version": 0,
          "attributes": {
            "export_custom_routes": true,
            "export_subnet_routes_with_public_ip": true,
            "id": "uporto-cd-admin-vpc/uporto-cd-admin-to-asia-southeast1",
            "import_custom_routes": true,
            "import_subnet_routes_with_public_ip": false,
            "name": "uporto-cd-admin-to-asia-southeast1",
            "network": "https://www.googleapis.com/compute/v1/projects/uporto-cd/global/networks/uporto-cd-admin-vpc",
            "peer_network": "https://www.googleapis.com/compute/v1/projects/uporto-cd/global/networks/uporto-cd-vpc-asia-southeast1",
            "stack_type": "IPV4_ONLY",
            "state": "ACTIVE",
            "state_details": "[2025-05-28T12:21:41.430-07:00]: Connected.",
            "timeouts": null
          },
          "sensitive_attributes": [],
          "private": "eyJlMmJmYjczMC1lY2FhLTExZTYtOGY4OC0zNDM2M2JjN2M0YzAiOnsiY3JlYXRlIjoyNDAwMDAwMDAwMDAsImRlbGV0ZSI6MjQwMDAwMDAwMDAwLCJ1cGRhdGUiOjI0MDAwMDAwMDAwMH19",
          "dependencies": [
            "module.admin.google_compute_network.admin_vpc",
            "module.admin.google_project_service.compute_api",
            "module.network.google_compute_firewall.allow_egress_to_admin",
            "module.network.google_compute_firewall.allow_from_admin",
            "module.network.google_compute_firewall.allow_internal",
            "module.network.google_compute_firewall.allow_internet_egress",
            "module.network.google_compute_firewall.block_inter_region",
            "module.network.google_compute_network.vpc",
            "module.network.google_compute_router.router",
            "module.network.google_compute_router_nat.nat",
            "module.network.google_compute_subnetwork.subnet"
          ]
        },
        {
          "index_key": "europe-west2",
          "schema_version": 0,
          "attributes": {
            "export_custom_routes": true,
            "export_subnet_routes_with_public_ip": true,
            "id": "uporto-cd-admin-vpc/uporto-cd-admin-to-europe-west2",
            "import_custom_routes": true,
            "import_subnet_routes_with_public_ip": false,
            "name": "uporto-cd-admin-to-europe-west2",
            "network": "https://www.googleapis.com/compute/v1/projects/uporto-cd/global/networks/uporto-cd-admin-vpc",
            "peer_network": "https://www.googleapis.com/compute/v1/projects/uporto-cd/global/networks/uporto-cd-vpc-europe-west2",
            "stack_type": "IPV4_ONLY",
            "state": "ACTIVE",
            "state_details": "[2025-05-28T12:22:27.668-07:00]: Connected.",
            "timeouts": null
          },
          "sensitive_attributes": [],
          "private": "eyJlMmJmYjczMC1lY2FhLTExZTYtOGY4OC0zNDM2M2JjN2M0YzAiOnsiY3JlYXRlIjoyNDAwMDAwMDAwMDAsImRlbGV0ZSI6MjQwMDAwMDAwMDAwLCJ1cGRhdGUiOjI0MDAwMDAwMDAwMH19",
          "dependencies": [
            "module.admin.google_compute_network.admin_vpc",
            "module.admin.google_project_service.compute_api",
            "module.network.google_compute_firewall.allow_egress_to_admin",
            "module.network.google_compute_firewall.allow_from_admin",
            "module.network.google_compute_firewall.allow_internal",
            "module.network.google_compute_firewall.allow_internet_egress",
            "module.network.google_compute_firewall.block_inter_region",
            "module.network.google_compute_network.vpc",
            "module.network.google_compute_router.router",
            "module.network.google_compute_router_nat.nat",
            "module.network.google_compute_subnetwork.subnet"
          ]
        },
        {
          "index_key": "us-south1",
          "schema_version": 0,
          "attributes": {
            "export_custom_routes": true,
            "export_subnet_routes_with_public_ip": true,
            "id": "uporto-cd-admin-vpc/uporto-cd-admin-to-us-south1",
            "import_custom_routes": true,
            "import_subnet_routes_with_public_ip": false,
            "name": "uporto-cd-admin-to-us-south1",
            "network": "https://www.googleapis.com/compute/v1/projects/uporto-cd/global/networks/uporto-cd-admin-vpc",
            "peer_network": "https://www.googleapis.com/compute/v1/projects/uporto-cd/global/networks/uporto-cd-vpc-us-south1",
            "stack_type": "IPV4_ONLY",
            "state": "ACTIVE",
            "state_details": "[2025-05-28T12:22:04.081-07:00]: Connected.",
            "timeouts": null
          },
          "sensitive_attributes": [],
          "private": "eyJlMmJmYjczMC1lY2FhLTExZTYtOGY4OC0zNDM2M2JjN2M0YzAiOnsiY3JlYXRlIjoyNDAwMDAwMDAwMDAsImRlbGV0ZSI6MjQwMDAwMDAwMDAwLCJ1cGRhdGUiOjI0MDAwMDAwMDAwMH19",
          "dependencies": [
            "module.admin.google_compute_network.admin_vpc",
            "module.admin.google_project_service.compute_api",
            "module.network.google_compute_firewall.allow_egress_to_admin",
            "module.network.google_compute_firewall.allow_from_admin",
            "module.network.google_compute_firewall.allow_internal",
            "module.network.google_compute_firewall.allow_internet_egress",
            "module.network.google_compute_firewall.block_inter_region",
            "module.network.google_compute_network.vpc",
            "module.network.google_compute_router.router",
            "module.network.google_compute_router_nat.nat",
            "module.network.google_compute_subnetwork.subnet"
          ]
        }
      ]
    },
    {
      "mode": "managed",
      "type": "google_compute_network_peering",
      "name": "region_to_admin",
      "provider": "provider[\"registry.terraform.io/hashicorp/google\"]",
      "instances": [
        {
          "index_key": "asia-southeast1",
          "schema_version": 0,
          "attributes": {
            "export_custom_routes": true,
            "export_subnet_routes_with_public_ip": true,
            "id": "uporto-cd-vpc-asia-southeast1/uporto-cd-asia-southeast1-to-admin",
            "import_custom_routes": true,
            "import_subnet_routes_with_public_ip": false,
            "name": "uporto-cd-asia-southeast1-to-admin",
            "network": "https://www.googleapis.com/compute/v1/projects/uporto-cd/global/networks/uporto-cd-vpc-asia-southeast1",
            "peer_network": "https://www.googleapis.com/compute/v1/projects/uporto-cd/global/networks/uporto-cd-admin-vpc",
            "stack_type": "IPV4_ONLY",
            "state": "INACTIVE",
            "state_details": "[2025-05-28T12:21:13.044-07:00]: Waiting for peer network to connect.",
            "timeouts": null
          },
          "sensitive_attributes": [],
          "private": "eyJlMmJmYjczMC1lY2FhLTExZTYtOGY4OC0zNDM2M2JjN2M0YzAiOnsiY3JlYXRlIjoyNDAwMDAwMDAwMDAsImRlbGV0ZSI6MjQwMDAwMDAwMDAwLCJ1cGRhdGUiOjI0MDAwMDAwMDAwMH19",
          "dependencies": [
            "module.admin.google_compute_network.admin_vpc",
            "module.admin.google_project_service.compute_api",
            "module.network.google_compute_firewall.allow_egress_to_admin",
            "module.network.google_compute_firewall.allow_from_admin",
            "module.network.google_compute_firewall.allow_internal",
            "module.network.google_compute_firewall.allow_internet_egress",
            "module.network.google_compute_firewall.block_inter_region",
            "module.network.google_compute_network.vpc",
            "module.network.google_compute_router.router",
            "module.network.google_compute_router_nat.nat",
            "module.network.google_compute_subnetwork.subnet"
          ]
        },
        {
          "index_key": "europe-west2",
          "schema_version": 0,
          "attributes": {
            "export_custom_routes": true,
            "export_subnet_routes_with_public_ip": true,
            "id": "uporto-cd-vpc-europe-west2/uporto-cd-europe-west2-to-admin",
            "import_custom_routes": true,
            "import_subnet_routes_with_public_ip": false,
            "name": "uporto-cd-europe-west2-to-admin",
            "network": "https://www.googleapis.com/compute/v1/projects/uporto-cd/global/networks/uporto-cd-vpc-europe-west2",
            "peer_network": "https://www.googleapis.com/compute/v1/projects/uporto-cd/global/networks/uporto-cd-admin-vpc",
            "stack_type": "IPV4_ONLY",
            "state": "INACTIVE",
            "state_details": "[2025-05-28T12:21:00.662-07:00]: Waiting for peer network to connect.",
            "timeouts": null
          },
          "sensitive_attributes": [],
          "private": "eyJlMmJmYjczMC1lY2FhLTExZTYtOGY4OC0zNDM2M2JjN2M0YzAiOnsiY3JlYXRlIjoyNDAwMDAwMDAwMDAsImRlbGV0ZSI6MjQwMDAwMDAwMDAwLCJ1cGRhdGUiOjI0MDAwMDAwMDAwMH19",
          "dependencies": [
            "module.admin.google_compute_network.admin_vpc",
            "module.admin.google_project_service.compute_api",
            "module.network.google_compute_firewall.allow_egress_to_admin",
            "module.network.google_compute_firewall.allow_from_admin",
            "module.network.google_compute_firewall.allow_internal",
            "module.network.google_compute_firewall.allow_internet_egress",
            "module.network.google_compute_firewall.block_inter_region",
            "module.network.google_compute_network.vpc",
            "module.network.google_compute_router.router",
            "module.network.google_compute_router_nat.nat",
            "module.network.google_compute_subnetwork.subnet"
          ]
        },
        {
          "index_key": "us-south1",
          "schema_version": 0,
          "attributes": {
            "export_custom_routes": true,
            "export_subnet_routes_with_public_ip": true,
            "id": "uporto-cd-vpc-us-south1/uporto-cd-us-south1-to-admin",
            "import_custom_routes": true,
            "import_subnet_routes_with_public_ip": false,
            "name": "uporto-cd-us-south1-to-admin",
            "network": "https://www.googleapis.com/compute/v1/projects/uporto-cd/global/networks/uporto-cd-vpc-us-south1",
            "peer_network": "https://www.googleapis.com/compute/v1/projects/uporto-cd/global/networks/uporto-cd-admin-vpc",
            "stack_type": "IPV4_ONLY",
            "state": "INACTIVE",
            "state_details": "[2025-05-28T12:21:25.617-07:00]: Waiting for peer network to connect.",
            "timeouts": null
          },
          "sensitive_attributes": [],
          "private": "eyJlMmJmYjczMC1lY2FhLTExZTYtOGY4OC0zNDM2M2JjN2M0YzAiOnsiY3JlYXRlIjoyNDAwMDAwMDAwMDAsImRlbGV0ZSI6MjQwMDAwMDAwMDAwLCJ1cGRhdGUiOjI0MDAwMDAwMDAwMH19",
          "dependencies": [
            "module.admin.google_compute_network.admin_vpc",
            "module.admin.google_project_service.compute_api",
            "module.network.google_compute_firewall.allow_egress_to_admin",
            "module.network.google_compute_firewall.allow_from_admin",
            "module.network.google_compute_firewall.allow_internal",
            "module.network.google_compute_firewall.allow_internet_egress",
            "module.network.google_compute_firewall.block_inter_region",
            "module.network.google_compute_network.vpc",
            "module.network.google_compute_router.router",
            "module.network.google_compute_router_nat.nat",
            "module.network.google_compute_subnetwork.subnet"
          ]
        }
      ]
    },
    {
      "module": "module.admin",
      "mode": "managed",
      "type": "google_compute_address",
      "name": "admin_ip",
      "provider": "provider[\"registry.terraform.io/hashicorp/google\"]",
      "instances": [
        {
          "schema_version": 0,
          "attributes": {
            "address": "35.230.157.12",
            "address_type": "EXTERNAL",
            "creation_timestamp": "2025-05-28T12:19:29.794-07:00",
            "description": "Static IP for admin VM",
            "id": "projects/uporto-cd/regions/europe-west2/addresses/uporto-cd-admin-ip",
            "ip_version": "",
            "ipv6_endpoint_type": "",
            "name": "uporto-cd-admin-ip",
            "network": "",
            "network_tier": "PREMIUM",
            "prefix_length": 0,
            "project": "uporto-cd",
            "purpose": "",
            "region": "europe-west2",
            "self_link": "https://www.googleapis.com/compute/v1/projects/uporto-cd/regions/europe-west2/addresses/uporto-cd-admin-ip",
            "subnetwork": "",
            "timeouts": null,
            "users": []
          },
          "sensitive_attributes": [],
          "private": "eyJlMmJmYjczMC1lY2FhLTExZTYtOGY4OC0zNDM2M2JjN2M0YzAiOnsiY3JlYXRlIjoxMjAwMDAwMDAwMDAwLCJkZWxldGUiOjEyMDAwMDAwMDAwMDB9fQ=="
        }
      ]
    },
    {
      "module": "module.admin",
      "mode": "managed",
      "type": "google_compute_backend_service",
      "name": "admin_webapp",
      "provider": "provider[\"registry.terraform.io/hashicorp/google\"]",
      "instances": [
        {
          "schema_version": 1,
          "attributes": {
            "affinity_cookie_ttl_sec": 0,
            "backend": [
              {
                "balancing_mode": "UTILIZATION",
                "capacity_scaler": 1,
                "description": "",
                "group": "https://www.googleapis.com/compute/v1/projects/uporto-cd/zones/europe-west2-a/instanceGroups/uporto-cd-admin-group",
                "max_connections": 0,
                "max_connections_per_endpoint": 0,
                "max_connections_per_instance": 0,
                "max_rate": 0,
                "max_rate_per_endpoint": 0,
                "max_rate_per_instance": 0,
                "max_utilization": 0
              }
            ],
            "cdn_policy": [],
            "circuit_breakers": [],
            "compression_mode": "",
            "connection_draining_timeout_sec": 60,
            "consistent_hash": [],
            "creation_timestamp": "2025-05-28T12:21:38.197-07:00",
            "custom_request_headers": null,
            "custom_response_headers": null,
            "description": "Backend service for admin webapp",
            "edge_security_policy": "",
            "enable_cdn": false,
            "fingerprint": "a4cFybpAzwA=",
            "generated_id": 5162390237172391085,
            "health_checks": [
              "projects/uporto-cd/global/healthChecks/uporto-cd-admin-webapp-health"
            ],
            "iap": [],
            "id": "projects/uporto-cd/global/backendServices/uporto-cd-admin-webapp-backend",
            "load_balancing_scheme": "EXTERNAL",
            "locality_lb_policies": [],
            "locality_lb_policy": "",
            "log_config": [],
            "name": "uporto-cd-admin-webapp-backend",
            "outlier_detection": [],
            "port_name": "http",
            "project": "uporto-cd",
            "protocol": "HTTP",
            "security_policy": "",
            "security_settings": [],
            "self_link": "https://www.googleapis.com/compute/v1/projects/uporto-cd/global/backendServices/uporto-cd-admin-webapp-backend",
            "session_affinity": "NONE",
            "timeout_sec": 60,
            "timeouts": null
          },
          "sensitive_attributes": [],
          "private": "eyJlMmJmYjczMC1lY2FhLTExZTYtOGY4OC0zNDM2M2JjN2M0YzAiOnsiY3JlYXRlIjoxMjAwMDAwMDAwMDAwLCJkZWxldGUiOjEyMDAwMDAwMDAwMDAsInVwZGF0ZSI6MTIwMDAwMDAwMDAwMH0sInNjaGVtYV92ZXJzaW9uIjoiMSJ9",
          "dependencies": [
            "module.admin.google_compute_address.admin_ip",
            "module.admin.google_compute_health_check.admin_webapp",
            "module.admin.google_compute_instance.admin",
            "module.admin.google_compute_instance_group.admin_group",
            "module.admin.google_compute_network.admin_vpc",
            "module.admin.google_compute_subnetwork.admin_subnet",
            "module.admin.google_project_service.compute_api"
          ]
        }
      ]
    },
    {
      "module": "module.admin",
      "mode": "managed",
      "type": "google_compute_firewall",
      "name": "admin_allow_from_gke_masters",
      "provider": "provider[\"registry.terraform.io/hashicorp/google\"]",
      "instances": [
        {
          "schema_version": 1,
          "attributes": {
            "allow": [
              {
                "ports": [
                  "443",
                  "10250"
                ],
                "protocol": "tcp"
              }
            ],
            "creation_timestamp": "2025-05-28T12:19:57.751-07:00",
            "deny": [],
            "description": "",
            "destination_ranges": [],
            "direction": "INGRESS",
            "disabled": false,
            "enable_logging": null,
            "id": "projects/uporto-cd/global/firewalls/uporto-cd-admin-allow-gke-masters",
            "log_config": [],
            "name": "uporto-cd-admin-allow-gke-masters",
            "network": "https://www.googleapis.com/compute/v1/projects/uporto-cd/global/networks/uporto-cd-admin-vpc",
            "priority": 1000,
            "project": "uporto-cd",
            "self_link": "https://www.googleapis.com/compute/v1/projects/uporto-cd/global/firewalls/uporto-cd-admin-allow-gke-masters",
            "source_ranges": [
              "172.16.1.0/28",
              "172.16.2.0/28",
              "172.16.3.0/28"
            ],
            "source_service_accounts": null,
            "source_tags": null,
            "target_service_accounts": null,
            "target_tags": [
              "admin-vm"
            ],
            "timeouts": null
          },
          "sensitive_attributes": [],
          "private": "eyJlMmJmYjczMC1lY2FhLTExZTYtOGY4OC0zNDM2M2JjN2M0YzAiOnsiY3JlYXRlIjoxMjAwMDAwMDAwMDAwLCJkZWxldGUiOjEyMDAwMDAwMDAwMDAsInVwZGF0ZSI6MTIwMDAwMDAwMDAwMH0sInNjaGVtYV92ZXJzaW9uIjoiMSJ9",
          "dependencies": [
            "module.admin.google_compute_network.admin_vpc",
            "module.admin.google_project_service.compute_api"
          ]
        }
      ]
    },
    {
      "module": "module.admin",
      "mode": "managed",
      "type": "google_compute_firewall",
      "name": "admin_egress",
      "provider": "provider[\"registry.terraform.io/hashicorp/google\"]",
      "instances": [
        {
          "schema_version": 1,
          "attributes": {
            "allow": [
              {
                "ports": [
                  "53"
                ],
                "protocol": "udp"
              },
              {
                "ports": [
                  "80",
                  "443",
                  "22",
                  "53"
                ],
                "protocol": "tcp"
              }
            ],
            "creation_timestamp": "2025-05-28T12:19:58.996-07:00",
            "deny": [],
            "description": "",
            "destination_ranges": [
              "0.0.0.0/0"
            ],
            "direction": "EGRESS",
            "disabled": false,
            "enable_logging": null,
            "id": "projects/uporto-cd/global/firewalls/uporto-cd-admin-egress",
            "log_config": [],
            "name": "uporto-cd-admin-egress",
            "network": "https://www.googleapis.com/compute/v1/projects/uporto-cd/global/networks/uporto-cd-admin-vpc",
            "priority": 1000,
            "project": "uporto-cd",
            "self_link": "https://www.googleapis.com/compute/v1/projects/uporto-cd/global/firewalls/uporto-cd-admin-egress",
            "source_ranges": null,
            "source_service_accounts": null,
            "source_tags": null,
            "target_service_accounts": null,
            "target_tags": [
              "admin-vm",
              "admin-webapp"
            ],
            "timeouts": null
          },
          "sensitive_attributes": [],
          "private": "eyJlMmJmYjczMC1lY2FhLTExZTYtOGY4OC0zNDM2M2JjN2M0YzAiOnsiY3JlYXRlIjoxMjAwMDAwMDAwMDAwLCJkZWxldGUiOjEyMDAwMDAwMDAwMDAsInVwZGF0ZSI6MTIwMDAwMDAwMDAwMH0sInNjaGVtYV92ZXJzaW9uIjoiMSJ9",
          "dependencies": [
            "module.admin.google_compute_network.admin_vpc",
            "module.admin.google_project_service.compute_api"
          ]
        }
      ]
    },
    {
      "module": "module.admin",
      "mode": "managed",
      "type": "google_compute_firewall",
      "name": "admin_ssh",
      "provider": "provider[\"registry.terraform.io/hashicorp/google\"]",
      "instances": [
        {
          "schema_version": 1,
          "attributes": {
            "allow": [
              {
                "ports": [
                  "22"
                ],
                "protocol": "tcp"
              }
            ],
            "creation_timestamp": "2025-05-28T12:19:58.261-07:00",
            "deny": [],
            "description": "",
            "destination_ranges": [],
            "direction": "INGRESS",
            "disabled": false,
            "enable_logging": null,
            "id": "projects/uporto-cd/global/firewalls/uporto-cd-admin-ssh",
            "log_config": [],
            "name": "uporto-cd-admin-ssh",
            "network": "https://www.googleapis.com/compute/v1/projects/uporto-cd/global/networks/uporto-cd-admin-vpc",
            "priority": 1000,
            "project": "uporto-cd",
            "self_link": "https://www.googleapis.com/compute/v1/projects/uporto-cd/global/firewalls/uporto-cd-admin-ssh",
            "source_ranges": [
              "0.0.0.0/0"
            ],
            "source_service_accounts": null,
            "source_tags": null,
            "target_service_accounts": null,
            "target_tags": [
              "admin-vm"
            ],
            "timeouts": null
          },
          "sensitive_attributes": [],
          "private": "eyJlMmJmYjczMC1lY2FhLTExZTYtOGY4OC0zNDM2M2JjN2M0YzAiOnsiY3JlYXRlIjoxMjAwMDAwMDAwMDAwLCJkZWxldGUiOjEyMDAwMDAwMDAwMDAsInVwZGF0ZSI6MTIwMDAwMDAwMDAwMH0sInNjaGVtYV92ZXJzaW9uIjoiMSJ9",
          "dependencies": [
            "module.admin.google_compute_network.admin_vpc",
            "module.admin.google_project_service.compute_api"
          ]
        }
      ]
    },
    {
      "module": "module.admin",
      "mode": "managed",
      "type": "google_compute_firewall",
      "name": "admin_webapp_health",
      "provider": "provider[\"registry.terraform.io/hashicorp/google\"]",
      "instances": [
        {
          "schema_version": 1,
          "attributes": {
            "allow": [
              {
                "ports": [
                  "80"
                ],
                "protocol": "tcp"
              }
            ],
            "creation_timestamp": "2025-05-28T12:19:57.964-07:00",
            "deny": [],
            "description": "",
            "destination_ranges": [],
            "direction": "INGRESS",
            "disabled": false,
            "enable_logging": null,
            "id": "projects/uporto-cd/global/firewalls/uporto-cd-admin-webapp-health",
            "log_config": [],
            "name": "uporto-cd-admin-webapp-health",
            "network": "https://www.googleapis.com/compute/v1/projects/uporto-cd/global/networks/uporto-cd-admin-vpc",
            "priority": 500,
            "project": "uporto-cd",
            "self_link": "https://www.googleapis.com/compute/v1/projects/uporto-cd/global/firewalls/uporto-cd-admin-webapp-health",
            "source_ranges": [
              "130.211.0.0/22",
              "35.191.0.0/16"
            ],
            "source_service_accounts": null,
            "source_tags": null,
            "target_service_accounts": null,
            "target_tags": [
              "admin-webapp"
            ],
            "timeouts": null
          },
          "sensitive_attributes": [],
          "private": "eyJlMmJmYjczMC1lY2FhLTExZTYtOGY4OC0zNDM2M2JjN2M0YzAiOnsiY3JlYXRlIjoxMjAwMDAwMDAwMDAwLCJkZWxldGUiOjEyMDAwMDAwMDAwMDAsInVwZGF0ZSI6MTIwMDAwMDAwMDAwMH0sInNjaGVtYV92ZXJzaW9uIjoiMSJ9",
          "dependencies": [
            "module.admin.google_compute_network.admin_vpc",
            "module.admin.google_project_service.compute_api"
          ]
        }
      ]
    },
    {
      "module": "module.admin",
      "mode": "managed",
      "type": "google_compute_firewall",
      "name": "admin_webapp_http",
      "provider": "provider[\"registry.terraform.io/hashicorp/google\"]",
      "instances": [
        {
          "schema_version": 1,
          "attributes": {
            "allow": [
              {
                "ports": [
                  "80",
                  "8080"
                ],
                "protocol": "tcp"
              }
            ],
            "creation_timestamp": "2025-05-28T12:19:57.937-07:00",
            "deny": [],
            "description": "",
            "destination_ranges": [],
            "direction": "INGRESS",
            "disabled": false,
            "enable_logging": null,
            "id": "projects/uporto-cd/global/firewalls/uporto-cd-admin-webapp-http",
            "log_config": [],
            "name": "uporto-cd-admin-webapp-http",
            "network": "https://www.googleapis.com/compute/v1/projects/uporto-cd/global/networks/uporto-cd-admin-vpc",
            "priority": 1000,
            "project": "uporto-cd",
            "self_link": "https://www.googleapis.com/compute/v1/projects/uporto-cd/global/firewalls/uporto-cd-admin-webapp-http",
            "source_ranges": [
              "130.211.0.0/22",
              "35.191.0.0/16"
            ],
            "source_service_accounts": null,
            "source_tags": null,
            "target_service_accounts": null,
            "target_tags": [
              "admin-webapp"
            ],
            "timeouts": null
          },
          "sensitive_attributes": [],
          "private": "eyJlMmJmYjczMC1lY2FhLTExZTYtOGY4OC0zNDM2M2JjN2M0YzAiOnsiY3JlYXRlIjoxMjAwMDAwMDAwMDAwLCJkZWxldGUiOjEyMDAwMDAwMDAwMDAsInVwZGF0ZSI6MTIwMDAwMDAwMDAwMH0sInNjaGVtYV92ZXJzaW9uIjoiMSJ9",
          "dependencies": [
            "module.admin.google_compute_network.admin_vpc",
            "module.admin.google_project_service.compute_api"
          ]
        }
      ]
    },
    {
      "module": "module.admin",
      "mode": "managed",
      "type": "google_compute_global_address",
      "name": "admin_webapp_ip",
      "provider": "provider[\"registry.terraform.io/hashicorp/google\"]",
      "instances": [
        {
          "schema_version": 0,
          "attributes": {
            "address": "34.36.103.3",
            "address_type": "EXTERNAL",
            "creation_timestamp": "2025-05-28T12:19:29.896-07:00",
            "description": "Global IP for admin webapp",
            "id": "projects/uporto-cd/global/addresses/uporto-cd-admin-webapp-ip",
            "ip_version": "",
            "name": "uporto-cd-admin-webapp-ip",
            "network": "",
            "prefix_length": 0,
            "project": "uporto-cd",
            "purpose": "",
            "self_link": "https://www.googleapis.com/compute/v1/projects/uporto-cd/global/addresses/uporto-cd-admin-webapp-ip",
            "timeouts": null
          },
          "sensitive_attributes": [],
          "private": "eyJlMmJmYjczMC1lY2FhLTExZTYtOGY4OC0zNDM2M2JjN2M0YzAiOnsiY3JlYXRlIjoxMjAwMDAwMDAwMDAwLCJkZWxldGUiOjEyMDAwMDAwMDAwMDB9fQ=="
        }
      ]
    },
    {
      "module": "module.admin",
      "mode": "managed",
      "type": "google_compute_global_forwarding_rule",
      "name": "admin_webapp_http",
      "provider": "provider[\"registry.terraform.io/hashicorp/google\"]",
      "instances": [
        {
          "schema_version": 0,
          "attributes": {
            "base_forwarding_rule": "",
            "description": "",
            "id": "projects/uporto-cd/global/forwardingRules/uporto-cd-admin-webapp-http-rule",
            "ip_address": "34.36.103.3",
            "ip_protocol": "TCP",
            "ip_version": "",
            "label_fingerprint": "jNmrVEXgJcU=",
            "labels": {
              "service": "admin-webapp"
            },
            "load_balancing_scheme": "EXTERNAL",
            "metadata_filters": [],
            "name": "uporto-cd-admin-webapp-http-rule",
            "network": "",
            "no_automate_dns_zone": null,
            "port_range": "80-80",
            "project": "uporto-cd",
            "psc_connection_id": "",
            "psc_connection_status": "",
            "self_link": "https://www.googleapis.com/compute/v1/projects/uporto-cd/global/forwardingRules/uporto-cd-admin-webapp-http-rule",
            "source_ip_ranges": null,
            "subnetwork": "",
            "target": "https://www.googleapis.com/compute/v1/projects/uporto-cd/global/targetHttpProxies/uporto-cd-admin-webapp-http-proxy",
            "timeouts": null
          },
          "sensitive_attributes": [],
          "private": "eyJlMmJmYjczMC1lY2FhLTExZTYtOGY4OC0zNDM2M2JjN2M0YzAiOnsiY3JlYXRlIjoxMjAwMDAwMDAwMDAwLCJkZWxldGUiOjEyMDAwMDAwMDAwMDAsInVwZGF0ZSI6MTIwMDAwMDAwMDAwMH19",
          "dependencies": [
            "module.admin.google_compute_address.admin_ip",
            "module.admin.google_compute_backend_service.admin_webapp",
            "module.admin.google_compute_global_address.admin_webapp_ip",
            "module.admin.google_compute_health_check.admin_webapp",
            "module.admin.google_compute_instance.admin",
            "module.admin.google_compute_instance_group.admin_group",
            "module.admin.google_compute_network.admin_vpc",
            "module.admin.google_compute_subnetwork.admin_subnet",
            "module.admin.google_compute_target_http_proxy.admin_webapp",
            "module.admin.google_compute_url_map.admin_webapp",
            "module.admin.google_project_service.compute_api"
          ]
        }
      ]
    },
    {
      "module": "module.admin",
      "mode": "managed",
      "type": "google_compute_global_forwarding_rule",
      "name": "admin_webapp_https",
      "provider": "provider[\"registry.terraform.io/hashicorp/google\"]",
      "instances": [
        {
          "index_key": 0,
          "schema_version": 0,
          "attributes": {
            "base_forwarding_rule": "",
            "description": "",
            "id": "projects/uporto-cd/global/forwardingRules/uporto-cd-admin-webapp-https-rule",
            "ip_address": "34.36.103.3",
            "ip_protocol": "TCP",
            "ip_version": "",
            "label_fingerprint": "0ydbSujZ_RM=",
            "labels": {
              "service": "admin-webapp",
              "ssl": "managed"
            },
            "load_balancing_scheme": "EXTERNAL",
            "metadata_filters": [],
            "name": "uporto-cd-admin-webapp-https-rule",
            "network": "",
            "no_automate_dns_zone": null,
            "port_range": "443-443",
            "project": "uporto-cd",
            "psc_connection_id": "",
            "psc_connection_status": "",
            "self_link": "https://www.googleapis.com/compute/v1/projects/uporto-cd/global/forwardingRules/uporto-cd-admin-webapp-https-rule",
            "source_ip_ranges": null,
            "subnetwork": "",
            "target": "https://www.googleapis.com/compute/v1/projects/uporto-cd/global/targetHttpsProxies/uporto-cd-admin-webapp-https-proxy",
            "timeouts": null
          },
          "sensitive_attributes": [],
          "private": "eyJlMmJmYjczMC1lY2FhLTExZTYtOGY4OC0zNDM2M2JjN2M0YzAiOnsiY3JlYXRlIjoxMjAwMDAwMDAwMDAwLCJkZWxldGUiOjEyMDAwMDAwMDAwMDAsInVwZGF0ZSI6MTIwMDAwMDAwMDAwMH19",
          "dependencies": [
            "module.admin.google_compute_address.admin_ip",
            "module.admin.google_compute_backend_service.admin_webapp",
            "module.admin.google_compute_global_address.admin_webapp_ip",
            "module.admin.google_compute_health_check.admin_webapp",
            "module.admin.google_compute_instance.admin",
            "module.admin.google_compute_instance_group.admin_group",
            "module.admin.google_compute_managed_ssl_certificate.admin_webapp",
            "module.admin.google_compute_network.admin_vpc",
            "module.admin.google_compute_subnetwork.admin_subnet",
            "module.admin.google_compute_target_https_proxy.admin_webapp",
            "module.admin.google_compute_url_map.admin_webapp",
            "module.admin.google_project_service.compute_api"
          ]
        }
      ]
    },
    {
      "module": "module.admin",
      "mode": "managed",
      "type": "google_compute_health_check",
      "name": "admin_webapp",
      "provider": "provider[\"registry.terraform.io/hashicorp/google\"]",
      "instances": [
        {
          "schema_version": 0,
          "attributes": {
            "check_interval_sec": 10,
            "creation_timestamp": "2025-05-28T12:19:29.820-07:00",
            "description": "Health check for admin webapp",
            "grpc_health_check": [],
            "healthy_threshold": 2,
            "http2_health_check": [],
            "http_health_check": [
              {
                "host": "",
                "port": 80,
                "port_name": "",
                "port_specification": "",
                "proxy_header": "NONE",
                "request_path": "/",
                "response": ""
              }
            ],
            "https_health_check": [],
            "id": "projects/uporto-cd/global/healthChecks/uporto-cd-admin-webapp-health",
            "log_config": [
              {
                "enable": false
              }
            ],
            "name": "uporto-cd-admin-webapp-health",
            "project": "uporto-cd",
            "self_link": "https://www.googleapis.com/compute/v1/projects/uporto-cd/global/healthChecks/uporto-cd-admin-webapp-health",
            "ssl_health_check": [],
            "tcp_health_check": [],
            "timeout_sec": 5,
            "timeouts": null,
            "type": "HTTP",
            "unhealthy_threshold": 3
          },
          "sensitive_attributes": [],
          "private": "eyJlMmJmYjczMC1lY2FhLTExZTYtOGY4OC0zNDM2M2JjN2M0YzAiOnsiY3JlYXRlIjoxMjAwMDAwMDAwMDAwLCJkZWxldGUiOjEyMDAwMDAwMDAwMDAsInVwZGF0ZSI6MTIwMDAwMDAwMDAwMH19"
        }
      ]
    },
    {
      "module": "module.admin",
      "mode": "managed",
      "type": "google_compute_instance",
      "name": "admin",
      "provider": "provider[\"registry.terraform.io/hashicorp/google\"]",
      "instances": [
        {
          "schema_version": 6,
          "attributes": {
            "advanced_machine_features": [],
            "allow_stopping_for_update": true,
            "attached_disk": [],
            "boot_disk": [
              {
                "auto_delete": true,
                "device_name": "persistent-disk-0",
                "disk_encryption_key_raw": "",
                "disk_encryption_key_sha256": "",
                "initialize_params": [
                  {
                    "image": "https://www.googleapis.com/compute/v1/projects/ubuntu-os-cloud/global/images/ubuntu-2004-focal-v20250527",
                    "labels": {},
                    "resource_manager_tags": null,
                    "size": 50,
                    "type": "pd-ssd"
                  }
                ],
                "kms_key_self_link": "",
                "mode": "READ_WRITE",
                "source": "https://www.googleapis.com/compute/v1/projects/uporto-cd/zones/europe-west2-a/disks/uporto-cd-admin"
              }
            ],
            "can_ip_forward": false,
            "confidential_instance_config": [],
            "cpu_platform": "Intel Broadwell",
            "current_status": "RUNNING",
            "deletion_protection": false,
            "description": "",
            "desired_status": null,
            "enable_display": false,
            "guest_accelerator": [],
            "hostname": "",
            "id": "projects/uporto-cd/zones/europe-west2-a/instances/uporto-cd-admin",
            "instance_id": "3339743791926664981",
            "label_fingerprint": "42WmSpB8rSM=",
            "labels": null,
            "machine_type": "e2-medium",
            "metadata": {
              "ssh-keys": "ubuntu:ssh-rsa AAAAB3NzaC1yc2EAAAADAQABAAACAQC8d/Bg52qrZqSRqdEeqy0rT1+5f/cP5BnsN5GHNQXP7PHe/0pGqADr6tMTboRwE9+q/6YdjzmnpE3qP1xqruh4gkH5GyvsGSuZofBCJuwumQZt91Oxul6Gu04eO2yj1qf2VXcPKbyvOgkbOqtudNMBwR3iZd18ce6Se03srzu1FVo1tPCItkxdRhNyMWbGaU7TS64P+KTSkqK1hkCxPJNz0gs0C+KabKE4glIO5AlXNoAxXAlNfvq0k27TyfJKRZFduN8blOC5owIlR7iyviWBK2FAKMu2/JW8/hFcjdtL8YN3wNcp0u/7KxgqGkPpW21mGtFdsQV4FfvcogLHjnhO5fMjw4iyBp71ZL73AbUj4+LFFfobPu19zpUOcOCUe+CDpwMnW6s5WfolRk8P6a0arQrA7lYfgV815EugPBlyEit89mBSpvaCASrVO8HhnZF3hzbk6DqFt9ePEybqMmFtTHM1M4yYuydDNqNEj5f1/DImRERJxBTi7M6QR7ICtoyksd6x8Sk1TtUp9dVUB4UaIycVG3DnAXILkbsfF+X95hU5vEJw1wuwU26R1JE6HtTXYnrH9Wi0f8RhoS2UXEgmt9V3h/FsGuH/J9U4K7A3XqNBGtIULeL2hi2rAncvD2K49cY95by4gayolLvHJ4bt0Ts8DuNnDcBJ7HzW5AruYw== eduardo.mmd.correia@gmail.com\n"
            },
            "metadata_fingerprint": "hdWfLrXEse8=",
            "metadata_startup_script": null,
            "min_cpu_platform": "",
            "name": "uporto-cd-admin",
            "network_interface": [
              {
                "access_config": [
                  {
                    "nat_ip": "35.230.157.12",
                    "network_tier": "PREMIUM",
                    "public_ptr_domain_name": ""
                  }
                ],
                "alias_ip_range": [],
                "internal_ipv6_prefix_length": 0,
                "ipv6_access_config": [],
                "ipv6_access_type": "",
                "ipv6_address": "",
                "name": "nic0",
                "network": "https://www.googleapis.com/compute/v1/projects/uporto-cd/global/networks/uporto-cd-admin-vpc",
                "network_ip": "10.250.0.2",
                "nic_type": "",
                "queue_count": 0,
                "stack_type": "IPV4_ONLY",
                "subnetwork": "https://www.googleapis.com/compute/v1/projects/uporto-cd/regions/europe-west2/subnetworks/uporto-cd-admin-subnet",
                "subnetwork_project": "uporto-cd"
              }
            ],
            "network_performance_config": [],
            "params": [],
            "project": "uporto-cd",
            "reservation_affinity": [],
            "resource_policies": null,
            "scheduling": [
              {
                "automatic_restart": true,
                "instance_termination_action": "",
                "local_ssd_recovery_timeout": [],
                "min_node_cpus": 0,
                "node_affinities": [],
                "on_host_maintenance": "MIGRATE",
                "preemptible": false,
                "provisioning_model": "STANDARD"
              }
            ],
            "scratch_disk": [],
            "self_link": "https://www.googleapis.com/compute/v1/projects/uporto-cd/zones/europe-west2-a/instances/uporto-cd-admin",
            "service_account": [
              {
                "email": "313506890289-compute@developer.gserviceaccount.com",
                "scopes": [
                  "https://www.googleapis.com/auth/cloud-platform"
                ]
              }
            ],
            "shielded_instance_config": [
              {
                "enable_integrity_monitoring": true,
                "enable_secure_boot": false,
                "enable_vtpm": true
              }
            ],
            "tags": [
              "admin-vm",
              "admin-webapp",
              "uporto-cd-admin"
            ],
            "tags_fingerprint": "5ap9M49H2-0=",
            "timeouts": null,
            "zone": "europe-west2-a"
          },
          "sensitive_attributes": [
            [
              {
                "type": "get_attr",
                "value": "boot_disk"
              },
              {
                "type": "index",
                "value": {
                  "value": 0,
                  "type": "number"
                }
              },
              {
                "type": "get_attr",
                "value": "disk_encryption_key_raw"
              }
            ]
          ],
          "private": "eyJlMmJmYjczMC1lY2FhLTExZTYtOGY4OC0zNDM2M2JjN2M0YzAiOnsiY3JlYXRlIjoxMjAwMDAwMDAwMDAwLCJkZWxldGUiOjEyMDAwMDAwMDAwMDAsInVwZGF0ZSI6MTIwMDAwMDAwMDAwMH0sInNjaGVtYV92ZXJzaW9uIjoiNiJ9",
          "dependencies": [
            "module.admin.google_compute_address.admin_ip",
            "module.admin.google_compute_network.admin_vpc",
            "module.admin.google_compute_subnetwork.admin_subnet",
            "module.admin.google_project_service.compute_api"
          ]
        }
      ]
    },
    {
      "module": "module.admin",
      "mode": "managed",
      "type": "google_compute_instance_group",
      "name": "admin_group",
      "provider": "provider[\"registry.terraform.io/hashicorp/google\"]",
      "instances": [
        {
          "schema_version": 2,
          "attributes": {
            "description": "",
            "id": "projects/uporto-cd/zones/europe-west2-a/instanceGroups/uporto-cd-admin-group",
            "instances": [
              "https://www.googleapis.com/compute/v1/projects/uporto-cd/zones/europe-west2-a/instances/uporto-cd-admin"
            ],
            "name": "uporto-cd-admin-group",
            "named_port": [
              {
                "name": "http",
                "port": 80
              }
            ],
            "network": "https://www.googleapis.com/compute/v1/projects/uporto-cd/global/networks/uporto-cd-admin-vpc",
            "project": "uporto-cd",
            "self_link": "https://www.googleapis.com/compute/v1/projects/uporto-cd/zones/europe-west2-a/instanceGroups/uporto-cd-admin-group",
            "size": 1,
            "timeouts": null,
            "zone": "europe-west2-a"
          },
          "sensitive_attributes": [],
          "private": "eyJlMmJmYjczMC1lY2FhLTExZTYtOGY4OC0zNDM2M2JjN2M0YzAiOnsiY3JlYXRlIjozNjAwMDAwMDAwMDAsImRlbGV0ZSI6MzYwMDAwMDAwMDAwLCJ1cGRhdGUiOjM2MDAwMDAwMDAwMH0sInNjaGVtYV92ZXJzaW9uIjoiMiJ9",
          "dependencies": [
            "module.admin.google_compute_address.admin_ip",
            "module.admin.google_compute_instance.admin",
            "module.admin.google_compute_network.admin_vpc",
            "module.admin.google_compute_subnetwork.admin_subnet",
            "module.admin.google_project_service.compute_api"
          ]
        }
      ]
    },
    {
      "module": "module.admin",
      "mode": "managed",
      "type": "google_compute_managed_ssl_certificate",
      "name": "admin_webapp",
      "provider": "provider[\"registry.terraform.io/hashicorp/google\"]",
      "instances": [
        {
          "index_key": 0,
          "schema_version": 0,
          "attributes": {
            "certificate_id": 116727279909527342,
            "creation_timestamp": "2025-05-28T12:19:29.797-07:00",
            "description": "",
            "expire_time": "",
            "id": "projects/uporto-cd/global/sslCertificates/uporto-cd-admin-webapp-ssl",
            "managed": [
              {
                "domains": [
                  "admin.adm-cdn.pt"
                ]
              }
            ],
            "name": "uporto-cd-admin-webapp-ssl",
            "project": "uporto-cd",
            "self_link": "https://www.googleapis.com/compute/v1/projects/uporto-cd/global/sslCertificates/uporto-cd-admin-webapp-ssl",
            "subject_alternative_names": [],
            "timeouts": {
              "create": "30m",
              "delete": "10m"
            },
            "type": "MANAGED"
          },
          "sensitive_attributes": [],
          "private": "eyJlMmJmYjczMC1lY2FhLTExZTYtOGY4OC0zNDM2M2JjN2M0YzAiOnsiY3JlYXRlIjoxODAwMDAwMDAwMDAwLCJkZWxldGUiOjYwMDAwMDAwMDAwMH19",
          "create_before_destroy": true
        }
      ]
    },
    {
      "module": "module.admin",
      "mode": "managed",
      "type": "google_compute_network",
      "name": "admin_vpc",
      "provider": "provider[\"registry.terraform.io/hashicorp/google\"]",
      "instances": [
        {
          "schema_version": 0,
          "attributes": {
            "auto_create_subnetworks": false,
            "delete_default_routes_on_create": false,
            "description": "VPC network for uporto-cd admin",
            "enable_ula_internal_ipv6": false,
            "gateway_ipv4": "",
            "id": "projects/uporto-cd/global/networks/uporto-cd-admin-vpc",
            "internal_ipv6_range": "",
            "mtu": 0,
            "name": "uporto-cd-admin-vpc",
            "network_firewall_policy_enforcement_order": "AFTER_CLASSIC_FIREWALL",
            "project": "uporto-cd",
            "routing_mode": "REGIONAL",
            "self_link": "https://www.googleapis.com/compute/v1/projects/uporto-cd/global/networks/uporto-cd-admin-vpc",
            "timeouts": null
          },
          "sensitive_attributes": [],
          "private": "eyJlMmJmYjczMC1lY2FhLTExZTYtOGY4OC0zNDM2M2JjN2M0YzAiOnsiY3JlYXRlIjoxMjAwMDAwMDAwMDAwLCJkZWxldGUiOjEyMDAwMDAwMDAwMDAsInVwZGF0ZSI6MTIwMDAwMDAwMDAwMH19",
          "dependencies": [
            "module.admin.google_project_service.compute_api"
          ]
        }
      ]
    },
    {
      "module": "module.admin",
      "mode": "managed",
      "type": "google_compute_subnetwork",
      "name": "admin_subnet",
      "provider": "provider[\"registry.terraform.io/hashicorp/google\"]",
      "instances": [
        {
          "schema_version": 0,
          "attributes": {
            "creation_timestamp": "2025-05-28T12:19:59.601-07:00",
            "description": "Subnet for uporto-cd admin",
            "external_ipv6_prefix": "",
            "fingerprint": null,
            "gateway_address": "10.250.0.1",
            "id": "projects/uporto-cd/regions/europe-west2/subnetworks/uporto-cd-admin-subnet",
            "internal_ipv6_prefix": "",
            "ip_cidr_range": "10.250.0.0/24",
            "ipv6_access_type": "",
            "ipv6_cidr_range": "",
            "log_config": [],
            "name": "uporto-cd-admin-subnet",
            "network": "https://www.googleapis.com/compute/v1/projects/uporto-cd/global/networks/uporto-cd-admin-vpc",
            "private_ip_google_access": true,
            "private_ipv6_google_access": "DISABLE_GOOGLE_ACCESS",
            "project": "uporto-cd",
            "purpose": "PRIVATE",
            "region": "europe-west2",
            "role": "",
            "secondary_ip_range": [],
            "self_link": "https://www.googleapis.com/compute/v1/projects/uporto-cd/regions/europe-west2/subnetworks/uporto-cd-admin-subnet",
            "stack_type": "IPV4_ONLY",
            "timeouts": null
          },
          "sensitive_attributes": [],
          "private": "eyJlMmJmYjczMC1lY2FhLTExZTYtOGY4OC0zNDM2M2JjN2M0YzAiOnsiY3JlYXRlIjoxMjAwMDAwMDAwMDAwLCJkZWxldGUiOjEyMDAwMDAwMDAwMDAsInVwZGF0ZSI6MTIwMDAwMDAwMDAwMH19",
          "dependencies": [
            "module.admin.google_compute_network.admin_vpc",
            "module.admin.google_project_service.compute_api"
          ]
        }
      ]
    },
    {
      "module": "module.admin",
      "mode": "managed",
      "type": "google_compute_target_http_proxy",
      "name": "admin_webapp",
      "provider": "provider[\"registry.terraform.io/hashicorp/google\"]",
      "instances": [
        {
          "schema_version": 0,
          "attributes": {
            "creation_timestamp": "2025-05-28T12:22:25.445-07:00",
            "description": "",
            "http_keep_alive_timeout_sec": 0,
            "id": "projects/uporto-cd/global/targetHttpProxies/uporto-cd-admin-webapp-http-proxy",
            "name": "uporto-cd-admin-webapp-http-proxy",
            "project": "uporto-cd",
            "proxy_bind": false,
            "proxy_id": 7374475003667602590,
            "self_link": "https://www.googleapis.com/compute/v1/projects/uporto-cd/global/targetHttpProxies/uporto-cd-admin-webapp-http-proxy",
            "timeouts": null,
            "url_map": "https://www.googleapis.com/compute/v1/projects/uporto-cd/global/urlMaps/uporto-cd-admin-webapp-url-map"
          },
          "sensitive_attributes": [],
          "private": "eyJlMmJmYjczMC1lY2FhLTExZTYtOGY4OC0zNDM2M2JjN2M0YzAiOnsiY3JlYXRlIjoxMjAwMDAwMDAwMDAwLCJkZWxldGUiOjEyMDAwMDAwMDAwMDAsInVwZGF0ZSI6MTIwMDAwMDAwMDAwMH19",
          "dependencies": [
            "module.admin.google_compute_address.admin_ip",
            "module.admin.google_compute_backend_service.admin_webapp",
            "module.admin.google_compute_health_check.admin_webapp",
            "module.admin.google_compute_instance.admin",
            "module.admin.google_compute_instance_group.admin_group",
            "module.admin.google_compute_network.admin_vpc",
            "module.admin.google_compute_subnetwork.admin_subnet",
            "module.admin.google_compute_url_map.admin_webapp",
            "module.admin.google_project_service.compute_api"
          ]
        }
      ]
    },
    {
      "module": "module.admin",
      "mode": "managed",
      "type": "google_compute_target_https_proxy",
      "name": "admin_webapp",
      "provider": "provider[\"registry.terraform.io/hashicorp/google\"]",
      "instances": [
        {
          "index_key": 0,
          "schema_version": 0,
          "attributes": {
            "certificate_map": "",
            "creation_timestamp": "2025-05-28T12:22:25.467-07:00",
            "description": "",
            "http_keep_alive_timeout_sec": 0,
            "id": "projects/uporto-cd/global/targetHttpsProxies/uporto-cd-admin-webapp-https-proxy",
            "name": "uporto-cd-admin-webapp-https-proxy",
            "project": "uporto-cd",
            "proxy_bind": false,
            "proxy_id": 8706568898752470174,
            "quic_override": "NONE",
            "self_link": "https://www.googleapis.com/compute/v1/projects/uporto-cd/global/targetHttpsProxies/uporto-cd-admin-webapp-https-proxy",
            "server_tls_policy": "",
            "ssl_certificates": [
              "https://www.googleapis.com/compute/v1/projects/uporto-cd/global/sslCertificates/uporto-cd-admin-webapp-ssl"
            ],
            "ssl_policy": "",
            "timeouts": null,
            "url_map": "https://www.googleapis.com/compute/v1/projects/uporto-cd/global/urlMaps/uporto-cd-admin-webapp-url-map"
          },
          "sensitive_attributes": [],
          "private": "eyJlMmJmYjczMC1lY2FhLTExZTYtOGY4OC0zNDM2M2JjN2M0YzAiOnsiY3JlYXRlIjoxMjAwMDAwMDAwMDAwLCJkZWxldGUiOjEyMDAwMDAwMDAwMDAsInVwZGF0ZSI6MTIwMDAwMDAwMDAwMH19",
          "dependencies": [
            "module.admin.google_compute_address.admin_ip",
            "module.admin.google_compute_backend_service.admin_webapp",
            "module.admin.google_compute_health_check.admin_webapp",
            "module.admin.google_compute_instance.admin",
            "module.admin.google_compute_instance_group.admin_group",
            "module.admin.google_compute_managed_ssl_certificate.admin_webapp",
            "module.admin.google_compute_network.admin_vpc",
            "module.admin.google_compute_subnetwork.admin_subnet",
            "module.admin.google_compute_url_map.admin_webapp",
            "module.admin.google_project_service.compute_api"
          ]
        }
      ]
    },
    {
      "module": "module.admin",
      "mode": "managed",
      "type": "google_compute_url_map",
      "name": "admin_webapp",
      "provider": "provider[\"registry.terraform.io/hashicorp/google\"]",
      "instances": [
        {
          "schema_version": 0,
          "attributes": {
            "creation_timestamp": "2025-05-28T12:22:13.052-07:00",
            "default_route_action": [],
            "default_service": "https://www.googleapis.com/compute/v1/projects/uporto-cd/global/backendServices/uporto-cd-admin-webapp-backend",
            "default_url_redirect": [],
            "description": "URL map for admin webapp",
            "fingerprint": "rG9I6No7JV8=",
            "header_action": [],
            "host_rule": [],
            "id": "projects/uporto-cd/global/urlMaps/uporto-cd-admin-webapp-url-map",
            "map_id": 565962012754631818,
            "name": "uporto-cd-admin-webapp-url-map",
            "path_matcher": [],
            "project": "uporto-cd",
            "self_link": "https://www.googleapis.com/compute/v1/projects/uporto-cd/global/urlMaps/uporto-cd-admin-webapp-url-map",
            "test": [],
            "timeouts": null
          },
          "sensitive_attributes": [],
          "private": "eyJlMmJmYjczMC1lY2FhLTExZTYtOGY4OC0zNDM2M2JjN2M0YzAiOnsiY3JlYXRlIjoxMjAwMDAwMDAwMDAwLCJkZWxldGUiOjEyMDAwMDAwMDAwMDAsInVwZGF0ZSI6MTIwMDAwMDAwMDAwMH19",
          "dependencies": [
            "module.admin.google_compute_address.admin_ip",
            "module.admin.google_compute_backend_service.admin_webapp",
            "module.admin.google_compute_health_check.admin_webapp",
            "module.admin.google_compute_instance.admin",
            "module.admin.google_compute_instance_group.admin_group",
            "module.admin.google_compute_network.admin_vpc",
            "module.admin.google_compute_subnetwork.admin_subnet",
            "module.admin.google_project_service.compute_api"
          ]
        }
      ]
    },
    {
      "module": "module.admin",
      "mode": "managed",
      "type": "google_dns_record_set",
      "name": "admin_webapp",
      "provider": "provider[\"registry.terraform.io/hashicorp/google\"]",
      "instances": [
        {
          "index_key": 0,
          "schema_version": 0,
          "attributes": {
            "id": "projects/uporto-cd/managedZones/uporto-cd-zone/rrsets/admin.adm-cdn.pt./A",
            "managed_zone": "uporto-cd-zone",
            "name": "admin.adm-cdn.pt.",
            "project": "uporto-cd",
            "routing_policy": [],
            "rrdatas": [
              "34.36.103.3"
            ],
            "ttl": 300,
            "type": "A"
          },
          "sensitive_attributes": [],
          "private": "bnVsbA==",
          "dependencies": [
            "module.admin.google_compute_global_address.admin_webapp_ip",
            "module.admin.google_project_service.dns_api"
          ]
        }
      ]
    },
    {
      "module": "module.admin",
      "mode": "managed",
      "type": "google_project_service",
      "name": "compute_api",
      "provider": "provider[\"registry.terraform.io/hashicorp/google\"]",
      "instances": [
        {
          "schema_version": 0,
          "attributes": {
            "disable_dependent_services": null,
            "disable_on_destroy": false,
            "id": "uporto-cd/compute.googleapis.com",
            "project": "uporto-cd",
            "service": "compute.googleapis.com",
            "timeouts": null
          },
          "sensitive_attributes": [],
          "private": "eyJlMmJmYjczMC1lY2FhLTExZTYtOGY4OC0zNDM2M2JjN2M0YzAiOnsiY3JlYXRlIjoxMjAwMDAwMDAwMDAwLCJkZWxldGUiOjEyMDAwMDAwMDAwMDAsInJlYWQiOjYwMDAwMDAwMDAwMCwidXBkYXRlIjoxMjAwMDAwMDAwMDAwfX0="
        }
      ]
    },
    {
      "module": "module.admin",
      "mode": "managed",
      "type": "google_project_service",
      "name": "dns_api",
      "provider": "provider[\"registry.terraform.io/hashicorp/google\"]",
      "instances": [
        {
          "schema_version": 0,
          "attributes": {
            "disable_dependent_services": null,
            "disable_on_destroy": false,
            "id": "uporto-cd/dns.googleapis.com",
            "project": "uporto-cd",
            "service": "dns.googleapis.com",
            "timeouts": null
          },
          "sensitive_attributes": [],
          "private": "eyJlMmJmYjczMC1lY2FhLTExZTYtOGY4OC0zNDM2M2JjN2M0YzAiOnsiY3JlYXRlIjoxMjAwMDAwMDAwMDAwLCJkZWxldGUiOjEyMDAwMDAwMDAwMDAsInJlYWQiOjYwMDAwMDAwMDAwMCwidXBkYXRlIjoxMjAwMDAwMDAwMDAwfX0="
        }
      ]
    },
    {
      "module": "module.admin_webapp",
      "mode": "managed",
      "type": "google_cloud_run_service",
      "name": "admin_webapp",
      "provider": "provider[\"registry.terraform.io/hashicorp/google\"]",
      "instances": [
        {
          "schema_version": 1,
          "attributes": {
            "autogenerate_revision_name": false,
            "id": "locations/europe-west2/namespaces/uporto-cd/services/uporto-cd-admin-webapp",
            "location": "europe-west2",
            "metadata": [
              {
                "annotations": {
                  "run.googleapis.com/ingress": "all",
                  "run.googleapis.com/ingress-status": "all",
                  "run.googleapis.com/operation-id": "f2211431-3bde-4cca-bf76-7a1884905cb9",
                  "run.googleapis.com/urls": "[\"https://uporto-cd-admin-webapp-313506890289.europe-west2.run.app\",\"https://uporto-cd-admin-webapp-gwn5x724sa-nw.a.run.app\"]",
                  "serving.knative.dev/creator": "terraform@uporto-cd.iam.gserviceaccount.com",
                  "serving.knative.dev/lastModifier": "terraform@uporto-cd.iam.gserviceaccount.com"
                },
                "generation": 2,
                "labels": {
                  "cloud.googleapis.com/location": "europe-west2",
                  "run.googleapis.com/satisfiesPzs": "true"
                },
                "namespace": "uporto-cd",
                "resource_version": "AAY2OnYRVDk",
                "self_link": "/apis/serving.knative.dev/v1/namespaces/313506890289/services/uporto-cd-admin-webapp",
                "uid": "dcc9e1be-83e7-43d4-8b67-a2046f46feb9"
              }
            ],
            "name": "uporto-cd-admin-webapp",
            "project": "uporto-cd",
            "status": [
              {
                "conditions": [
                  {
                    "message": "",
                    "reason": "",
                    "status": "True",
                    "type": "Ready"
                  },
                  {
                    "message": "",
                    "reason": "",
                    "status": "True",
                    "type": "ConfigurationsReady"
                  },
                  {
                    "message": "",
                    "reason": "",
                    "status": "True",
                    "type": "RoutesReady"
                  }
                ],
                "latest_created_revision_name": "uporto-cd-admin-webapp-00002-bzb",
                "latest_ready_revision_name": "uporto-cd-admin-webapp-00002-bzb",
                "observed_generation": 2,
                "traffic": [
                  {
                    "latest_revision": true,
                    "percent": 100,
                    "revision_name": "uporto-cd-admin-webapp-00002-bzb",
                    "tag": "",
                    "url": ""
                  }
                ],
                "url": "https://uporto-cd-admin-webapp-gwn5x724sa-nw.a.run.app"
              }
            ],
            "template": [
              {
                "metadata": [
                  {
                    "annotations": {
                      "autoscaling.knative.dev/maxScale": "3",
                      "autoscaling.knative.dev/minScale": "0",
                      "run.googleapis.com/execution-environment": "gen2"
                    },
                    "generation": 0,
                    "labels": {
                      "run.googleapis.com/startupProbeType": "Default"
                    },
                    "name": "",
                    "namespace": "",
                    "resource_version": "",
                    "self_link": "",
                    "uid": ""
                  }
                ],
                "spec": [
                  {
                    "container_concurrency": 80,
                    "containers": [
                      {
                        "args": [],
                        "command": [],
                        "env": [
                          {
                            "name": "GCS_BUCKET_NAME",
                            "value": "uporto-cd-content-master",
                            "value_from": []
                          },
                          {
                            "name": "PROJECT_ID",
                            "value": "uporto-cd",
                            "value_from": []
                          },
                          {
                            "name": "PROJECT_NAME",
                            "value": "uporto-cd",
                            "value_from": []
                          },
                          {
                            "name": "REGIONS",
                            "value": "europe-west2,us-south1,asia-southeast1",
                            "value_from": []
                          },
                          {
                            "name": "VIDEOS_MOUNT_PATH",
                            "value": "/app/videos",
                            "value_from": []
                          }
                        ],
                        "env_from": [],
                        "image": "gcr.io/uporto-cd/admin-webapp:latest",
                        "liveness_probe": [],
                        "name": "",
                        "ports": [
                          {
                            "container_port": 80,
                            "name": "http1",
                            "protocol": ""
                          }
                        ],
                        "resources": [
                          {
                            "limits": {
                              "cpu": "1000m",
                              "memory": "512Mi"
                            },
                            "requests": {}
                          }
                        ],
                        "startup_probe": [
                          {
                            "failure_threshold": 1,
                            "grpc": [],
                            "http_get": [],
                            "initial_delay_seconds": 0,
                            "period_seconds": 240,
                            "tcp_socket": [
                              {
                                "port": 80
                              }
                            ],
                            "timeout_seconds": 240
                          }
                        ],
                        "volume_mounts": [],
                        "working_dir": ""
                      }
                    ],
                    "service_account_name": "uporto-cd-admin-webapp@uporto-cd.iam.gserviceaccount.com",
                    "serving_state": "",
                    "timeout_seconds": 300,
                    "volumes": []
                  }
                ]
              }
            ],
            "timeouts": null,
            "traffic": [
              {
                "latest_revision": true,
                "percent": 100,
                "revision_name": "",
                "tag": "",
                "url": ""
              }
            ]
          },
          "sensitive_attributes": [],
          "private": "eyJlMmJmYjczMC1lY2FhLTExZTYtOGY4OC0zNDM2M2JjN2M0YzAiOnsiY3JlYXRlIjoxMjAwMDAwMDAwMDAwLCJkZWxldGUiOjEyMDAwMDAwMDAwMDAsInVwZGF0ZSI6MTIwMDAwMDAwMDAwMH0sInNjaGVtYV92ZXJzaW9uIjoiMSJ9",
          "dependencies": [
            "module.admin_webapp.google_project_service.run_api",
            "module.admin_webapp.google_service_account.admin_webapp",
            "module.storage.google_project_service.storage_api",
            "module.storage.google_storage_bucket.master"
          ]
        }
      ]
    },
    {
      "module": "module.admin_webapp",
      "mode": "managed",
      "type": "google_cloud_run_service_iam_member",
      "name": "admin_webapp_public",
      "provider": "provider[\"registry.terraform.io/hashicorp/google\"]",
      "instances": [
        {
          "schema_version": 0,
          "attributes": {
            "condition": [],
            "etag": "BwY2Odm/CIo=",
            "id": "v1/projects/uporto-cd/locations/europe-west2/services/uporto-cd-admin-webapp/roles/run.invoker/allUsers",
            "location": "europe-west2",
            "member": "allUsers",
            "project": "uporto-cd",
            "role": "roles/run.invoker",
            "service": "v1/projects/uporto-cd/locations/europe-west2/services/uporto-cd-admin-webapp"
          },
          "sensitive_attributes": [],
          "private": "bnVsbA==",
          "dependencies": [
            "module.admin_webapp.google_cloud_run_service.admin_webapp",
            "module.admin_webapp.google_project_service.run_api",
            "module.admin_webapp.google_service_account.admin_webapp",
            "module.storage.google_project_service.storage_api",
            "module.storage.google_storage_bucket.master"
          ]
        }
      ]
    },
    {
      "module": "module.admin_webapp",
      "mode": "managed",
      "type": "google_project_iam_member",
      "name": "admin_webapp_storage",
      "provider": "provider[\"registry.terraform.io/hashicorp/google\"]",
      "instances": [
        {
          "schema_version": 0,
          "attributes": {
            "condition": [],
            "etag": "BwY2OdOII90=",
            "id": "uporto-cd/roles/storage.admin/serviceAccount:uporto-cd-admin-webapp@uporto-cd.iam.gserviceaccount.com",
            "member": "serviceAccount:uporto-cd-admin-webapp@uporto-cd.iam.gserviceaccount.com",
            "project": "uporto-cd",
            "role": "roles/storage.admin"
          },
          "sensitive_attributes": [],
          "private": "bnVsbA==",
          "dependencies": [
            "module.admin_webapp.google_service_account.admin_webapp"
          ]
        }
      ]
    },
    {
      "module": "module.admin_webapp",
      "mode": "managed",
      "type": "google_project_service",
      "name": "build_api",
      "provider": "provider[\"registry.terraform.io/hashicorp/google\"]",
      "instances": [
        {
          "schema_version": 0,
          "attributes": {
            "disable_dependent_services": null,
            "disable_on_destroy": false,
            "id": "uporto-cd/cloudbuild.googleapis.com",
            "project": "uporto-cd",
            "service": "cloudbuild.googleapis.com",
            "timeouts": null
          },
          "sensitive_attributes": [],
          "private": "eyJlMmJmYjczMC1lY2FhLTExZTYtOGY4OC0zNDM2M2JjN2M0YzAiOnsiY3JlYXRlIjoxMjAwMDAwMDAwMDAwLCJkZWxldGUiOjEyMDAwMDAwMDAwMDAsInJlYWQiOjYwMDAwMDAwMDAwMCwidXBkYXRlIjoxMjAwMDAwMDAwMDAwfX0="
        }
      ]
    },
    {
      "module": "module.admin_webapp",
      "mode": "managed",
      "type": "google_project_service",
      "name": "run_api",
      "provider": "provider[\"registry.terraform.io/hashicorp/google\"]",
      "instances": [
        {
          "schema_version": 0,
          "attributes": {
            "disable_dependent_services": null,
            "disable_on_destroy": false,
            "id": "uporto-cd/run.googleapis.com",
            "project": "uporto-cd",
            "service": "run.googleapis.com",
            "timeouts": null
          },
          "sensitive_attributes": [],
          "private": "eyJlMmJmYjczMC1lY2FhLTExZTYtOGY4OC0zNDM2M2JjN2M0YzAiOnsiY3JlYXRlIjoxMjAwMDAwMDAwMDAwLCJkZWxldGUiOjEyMDAwMDAwMDAwMDAsInJlYWQiOjYwMDAwMDAwMDAwMCwidXBkYXRlIjoxMjAwMDAwMDAwMDAwfX0="
        }
      ]
    },
    {
      "module": "module.admin_webapp",
      "mode": "managed",
      "type": "google_service_account",
      "name": "admin_webapp",
      "provider": "provider[\"registry.terraform.io/hashicorp/google\"]",
      "instances": [
        {
          "schema_version": 0,
          "attributes": {
            "account_id": "uporto-cd-admin-webapp",
            "description": "Service account for admin webapp Cloud Run service",
            "disabled": false,
            "display_name": "Admin Webapp Service Account",
            "email": "uporto-cd-admin-webapp@uporto-cd.iam.gserviceaccount.com",
            "id": "projects/uporto-cd/serviceAccounts/uporto-cd-admin-webapp@uporto-cd.iam.gserviceaccount.com",
            "member": "serviceAccount:uporto-cd-admin-webapp@uporto-cd.iam.gserviceaccount.com",
            "name": "projects/uporto-cd/serviceAccounts/uporto-cd-admin-webapp@uporto-cd.iam.gserviceaccount.com",
            "project": "uporto-cd",
            "timeouts": null,
            "unique_id": "108467582025460966760"
          },
          "sensitive_attributes": [],
          "private": "eyJlMmJmYjczMC1lY2FhLTExZTYtOGY4OC0zNDM2M2JjN2M0YzAiOnsiY3JlYXRlIjozMDAwMDAwMDAwMDB9fQ=="
        }
      ]
    },
    {
      "module": "module.bastion[\"asia-southeast1\"]",
      "mode": "managed",
      "type": "google_compute_firewall",
      "name": "bastion_ssh_from_admin",
      "provider": "provider[\"registry.terraform.io/hashicorp/google\"]",
      "instances": [
        {
          "schema_version": 1,
          "attributes": {
            "allow": [
              {
                "ports": [
                  "22"
                ],
                "protocol": "tcp"
              }
            ],
            "creation_timestamp": "2025-05-28T12:21:26.699-07:00",
            "deny": [],
            "description": "",
            "destination_ranges": [],
            "direction": "INGRESS",
            "disabled": false,
            "enable_logging": null,
            "id": "projects/uporto-cd/global/firewalls/uporto-cd-bastion-ssh-from-admin-asia-southeast1",
            "log_config": [],
            "name": "uporto-cd-bastion-ssh-from-admin-asia-southeast1",
            "network": "https://www.googleapis.com/compute/v1/projects/uporto-cd/global/networks/uporto-cd-vpc-asia-southeast1",
            "priority": 1000,
            "project": "uporto-cd",
            "self_link": "https://www.googleapis.com/compute/v1/projects/uporto-cd/global/firewalls/uporto-cd-bastion-ssh-from-admin-asia-southeast1",
            "source_ranges": [
              "10.250.0.0/24"
            ],
            "source_service_accounts": null,
            "source_tags": null,
            "target_service_accounts": null,
            "target_tags": [
              "bastion-host"
            ],
            "timeouts": null
          },
          "sensitive_attributes": [],
          "private": "eyJlMmJmYjczMC1lY2FhLTExZTYtOGY4OC0zNDM2M2JjN2M0YzAiOnsiY3JlYXRlIjoxMjAwMDAwMDAwMDAwLCJkZWxldGUiOjEyMDAwMDAwMDAwMDAsInVwZGF0ZSI6MTIwMDAwMDAwMDAwMH0sInNjaGVtYV92ZXJzaW9uIjoiMSJ9",
          "dependencies": [
            "module.network.google_compute_firewall.allow_egress_to_admin",
            "module.network.google_compute_firewall.allow_from_admin",
            "module.network.google_compute_firewall.allow_internal",
            "module.network.google_compute_firewall.allow_internet_egress",
            "module.network.google_compute_firewall.block_inter_region",
            "module.network.google_compute_network.vpc",
            "module.network.google_compute_router.router",
            "module.network.google_compute_router_nat.nat",
            "module.network.google_compute_subnetwork.subnet"
          ]
        }
      ]
    },
    {
      "module": "module.bastion[\"asia-southeast1\"]",
      "mode": "managed",
      "type": "google_compute_instance",
      "name": "bastion",
      "provider": "provider[\"registry.terraform.io/hashicorp/google\"]",
      "instances": [
        {
          "schema_version": 6,
          "attributes": {
            "advanced_machine_features": [],
            "allow_stopping_for_update": true,
            "attached_disk": [],
            "boot_disk": [
              {
                "auto_delete": true,
                "device_name": "persistent-disk-0",
                "disk_encryption_key_raw": "",
                "disk_encryption_key_sha256": "",
                "initialize_params": [
                  {
                    "image": "https://www.googleapis.com/compute/v1/projects/ubuntu-os-cloud/global/images/ubuntu-2004-focal-v20250527",
                    "labels": {},
                    "resource_manager_tags": null,
                    "size": 30,
                    "type": "pd-standard"
                  }
                ],
                "kms_key_self_link": "",
                "mode": "READ_WRITE",
                "source": "https://www.googleapis.com/compute/v1/projects/uporto-cd/zones/asia-southeast1-a/disks/uporto-cd-bastion-asia-southeast1"
              }
            ],
            "can_ip_forward": false,
            "confidential_instance_config": [],
            "cpu_platform": "Intel Broadwell",
            "current_status": "RUNNING",
            "deletion_protection": false,
            "description": "",
            "desired_status": null,
            "enable_display": false,
            "guest_accelerator": [],
            "hostname": "",
            "id": "projects/uporto-cd/zones/asia-southeast1-a/instances/uporto-cd-bastion-asia-southeast1",
            "instance_id": "5976996472088616141",
            "label_fingerprint": "42WmSpB8rSM=",
            "labels": null,
            "machine_type": "e2-small",
            "metadata": {
              "ssh-keys": "ubuntu:ssh-rsa AAAAB3NzaC1yc2EAAAADAQABAAACAQC8d/Bg52qrZqSRqdEeqy0rT1+5f/cP5BnsN5GHNQXP7PHe/0pGqADr6tMTboRwE9+q/6YdjzmnpE3qP1xqruh4gkH5GyvsGSuZofBCJuwumQZt91Oxul6Gu04eO2yj1qf2VXcPKbyvOgkbOqtudNMBwR3iZd18ce6Se03srzu1FVo1tPCItkxdRhNyMWbGaU7TS64P+KTSkqK1hkCxPJNz0gs0C+KabKE4glIO5AlXNoAxXAlNfvq0k27TyfJKRZFduN8blOC5owIlR7iyviWBK2FAKMu2/JW8/hFcjdtL8YN3wNcp0u/7KxgqGkPpW21mGtFdsQV4FfvcogLHjnhO5fMjw4iyBp71ZL73AbUj4+LFFfobPu19zpUOcOCUe+CDpwMnW6s5WfolRk8P6a0arQrA7lYfgV815EugPBlyEit89mBSpvaCASrVO8HhnZF3hzbk6DqFt9ePEybqMmFtTHM1M4yYuydDNqNEj5f1/DImRERJxBTi7M6QR7ICtoyksd6x8Sk1TtUp9dVUB4UaIycVG3DnAXILkbsfF+X95hU5vEJw1wuwU26R1JE6HtTXYnrH9Wi0f8RhoS2UXEgmt9V3h/FsGuH/J9U4K7A3XqNBGtIULeL2hi2rAncvD2K49cY95by4gayolLvHJ4bt0Ts8DuNnDcBJ7HzW5AruYw== eduardo.mmd.correia@gmail.com\n"
            },
            "metadata_fingerprint": "zY-Z8AJ9hbY=",
            "metadata_startup_script": "#!/bin/bash\nset -e\n\n# Update system\napt-get update \u0026\u0026 apt-get upgrade -y\n\n# Install Python for Ansible\napt-get install -y python3 python3-pip\n\n# Log completion\necho \"Bastion minimal startup completed at $(date)\" \u003e /var/log/bastion-startup-completed.log\n",
            "min_cpu_platform": "",
            "name": "uporto-cd-bastion-asia-southeast1",
            "network_interface": [
              {
                "access_config": [],
                "alias_ip_range": [],
                "internal_ipv6_prefix_length": 0,
                "ipv6_access_config": [],
                "ipv6_access_type": "",
                "ipv6_address": "",
                "name": "nic0",
                "network": "https://www.googleapis.com/compute/v1/projects/uporto-cd/global/networks/uporto-cd-vpc-asia-southeast1",
                "network_ip": "10.3.0.2",
                "nic_type": "",
                "queue_count": 0,
                "stack_type": "IPV4_ONLY",
                "subnetwork": "https://www.googleapis.com/compute/v1/projects/uporto-cd/regions/asia-southeast1/subnetworks/uporto-cd-subnet-asia-southeast1",
                "subnetwork_project": "uporto-cd"
              }
            ],
            "network_performance_config": [],
            "params": [],
            "project": "uporto-cd",
            "reservation_affinity": [],
            "resource_policies": null,
            "scheduling": [
              {
                "automatic_restart": true,
                "instance_termination_action": "",
                "local_ssd_recovery_timeout": [],
                "min_node_cpus": 0,
                "node_affinities": [],
                "on_host_maintenance": "MIGRATE",
                "preemptible": false,
                "provisioning_model": "STANDARD"
              }
            ],
            "scratch_disk": [],
            "self_link": "https://www.googleapis.com/compute/v1/projects/uporto-cd/zones/asia-southeast1-a/instances/uporto-cd-bastion-asia-southeast1",
            "service_account": [
              {
                "email": "313506890289-compute@developer.gserviceaccount.com",
                "scopes": [
                  "https://www.googleapis.com/auth/cloud-platform"
                ]
              }
            ],
            "shielded_instance_config": [
              {
                "enable_integrity_monitoring": true,
                "enable_secure_boot": false,
                "enable_vtpm": true
              }
            ],
            "tags": [
              "bastion-host",
              "uporto-cd-bastion-asia-southeast1"
            ],
            "tags_fingerprint": "u2ED9Jms180=",
            "timeouts": null,
            "zone": "asia-southeast1-a"
          },
          "sensitive_attributes": [
            [
              {
                "type": "get_attr",
                "value": "boot_disk"
              },
              {
                "type": "index",
                "value": {
                  "value": 0,
                  "type": "number"
                }
              },
              {
                "type": "get_attr",
                "value": "disk_encryption_key_raw"
              }
            ]
          ],
          "private": "eyJlMmJmYjczMC1lY2FhLTExZTYtOGY4OC0zNDM2M2JjN2M0YzAiOnsiY3JlYXRlIjoxMjAwMDAwMDAwMDAwLCJkZWxldGUiOjEyMDAwMDAwMDAwMDAsInVwZGF0ZSI6MTIwMDAwMDAwMDAwMH0sInNjaGVtYV92ZXJzaW9uIjoiNiJ9",
          "dependencies": [
            "module.bastion.google_project_service.compute_api",
            "module.network.google_compute_firewall.allow_egress_to_admin",
            "module.network.google_compute_firewall.allow_from_admin",
            "module.network.google_compute_firewall.allow_internal",
            "module.network.google_compute_firewall.allow_internet_egress",
            "module.network.google_compute_firewall.block_inter_region",
            "module.network.google_compute_network.vpc",
            "module.network.google_compute_router.router",
            "module.network.google_compute_router_nat.nat",
            "module.network.google_compute_subnetwork.subnet"
          ]
        }
      ]
    },
    {
      "module": "module.bastion[\"asia-southeast1\"]",
      "mode": "managed",
      "type": "google_project_service",
      "name": "compute_api",
      "provider": "provider[\"registry.terraform.io/hashicorp/google\"]",
      "instances": [
        {
          "schema_version": 0,
          "attributes": {
            "disable_dependent_services": null,
            "disable_on_destroy": false,
            "id": "uporto-cd/compute.googleapis.com",
            "project": "uporto-cd",
            "service": "compute.googleapis.com",
            "timeouts": null
          },
          "sensitive_attributes": [],
          "private": "eyJlMmJmYjczMC1lY2FhLTExZTYtOGY4OC0zNDM2M2JjN2M0YzAiOnsiY3JlYXRlIjoxMjAwMDAwMDAwMDAwLCJkZWxldGUiOjEyMDAwMDAwMDAwMDAsInJlYWQiOjYwMDAwMDAwMDAwMCwidXBkYXRlIjoxMjAwMDAwMDAwMDAwfX0="
        }
      ]
    },
    {
      "module": "module.bastion[\"europe-west2\"]",
      "mode": "managed",
      "type": "google_compute_firewall",
      "name": "bastion_ssh_from_admin",
      "provider": "provider[\"registry.terraform.io/hashicorp/google\"]",
      "instances": [
        {
          "schema_version": 1,
          "attributes": {
            "allow": [
              {
                "ports": [
                  "22"
                ],
                "protocol": "tcp"
              }
            ],
            "creation_timestamp": "2025-05-28T12:21:25.531-07:00",
            "deny": [],
            "description": "",
            "destination_ranges": [],
            "direction": "INGRESS",
            "disabled": false,
            "enable_logging": null,
            "id": "projects/uporto-cd/global/firewalls/uporto-cd-bastion-ssh-from-admin-europe-west2",
            "log_config": [],
            "name": "uporto-cd-bastion-ssh-from-admin-europe-west2",
            "network": "https://www.googleapis.com/compute/v1/projects/uporto-cd/global/networks/uporto-cd-vpc-europe-west2",
            "priority": 1000,
            "project": "uporto-cd",
            "self_link": "https://www.googleapis.com/compute/v1/projects/uporto-cd/global/firewalls/uporto-cd-bastion-ssh-from-admin-europe-west2",
            "source_ranges": [
              "10.250.0.0/24"
            ],
            "source_service_accounts": null,
            "source_tags": null,
            "target_service_accounts": null,
            "target_tags": [
              "bastion-host"
            ],
            "timeouts": null
          },
          "sensitive_attributes": [],
          "private": "eyJlMmJmYjczMC1lY2FhLTExZTYtOGY4OC0zNDM2M2JjN2M0YzAiOnsiY3JlYXRlIjoxMjAwMDAwMDAwMDAwLCJkZWxldGUiOjEyMDAwMDAwMDAwMDAsInVwZGF0ZSI6MTIwMDAwMDAwMDAwMH0sInNjaGVtYV92ZXJzaW9uIjoiMSJ9",
          "dependencies": [
            "module.network.google_compute_firewall.allow_egress_to_admin",
            "module.network.google_compute_firewall.allow_from_admin",
            "module.network.google_compute_firewall.allow_internal",
            "module.network.google_compute_firewall.allow_internet_egress",
            "module.network.google_compute_firewall.block_inter_region",
            "module.network.google_compute_network.vpc",
            "module.network.google_compute_router.router",
            "module.network.google_compute_router_nat.nat",
            "module.network.google_compute_subnetwork.subnet"
          ]
        }
      ]
    },
    {
      "module": "module.bastion[\"europe-west2\"]",
      "mode": "managed",
      "type": "google_compute_instance",
      "name": "bastion",
      "provider": "provider[\"registry.terraform.io/hashicorp/google\"]",
      "instances": [
        {
          "schema_version": 6,
          "attributes": {
            "advanced_machine_features": [],
            "allow_stopping_for_update": true,
            "attached_disk": [],
            "boot_disk": [
              {
                "auto_delete": true,
                "device_name": "persistent-disk-0",
                "disk_encryption_key_raw": "",
                "disk_encryption_key_sha256": "",
                "initialize_params": [
                  {
                    "image": "https://www.googleapis.com/compute/v1/projects/ubuntu-os-cloud/global/images/ubuntu-2004-focal-v20250527",
                    "labels": {},
                    "resource_manager_tags": null,
                    "size": 30,
                    "type": "pd-standard"
                  }
                ],
                "kms_key_self_link": "",
                "mode": "READ_WRITE",
                "source": "https://www.googleapis.com/compute/v1/projects/uporto-cd/zones/europe-west2-a/disks/uporto-cd-bastion-europe-west2"
              }
            ],
            "can_ip_forward": false,
            "confidential_instance_config": [],
            "cpu_platform": "Intel Broadwell",
            "current_status": "RUNNING",
            "deletion_protection": false,
            "description": "",
            "desired_status": null,
            "enable_display": false,
            "guest_accelerator": [],
            "hostname": "",
            "id": "projects/uporto-cd/zones/europe-west2-a/instances/uporto-cd-bastion-europe-west2",
            "instance_id": "34030772706532592",
            "label_fingerprint": "42WmSpB8rSM=",
            "labels": null,
            "machine_type": "e2-small",
            "metadata": {
              "ssh-keys": "ubuntu:ssh-rsa AAAAB3NzaC1yc2EAAAADAQABAAACAQC8d/Bg52qrZqSRqdEeqy0rT1+5f/cP5BnsN5GHNQXP7PHe/0pGqADr6tMTboRwE9+q/6YdjzmnpE3qP1xqruh4gkH5GyvsGSuZofBCJuwumQZt91Oxul6Gu04eO2yj1qf2VXcPKbyvOgkbOqtudNMBwR3iZd18ce6Se03srzu1FVo1tPCItkxdRhNyMWbGaU7TS64P+KTSkqK1hkCxPJNz0gs0C+KabKE4glIO5AlXNoAxXAlNfvq0k27TyfJKRZFduN8blOC5owIlR7iyviWBK2FAKMu2/JW8/hFcjdtL8YN3wNcp0u/7KxgqGkPpW21mGtFdsQV4FfvcogLHjnhO5fMjw4iyBp71ZL73AbUj4+LFFfobPu19zpUOcOCUe+CDpwMnW6s5WfolRk8P6a0arQrA7lYfgV815EugPBlyEit89mBSpvaCASrVO8HhnZF3hzbk6DqFt9ePEybqMmFtTHM1M4yYuydDNqNEj5f1/DImRERJxBTi7M6QR7ICtoyksd6x8Sk1TtUp9dVUB4UaIycVG3DnAXILkbsfF+X95hU5vEJw1wuwU26R1JE6HtTXYnrH9Wi0f8RhoS2UXEgmt9V3h/FsGuH/J9U4K7A3XqNBGtIULeL2hi2rAncvD2K49cY95by4gayolLvHJ4bt0Ts8DuNnDcBJ7HzW5AruYw== eduardo.mmd.correia@gmail.com\n"
            },
            "metadata_fingerprint": "zY-Z8AJ9hbY=",
            "metadata_startup_script": "#!/bin/bash\nset -e\n\n# Update system\napt-get update \u0026\u0026 apt-get upgrade -y\n\n# Install Python for Ansible\napt-get install -y python3 python3-pip\n\n# Log completion\necho \"Bastion minimal startup completed at $(date)\" \u003e /var/log/bastion-startup-completed.log\n",
            "min_cpu_platform": "",
            "name": "uporto-cd-bastion-europe-west2",
            "network_interface": [
              {
                "access_config": [],
                "alias_ip_range": [],
                "internal_ipv6_prefix_length": 0,
                "ipv6_access_config": [],
                "ipv6_access_type": "",
                "ipv6_address": "",
                "name": "nic0",
                "network": "https://www.googleapis.com/compute/v1/projects/uporto-cd/global/networks/uporto-cd-vpc-europe-west2",
                "network_ip": "10.1.0.2",
                "nic_type": "",
                "queue_count": 0,
                "stack_type": "IPV4_ONLY",
                "subnetwork": "https://www.googleapis.com/compute/v1/projects/uporto-cd/regions/europe-west2/subnetworks/uporto-cd-subnet-europe-west2",
                "subnetwork_project": "uporto-cd"
              }
            ],
            "network_performance_config": [],
            "params": [],
            "project": "uporto-cd",
            "reservation_affinity": [],
            "resource_policies": null,
            "scheduling": [
              {
                "automatic_restart": true,
                "instance_termination_action": "",
                "local_ssd_recovery_timeout": [],
                "min_node_cpus": 0,
                "node_affinities": [],
                "on_host_maintenance": "MIGRATE",
                "preemptible": false,
                "provisioning_model": "STANDARD"
              }
            ],
            "scratch_disk": [],
            "self_link": "https://www.googleapis.com/compute/v1/projects/uporto-cd/zones/europe-west2-a/instances/uporto-cd-bastion-europe-west2",
            "service_account": [
              {
                "email": "313506890289-compute@developer.gserviceaccount.com",
                "scopes": [
                  "https://www.googleapis.com/auth/cloud-platform"
                ]
              }
            ],
            "shielded_instance_config": [
              {
                "enable_integrity_monitoring": true,
                "enable_secure_boot": false,
                "enable_vtpm": true
              }
            ],
            "tags": [
              "bastion-host",
              "uporto-cd-bastion-europe-west2"
            ],
            "tags_fingerprint": "BHjTepHYeLo=",
            "timeouts": null,
            "zone": "europe-west2-a"
          },
          "sensitive_attributes": [
            [
              {
                "type": "get_attr",
                "value": "boot_disk"
              },
              {
                "type": "index",
                "value": {
                  "value": 0,
                  "type": "number"
                }
              },
              {
                "type": "get_attr",
                "value": "disk_encryption_key_raw"
              }
            ]
          ],
          "private": "eyJlMmJmYjczMC1lY2FhLTExZTYtOGY4OC0zNDM2M2JjN2M0YzAiOnsiY3JlYXRlIjoxMjAwMDAwMDAwMDAwLCJkZWxldGUiOjEyMDAwMDAwMDAwMDAsInVwZGF0ZSI6MTIwMDAwMDAwMDAwMH0sInNjaGVtYV92ZXJzaW9uIjoiNiJ9",
          "dependencies": [
            "module.bastion.google_project_service.compute_api",
            "module.network.google_compute_firewall.allow_egress_to_admin",
            "module.network.google_compute_firewall.allow_from_admin",
            "module.network.google_compute_firewall.allow_internal",
            "module.network.google_compute_firewall.allow_internet_egress",
            "module.network.google_compute_firewall.block_inter_region",
            "module.network.google_compute_network.vpc",
            "module.network.google_compute_router.router",
            "module.network.google_compute_router_nat.nat",
            "module.network.google_compute_subnetwork.subnet"
          ]
        }
      ]
    },
    {
      "module": "module.bastion[\"europe-west2\"]",
      "mode": "managed",
      "type": "google_project_service",
      "name": "compute_api",
      "provider": "provider[\"registry.terraform.io/hashicorp/google\"]",
      "instances": [
        {
          "schema_version": 0,
          "attributes": {
            "disable_dependent_services": null,
            "disable_on_destroy": false,
            "id": "uporto-cd/compute.googleapis.com",
            "project": "uporto-cd",
            "service": "compute.googleapis.com",
            "timeouts": null
          },
          "sensitive_attributes": [],
          "private": "eyJlMmJmYjczMC1lY2FhLTExZTYtOGY4OC0zNDM2M2JjN2M0YzAiOnsiY3JlYXRlIjoxMjAwMDAwMDAwMDAwLCJkZWxldGUiOjEyMDAwMDAwMDAwMDAsInJlYWQiOjYwMDAwMDAwMDAwMCwidXBkYXRlIjoxMjAwMDAwMDAwMDAwfX0="
        }
      ]
    },
    {
      "module": "module.bastion[\"us-south1\"]",
      "mode": "managed",
      "type": "google_compute_firewall",
      "name": "bastion_ssh_from_admin",
      "provider": "provider[\"registry.terraform.io/hashicorp/google\"]",
      "instances": [
        {
          "schema_version": 1,
          "attributes": {
            "allow": [
              {
                "ports": [
                  "22"
                ],
                "protocol": "tcp"
              }
            ],
            "creation_timestamp": "2025-05-28T12:21:26.777-07:00",
            "deny": [],
            "description": "",
            "destination_ranges": [],
            "direction": "INGRESS",
            "disabled": false,
            "enable_logging": null,
            "id": "projects/uporto-cd/global/firewalls/uporto-cd-bastion-ssh-from-admin-us-south1",
            "log_config": [],
            "name": "uporto-cd-bastion-ssh-from-admin-us-south1",
            "network": "https://www.googleapis.com/compute/v1/projects/uporto-cd/global/networks/uporto-cd-vpc-us-south1",
            "priority": 1000,
            "project": "uporto-cd",
            "self_link": "https://www.googleapis.com/compute/v1/projects/uporto-cd/global/firewalls/uporto-cd-bastion-ssh-from-admin-us-south1",
            "source_ranges": [
              "10.250.0.0/24"
            ],
            "source_service_accounts": null,
            "source_tags": null,
            "target_service_accounts": null,
            "target_tags": [
              "bastion-host"
            ],
            "timeouts": null
          },
          "sensitive_attributes": [],
          "private": "eyJlMmJmYjczMC1lY2FhLTExZTYtOGY4OC0zNDM2M2JjN2M0YzAiOnsiY3JlYXRlIjoxMjAwMDAwMDAwMDAwLCJkZWxldGUiOjEyMDAwMDAwMDAwMDAsInVwZGF0ZSI6MTIwMDAwMDAwMDAwMH0sInNjaGVtYV92ZXJzaW9uIjoiMSJ9",
          "dependencies": [
            "module.network.google_compute_firewall.allow_egress_to_admin",
            "module.network.google_compute_firewall.allow_from_admin",
            "module.network.google_compute_firewall.allow_internal",
            "module.network.google_compute_firewall.allow_internet_egress",
            "module.network.google_compute_firewall.block_inter_region",
            "module.network.google_compute_network.vpc",
            "module.network.google_compute_router.router",
            "module.network.google_compute_router_nat.nat",
            "module.network.google_compute_subnetwork.subnet"
          ]
        }
      ]
    },
    {
      "module": "module.bastion[\"us-south1\"]",
      "mode": "managed",
      "type": "google_compute_instance",
      "name": "bastion",
      "provider": "provider[\"registry.terraform.io/hashicorp/google\"]",
      "instances": [
        {
          "schema_version": 6,
          "attributes": {
            "advanced_machine_features": [],
            "allow_stopping_for_update": true,
            "attached_disk": [],
            "boot_disk": [
              {
                "auto_delete": true,
                "device_name": "persistent-disk-0",
                "disk_encryption_key_raw": "",
                "disk_encryption_key_sha256": "",
                "initialize_params": [
                  {
                    "image": "https://www.googleapis.com/compute/v1/projects/ubuntu-os-cloud/global/images/ubuntu-2004-focal-v20250527",
                    "labels": {},
                    "resource_manager_tags": null,
                    "size": 30,
                    "type": "pd-standard"
                  }
                ],
                "kms_key_self_link": "",
                "mode": "READ_WRITE",
                "source": "https://www.googleapis.com/compute/v1/projects/uporto-cd/zones/us-south1-a/disks/uporto-cd-bastion-us-south1"
              }
            ],
            "can_ip_forward": false,
            "confidential_instance_config": [],
            "cpu_platform": "Intel Broadwell",
            "current_status": "RUNNING",
            "deletion_protection": false,
            "description": "",
            "desired_status": null,
            "enable_display": false,
            "guest_accelerator": [],
            "hostname": "",
            "id": "projects/uporto-cd/zones/us-south1-a/instances/uporto-cd-bastion-us-south1",
            "instance_id": "5733042381215423686",
            "label_fingerprint": "42WmSpB8rSM=",
            "labels": null,
            "machine_type": "e2-small",
            "metadata": {
              "ssh-keys": "ubuntu:ssh-rsa AAAAB3NzaC1yc2EAAAADAQABAAACAQC8d/Bg52qrZqSRqdEeqy0rT1+5f/cP5BnsN5GHNQXP7PHe/0pGqADr6tMTboRwE9+q/6YdjzmnpE3qP1xqruh4gkH5GyvsGSuZofBCJuwumQZt91Oxul6Gu04eO2yj1qf2VXcPKbyvOgkbOqtudNMBwR3iZd18ce6Se03srzu1FVo1tPCItkxdRhNyMWbGaU7TS64P+KTSkqK1hkCxPJNz0gs0C+KabKE4glIO5AlXNoAxXAlNfvq0k27TyfJKRZFduN8blOC5owIlR7iyviWBK2FAKMu2/JW8/hFcjdtL8YN3wNcp0u/7KxgqGkPpW21mGtFdsQV4FfvcogLHjnhO5fMjw4iyBp71ZL73AbUj4+LFFfobPu19zpUOcOCUe+CDpwMnW6s5WfolRk8P6a0arQrA7lYfgV815EugPBlyEit89mBSpvaCASrVO8HhnZF3hzbk6DqFt9ePEybqMmFtTHM1M4yYuydDNqNEj5f1/DImRERJxBTi7M6QR7ICtoyksd6x8Sk1TtUp9dVUB4UaIycVG3DnAXILkbsfF+X95hU5vEJw1wuwU26R1JE6HtTXYnrH9Wi0f8RhoS2UXEgmt9V3h/FsGuH/J9U4K7A3XqNBGtIULeL2hi2rAncvD2K49cY95by4gayolLvHJ4bt0Ts8DuNnDcBJ7HzW5AruYw== eduardo.mmd.correia@gmail.com\n"
            },
            "metadata_fingerprint": "zY-Z8AJ9hbY=",
            "metadata_startup_script": "#!/bin/bash\nset -e\n\n# Update system\napt-get update \u0026\u0026 apt-get upgrade -y\n\n# Install Python for Ansible\napt-get install -y python3 python3-pip\n\n# Log completion\necho \"Bastion minimal startup completed at $(date)\" \u003e /var/log/bastion-startup-completed.log\n",
            "min_cpu_platform": "",
            "name": "uporto-cd-bastion-us-south1",
            "network_interface": [
              {
                "access_config": [],
                "alias_ip_range": [],
                "internal_ipv6_prefix_length": 0,
                "ipv6_access_config": [],
                "ipv6_access_type": "",
                "ipv6_address": "",
                "name": "nic0",
                "network": "https://www.googleapis.com/compute/v1/projects/uporto-cd/global/networks/uporto-cd-vpc-us-south1",
                "network_ip": "10.2.0.2",
                "nic_type": "",
                "queue_count": 0,
                "stack_type": "IPV4_ONLY",
                "subnetwork": "https://www.googleapis.com/compute/v1/projects/uporto-cd/regions/us-south1/subnetworks/uporto-cd-subnet-us-south1",
                "subnetwork_project": "uporto-cd"
              }
            ],
            "network_performance_config": [],
            "params": [],
            "project": "uporto-cd",
            "reservation_affinity": [],
            "resource_policies": null,
            "scheduling": [
              {
                "automatic_restart": true,
                "instance_termination_action": "",
                "local_ssd_recovery_timeout": [],
                "min_node_cpus": 0,
                "node_affinities": [],
                "on_host_maintenance": "MIGRATE",
                "preemptible": false,
                "provisioning_model": "STANDARD"
              }
            ],
            "scratch_disk": [],
            "self_link": "https://www.googleapis.com/compute/v1/projects/uporto-cd/zones/us-south1-a/instances/uporto-cd-bastion-us-south1",
            "service_account": [
              {
                "email": "313506890289-compute@developer.gserviceaccount.com",
                "scopes": [
                  "https://www.googleapis.com/auth/cloud-platform"
                ]
              }
            ],
            "shielded_instance_config": [
              {
                "enable_integrity_monitoring": true,
                "enable_secure_boot": false,
                "enable_vtpm": true
              }
            ],
            "tags": [
              "bastion-host",
              "uporto-cd-bastion-us-south1"
            ],
            "tags_fingerprint": "XF5ijnNQi5o=",
            "timeouts": null,
            "zone": "us-south1-a"
          },
          "sensitive_attributes": [
            [
              {
                "type": "get_attr",
                "value": "boot_disk"
              },
              {
                "type": "index",
                "value": {
                  "value": 0,
                  "type": "number"
                }
              },
              {
                "type": "get_attr",
                "value": "disk_encryption_key_raw"
              }
            ]
          ],
          "private": "eyJlMmJmYjczMC1lY2FhLTExZTYtOGY4OC0zNDM2M2JjN2M0YzAiOnsiY3JlYXRlIjoxMjAwMDAwMDAwMDAwLCJkZWxldGUiOjEyMDAwMDAwMDAwMDAsInVwZGF0ZSI6MTIwMDAwMDAwMDAwMH0sInNjaGVtYV92ZXJzaW9uIjoiNiJ9",
          "dependencies": [
            "module.bastion.google_project_service.compute_api",
            "module.network.google_compute_firewall.allow_egress_to_admin",
            "module.network.google_compute_firewall.allow_from_admin",
            "module.network.google_compute_firewall.allow_internal",
            "module.network.google_compute_firewall.allow_internet_egress",
            "module.network.google_compute_firewall.block_inter_region",
            "module.network.google_compute_network.vpc",
            "module.network.google_compute_router.router",
            "module.network.google_compute_router_nat.nat",
            "module.network.google_compute_subnetwork.subnet"
          ]
        }
      ]
    },
    {
      "module": "module.bastion[\"us-south1\"]",
      "mode": "managed",
      "type": "google_project_service",
      "name": "compute_api",
      "provider": "provider[\"registry.terraform.io/hashicorp/google\"]",
      "instances": [
        {
          "schema_version": 0,
          "attributes": {
            "disable_dependent_services": null,
            "disable_on_destroy": false,
            "id": "uporto-cd/compute.googleapis.com",
            "project": "uporto-cd",
            "service": "compute.googleapis.com",
            "timeouts": null
          },
          "sensitive_attributes": [],
          "private": "eyJlMmJmYjczMC1lY2FhLTExZTYtOGY4OC0zNDM2M2JjN2M0YzAiOnsiY3JlYXRlIjoxMjAwMDAwMDAwMDAwLCJkZWxldGUiOjEyMDAwMDAwMDAwMDAsInJlYWQiOjYwMDAwMDAwMDAwMCwidXBkYXRlIjoxMjAwMDAwMDAwMDAwfX0="
        }
      ]
    },
    {
      "module": "module.fleet",
      "mode": "managed",
      "type": "google_compute_global_address",
      "name": "mci_ip",
      "provider": "provider[\"registry.terraform.io/hashicorp/google\"]",
      "instances": [
        {
          "schema_version": 0,
          "attributes": {
            "address": "34.110.245.13",
            "address_type": "EXTERNAL",
            "creation_timestamp": "2025-05-29T04:33:56.058-07:00",
            "description": "Global IP for Multi-Cluster Ingress",
            "id": "projects/uporto-cd/global/addresses/uporto-cd-mci-global-ip",
            "ip_version": "",
            "name": "uporto-cd-mci-global-ip",
            "network": "",
            "prefix_length": 0,
            "project": "uporto-cd",
            "purpose": "",
            "self_link": "https://www.googleapis.com/compute/v1/projects/uporto-cd/global/addresses/uporto-cd-mci-global-ip",
            "timeouts": null
          },
          "sensitive_attributes": [],
          "private": "eyJlMmJmYjczMC1lY2FhLTExZTYtOGY4OC0zNDM2M2JjN2M0YzAiOnsiY3JlYXRlIjoxMjAwMDAwMDAwMDAwLCJkZWxldGUiOjEyMDAwMDAwMDAwMDB9fQ==",
          "dependencies": [
            "module.gke_cold.google_container_cluster.cluster",
            "module.gke_cold.google_container_node_pool.primary",
            "module.gke_cold.google_project_service.compute_api",
            "module.gke_cold.google_project_service.container_api",
            "module.gke_hot.google_container_cluster.cluster",
            "module.gke_hot.google_container_node_pool.primary",
            "module.gke_hot.google_project_service.compute_api",
            "module.gke_hot.google_project_service.container_api",
            "module.network.google_compute_firewall.allow_egress_to_admin",
            "module.network.google_compute_firewall.allow_from_admin",
            "module.network.google_compute_firewall.allow_internal",
            "module.network.google_compute_firewall.allow_internet_egress",
            "module.network.google_compute_firewall.block_inter_region",
            "module.network.google_compute_network.vpc",
            "module.network.google_compute_router.router",
            "module.network.google_compute_router_nat.nat",
            "module.network.google_compute_subnetwork.subnet"
          ]
        }
      ]
    },
    {
      "module": "module.fleet",
      "mode": "managed",
      "type": "google_dns_managed_zone",
      "name": "mci_zone",
      "provider": "provider[\"registry.terraform.io/hashicorp/google\"]",
      "instances": [
        {
          "index_key": 0,
          "schema_version": 0,
          "attributes": {
            "cloud_logging_config": [
              {
                "enable_logging": false
              }
            ],
            "creation_time": "2025-05-29T11:33:57.648Z",
            "description": "DNS zone for uporto-cd Multi-Cluster Ingress",
            "dns_name": "adm-cdn.pt.",
            "dnssec_config": [
              {
                "default_key_specs": [
                  {
                    "algorithm": "rsasha256",
                    "key_length": 2048,
                    "key_type": "keySigning",
                    "kind": "dns#dnsKeySpec"
                  },
                  {
                    "algorithm": "rsasha256",
                    "key_length": 1024,
                    "key_type": "zoneSigning",
                    "kind": "dns#dnsKeySpec"
                  }
                ],
                "kind": "dns#managedZoneDnsSecConfig",
                "non_existence": "nsec3",
                "state": "on"
              }
            ],
            "force_destroy": false,
            "forwarding_config": [],
            "id": "projects/uporto-cd/managedZones/uporto-cd-mci-zone",
            "labels": null,
            "managed_zone_id": 5103857586880270951,
            "name": "uporto-cd-mci-zone",
            "name_servers": [
              "ns-cloud-c1.googledomains.com.",
              "ns-cloud-c2.googledomains.com.",
              "ns-cloud-c3.googledomains.com.",
              "ns-cloud-c4.googledomains.com."
            ],
            "peering_config": [],
            "private_visibility_config": [],
            "project": "uporto-cd",
            "timeouts": null,
            "visibility": "public"
          },
          "sensitive_attributes": [],
          "private": "eyJlMmJmYjczMC1lY2FhLTExZTYtOGY4OC0zNDM2M2JjN2M0YzAiOnsiY3JlYXRlIjoxMjAwMDAwMDAwMDAwLCJkZWxldGUiOjEyMDAwMDAwMDAwMDAsInVwZGF0ZSI6MTIwMDAwMDAwMDAwMH19",
          "dependencies": [
            "module.gke_cold.google_container_cluster.cluster",
            "module.gke_cold.google_container_node_pool.primary",
            "module.gke_cold.google_project_service.compute_api",
            "module.gke_cold.google_project_service.container_api",
            "module.gke_hot.google_container_cluster.cluster",
            "module.gke_hot.google_container_node_pool.primary",
            "module.gke_hot.google_project_service.compute_api",
            "module.gke_hot.google_project_service.container_api",
            "module.network.google_compute_firewall.allow_egress_to_admin",
            "module.network.google_compute_firewall.allow_from_admin",
            "module.network.google_compute_firewall.allow_internal",
            "module.network.google_compute_firewall.allow_internet_egress",
            "module.network.google_compute_firewall.block_inter_region",
            "module.network.google_compute_network.vpc",
            "module.network.google_compute_router.router",
            "module.network.google_compute_router_nat.nat",
            "module.network.google_compute_subnetwork.subnet"
          ]
        }
      ]
    },
    {
      "module": "module.fleet",
      "mode": "managed",
      "type": "google_dns_record_set",
      "name": "mci_root",
      "provider": "provider[\"registry.terraform.io/hashicorp/google\"]",
      "instances": [
        {
          "index_key": 0,
          "schema_version": 0,
          "attributes": {
            "id": "projects/uporto-cd/managedZones/uporto-cd-mci-zone/rrsets/adm-cdn.pt./A",
            "managed_zone": "uporto-cd-mci-zone",
            "name": "adm-cdn.pt.",
            "project": "uporto-cd",
            "routing_policy": [],
            "rrdatas": [
              "34.110.245.13"
            ],
            "ttl": 300,
            "type": "A"
          },
          "sensitive_attributes": [],
          "private": "bnVsbA==",
          "dependencies": [
            "module.fleet.google_compute_global_address.mci_ip",
            "module.fleet.google_dns_managed_zone.mci_zone",
            "module.gke_cold.google_container_cluster.cluster",
            "module.gke_cold.google_container_node_pool.primary",
            "module.gke_cold.google_project_service.compute_api",
            "module.gke_cold.google_project_service.container_api",
            "module.gke_hot.google_container_cluster.cluster",
            "module.gke_hot.google_container_node_pool.primary",
            "module.gke_hot.google_project_service.compute_api",
            "module.gke_hot.google_project_service.container_api",
            "module.network.google_compute_firewall.allow_egress_to_admin",
            "module.network.google_compute_firewall.allow_from_admin",
            "module.network.google_compute_firewall.allow_internal",
            "module.network.google_compute_firewall.allow_internet_egress",
            "module.network.google_compute_firewall.block_inter_region",
            "module.network.google_compute_network.vpc",
            "module.network.google_compute_router.router",
            "module.network.google_compute_router_nat.nat",
            "module.network.google_compute_subnetwork.subnet"
          ]
        }
      ]
    },
    {
      "module": "module.fleet",
      "mode": "managed",
      "type": "google_dns_record_set",
      "name": "mci_www",
      "provider": "provider[\"registry.terraform.io/hashicorp/google\"]",
      "instances": [
        {
          "index_key": 0,
          "schema_version": 0,
          "attributes": {
            "id": "projects/uporto-cd/managedZones/uporto-cd-mci-zone/rrsets/www.adm-cdn.pt./A",
            "managed_zone": "uporto-cd-mci-zone",
            "name": "www.adm-cdn.pt.",
            "project": "uporto-cd",
            "routing_policy": [],
            "rrdatas": [
              "34.110.245.13"
            ],
            "ttl": 300,
            "type": "A"
          },
          "sensitive_attributes": [],
          "private": "bnVsbA==",
          "dependencies": [
            "module.fleet.google_compute_global_address.mci_ip",
            "module.fleet.google_dns_managed_zone.mci_zone",
            "module.gke_cold.google_container_cluster.cluster",
            "module.gke_cold.google_container_node_pool.primary",
            "module.gke_cold.google_project_service.compute_api",
            "module.gke_cold.google_project_service.container_api",
            "module.gke_hot.google_container_cluster.cluster",
            "module.gke_hot.google_container_node_pool.primary",
            "module.gke_hot.google_project_service.compute_api",
            "module.gke_hot.google_project_service.container_api",
            "module.network.google_compute_firewall.allow_egress_to_admin",
            "module.network.google_compute_firewall.allow_from_admin",
            "module.network.google_compute_firewall.allow_internal",
            "module.network.google_compute_firewall.allow_internet_egress",
            "module.network.google_compute_firewall.block_inter_region",
            "module.network.google_compute_network.vpc",
            "module.network.google_compute_router.router",
            "module.network.google_compute_router_nat.nat",
            "module.network.google_compute_subnetwork.subnet"
          ]
        }
      ]
    },
    {
      "module": "module.fleet",
      "mode": "managed",
      "type": "google_gke_hub_feature",
      "name": "mci",
      "provider": "provider[\"registry.terraform.io/hashicorp/google\"]",
      "instances": [
        {
          "schema_version": 0,
          "attributes": {
            "create_time": "2025-05-29T11:34:28.188708442Z",
            "delete_time": "",
            "id": "projects/uporto-cd/locations/global/features/multiclusteringress",
            "labels": null,
            "location": "global",
            "name": "multiclusteringress",
            "project": "uporto-cd",
            "resource_state": [
              {
                "has_resources": false,
                "state": "ACTIVE"
              }
            ],
            "spec": [
              {
                "fleetobservability": [],
                "multiclusteringress": [
                  {
                    "config_membership": "projects/uporto-cd/locations/global/memberships/uporto-cd-config-membership"
                  }
                ]
              }
            ],
            "state": [],
            "timeouts": null,
            "update_time": "2025-05-29T11:34:31.791341993Z"
          },
          "sensitive_attributes": [],
          "private": "eyJlMmJmYjczMC1lY2FhLTExZTYtOGY4OC0zNDM2M2JjN2M0YzAiOnsiY3JlYXRlIjoxMjAwMDAwMDAwMDAwLCJkZWxldGUiOjEyMDAwMDAwMDAwMDAsInVwZGF0ZSI6MTIwMDAwMDAwMDAwMH19",
          "dependencies": [
            "module.fleet.google_gke_hub_membership.config_cluster",
            "module.fleet.google_project_service.fleet_api",
            "module.fleet.google_project_service.mci_api",
            "module.gke_cold.google_container_cluster.cluster",
            "module.gke_cold.google_container_node_pool.primary",
            "module.gke_cold.google_project_service.compute_api",
            "module.gke_cold.google_project_service.container_api",
            "module.gke_hot.google_container_cluster.cluster",
            "module.gke_hot.google_container_node_pool.primary",
            "module.gke_hot.google_project_service.compute_api",
            "module.gke_hot.google_project_service.container_api",
            "module.network.google_compute_firewall.allow_egress_to_admin",
            "module.network.google_compute_firewall.allow_from_admin",
            "module.network.google_compute_firewall.allow_internal",
            "module.network.google_compute_firewall.allow_internet_egress",
            "module.network.google_compute_firewall.block_inter_region",
            "module.network.google_compute_network.vpc",
            "module.network.google_compute_router.router",
            "module.network.google_compute_router_nat.nat",
            "module.network.google_compute_subnetwork.subnet"
          ]
        }
      ]
    },
    {
      "module": "module.fleet",
      "mode": "managed",
      "type": "google_gke_hub_membership",
      "name": "config_cluster",
      "provider": "provider[\"registry.terraform.io/hashicorp/google\"]",
      "instances": [
        {
          "schema_version": 0,
          "attributes": {
            "authority": [],
            "endpoint": [
              {
                "gke_cluster": [
                  {
                    "resource_link": "//container.googleapis.com/projects/uporto-cd/locations/europe-west2/clusters/uporto-cd-gke-europe-west2"
                  }
                ]
              }
            ],
            "id": "projects/uporto-cd/locations/global/memberships/uporto-cd-config-membership",
            "labels": null,
            "membership_id": "uporto-cd-config-membership",
            "name": "projects/uporto-cd/locations/global/memberships/uporto-cd-config-membership",
            "project": "uporto-cd",
            "timeouts": null
          },
          "sensitive_attributes": [],
          "private": "eyJlMmJmYjczMC1lY2FhLTExZTYtOGY4OC0zNDM2M2JjN2M0YzAiOnsiY3JlYXRlIjoxMjAwMDAwMDAwMDAwLCJkZWxldGUiOjEyMDAwMDAwMDAwMDAsInVwZGF0ZSI6MTIwMDAwMDAwMDAwMH19",
          "dependencies": [
            "module.fleet.google_project_service.fleet_api",
            "module.gke_cold.google_container_cluster.cluster",
            "module.gke_cold.google_container_node_pool.primary",
            "module.gke_cold.google_project_service.compute_api",
            "module.gke_cold.google_project_service.container_api",
            "module.gke_hot.google_container_cluster.cluster",
            "module.gke_hot.google_container_node_pool.primary",
            "module.gke_hot.google_project_service.compute_api",
            "module.gke_hot.google_project_service.container_api",
            "module.network.google_compute_firewall.allow_egress_to_admin",
            "module.network.google_compute_firewall.allow_from_admin",
            "module.network.google_compute_firewall.allow_internal",
            "module.network.google_compute_firewall.allow_internet_egress",
            "module.network.google_compute_firewall.block_inter_region",
            "module.network.google_compute_network.vpc",
            "module.network.google_compute_router.router",
            "module.network.google_compute_router_nat.nat",
            "module.network.google_compute_subnetwork.subnet"
          ]
        }
      ]
    },
    {
      "module": "module.fleet",
      "mode": "managed",
      "type": "google_gke_hub_membership",
      "name": "member_clusters",
      "provider": "provider[\"registry.terraform.io/hashicorp/google\"]",
      "instances": [
        {
          "index_key": "asia-southeast1",
          "schema_version": 0,
          "attributes": {
            "authority": [],
            "endpoint": [
              {
                "gke_cluster": [
                  {
                    "resource_link": "//container.googleapis.com/projects/uporto-cd/locations/asia-southeast1/clusters/uporto-cd-gke-asia-southeast1"
                  }
                ]
              }
            ],
            "id": "projects/uporto-cd/locations/global/memberships/uporto-cd-asia-southeast1-membership",
            "labels": null,
            "membership_id": "uporto-cd-asia-southeast1-membership",
            "name": "projects/uporto-cd/locations/global/memberships/uporto-cd-asia-southeast1-membership",
            "project": "uporto-cd",
            "timeouts": null
          },
          "sensitive_attributes": [],
          "private": "eyJlMmJmYjczMC1lY2FhLTExZTYtOGY4OC0zNDM2M2JjN2M0YzAiOnsiY3JlYXRlIjoxMjAwMDAwMDAwMDAwLCJkZWxldGUiOjEyMDAwMDAwMDAwMDAsInVwZGF0ZSI6MTIwMDAwMDAwMDAwMH19",
          "dependencies": [
            "module.fleet.google_project_service.fleet_api",
            "module.gke_cold.google_container_cluster.cluster",
            "module.gke_cold.google_container_node_pool.primary",
            "module.gke_cold.google_project_service.compute_api",
            "module.gke_cold.google_project_service.container_api",
            "module.gke_hot.google_container_cluster.cluster",
            "module.gke_hot.google_container_node_pool.primary",
            "module.gke_hot.google_project_service.compute_api",
            "module.gke_hot.google_project_service.container_api",
            "module.network.google_compute_firewall.allow_egress_to_admin",
            "module.network.google_compute_firewall.allow_from_admin",
            "module.network.google_compute_firewall.allow_internal",
            "module.network.google_compute_firewall.allow_internet_egress",
            "module.network.google_compute_firewall.block_inter_region",
            "module.network.google_compute_network.vpc",
            "module.network.google_compute_router.router",
            "module.network.google_compute_router_nat.nat",
            "module.network.google_compute_subnetwork.subnet"
          ]
        },
        {
          "index_key": "us-south1",
          "schema_version": 0,
          "attributes": {
            "authority": [],
            "endpoint": [
              {
                "gke_cluster": [
                  {
                    "resource_link": "//container.googleapis.com/projects/uporto-cd/locations/us-south1/clusters/uporto-cd-gke-us-south1"
                  }
                ]
              }
            ],
            "id": "projects/uporto-cd/locations/global/memberships/uporto-cd-us-south1-membership",
            "labels": null,
            "membership_id": "uporto-cd-us-south1-membership",
            "name": "projects/uporto-cd/locations/global/memberships/uporto-cd-us-south1-membership",
            "project": "uporto-cd",
            "timeouts": null
          },
          "sensitive_attributes": [],
          "private": "eyJlMmJmYjczMC1lY2FhLTExZTYtOGY4OC0zNDM2M2JjN2M0YzAiOnsiY3JlYXRlIjoxMjAwMDAwMDAwMDAwLCJkZWxldGUiOjEyMDAwMDAwMDAwMDAsInVwZGF0ZSI6MTIwMDAwMDAwMDAwMH19",
          "dependencies": [
            "module.fleet.google_project_service.fleet_api",
            "module.gke_cold.google_container_cluster.cluster",
            "module.gke_cold.google_container_node_pool.primary",
            "module.gke_cold.google_project_service.compute_api",
            "module.gke_cold.google_project_service.container_api",
            "module.gke_hot.google_container_cluster.cluster",
            "module.gke_hot.google_container_node_pool.primary",
            "module.gke_hot.google_project_service.compute_api",
            "module.gke_hot.google_project_service.container_api",
            "module.network.google_compute_firewall.allow_egress_to_admin",
            "module.network.google_compute_firewall.allow_from_admin",
            "module.network.google_compute_firewall.allow_internal",
            "module.network.google_compute_firewall.allow_internet_egress",
            "module.network.google_compute_firewall.block_inter_region",
            "module.network.google_compute_network.vpc",
            "module.network.google_compute_router.router",
            "module.network.google_compute_router_nat.nat",
            "module.network.google_compute_subnetwork.subnet"
          ]
        }
      ]
    },
    {
      "module": "module.fleet",
      "mode": "managed",
      "type": "google_project_service",
      "name": "fleet_api",
      "provider": "provider[\"registry.terraform.io/hashicorp/google\"]",
      "instances": [
        {
          "schema_version": 0,
          "attributes": {
            "disable_dependent_services": null,
            "disable_on_destroy": false,
            "id": "uporto-cd/gkehub.googleapis.com",
            "project": "uporto-cd",
            "service": "gkehub.googleapis.com",
            "timeouts": null
          },
          "sensitive_attributes": [],
          "private": "eyJlMmJmYjczMC1lY2FhLTExZTYtOGY4OC0zNDM2M2JjN2M0YzAiOnsiY3JlYXRlIjoxMjAwMDAwMDAwMDAwLCJkZWxldGUiOjEyMDAwMDAwMDAwMDAsInJlYWQiOjYwMDAwMDAwMDAwMCwidXBkYXRlIjoxMjAwMDAwMDAwMDAwfX0=",
          "dependencies": [
            "module.gke_cold.google_container_cluster.cluster",
            "module.gke_cold.google_container_node_pool.primary",
            "module.gke_cold.google_project_service.compute_api",
            "module.gke_cold.google_project_service.container_api",
            "module.gke_hot.google_container_cluster.cluster",
            "module.gke_hot.google_container_node_pool.primary",
            "module.gke_hot.google_project_service.compute_api",
            "module.gke_hot.google_project_service.container_api",
            "module.network.google_compute_firewall.allow_egress_to_admin",
            "module.network.google_compute_firewall.allow_from_admin",
            "module.network.google_compute_firewall.allow_internal",
            "module.network.google_compute_firewall.allow_internet_egress",
            "module.network.google_compute_firewall.block_inter_region",
            "module.network.google_compute_network.vpc",
            "module.network.google_compute_router.router",
            "module.network.google_compute_router_nat.nat",
            "module.network.google_compute_subnetwork.subnet"
          ]
        }
      ]
    },
    {
      "module": "module.fleet",
      "mode": "managed",
      "type": "google_project_service",
      "name": "mci_api",
      "provider": "provider[\"registry.terraform.io/hashicorp/google\"]",
      "instances": [
        {
          "schema_version": 0,
          "attributes": {
            "disable_dependent_services": null,
            "disable_on_destroy": false,
            "id": "uporto-cd/multiclusteringress.googleapis.com",
            "project": "uporto-cd",
            "service": "multiclusteringress.googleapis.com",
            "timeouts": null
          },
          "sensitive_attributes": [],
          "private": "eyJlMmJmYjczMC1lY2FhLTExZTYtOGY4OC0zNDM2M2JjN2M0YzAiOnsiY3JlYXRlIjoxMjAwMDAwMDAwMDAwLCJkZWxldGUiOjEyMDAwMDAwMDAwMDAsInJlYWQiOjYwMDAwMDAwMDAwMCwidXBkYXRlIjoxMjAwMDAwMDAwMDAwfX0=",
          "dependencies": [
            "module.gke_cold.google_container_cluster.cluster",
            "module.gke_cold.google_container_node_pool.primary",
            "module.gke_cold.google_project_service.compute_api",
            "module.gke_cold.google_project_service.container_api",
            "module.gke_hot.google_container_cluster.cluster",
            "module.gke_hot.google_container_node_pool.primary",
            "module.gke_hot.google_project_service.compute_api",
            "module.gke_hot.google_project_service.container_api",
            "module.network.google_compute_firewall.allow_egress_to_admin",
            "module.network.google_compute_firewall.allow_from_admin",
            "module.network.google_compute_firewall.allow_internal",
            "module.network.google_compute_firewall.allow_internet_egress",
            "module.network.google_compute_firewall.block_inter_region",
            "module.network.google_compute_network.vpc",
            "module.network.google_compute_router.router",
            "module.network.google_compute_router_nat.nat",
            "module.network.google_compute_subnetwork.subnet"
          ]
        }
      ]
    },
    {
      "module": "module.gke_cold[\"asia-southeast1\"]",
      "mode": "managed",
      "type": "google_container_cluster",
      "name": "cluster",
      "provider": "provider[\"registry.terraform.io/hashicorp/google\"]",
      "instances": [
        {
          "schema_version": 1,
          "attributes": {
            "addons_config": [
              {
                "cloudrun_config": [],
                "config_connector_config": [],
                "dns_cache_config": [],
                "gce_persistent_disk_csi_driver_config": [
                  {
                    "enabled": true
                  }
                ],
                "gcp_filestore_csi_driver_config": [],
                "gcs_fuse_csi_driver_config": [
                  {
                    "enabled": true
                  }
                ],
                "gke_backup_agent_config": [],
                "horizontal_pod_autoscaling": [],
                "http_load_balancing": [
                  {
                    "disabled": false
                  }
                ],
                "network_policy_config": [
                  {
                    "disabled": false
                  }
                ]
              }
            ],
            "allow_net_admin": null,
            "authenticator_groups_config": [],
            "binary_authorization": [
              {
                "enabled": false,
                "evaluation_mode": "DISABLED"
              }
            ],
            "cluster_autoscaling": [
              {
                "auto_provisioning_defaults": [],
                "enabled": false,
                "resource_limits": []
              }
            ],
            "cluster_ipv4_cidr": "10.103.0.0/16",
            "confidential_nodes": [],
            "cost_management_config": [],
            "database_encryption": [
              {
                "key_name": "",
                "state": "DECRYPTED"
              }
            ],
            "datapath_provider": "",
            "default_max_pods_per_node": 110,
            "default_snat_status": [
              {
                "disabled": false
              }
            ],
            "description": "",
            "dns_config": [],
            "enable_autopilot": false,
            "enable_binary_authorization": false,
            "enable_intranode_visibility": false,
            "enable_k8s_beta_apis": [],
            "enable_kubernetes_alpha": false,
            "enable_l4_ilb_subsetting": false,
            "enable_legacy_abac": false,
            "enable_shielded_nodes": true,
            "enable_tpu": false,
            "endpoint": "172.16.3.2",
            "gateway_api_config": [],
            "id": "projects/uporto-cd/locations/asia-southeast1/clusters/uporto-cd-gke-asia-southeast1",
            "initial_node_count": 1,
            "ip_allocation_policy": [
              {
                "additional_pod_ranges_config": [],
                "cluster_ipv4_cidr_block": "10.103.0.0/16",
                "cluster_secondary_range_name": "gke-uporto-cd-gke-asia-southeast1-pods-fba18a73",
                "pod_cidr_overprovision_config": [
                  {
                    "disabled": false
                  }
                ],
                "services_ipv4_cidr_block": "10.203.0.0/16",
                "services_secondary_range_name": "gke-uporto-cd-gke-asia-southeast1-services-fba18a73",
                "stack_type": "IPV4"
              }
            ],
            "label_fingerprint": "a90d117b",
            "location": "asia-southeast1",
            "logging_config": [
              {
                "enable_components": [
                  "SYSTEM_COMPONENTS",
                  "WORKLOADS"
                ]
              }
            ],
            "logging_service": "logging.googleapis.com/kubernetes",
            "maintenance_policy": [],
            "master_auth": [
              {
                "client_certificate": "",
                "client_certificate_config": [
                  {
                    "issue_client_certificate": false
                  }
                ],
                "client_key": "",
                "cluster_ca_certificate": "LS0tLS1CRUdJTiBDRVJUSUZJQ0FURS0tLS0tCk1JSUVMRENDQXBTZ0F3SUJBZ0lRSjFKaTZvNkcvbldHZUMxOGFoUjAvakFOQmdrcWhraUc5dzBCQVFzRkFEQXYKTVMwd0t3WURWUVFERXlSaE5UZzBPVFl4T1MwM01EQTVMVFEwTURRdE9XTXhZUzFrTnpabU56VmpPRE0yWVdZdwpJQmNOTWpVd05USTRNVGd5TVRBMFdoZ1BNakExTlRBMU1qRXhPVEl4TURSYU1DOHhMVEFyQmdOVkJBTVRKR0UxCk9EUTVOakU1TFRjd01Ea3RORFF3TkMwNVl6RmhMV1EzTm1ZM05XTTRNelpoWmpDQ0FhSXdEUVlKS29aSWh2Y04KQVFFQkJRQURnZ0dQQURDQ0FZb0NnZ0dCQUtUTTZqbjJkQzVpdFlESUk3SWNZeitLc0tjaERDL3FGcWFneFlBLwpKNjZOM3IzYXFSLzBpZDhmUjFGNkdGWlNzSk9nWDF4dHJKRWtrMzdsek4rUTZCK1gyNER4bzNlWG1KUjZ4YXRJCk1udXVYRVFySXpRSERhS2loUDhGSXZFZlQ2MCszWUdsRW1OZ2hQNXZTU1Z5UTdBNzd1RGN4dHQ5NmFOSUFNU2EKakg5VzEvbmE0WEJNRHNud3ZhaUkvN0x4N3BpOU1YYVo0UVo4b0M2OW8rQjdpVU5HZ2Ftd2x1blVBeFdDOEF6NAp3dDdteTQrTGVzR0lCWGNYZ05nZ0QybE0ySTVWU3c1MzIzRXlXaUtGRzNRNXJZOXFPVHhaZ2xJZDlZdktsWnQ2CkYyYmRjTFNoQXhRb3lxQnJwemhObFU4Zy9BN2YrVVZLVWF6OEVOQ2pWQkJ5Q3doMlBPcm5nYXVURTIyb2c1ekYKYVo0ZjFIcWNidHYrWEVTT0hnbWxXcll0MnNjWnFValJjVnZ0NjF2c3dtcGU5Z0FBNVUwODBwU0h0RUs0cFRkYgpGeFR1YkVPZXVYKytkaTMzRFVuTk1UNW9kU3NwSzEvcmZDQkVldi85Y1hFMkZVY1FFYmpZUnZwbWdSZU1BV2l4ClFER2tZSFZraVhndmMzeTIrc0pnNCtmelRRSURBUUFCbzBJd1FEQU9CZ05WSFE4QkFmOEVCQU1DQWdRd0R3WUQKVlIwVEFRSC9CQVV3QXdFQi96QWRCZ05WSFE0RUZnUVUxcWYxYkM4YjlCcXVoYnpCOU9Od3Z6ek9mR0F3RFFZSgpLb1pJaHZjTkFRRUxCUUFEZ2dHQkFGaXVZRFNzRE5nZWxpbStXbHFBUDRYK3RsN3FmeU9HNTJaVTB1Y1dyVTlxCnNyTGhpTnVuVlU4VStxbGRFbUhBMU5KV3Z5RkJHMmYxeU03MHNxS2lXUEpGZDJGVUN3OSt6cGRhd1lzQVoxTGMKOEtWbWZ0R2U5eW0xaCtsVmlXdi9BazRGdkYrb2N1MXNwUlJwNHl5NFFlU3oxbnc2Nk9Rc0k2V245UVhVdlVUOAp4eUFiRXB0YXFYRUFKWGVYbm1DUWZFVHM4N2UrUm14MmpvOERhQjNndVorR3dJbE12MW50aENEdHNrL1hVRVVNCmtYUWpjRm02NmI1RjhoZ3JtVmRXc0xEdThoVTR0QjNxNlJJM20xUDNkK2YwaDFxcHBGWGx0L2VkV09OZllEQ3EKMVJiYVBISC9kcEl2bnVFd3FETW9UQk9aYytScXgySldNZ3hUQXYyQjh5cS83VUJVbVU0dkRZVmJmOWtDWUxxMApqRmtZdWE0bHVmbWhIWHY1d0tBZmtHSE5xVHY5ZFNYQU9xKzYyMG9mcHBHRzFYSFVBNERuU05LQXU2NmwvNTMwClZxYzhHeFROR1JQWnJTcklWMy9VVmJ6OGVaMnd1Sk03djliOHBTSUowL1ZBMWJ0UytINnNEYm4yVFlla0JzYXIKOWdES0IwRkpyaEVzUzZTSXR5dTRoUT09Ci0tLS0tRU5EIENFUlRJRklDQVRFLS0tLS0K"
              }
            ],
            "master_authorized_networks_config": [
              {
                "cidr_blocks": [
                  {
                    "cidr_block": "10.250.0.0/24",
                    "display_name": "Admin VM"
                  }
                ],
                "gcp_public_cidrs_access_enabled": false
              }
            ],
            "master_version": "1.32.3-gke.1927009",
            "mesh_certificates": [],
            "min_master_version": null,
            "monitoring_config": [
              {
                "advanced_datapath_observability_config": [
                  {
                    "enable_metrics": false,
                    "relay_mode": ""
                  }
                ],
                "enable_components": [
                  "SYSTEM_COMPONENTS",
                  "JOBSET",
                  "STORAGE",
                  "HPA",
                  "POD",
                  "DAEMONSET",
                  "DEPLOYMENT",
                  "STATEFULSET",
                  "CADVISOR",
                  "KUBELET",
                  "DCGM"
                ],
                "managed_prometheus": [
                  {
                    "enabled": true
                  }
                ]
              }
            ],
            "monitoring_service": "monitoring.googleapis.com/kubernetes",
            "name": "uporto-cd-gke-asia-southeast1",
            "network": "projects/uporto-cd/global/networks/uporto-cd-vpc-asia-southeast1",
            "network_policy": [
              {
                "enabled": true,
                "provider": "CALICO"
              }
            ],
            "networking_mode": "VPC_NATIVE",
            "node_config": [
              {
                "advanced_machine_features": [],
                "boot_disk_kms_key": "",
                "confidential_nodes": [],
                "disk_size_gb": 50,
                "disk_type": "pd-standard",
                "ephemeral_storage_local_ssd_config": [],
                "fast_socket": [],
                "gcfs_config": [],
                "guest_accelerator": [],
                "gvnic": [],
                "host_maintenance_policy": [],
                "image_type": "COS_CONTAINERD",
                "kubelet_config": [
                  {
                    "cpu_cfs_quota": false,
                    "cpu_cfs_quota_period": "",
                    "cpu_manager_policy": "",
                    "pod_pids_limit": 0
                  }
                ],
                "labels": {
                  "app": "uporto-cd",
                  "cluster_type": "cold",
                  "region": "asia-southeast1"
                },
                "linux_node_config": [],
                "local_nvme_ssd_block_config": [],
                "local_ssd_count": 0,
                "logging_variant": "DEFAULT",
                "machine_type": "e2-standard-2",
                "metadata": {
                  "disable-legacy-endpoints": "true"
                },
                "min_cpu_platform": "",
                "node_group": "",
                "oauth_scopes": [
                  "https://www.googleapis.com/auth/cloud-platform"
                ],
                "preemptible": false,
                "reservation_affinity": [],
                "resource_labels": {
                  "goog-gke-node-pool-provisioning-model": "spot"
                },
                "service_account": "default",
                "shielded_instance_config": [
                  {
                    "enable_integrity_monitoring": true,
                    "enable_secure_boot": false
                  }
                ],
                "sole_tenant_config": [],
                "spot": true,
                "tags": [
                  "uporto-cd-node",
                  "gke-asia-southeast1",
                  "cluster-cold"
                ],
                "taint": [],
                "workload_metadata_config": [
                  {
                    "mode": "GKE_METADATA"
                  }
                ]
              }
            ],
            "node_locations": [
              "asia-southeast1-a",
              "asia-southeast1-b",
              "asia-southeast1-c"
            ],
            "node_pool": [
              {
                "autoscaling": [
                  {
                    "location_policy": "ANY",
                    "max_node_count": 0,
                    "min_node_count": 0,
                    "total_max_node_count": 2,
                    "total_min_node_count": 0
                  }
                ],
                "initial_node_count": 0,
                "instance_group_urls": [
                  "https://www.googleapis.com/compute/v1/projects/uporto-cd/zones/asia-southeast1-c/instanceGroupManagers/gke-uporto-cd-gke-as-uporto-cd-node-p-d972dfff-grp",
                  "https://www.googleapis.com/compute/v1/projects/uporto-cd/zones/asia-southeast1-a/instanceGroupManagers/gke-uporto-cd-gke-as-uporto-cd-node-p-6bea9cf3-grp",
                  "https://www.googleapis.com/compute/v1/projects/uporto-cd/zones/asia-southeast1-b/instanceGroupManagers/gke-uporto-cd-gke-as-uporto-cd-node-p-234ce686-grp"
                ],
                "managed_instance_group_urls": [
                  "https://www.googleapis.com/compute/v1/projects/uporto-cd/zones/asia-southeast1-c/instanceGroups/gke-uporto-cd-gke-as-uporto-cd-node-p-d972dfff-grp",
                  "https://www.googleapis.com/compute/v1/projects/uporto-cd/zones/asia-southeast1-a/instanceGroups/gke-uporto-cd-gke-as-uporto-cd-node-p-6bea9cf3-grp",
                  "https://www.googleapis.com/compute/v1/projects/uporto-cd/zones/asia-southeast1-b/instanceGroups/gke-uporto-cd-gke-as-uporto-cd-node-p-234ce686-grp"
                ],
                "management": [
                  {
                    "auto_repair": true,
                    "auto_upgrade": true
                  }
                ],
                "max_pods_per_node": 110,
                "name": "uporto-cd-node-pool-asia-southeast1-cold",
                "name_prefix": "",
                "network_config": [
                  {
                    "create_pod_range": false,
                    "enable_private_nodes": true,
                    "pod_cidr_overprovision_config": [],
                    "pod_ipv4_cidr_block": "10.103.0.0/16",
                    "pod_range": "gke-uporto-cd-gke-asia-southeast1-pods-fba18a73"
                  }
                ],
                "node_config": [
                  {
                    "advanced_machine_features": [],
                    "boot_disk_kms_key": "",
                    "confidential_nodes": [],
                    "disk_size_gb": 50,
                    "disk_type": "pd-standard",
                    "ephemeral_storage_local_ssd_config": [],
                    "fast_socket": [],
                    "gcfs_config": [],
                    "guest_accelerator": [],
                    "gvnic": [],
                    "host_maintenance_policy": [],
                    "image_type": "COS_CONTAINERD",
                    "kubelet_config": [
                      {
                        "cpu_cfs_quota": false,
                        "cpu_cfs_quota_period": "",
                        "cpu_manager_policy": "",
                        "pod_pids_limit": 0
                      }
                    ],
                    "labels": {
                      "app": "uporto-cd",
                      "cluster_type": "cold",
                      "region": "asia-southeast1"
                    },
                    "linux_node_config": [],
                    "local_nvme_ssd_block_config": [],
                    "local_ssd_count": 0,
                    "logging_variant": "DEFAULT",
                    "machine_type": "e2-standard-2",
                    "metadata": {
                      "disable-legacy-endpoints": "true"
                    },
                    "min_cpu_platform": "",
                    "node_group": "",
                    "oauth_scopes": [
                      "https://www.googleapis.com/auth/cloud-platform"
                    ],
                    "preemptible": false,
                    "reservation_affinity": [],
                    "resource_labels": {
                      "goog-gke-node-pool-provisioning-model": "spot"
                    },
                    "service_account": "default",
                    "shielded_instance_config": [
                      {
                        "enable_integrity_monitoring": true,
                        "enable_secure_boot": false
                      }
                    ],
                    "sole_tenant_config": [],
                    "spot": true,
                    "tags": [
                      "uporto-cd-node",
                      "gke-asia-southeast1",
                      "cluster-cold"
                    ],
                    "taint": [],
                    "workload_metadata_config": [
                      {
                        "mode": "GKE_METADATA"
                      }
                    ]
                  }
                ],
                "node_count": 0,
                "node_locations": [
                  "asia-southeast1-a",
                  "asia-southeast1-b",
                  "asia-southeast1-c"
                ],
                "placement_policy": [],
                "upgrade_settings": [
                  {
                    "blue_green_settings": [],
                    "max_surge": 1,
                    "max_unavailable": 0,
                    "strategy": "SURGE"
                  }
                ],
                "version": "1.32.3-gke.1927009"
              }
            ],
            "node_pool_auto_config": [
              {
                "network_tags": []
              }
            ],
            "node_pool_defaults": [
              {
                "node_config_defaults": [
                  {
                    "logging_variant": "DEFAULT"
                  }
                ]
              }
            ],
            "node_version": "1.32.3-gke.1927009",
            "notification_config": [
              {
                "pubsub": [
                  {
                    "enabled": false,
                    "filter": [],
                    "topic": ""
                  }
                ]
              }
            ],
            "operation": null,
            "private_cluster_config": [
              {
                "enable_private_endpoint": true,
                "enable_private_nodes": true,
                "master_global_access_config": [
                  {
                    "enabled": false
                  }
                ],
                "master_ipv4_cidr_block": "172.16.3.0/28",
                "peering_name": "",
                "private_endpoint": "172.16.3.2",
                "private_endpoint_subnetwork": "",
                "public_endpoint": "35.240.183.118"
              }
            ],
            "private_ipv6_google_access": "",
            "project": "uporto-cd",
            "release_channel": [
              {
                "channel": "REGULAR"
              }
            ],
            "remove_default_node_pool": true,
            "resource_labels": {
              "cluster_type": "cold",
              "environment": "production",
              "region": "asia-southeast1"
            },
            "resource_usage_export_config": [],
            "security_posture_config": [
              {
                "mode": "BASIC",
                "vulnerability_mode": "VULNERABILITY_MODE_UNSPECIFIED"
              }
            ],
            "self_link": "https://container.googleapis.com/v1/projects/uporto-cd/locations/asia-southeast1/clusters/uporto-cd-gke-asia-southeast1",
            "service_external_ips_config": [
              {
                "enabled": false
              }
            ],
            "services_ipv4_cidr": "10.203.0.0/16",
            "subnetwork": "projects/uporto-cd/regions/asia-southeast1/subnetworks/uporto-cd-subnet-asia-southeast1",
            "timeouts": null,
            "tpu_ipv4_cidr_block": "",
            "vertical_pod_autoscaling": [],
            "workload_identity_config": [
              {
                "workload_pool": "uporto-cd.svc.id.goog"
              }
            ]
          },
          "sensitive_attributes": [
            [
              {
                "type": "get_attr",
                "value": "master_auth"
              },
              {
                "type": "index",
                "value": {
                  "value": 0,
                  "type": "number"
                }
              },
              {
                "type": "get_attr",
                "value": "client_key"
              }
            ]
          ],
          "private": "eyJlMmJmYjczMC1lY2FhLTExZTYtOGY4OC0zNDM2M2JjN2M0YzAiOnsiY3JlYXRlIjoyNDAwMDAwMDAwMDAwLCJkZWxldGUiOjI0MDAwMDAwMDAwMDAsInJlYWQiOjI0MDAwMDAwMDAwMDAsInVwZGF0ZSI6MzYwMDAwMDAwMDAwMH0sInNjaGVtYV92ZXJzaW9uIjoiMSJ9",
          "dependencies": [
            "module.gke_cold.google_project_service.compute_api",
            "module.gke_cold.google_project_service.container_api",
            "module.network.google_compute_firewall.allow_egress_to_admin",
            "module.network.google_compute_firewall.allow_from_admin",
            "module.network.google_compute_firewall.allow_internal",
            "module.network.google_compute_firewall.allow_internet_egress",
            "module.network.google_compute_firewall.block_inter_region",
            "module.network.google_compute_network.vpc",
            "module.network.google_compute_router.router",
            "module.network.google_compute_router_nat.nat",
            "module.network.google_compute_subnetwork.subnet"
          ]
        }
      ]
    },
    {
      "module": "module.gke_cold[\"asia-southeast1\"]",
      "mode": "managed",
      "type": "google_container_node_pool",
      "name": "primary",
      "provider": "provider[\"registry.terraform.io/hashicorp/google\"]",
      "instances": [
        {
          "schema_version": 1,
          "attributes": {
            "autoscaling": [
              {
                "location_policy": "ANY",
                "max_node_count": 0,
                "min_node_count": 0,
                "total_max_node_count": 2,
                "total_min_node_count": 0
              }
            ],
            "cluster": "projects/uporto-cd/locations/asia-southeast1/clusters/uporto-cd-gke-asia-southeast1",
            "id": "projects/uporto-cd/locations/asia-southeast1/clusters/uporto-cd-gke-asia-southeast1/nodePools/uporto-cd-node-pool-asia-southeast1-cold",
            "initial_node_count": 0,
            "instance_group_urls": [
              "https://www.googleapis.com/compute/v1/projects/uporto-cd/zones/asia-southeast1-c/instanceGroupManagers/gke-uporto-cd-gke-as-uporto-cd-node-p-d972dfff-grp",
              "https://www.googleapis.com/compute/v1/projects/uporto-cd/zones/asia-southeast1-a/instanceGroupManagers/gke-uporto-cd-gke-as-uporto-cd-node-p-6bea9cf3-grp",
              "https://www.googleapis.com/compute/v1/projects/uporto-cd/zones/asia-southeast1-b/instanceGroupManagers/gke-uporto-cd-gke-as-uporto-cd-node-p-234ce686-grp"
            ],
            "location": "asia-southeast1",
            "managed_instance_group_urls": [
              "https://www.googleapis.com/compute/v1/projects/uporto-cd/zones/asia-southeast1-c/instanceGroups/gke-uporto-cd-gke-as-uporto-cd-node-p-d972dfff-grp",
              "https://www.googleapis.com/compute/v1/projects/uporto-cd/zones/asia-southeast1-a/instanceGroups/gke-uporto-cd-gke-as-uporto-cd-node-p-6bea9cf3-grp",
              "https://www.googleapis.com/compute/v1/projects/uporto-cd/zones/asia-southeast1-b/instanceGroups/gke-uporto-cd-gke-as-uporto-cd-node-p-234ce686-grp"
            ],
            "management": [
              {
                "auto_repair": true,
                "auto_upgrade": true
              }
            ],
            "max_pods_per_node": 110,
            "name": "uporto-cd-node-pool-asia-southeast1-cold",
            "name_prefix": "",
            "network_config": [
              {
                "create_pod_range": false,
                "enable_private_nodes": true,
                "pod_cidr_overprovision_config": [],
                "pod_ipv4_cidr_block": "10.103.0.0/16",
                "pod_range": "gke-uporto-cd-gke-asia-southeast1-pods-fba18a73"
              }
            ],
            "node_config": [
              {
                "advanced_machine_features": [],
                "boot_disk_kms_key": "",
                "confidential_nodes": [],
                "disk_size_gb": 50,
                "disk_type": "pd-standard",
                "ephemeral_storage_local_ssd_config": [],
                "fast_socket": [],
                "gcfs_config": [],
                "guest_accelerator": [],
                "gvnic": [],
                "host_maintenance_policy": [],
                "image_type": "COS_CONTAINERD",
                "kubelet_config": [
                  {
                    "cpu_cfs_quota": false,
                    "cpu_cfs_quota_period": "",
                    "cpu_manager_policy": "",
                    "pod_pids_limit": 0
                  }
                ],
                "labels": {
                  "app": "uporto-cd",
                  "cluster_type": "cold",
                  "region": "asia-southeast1"
                },
                "linux_node_config": [],
                "local_nvme_ssd_block_config": [],
                "local_ssd_count": 0,
                "logging_variant": "DEFAULT",
                "machine_type": "e2-standard-2",
                "metadata": {
                  "disable-legacy-endpoints": "true"
                },
                "min_cpu_platform": "",
                "node_group": "",
                "oauth_scopes": [
                  "https://www.googleapis.com/auth/cloud-platform"
                ],
                "preemptible": false,
                "reservation_affinity": [],
                "resource_labels": {
                  "goog-gke-node-pool-provisioning-model": "spot"
                },
                "service_account": "default",
                "shielded_instance_config": [
                  {
                    "enable_integrity_monitoring": true,
                    "enable_secure_boot": false
                  }
                ],
                "sole_tenant_config": [],
                "spot": true,
                "tags": [
                  "uporto-cd-node",
                  "gke-asia-southeast1",
                  "cluster-cold"
                ],
                "taint": [],
                "workload_metadata_config": [
                  {
                    "mode": "GKE_METADATA"
                  }
                ]
              }
            ],
            "node_count": 0,
            "node_locations": [
              "asia-southeast1-a",
              "asia-southeast1-b",
              "asia-southeast1-c"
            ],
            "operation": null,
            "placement_policy": [],
            "project": "uporto-cd",
            "timeouts": {
              "create": "30m",
              "delete": "30m",
              "update": "30m"
            },
            "upgrade_settings": [
              {
                "blue_green_settings": [],
                "max_surge": 1,
                "max_unavailable": 0,
                "strategy": "SURGE"
              }
            ],
            "version": "1.32.3-gke.1927009"
          },
          "sensitive_attributes": [],
          "private": "eyJlMmJmYjczMC1lY2FhLTExZTYtOGY4OC0zNDM2M2JjN2M0YzAiOnsiY3JlYXRlIjoxODAwMDAwMDAwMDAwLCJkZWxldGUiOjE4MDAwMDAwMDAwMDAsInVwZGF0ZSI6MTgwMDAwMDAwMDAwMH0sInNjaGVtYV92ZXJzaW9uIjoiMSJ9",
          "dependencies": [
            "module.gke_cold.google_container_cluster.cluster",
            "module.gke_cold.google_project_service.compute_api",
            "module.gke_cold.google_project_service.container_api",
            "module.network.google_compute_firewall.allow_egress_to_admin",
            "module.network.google_compute_firewall.allow_from_admin",
            "module.network.google_compute_firewall.allow_internal",
            "module.network.google_compute_firewall.allow_internet_egress",
            "module.network.google_compute_firewall.block_inter_region",
            "module.network.google_compute_network.vpc",
            "module.network.google_compute_router.router",
            "module.network.google_compute_router_nat.nat",
            "module.network.google_compute_subnetwork.subnet"
          ]
        }
      ]
    },
    {
      "module": "module.gke_cold[\"asia-southeast1\"]",
      "mode": "managed",
      "type": "google_project_service",
      "name": "compute_api",
      "provider": "provider[\"registry.terraform.io/hashicorp/google\"]",
      "instances": [
        {
          "schema_version": 0,
          "attributes": {
            "disable_dependent_services": null,
            "disable_on_destroy": false,
            "id": "uporto-cd/compute.googleapis.com",
            "project": "uporto-cd",
            "service": "compute.googleapis.com",
            "timeouts": null
          },
          "sensitive_attributes": [],
          "private": "eyJlMmJmYjczMC1lY2FhLTExZTYtOGY4OC0zNDM2M2JjN2M0YzAiOnsiY3JlYXRlIjoxMjAwMDAwMDAwMDAwLCJkZWxldGUiOjEyMDAwMDAwMDAwMDAsInJlYWQiOjYwMDAwMDAwMDAwMCwidXBkYXRlIjoxMjAwMDAwMDAwMDAwfX0="
        }
      ]
    },
    {
      "module": "module.gke_cold[\"asia-southeast1\"]",
      "mode": "managed",
      "type": "google_project_service",
      "name": "container_api",
      "provider": "provider[\"registry.terraform.io/hashicorp/google\"]",
      "instances": [
        {
          "schema_version": 0,
          "attributes": {
            "disable_dependent_services": null,
            "disable_on_destroy": false,
            "id": "uporto-cd/container.googleapis.com",
            "project": "uporto-cd",
            "service": "container.googleapis.com",
            "timeouts": null
          },
          "sensitive_attributes": [],
          "private": "eyJlMmJmYjczMC1lY2FhLTExZTYtOGY4OC0zNDM2M2JjN2M0YzAiOnsiY3JlYXRlIjoxMjAwMDAwMDAwMDAwLCJkZWxldGUiOjEyMDAwMDAwMDAwMDAsInJlYWQiOjYwMDAwMDAwMDAwMCwidXBkYXRlIjoxMjAwMDAwMDAwMDAwfX0="
        }
      ]
    },
    {
      "module": "module.gke_hot[\"europe-west2\"]",
      "mode": "managed",
      "type": "google_container_cluster",
      "name": "cluster",
      "provider": "provider[\"registry.terraform.io/hashicorp/google\"]",
      "instances": [
        {
          "schema_version": 1,
          "attributes": {
            "addons_config": [
              {
                "cloudrun_config": [],
                "config_connector_config": [],
                "dns_cache_config": [],
                "gce_persistent_disk_csi_driver_config": [
                  {
                    "enabled": true
                  }
                ],
                "gcp_filestore_csi_driver_config": [],
                "gcs_fuse_csi_driver_config": [
                  {
                    "enabled": true
                  }
                ],
                "gke_backup_agent_config": [],
                "horizontal_pod_autoscaling": [],
                "http_load_balancing": [
                  {
                    "disabled": false
                  }
                ],
                "network_policy_config": [
                  {
                    "disabled": false
                  }
                ]
              }
            ],
            "allow_net_admin": null,
            "authenticator_groups_config": [],
            "binary_authorization": [
              {
                "enabled": false,
                "evaluation_mode": "DISABLED"
              }
            ],
            "cluster_autoscaling": [
              {
                "auto_provisioning_defaults": [],
                "enabled": false,
                "resource_limits": []
              }
            ],
            "cluster_ipv4_cidr": "10.101.0.0/16",
            "confidential_nodes": [],
            "cost_management_config": [],
            "database_encryption": [
              {
                "key_name": "",
                "state": "DECRYPTED"
              }
            ],
            "datapath_provider": "",
            "default_max_pods_per_node": 110,
            "default_snat_status": [
              {
                "disabled": false
              }
            ],
            "description": "",
            "dns_config": [],
            "enable_autopilot": false,
            "enable_binary_authorization": false,
            "enable_intranode_visibility": false,
            "enable_k8s_beta_apis": [],
            "enable_kubernetes_alpha": false,
            "enable_l4_ilb_subsetting": false,
            "enable_legacy_abac": false,
            "enable_shielded_nodes": true,
            "enable_tpu": false,
            "endpoint": "172.16.1.2",
            "gateway_api_config": [],
            "id": "projects/uporto-cd/locations/europe-west2/clusters/uporto-cd-gke-europe-west2",
            "initial_node_count": 1,
            "ip_allocation_policy": [
              {
                "additional_pod_ranges_config": [],
                "cluster_ipv4_cidr_block": "10.101.0.0/16",
                "cluster_secondary_range_name": "gke-uporto-cd-gke-europe-west2-pods-f0b90f9d",
                "pod_cidr_overprovision_config": [
                  {
                    "disabled": false
                  }
                ],
                "services_ipv4_cidr_block": "10.201.0.0/16",
                "services_secondary_range_name": "gke-uporto-cd-gke-europe-west2-services-f0b90f9d",
                "stack_type": "IPV4"
              }
            ],
            "label_fingerprint": "2700cd40",
            "location": "europe-west2",
            "logging_config": [
              {
                "enable_components": [
                  "SYSTEM_COMPONENTS",
                  "WORKLOADS",
                  "APISERVER"
                ]
              }
            ],
            "logging_service": "logging.googleapis.com/kubernetes",
            "maintenance_policy": [],
            "master_auth": [
              {
                "client_certificate": "",
                "client_certificate_config": [
                  {
                    "issue_client_certificate": false
                  }
                ],
                "client_key": "",
                "cluster_ca_certificate": "LS0tLS1CRUdJTiBDRVJUSUZJQ0FURS0tLS0tCk1JSUVMVENDQXBXZ0F3SUJBZ0lSQUtRdWdYNllSb2p2dWhiRkJXazJoRFV3RFFZSktvWklodmNOQVFFTEJRQXcKTHpFdE1Dc0dBMVVFQXhNa1pUZzFabUZrTURVdFlUVTVPQzAwT1RoakxXRTVaVFl0WkRBeE1qZGpNRGc1T0RGaApNQ0FYRFRJMU1EVXlPREU0TWpFeU1Wb1lEekl3TlRVd05USXhNVGt5TVRJeFdqQXZNUzB3S3dZRFZRUURFeVJsCk9EVm1ZV1F3TlMxaE5UazRMVFE1T0dNdFlUbGxOaTFrTURFeU4yTXdPRGs0TVdFd2dnR2lNQTBHQ1NxR1NJYjMKRFFFQkFRVUFBNElCandBd2dnR0tBb0lCZ1FDNWwzTUpKMnBmOG9EWS93K2dNYzM5dTQyR0tTTEo4WFV4Z1FEMAo5K1I5N0QybUpqaU02VWhuOGpFelF3QkNtRmZpUkU0czZGYVZSNDhJTjU1NU5WQWVzci9ZenpzOXgxYm00M2g5CmI4LzE2SStqMHhHT2VaVW00S3NVQzZyTWo4enlhVzFnUGdMN1h6V1lFS0xZY2N2aDlyZisxTnhCYTRFazBFSUIKd3hiZCtqV21OSWgyQzlmcUJUZDNXejRMRHNZdldyRnJXalM0ZnNNRktiUWwxd1Y1Q0t4cmVUdmZNOG5CdGwzQgpuNEtsUDN0L1NXTmxNSTBWT2ZEV05uSis4am8zZm56TDZpK2U0S2RUQkFwM2hoclVkQnMwai9adG1RRWFad1J6CjNkRFVKcHNVU0NQaFROanhXekNLbnZqNGVzNUpPQnY3dWZPR01ab3Rnem5zY1Qxd2NlRFpqYTNoTlg4Z1A4QWsKRFhmYytkYU1nSG5Yc3N4dWg0OVBQY2xGNmI1ODBhajdWVkV1cHZodUNKWTd4b0orZlJJK3BUbnFidU02WDIwYwpOYWZ5SFlaaHZNQ1NoZnUwcjl4aDBwd1VpTzFCQjFhbnJzZE11REZqZFpNeE5RWSt2R1JLK3VxN0F0aTVKUjZDCjY5UmNkTUxENFY0OWoramxlb0VoZHRDMWlXVUNBd0VBQWFOQ01FQXdEZ1lEVlIwUEFRSC9CQVFEQWdJRU1BOEcKQTFVZEV3RUIvd1FGTUFNQkFmOHdIUVlEVlIwT0JCWUVGQnRJS3BHMG56VXhUamwrZjkyT3FUN1h1OFZsTUEwRwpDU3FHU0liM0RRRUJDd1VBQTRJQmdRQi9WRlpKcmF3cmZkL0lISXNILzlHbXJwN1o5SjBrVjNtbjVSUGFZOW9PCnl0ckZvbjA1T1dyOEFnZzNwbGxzbG80U3g0ZnQ1aUp3V25kem94Qk1aamhtejFmem9kSEFYYXY2NEhTalFiTU8KS1VYWEJCMTBNc0VZN0JRY1ljbWRpWjFHeTMzdmpaNGxya25RSXA1L3ZBUlFRekQxeTJtbndpVnhZemE0SkhtRgpERnJiNjY5OVYxUEtuT1M4REsxd0NPQkFqYko5dEc1SlorUmFxNDk1ZklqbTVwd2NOMFlKbTRUMW02YzBWMVhNCjR3amU0eHJNdVZ5dytjOGE3c1VLUEM3TlMyZ28xdG5LTm5EalRtaDdxcnU5aDIxNkdEMGFHTkVqTGx4NTNxRnoKVzdVRlo4cTJYTUkwWHlOcHZwVzRSNFAwVHFIaVppdHpFNHdCcnNYRFFYSkZsR0VsK1VqRjhtdDl1ZU1qUEJWcQptUTN6L25IczE4eHo4TTROdHovZEYvNnNEREI3dFplK3duVXJ3a1B0VHJIbFBMcjRkdFVPWnFFQ01BVnJ1c2l4CjZpNHE3TkhHUlg1a1ZoSDR6aEIvbW10V2VPcTJnaVFPSWw2SGNuUWtOMG11VFBuTXFwVk9CM2RteVNpODQ5QVEKQzNuci83Mjd4WjBwc2JiTFlzc0pOTVk9Ci0tLS0tRU5EIENFUlRJRklDQVRFLS0tLS0K"
              }
            ],
            "master_authorized_networks_config": [
              {
                "cidr_blocks": [
                  {
                    "cidr_block": "10.250.0.0/24",
                    "display_name": "Admin VM"
                  }
                ],
                "gcp_public_cidrs_access_enabled": false
              }
            ],
            "master_version": "1.32.3-gke.1927009",
            "mesh_certificates": [],
            "min_master_version": null,
            "monitoring_config": [
              {
                "advanced_datapath_observability_config": [
                  {
                    "enable_metrics": false,
                    "relay_mode": ""
                  }
                ],
                "enable_components": [
                  "SYSTEM_COMPONENTS",
                  "APISERVER",
                  "CONTROLLER_MANAGER",
                  "SCHEDULER"
                ],
                "managed_prometheus": [
                  {
                    "enabled": true
                  }
                ]
              }
            ],
            "monitoring_service": "monitoring.googleapis.com/kubernetes",
            "name": "uporto-cd-gke-europe-west2",
            "network": "projects/uporto-cd/global/networks/uporto-cd-vpc-europe-west2",
            "network_policy": [
              {
                "enabled": true,
                "provider": "CALICO"
              }
            ],
            "networking_mode": "VPC_NATIVE",
            "node_config": [
              {
                "advanced_machine_features": [],
                "boot_disk_kms_key": "",
                "confidential_nodes": [],
                "disk_size_gb": 50,
                "disk_type": "pd-standard",
                "ephemeral_storage_local_ssd_config": [],
                "fast_socket": [],
                "gcfs_config": [],
                "guest_accelerator": [],
                "gvnic": [],
                "host_maintenance_policy": [],
                "image_type": "COS_CONTAINERD",
                "kubelet_config": [
                  {
                    "cpu_cfs_quota": false,
                    "cpu_cfs_quota_period": "",
                    "cpu_manager_policy": "",
                    "pod_pids_limit": 0
                  }
                ],
                "labels": {
                  "app": "uporto-cd",
                  "cluster_type": "hot",
                  "region": "europe-west2"
                },
                "linux_node_config": [],
                "local_nvme_ssd_block_config": [],
                "local_ssd_count": 0,
                "logging_variant": "DEFAULT",
                "machine_type": "e2-standard-2",
                "metadata": {
                  "disable-legacy-endpoints": "true"
                },
                "min_cpu_platform": "",
                "node_group": "",
                "oauth_scopes": [
                  "https://www.googleapis.com/auth/cloud-platform"
                ],
                "preemptible": false,
                "reservation_affinity": [],
                "resource_labels": {
                  "goog-gke-node-pool-provisioning-model": "on-demand"
                },
                "service_account": "default",
                "shielded_instance_config": [
                  {
                    "enable_integrity_monitoring": true,
                    "enable_secure_boot": false
                  }
                ],
                "sole_tenant_config": [],
                "spot": false,
                "tags": [
                  "uporto-cd-node",
                  "gke-europe-west2",
                  "cluster-hot"
                ],
                "taint": [],
                "workload_metadata_config": [
                  {
                    "mode": "GKE_METADATA"
                  }
                ]
              }
            ],
            "node_locations": [
              "europe-west2-a",
              "europe-west2-b",
              "europe-west2-c"
            ],
            "node_pool": [
              {
                "autoscaling": [
                  {
                    "location_policy": "ANY",
                    "max_node_count": 0,
                    "min_node_count": 0,
                    "total_max_node_count": 3,
                    "total_min_node_count": 2
                  }
                ],
                "initial_node_count": 1,
                "instance_group_urls": [
                  "https://www.googleapis.com/compute/v1/projects/uporto-cd/zones/europe-west2-a/instanceGroupManagers/gke-uporto-cd-gke-eu-uporto-cd-node-p-4bc69597-grp",
                  "https://www.googleapis.com/compute/v1/projects/uporto-cd/zones/europe-west2-c/instanceGroupManagers/gke-uporto-cd-gke-eu-uporto-cd-node-p-24cf056c-grp",
                  "https://www.googleapis.com/compute/v1/projects/uporto-cd/zones/europe-west2-b/instanceGroupManagers/gke-uporto-cd-gke-eu-uporto-cd-node-p-a77057bb-grp"
                ],
                "managed_instance_group_urls": [
                  "https://www.googleapis.com/compute/v1/projects/uporto-cd/zones/europe-west2-a/instanceGroups/gke-uporto-cd-gke-eu-uporto-cd-node-p-4bc69597-grp",
                  "https://www.googleapis.com/compute/v1/projects/uporto-cd/zones/europe-west2-c/instanceGroups/gke-uporto-cd-gke-eu-uporto-cd-node-p-24cf056c-grp",
                  "https://www.googleapis.com/compute/v1/projects/uporto-cd/zones/europe-west2-b/instanceGroups/gke-uporto-cd-gke-eu-uporto-cd-node-p-a77057bb-grp"
                ],
                "management": [
                  {
                    "auto_repair": true,
                    "auto_upgrade": true
                  }
                ],
                "max_pods_per_node": 110,
                "name": "uporto-cd-node-pool-europe-west2-hot",
                "name_prefix": "",
                "network_config": [
                  {
                    "create_pod_range": false,
                    "enable_private_nodes": true,
                    "pod_cidr_overprovision_config": [],
                    "pod_ipv4_cidr_block": "10.101.0.0/16",
                    "pod_range": "gke-uporto-cd-gke-europe-west2-pods-f0b90f9d"
                  }
                ],
                "node_config": [
                  {
                    "advanced_machine_features": [],
                    "boot_disk_kms_key": "",
                    "confidential_nodes": [],
                    "disk_size_gb": 50,
                    "disk_type": "pd-standard",
                    "ephemeral_storage_local_ssd_config": [],
                    "fast_socket": [],
                    "gcfs_config": [],
                    "guest_accelerator": [],
                    "gvnic": [],
                    "host_maintenance_policy": [],
                    "image_type": "COS_CONTAINERD",
                    "kubelet_config": [
                      {
                        "cpu_cfs_quota": false,
                        "cpu_cfs_quota_period": "",
                        "cpu_manager_policy": "",
                        "pod_pids_limit": 0
                      }
                    ],
                    "labels": {
                      "app": "uporto-cd",
                      "cluster_type": "hot",
                      "region": "europe-west2"
                    },
                    "linux_node_config": [],
                    "local_nvme_ssd_block_config": [],
                    "local_ssd_count": 0,
                    "logging_variant": "DEFAULT",
                    "machine_type": "e2-standard-2",
                    "metadata": {
                      "disable-legacy-endpoints": "true"
                    },
                    "min_cpu_platform": "",
                    "node_group": "",
                    "oauth_scopes": [
                      "https://www.googleapis.com/auth/cloud-platform"
                    ],
                    "preemptible": false,
                    "reservation_affinity": [],
                    "resource_labels": {
                      "goog-gke-node-pool-provisioning-model": "on-demand"
                    },
                    "service_account": "default",
                    "shielded_instance_config": [
                      {
                        "enable_integrity_monitoring": true,
                        "enable_secure_boot": false
                      }
                    ],
                    "sole_tenant_config": [],
                    "spot": false,
                    "tags": [
                      "uporto-cd-node",
                      "gke-europe-west2",
                      "cluster-hot"
                    ],
                    "taint": [],
                    "workload_metadata_config": [
                      {
                        "mode": "GKE_METADATA"
                      }
                    ]
                  }
                ],
                "node_count": 0,
                "node_locations": [
                  "europe-west2-a",
                  "europe-west2-b",
                  "europe-west2-c"
                ],
                "placement_policy": [],
                "upgrade_settings": [
                  {
                    "blue_green_settings": [],
                    "max_surge": 2,
                    "max_unavailable": 0,
                    "strategy": "SURGE"
                  }
                ],
                "version": "1.32.3-gke.1927009"
              }
            ],
            "node_pool_auto_config": [
              {
                "network_tags": []
              }
            ],
            "node_pool_defaults": [
              {
                "node_config_defaults": [
                  {
                    "logging_variant": "DEFAULT"
                  }
                ]
              }
            ],
            "node_version": "1.32.3-gke.1927009",
            "notification_config": [
              {
                "pubsub": [
                  {
                    "enabled": false,
                    "filter": [],
                    "topic": ""
                  }
                ]
              }
            ],
            "operation": null,
            "private_cluster_config": [
              {
                "enable_private_endpoint": true,
                "enable_private_nodes": true,
                "master_global_access_config": [
                  {
                    "enabled": false
                  }
                ],
                "master_ipv4_cidr_block": "172.16.1.0/28",
                "peering_name": "",
                "private_endpoint": "172.16.1.2",
                "private_endpoint_subnetwork": "",
                "public_endpoint": "34.147.138.227"
              }
            ],
            "private_ipv6_google_access": "",
            "project": "uporto-cd",
            "release_channel": [
              {
                "channel": "REGULAR"
              }
            ],
            "remove_default_node_pool": true,
            "resource_labels": {
              "cluster_type": "hot",
              "environment": "production",
              "region": "europe-west2"
            },
            "resource_usage_export_config": [],
            "security_posture_config": [
              {
                "mode": "BASIC",
                "vulnerability_mode": "VULNERABILITY_MODE_UNSPECIFIED"
              }
            ],
            "self_link": "https://container.googleapis.com/v1/projects/uporto-cd/locations/europe-west2/clusters/uporto-cd-gke-europe-west2",
            "service_external_ips_config": [
              {
                "enabled": false
              }
            ],
            "services_ipv4_cidr": "10.201.0.0/16",
            "subnetwork": "projects/uporto-cd/regions/europe-west2/subnetworks/uporto-cd-subnet-europe-west2",
            "timeouts": null,
            "tpu_ipv4_cidr_block": "",
            "vertical_pod_autoscaling": [],
            "workload_identity_config": [
              {
                "workload_pool": "uporto-cd.svc.id.goog"
              }
            ]
          },
          "sensitive_attributes": [
            [
              {
                "type": "get_attr",
                "value": "master_auth"
              },
              {
                "type": "index",
                "value": {
                  "value": 0,
                  "type": "number"
                }
              },
              {
                "type": "get_attr",
                "value": "client_key"
              }
            ]
          ],
          "private": "eyJlMmJmYjczMC1lY2FhLTExZTYtOGY4OC0zNDM2M2JjN2M0YzAiOnsiY3JlYXRlIjoyNDAwMDAwMDAwMDAwLCJkZWxldGUiOjI0MDAwMDAwMDAwMDAsInJlYWQiOjI0MDAwMDAwMDAwMDAsInVwZGF0ZSI6MzYwMDAwMDAwMDAwMH0sInNjaGVtYV92ZXJzaW9uIjoiMSJ9",
          "dependencies": [
            "module.gke_hot.google_project_service.compute_api",
            "module.gke_hot.google_project_service.container_api",
            "module.network.google_compute_firewall.allow_egress_to_admin",
            "module.network.google_compute_firewall.allow_from_admin",
            "module.network.google_compute_firewall.allow_internal",
            "module.network.google_compute_firewall.allow_internet_egress",
            "module.network.google_compute_firewall.block_inter_region",
            "module.network.google_compute_network.vpc",
            "module.network.google_compute_router.router",
            "module.network.google_compute_router_nat.nat",
            "module.network.google_compute_subnetwork.subnet"
          ]
        }
      ]
    },
    {
      "module": "module.gke_hot[\"europe-west2\"]",
      "mode": "managed",
      "type": "google_container_node_pool",
      "name": "primary",
      "provider": "provider[\"registry.terraform.io/hashicorp/google\"]",
      "instances": [
        {
          "schema_version": 1,
          "attributes": {
            "autoscaling": [
              {
                "location_policy": "ANY",
                "max_node_count": 0,
                "min_node_count": 0,
                "total_max_node_count": 3,
                "total_min_node_count": 2
              }
            ],
            "cluster": "projects/uporto-cd/locations/europe-west2/clusters/uporto-cd-gke-europe-west2",
            "id": "projects/uporto-cd/locations/europe-west2/clusters/uporto-cd-gke-europe-west2/nodePools/uporto-cd-node-pool-europe-west2-hot",
            "initial_node_count": 1,
            "instance_group_urls": [
              "https://www.googleapis.com/compute/v1/projects/uporto-cd/zones/europe-west2-a/instanceGroupManagers/gke-uporto-cd-gke-eu-uporto-cd-node-p-4bc69597-grp",
              "https://www.googleapis.com/compute/v1/projects/uporto-cd/zones/europe-west2-c/instanceGroupManagers/gke-uporto-cd-gke-eu-uporto-cd-node-p-24cf056c-grp",
              "https://www.googleapis.com/compute/v1/projects/uporto-cd/zones/europe-west2-b/instanceGroupManagers/gke-uporto-cd-gke-eu-uporto-cd-node-p-a77057bb-grp"
            ],
            "location": "europe-west2",
            "managed_instance_group_urls": [
              "https://www.googleapis.com/compute/v1/projects/uporto-cd/zones/europe-west2-a/instanceGroups/gke-uporto-cd-gke-eu-uporto-cd-node-p-4bc69597-grp",
              "https://www.googleapis.com/compute/v1/projects/uporto-cd/zones/europe-west2-c/instanceGroups/gke-uporto-cd-gke-eu-uporto-cd-node-p-24cf056c-grp",
              "https://www.googleapis.com/compute/v1/projects/uporto-cd/zones/europe-west2-b/instanceGroups/gke-uporto-cd-gke-eu-uporto-cd-node-p-a77057bb-grp"
            ],
            "management": [
              {
                "auto_repair": true,
                "auto_upgrade": true
              }
            ],
            "max_pods_per_node": 110,
            "name": "uporto-cd-node-pool-europe-west2-hot",
            "name_prefix": "",
            "network_config": [
              {
                "create_pod_range": false,
                "enable_private_nodes": true,
                "pod_cidr_overprovision_config": [],
                "pod_ipv4_cidr_block": "10.101.0.0/16",
                "pod_range": "gke-uporto-cd-gke-europe-west2-pods-f0b90f9d"
              }
            ],
            "node_config": [
              {
                "advanced_machine_features": [],
                "boot_disk_kms_key": "",
                "confidential_nodes": [],
                "disk_size_gb": 50,
                "disk_type": "pd-standard",
                "ephemeral_storage_local_ssd_config": [],
                "fast_socket": [],
                "gcfs_config": [],
                "guest_accelerator": [],
                "gvnic": [],
                "host_maintenance_policy": [],
                "image_type": "COS_CONTAINERD",
                "kubelet_config": [
                  {
                    "cpu_cfs_quota": false,
                    "cpu_cfs_quota_period": "",
                    "cpu_manager_policy": "",
                    "pod_pids_limit": 0
                  }
                ],
                "labels": {
                  "app": "uporto-cd",
                  "cluster_type": "hot",
                  "region": "europe-west2"
                },
                "linux_node_config": [],
                "local_nvme_ssd_block_config": [],
                "local_ssd_count": 0,
                "logging_variant": "DEFAULT",
                "machine_type": "e2-standard-2",
                "metadata": {
                  "disable-legacy-endpoints": "true"
                },
                "min_cpu_platform": "",
                "node_group": "",
                "oauth_scopes": [
                  "https://www.googleapis.com/auth/cloud-platform"
                ],
                "preemptible": false,
                "reservation_affinity": [],
                "resource_labels": {
                  "goog-gke-node-pool-provisioning-model": "on-demand"
                },
                "service_account": "default",
                "shielded_instance_config": [
                  {
                    "enable_integrity_monitoring": true,
                    "enable_secure_boot": false
                  }
                ],
                "sole_tenant_config": [],
                "spot": false,
                "tags": [
                  "uporto-cd-node",
                  "gke-europe-west2",
                  "cluster-hot"
                ],
                "taint": [],
                "workload_metadata_config": [
                  {
                    "mode": "GKE_METADATA"
                  }
                ]
              }
            ],
            "node_count": 0,
            "node_locations": [
              "europe-west2-a",
              "europe-west2-b",
              "europe-west2-c"
            ],
            "operation": null,
            "placement_policy": [],
            "project": "uporto-cd",
            "timeouts": {
              "create": "45m",
              "delete": "30m",
              "update": "30m"
            },
            "upgrade_settings": [
              {
                "blue_green_settings": [],
                "max_surge": 2,
                "max_unavailable": 0,
                "strategy": "SURGE"
              }
            ],
            "version": "1.32.3-gke.1927009"
          },
          "sensitive_attributes": [],
          "private": "eyJlMmJmYjczMC1lY2FhLTExZTYtOGY4OC0zNDM2M2JjN2M0YzAiOnsiY3JlYXRlIjoyNzAwMDAwMDAwMDAwLCJkZWxldGUiOjE4MDAwMDAwMDAwMDAsInVwZGF0ZSI6MTgwMDAwMDAwMDAwMH0sInNjaGVtYV92ZXJzaW9uIjoiMSJ9",
          "dependencies": [
            "module.gke_hot.google_container_cluster.cluster",
            "module.gke_hot.google_project_service.compute_api",
            "module.gke_hot.google_project_service.container_api",
            "module.network.google_compute_firewall.allow_egress_to_admin",
            "module.network.google_compute_firewall.allow_from_admin",
            "module.network.google_compute_firewall.allow_internal",
            "module.network.google_compute_firewall.allow_internet_egress",
            "module.network.google_compute_firewall.block_inter_region",
            "module.network.google_compute_network.vpc",
            "module.network.google_compute_router.router",
            "module.network.google_compute_router_nat.nat",
            "module.network.google_compute_subnetwork.subnet"
          ]
        }
      ]
    },
    {
      "module": "module.gke_hot[\"europe-west2\"]",
      "mode": "managed",
      "type": "google_project_service",
      "name": "compute_api",
      "provider": "provider[\"registry.terraform.io/hashicorp/google\"]",
      "instances": [
        {
          "schema_version": 0,
          "attributes": {
            "disable_dependent_services": null,
            "disable_on_destroy": false,
            "id": "uporto-cd/compute.googleapis.com",
            "project": "uporto-cd",
            "service": "compute.googleapis.com",
            "timeouts": null
          },
          "sensitive_attributes": [],
          "private": "eyJlMmJmYjczMC1lY2FhLTExZTYtOGY4OC0zNDM2M2JjN2M0YzAiOnsiY3JlYXRlIjoxMjAwMDAwMDAwMDAwLCJkZWxldGUiOjEyMDAwMDAwMDAwMDAsInJlYWQiOjYwMDAwMDAwMDAwMCwidXBkYXRlIjoxMjAwMDAwMDAwMDAwfX0="
        }
      ]
    },
    {
      "module": "module.gke_hot[\"europe-west2\"]",
      "mode": "managed",
      "type": "google_project_service",
      "name": "container_api",
      "provider": "provider[\"registry.terraform.io/hashicorp/google\"]",
      "instances": [
        {
          "schema_version": 0,
          "attributes": {
            "disable_dependent_services": null,
            "disable_on_destroy": false,
            "id": "uporto-cd/container.googleapis.com",
            "project": "uporto-cd",
            "service": "container.googleapis.com",
            "timeouts": null
          },
          "sensitive_attributes": [],
          "private": "eyJlMmJmYjczMC1lY2FhLTExZTYtOGY4OC0zNDM2M2JjN2M0YzAiOnsiY3JlYXRlIjoxMjAwMDAwMDAwMDAwLCJkZWxldGUiOjEyMDAwMDAwMDAwMDAsInJlYWQiOjYwMDAwMDAwMDAwMCwidXBkYXRlIjoxMjAwMDAwMDAwMDAwfX0="
        }
      ]
    },
    {
      "module": "module.gke_hot[\"us-south1\"]",
      "mode": "managed",
      "type": "google_container_cluster",
      "name": "cluster",
      "provider": "provider[\"registry.terraform.io/hashicorp/google\"]",
      "instances": [
        {
          "schema_version": 1,
          "attributes": {
            "addons_config": [
              {
                "cloudrun_config": [],
                "config_connector_config": [],
                "dns_cache_config": [],
                "gce_persistent_disk_csi_driver_config": [
                  {
                    "enabled": true
                  }
                ],
                "gcp_filestore_csi_driver_config": [],
                "gcs_fuse_csi_driver_config": [
                  {
                    "enabled": true
                  }
                ],
                "gke_backup_agent_config": [],
                "horizontal_pod_autoscaling": [],
                "http_load_balancing": [
                  {
                    "disabled": false
                  }
                ],
                "network_policy_config": [
                  {
                    "disabled": false
                  }
                ]
              }
            ],
            "allow_net_admin": null,
            "authenticator_groups_config": [],
            "binary_authorization": [
              {
                "enabled": false,
                "evaluation_mode": "DISABLED"
              }
            ],
            "cluster_autoscaling": [
              {
                "auto_provisioning_defaults": [],
                "enabled": false,
                "resource_limits": []
              }
            ],
            "cluster_ipv4_cidr": "10.102.0.0/16",
            "confidential_nodes": [],
            "cost_management_config": [],
            "database_encryption": [
              {
                "key_name": "",
                "state": "DECRYPTED"
              }
            ],
            "datapath_provider": "",
            "default_max_pods_per_node": 110,
            "default_snat_status": [
              {
                "disabled": false
              }
            ],
            "description": "",
            "dns_config": [],
            "enable_autopilot": false,
            "enable_binary_authorization": false,
            "enable_intranode_visibility": false,
            "enable_k8s_beta_apis": [],
            "enable_kubernetes_alpha": false,
            "enable_l4_ilb_subsetting": false,
            "enable_legacy_abac": false,
            "enable_shielded_nodes": true,
            "enable_tpu": false,
            "endpoint": "172.16.2.2",
            "gateway_api_config": [],
            "id": "projects/uporto-cd/locations/us-south1/clusters/uporto-cd-gke-us-south1",
            "initial_node_count": 1,
            "ip_allocation_policy": [
              {
                "additional_pod_ranges_config": [],
                "cluster_ipv4_cidr_block": "10.102.0.0/16",
                "cluster_secondary_range_name": "gke-uporto-cd-gke-us-south1-pods-5414153e",
                "pod_cidr_overprovision_config": [
                  {
                    "disabled": false
                  }
                ],
                "services_ipv4_cidr_block": "10.202.0.0/16",
                "services_secondary_range_name": "gke-uporto-cd-gke-us-south1-services-5414153e",
                "stack_type": "IPV4"
              }
            ],
            "label_fingerprint": "4bf5e377",
            "location": "us-south1",
            "logging_config": [
              {
                "enable_components": [
                  "SYSTEM_COMPONENTS",
                  "WORKLOADS",
                  "APISERVER"
                ]
              }
            ],
            "logging_service": "logging.googleapis.com/kubernetes",
            "maintenance_policy": [],
            "master_auth": [
              {
                "client_certificate": "",
                "client_certificate_config": [
                  {
                    "issue_client_certificate": false
                  }
                ],
                "client_key": "",
                "cluster_ca_certificate": "LS0tLS1CRUdJTiBDRVJUSUZJQ0FURS0tLS0tCk1JSUVMVENDQXBXZ0F3SUJBZ0lSQUw0ejVuc2lkblBiL1JQdFltbGdWL0V3RFFZSktvWklodmNOQVFFTEJRQXcKTHpFdE1Dc0dBMVVFQXhNa05qbGhZMlprWlRrdFpUbGlZeTAwWW1NeUxXRXlZVGN0TWpNME0yRTBNRE0xT1dabQpNQ0FYRFRJMU1EVXlPREU0TWpFeE5sb1lEekl3TlRVd05USXhNVGt5TVRFMldqQXZNUzB3S3dZRFZRUURFeVEyCk9XRmpabVJsT1MxbE9XSmpMVFJpWXpJdFlUSmhOeTB5TXpRellUUXdNelU1Wm1Zd2dnR2lNQTBHQ1NxR1NJYjMKRFFFQkFRVUFBNElCandBd2dnR0tBb0lCZ1FDWWloNmZkWEtkRVBuNytpblI4WjQrWUlPUzlpK05KRERobkd1NgpSVmRqTG44Wm8wZXFXSk5lT3FVbHdEY09HUzliQnR4QUtkT2EyV1AwYmVmV1BNZW9CcUtLRjJVUXZQSG91MmsxCnVZaUd1dDZhL1g0ZnhkNnMza2R6cVFvSGNjbEMyUGpNZmlBaEZ0WFRrbWxJakZxMk5WTWgvUWEwRVRvVXFkL3QKZGQ4dkk5NXh4SWpKUGtwMW9wNDJzYkJYMzFjai9PMFhVMkxUakcyZzcvQk5ud2FHRjdCVDFOOTNOVjUzeXFxZwo1ZWRwK3RCL0VmUU0rQk9oUytwcjlJd2VCc2pHUEFCblBaRFcramJlWmVqUGJRbnR2aUZDSFpsTnRkTHliYkpXCkZySms3TWtTcWFiSGwrM2IxaC85YTcyMmtlRDRjd016eWVsOXptVys1NUNiMDF1NlViTXE2N1ZFY3ZoRGxQSE8KWGVjZndsNnc1QzRzS1VqTGo2MHRTRlBENmNyQlhXKzAraEJLcHdrcG9aSG14M09VaFZnV25Pb3ZHMkxCa2VOUgp4aDVSSmFhYjgxN1Q3R05OOERyTjBuUVlPbGMvNlJYRGo0ZHBRdWZSSW5XZkhRaE9UMjRPa2tHdHNsaC9FNkZ3CnMwWXJ1TjV3SjMwWElPSFFNTk5nRWlBemdFRUNBd0VBQWFOQ01FQXdEZ1lEVlIwUEFRSC9CQVFEQWdJRU1BOEcKQTFVZEV3RUIvd1FGTUFNQkFmOHdIUVlEVlIwT0JCWUVGRENRMEdub0lpTkpPclZGSytScDdIeUpRcW9ITUEwRwpDU3FHU0liM0RRRUJDd1VBQTRJQmdRQ1JLM3dsMHN5TlBEaloxcG1Wblo2Ti9QR2pJZUIxelROOVVhQlpMQXBiCkxoMXEyTXlFQkErMjdQTytNa2JzWks0NFVQUER6ZmJ4aU1ZengzaTBlU2pRNER4TTNTYVZma1hvMHBxUzlxUkkKb0NRbWpiNm44Vm52WjBZRnE0OU5xaUJUazRyYkhJVWdFNXNBenNVVmI0VXFOVnlnQjNTTEU4ellybVVNZkdMbwpqTk1VZlhjUExWNWZ2SUQ2MDR5aXdZM2F0dDdva0MwYzMwRFFNaHptdmZBOThxQUpsTE5lLzFGdUw3a25SU1dWCjBOajROYVE3ZEVwVDB0aHVSUElCM3lRYlpPaThRSTltSnZ6Ykw2L2pJTjRKTjlBSCtHcUpjcTZJcklkcWc1V0IKdkxZZHNMMWtTaFh5Q1dpZGovSmpxQk5rbm14OTFER1hseDZrV2RpWUdhNk8yamY2NndBMlRsTDBKUE9oMEFPUQpNKzRkMkt3K2c2b05xWTE1d3ZTSStvQXJuWGNrOTJ0UVRlTVBJRm5DZzFnbDJOdGI5Q1lPSk5mU0FCTVdwcFJmClhoRGxlTGt1UDBuMHIrblJWNzh5dm1pczdXbEtGaEdBWGpvNUZhcVY2ZkZIaE13ckk5L3ZHMEUrR0NzbGVJaXkKTHcyS3R2MnM3ZnJkdktaekphQUNtRjg9Ci0tLS0tRU5EIENFUlRJRklDQVRFLS0tLS0K"
              }
            ],
            "master_authorized_networks_config": [
              {
                "cidr_blocks": [
                  {
                    "cidr_block": "10.250.0.0/24",
                    "display_name": "Admin VM"
                  }
                ],
                "gcp_public_cidrs_access_enabled": false
              }
            ],
            "master_version": "1.32.3-gke.1927009",
            "mesh_certificates": [],
            "min_master_version": null,
            "monitoring_config": [
              {
                "advanced_datapath_observability_config": [
                  {
                    "enable_metrics": false,
                    "relay_mode": ""
                  }
                ],
                "enable_components": [
                  "SYSTEM_COMPONENTS",
                  "APISERVER",
                  "CONTROLLER_MANAGER",
                  "SCHEDULER"
                ],
                "managed_prometheus": [
                  {
                    "enabled": true
                  }
                ]
              }
            ],
            "monitoring_service": "monitoring.googleapis.com/kubernetes",
            "name": "uporto-cd-gke-us-south1",
            "network": "projects/uporto-cd/global/networks/uporto-cd-vpc-us-south1",
            "network_policy": [
              {
                "enabled": true,
                "provider": "CALICO"
              }
            ],
            "networking_mode": "VPC_NATIVE",
            "node_config": [
              {
                "advanced_machine_features": [],
                "boot_disk_kms_key": "",
                "confidential_nodes": [],
                "disk_size_gb": 50,
                "disk_type": "pd-standard",
                "ephemeral_storage_local_ssd_config": [],
                "fast_socket": [],
                "gcfs_config": [],
                "guest_accelerator": [],
                "gvnic": [],
                "host_maintenance_policy": [],
                "image_type": "COS_CONTAINERD",
                "kubelet_config": [
                  {
                    "cpu_cfs_quota": false,
                    "cpu_cfs_quota_period": "",
                    "cpu_manager_policy": "",
                    "pod_pids_limit": 0
                  }
                ],
                "labels": {
                  "app": "uporto-cd",
                  "cluster_type": "hot",
                  "region": "us-south1"
                },
                "linux_node_config": [],
                "local_nvme_ssd_block_config": [],
                "local_ssd_count": 0,
                "logging_variant": "DEFAULT",
                "machine_type": "e2-standard-2",
                "metadata": {
                  "disable-legacy-endpoints": "true"
                },
                "min_cpu_platform": "",
                "node_group": "",
                "oauth_scopes": [
                  "https://www.googleapis.com/auth/cloud-platform"
                ],
                "preemptible": false,
                "reservation_affinity": [],
                "resource_labels": {
                  "goog-gke-node-pool-provisioning-model": "on-demand"
                },
                "service_account": "default",
                "shielded_instance_config": [
                  {
                    "enable_integrity_monitoring": true,
                    "enable_secure_boot": false
                  }
                ],
                "sole_tenant_config": [],
                "spot": false,
                "tags": [
                  "uporto-cd-node",
                  "gke-us-south1",
                  "cluster-hot"
                ],
                "taint": [],
                "workload_metadata_config": [
                  {
                    "mode": "GKE_METADATA"
                  }
                ]
              }
            ],
            "node_locations": [
              "us-south1-a",
              "us-south1-b",
              "us-south1-c"
            ],
            "node_pool": [
              {
                "autoscaling": [
                  {
                    "location_policy": "ANY",
                    "max_node_count": 0,
                    "min_node_count": 0,
                    "total_max_node_count": 3,
                    "total_min_node_count": 2
                  }
                ],
                "initial_node_count": 1,
                "instance_group_urls": [
                  "https://www.googleapis.com/compute/v1/projects/uporto-cd/zones/us-south1-a/instanceGroupManagers/gke-uporto-cd-gke-us-uporto-cd-node-p-25da9de6-grp",
                  "https://www.googleapis.com/compute/v1/projects/uporto-cd/zones/us-south1-b/instanceGroupManagers/gke-uporto-cd-gke-us-uporto-cd-node-p-75597f87-grp",
                  "https://www.googleapis.com/compute/v1/projects/uporto-cd/zones/us-south1-c/instanceGroupManagers/gke-uporto-cd-gke-us-uporto-cd-node-p-7c1cbd5a-grp"
                ],
                "managed_instance_group_urls": [
                  "https://www.googleapis.com/compute/v1/projects/uporto-cd/zones/us-south1-a/instanceGroups/gke-uporto-cd-gke-us-uporto-cd-node-p-25da9de6-grp",
                  "https://www.googleapis.com/compute/v1/projects/uporto-cd/zones/us-south1-b/instanceGroups/gke-uporto-cd-gke-us-uporto-cd-node-p-75597f87-grp",
                  "https://www.googleapis.com/compute/v1/projects/uporto-cd/zones/us-south1-c/instanceGroups/gke-uporto-cd-gke-us-uporto-cd-node-p-7c1cbd5a-grp"
                ],
                "management": [
                  {
                    "auto_repair": true,
                    "auto_upgrade": true
                  }
                ],
                "max_pods_per_node": 110,
                "name": "uporto-cd-node-pool-us-south1-hot",
                "name_prefix": "",
                "network_config": [
                  {
                    "create_pod_range": false,
                    "enable_private_nodes": true,
                    "pod_cidr_overprovision_config": [],
                    "pod_ipv4_cidr_block": "10.102.0.0/16",
                    "pod_range": "gke-uporto-cd-gke-us-south1-pods-5414153e"
                  }
                ],
                "node_config": [
                  {
                    "advanced_machine_features": [],
                    "boot_disk_kms_key": "",
                    "confidential_nodes": [],
                    "disk_size_gb": 50,
                    "disk_type": "pd-standard",
                    "ephemeral_storage_local_ssd_config": [],
                    "fast_socket": [],
                    "gcfs_config": [],
                    "guest_accelerator": [],
                    "gvnic": [],
                    "host_maintenance_policy": [],
                    "image_type": "COS_CONTAINERD",
                    "kubelet_config": [
                      {
                        "cpu_cfs_quota": false,
                        "cpu_cfs_quota_period": "",
                        "cpu_manager_policy": "",
                        "pod_pids_limit": 0
                      }
                    ],
                    "labels": {
                      "app": "uporto-cd",
                      "cluster_type": "hot",
                      "region": "us-south1"
                    },
                    "linux_node_config": [],
                    "local_nvme_ssd_block_config": [],
                    "local_ssd_count": 0,
                    "logging_variant": "DEFAULT",
                    "machine_type": "e2-standard-2",
                    "metadata": {
                      "disable-legacy-endpoints": "true"
                    },
                    "min_cpu_platform": "",
                    "node_group": "",
                    "oauth_scopes": [
                      "https://www.googleapis.com/auth/cloud-platform"
                    ],
                    "preemptible": false,
                    "reservation_affinity": [],
                    "resource_labels": {
                      "goog-gke-node-pool-provisioning-model": "on-demand"
                    },
                    "service_account": "default",
                    "shielded_instance_config": [
                      {
                        "enable_integrity_monitoring": true,
                        "enable_secure_boot": false
                      }
                    ],
                    "sole_tenant_config": [],
                    "spot": false,
                    "tags": [
                      "uporto-cd-node",
                      "gke-us-south1",
                      "cluster-hot"
                    ],
                    "taint": [],
                    "workload_metadata_config": [
                      {
                        "mode": "GKE_METADATA"
                      }
                    ]
                  }
                ],
                "node_count": 0,
                "node_locations": [
                  "us-south1-a",
                  "us-south1-b",
                  "us-south1-c"
                ],
                "placement_policy": [],
                "upgrade_settings": [
                  {
                    "blue_green_settings": [],
                    "max_surge": 2,
                    "max_unavailable": 0,
                    "strategy": "SURGE"
                  }
                ],
                "version": "1.32.3-gke.1927009"
              }
            ],
            "node_pool_auto_config": [
              {
                "network_tags": []
              }
            ],
            "node_pool_defaults": [
              {
                "node_config_defaults": [
                  {
                    "logging_variant": "DEFAULT"
                  }
                ]
              }
            ],
            "node_version": "1.32.3-gke.1927009",
            "notification_config": [
              {
                "pubsub": [
                  {
                    "enabled": false,
                    "filter": [],
                    "topic": ""
                  }
                ]
              }
            ],
            "operation": null,
            "private_cluster_config": [
              {
                "enable_private_endpoint": true,
                "enable_private_nodes": true,
                "master_global_access_config": [
                  {
                    "enabled": false
                  }
                ],
                "master_ipv4_cidr_block": "172.16.2.0/28",
                "peering_name": "",
                "private_endpoint": "172.16.2.2",
                "private_endpoint_subnetwork": "",
                "public_endpoint": "34.174.192.99"
              }
            ],
            "private_ipv6_google_access": "",
            "project": "uporto-cd",
            "release_channel": [
              {
                "channel": "REGULAR"
              }
            ],
            "remove_default_node_pool": true,
            "resource_labels": {
              "cluster_type": "hot",
              "environment": "production",
              "region": "us-south1"
            },
            "resource_usage_export_config": [],
            "security_posture_config": [
              {
                "mode": "BASIC",
                "vulnerability_mode": "VULNERABILITY_MODE_UNSPECIFIED"
              }
            ],
            "self_link": "https://container.googleapis.com/v1/projects/uporto-cd/locations/us-south1/clusters/uporto-cd-gke-us-south1",
            "service_external_ips_config": [
              {
                "enabled": false
              }
            ],
            "services_ipv4_cidr": "10.202.0.0/16",
            "subnetwork": "projects/uporto-cd/regions/us-south1/subnetworks/uporto-cd-subnet-us-south1",
            "timeouts": null,
            "tpu_ipv4_cidr_block": "",
            "vertical_pod_autoscaling": [],
            "workload_identity_config": [
              {
                "workload_pool": "uporto-cd.svc.id.goog"
              }
            ]
          },
          "sensitive_attributes": [
            [
              {
                "type": "get_attr",
                "value": "master_auth"
              },
              {
                "type": "index",
                "value": {
                  "value": 0,
                  "type": "number"
                }
              },
              {
                "type": "get_attr",
                "value": "client_key"
              }
            ]
          ],
          "private": "eyJlMmJmYjczMC1lY2FhLTExZTYtOGY4OC0zNDM2M2JjN2M0YzAiOnsiY3JlYXRlIjoyNDAwMDAwMDAwMDAwLCJkZWxldGUiOjI0MDAwMDAwMDAwMDAsInJlYWQiOjI0MDAwMDAwMDAwMDAsInVwZGF0ZSI6MzYwMDAwMDAwMDAwMH0sInNjaGVtYV92ZXJzaW9uIjoiMSJ9",
          "dependencies": [
            "module.gke_hot.google_project_service.compute_api",
            "module.gke_hot.google_project_service.container_api",
            "module.network.google_compute_firewall.allow_egress_to_admin",
            "module.network.google_compute_firewall.allow_from_admin",
            "module.network.google_compute_firewall.allow_internal",
            "module.network.google_compute_firewall.allow_internet_egress",
            "module.network.google_compute_firewall.block_inter_region",
            "module.network.google_compute_network.vpc",
            "module.network.google_compute_router.router",
            "module.network.google_compute_router_nat.nat",
            "module.network.google_compute_subnetwork.subnet"
          ]
        }
      ]
    },
    {
      "module": "module.gke_hot[\"us-south1\"]",
      "mode": "managed",
      "type": "google_container_node_pool",
      "name": "primary",
      "provider": "provider[\"registry.terraform.io/hashicorp/google\"]",
      "instances": [
        {
          "schema_version": 1,
          "attributes": {
            "autoscaling": [
              {
                "location_policy": "ANY",
                "max_node_count": 0,
                "min_node_count": 0,
                "total_max_node_count": 3,
                "total_min_node_count": 2
              }
            ],
            "cluster": "projects/uporto-cd/locations/us-south1/clusters/uporto-cd-gke-us-south1",
            "id": "projects/uporto-cd/locations/us-south1/clusters/uporto-cd-gke-us-south1/nodePools/uporto-cd-node-pool-us-south1-hot",
            "initial_node_count": 1,
            "instance_group_urls": [
              "https://www.googleapis.com/compute/v1/projects/uporto-cd/zones/us-south1-a/instanceGroupManagers/gke-uporto-cd-gke-us-uporto-cd-node-p-25da9de6-grp",
              "https://www.googleapis.com/compute/v1/projects/uporto-cd/zones/us-south1-b/instanceGroupManagers/gke-uporto-cd-gke-us-uporto-cd-node-p-75597f87-grp",
              "https://www.googleapis.com/compute/v1/projects/uporto-cd/zones/us-south1-c/instanceGroupManagers/gke-uporto-cd-gke-us-uporto-cd-node-p-7c1cbd5a-grp"
            ],
            "location": "us-south1",
            "managed_instance_group_urls": [
              "https://www.googleapis.com/compute/v1/projects/uporto-cd/zones/us-south1-a/instanceGroups/gke-uporto-cd-gke-us-uporto-cd-node-p-25da9de6-grp",
              "https://www.googleapis.com/compute/v1/projects/uporto-cd/zones/us-south1-b/instanceGroups/gke-uporto-cd-gke-us-uporto-cd-node-p-75597f87-grp",
              "https://www.googleapis.com/compute/v1/projects/uporto-cd/zones/us-south1-c/instanceGroups/gke-uporto-cd-gke-us-uporto-cd-node-p-7c1cbd5a-grp"
            ],
            "management": [
              {
                "auto_repair": true,
                "auto_upgrade": true
              }
            ],
            "max_pods_per_node": 110,
            "name": "uporto-cd-node-pool-us-south1-hot",
            "name_prefix": "",
            "network_config": [
              {
                "create_pod_range": false,
                "enable_private_nodes": true,
                "pod_cidr_overprovision_config": [],
                "pod_ipv4_cidr_block": "10.102.0.0/16",
                "pod_range": "gke-uporto-cd-gke-us-south1-pods-5414153e"
              }
            ],
            "node_config": [
              {
                "advanced_machine_features": [],
                "boot_disk_kms_key": "",
                "confidential_nodes": [],
                "disk_size_gb": 50,
                "disk_type": "pd-standard",
                "ephemeral_storage_local_ssd_config": [],
                "fast_socket": [],
                "gcfs_config": [],
                "guest_accelerator": [],
                "gvnic": [],
                "host_maintenance_policy": [],
                "image_type": "COS_CONTAINERD",
                "kubelet_config": [
                  {
                    "cpu_cfs_quota": false,
                    "cpu_cfs_quota_period": "",
                    "cpu_manager_policy": "",
                    "pod_pids_limit": 0
                  }
                ],
                "labels": {
                  "app": "uporto-cd",
                  "cluster_type": "hot",
                  "region": "us-south1"
                },
                "linux_node_config": [],
                "local_nvme_ssd_block_config": [],
                "local_ssd_count": 0,
                "logging_variant": "DEFAULT",
                "machine_type": "e2-standard-2",
                "metadata": {
                  "disable-legacy-endpoints": "true"
                },
                "min_cpu_platform": "",
                "node_group": "",
                "oauth_scopes": [
                  "https://www.googleapis.com/auth/cloud-platform"
                ],
                "preemptible": false,
                "reservation_affinity": [],
                "resource_labels": {
                  "goog-gke-node-pool-provisioning-model": "on-demand"
                },
                "service_account": "default",
                "shielded_instance_config": [
                  {
                    "enable_integrity_monitoring": true,
                    "enable_secure_boot": false
                  }
                ],
                "sole_tenant_config": [],
                "spot": false,
                "tags": [
                  "uporto-cd-node",
                  "gke-us-south1",
                  "cluster-hot"
                ],
                "taint": [],
                "workload_metadata_config": [
                  {
                    "mode": "GKE_METADATA"
                  }
                ]
              }
            ],
            "node_count": 0,
            "node_locations": [
              "us-south1-a",
              "us-south1-b",
              "us-south1-c"
            ],
            "operation": null,
            "placement_policy": [],
            "project": "uporto-cd",
            "timeouts": {
              "create": "45m",
              "delete": "30m",
              "update": "30m"
            },
            "upgrade_settings": [
              {
                "blue_green_settings": [],
                "max_surge": 2,
                "max_unavailable": 0,
                "strategy": "SURGE"
              }
            ],
            "version": "1.32.3-gke.1927009"
          },
          "sensitive_attributes": [],
          "private": "eyJlMmJmYjczMC1lY2FhLTExZTYtOGY4OC0zNDM2M2JjN2M0YzAiOnsiY3JlYXRlIjoyNzAwMDAwMDAwMDAwLCJkZWxldGUiOjE4MDAwMDAwMDAwMDAsInVwZGF0ZSI6MTgwMDAwMDAwMDAwMH0sInNjaGVtYV92ZXJzaW9uIjoiMSJ9",
          "dependencies": [
            "module.gke_hot.google_container_cluster.cluster",
            "module.gke_hot.google_project_service.compute_api",
            "module.gke_hot.google_project_service.container_api",
            "module.network.google_compute_firewall.allow_egress_to_admin",
            "module.network.google_compute_firewall.allow_from_admin",
            "module.network.google_compute_firewall.allow_internal",
            "module.network.google_compute_firewall.allow_internet_egress",
            "module.network.google_compute_firewall.block_inter_region",
            "module.network.google_compute_network.vpc",
            "module.network.google_compute_router.router",
            "module.network.google_compute_router_nat.nat",
            "module.network.google_compute_subnetwork.subnet"
          ]
        }
      ]
    },
    {
      "module": "module.gke_hot[\"us-south1\"]",
      "mode": "managed",
      "type": "google_project_service",
      "name": "compute_api",
      "provider": "provider[\"registry.terraform.io/hashicorp/google\"]",
      "instances": [
        {
          "schema_version": 0,
          "attributes": {
            "disable_dependent_services": null,
            "disable_on_destroy": false,
            "id": "uporto-cd/compute.googleapis.com",
            "project": "uporto-cd",
            "service": "compute.googleapis.com",
            "timeouts": null
          },
          "sensitive_attributes": [],
          "private": "eyJlMmJmYjczMC1lY2FhLTExZTYtOGY4OC0zNDM2M2JjN2M0YzAiOnsiY3JlYXRlIjoxMjAwMDAwMDAwMDAwLCJkZWxldGUiOjEyMDAwMDAwMDAwMDAsInJlYWQiOjYwMDAwMDAwMDAwMCwidXBkYXRlIjoxMjAwMDAwMDAwMDAwfX0="
        }
      ]
    },
    {
      "module": "module.gke_hot[\"us-south1\"]",
      "mode": "managed",
      "type": "google_project_service",
      "name": "container_api",
      "provider": "provider[\"registry.terraform.io/hashicorp/google\"]",
      "instances": [
        {
          "schema_version": 0,
          "attributes": {
            "disable_dependent_services": null,
            "disable_on_destroy": false,
            "id": "uporto-cd/container.googleapis.com",
            "project": "uporto-cd",
            "service": "container.googleapis.com",
            "timeouts": null
          },
          "sensitive_attributes": [],
          "private": "eyJlMmJmYjczMC1lY2FhLTExZTYtOGY4OC0zNDM2M2JjN2M0YzAiOnsiY3JlYXRlIjoxMjAwMDAwMDAwMDAwLCJkZWxldGUiOjEyMDAwMDAwMDAwMDAsInJlYWQiOjYwMDAwMDAwMDAwMCwidXBkYXRlIjoxMjAwMDAwMDAwMDAwfX0="
        }
      ]
    },
    {
      "module": "module.loadbalancer",
      "mode": "managed",
      "type": "google_dns_managed_zone",
      "name": "default",
      "provider": "provider[\"registry.terraform.io/hashicorp/google\"]",
      "instances": [
        {
          "index_key": 0,
          "schema_version": 0,
          "attributes": {
            "cloud_logging_config": [
              {
                "enable_logging": false
              }
            ],
            "creation_time": "2025-05-28T19:19:34.458Z",
            "description": "DNS zone for uporto-cd",
            "dns_name": "adm-cdn.pt.",
            "dnssec_config": [
              {
                "default_key_specs": [
                  {
                    "algorithm": "rsasha256",
                    "key_length": 2048,
                    "key_type": "keySigning",
                    "kind": "dns#dnsKeySpec"
                  },
                  {
                    "algorithm": "rsasha256",
                    "key_length": 1024,
                    "key_type": "zoneSigning",
                    "kind": "dns#dnsKeySpec"
                  }
                ],
                "kind": "dns#managedZoneDnsSecConfig",
                "non_existence": "nsec3",
                "state": "on"
              }
            ],
            "force_destroy": false,
            "forwarding_config": [],
            "id": "projects/uporto-cd/managedZones/uporto-cd-zone",
            "labels": {},
            "managed_zone_id": 7741594766823891808,
            "name": "uporto-cd-zone",
            "name_servers": [
              "ns-cloud-a1.googledomains.com.",
              "ns-cloud-a2.googledomains.com.",
              "ns-cloud-a3.googledomains.com.",
              "ns-cloud-a4.googledomains.com."
            ],
            "peering_config": [],
            "private_visibility_config": [],
            "project": "uporto-cd",
            "timeouts": null,
            "visibility": "public"
          },
          "sensitive_attributes": [],
          "private": "eyJlMmJmYjczMC1lY2FhLTExZTYtOGY4OC0zNDM2M2JjN2M0YzAiOnsiY3JlYXRlIjoxMjAwMDAwMDAwMDAwLCJkZWxldGUiOjEyMDAwMDAwMDAwMDAsInVwZGF0ZSI6MTIwMDAwMDAwMDAwMH19",
          "dependencies": [
            "module.loadbalancer.google_project_service.dns_api"
          ]
        }
      ]
    },
    {
      "module": "module.loadbalancer",
      "mode": "managed",
      "type": "google_project_service",
      "name": "dns_api",
      "provider": "provider[\"registry.terraform.io/hashicorp/google\"]",
      "instances": [
        {
          "schema_version": 0,
          "attributes": {
            "disable_dependent_services": null,
            "disable_on_destroy": false,
            "id": "uporto-cd/dns.googleapis.com",
            "project": "uporto-cd",
            "service": "dns.googleapis.com",
            "timeouts": null
          },
          "sensitive_attributes": [],
          "private": "eyJlMmJmYjczMC1lY2FhLTExZTYtOGY4OC0zNDM2M2JjN2M0YzAiOnsiY3JlYXRlIjoxMjAwMDAwMDAwMDAwLCJkZWxldGUiOjEyMDAwMDAwMDAwMDAsInJlYWQiOjYwMDAwMDAwMDAwMCwidXBkYXRlIjoxMjAwMDAwMDAwMDAwfX0="
        }
      ]
    },
    {
      "module": "module.network[\"asia-southeast1\"]",
      "mode": "managed",
      "type": "google_compute_firewall",
      "name": "allow_egress_to_admin",
      "provider": "provider[\"registry.terraform.io/hashicorp/google\"]",
      "instances": [
        {
          "schema_version": 1,
          "attributes": {
            "allow": [
              {
                "ports": [],
                "protocol": "tcp"
              }
            ],
            "creation_timestamp": "2025-05-28T12:20:05.218-07:00",
            "deny": [],
            "description": "",
            "destination_ranges": [
              "10.250.0.0/24"
            ],
            "direction": "EGRESS",
            "disabled": false,
            "enable_logging": null,
            "id": "projects/uporto-cd/global/firewalls/uporto-cd-allow-egress-to-admin-asia-southeast1",
            "log_config": [],
            "name": "uporto-cd-allow-egress-to-admin-asia-southeast1",
            "network": "https://www.googleapis.com/compute/v1/projects/uporto-cd/global/networks/uporto-cd-vpc-asia-southeast1",
            "priority": 1000,
            "project": "uporto-cd",
            "self_link": "https://www.googleapis.com/compute/v1/projects/uporto-cd/global/firewalls/uporto-cd-allow-egress-to-admin-asia-southeast1",
            "source_ranges": [],
            "source_service_accounts": [],
            "source_tags": [],
            "target_service_accounts": [],
            "target_tags": [],
            "timeouts": null
          },
          "sensitive_attributes": [],
          "private": "eyJlMmJmYjczMC1lY2FhLTExZTYtOGY4OC0zNDM2M2JjN2M0YzAiOnsiY3JlYXRlIjoxMjAwMDAwMDAwMDAwLCJkZWxldGUiOjEyMDAwMDAwMDAwMDAsInVwZGF0ZSI6MTIwMDAwMDAwMDAwMH0sInNjaGVtYV92ZXJzaW9uIjoiMSJ9",
          "dependencies": [
            "module.network.google_compute_network.vpc"
          ]
        }
      ]
    },
    {
      "module": "module.network[\"asia-southeast1\"]",
      "mode": "managed",
      "type": "google_compute_firewall",
      "name": "allow_from_admin",
      "provider": "provider[\"registry.terraform.io/hashicorp/google\"]",
      "instances": [
        {
          "schema_version": 1,
          "attributes": {
            "allow": [
              {
                "ports": [],
                "protocol": "all"
              }
            ],
            "creation_timestamp": "2025-05-28T12:20:11.501-07:00",
            "deny": [],
            "description": "",
            "destination_ranges": [],
            "direction": "INGRESS",
            "disabled": false,
            "enable_logging": null,
            "id": "projects/uporto-cd/global/firewalls/uporto-cd-allow-from-admin-asia-southeast1",
            "log_config": [],
            "name": "uporto-cd-allow-from-admin-asia-southeast1",
            "network": "https://www.googleapis.com/compute/v1/projects/uporto-cd/global/networks/uporto-cd-vpc-asia-southeast1",
            "priority": 1000,
            "project": "uporto-cd",
            "self_link": "https://www.googleapis.com/compute/v1/projects/uporto-cd/global/firewalls/uporto-cd-allow-from-admin-asia-southeast1",
            "source_ranges": [
              "10.250.0.0/24"
            ],
            "source_service_accounts": [],
            "source_tags": [],
            "target_service_accounts": [],
            "target_tags": [],
            "timeouts": null
          },
          "sensitive_attributes": [],
          "private": "eyJlMmJmYjczMC1lY2FhLTExZTYtOGY4OC0zNDM2M2JjN2M0YzAiOnsiY3JlYXRlIjoxMjAwMDAwMDAwMDAwLCJkZWxldGUiOjEyMDAwMDAwMDAwMDAsInVwZGF0ZSI6MTIwMDAwMDAwMDAwMH0sInNjaGVtYV92ZXJzaW9uIjoiMSJ9",
          "dependencies": [
            "module.network.google_compute_network.vpc"
          ]
        }
      ]
    },
    {
      "module": "module.network[\"asia-southeast1\"]",
      "mode": "managed",
      "type": "google_compute_firewall",
      "name": "allow_internal",
      "provider": "provider[\"registry.terraform.io/hashicorp/google\"]",
      "instances": [
        {
          "schema_version": 1,
          "attributes": {
            "allow": [
              {
                "ports": [],
                "protocol": "all"
              }
            ],
            "creation_timestamp": "2025-05-28T12:20:43.154-07:00",
            "deny": [],
            "description": "",
            "destination_ranges": [],
            "direction": "INGRESS",
            "disabled": false,
            "enable_logging": null,
            "id": "projects/uporto-cd/global/firewalls/uporto-cd-allow-internal-asia-southeast1",
            "log_config": [],
            "name": "uporto-cd-allow-internal-asia-southeast1",
            "network": "https://www.googleapis.com/compute/v1/projects/uporto-cd/global/networks/uporto-cd-vpc-asia-southeast1",
            "priority": 1000,
            "project": "uporto-cd",
            "self_link": "https://www.googleapis.com/compute/v1/projects/uporto-cd/global/firewalls/uporto-cd-allow-internal-asia-southeast1",
            "source_ranges": [
              "10.3.0.0/20"
            ],
            "source_service_accounts": [],
            "source_tags": [],
            "target_service_accounts": [],
            "target_tags": [],
            "timeouts": null
          },
          "sensitive_attributes": [],
          "private": "eyJlMmJmYjczMC1lY2FhLTExZTYtOGY4OC0zNDM2M2JjN2M0YzAiOnsiY3JlYXRlIjoxMjAwMDAwMDAwMDAwLCJkZWxldGUiOjEyMDAwMDAwMDAwMDAsInVwZGF0ZSI6MTIwMDAwMDAwMDAwMH0sInNjaGVtYV92ZXJzaW9uIjoiMSJ9",
          "dependencies": [
            "module.network.google_compute_network.vpc",
            "module.network.google_compute_subnetwork.subnet"
          ]
        }
      ]
    },
    {
      "module": "module.network[\"asia-southeast1\"]",
      "mode": "managed",
      "type": "google_compute_firewall",
      "name": "allow_internet_egress",
      "provider": "provider[\"registry.terraform.io/hashicorp/google\"]",
      "instances": [
        {
          "schema_version": 1,
          "attributes": {
            "allow": [
              {
                "ports": [
                  "443",
                  "80"
                ],
                "protocol": "tcp"
              }
            ],
            "creation_timestamp": "2025-05-28T12:20:21.065-07:00",
            "deny": [],
            "description": "",
            "destination_ranges": [
              "0.0.0.0/0"
            ],
            "direction": "EGRESS",
            "disabled": false,
            "enable_logging": null,
            "id": "projects/uporto-cd/global/firewalls/uporto-cd-allow-internet-egress-asia-southeast1",
            "log_config": [],
            "name": "uporto-cd-allow-internet-egress-asia-southeast1",
            "network": "https://www.googleapis.com/compute/v1/projects/uporto-cd/global/networks/uporto-cd-vpc-asia-southeast1",
            "priority": 1000,
            "project": "uporto-cd",
            "self_link": "https://www.googleapis.com/compute/v1/projects/uporto-cd/global/firewalls/uporto-cd-allow-internet-egress-asia-southeast1",
            "source_ranges": [],
            "source_service_accounts": [],
            "source_tags": [],
            "target_service_accounts": [],
            "target_tags": [],
            "timeouts": null
          },
          "sensitive_attributes": [],
          "private": "eyJlMmJmYjczMC1lY2FhLTExZTYtOGY4OC0zNDM2M2JjN2M0YzAiOnsiY3JlYXRlIjoxMjAwMDAwMDAwMDAwLCJkZWxldGUiOjEyMDAwMDAwMDAwMDAsInVwZGF0ZSI6MTIwMDAwMDAwMDAwMH0sInNjaGVtYV92ZXJzaW9uIjoiMSJ9",
          "dependencies": [
            "module.network.google_compute_network.vpc"
          ]
        }
      ]
    },
    {
      "module": "module.network[\"asia-southeast1\"]",
      "mode": "managed",
      "type": "google_compute_firewall",
      "name": "block_inter_region",
      "provider": "provider[\"registry.terraform.io/hashicorp/google\"]",
      "instances": [
        {
          "schema_version": 1,
          "attributes": {
            "allow": [],
            "creation_timestamp": "2025-05-28T12:20:47.665-07:00",
            "deny": [
              {
                "ports": [],
                "protocol": "all"
              }
            ],
            "description": "",
            "destination_ranges": [
              "10.3.0.0/20"
            ],
            "direction": "INGRESS",
            "disabled": false,
            "enable_logging": null,
            "id": "projects/uporto-cd/global/firewalls/uporto-cd-block-inter-region-asia-southeast1",
            "log_config": [],
            "name": "uporto-cd-block-inter-region-asia-southeast1",
            "network": "https://www.googleapis.com/compute/v1/projects/uporto-cd/global/networks/uporto-cd-vpc-asia-southeast1",
            "priority": 2000,
            "project": "uporto-cd",
            "self_link": "https://www.googleapis.com/compute/v1/projects/uporto-cd/global/firewalls/uporto-cd-block-inter-region-asia-southeast1",
            "source_ranges": [
              "10.1.0.0/20",
              "10.2.0.0/20"
            ],
            "source_service_accounts": [],
            "source_tags": [],
            "target_service_accounts": [],
            "target_tags": [],
            "timeouts": null
          },
          "sensitive_attributes": [],
          "private": "eyJlMmJmYjczMC1lY2FhLTExZTYtOGY4OC0zNDM2M2JjN2M0YzAiOnsiY3JlYXRlIjoxMjAwMDAwMDAwMDAwLCJkZWxldGUiOjEyMDAwMDAwMDAwMDAsInVwZGF0ZSI6MTIwMDAwMDAwMDAwMH0sInNjaGVtYV92ZXJzaW9uIjoiMSJ9",
          "dependencies": [
            "module.network.google_compute_network.vpc",
            "module.network.google_compute_subnetwork.subnet"
          ]
        }
      ]
    },
    {
      "module": "module.network[\"asia-southeast1\"]",
      "mode": "managed",
      "type": "google_compute_network",
      "name": "vpc",
      "provider": "provider[\"registry.terraform.io/hashicorp/google\"]",
      "instances": [
        {
          "schema_version": 0,
          "attributes": {
            "auto_create_subnetworks": false,
            "delete_default_routes_on_create": false,
            "description": "VPC network for uporto-cd in asia-southeast1",
            "enable_ula_internal_ipv6": false,
            "gateway_ipv4": "",
            "id": "projects/uporto-cd/global/networks/uporto-cd-vpc-asia-southeast1",
            "internal_ipv6_range": "",
            "mtu": 0,
            "name": "uporto-cd-vpc-asia-southeast1",
            "network_firewall_policy_enforcement_order": "AFTER_CLASSIC_FIREWALL",
            "project": "uporto-cd",
            "routing_mode": "REGIONAL",
            "self_link": "https://www.googleapis.com/compute/v1/projects/uporto-cd/global/networks/uporto-cd-vpc-asia-southeast1",
            "timeouts": null
          },
          "sensitive_attributes": [],
          "private": "eyJlMmJmYjczMC1lY2FhLTExZTYtOGY4OC0zNDM2M2JjN2M0YzAiOnsiY3JlYXRlIjoxMjAwMDAwMDAwMDAwLCJkZWxldGUiOjEyMDAwMDAwMDAwMDAsInVwZGF0ZSI6MTIwMDAwMDAwMDAwMH19"
        }
      ]
    },
    {
      "module": "module.network[\"asia-southeast1\"]",
      "mode": "managed",
      "type": "google_compute_router",
      "name": "router",
      "provider": "provider[\"registry.terraform.io/hashicorp/google\"]",
      "instances": [
        {
          "schema_version": 0,
          "attributes": {
            "bgp": [],
            "creation_timestamp": "2025-05-28T12:20:24.303-07:00",
            "description": "",
            "encrypted_interconnect_router": false,
            "id": "projects/uporto-cd/regions/asia-southeast1/routers/uporto-cd-router-asia-southeast1",
            "name": "uporto-cd-router-asia-southeast1",
            "network": "https://www.googleapis.com/compute/v1/projects/uporto-cd/global/networks/uporto-cd-vpc-asia-southeast1",
            "project": "uporto-cd",
            "region": "asia-southeast1",
            "self_link": "https://www.googleapis.com/compute/v1/projects/uporto-cd/regions/asia-southeast1/routers/uporto-cd-router-asia-southeast1",
            "timeouts": null
          },
          "sensitive_attributes": [],
          "private": "eyJlMmJmYjczMC1lY2FhLTExZTYtOGY4OC0zNDM2M2JjN2M0YzAiOnsiY3JlYXRlIjoxMjAwMDAwMDAwMDAwLCJkZWxldGUiOjEyMDAwMDAwMDAwMDAsInVwZGF0ZSI6MTIwMDAwMDAwMDAwMH19",
          "dependencies": [
            "module.network.google_compute_network.vpc"
          ]
        }
      ]
    },
    {
      "module": "module.network[\"asia-southeast1\"]",
      "mode": "managed",
      "type": "google_compute_router_nat",
      "name": "nat",
      "provider": "provider[\"registry.terraform.io/hashicorp/google\"]",
      "instances": [
        {
          "schema_version": 0,
          "attributes": {
            "drain_nat_ips": [],
            "enable_dynamic_port_allocation": false,
            "enable_endpoint_independent_mapping": true,
            "icmp_idle_timeout_sec": 30,
            "id": "uporto-cd/asia-southeast1/uporto-cd-router-asia-southeast1/uporto-cd-nat-asia-southeast1",
            "log_config": [
              {
                "enable": true,
                "filter": "ERRORS_ONLY"
              }
            ],
            "max_ports_per_vm": 0,
            "min_ports_per_vm": 0,
            "name": "uporto-cd-nat-asia-southeast1",
            "nat_ip_allocate_option": "AUTO_ONLY",
            "nat_ips": [],
            "project": "uporto-cd",
            "region": "asia-southeast1",
            "router": "uporto-cd-router-asia-southeast1",
            "rules": [],
            "source_subnetwork_ip_ranges_to_nat": "ALL_SUBNETWORKS_ALL_IP_RANGES",
            "subnetwork": [],
            "tcp_established_idle_timeout_sec": 1200,
            "tcp_time_wait_timeout_sec": 120,
            "tcp_transitory_idle_timeout_sec": 30,
            "timeouts": null,
            "udp_idle_timeout_sec": 30
          },
          "sensitive_attributes": [],
          "private": "eyJlMmJmYjczMC1lY2FhLTExZTYtOGY4OC0zNDM2M2JjN2M0YzAiOnsiY3JlYXRlIjoxMjAwMDAwMDAwMDAwLCJkZWxldGUiOjEyMDAwMDAwMDAwMDAsInVwZGF0ZSI6MTIwMDAwMDAwMDAwMH19",
          "dependencies": [
            "module.network.google_compute_network.vpc",
            "module.network.google_compute_router.router"
          ]
        }
      ]
    },
    {
      "module": "module.network[\"asia-southeast1\"]",
      "mode": "managed",
      "type": "google_compute_subnetwork",
      "name": "subnet",
      "provider": "provider[\"registry.terraform.io/hashicorp/google\"]",
      "instances": [
        {
          "schema_version": 0,
          "attributes": {
            "creation_timestamp": "2025-05-28T12:20:13.118-07:00",
            "description": "Subnet for uporto-cd in asia-southeast1",
            "external_ipv6_prefix": "",
            "fingerprint": null,
            "gateway_address": "10.3.0.1",
            "id": "projects/uporto-cd/regions/asia-southeast1/subnetworks/uporto-cd-subnet-asia-southeast1",
            "internal_ipv6_prefix": "",
            "ip_cidr_range": "10.3.0.0/20",
            "ipv6_access_type": "",
            "ipv6_cidr_range": "",
            "log_config": [
              {
                "aggregation_interval": "INTERVAL_5_SEC",
                "filter_expr": "true",
                "flow_sampling": 0.5,
                "metadata": "INCLUDE_ALL_METADATA",
                "metadata_fields": []
              }
            ],
            "name": "uporto-cd-subnet-asia-southeast1",
            "network": "https://www.googleapis.com/compute/v1/projects/uporto-cd/global/networks/uporto-cd-vpc-asia-southeast1",
            "private_ip_google_access": true,
            "private_ipv6_google_access": "DISABLE_GOOGLE_ACCESS",
            "project": "uporto-cd",
            "purpose": "PRIVATE",
            "region": "asia-southeast1",
            "role": "",
            "secondary_ip_range": [
              {
                "ip_cidr_range": "10.103.0.0/16",
                "range_name": "gke-uporto-cd-gke-asia-southeast1-pods-fba18a73"
              },
              {
                "ip_cidr_range": "10.203.0.0/16",
                "range_name": "gke-uporto-cd-gke-asia-southeast1-services-fba18a73"
              }
            ],
            "self_link": "https://www.googleapis.com/compute/v1/projects/uporto-cd/regions/asia-southeast1/subnetworks/uporto-cd-subnet-asia-southeast1",
            "stack_type": "IPV4_ONLY",
            "timeouts": null
          },
          "sensitive_attributes": [],
          "private": "eyJlMmJmYjczMC1lY2FhLTExZTYtOGY4OC0zNDM2M2JjN2M0YzAiOnsiY3JlYXRlIjoxMjAwMDAwMDAwMDAwLCJkZWxldGUiOjEyMDAwMDAwMDAwMDAsInVwZGF0ZSI6MTIwMDAwMDAwMDAwMH19",
          "dependencies": [
            "module.network.google_compute_network.vpc"
          ]
        }
      ]
    },
    {
      "module": "module.network[\"europe-west2\"]",
      "mode": "managed",
      "type": "google_compute_firewall",
      "name": "allow_egress_to_admin",
      "provider": "provider[\"registry.terraform.io/hashicorp/google\"]",
      "instances": [
        {
          "schema_version": 1,
          "attributes": {
            "allow": [
              {
                "ports": [],
                "protocol": "tcp"
              }
            ],
            "creation_timestamp": "2025-05-28T12:20:05.438-07:00",
            "deny": [],
            "description": "",
            "destination_ranges": [
              "10.250.0.0/24"
            ],
            "direction": "EGRESS",
            "disabled": false,
            "enable_logging": null,
            "id": "projects/uporto-cd/global/firewalls/uporto-cd-allow-egress-to-admin-europe-west2",
            "log_config": [],
            "name": "uporto-cd-allow-egress-to-admin-europe-west2",
            "network": "https://www.googleapis.com/compute/v1/projects/uporto-cd/global/networks/uporto-cd-vpc-europe-west2",
            "priority": 1000,
            "project": "uporto-cd",
            "self_link": "https://www.googleapis.com/compute/v1/projects/uporto-cd/global/firewalls/uporto-cd-allow-egress-to-admin-europe-west2",
            "source_ranges": [],
            "source_service_accounts": [],
            "source_tags": [],
            "target_service_accounts": [],
            "target_tags": [],
            "timeouts": null
          },
          "sensitive_attributes": [],
          "private": "eyJlMmJmYjczMC1lY2FhLTExZTYtOGY4OC0zNDM2M2JjN2M0YzAiOnsiY3JlYXRlIjoxMjAwMDAwMDAwMDAwLCJkZWxldGUiOjEyMDAwMDAwMDAwMDAsInVwZGF0ZSI6MTIwMDAwMDAwMDAwMH0sInNjaGVtYV92ZXJzaW9uIjoiMSJ9",
          "dependencies": [
            "module.network.google_compute_network.vpc"
          ]
        }
      ]
    },
    {
      "module": "module.network[\"europe-west2\"]",
      "mode": "managed",
      "type": "google_compute_firewall",
      "name": "allow_from_admin",
      "provider": "provider[\"registry.terraform.io/hashicorp/google\"]",
      "instances": [
        {
          "schema_version": 1,
          "attributes": {
            "allow": [
              {
                "ports": [],
                "protocol": "all"
              }
            ],
            "creation_timestamp": "2025-05-28T12:20:14.669-07:00",
            "deny": [],
            "description": "",
            "destination_ranges": [],
            "direction": "INGRESS",
            "disabled": false,
            "enable_logging": null,
            "id": "projects/uporto-cd/global/firewalls/uporto-cd-allow-from-admin-europe-west2",
            "log_config": [],
            "name": "uporto-cd-allow-from-admin-europe-west2",
            "network": "https://www.googleapis.com/compute/v1/projects/uporto-cd/global/networks/uporto-cd-vpc-europe-west2",
            "priority": 1000,
            "project": "uporto-cd",
            "self_link": "https://www.googleapis.com/compute/v1/projects/uporto-cd/global/firewalls/uporto-cd-allow-from-admin-europe-west2",
            "source_ranges": [
              "10.250.0.0/24"
            ],
            "source_service_accounts": [],
            "source_tags": [],
            "target_service_accounts": [],
            "target_tags": [],
            "timeouts": null
          },
          "sensitive_attributes": [],
          "private": "eyJlMmJmYjczMC1lY2FhLTExZTYtOGY4OC0zNDM2M2JjN2M0YzAiOnsiY3JlYXRlIjoxMjAwMDAwMDAwMDAwLCJkZWxldGUiOjEyMDAwMDAwMDAwMDAsInVwZGF0ZSI6MTIwMDAwMDAwMDAwMH0sInNjaGVtYV92ZXJzaW9uIjoiMSJ9",
          "dependencies": [
            "module.network.google_compute_network.vpc"
          ]
        }
      ]
    },
    {
      "module": "module.network[\"europe-west2\"]",
      "mode": "managed",
      "type": "google_compute_firewall",
      "name": "allow_internal",
      "provider": "provider[\"registry.terraform.io/hashicorp/google\"]",
      "instances": [
        {
          "schema_version": 1,
          "attributes": {
            "allow": [
              {
                "ports": [],
                "protocol": "all"
              }
            ],
            "creation_timestamp": "2025-05-28T12:20:43.167-07:00",
            "deny": [],
            "description": "",
            "destination_ranges": [],
            "direction": "INGRESS",
            "disabled": false,
            "enable_logging": null,
            "id": "projects/uporto-cd/global/firewalls/uporto-cd-allow-internal-europe-west2",
            "log_config": [],
            "name": "uporto-cd-allow-internal-europe-west2",
            "network": "https://www.googleapis.com/compute/v1/projects/uporto-cd/global/networks/uporto-cd-vpc-europe-west2",
            "priority": 1000,
            "project": "uporto-cd",
            "self_link": "https://www.googleapis.com/compute/v1/projects/uporto-cd/global/firewalls/uporto-cd-allow-internal-europe-west2",
            "source_ranges": [
              "10.1.0.0/20"
            ],
            "source_service_accounts": [],
            "source_tags": [],
            "target_service_accounts": [],
            "target_tags": [],
            "timeouts": null
          },
          "sensitive_attributes": [],
          "private": "eyJlMmJmYjczMC1lY2FhLTExZTYtOGY4OC0zNDM2M2JjN2M0YzAiOnsiY3JlYXRlIjoxMjAwMDAwMDAwMDAwLCJkZWxldGUiOjEyMDAwMDAwMDAwMDAsInVwZGF0ZSI6MTIwMDAwMDAwMDAwMH0sInNjaGVtYV92ZXJzaW9uIjoiMSJ9",
          "dependencies": [
            "module.network.google_compute_network.vpc",
            "module.network.google_compute_subnetwork.subnet"
          ]
        }
      ]
    },
    {
      "module": "module.network[\"europe-west2\"]",
      "mode": "managed",
      "type": "google_compute_firewall",
      "name": "allow_internet_egress",
      "provider": "provider[\"registry.terraform.io/hashicorp/google\"]",
      "instances": [
        {
          "schema_version": 1,
          "attributes": {
            "allow": [
              {
                "ports": [
                  "443",
                  "80"
                ],
                "protocol": "tcp"
              }
            ],
            "creation_timestamp": "2025-05-28T12:20:17.826-07:00",
            "deny": [],
            "description": "",
            "destination_ranges": [
              "0.0.0.0/0"
            ],
            "direction": "EGRESS",
            "disabled": false,
            "enable_logging": null,
            "id": "projects/uporto-cd/global/firewalls/uporto-cd-allow-internet-egress-europe-west2",
            "log_config": [],
            "name": "uporto-cd-allow-internet-egress-europe-west2",
            "network": "https://www.googleapis.com/compute/v1/projects/uporto-cd/global/networks/uporto-cd-vpc-europe-west2",
            "priority": 1000,
            "project": "uporto-cd",
            "self_link": "https://www.googleapis.com/compute/v1/projects/uporto-cd/global/firewalls/uporto-cd-allow-internet-egress-europe-west2",
            "source_ranges": [],
            "source_service_accounts": [],
            "source_tags": [],
            "target_service_accounts": [],
            "target_tags": [],
            "timeouts": null
          },
          "sensitive_attributes": [],
          "private": "eyJlMmJmYjczMC1lY2FhLTExZTYtOGY4OC0zNDM2M2JjN2M0YzAiOnsiY3JlYXRlIjoxMjAwMDAwMDAwMDAwLCJkZWxldGUiOjEyMDAwMDAwMDAwMDAsInVwZGF0ZSI6MTIwMDAwMDAwMDAwMH0sInNjaGVtYV92ZXJzaW9uIjoiMSJ9",
          "dependencies": [
            "module.network.google_compute_network.vpc"
          ]
        }
      ]
    },
    {
      "module": "module.network[\"europe-west2\"]",
      "mode": "managed",
      "type": "google_compute_firewall",
      "name": "block_inter_region",
      "provider": "provider[\"registry.terraform.io/hashicorp/google\"]",
      "instances": [
        {
          "schema_version": 1,
          "attributes": {
            "allow": [],
            "creation_timestamp": "2025-05-28T12:20:43.165-07:00",
            "deny": [
              {
                "ports": [],
                "protocol": "all"
              }
            ],
            "description": "",
            "destination_ranges": [
              "10.1.0.0/20"
            ],
            "direction": "INGRESS",
            "disabled": false,
            "enable_logging": null,
            "id": "projects/uporto-cd/global/firewalls/uporto-cd-block-inter-region-europe-west2",
            "log_config": [],
            "name": "uporto-cd-block-inter-region-europe-west2",
            "network": "https://www.googleapis.com/compute/v1/projects/uporto-cd/global/networks/uporto-cd-vpc-europe-west2",
            "priority": 2000,
            "project": "uporto-cd",
            "self_link": "https://www.googleapis.com/compute/v1/projects/uporto-cd/global/firewalls/uporto-cd-block-inter-region-europe-west2",
            "source_ranges": [
              "10.2.0.0/20",
              "10.3.0.0/20"
            ],
            "source_service_accounts": [],
            "source_tags": [],
            "target_service_accounts": [],
            "target_tags": [],
            "timeouts": null
          },
          "sensitive_attributes": [],
          "private": "eyJlMmJmYjczMC1lY2FhLTExZTYtOGY4OC0zNDM2M2JjN2M0YzAiOnsiY3JlYXRlIjoxMjAwMDAwMDAwMDAwLCJkZWxldGUiOjEyMDAwMDAwMDAwMDAsInVwZGF0ZSI6MTIwMDAwMDAwMDAwMH0sInNjaGVtYV92ZXJzaW9uIjoiMSJ9",
          "dependencies": [
            "module.network.google_compute_network.vpc",
            "module.network.google_compute_subnetwork.subnet"
          ]
        }
      ]
    },
    {
      "module": "module.network[\"europe-west2\"]",
      "mode": "managed",
      "type": "google_compute_network",
      "name": "vpc",
      "provider": "provider[\"registry.terraform.io/hashicorp/google\"]",
      "instances": [
        {
          "schema_version": 0,
          "attributes": {
            "auto_create_subnetworks": false,
            "delete_default_routes_on_create": false,
            "description": "VPC network for uporto-cd in europe-west2",
            "enable_ula_internal_ipv6": false,
            "gateway_ipv4": "",
            "id": "projects/uporto-cd/global/networks/uporto-cd-vpc-europe-west2",
            "internal_ipv6_range": "",
            "mtu": 0,
            "name": "uporto-cd-vpc-europe-west2",
            "network_firewall_policy_enforcement_order": "AFTER_CLASSIC_FIREWALL",
            "project": "uporto-cd",
            "routing_mode": "REGIONAL",
            "self_link": "https://www.googleapis.com/compute/v1/projects/uporto-cd/global/networks/uporto-cd-vpc-europe-west2",
            "timeouts": null
          },
          "sensitive_attributes": [],
          "private": "eyJlMmJmYjczMC1lY2FhLTExZTYtOGY4OC0zNDM2M2JjN2M0YzAiOnsiY3JlYXRlIjoxMjAwMDAwMDAwMDAwLCJkZWxldGUiOjEyMDAwMDAwMDAwMDAsInVwZGF0ZSI6MTIwMDAwMDAwMDAwMH19"
        }
      ]
    },
    {
      "module": "module.network[\"europe-west2\"]",
      "mode": "managed",
      "type": "google_compute_router",
      "name": "router",
      "provider": "provider[\"registry.terraform.io/hashicorp/google\"]",
      "instances": [
        {
          "schema_version": 0,
          "attributes": {
            "bgp": [],
            "creation_timestamp": "2025-05-28T12:20:23.906-07:00",
            "description": "",
            "encrypted_interconnect_router": false,
            "id": "projects/uporto-cd/regions/europe-west2/routers/uporto-cd-router-europe-west2",
            "name": "uporto-cd-router-europe-west2",
            "network": "https://www.googleapis.com/compute/v1/projects/uporto-cd/global/networks/uporto-cd-vpc-europe-west2",
            "project": "uporto-cd",
            "region": "europe-west2",
            "self_link": "https://www.googleapis.com/compute/v1/projects/uporto-cd/regions/europe-west2/routers/uporto-cd-router-europe-west2",
            "timeouts": null
          },
          "sensitive_attributes": [],
          "private": "eyJlMmJmYjczMC1lY2FhLTExZTYtOGY4OC0zNDM2M2JjN2M0YzAiOnsiY3JlYXRlIjoxMjAwMDAwMDAwMDAwLCJkZWxldGUiOjEyMDAwMDAwMDAwMDAsInVwZGF0ZSI6MTIwMDAwMDAwMDAwMH19",
          "dependencies": [
            "module.network.google_compute_network.vpc"
          ]
        }
      ]
    },
    {
      "module": "module.network[\"europe-west2\"]",
      "mode": "managed",
      "type": "google_compute_router_nat",
      "name": "nat",
      "provider": "provider[\"registry.terraform.io/hashicorp/google\"]",
      "instances": [
        {
          "schema_version": 0,
          "attributes": {
            "drain_nat_ips": [],
            "enable_dynamic_port_allocation": false,
            "enable_endpoint_independent_mapping": true,
            "icmp_idle_timeout_sec": 30,
            "id": "uporto-cd/europe-west2/uporto-cd-router-europe-west2/uporto-cd-nat-europe-west2",
            "log_config": [
              {
                "enable": true,
                "filter": "ERRORS_ONLY"
              }
            ],
            "max_ports_per_vm": 0,
            "min_ports_per_vm": 0,
            "name": "uporto-cd-nat-europe-west2",
            "nat_ip_allocate_option": "AUTO_ONLY",
            "nat_ips": [],
            "project": "uporto-cd",
            "region": "europe-west2",
            "router": "uporto-cd-router-europe-west2",
            "rules": [],
            "source_subnetwork_ip_ranges_to_nat": "ALL_SUBNETWORKS_ALL_IP_RANGES",
            "subnetwork": [],
            "tcp_established_idle_timeout_sec": 1200,
            "tcp_time_wait_timeout_sec": 120,
            "tcp_transitory_idle_timeout_sec": 30,
            "timeouts": null,
            "udp_idle_timeout_sec": 30
          },
          "sensitive_attributes": [],
          "private": "eyJlMmJmYjczMC1lY2FhLTExZTYtOGY4OC0zNDM2M2JjN2M0YzAiOnsiY3JlYXRlIjoxMjAwMDAwMDAwMDAwLCJkZWxldGUiOjEyMDAwMDAwMDAwMDAsInVwZGF0ZSI6MTIwMDAwMDAwMDAwMH19",
          "dependencies": [
            "module.network.google_compute_network.vpc",
            "module.network.google_compute_router.router"
          ]
        }
      ]
    },
    {
      "module": "module.network[\"europe-west2\"]",
      "mode": "managed",
      "type": "google_compute_subnetwork",
      "name": "subnet",
      "provider": "provider[\"registry.terraform.io/hashicorp/google\"]",
      "instances": [
        {
          "schema_version": 0,
          "attributes": {
            "creation_timestamp": "2025-05-28T12:20:10.394-07:00",
            "description": "Subnet for uporto-cd in europe-west2",
            "external_ipv6_prefix": "",
            "fingerprint": null,
            "gateway_address": "10.1.0.1",
            "id": "projects/uporto-cd/regions/europe-west2/subnetworks/uporto-cd-subnet-europe-west2",
            "internal_ipv6_prefix": "",
            "ip_cidr_range": "10.1.0.0/20",
            "ipv6_access_type": "",
            "ipv6_cidr_range": "",
            "log_config": [
              {
                "aggregation_interval": "INTERVAL_5_SEC",
                "filter_expr": "true",
                "flow_sampling": 0.5,
                "metadata": "INCLUDE_ALL_METADATA",
                "metadata_fields": []
              }
            ],
            "name": "uporto-cd-subnet-europe-west2",
            "network": "https://www.googleapis.com/compute/v1/projects/uporto-cd/global/networks/uporto-cd-vpc-europe-west2",
            "private_ip_google_access": true,
            "private_ipv6_google_access": "DISABLE_GOOGLE_ACCESS",
            "project": "uporto-cd",
            "purpose": "PRIVATE",
            "region": "europe-west2",
            "role": "",
            "secondary_ip_range": [
              {
                "ip_cidr_range": "10.201.0.0/16",
                "range_name": "gke-uporto-cd-gke-europe-west2-services-f0b90f9d"
              },
              {
                "ip_cidr_range": "10.101.0.0/16",
                "range_name": "gke-uporto-cd-gke-europe-west2-pods-f0b90f9d"
              }
            ],
            "self_link": "https://www.googleapis.com/compute/v1/projects/uporto-cd/regions/europe-west2/subnetworks/uporto-cd-subnet-europe-west2",
            "stack_type": "IPV4_ONLY",
            "timeouts": null
          },
          "sensitive_attributes": [],
          "private": "eyJlMmJmYjczMC1lY2FhLTExZTYtOGY4OC0zNDM2M2JjN2M0YzAiOnsiY3JlYXRlIjoxMjAwMDAwMDAwMDAwLCJkZWxldGUiOjEyMDAwMDAwMDAwMDAsInVwZGF0ZSI6MTIwMDAwMDAwMDAwMH19",
          "dependencies": [
            "module.network.google_compute_network.vpc"
          ]
        }
      ]
    },
    {
      "module": "module.network[\"us-south1\"]",
      "mode": "managed",
      "type": "google_compute_firewall",
      "name": "allow_egress_to_admin",
      "provider": "provider[\"registry.terraform.io/hashicorp/google\"]",
      "instances": [
        {
          "schema_version": 1,
          "attributes": {
            "allow": [
              {
                "ports": [],
                "protocol": "tcp"
              }
            ],
            "creation_timestamp": "2025-05-28T12:20:02.134-07:00",
            "deny": [],
            "description": "",
            "destination_ranges": [
              "10.250.0.0/24"
            ],
            "direction": "EGRESS",
            "disabled": false,
            "enable_logging": null,
            "id": "projects/uporto-cd/global/firewalls/uporto-cd-allow-egress-to-admin-us-south1",
            "log_config": [],
            "name": "uporto-cd-allow-egress-to-admin-us-south1",
            "network": "https://www.googleapis.com/compute/v1/projects/uporto-cd/global/networks/uporto-cd-vpc-us-south1",
            "priority": 1000,
            "project": "uporto-cd",
            "self_link": "https://www.googleapis.com/compute/v1/projects/uporto-cd/global/firewalls/uporto-cd-allow-egress-to-admin-us-south1",
            "source_ranges": [],
            "source_service_accounts": [],
            "source_tags": [],
            "target_service_accounts": [],
            "target_tags": [],
            "timeouts": null
          },
          "sensitive_attributes": [],
          "private": "eyJlMmJmYjczMC1lY2FhLTExZTYtOGY4OC0zNDM2M2JjN2M0YzAiOnsiY3JlYXRlIjoxMjAwMDAwMDAwMDAwLCJkZWxldGUiOjEyMDAwMDAwMDAwMDAsInVwZGF0ZSI6MTIwMDAwMDAwMDAwMH0sInNjaGVtYV92ZXJzaW9uIjoiMSJ9",
          "dependencies": [
            "module.network.google_compute_network.vpc"
          ]
        }
      ]
    },
    {
      "module": "module.network[\"us-south1\"]",
      "mode": "managed",
      "type": "google_compute_firewall",
      "name": "allow_from_admin",
      "provider": "provider[\"registry.terraform.io/hashicorp/google\"]",
      "instances": [
        {
          "schema_version": 1,
          "attributes": {
            "allow": [
              {
                "ports": [],
                "protocol": "all"
              }
            ],
            "creation_timestamp": "2025-05-28T12:20:10.813-07:00",
            "deny": [],
            "description": "",
            "destination_ranges": [],
            "direction": "INGRESS",
            "disabled": false,
            "enable_logging": null,
            "id": "projects/uporto-cd/global/firewalls/uporto-cd-allow-from-admin-us-south1",
            "log_config": [],
            "name": "uporto-cd-allow-from-admin-us-south1",
            "network": "https://www.googleapis.com/compute/v1/projects/uporto-cd/global/networks/uporto-cd-vpc-us-south1",
            "priority": 1000,
            "project": "uporto-cd",
            "self_link": "https://www.googleapis.com/compute/v1/projects/uporto-cd/global/firewalls/uporto-cd-allow-from-admin-us-south1",
            "source_ranges": [
              "10.250.0.0/24"
            ],
            "source_service_accounts": [],
            "source_tags": [],
            "target_service_accounts": [],
            "target_tags": [],
            "timeouts": null
          },
          "sensitive_attributes": [],
          "private": "eyJlMmJmYjczMC1lY2FhLTExZTYtOGY4OC0zNDM2M2JjN2M0YzAiOnsiY3JlYXRlIjoxMjAwMDAwMDAwMDAwLCJkZWxldGUiOjEyMDAwMDAwMDAwMDAsInVwZGF0ZSI6MTIwMDAwMDAwMDAwMH0sInNjaGVtYV92ZXJzaW9uIjoiMSJ9",
          "dependencies": [
            "module.network.google_compute_network.vpc"
          ]
        }
      ]
    },
    {
      "module": "module.network[\"us-south1\"]",
      "mode": "managed",
      "type": "google_compute_firewall",
      "name": "allow_internal",
      "provider": "provider[\"registry.terraform.io/hashicorp/google\"]",
      "instances": [
        {
          "schema_version": 1,
          "attributes": {
            "allow": [
              {
                "ports": [],
                "protocol": "all"
              }
            ],
            "creation_timestamp": "2025-05-28T12:20:43.222-07:00",
            "deny": [],
            "description": "",
            "destination_ranges": [],
            "direction": "INGRESS",
            "disabled": false,
            "enable_logging": null,
            "id": "projects/uporto-cd/global/firewalls/uporto-cd-allow-internal-us-south1",
            "log_config": [],
            "name": "uporto-cd-allow-internal-us-south1",
            "network": "https://www.googleapis.com/compute/v1/projects/uporto-cd/global/networks/uporto-cd-vpc-us-south1",
            "priority": 1000,
            "project": "uporto-cd",
            "self_link": "https://www.googleapis.com/compute/v1/projects/uporto-cd/global/firewalls/uporto-cd-allow-internal-us-south1",
            "source_ranges": [
              "10.2.0.0/20"
            ],
            "source_service_accounts": [],
            "source_tags": [],
            "target_service_accounts": [],
            "target_tags": [],
            "timeouts": null
          },
          "sensitive_attributes": [],
          "private": "eyJlMmJmYjczMC1lY2FhLTExZTYtOGY4OC0zNDM2M2JjN2M0YzAiOnsiY3JlYXRlIjoxMjAwMDAwMDAwMDAwLCJkZWxldGUiOjEyMDAwMDAwMDAwMDAsInVwZGF0ZSI6MTIwMDAwMDAwMDAwMH0sInNjaGVtYV92ZXJzaW9uIjoiMSJ9",
          "dependencies": [
            "module.network.google_compute_network.vpc",
            "module.network.google_compute_subnetwork.subnet"
          ]
        }
      ]
    },
    {
      "module": "module.network[\"us-south1\"]",
      "mode": "managed",
      "type": "google_compute_firewall",
      "name": "allow_internet_egress",
      "provider": "provider[\"registry.terraform.io/hashicorp/google\"]",
      "instances": [
        {
          "schema_version": 1,
          "attributes": {
            "allow": [
              {
                "ports": [
                  "443",
                  "80"
                ],
                "protocol": "tcp"
              }
            ],
            "creation_timestamp": "2025-05-28T12:20:17.898-07:00",
            "deny": [],
            "description": "",
            "destination_ranges": [
              "0.0.0.0/0"
            ],
            "direction": "EGRESS",
            "disabled": false,
            "enable_logging": null,
            "id": "projects/uporto-cd/global/firewalls/uporto-cd-allow-internet-egress-us-south1",
            "log_config": [],
            "name": "uporto-cd-allow-internet-egress-us-south1",
            "network": "https://www.googleapis.com/compute/v1/projects/uporto-cd/global/networks/uporto-cd-vpc-us-south1",
            "priority": 1000,
            "project": "uporto-cd",
            "self_link": "https://www.googleapis.com/compute/v1/projects/uporto-cd/global/firewalls/uporto-cd-allow-internet-egress-us-south1",
            "source_ranges": [],
            "source_service_accounts": [],
            "source_tags": [],
            "target_service_accounts": [],
            "target_tags": [],
            "timeouts": null
          },
          "sensitive_attributes": [],
          "private": "eyJlMmJmYjczMC1lY2FhLTExZTYtOGY4OC0zNDM2M2JjN2M0YzAiOnsiY3JlYXRlIjoxMjAwMDAwMDAwMDAwLCJkZWxldGUiOjEyMDAwMDAwMDAwMDAsInVwZGF0ZSI6MTIwMDAwMDAwMDAwMH0sInNjaGVtYV92ZXJzaW9uIjoiMSJ9",
          "dependencies": [
            "module.network.google_compute_network.vpc"
          ]
        }
      ]
    },
    {
      "module": "module.network[\"us-south1\"]",
      "mode": "managed",
      "type": "google_compute_firewall",
      "name": "block_inter_region",
      "provider": "provider[\"registry.terraform.io/hashicorp/google\"]",
      "instances": [
        {
          "schema_version": 1,
          "attributes": {
            "allow": [],
            "creation_timestamp": "2025-05-28T12:20:43.230-07:00",
            "deny": [
              {
                "ports": [],
                "protocol": "all"
              }
            ],
            "description": "",
            "destination_ranges": [
              "10.2.0.0/20"
            ],
            "direction": "INGRESS",
            "disabled": false,
            "enable_logging": null,
            "id": "projects/uporto-cd/global/firewalls/uporto-cd-block-inter-region-us-south1",
            "log_config": [],
            "name": "uporto-cd-block-inter-region-us-south1",
            "network": "https://www.googleapis.com/compute/v1/projects/uporto-cd/global/networks/uporto-cd-vpc-us-south1",
            "priority": 2000,
            "project": "uporto-cd",
            "self_link": "https://www.googleapis.com/compute/v1/projects/uporto-cd/global/firewalls/uporto-cd-block-inter-region-us-south1",
            "source_ranges": [
              "10.1.0.0/20",
              "10.3.0.0/20"
            ],
            "source_service_accounts": [],
            "source_tags": [],
            "target_service_accounts": [],
            "target_tags": [],
            "timeouts": null
          },
          "sensitive_attributes": [],
          "private": "eyJlMmJmYjczMC1lY2FhLTExZTYtOGY4OC0zNDM2M2JjN2M0YzAiOnsiY3JlYXRlIjoxMjAwMDAwMDAwMDAwLCJkZWxldGUiOjEyMDAwMDAwMDAwMDAsInVwZGF0ZSI6MTIwMDAwMDAwMDAwMH0sInNjaGVtYV92ZXJzaW9uIjoiMSJ9",
          "dependencies": [
            "module.network.google_compute_network.vpc",
            "module.network.google_compute_subnetwork.subnet"
          ]
        }
      ]
    },
    {
      "module": "module.network[\"us-south1\"]",
      "mode": "managed",
      "type": "google_compute_network",
      "name": "vpc",
      "provider": "provider[\"registry.terraform.io/hashicorp/google\"]",
      "instances": [
        {
          "schema_version": 0,
          "attributes": {
            "auto_create_subnetworks": false,
            "delete_default_routes_on_create": false,
            "description": "VPC network for uporto-cd in us-south1",
            "enable_ula_internal_ipv6": false,
            "gateway_ipv4": "",
            "id": "projects/uporto-cd/global/networks/uporto-cd-vpc-us-south1",
            "internal_ipv6_range": "",
            "mtu": 0,
            "name": "uporto-cd-vpc-us-south1",
            "network_firewall_policy_enforcement_order": "AFTER_CLASSIC_FIREWALL",
            "project": "uporto-cd",
            "routing_mode": "REGIONAL",
            "self_link": "https://www.googleapis.com/compute/v1/projects/uporto-cd/global/networks/uporto-cd-vpc-us-south1",
            "timeouts": null
          },
          "sensitive_attributes": [],
          "private": "eyJlMmJmYjczMC1lY2FhLTExZTYtOGY4OC0zNDM2M2JjN2M0YzAiOnsiY3JlYXRlIjoxMjAwMDAwMDAwMDAwLCJkZWxldGUiOjEyMDAwMDAwMDAwMDAsInVwZGF0ZSI6MTIwMDAwMDAwMDAwMH19"
        }
      ]
    },
    {
      "module": "module.network[\"us-south1\"]",
      "mode": "managed",
      "type": "google_compute_router",
      "name": "router",
      "provider": "provider[\"registry.terraform.io/hashicorp/google\"]",
      "instances": [
        {
          "schema_version": 0,
          "attributes": {
            "bgp": [],
            "creation_timestamp": "2025-05-28T12:20:23.680-07:00",
            "description": "",
            "encrypted_interconnect_router": false,
            "id": "projects/uporto-cd/regions/us-south1/routers/uporto-cd-router-us-south1",
            "name": "uporto-cd-router-us-south1",
            "network": "https://www.googleapis.com/compute/v1/projects/uporto-cd/global/networks/uporto-cd-vpc-us-south1",
            "project": "uporto-cd",
            "region": "us-south1",
            "self_link": "https://www.googleapis.com/compute/v1/projects/uporto-cd/regions/us-south1/routers/uporto-cd-router-us-south1",
            "timeouts": null
          },
          "sensitive_attributes": [],
          "private": "eyJlMmJmYjczMC1lY2FhLTExZTYtOGY4OC0zNDM2M2JjN2M0YzAiOnsiY3JlYXRlIjoxMjAwMDAwMDAwMDAwLCJkZWxldGUiOjEyMDAwMDAwMDAwMDAsInVwZGF0ZSI6MTIwMDAwMDAwMDAwMH19",
          "dependencies": [
            "module.network.google_compute_network.vpc"
          ]
        }
      ]
    },
    {
      "module": "module.network[\"us-south1\"]",
      "mode": "managed",
      "type": "google_compute_router_nat",
      "name": "nat",
      "provider": "provider[\"registry.terraform.io/hashicorp/google\"]",
      "instances": [
        {
          "schema_version": 0,
          "attributes": {
            "drain_nat_ips": [],
            "enable_dynamic_port_allocation": false,
            "enable_endpoint_independent_mapping": true,
            "icmp_idle_timeout_sec": 30,
            "id": "uporto-cd/us-south1/uporto-cd-router-us-south1/uporto-cd-nat-us-south1",
            "log_config": [
              {
                "enable": true,
                "filter": "ERRORS_ONLY"
              }
            ],
            "max_ports_per_vm": 0,
            "min_ports_per_vm": 0,
            "name": "uporto-cd-nat-us-south1",
            "nat_ip_allocate_option": "AUTO_ONLY",
            "nat_ips": [],
            "project": "uporto-cd",
            "region": "us-south1",
            "router": "uporto-cd-router-us-south1",
            "rules": [],
            "source_subnetwork_ip_ranges_to_nat": "ALL_SUBNETWORKS_ALL_IP_RANGES",
            "subnetwork": [],
            "tcp_established_idle_timeout_sec": 1200,
            "tcp_time_wait_timeout_sec": 120,
            "tcp_transitory_idle_timeout_sec": 30,
            "timeouts": null,
            "udp_idle_timeout_sec": 30
          },
          "sensitive_attributes": [],
          "private": "eyJlMmJmYjczMC1lY2FhLTExZTYtOGY4OC0zNDM2M2JjN2M0YzAiOnsiY3JlYXRlIjoxMjAwMDAwMDAwMDAwLCJkZWxldGUiOjEyMDAwMDAwMDAwMDAsInVwZGF0ZSI6MTIwMDAwMDAwMDAwMH19",
          "dependencies": [
            "module.network.google_compute_network.vpc",
            "module.network.google_compute_router.router"
          ]
        }
      ]
    },
    {
      "module": "module.network[\"us-south1\"]",
      "mode": "managed",
      "type": "google_compute_subnetwork",
      "name": "subnet",
      "provider": "provider[\"registry.terraform.io/hashicorp/google\"]",
      "instances": [
        {
          "schema_version": 0,
          "attributes": {
            "creation_timestamp": "2025-05-28T12:20:10.881-07:00",
            "description": "Subnet for uporto-cd in us-south1",
            "external_ipv6_prefix": "",
            "fingerprint": null,
            "gateway_address": "10.2.0.1",
            "id": "projects/uporto-cd/regions/us-south1/subnetworks/uporto-cd-subnet-us-south1",
            "internal_ipv6_prefix": "",
            "ip_cidr_range": "10.2.0.0/20",
            "ipv6_access_type": "",
            "ipv6_cidr_range": "",
            "log_config": [
              {
                "aggregation_interval": "INTERVAL_5_SEC",
                "filter_expr": "true",
                "flow_sampling": 0.5,
                "metadata": "INCLUDE_ALL_METADATA",
                "metadata_fields": []
              }
            ],
            "name": "uporto-cd-subnet-us-south1",
            "network": "https://www.googleapis.com/compute/v1/projects/uporto-cd/global/networks/uporto-cd-vpc-us-south1",
            "private_ip_google_access": true,
            "private_ipv6_google_access": "DISABLE_GOOGLE_ACCESS",
            "project": "uporto-cd",
            "purpose": "PRIVATE",
            "region": "us-south1",
            "role": "",
            "secondary_ip_range": [
              {
                "ip_cidr_range": "10.202.0.0/16",
                "range_name": "gke-uporto-cd-gke-us-south1-services-5414153e"
              },
              {
                "ip_cidr_range": "10.102.0.0/16",
                "range_name": "gke-uporto-cd-gke-us-south1-pods-5414153e"
              }
            ],
            "self_link": "https://www.googleapis.com/compute/v1/projects/uporto-cd/regions/us-south1/subnetworks/uporto-cd-subnet-us-south1",
            "stack_type": "IPV4_ONLY",
            "timeouts": null
          },
          "sensitive_attributes": [],
          "private": "eyJlMmJmYjczMC1lY2FhLTExZTYtOGY4OC0zNDM2M2JjN2M0YzAiOnsiY3JlYXRlIjoxMjAwMDAwMDAwMDAwLCJkZWxldGUiOjEyMDAwMDAwMDAwMDAsInVwZGF0ZSI6MTIwMDAwMDAwMDAwMH19",
          "dependencies": [
            "module.network.google_compute_network.vpc"
          ]
        }
      ]
    },
    {
      "module": "module.storage",
      "mode": "data",
      "type": "google_storage_project_service_account",
      "name": "default",
      "provider": "provider[\"registry.terraform.io/hashicorp/google\"]",
      "instances": [
        {
          "schema_version": 0,
          "attributes": {
            "email_address": "service-313506890289@gs-project-accounts.iam.gserviceaccount.com",
            "id": "service-313506890289@gs-project-accounts.iam.gserviceaccount.com",
            "member": "serviceAccount:service-313506890289@gs-project-accounts.iam.gserviceaccount.com",
            "project": "uporto-cd",
            "user_project": null
          },
          "sensitive_attributes": []
        }
      ]
    },
    {
      "module": "module.storage",
      "mode": "managed",
      "type": "google_project_iam_custom_role",
      "name": "content_sync",
      "provider": "provider[\"registry.terraform.io/hashicorp/google\"]",
      "instances": [
        {
          "schema_version": 0,
          "attributes": {
            "deleted": true,
            "description": "Custom role for content synchronization between buckets",
            "id": "projects/uporto-cd/roles/uporto_cd_content_sync",
            "name": "projects/uporto-cd/roles/uporto_cd_content_sync",
            "permissions": [
              "storage.buckets.get",
              "storage.buckets.list",
              "storage.objects.create",
              "storage.objects.delete",
              "storage.objects.get",
              "storage.objects.list"
            ],
            "project": "uporto-cd",
            "role_id": "uporto_cd_content_sync",
            "stage": "GA",
            "title": "Content Sync Role"
          },
          "sensitive_attributes": [],
          "private": "eyJzY2hlbWFfdmVyc2lvbiI6IjAifQ=="
        }
      ]
    },
    {
      "module": "module.storage",
      "mode": "managed",
      "type": "google_project_iam_member",
      "name": "admin_custom_role",
      "provider": "provider[\"registry.terraform.io/hashicorp/google\"]",
      "instances": [
        {
          "schema_version": 0,
          "attributes": {
            "condition": [],
            "etag": "BwY2NxEz9Tg=",
            "id": "uporto-cd/projects/uporto-cd/roles/uporto_cd_content_sync/serviceAccount:uporto-cd-content-admin@uporto-cd.iam.gserviceaccount.com",
            "member": "serviceAccount:uporto-cd-content-admin@uporto-cd.iam.gserviceaccount.com",
            "project": "uporto-cd",
            "role": "projects/uporto-cd/roles/uporto_cd_content_sync"
          },
          "sensitive_attributes": [],
          "private": "bnVsbA==",
          "dependencies": [
            "module.storage.google_project_iam_custom_role.content_sync",
            "module.storage.google_service_account.content_admin"
          ]
        }
      ]
    },
    {
      "module": "module.storage",
      "mode": "managed",
      "type": "google_project_iam_member",
      "name": "admin_storage_object_admin",
      "provider": "provider[\"registry.terraform.io/hashicorp/google\"]",
      "instances": [
        {
          "schema_version": 0,
          "attributes": {
            "condition": [],
            "etag": "BwY2NxEz9Tg=",
            "id": "uporto-cd/roles/storage.objectAdmin/serviceAccount:uporto-cd-content-admin@uporto-cd.iam.gserviceaccount.com",
            "member": "serviceAccount:uporto-cd-content-admin@uporto-cd.iam.gserviceaccount.com",
            "project": "uporto-cd",
            "role": "roles/storage.objectAdmin"
          },
          "sensitive_attributes": [],
          "private": "bnVsbA==",
          "dependencies": [
            "module.storage.google_service_account.content_admin"
          ]
        }
      ]
    },
    {
      "module": "module.storage",
      "mode": "managed",
      "type": "google_project_iam_member",
      "name": "reader_storage_object_viewer",
      "provider": "provider[\"registry.terraform.io/hashicorp/google\"]",
      "instances": [
        {
          "schema_version": 0,
          "attributes": {
            "condition": [],
            "etag": "BwY2NxBmwpM=",
            "id": "uporto-cd/roles/storage.objectViewer/serviceAccount:uporto-cd-content-reader@uporto-cd.iam.gserviceaccount.com",
            "member": "serviceAccount:uporto-cd-content-reader@uporto-cd.iam.gserviceaccount.com",
            "project": "uporto-cd",
            "role": "roles/storage.objectViewer"
          },
          "sensitive_attributes": [],
          "private": "bnVsbA==",
          "dependencies": [
            "module.storage.google_service_account.content_reader"
          ]
        }
      ]
    },
    {
      "module": "module.storage",
      "mode": "managed",
      "type": "google_project_service",
      "name": "iam_api",
      "provider": "provider[\"registry.terraform.io/hashicorp/google\"]",
      "instances": [
        {
          "schema_version": 0,
          "attributes": {
            "disable_dependent_services": null,
            "disable_on_destroy": false,
            "id": "uporto-cd/iam.googleapis.com",
            "project": "uporto-cd",
            "service": "iam.googleapis.com",
            "timeouts": null
          },
          "sensitive_attributes": [],
          "private": "eyJlMmJmYjczMC1lY2FhLTExZTYtOGY4OC0zNDM2M2JjN2M0YzAiOnsiY3JlYXRlIjoxMjAwMDAwMDAwMDAwLCJkZWxldGUiOjEyMDAwMDAwMDAwMDAsInJlYWQiOjYwMDAwMDAwMDAwMCwidXBkYXRlIjoxMjAwMDAwMDAwMDAwfX0="
        }
      ]
    },
    {
      "module": "module.storage",
      "mode": "managed",
      "type": "google_project_service",
      "name": "storage_api",
      "provider": "provider[\"registry.terraform.io/hashicorp/google\"]",
      "instances": [
        {
          "schema_version": 0,
          "attributes": {
            "disable_dependent_services": null,
            "disable_on_destroy": false,
            "id": "uporto-cd/storage.googleapis.com",
            "project": "uporto-cd",
            "service": "storage.googleapis.com",
            "timeouts": null
          },
          "sensitive_attributes": [],
          "private": "eyJlMmJmYjczMC1lY2FhLTExZTYtOGY4OC0zNDM2M2JjN2M0YzAiOnsiY3JlYXRlIjoxMjAwMDAwMDAwMDAwLCJkZWxldGUiOjEyMDAwMDAwMDAwMDAsInJlYWQiOjYwMDAwMDAwMDAwMCwidXBkYXRlIjoxMjAwMDAwMDAwMDAwfX0="
        }
      ]
    },
    {
      "module": "module.storage",
      "mode": "managed",
      "type": "google_service_account",
      "name": "content_admin",
      "provider": "provider[\"registry.terraform.io/hashicorp/google\"]",
      "instances": [
        {
          "schema_version": 0,
          "attributes": {
            "account_id": "uporto-cd-content-admin",
            "description": "Service account for admin VM to upload and sync content",
            "disabled": false,
            "display_name": "Content Administration Service Account",
            "email": "uporto-cd-content-admin@uporto-cd.iam.gserviceaccount.com",
            "id": "projects/uporto-cd/serviceAccounts/uporto-cd-content-admin@uporto-cd.iam.gserviceaccount.com",
            "member": "serviceAccount:uporto-cd-content-admin@uporto-cd.iam.gserviceaccount.com",
            "name": "projects/uporto-cd/serviceAccounts/uporto-cd-content-admin@uporto-cd.iam.gserviceaccount.com",
            "project": "uporto-cd",
            "timeouts": null,
            "unique_id": "105302738496113962075"
          },
          "sensitive_attributes": [],
          "private": "eyJlMmJmYjczMC1lY2FhLTExZTYtOGY4OC0zNDM2M2JjN2M0YzAiOnsiY3JlYXRlIjozMDAwMDAwMDAwMDB9fQ=="
        }
      ]
    },
    {
      "module": "module.storage",
      "mode": "managed",
      "type": "google_service_account",
      "name": "content_reader",
      "provider": "provider[\"registry.terraform.io/hashicorp/google\"]",
      "instances": [
        {
          "schema_version": 0,
          "attributes": {
            "account_id": "uporto-cd-content-reader",
            "description": "Service account for Kubernetes pods to read content from regional buckets",
            "disabled": false,
            "display_name": "Content Reader Service Account",
            "email": "uporto-cd-content-reader@uporto-cd.iam.gserviceaccount.com",
            "id": "projects/uporto-cd/serviceAccounts/uporto-cd-content-reader@uporto-cd.iam.gserviceaccount.com",
            "member": "serviceAccount:uporto-cd-content-reader@uporto-cd.iam.gserviceaccount.com",
            "name": "projects/uporto-cd/serviceAccounts/uporto-cd-content-reader@uporto-cd.iam.gserviceaccount.com",
            "project": "uporto-cd",
            "timeouts": null,
            "unique_id": "109898769169318224207"
          },
          "sensitive_attributes": [],
          "private": "eyJlMmJmYjczMC1lY2FhLTExZTYtOGY4OC0zNDM2M2JjN2M0YzAiOnsiY3JlYXRlIjozMDAwMDAwMDAwMDB9fQ=="
        }
      ]
    },
    {
      "module": "module.storage",
      "mode": "managed",
      "type": "google_service_account_iam_member",
      "name": "workload_identity_binding",
      "provider": "provider[\"registry.terraform.io/hashicorp/google\"]",
      "instances": [
        {
          "index_key": "asia-southeast1",
          "schema_version": 0,
          "attributes": {
            "condition": [],
            "etag": "BwY2NxDKuEY=",
            "id": "projects/uporto-cd/serviceAccounts/uporto-cd-content-reader@uporto-cd.iam.gserviceaccount.com/roles/iam.workloadIdentityUser/serviceAccount:uporto-cd.svc.id.goog[streaming/streaming-server-sa]",
            "member": "serviceAccount:uporto-cd.svc.id.goog[streaming/streaming-server-sa]",
            "role": "roles/iam.workloadIdentityUser",
            "service_account_id": "projects/uporto-cd/serviceAccounts/uporto-cd-content-reader@uporto-cd.iam.gserviceaccount.com"
          },
          "sensitive_attributes": [],
          "private": "bnVsbA==",
          "dependencies": [
            "module.storage.google_service_account.content_reader"
          ]
        },
        {
          "index_key": "europe-west2",
          "schema_version": 0,
          "attributes": {
            "condition": [],
            "etag": "BwY2NxDKuEY=",
            "id": "projects/uporto-cd/serviceAccounts/uporto-cd-content-reader@uporto-cd.iam.gserviceaccount.com/roles/iam.workloadIdentityUser/serviceAccount:uporto-cd.svc.id.goog[streaming/streaming-server-sa]",
            "member": "serviceAccount:uporto-cd.svc.id.goog[streaming/streaming-server-sa]",
            "role": "roles/iam.workloadIdentityUser",
            "service_account_id": "projects/uporto-cd/serviceAccounts/uporto-cd-content-reader@uporto-cd.iam.gserviceaccount.com"
          },
          "sensitive_attributes": [],
          "private": "bnVsbA==",
          "dependencies": [
            "module.storage.google_service_account.content_reader"
          ]
        },
        {
          "index_key": "us-south1",
          "schema_version": 0,
          "attributes": {
            "condition": [],
            "etag": "BwY2NxAt3M4=",
            "id": "projects/uporto-cd/serviceAccounts/uporto-cd-content-reader@uporto-cd.iam.gserviceaccount.com/roles/iam.workloadIdentityUser/serviceAccount:uporto-cd.svc.id.goog[streaming/streaming-server-sa]",
            "member": "serviceAccount:uporto-cd.svc.id.goog[streaming/streaming-server-sa]",
            "role": "roles/iam.workloadIdentityUser",
            "service_account_id": "projects/uporto-cd/serviceAccounts/uporto-cd-content-reader@uporto-cd.iam.gserviceaccount.com"
          },
          "sensitive_attributes": [],
          "private": "bnVsbA==",
          "dependencies": [
            "module.storage.google_service_account.content_reader"
          ]
        }
      ]
    },
    {
      "module": "module.storage",
      "mode": "managed",
      "type": "google_service_account_key",
      "name": "content_admin_key",
      "provider": "provider[\"registry.terraform.io/hashicorp/google\"]",
      "instances": [
        {
          "schema_version": 0,
          "attributes": {
            "id": "projects/uporto-cd/serviceAccounts/uporto-cd-content-admin@uporto-cd.iam.gserviceaccount.com/keys/e0fe1d6cef16cd55a73d7f00c35a10a6ca8a20ec",
            "keepers": null,
            "key_algorithm": "KEY_ALG_RSA_2048",
            "name": "projects/uporto-cd/serviceAccounts/uporto-cd-content-admin@uporto-cd.iam.gserviceaccount.com/keys/e0fe1d6cef16cd55a73d7f00c35a10a6ca8a20ec",
            "private_key": "ewogICJ0eXBlIjogInNlcnZpY2VfYWNjb3VudCIsCiAgInByb2plY3RfaWQiOiAidXBvcnRvLWNkIiwKICAicHJpdmF0ZV9rZXlfaWQiOiAiZTBmZTFkNmNlZjE2Y2Q1NWE3M2Q3ZjAwYzM1YTEwYTZjYThhMjBlYyIsCiAgInByaXZhdGVfa2V5IjogIi0tLS0tQkVHSU4gUFJJVkFURSBLRVktLS0tLVxuTUlJRXZRSUJBREFOQmdrcWhraUc5dzBCQVFFRkFBU0NCS2N3Z2dTakFnRUFBb0lCQVFDdjUvbG5sVE14bEEwUVxuaTRHdlBNZTc3ZG5PSllTZEh2azVzZDRTbTVDZE5VdUFrWDZ6OWExMTIrQVlSVGZXVlJacXBNeXhoR0Z1RU8xb1xuNlJVU3c1QUc1b0VTRDhVNDZwL3laK0pRaDNWQ3lWeGs3KzNpT2hpU0xrbXRkaUdkTHVrM3R2ZHIwQUNPZ1Q1SFxuRnlwTk1Qa3JwNVRwbTA2UkZ4QytXTnFPNlJCQWhwZmFxVXVFSWJDVFVnZ2VwdE5Zczg2ZGZEdEJjUmRrSFVNb1xuZ3RPdFg4MC9KbHhvQ054NFh5eTV2UHJ1WDVxdnJ6b1hIV0lnbVFsMzAraDdzQXJpaGxwNFFpU29KY3luUWFTOFxuZFVVa2NLeFdGeWl3RTBENTNXdEMzSndnRld2Nm9kMXZjdDRCeXpYSjNPZllzM1d3eWdFQWlEQ1ZhRTkrT2Y5dlxubVFTZ201Uk5BZ01CQUFFQ2dnRUFJNlVwL3JHMjgwRzVTUVJBQmdMV3hZLzc3aUJmcUZnbHNDbUpJdk9ub1JleVxuNGsxNVk1Mng1ZnRsaEgySVJGUXZLL0tUc1JndWh4ZUNpRnNOQkdXaEdxamNlRXkrVGh1TFNGdUJPb2pNZS9saVxuVWVqbHAwMVcrODVKNjA3UUhuSXFXN29sbHBFS2Y5WVVTT01hbFJSS3Rhd3FpcEVJWVhIUFdJY1lXTlBGRVpIdVxuTjFBQmFkM2E0ZTQxcjZJaEQ3Y0V6bHVTNFJBSjJUd0tvdGFGSFVMV0d4bXhMak9QQjRMTnR0b1AveTI2QkwxL1xuUFVOWlpiQkZ4OWVDVVk0eE9DTUtYajQ1YVVTMU55aVc1VGR1Mm9nWEY0M1c1ckNJTFFWSlVCMi9PNWdnaTZBVVxuVnVTZk1qSDFpM0RuaFNJVTVReDVtZWxONU9rY2VEY05Ga0pITHkyMCtRS0JnUURvbmxVais3VlhlaGZTaCtCN1xuazVvV3J6SFM2TzlORXBBRDQyUGlhWnd4VFhHVVVLUkhUQ281WWcvcXBNYmVqcU54SmJCQ2NGY2Z3aEp2TkIxSVxuam9rblBEQy94MUxnbnJ5bmlsUmRqcFF3bVJpVkpFWGdJQ3VQWmF5VUtiVTJ6dmRjNG5YN1k5ZDZXRndSbnJnQlxuNWkydHhoK3F3bWFwZWdEY01BUktaL25QVlFLQmdRREJsbFpVRGhWQU94bURnMjhpeTYxVzRtbm10M1RJOS8rNVxuZnh5b3VJeGpmNDJka0dtYXk1cktRc0FueEVpeTUrS25VSWs0cTZIeUNRdUVkKzhBcnBncWNaeTFmU2Z4UVVuWFxubGZkU3hrQjF0aVNUbFlkV3Y1TlQ0MEkyUktsUDQxb0tySWowQWhaRENiVm52dlRDQjBidVdhNkxZYVpCUTk2cVxuaFpLV3U4c0JHUUtCZ1FDVDNLRU9BRitpdlM4TFdlZHRaY05haS81RnJGOEFSTDVhV2w0UmUwUVhhcnk1cEJEb1xuYVJlbDVobHI4MVdkL2xrU0FQenJIbkdpOUQrM2hBN2hJZ2s0Y1dBaloxWGRCY214VFpLVzdaeHd6Ny82ZlZZVlxuUXgydFJ0bk9URHl1SEJ6TVkvN096d1lXOUxlQlU3eHZLSnI4aktWd2E2WEtNSXovYVY0dzFhckxDUUtCZ0FKb1xuU3pTS1pFdERNT01JekdZRFlHbDNNVmYwS2hpaHRPVnFwa0dXNGZBTzB3VUZtYnFhRTVlMlVzdHJ6bmVqR0pkNlxuRWVySmY1OFI2N20vQUJMakdQTldMRnU1YmJpN1ZoNi9ONjhvMWY1Z3dIMnhXMWlCMDJRMHJFc2VlWGlMM0QvTFxudTN4RlZsK0pERjk0NlhSTVFONlA4UEs4eVNPQW81RTlUZ0JmMzN0cEFvR0FWOWcyZDhSWnJKRWIxUWRJTFlDOVxueGRrdi9SWmZlZHhLQnY0bmxsL1VOdVZqYVBPSlArWmFJMjhKWEpqdk1RbDVWUHZzV2pFcGcyMTMzcUZYaTBoSVxuRFpYT3hGT1ZYZ2cvclpkMFhaSW5qTFUwYXp2Z1JSS2N1OW1yZ04yT1l1MzV0dHNSTERXZURRUkd0NnRlYkoxWlxuU25tY2JqU21GZUNCSnVqWm5xSmZQL009XG4tLS0tLUVORCBQUklWQVRFIEtFWS0tLS0tXG4iLAogICJjbGllbnRfZW1haWwiOiAidXBvcnRvLWNkLWNvbnRlbnQtYWRtaW5AdXBvcnRvLWNkLmlhbS5nc2VydmljZWFjY291bnQuY29tIiwKICAiY2xpZW50X2lkIjogIjEwNTMwMjczODQ5NjExMzk2MjA3NSIsCiAgImF1dGhfdXJpIjogImh0dHBzOi8vYWNjb3VudHMuZ29vZ2xlLmNvbS9vL29hdXRoMi9hdXRoIiwKICAidG9rZW5fdXJpIjogImh0dHBzOi8vb2F1dGgyLmdvb2dsZWFwaXMuY29tL3Rva2VuIiwKICAiYXV0aF9wcm92aWRlcl94NTA5X2NlcnRfdXJsIjogImh0dHBzOi8vd3d3Lmdvb2dsZWFwaXMuY29tL29hdXRoMi92MS9jZXJ0cyIsCiAgImNsaWVudF94NTA5X2NlcnRfdXJsIjogImh0dHBzOi8vd3d3Lmdvb2dsZWFwaXMuY29tL3JvYm90L3YxL21ldGFkYXRhL3g1MDkvdXBvcnRvLWNkLWNvbnRlbnQtYWRtaW4lNDB1cG9ydG8tY2QuaWFtLmdzZXJ2aWNlYWNjb3VudC5jb20iLAogICJ1bml2ZXJzZV9kb21haW4iOiAiZ29vZ2xlYXBpcy5jb20iCn0K",
            "private_key_type": "TYPE_GOOGLE_CREDENTIALS_FILE",
            "public_key": "LS0tLS1CRUdJTiBDRVJUSUZJQ0FURS0tLS0tCk1JSUMvRENDQWVTZ0F3SUJBZ0lJYzRqWm9UVVJUZmN3RFFZSktvWklodmNOQVFFRkJRQXdJREVlTUJ3R0ExVUUKQXd3Vk1UQTFNekF5TnpNNE5EazJNVEV6T1RZeU1EYzFNQ0FYRFRJMU1EVXlPREU1TVRrME4xb1lEems1T1RreApNak14TWpNMU9UVTVXakFnTVI0d0hBWURWUVFEREJVeE1EVXpNREkzTXpnME9UWXhNVE01TmpJd056VXdnZ0VpCk1BMEdDU3FHU0liM0RRRUJBUVVBQTRJQkR3QXdnZ0VLQW9JQkFRQ3Y1L2xubFRNeGxBMFFpNEd2UE1lNzdkbk8KSllTZEh2azVzZDRTbTVDZE5VdUFrWDZ6OWExMTIrQVlSVGZXVlJacXBNeXhoR0Z1RU8xbzZSVVN3NUFHNW9FUwpEOFU0NnAveVorSlFoM1ZDeVZ4azcrM2lPaGlTTGttdGRpR2RMdWszdHZkcjBBQ09nVDVIRnlwTk1Qa3JwNVRwCm0wNlJGeEMrV05xTzZSQkFocGZhcVV1RUliQ1RVZ2dlcHROWXM4NmRmRHRCY1Jka0hVTW9ndE90WDgwL0pseG8KQ054NFh5eTV2UHJ1WDVxdnJ6b1hIV0lnbVFsMzAraDdzQXJpaGxwNFFpU29KY3luUWFTOGRVVWtjS3hXRnlpdwpFMEQ1M1d0QzNKd2dGV3Y2b2QxdmN0NEJ5elhKM09mWXMzV3d5Z0VBaURDVmFFOStPZjl2bVFTZ201Uk5BZ01CCkFBR2pPREEyTUF3R0ExVWRFd0VCL3dRQ01BQXdEZ1lEVlIwUEFRSC9CQVFEQWdlQU1CWUdBMVVkSlFFQi93UU0KTUFvR0NDc0dBUVVGQndNQ01BMEdDU3FHU0liM0RRRUJCUVVBQTRJQkFRQ2hBQThHTFA5K1pJVHdNV3I3bnBSUwpnQmNBS1ZtVWpPN0VBM2ZlZ09scDVoYktqOFYwZURxS1JNdG10TTZmbUt2T0tYcnVlS3hrNlo3b0FFeWwweWNGCmNmUEpXVnBORk95N1gybVFWRmluR1VKQXJNMkJQSUIvZ2JETXdKQmR2eDBhUnJlWndDT0NkS1lkSWVaV2ozazEKc3krelFzQWxjV1V3d1ZYZzVxQ2pEb3dtbXQrNTEzU0VjSWw3eFMwWElhbGZYMlpPSXl5SlJrdWV1L1ZBbENGcApjVmFOdEJhcGlYMDFVVERyRzAycG1lelJqSTR0eGUwQmxubWUzS094SThPZFVBS0pvV3NkTkVWcXVaRzFOZ3FMCjFQOHdCZXJkeUNFUWRqVzVObm4vZ3hjSEZBcE5aUnNDdFo2Z3hVUTAvT2EwaEMySi9GU3pNLzMrQmx0WE5scWgKLS0tLS1FTkQgQ0VSVElGSUNBVEUtLS0tLQo=",
            "public_key_data": null,
            "public_key_type": "TYPE_X509_PEM_FILE",
            "service_account_id": "projects/uporto-cd/serviceAccounts/uporto-cd-content-admin@uporto-cd.iam.gserviceaccount.com",
            "valid_after": "2025-05-28T19:19:47Z",
            "valid_before": "9999-12-31T23:59:59Z"
          },
          "sensitive_attributes": [
            [
              {
                "type": "get_attr",
                "value": "private_key"
              }
            ]
          ],
          "private": "bnVsbA==",
          "dependencies": [
            "module.storage.google_service_account.content_admin"
          ]
        }
      ]
    },
    {
      "module": "module.storage",
      "mode": "managed",
      "type": "google_service_account_key",
      "name": "content_reader_key",
      "provider": "provider[\"registry.terraform.io/hashicorp/google\"]",
      "instances": [
        {
          "schema_version": 0,
          "attributes": {
            "id": "projects/uporto-cd/serviceAccounts/uporto-cd-content-reader@uporto-cd.iam.gserviceaccount.com/keys/a73adbd8c3c14fc8792595b0544976ad7fbb82b8",
            "keepers": null,
            "key_algorithm": "KEY_ALG_RSA_2048",
            "name": "projects/uporto-cd/serviceAccounts/uporto-cd-content-reader@uporto-cd.iam.gserviceaccount.com/keys/a73adbd8c3c14fc8792595b0544976ad7fbb82b8",
            "private_key": "ewogICJ0eXBlIjogInNlcnZpY2VfYWNjb3VudCIsCiAgInByb2plY3RfaWQiOiAidXBvcnRvLWNkIiwKICAicHJpdmF0ZV9rZXlfaWQiOiAiYTczYWRiZDhjM2MxNGZjODc5MjU5NWIwNTQ0OTc2YWQ3ZmJiODJiOCIsCiAgInByaXZhdGVfa2V5IjogIi0tLS0tQkVHSU4gUFJJVkFURSBLRVktLS0tLVxuTUlJRXZRSUJBREFOQmdrcWhraUc5dzBCQVFFRkFBU0NCS2N3Z2dTakFnRUFBb0lCQVFEa2xzY25OZkJGTmg2SFxubVRIUmk1d1RuOGcrREpudkplbWsvbVF5R0E5Q2FUS1d6WjNOVHlUQ1h0YUM5Y3JNYTNhc0puQmJDQmRXbWxZelxuMmtvV3VFNnJBVm9nNnRlbXlRaHFjZGliSTIvTEk3N3crYUFyUzYwcGRZeHYrbFNqMzZtYVdTb0FVdUZwMWgyVlxuQ1hBdTVVMWRoRFFwOWRNVlNKT0NJRktzS3Vnc0UzY1R5WkM5ZXVRY3ZxbzdzSXdsZytpa0xnQjRFRkRudkRya1xuMjdSMWhuM29xYUU4ejNuRlNmMWZPUURUS1Z3eG1KRStmNWh6ckhjRzkzYnR1d2NUVndYWTlNN2NiQ2FydTA3T1xuYm5qczhZNzIwMnVFK3NCUHBqbG5la0xVeWFCMkVzQXpTRE93dEpiZDN3YzhJYXBQOXB6S2hySWR1UHNaT3pWVlxuYWxtQ3d5VExBZ01CQUFFQ2dnRUFaYjhqU0RXL0M5K0orVXRjSEd4cS9XVXFxVXZNbk9FZ1BYdXFONDMwQk5oMFxuVnlHUXN0a2VnSkhjSTVDcVF4RTJVbXdOcU1kU05BOGdmWllWVWtXWlpvNkVncEJsaXV5Q25YYXRObWl3a3hnSFxuSHBYT0VGZHY3VHRRVm10emp6bTM4V2JzeGhZZUZaRGp1L25tZ0VrNmhYeWFCMjlQRkhNb2pVdzc0RHg4K1ZpZFxuVDVYZjA5c3p1WHMxd1drUHVRQzBvaUZDQVlEbzFRWjh2Wm4zQnFKbjNEWDdxSXdXTGcvTU9DeDE3MjBlSDhjeFxuWndZeC9JemZIYWFlMFJXYkdtTjBDMWFMOHFsLy9VWWJxUXhLekNVem1ZWjdQb2ljaUdWaEFnaEhMMnhDK1NIQVxudmhIOWc5cklILzU5MitMOE5iVW1RM0JnQkxzeC9FcUtOcStuWDZ4TGlRS0JnUUQxNmVkN2RTK2Z4UTJuaEtvYlxuazFNRVprUlEwS09HN3ROd1VNcXM1T21OOVUxQXh0K3BtMG5DTUV2eXdGZ0pkMFd6MTFkK1cvOHYxNzVraWFsMFxuRi9raHdvSjNVdEtINFhGbW1LMCtLRkVHaW56Zm5pOHY4bGwwMzk1Qmh1VXFKazA5WTNyRlFPekpPV0lIK0l5Mlxubmg0bXZ4QW15cWVDaFg0NGhFUWxFc0taM3dLQmdRRHQ5dmJPMjlETGgwSFBVN09xTTVEdHc5d0RINE9uNVhOVVxuS2tzK01yQ3lOMG1IQnA0VHpwTU1hc2V2dmpXWFQ5bzR5S3NraFRvVzNtOVVLTnoyR3VTNldnUHl1a1JXK0lCY1xubWtHUm5DVG1yOWRUUHAzRElmTWNOSjBnWWRQRVhFZU5icHFHd1grZENQNFhURFc1ZGYvODNPSlRPRGlZbjBoYVxuTENFb2Y5OHFsUUtCZ0NFdWRaQ2dDRlFMbDhNUjBJNDErODZ0S2V5cHFsY0xwTFlVQUxVQmtrNFlXbHN5T24yOVxuT1YrZGVySC9xQ0ZtMlozaG9hbW9LaSsvY2E1Sk1QYzhRTjZBUzNCa1dZb0NMbllFaGVQTU50cW1GeUZwUzc2eFxuZWNhZWFuUDNDcmI4UWhIVmVYeGlQVkVOa0IrNU51dHhQR3BILzVyc1gxdnFQVlRNN0JFQWpnZUxBb0dCQUpyYVxuMDlIWmlnNW9mcE1FelM0OVVGcnAwZ3JXUHo3TE9qblRMQlBWdU5iQTA4Qml0Z3Y5cWdPeW1TL3NmOE52MjNxSVxuVzVid2U5VFYrMnl4Q3RtOHRvdnVlQk5FMDZRbElxTWdYdnI2dWFqRlZVSit4UHR1NUYyK2YySExSNXZJMFdkZ1xuU243Vy9NeWNSWDJ6d21KbVA2ZTF0aktocTNMbWRKYjVrTHBpUEQvaEFvR0FKcDBsWHBYM0drMzFzZ0RhU2ExM1xuZEQzcmRmRXpWYTNsWkVTMk5lUVluZCttZnpHNytvRTB6OVFNVlEwbEIvQXdpVnBRTFM1UXE2YjZLSnJ3YnV0Zlxuc3dodExlamJ3SUMvZUE0cGFxd1FSOWFBRUtTVHFaeUR6c0s1aVBTbC9RUWh1aHJEYW9HNzJ0d1dFNXQxVkI3alxuMmNBVEI2OWkvZWt2ODZaWHdxbWg5WEU9XG4tLS0tLUVORCBQUklWQVRFIEtFWS0tLS0tXG4iLAogICJjbGllbnRfZW1haWwiOiAidXBvcnRvLWNkLWNvbnRlbnQtcmVhZGVyQHVwb3J0by1jZC5pYW0uZ3NlcnZpY2VhY2NvdW50LmNvbSIsCiAgImNsaWVudF9pZCI6ICIxMDk4OTg3NjkxNjkzMTgyMjQyMDciLAogICJhdXRoX3VyaSI6ICJodHRwczovL2FjY291bnRzLmdvb2dsZS5jb20vby9vYXV0aDIvYXV0aCIsCiAgInRva2VuX3VyaSI6ICJodHRwczovL29hdXRoMi5nb29nbGVhcGlzLmNvbS90b2tlbiIsCiAgImF1dGhfcHJvdmlkZXJfeDUwOV9jZXJ0X3VybCI6ICJodHRwczovL3d3dy5nb29nbGVhcGlzLmNvbS9vYXV0aDIvdjEvY2VydHMiLAogICJjbGllbnRfeDUwOV9jZXJ0X3VybCI6ICJodHRwczovL3d3dy5nb29nbGVhcGlzLmNvbS9yb2JvdC92MS9tZXRhZGF0YS94NTA5L3Vwb3J0by1jZC1jb250ZW50LXJlYWRlciU0MHVwb3J0by1jZC5pYW0uZ3NlcnZpY2VhY2NvdW50LmNvbSIsCiAgInVuaXZlcnNlX2RvbWFpbiI6ICJnb29nbGVhcGlzLmNvbSIKfQo=",
            "private_key_type": "TYPE_GOOGLE_CREDENTIALS_FILE",
            "public_key": "LS0tLS1CRUdJTiBDRVJUSUZJQ0FURS0tLS0tCk1JSUMvVENDQWVXZ0F3SUJBZ0lKQUxmS0c5MmkxQnNlTUEwR0NTcUdTSWIzRFFFQkJRVUFNQ0F4SGpBY0JnTlYKQkFNTUZURXdPVGc1T0RjMk9URTJPVE14T0RJeU5ESXdOekFnRncweU5UQTFNamd4T1RFNU5ERmFHQTg1T1RrNQpNVEl6TVRJek5UazFPVm93SURFZU1Cd0dBMVVFQXd3Vk1UQTVPRGs0TnpZNU1UWTVNekU0TWpJME1qQTNNSUlCCklqQU5CZ2txaGtpRzl3MEJBUUVGQUFPQ0FROEFNSUlCQ2dLQ0FRRUE1SmJISnpYd1JUWWVoNWt4MFl1Y0U1L0kKUGd5Wjd5WHBwUDVrTWhnUFFta3lsczJkelU4a3dsN1dndlhLekd0MnJDWndXd2dYVnBwV005cEtGcmhPcXdGYQpJT3JYcHNrSWFuSFlteU52eXlPKzhQbWdLMHV0S1hXTWIvcFVvOStwbWxrcUFGTGhhZFlkbFFsd0x1Vk5YWVEwCktmWFRGVWlUZ2lCU3JDcm9MQk4zRThtUXZYcmtITDZxTzdDTUpZUG9wQzRBZUJCUTU3dzY1TnUwZFlaOTZLbWgKUE05NXhVbjlYemtBMHlsY01aaVJQbitZYzZ4M0J2ZDI3YnNIRTFjRjJQVE8zR3dtcTd0T3ptNTQ3UEdPOXROcgpoUHJBVDZZNVozcEMxTW1nZGhMQU0wZ3pzTFNXM2Q4SFBDR3FUL2FjeW9heUhiajdHVHMxVldwWmdzTWt5d0lECkFRQUJvemd3TmpBTUJnTlZIUk1CQWY4RUFqQUFNQTRHQTFVZER3RUIvd1FFQXdJSGdEQVdCZ05WSFNVQkFmOEUKRERBS0JnZ3JCZ0VGQlFjREFqQU5CZ2txaGtpRzl3MEJBUVVGQUFPQ0FRRUFEQUFnaEdSVUZHSG9kd1pOR1BBSwozOWFudi9VOXRLV0NnZGQwRDdscDdjUzRHT0VOL0pTOVB1ZzFSazhnb2Q3MTVVcXBPK1VLcXlqZkQxNzlhSDdJCnEzeVhscHlDYVE4U21hSGdNWnBtMGpmb05sQ054aTA2b2ZvcFZXcWdLdW9weGJuaThIVDNHSUxkdWtuRzZMMjQKdFlDcFRoZkVNWHVxd3MybGdyblVqZGFKVHZ4Y2loSFQ0cmVDYU1IZER4VFA5bU9yNEltSmJRNS9OSzEvNXFYMwpjQ0NQRUJGVlhMOVUwQzFPQVJUeE5vSGRGbjhucTZiZVN4Ung2UW83dm4xbGk2aENGZ0dOMlBUL0JLdGRwbjJ0CjU3eVBBWEd4ZVlabVJkUU1WTEJ2aGlUQU9WSStRaTFGaDl2OXBDT2tnN1NBQXVVUFZBcW91ZW1zckFLdEg2R28KMHc9PQotLS0tLUVORCBDRVJUSUZJQ0FURS0tLS0tCg==",
            "public_key_data": null,
            "public_key_type": "TYPE_X509_PEM_FILE",
            "service_account_id": "projects/uporto-cd/serviceAccounts/uporto-cd-content-reader@uporto-cd.iam.gserviceaccount.com",
            "valid_after": "2025-05-28T19:19:41Z",
            "valid_before": "9999-12-31T23:59:59Z"
          },
          "sensitive_attributes": [
            [
              {
                "type": "get_attr",
                "value": "private_key"
              }
            ]
          ],
          "private": "bnVsbA==",
          "dependencies": [
            "module.storage.google_service_account.content_reader"
          ]
        }
      ]
    },
    {
      "module": "module.storage",
      "mode": "managed",
      "type": "google_storage_bucket",
      "name": "master",
      "provider": "provider[\"registry.terraform.io/hashicorp/google\"]",
      "instances": [
        {
          "schema_version": 0,
          "attributes": {
            "autoclass": [],
            "cors": [
              {
                "max_age_seconds": 3600,
                "method": [
                  "GET",
                  "HEAD",
                  "OPTIONS"
                ],
                "origin": [
                  "*"
                ],
                "response_header": [
                  "*"
                ]
              }
            ],
            "custom_placement_config": [],
            "default_event_based_hold": false,
            "encryption": [],
            "force_destroy": false,
            "id": "uporto-cd-content-master",
            "labels": {
              "environment": "production",
              "managed-by": "terraform",
              "purpose": "content-master"
            },
            "lifecycle_rule": [],
            "location": "EU",
            "logging": [],
            "name": "uporto-cd-content-master",
            "project": "uporto-cd",
            "public_access_prevention": "inherited",
            "requester_pays": false,
            "retention_policy": [],
            "self_link": "https://www.googleapis.com/storage/v1/b/uporto-cd-content-master",
            "soft_delete_policy": [
              {
                "effective_time": "2025-05-28T11:54:34.156Z",
                "retention_duration_seconds": 604800
              }
            ],
            "storage_class": "STANDARD",
            "timeouts": null,
            "uniform_bucket_level_access": true,
            "url": "gs://uporto-cd-content-master",
            "versioning": [
              {
                "enabled": false
              }
            ],
            "website": []
          },
          "sensitive_attributes": [],
          "private": "eyJlMmJmYjczMC1lY2FhLTExZTYtOGY4OC0zNDM2M2JjN2M0YzAiOnsiY3JlYXRlIjo2MDAwMDAwMDAwMDAsInJlYWQiOjI0MDAwMDAwMDAwMCwidXBkYXRlIjoyNDAwMDAwMDAwMDB9fQ==",
          "dependencies": [
            "module.storage.google_project_service.storage_api"
          ]
        }
      ]
    },
    {
      "module": "module.storage",
      "mode": "managed",
      "type": "google_storage_bucket",
      "name": "regional_cache",
      "provider": "provider[\"registry.terraform.io/hashicorp/google\"]",
      "instances": [
        {
          "index_key": "asia-southeast1",
          "schema_version": 0,
          "attributes": {
            "autoclass": [],
            "cors": [
              {
                "max_age_seconds": 3600,
                "method": [
                  "GET",
                  "HEAD",
                  "OPTIONS"
                ],
                "origin": [
                  "*"
                ],
                "response_header": [
                  "*"
                ]
              }
            ],
            "custom_placement_config": [],
            "default_event_based_hold": false,
            "encryption": [],
            "force_destroy": false,
            "id": "uporto-cd-content-asia-southeast1",
            "labels": {
              "environment": "production",
              "managed-by": "terraform",
              "purpose": "content-cache",
              "region": "asia-southeast1"
            },
            "lifecycle_rule": [],
            "location": "ASIA-SOUTHEAST1",
            "logging": [],
            "name": "uporto-cd-content-asia-southeast1",
            "project": "uporto-cd",
            "public_access_prevention": "inherited",
            "requester_pays": false,
            "retention_policy": [],
            "self_link": "https://www.googleapis.com/storage/v1/b/uporto-cd-content-asia-southeast1",
            "soft_delete_policy": [
              {
                "effective_time": "2025-05-28T11:54:48.111Z",
                "retention_duration_seconds": 604800
              }
            ],
            "storage_class": "STANDARD",
            "timeouts": null,
            "uniform_bucket_level_access": true,
            "url": "gs://uporto-cd-content-asia-southeast1",
            "versioning": [
              {
                "enabled": false
              }
            ],
            "website": []
          },
          "sensitive_attributes": [],
          "private": "eyJlMmJmYjczMC1lY2FhLTExZTYtOGY4OC0zNDM2M2JjN2M0YzAiOnsiY3JlYXRlIjo2MDAwMDAwMDAwMDAsInJlYWQiOjI0MDAwMDAwMDAwMCwidXBkYXRlIjoyNDAwMDAwMDAwMDB9fQ==",
          "dependencies": [
            "module.storage.google_project_service.storage_api"
          ]
        },
        {
          "index_key": "europe-west2",
          "schema_version": 0,
          "attributes": {
            "autoclass": [],
            "cors": [
              {
                "max_age_seconds": 3600,
                "method": [
                  "GET",
                  "HEAD",
                  "OPTIONS"
                ],
                "origin": [
                  "*"
                ],
                "response_header": [
                  "*"
                ]
              }
            ],
            "custom_placement_config": [],
            "default_event_based_hold": false,
            "encryption": [],
            "force_destroy": false,
            "id": "uporto-cd-content-europe-west2",
            "labels": {
              "environment": "production",
              "managed-by": "terraform",
              "purpose": "content-cache",
              "region": "europe-west2"
            },
            "lifecycle_rule": [],
            "location": "EUROPE-WEST2",
            "logging": [],
            "name": "uporto-cd-content-europe-west2",
            "project": "uporto-cd",
            "public_access_prevention": "inherited",
            "requester_pays": false,
            "retention_policy": [],
            "self_link": "https://www.googleapis.com/storage/v1/b/uporto-cd-content-europe-west2",
            "soft_delete_policy": [
              {
                "effective_time": "2025-05-28T11:54:46.785Z",
                "retention_duration_seconds": 604800
              }
            ],
            "storage_class": "STANDARD",
            "timeouts": null,
            "uniform_bucket_level_access": true,
            "url": "gs://uporto-cd-content-europe-west2",
            "versioning": [
              {
                "enabled": false
              }
            ],
            "website": []
          },
          "sensitive_attributes": [],
          "private": "eyJlMmJmYjczMC1lY2FhLTExZTYtOGY4OC0zNDM2M2JjN2M0YzAiOnsiY3JlYXRlIjo2MDAwMDAwMDAwMDAsInJlYWQiOjI0MDAwMDAwMDAwMCwidXBkYXRlIjoyNDAwMDAwMDAwMDB9fQ==",
          "dependencies": [
            "module.storage.google_project_service.storage_api"
          ]
        },
        {
          "index_key": "us-south1",
          "schema_version": 0,
          "attributes": {
            "autoclass": [],
            "cors": [
              {
                "max_age_seconds": 3600,
                "method": [
                  "GET",
                  "HEAD",
                  "OPTIONS"
                ],
                "origin": [
                  "*"
                ],
                "response_header": [
                  "*"
                ]
              }
            ],
            "custom_placement_config": [],
            "default_event_based_hold": false,
            "encryption": [],
            "force_destroy": false,
            "id": "uporto-cd-content-us-south1",
            "labels": {
              "environment": "production",
              "managed-by": "terraform",
              "purpose": "content-cache",
              "region": "us-south1"
            },
            "lifecycle_rule": [],
            "location": "US-SOUTH1",
            "logging": [],
            "name": "uporto-cd-content-us-south1",
            "project": "uporto-cd",
            "public_access_prevention": "inherited",
            "requester_pays": false,
            "retention_policy": [],
            "self_link": "https://www.googleapis.com/storage/v1/b/uporto-cd-content-us-south1",
            "soft_delete_policy": [
              {
                "effective_time": "2025-05-28T11:54:48.219Z",
                "retention_duration_seconds": 604800
              }
            ],
            "storage_class": "STANDARD",
            "timeouts": null,
            "uniform_bucket_level_access": true,
            "url": "gs://uporto-cd-content-us-south1",
            "versioning": [
              {
                "enabled": false
              }
            ],
            "website": []
          },
          "sensitive_attributes": [],
          "private": "eyJlMmJmYjczMC1lY2FhLTExZTYtOGY4OC0zNDM2M2JjN2M0YzAiOnsiY3JlYXRlIjo2MDAwMDAwMDAwMDAsInJlYWQiOjI0MDAwMDAwMDAwMCwidXBkYXRlIjoyNDAwMDAwMDAwMDB9fQ==",
          "dependencies": [
            "module.storage.google_project_service.storage_api"
          ]
        }
      ]
    },
    {
      "module": "module.storage",
      "mode": "managed",
      "type": "google_storage_bucket_iam_member",
      "name": "admin_master_bucket",
      "provider": "provider[\"registry.terraform.io/hashicorp/google\"]",
      "instances": [
        {
          "schema_version": 0,
          "attributes": {
            "bucket": "b/uporto-cd-content-master",
            "condition": [],
            "etag": "CAQ=",
            "id": "b/uporto-cd-content-master/roles/storage.admin/serviceAccount:uporto-cd-content-admin@uporto-cd.iam.gserviceaccount.com",
            "member": "serviceAccount:uporto-cd-content-admin@uporto-cd.iam.gserviceaccount.com",
            "role": "roles/storage.admin"
          },
          "sensitive_attributes": [],
          "private": "bnVsbA==",
          "dependencies": [
            "module.storage.google_project_service.storage_api",
            "module.storage.google_service_account.content_admin",
            "module.storage.google_storage_bucket.master"
          ]
        }
      ]
    },
    {
      "module": "module.storage",
      "mode": "managed",
      "type": "google_storage_bucket_iam_member",
      "name": "admin_regional_buckets",
      "provider": "provider[\"registry.terraform.io/hashicorp/google\"]",
      "instances": [
        {
          "index_key": "asia-southeast1",
          "schema_version": 0,
          "attributes": {
            "bucket": "b/uporto-cd-content-asia-southeast1",
            "condition": [],
            "etag": "CAc=",
            "id": "b/uporto-cd-content-asia-southeast1/roles/storage.admin/serviceAccount:uporto-cd-content-admin@uporto-cd.iam.gserviceaccount.com",
            "member": "serviceAccount:uporto-cd-content-admin@uporto-cd.iam.gserviceaccount.com",
            "role": "roles/storage.admin"
          },
          "sensitive_attributes": [],
          "private": "bnVsbA==",
          "dependencies": [
            "module.storage.google_project_service.storage_api",
            "module.storage.google_service_account.content_admin",
            "module.storage.google_storage_bucket.regional_cache"
          ]
        },
        {
          "index_key": "europe-west2",
          "schema_version": 0,
          "attributes": {
            "bucket": "b/uporto-cd-content-europe-west2",
            "condition": [],
            "etag": "CAc=",
            "id": "b/uporto-cd-content-europe-west2/roles/storage.admin/serviceAccount:uporto-cd-content-admin@uporto-cd.iam.gserviceaccount.com",
            "member": "serviceAccount:uporto-cd-content-admin@uporto-cd.iam.gserviceaccount.com",
            "role": "roles/storage.admin"
          },
          "sensitive_attributes": [],
          "private": "bnVsbA==",
          "dependencies": [
            "module.storage.google_project_service.storage_api",
            "module.storage.google_service_account.content_admin",
            "module.storage.google_storage_bucket.regional_cache"
          ]
        },
        {
          "index_key": "us-south1",
          "schema_version": 0,
          "attributes": {
            "bucket": "b/uporto-cd-content-us-south1",
            "condition": [],
            "etag": "CAc=",
            "id": "b/uporto-cd-content-us-south1/roles/storage.admin/serviceAccount:uporto-cd-content-admin@uporto-cd.iam.gserviceaccount.com",
            "member": "serviceAccount:uporto-cd-content-admin@uporto-cd.iam.gserviceaccount.com",
            "role": "roles/storage.admin"
          },
          "sensitive_attributes": [],
          "private": "bnVsbA==",
          "dependencies": [
            "module.storage.google_project_service.storage_api",
            "module.storage.google_service_account.content_admin",
            "module.storage.google_storage_bucket.regional_cache"
          ]
        }
      ]
    },
    {
      "module": "module.storage",
      "mode": "managed",
      "type": "google_storage_bucket_iam_member",
      "name": "pods_regional_buckets",
      "provider": "provider[\"registry.terraform.io/hashicorp/google\"]",
      "instances": [
        {
          "index_key": "asia-southeast1",
          "schema_version": 0,
          "attributes": {
            "bucket": "b/uporto-cd-content-asia-southeast1",
            "condition": [],
            "etag": "CAY=",
            "id": "b/uporto-cd-content-asia-southeast1/roles/storage.objectViewer/serviceAccount:uporto-cd-content-reader@uporto-cd.iam.gserviceaccount.com",
            "member": "serviceAccount:uporto-cd-content-reader@uporto-cd.iam.gserviceaccount.com",
            "role": "roles/storage.objectViewer"
          },
          "sensitive_attributes": [],
          "private": "bnVsbA==",
          "dependencies": [
            "module.storage.google_project_service.storage_api",
            "module.storage.google_service_account.content_reader",
            "module.storage.google_storage_bucket.regional_cache"
          ]
        },
        {
          "index_key": "europe-west2",
          "schema_version": 0,
          "attributes": {
            "bucket": "b/uporto-cd-content-europe-west2",
            "condition": [],
            "etag": "CAY=",
            "id": "b/uporto-cd-content-europe-west2/roles/storage.objectViewer/serviceAccount:uporto-cd-content-reader@uporto-cd.iam.gserviceaccount.com",
            "member": "serviceAccount:uporto-cd-content-reader@uporto-cd.iam.gserviceaccount.com",
            "role": "roles/storage.objectViewer"
          },
          "sensitive_attributes": [],
          "private": "bnVsbA==",
          "dependencies": [
            "module.storage.google_project_service.storage_api",
            "module.storage.google_service_account.content_reader",
            "module.storage.google_storage_bucket.regional_cache"
          ]
        },
        {
          "index_key": "us-south1",
          "schema_version": 0,
          "attributes": {
            "bucket": "b/uporto-cd-content-us-south1",
            "condition": [],
            "etag": "CAY=",
            "id": "b/uporto-cd-content-us-south1/roles/storage.objectViewer/serviceAccount:uporto-cd-content-reader@uporto-cd.iam.gserviceaccount.com",
            "member": "serviceAccount:uporto-cd-content-reader@uporto-cd.iam.gserviceaccount.com",
            "role": "roles/storage.objectViewer"
          },
          "sensitive_attributes": [],
          "private": "bnVsbA==",
          "dependencies": [
            "module.storage.google_project_service.storage_api",
            "module.storage.google_service_account.content_reader",
            "module.storage.google_storage_bucket.regional_cache"
          ]
        }
      ]
    }
  ],
  "check_results": [
    {
      "object_kind": "var",
      "config_addr": "module.storage.var.master_bucket_location",
      "status": "unknown",
      "objects": null
    },
    {
      "object_kind": "var",
      "config_addr": "module.storage.var.regional_bucket_storage_class",
      "status": "unknown",
      "objects": null
    },
    {
      "object_kind": "var",
      "config_addr": "module.storage.var.public_access_prevention",
      "status": "unknown",
      "objects": null
    },
    {
      "object_kind": "var",
      "config_addr": "module.storage.var.master_bucket_storage_class",
      "status": "unknown",
      "objects": null
    },
    {
      "object_kind": "var",
      "config_addr": "var.storage_public_access_prevention",
      "status": "unknown",
      "objects": null
    },
    {
      "object_kind": "var",
      "config_addr": "var.master_bucket_location",
      "status": "unknown",
      "objects": null
    },
    {
      "object_kind": "var",
      "config_addr": "module.gke_cold.var.cluster_type",
      "status": "pass",
      "objects": [
        {
          "object_addr": "module.gke_cold[\"asia-southeast1\"].var.cluster_type",
          "status": "pass"
        }
      ]
    },
    {
      "object_kind": "var",
      "config_addr": "module.gke_hot.var.cluster_type",
      "status": "pass",
      "objects": [
        {
          "object_addr": "module.gke_hot[\"europe-west2\"].var.cluster_type",
          "status": "pass"
        },
        {
          "object_addr": "module.gke_hot[\"us-south1\"].var.cluster_type",
          "status": "pass"
        }
      ]
    }
  ]
}
