{
  "version": 4,
  "terraform_version": "1.11.3",
  "serial": 299,
  "lineage": "76940ebb-4293-7f78-a9e5-ea2ad73ae1e3",
  "outputs": {
    "admin_public_ip": {
      "value": "35.230.157.12",
      "type": "string"
    },
    "admin_ssh_command": {
      "value": "ssh ubuntu@35.230.157.12",
      "type": "string"
    },
    "bastion_internal_ips": {
      "value": {
        "asia-southeast1": "10.3.0.2",
        "europe-west2": "10.1.0.2",
        "us-south1": "10.2.0.2"
      },
      "type": [
        "object",
        {
          "asia-southeast1": "string",
          "europe-west2": "string",
          "us-south1": "string"
        }
      ]
    },
    "bastion_ssh_via_admin": {
      "value": {
        "asia-southeast1": "ssh -J ubuntu@35.230.157.12 ubuntu@10.3.0.2",
        "europe-west2": "ssh -J ubuntu@35.230.157.12 ubuntu@10.1.0.2",
        "us-south1": "ssh -J ubuntu@35.230.157.12 ubuntu@10.2.0.2"
      },
      "type": [
        "object",
        {
          "asia-southeast1": "string",
          "europe-west2": "string",
          "us-south1": "string"
        }
      ]
    },
    "content_admin_sa_email": {
      "value": "uporto-cd-content-admin@uporto-cd.iam.gserviceaccount.com",
      "type": "string"
    },
    "content_management_instructions": {
      "value": {
        "master_bucket": "uporto-cd-content-master",
        "regional_buckets": {
          "asia-southeast1": "uporto-cd-content-asia-southeast1",
          "europe-west2": "uporto-cd-content-europe-west2",
          "us-south1": "uporto-cd-content-us-south1"
        },
        "service_accounts": {
          "admin_sa": "uporto-cd-content-admin@uporto-cd.iam.gserviceaccount.com",
          "reader_sa": "uporto-cd-content-reader@uporto-cd.iam.gserviceaccount.com"
        },
        "sync_commands": {
          "to_master": "gsutil -m rsync -r -d /opt/content/uploads/ gs://uporto-cd-content-master/",
          "to_regions": {
            "asia-southeast1": "gsutil -m rsync -r -d gs://uporto-cd-content-master/ gs://uporto-cd-content-asia-southeast1/",
            "europe-west2": "gsutil -m rsync -r -d gs://uporto-cd-content-master/ gs://uporto-cd-content-europe-west2/",
            "us-south1": "gsutil -m rsync -r -d gs://uporto-cd-content-master/ gs://uporto-cd-content-us-south1/"
          }
        },
        "upload_directory": "/opt/content/uploads/"
      },
      "type": [
        "object",
        {
          "master_bucket": "string",
          "regional_buckets": [
            "object",
            {
              "asia-southeast1": "string",
              "europe-west2": "string",
              "us-south1": "string"
            }
          ],
          "service_accounts": [
            "object",
            {
              "admin_sa": "string",
              "reader_sa": "string"
            }
          ],
          "sync_commands": [
            "object",
            {
              "to_master": "string",
              "to_regions": [
                "object",
                {
                  "asia-southeast1": "string",
                  "europe-west2": "string",
                  "us-south1": "string"
                }
              ]
            }
          ],
          "upload_directory": "string"
        }
      ]
    },
    "content_reader_sa_email": {
      "value": "uporto-cd-content-reader@uporto-cd.iam.gserviceaccount.com",
      "type": "string"
    },
    "csi_driver_config": {
      "value": {
        "asia-southeast1": {
          "bucket_name": "uporto-cd-content-asia-southeast1",
          "mount_path": "/mnt/videos",
          "service_account": "uporto-cd-content-reader@uporto-cd.iam.gserviceaccount.com",
          "storage_class_name": "gcs-fuse-csi-asia-southeast1",
          "volume_name": "content-storage-asia-southeast1"
        },
        "europe-west2": {
          "bucket_name": "uporto-cd-content-europe-west2",
          "mount_path": "/mnt/videos",
          "service_account": "uporto-cd-content-reader@uporto-cd.iam.gserviceaccount.com",
          "storage_class_name": "gcs-fuse-csi-europe-west2",
          "volume_name": "content-storage-europe-west2"
        },
        "us-south1": {
          "bucket_name": "uporto-cd-content-us-south1",
          "mount_path": "/mnt/videos",
          "service_account": "uporto-cd-content-reader@uporto-cd.iam.gserviceaccount.com",
          "storage_class_name": "gcs-fuse-csi-us-south1",
          "volume_name": "content-storage-us-south1"
        }
      },
      "type": [
        "object",
        {
          "asia-southeast1": [
            "object",
            {
              "bucket_name": "string",
              "mount_path": "string",
              "service_account": "string",
              "storage_class_name": "string",
              "volume_name": "string"
            }
          ],
          "europe-west2": [
            "object",
            {
              "bucket_name": "string",
              "mount_path": "string",
              "service_account": "string",
              "storage_class_name": "string",
              "volume_name": "string"
            }
          ],
          "us-south1": [
            "object",
            {
              "bucket_name": "string",
              "mount_path": "string",
              "service_account": "string",
              "storage_class_name": "string",
              "volume_name": "string"
            }
          ]
        }
      ]
    },
    "deployment_urls": {
      "value": {
        "global_ip": "34.54.254.248",
        "health_check": "https://adm-cdn.pt/health",
        "http_url": "http://34.54.254.248",
        "https_url": "https://adm-cdn.pt",
        "www_url": "https://www.adm-cdn.pt"
      },
      "type": [
        "object",
        {
          "global_ip": "string",
          "health_check": "string",
          "http_url": "string",
          "https_url": "string",
          "www_url": "string"
        }
      ]
    },
    "domain_configuration": {
      "value": {
        "domain_name": "adm-cdn.pt",
        "nameservers": [
          "ns-cloud-c1.googledomains.com.",
          "ns-cloud-c2.googledomains.com.",
          "ns-cloud-c3.googledomains.com.",
          "ns-cloud-c4.googledomains.com."
        ],
        "ssl_certificate_name": "uporto-cd-ssl-cert",
        "ssl_domains": [
          "adm-cdn.pt",
          "www.adm-cdn.pt"
        ]
      },
      "type": [
        "object",
        {
          "domain_name": "string",
          "nameservers": [
            "list",
            "string"
          ],
          "ssl_certificate_name": "string",
          "ssl_domains": [
            "list",
            "string"
          ]
        }
      ]
    },
    "gcs_csi_enabled": {
      "value": {
        "asia-southeast1": "enabled",
        "europe-west2": "enabled",
        "us-south1": "enabled"
      },
      "type": [
        "object",
        {
          "asia-southeast1": "string",
          "europe-west2": "string",
          "us-south1": "string"
        }
      ]
    },
    "gke_clusters": {
      "value": {
        "asia-southeast1 (cold)": {
          "cluster_name": "uporto-cd-gke-asia-southeast1",
          "endpoint": "172.16.3.2",
          "type": "cold"
        },
        "europe-west2 (hot)": {
          "cluster_name": "uporto-cd-gke-europe-west2",
          "endpoint": "172.16.1.2",
          "type": "hot"
        },
        "us-south1 (hot)": {
          "cluster_name": "uporto-cd-gke-us-south1",
          "endpoint": "172.16.2.2",
          "type": "hot"
        }
      },
      "type": [
        "object",
        {
          "asia-southeast1 (cold)": [
            "object",
            {
              "cluster_name": "string",
              "endpoint": "string",
              "type": "string"
            }
          ],
          "europe-west2 (hot)": [
            "object",
            {
              "cluster_name": "string",
              "endpoint": "string",
              "type": "string"
            }
          ],
          "us-south1 (hot)": [
            "object",
            {
              "cluster_name": "string",
              "endpoint": "string",
              "type": "string"
            }
          ]
        }
      ]
    },
    "gke_connect_commands": {
      "value": {
        "asia-southeast1 (cold)": "gcloud container clusters get-credentials uporto-cd-gke-asia-southeast1 --region asia-southeast1 --project uporto-cd",
        "europe-west2 (hot)": "gcloud container clusters get-credentials uporto-cd-gke-europe-west2 --region europe-west2 --project uporto-cd",
        "us-south1 (hot)": "gcloud container clusters get-credentials uporto-cd-gke-us-south1 --region us-south1 --project uporto-cd"
      },
      "type": [
        "object",
        {
          "asia-southeast1 (cold)": "string",
          "europe-west2 (hot)": "string",
          "us-south1 (hot)": "string"
        }
      ]
    },
    "gsutil_sync_commands": {
      "value": {
        "sync_to_regional": {
          "asia-southeast1": "gsutil -m rsync -r -d gs://uporto-cd-content-master/ gs://uporto-cd-content-asia-southeast1/",
          "europe-west2": "gsutil -m rsync -r -d gs://uporto-cd-content-master/ gs://uporto-cd-content-europe-west2/",
          "us-south1": "gsutil -m rsync -r -d gs://uporto-cd-content-master/ gs://uporto-cd-content-us-south1/"
        },
        "upload_to_master": "gsutil -m rsync -r -d /opt/content/uploads/ gs://uporto-cd-content-master/"
      },
      "type": [
        "object",
        {
          "sync_to_regional": [
            "object",
            {
              "asia-southeast1": "string",
              "europe-west2": "string",
              "us-south1": "string"
            }
          ],
          "upload_to_master": "string"
        }
      ]
    },
    "kubectl_access_via_bastions": {
      "value": {
        "asia-southeast1": "Connect via: ssh -J ubuntu@35.230.157.12 ubuntu@10.3.0.2",
        "europe-west2": "Connect via: ssh -J ubuntu@35.230.157.12 ubuntu@10.1.0.2",
        "us-south1": "Connect via: ssh -J ubuntu@35.230.157.12 ubuntu@10.2.0.2"
      },
      "type": [
        "object",
        {
          "asia-southeast1": "string",
          "europe-west2": "string",
          "us-south1": "string"
        }
      ]
    },
    "load_balancer_ip": {
      "value": "34.54.254.248",
      "type": "string"
    },
    "master_bucket_name": {
      "value": "uporto-cd-content-master",
      "type": "string"
    },
    "nameserver_instructions": {
      "value": {
        "domain": "adm-cdn.pt",
        "message": "Configure these nameservers at your domain registrar:",
        "nameservers": [
          "ns-cloud-c1.googledomains.com.",
          "ns-cloud-c2.googledomains.com.",
          "ns-cloud-c3.googledomains.com.",
          "ns-cloud-c4.googledomains.com."
        ]
      },
      "type": [
        "object",
        {
          "domain": "string",
          "message": "string",
          "nameservers": [
            "list",
            "string"
          ]
        }
      ]
    },
    "network_details": {
      "value": {
        "asia-southeast1": {
          "network_name": "uporto-cd-vpc-asia-southeast1",
          "subnet_cidr": "10.3.0.0/20"
        },
        "europe-west2": {
          "network_name": "uporto-cd-vpc-europe-west2",
          "subnet_cidr": "10.1.0.0/20"
        },
        "us-south1": {
          "network_name": "uporto-cd-vpc-us-south1",
          "subnet_cidr": "10.2.0.0/20"
        }
      },
      "type": [
        "object",
        {
          "asia-southeast1": [
            "object",
            {
              "network_name": "string",
              "subnet_cidr": "string"
            }
          ],
          "europe-west2": [
            "object",
            {
              "network_name": "string",
              "subnet_cidr": "string"
            }
          ],
          "us-south1": [
            "object",
            {
              "network_name": "string",
              "subnet_cidr": "string"
            }
          ]
        }
      ]
    },
    "regional_bucket_names": {
      "value": {
        "asia-southeast1": "uporto-cd-content-asia-southeast1",
        "europe-west2": "uporto-cd-content-europe-west2",
        "us-south1": "uporto-cd-content-us-south1"
      },
      "type": [
        "object",
        {
          "asia-southeast1": "string",
          "europe-west2": "string",
          "us-south1": "string"
        }
      ]
    },
    "ssh_key_debug": {
      "value": "ssh-rsa AAAAB3NzaC1yc2EAAAADAQABAAACAQC8d/Bg52qrZq...",
      "type": "string",
      "sensitive": true
    },
    "storage_summary": {
      "value": {
        "master_bucket": {
          "location": "EU",
          "name": "uporto-cd-content-master",
          "purpose": "Content ingestion and master storage"
        },
        "regional_buckets": {
          "asia-southeast1": {
            "location": "ASIA-SOUTHEAST1",
            "name": "uporto-cd-content-asia-southeast1",
            "purpose": "Regional content cache for asia-southeast1"
          },
          "europe-west2": {
            "location": "EUROPE-WEST2",
            "name": "uporto-cd-content-europe-west2",
            "purpose": "Regional content cache for europe-west2"
          },
          "us-south1": {
            "location": "US-SOUTH1",
            "name": "uporto-cd-content-us-south1",
            "purpose": "Regional content cache for us-south1"
          }
        },
        "service_accounts": {
          "admin": {
            "email": "uporto-cd-content-admin@uporto-cd.iam.gserviceaccount.com",
            "purpose": "Admin VM content management"
          },
          "reader": {
            "email": "uporto-cd-content-reader@uporto-cd.iam.gserviceaccount.com",
            "purpose": "Kubernetes pod content access"
          }
        }
      },
      "type": [
        "object",
        {
          "master_bucket": [
            "object",
            {
              "location": "string",
              "name": "string",
              "purpose": "string"
            }
          ],
          "regional_buckets": [
            "object",
            {
              "asia-southeast1": [
                "object",
                {
                  "location": "string",
                  "name": "string",
                  "purpose": "string"
                }
              ],
              "europe-west2": [
                "object",
                {
                  "location": "string",
                  "name": "string",
                  "purpose": "string"
                }
              ],
              "us-south1": [
                "object",
                {
                  "location": "string",
                  "name": "string",
                  "purpose": "string"
                }
              ]
            }
          ],
          "service_accounts": [
            "object",
            {
              "admin": [
                "object",
                {
                  "email": "string",
                  "purpose": "string"
                }
              ],
              "reader": [
                "object",
                {
                  "email": "string",
                  "purpose": "string"
                }
              ]
            }
          ]
        }
      ]
    },
    "workload_identity_annotation": {
      "value": "iam.gke.io/gcp-service-account=uporto-cd-content-reader@uporto-cd.iam.gserviceaccount.com",
      "type": "string"
    },
    "workload_identity_pool": {
      "value": "uporto-cd.svc.id.goog",
      "type": "string"
    }
  },
  "resources": [
    {
      "mode": "managed",
      "type": "google_compute_network_peering",
      "name": "admin_to_region",
      "provider": "provider[\"registry.terraform.io/hashicorp/google\"]",
      "instances": [
        {
          "index_key": "asia-southeast1",
          "schema_version": 0,
          "attributes": {
            "export_custom_routes": true,
            "export_subnet_routes_with_public_ip": true,
            "id": "uporto-cd-admin-vpc/uporto-cd-admin-to-asia-southeast1",
            "import_custom_routes": true,
            "import_subnet_routes_with_public_ip": false,
            "name": "uporto-cd-admin-to-asia-southeast1",
            "network": "https://www.googleapis.com/compute/v1/projects/uporto-cd/global/networks/uporto-cd-admin-vpc",
            "peer_network": "https://www.googleapis.com/compute/v1/projects/uporto-cd/global/networks/uporto-cd-vpc-asia-southeast1",
            "stack_type": "IPV4_ONLY",
            "state": "ACTIVE",
            "state_details": "[2025-05-28T04:58:16.918-07:00]: Connected.",
            "timeouts": null
          },
          "sensitive_attributes": [],
          "private": "eyJlMmJmYjczMC1lY2FhLTExZTYtOGY4OC0zNDM2M2JjN2M0YzAiOnsiY3JlYXRlIjoyNDAwMDAwMDAwMDAsImRlbGV0ZSI6MjQwMDAwMDAwMDAwLCJ1cGRhdGUiOjI0MDAwMDAwMDAwMH19",
          "dependencies": [
            "module.admin.google_compute_network.admin_vpc",
            "module.admin.google_project_service.compute_api",
            "module.network.google_compute_firewall.allow_egress_to_admin",
            "module.network.google_compute_firewall.allow_from_admin",
            "module.network.google_compute_firewall.allow_internal",
            "module.network.google_compute_firewall.allow_internet_egress",
            "module.network.google_compute_firewall.block_inter_region",
            "module.network.google_compute_network.vpc",
            "module.network.google_compute_router.router",
            "module.network.google_compute_router_nat.nat",
            "module.network.google_compute_subnetwork.subnet"
          ]
        },
        {
          "index_key": "europe-west2",
          "schema_version": 0,
          "attributes": {
            "export_custom_routes": true,
            "export_subnet_routes_with_public_ip": true,
            "id": "uporto-cd-admin-vpc/uporto-cd-admin-to-europe-west2",
            "import_custom_routes": true,
            "import_subnet_routes_with_public_ip": false,
            "name": "uporto-cd-admin-to-europe-west2",
            "network": "https://www.googleapis.com/compute/v1/projects/uporto-cd/global/networks/uporto-cd-admin-vpc",
            "peer_network": "https://www.googleapis.com/compute/v1/projects/uporto-cd/global/networks/uporto-cd-vpc-europe-west2",
            "stack_type": "IPV4_ONLY",
            "state": "ACTIVE",
            "state_details": "[2025-05-28T04:57:30.862-07:00]: Connected.",
            "timeouts": null
          },
          "sensitive_attributes": [],
          "private": "eyJlMmJmYjczMC1lY2FhLTExZTYtOGY4OC0zNDM2M2JjN2M0YzAiOnsiY3JlYXRlIjoyNDAwMDAwMDAwMDAsImRlbGV0ZSI6MjQwMDAwMDAwMDAwLCJ1cGRhdGUiOjI0MDAwMDAwMDAwMH19",
          "dependencies": [
            "module.admin.google_compute_network.admin_vpc",
            "module.admin.google_project_service.compute_api",
            "module.network.google_compute_firewall.allow_egress_to_admin",
            "module.network.google_compute_firewall.allow_from_admin",
            "module.network.google_compute_firewall.allow_internal",
            "module.network.google_compute_firewall.allow_internet_egress",
            "module.network.google_compute_firewall.block_inter_region",
            "module.network.google_compute_network.vpc",
            "module.network.google_compute_router.router",
            "module.network.google_compute_router_nat.nat",
            "module.network.google_compute_subnetwork.subnet"
          ]
        },
        {
          "index_key": "us-south1",
          "schema_version": 0,
          "attributes": {
            "export_custom_routes": true,
            "export_subnet_routes_with_public_ip": true,
            "id": "uporto-cd-admin-vpc/uporto-cd-admin-to-us-south1",
            "import_custom_routes": true,
            "import_subnet_routes_with_public_ip": false,
            "name": "uporto-cd-admin-to-us-south1",
            "network": "https://www.googleapis.com/compute/v1/projects/uporto-cd/global/networks/uporto-cd-admin-vpc",
            "peer_network": "https://www.googleapis.com/compute/v1/projects/uporto-cd/global/networks/uporto-cd-vpc-us-south1",
            "stack_type": "IPV4_ONLY",
            "state": "ACTIVE",
            "state_details": "[2025-05-28T04:57:05.844-07:00]: Connected.",
            "timeouts": null
          },
          "sensitive_attributes": [],
          "private": "eyJlMmJmYjczMC1lY2FhLTExZTYtOGY4OC0zNDM2M2JjN2M0YzAiOnsiY3JlYXRlIjoyNDAwMDAwMDAwMDAsImRlbGV0ZSI6MjQwMDAwMDAwMDAwLCJ1cGRhdGUiOjI0MDAwMDAwMDAwMH19",
          "dependencies": [
            "module.admin.google_compute_network.admin_vpc",
            "module.admin.google_project_service.compute_api",
            "module.network.google_compute_firewall.allow_egress_to_admin",
            "module.network.google_compute_firewall.allow_from_admin",
            "module.network.google_compute_firewall.allow_internal",
            "module.network.google_compute_firewall.allow_internet_egress",
            "module.network.google_compute_firewall.block_inter_region",
            "module.network.google_compute_network.vpc",
            "module.network.google_compute_router.router",
            "module.network.google_compute_router_nat.nat",
            "module.network.google_compute_subnetwork.subnet"
          ]
        }
      ]
    },
    {
      "mode": "managed",
      "type": "google_compute_network_peering",
      "name": "region_to_admin",
      "provider": "provider[\"registry.terraform.io/hashicorp/google\"]",
      "instances": [
        {
          "index_key": "asia-southeast1",
          "schema_version": 0,
          "attributes": {
            "export_custom_routes": true,
            "export_subnet_routes_with_public_ip": true,
            "id": "uporto-cd-vpc-asia-southeast1/uporto-cd-asia-southeast1-to-admin",
            "import_custom_routes": true,
            "import_subnet_routes_with_public_ip": false,
            "name": "uporto-cd-asia-southeast1-to-admin",
            "network": "https://www.googleapis.com/compute/v1/projects/uporto-cd/global/networks/uporto-cd-vpc-asia-southeast1",
            "peer_network": "https://www.googleapis.com/compute/v1/projects/uporto-cd/global/networks/uporto-cd-admin-vpc",
            "stack_type": "IPV4_ONLY",
            "state": "ACTIVE",
            "state_details": "[2025-05-28T04:56:29.225-07:00]: Connected.",
            "timeouts": null
          },
          "sensitive_attributes": [],
          "private": "eyJlMmJmYjczMC1lY2FhLTExZTYtOGY4OC0zNDM2M2JjN2M0YzAiOnsiY3JlYXRlIjoyNDAwMDAwMDAwMDAsImRlbGV0ZSI6MjQwMDAwMDAwMDAwLCJ1cGRhdGUiOjI0MDAwMDAwMDAwMH19",
          "dependencies": [
            "module.admin.google_compute_network.admin_vpc",
            "module.admin.google_project_service.compute_api",
            "module.network.google_compute_firewall.allow_egress_to_admin",
            "module.network.google_compute_firewall.allow_from_admin",
            "module.network.google_compute_firewall.allow_internal",
            "module.network.google_compute_firewall.allow_internet_egress",
            "module.network.google_compute_firewall.block_inter_region",
            "module.network.google_compute_network.vpc",
            "module.network.google_compute_router.router",
            "module.network.google_compute_router_nat.nat",
            "module.network.google_compute_subnetwork.subnet"
          ]
        },
        {
          "index_key": "europe-west2",
          "schema_version": 0,
          "attributes": {
            "export_custom_routes": true,
            "export_subnet_routes_with_public_ip": true,
            "id": "uporto-cd-vpc-europe-west2/uporto-cd-europe-west2-to-admin",
            "import_custom_routes": true,
            "import_subnet_routes_with_public_ip": false,
            "name": "uporto-cd-europe-west2-to-admin",
            "network": "https://www.googleapis.com/compute/v1/projects/uporto-cd/global/networks/uporto-cd-vpc-europe-west2",
            "peer_network": "https://www.googleapis.com/compute/v1/projects/uporto-cd/global/networks/uporto-cd-admin-vpc",
            "stack_type": "IPV4_ONLY",
            "state": "ACTIVE",
            "state_details": "[2025-05-28T04:57:30.862-07:00]: Connected.",
            "timeouts": null
          },
          "sensitive_attributes": [],
          "private": "eyJlMmJmYjczMC1lY2FhLTExZTYtOGY4OC0zNDM2M2JjN2M0YzAiOnsiY3JlYXRlIjoyNDAwMDAwMDAwMDAsImRlbGV0ZSI6MjQwMDAwMDAwMDAwLCJ1cGRhdGUiOjI0MDAwMDAwMDAwMH19",
          "dependencies": [
            "module.admin.google_compute_network.admin_vpc",
            "module.admin.google_project_service.compute_api",
            "module.network.google_compute_firewall.allow_egress_to_admin",
            "module.network.google_compute_firewall.allow_from_admin",
            "module.network.google_compute_firewall.allow_internal",
            "module.network.google_compute_firewall.allow_internet_egress",
            "module.network.google_compute_firewall.block_inter_region",
            "module.network.google_compute_network.vpc",
            "module.network.google_compute_router.router",
            "module.network.google_compute_router_nat.nat",
            "module.network.google_compute_subnetwork.subnet"
          ]
        },
        {
          "index_key": "us-south1",
          "schema_version": 0,
          "attributes": {
            "export_custom_routes": true,
            "export_subnet_routes_with_public_ip": true,
            "id": "uporto-cd-vpc-us-south1/uporto-cd-us-south1-to-admin",
            "import_custom_routes": true,
            "import_subnet_routes_with_public_ip": false,
            "name": "uporto-cd-us-south1-to-admin",
            "network": "https://www.googleapis.com/compute/v1/projects/uporto-cd/global/networks/uporto-cd-vpc-us-south1",
            "peer_network": "https://www.googleapis.com/compute/v1/projects/uporto-cd/global/networks/uporto-cd-admin-vpc",
            "stack_type": "IPV4_ONLY",
            "state": "ACTIVE",
            "state_details": "[2025-05-28T04:57:05.844-07:00]: Connected.",
            "timeouts": null
          },
          "sensitive_attributes": [],
          "private": "eyJlMmJmYjczMC1lY2FhLTExZTYtOGY4OC0zNDM2M2JjN2M0YzAiOnsiY3JlYXRlIjoyNDAwMDAwMDAwMDAsImRlbGV0ZSI6MjQwMDAwMDAwMDAwLCJ1cGRhdGUiOjI0MDAwMDAwMDAwMH19",
          "dependencies": [
            "module.admin.google_compute_network.admin_vpc",
            "module.admin.google_project_service.compute_api",
            "module.network.google_compute_firewall.allow_egress_to_admin",
            "module.network.google_compute_firewall.allow_from_admin",
            "module.network.google_compute_firewall.allow_internal",
            "module.network.google_compute_firewall.allow_internet_egress",
            "module.network.google_compute_firewall.block_inter_region",
            "module.network.google_compute_network.vpc",
            "module.network.google_compute_router.router",
            "module.network.google_compute_router_nat.nat",
            "module.network.google_compute_subnetwork.subnet"
          ]
        }
      ]
    },
    {
      "module": "module.admin",
      "mode": "managed",
      "type": "google_compute_address",
      "name": "admin_ip",
      "provider": "provider[\"registry.terraform.io/hashicorp/google\"]",
      "instances": [
        {
          "schema_version": 0,
          "attributes": {
            "address": "35.230.157.12",
            "address_type": "EXTERNAL",
            "creation_timestamp": "2025-05-28T04:54:36.292-07:00",
            "description": "Static IP for admin VM",
            "id": "projects/uporto-cd/regions/europe-west2/addresses/uporto-cd-admin-ip",
            "ip_version": "",
            "ipv6_endpoint_type": "",
            "name": "uporto-cd-admin-ip",
            "network": "",
            "network_tier": "PREMIUM",
            "prefix_length": 0,
            "project": "uporto-cd",
            "purpose": "",
            "region": "europe-west2",
            "self_link": "https://www.googleapis.com/compute/v1/projects/uporto-cd/regions/europe-west2/addresses/uporto-cd-admin-ip",
            "subnetwork": "",
            "timeouts": null,
            "users": [
              "https://www.googleapis.com/compute/v1/projects/uporto-cd/zones/europe-west2-a/instances/uporto-cd-admin"
            ]
          },
          "sensitive_attributes": [],
          "private": "eyJlMmJmYjczMC1lY2FhLTExZTYtOGY4OC0zNDM2M2JjN2M0YzAiOnsiY3JlYXRlIjoxMjAwMDAwMDAwMDAwLCJkZWxldGUiOjEyMDAwMDAwMDAwMDB9fQ=="
        }
      ]
    },
    {
      "module": "module.admin",
      "mode": "managed",
      "type": "google_compute_backend_service",
      "name": "admin_webapp",
      "provider": "provider[\"registry.terraform.io/hashicorp/google\"]",
      "instances": [
        {
          "schema_version": 1,
          "attributes": {
            "affinity_cookie_ttl_sec": 0,
            "backend": [
              {
                "balancing_mode": "UTILIZATION",
                "capacity_scaler": 1,
                "description": "",
                "group": "https://www.googleapis.com/compute/v1/projects/uporto-cd/zones/europe-west2-a/instanceGroups/uporto-cd-admin-group",
                "max_connections": 0,
                "max_connections_per_endpoint": 0,
                "max_connections_per_instance": 0,
                "max_rate": 0,
                "max_rate_per_endpoint": 0,
                "max_rate_per_instance": 0,
                "max_utilization": 0
              }
            ],
            "cdn_policy": [],
            "circuit_breakers": [],
            "compression_mode": "",
            "connection_draining_timeout_sec": 60,
            "consistent_hash": [],
            "creation_timestamp": "2025-05-28T04:55:51.979-07:00",
            "custom_request_headers": [],
            "custom_response_headers": [],
            "description": "Backend service for admin webapp",
            "edge_security_policy": "",
            "enable_cdn": false,
            "fingerprint": "WXYp184zIAc=",
            "generated_id": 5041043611330496296,
            "health_checks": [
              "https://www.googleapis.com/compute/v1/projects/uporto-cd/global/healthChecks/uporto-cd-admin-webapp-health"
            ],
            "iap": [],
            "id": "projects/uporto-cd/global/backendServices/uporto-cd-admin-webapp-backend",
            "load_balancing_scheme": "EXTERNAL",
            "locality_lb_policies": [],
            "locality_lb_policy": "",
            "log_config": [],
            "name": "uporto-cd-admin-webapp-backend",
            "outlier_detection": [],
            "port_name": "http",
            "project": "uporto-cd",
            "protocol": "HTTP",
            "security_policy": "",
            "security_settings": [],
            "self_link": "https://www.googleapis.com/compute/v1/projects/uporto-cd/global/backendServices/uporto-cd-admin-webapp-backend",
            "session_affinity": "NONE",
            "timeout_sec": 60,
            "timeouts": null
          },
          "sensitive_attributes": [],
          "private": "eyJlMmJmYjczMC1lY2FhLTExZTYtOGY4OC0zNDM2M2JjN2M0YzAiOnsiY3JlYXRlIjoxMjAwMDAwMDAwMDAwLCJkZWxldGUiOjEyMDAwMDAwMDAwMDAsInVwZGF0ZSI6MTIwMDAwMDAwMDAwMH0sInNjaGVtYV92ZXJzaW9uIjoiMSJ9",
          "dependencies": [
            "module.admin.google_compute_address.admin_ip",
            "module.admin.google_compute_health_check.admin_webapp",
            "module.admin.google_compute_instance.admin",
            "module.admin.google_compute_instance_group.admin_group",
            "module.admin.google_compute_network.admin_vpc",
            "module.admin.google_compute_subnetwork.admin_subnet",
            "module.admin.google_project_service.compute_api"
          ]
        }
      ]
    },
    {
      "module": "module.admin",
      "mode": "managed",
      "type": "google_compute_firewall",
      "name": "admin_allow_from_gke_masters",
      "provider": "provider[\"registry.terraform.io/hashicorp/google\"]",
      "instances": [
        {
          "schema_version": 1,
          "attributes": {
            "allow": [
              {
                "ports": [
                  "443",
                  "10250"
                ],
                "protocol": "tcp"
              }
            ],
            "creation_timestamp": "2025-05-28T04:55:02.746-07:00",
            "deny": [],
            "description": "",
            "destination_ranges": [],
            "direction": "INGRESS",
            "disabled": false,
            "enable_logging": null,
            "id": "projects/uporto-cd/global/firewalls/uporto-cd-admin-allow-gke-masters",
            "log_config": [],
            "name": "uporto-cd-admin-allow-gke-masters",
            "network": "https://www.googleapis.com/compute/v1/projects/uporto-cd/global/networks/uporto-cd-admin-vpc",
            "priority": 1000,
            "project": "uporto-cd",
            "self_link": "https://www.googleapis.com/compute/v1/projects/uporto-cd/global/firewalls/uporto-cd-admin-allow-gke-masters",
            "source_ranges": [
              "172.16.1.0/28",
              "172.16.2.0/28",
              "172.16.3.0/28"
            ],
            "source_service_accounts": [],
            "source_tags": [],
            "target_service_accounts": [],
            "target_tags": [
              "admin-vm"
            ],
            "timeouts": null
          },
          "sensitive_attributes": [],
          "private": "eyJlMmJmYjczMC1lY2FhLTExZTYtOGY4OC0zNDM2M2JjN2M0YzAiOnsiY3JlYXRlIjoxMjAwMDAwMDAwMDAwLCJkZWxldGUiOjEyMDAwMDAwMDAwMDAsInVwZGF0ZSI6MTIwMDAwMDAwMDAwMH0sInNjaGVtYV92ZXJzaW9uIjoiMSJ9",
          "dependencies": [
            "module.admin.google_compute_network.admin_vpc",
            "module.admin.google_project_service.compute_api"
          ]
        }
      ]
    },
    {
      "module": "module.admin",
      "mode": "managed",
      "type": "google_compute_firewall",
      "name": "admin_egress",
      "provider": "provider[\"registry.terraform.io/hashicorp/google\"]",
      "instances": [
        {
          "schema_version": 1,
          "attributes": {
            "allow": [
              {
                "ports": [
                  "53"
                ],
                "protocol": "udp"
              },
              {
                "ports": [
                  "80",
                  "443",
                  "22",
                  "53"
                ],
                "protocol": "tcp"
              }
            ],
            "creation_timestamp": "2025-05-28T04:54:56.557-07:00",
            "deny": [],
            "description": "",
            "destination_ranges": [
              "0.0.0.0/0"
            ],
            "direction": "EGRESS",
            "disabled": false,
            "enable_logging": null,
            "id": "projects/uporto-cd/global/firewalls/uporto-cd-admin-egress",
            "log_config": [],
            "name": "uporto-cd-admin-egress",
            "network": "https://www.googleapis.com/compute/v1/projects/uporto-cd/global/networks/uporto-cd-admin-vpc",
            "priority": 1000,
            "project": "uporto-cd",
            "self_link": "https://www.googleapis.com/compute/v1/projects/uporto-cd/global/firewalls/uporto-cd-admin-egress",
            "source_ranges": [],
            "source_service_accounts": [],
            "source_tags": [],
            "target_service_accounts": [],
            "target_tags": [
              "admin-vm",
              "admin-webapp"
            ],
            "timeouts": null
          },
          "sensitive_attributes": [],
          "private": "eyJlMmJmYjczMC1lY2FhLTExZTYtOGY4OC0zNDM2M2JjN2M0YzAiOnsiY3JlYXRlIjoxMjAwMDAwMDAwMDAwLCJkZWxldGUiOjEyMDAwMDAwMDAwMDAsInVwZGF0ZSI6MTIwMDAwMDAwMDAwMH0sInNjaGVtYV92ZXJzaW9uIjoiMSJ9",
          "dependencies": [
            "module.admin.google_compute_network.admin_vpc",
            "module.admin.google_project_service.compute_api"
          ]
        }
      ]
    },
    {
      "module": "module.admin",
      "mode": "managed",
      "type": "google_compute_firewall",
      "name": "admin_ssh",
      "provider": "provider[\"registry.terraform.io/hashicorp/google\"]",
      "instances": [
        {
          "schema_version": 1,
          "attributes": {
            "allow": [
              {
                "ports": [
                  "22"
                ],
                "protocol": "tcp"
              }
            ],
            "creation_timestamp": "2025-05-28T04:54:58.149-07:00",
            "deny": [],
            "description": "",
            "destination_ranges": [],
            "direction": "INGRESS",
            "disabled": false,
            "enable_logging": null,
            "id": "projects/uporto-cd/global/firewalls/uporto-cd-admin-ssh",
            "log_config": [],
            "name": "uporto-cd-admin-ssh",
            "network": "https://www.googleapis.com/compute/v1/projects/uporto-cd/global/networks/uporto-cd-admin-vpc",
            "priority": 1000,
            "project": "uporto-cd",
            "self_link": "https://www.googleapis.com/compute/v1/projects/uporto-cd/global/firewalls/uporto-cd-admin-ssh",
            "source_ranges": [
              "0.0.0.0/0"
            ],
            "source_service_accounts": [],
            "source_tags": [],
            "target_service_accounts": [],
            "target_tags": [
              "admin-vm"
            ],
            "timeouts": null
          },
          "sensitive_attributes": [],
          "private": "eyJlMmJmYjczMC1lY2FhLTExZTYtOGY4OC0zNDM2M2JjN2M0YzAiOnsiY3JlYXRlIjoxMjAwMDAwMDAwMDAwLCJkZWxldGUiOjEyMDAwMDAwMDAwMDAsInVwZGF0ZSI6MTIwMDAwMDAwMDAwMH0sInNjaGVtYV92ZXJzaW9uIjoiMSJ9",
          "dependencies": [
            "module.admin.google_compute_network.admin_vpc",
            "module.admin.google_project_service.compute_api"
          ]
        }
      ]
    },
    {
      "module": "module.admin",
      "mode": "managed",
      "type": "google_compute_firewall",
      "name": "admin_webapp_health",
      "provider": "provider[\"registry.terraform.io/hashicorp/google\"]",
      "instances": [
        {
          "schema_version": 1,
          "attributes": {
            "allow": [
              {
                "ports": [
                  "80"
                ],
                "protocol": "tcp"
              }
            ],
            "creation_timestamp": "2025-05-28T04:55:01.143-07:00",
            "deny": [],
            "description": "",
            "destination_ranges": [],
            "direction": "INGRESS",
            "disabled": false,
            "enable_logging": null,
            "id": "projects/uporto-cd/global/firewalls/uporto-cd-admin-webapp-health",
            "log_config": [],
            "name": "uporto-cd-admin-webapp-health",
            "network": "https://www.googleapis.com/compute/v1/projects/uporto-cd/global/networks/uporto-cd-admin-vpc",
            "priority": 500,
            "project": "uporto-cd",
            "self_link": "https://www.googleapis.com/compute/v1/projects/uporto-cd/global/firewalls/uporto-cd-admin-webapp-health",
            "source_ranges": [
              "130.211.0.0/22",
              "35.191.0.0/16"
            ],
            "source_service_accounts": [],
            "source_tags": [],
            "target_service_accounts": [],
            "target_tags": [
              "admin-webapp"
            ],
            "timeouts": null
          },
          "sensitive_attributes": [],
          "private": "eyJlMmJmYjczMC1lY2FhLTExZTYtOGY4OC0zNDM2M2JjN2M0YzAiOnsiY3JlYXRlIjoxMjAwMDAwMDAwMDAwLCJkZWxldGUiOjEyMDAwMDAwMDAwMDAsInVwZGF0ZSI6MTIwMDAwMDAwMDAwMH0sInNjaGVtYV92ZXJzaW9uIjoiMSJ9",
          "dependencies": [
            "module.admin.google_compute_network.admin_vpc",
            "module.admin.google_project_service.compute_api"
          ]
        }
      ]
    },
    {
      "module": "module.admin",
      "mode": "managed",
      "type": "google_compute_firewall",
      "name": "admin_webapp_http",
      "provider": "provider[\"registry.terraform.io/hashicorp/google\"]",
      "instances": [
        {
          "schema_version": 1,
          "attributes": {
            "allow": [
              {
                "ports": [
                  "80",
                  "8080"
                ],
                "protocol": "tcp"
              }
            ],
            "creation_timestamp": "2025-05-28T04:54:58.312-07:00",
            "deny": [],
            "description": "",
            "destination_ranges": [],
            "direction": "INGRESS",
            "disabled": false,
            "enable_logging": null,
            "id": "projects/uporto-cd/global/firewalls/uporto-cd-admin-webapp-http",
            "log_config": [],
            "name": "uporto-cd-admin-webapp-http",
            "network": "https://www.googleapis.com/compute/v1/projects/uporto-cd/global/networks/uporto-cd-admin-vpc",
            "priority": 1000,
            "project": "uporto-cd",
            "self_link": "https://www.googleapis.com/compute/v1/projects/uporto-cd/global/firewalls/uporto-cd-admin-webapp-http",
            "source_ranges": [
              "130.211.0.0/22",
              "35.191.0.0/16"
            ],
            "source_service_accounts": [],
            "source_tags": [],
            "target_service_accounts": [],
            "target_tags": [
              "admin-webapp"
            ],
            "timeouts": null
          },
          "sensitive_attributes": [],
          "private": "eyJlMmJmYjczMC1lY2FhLTExZTYtOGY4OC0zNDM2M2JjN2M0YzAiOnsiY3JlYXRlIjoxMjAwMDAwMDAwMDAwLCJkZWxldGUiOjEyMDAwMDAwMDAwMDAsInVwZGF0ZSI6MTIwMDAwMDAwMDAwMH0sInNjaGVtYV92ZXJzaW9uIjoiMSJ9",
          "dependencies": [
            "module.admin.google_compute_network.admin_vpc",
            "module.admin.google_project_service.compute_api"
          ]
        }
      ]
    },
    {
      "module": "module.admin",
      "mode": "managed",
      "type": "google_compute_global_address",
      "name": "admin_webapp_ip",
      "provider": "provider[\"registry.terraform.io/hashicorp/google\"]",
      "instances": [
        {
          "schema_version": 0,
          "attributes": {
            "address": "34.49.118.53",
            "address_type": "EXTERNAL",
            "creation_timestamp": "2025-05-28T04:54:32.298-07:00",
            "description": "Global IP for admin webapp",
            "id": "projects/uporto-cd/global/addresses/uporto-cd-admin-webapp-ip",
            "ip_version": "",
            "name": "uporto-cd-admin-webapp-ip",
            "network": "",
            "prefix_length": 0,
            "project": "uporto-cd",
            "purpose": "",
            "self_link": "https://www.googleapis.com/compute/v1/projects/uporto-cd/global/addresses/uporto-cd-admin-webapp-ip",
            "timeouts": null
          },
          "sensitive_attributes": [],
          "private": "eyJlMmJmYjczMC1lY2FhLTExZTYtOGY4OC0zNDM2M2JjN2M0YzAiOnsiY3JlYXRlIjoxMjAwMDAwMDAwMDAwLCJkZWxldGUiOjEyMDAwMDAwMDAwMDB9fQ=="
        }
      ]
    },
    {
      "module": "module.admin",
      "mode": "managed",
      "type": "google_compute_global_forwarding_rule",
      "name": "admin_webapp_http",
      "provider": "provider[\"registry.terraform.io/hashicorp/google\"]",
      "instances": [
        {
          "schema_version": 0,
          "attributes": {
            "base_forwarding_rule": "",
            "description": "",
            "id": "projects/uporto-cd/global/forwardingRules/uporto-cd-admin-webapp-http-rule",
            "ip_address": "34.49.118.53",
            "ip_protocol": "TCP",
            "ip_version": "",
            "label_fingerprint": "jNmrVEXgJcU=",
            "labels": {
              "service": "admin-webapp"
            },
            "load_balancing_scheme": "EXTERNAL",
            "metadata_filters": [],
            "name": "uporto-cd-admin-webapp-http-rule",
            "network": "",
            "no_automate_dns_zone": null,
            "port_range": "80-80",
            "project": "uporto-cd",
            "psc_connection_id": "",
            "psc_connection_status": "",
            "self_link": "https://www.googleapis.com/compute/v1/projects/uporto-cd/global/forwardingRules/uporto-cd-admin-webapp-http-rule",
            "source_ip_ranges": [],
            "subnetwork": "",
            "target": "https://www.googleapis.com/compute/v1/projects/uporto-cd/global/targetHttpProxies/uporto-cd-admin-webapp-http-proxy",
            "timeouts": null
          },
          "sensitive_attributes": [],
          "private": "eyJlMmJmYjczMC1lY2FhLTExZTYtOGY4OC0zNDM2M2JjN2M0YzAiOnsiY3JlYXRlIjoxMjAwMDAwMDAwMDAwLCJkZWxldGUiOjEyMDAwMDAwMDAwMDAsInVwZGF0ZSI6MTIwMDAwMDAwMDAwMH19",
          "dependencies": [
            "module.admin.google_compute_address.admin_ip",
            "module.admin.google_compute_backend_service.admin_webapp",
            "module.admin.google_compute_global_address.admin_webapp_ip",
            "module.admin.google_compute_health_check.admin_webapp",
            "module.admin.google_compute_instance.admin",
            "module.admin.google_compute_instance_group.admin_group",
            "module.admin.google_compute_network.admin_vpc",
            "module.admin.google_compute_subnetwork.admin_subnet",
            "module.admin.google_compute_target_http_proxy.admin_webapp",
            "module.admin.google_compute_url_map.admin_webapp",
            "module.admin.google_project_service.compute_api"
          ]
        }
      ]
    },
    {
      "module": "module.admin",
      "mode": "managed",
      "type": "google_compute_global_forwarding_rule",
      "name": "admin_webapp_https",
      "provider": "provider[\"registry.terraform.io/hashicorp/google\"]",
      "instances": [
        {
          "index_key": 0,
          "schema_version": 0,
          "attributes": {
            "base_forwarding_rule": "",
            "description": "",
            "id": "projects/uporto-cd/global/forwardingRules/uporto-cd-admin-webapp-https-rule",
            "ip_address": "34.49.118.53",
            "ip_protocol": "TCP",
            "ip_version": "",
            "label_fingerprint": "0ydbSujZ_RM=",
            "labels": {
              "service": "admin-webapp",
              "ssl": "managed"
            },
            "load_balancing_scheme": "EXTERNAL",
            "metadata_filters": [],
            "name": "uporto-cd-admin-webapp-https-rule",
            "network": "",
            "no_automate_dns_zone": null,
            "port_range": "443-443",
            "project": "uporto-cd",
            "psc_connection_id": "",
            "psc_connection_status": "",
            "self_link": "https://www.googleapis.com/compute/v1/projects/uporto-cd/global/forwardingRules/uporto-cd-admin-webapp-https-rule",
            "source_ip_ranges": [],
            "subnetwork": "",
            "target": "https://www.googleapis.com/compute/v1/projects/uporto-cd/global/targetHttpsProxies/uporto-cd-admin-webapp-https-proxy",
            "timeouts": null
          },
          "sensitive_attributes": [],
          "private": "eyJlMmJmYjczMC1lY2FhLTExZTYtOGY4OC0zNDM2M2JjN2M0YzAiOnsiY3JlYXRlIjoxMjAwMDAwMDAwMDAwLCJkZWxldGUiOjEyMDAwMDAwMDAwMDAsInVwZGF0ZSI6MTIwMDAwMDAwMDAwMH19",
          "dependencies": [
            "module.admin.google_compute_address.admin_ip",
            "module.admin.google_compute_backend_service.admin_webapp",
            "module.admin.google_compute_global_address.admin_webapp_ip",
            "module.admin.google_compute_health_check.admin_webapp",
            "module.admin.google_compute_instance.admin",
            "module.admin.google_compute_instance_group.admin_group",
            "module.admin.google_compute_managed_ssl_certificate.admin_webapp",
            "module.admin.google_compute_network.admin_vpc",
            "module.admin.google_compute_subnetwork.admin_subnet",
            "module.admin.google_compute_target_https_proxy.admin_webapp",
            "module.admin.google_compute_url_map.admin_webapp",
            "module.admin.google_project_service.compute_api"
          ]
        }
      ]
    },
    {
      "module": "module.admin",
      "mode": "managed",
      "type": "google_compute_health_check",
      "name": "admin_webapp",
      "provider": "provider[\"registry.terraform.io/hashicorp/google\"]",
      "instances": [
        {
          "schema_version": 0,
          "attributes": {
            "check_interval_sec": 10,
            "creation_timestamp": "2025-05-28T04:54:28.417-07:00",
            "description": "Health check for admin webapp",
            "grpc_health_check": [],
            "healthy_threshold": 2,
            "http2_health_check": [],
            "http_health_check": [
              {
                "host": "",
                "port": 80,
                "port_name": "",
                "port_specification": "",
                "proxy_header": "NONE",
                "request_path": "/health",
                "response": ""
              }
            ],
            "https_health_check": [],
            "id": "projects/uporto-cd/global/healthChecks/uporto-cd-admin-webapp-health",
            "log_config": [
              {
                "enable": false
              }
            ],
            "name": "uporto-cd-admin-webapp-health",
            "project": "uporto-cd",
            "self_link": "https://www.googleapis.com/compute/v1/projects/uporto-cd/global/healthChecks/uporto-cd-admin-webapp-health",
            "ssl_health_check": [],
            "tcp_health_check": [],
            "timeout_sec": 5,
            "timeouts": null,
            "type": "HTTP",
            "unhealthy_threshold": 3
          },
          "sensitive_attributes": [],
          "private": "eyJlMmJmYjczMC1lY2FhLTExZTYtOGY4OC0zNDM2M2JjN2M0YzAiOnsiY3JlYXRlIjoxMjAwMDAwMDAwMDAwLCJkZWxldGUiOjEyMDAwMDAwMDAwMDAsInVwZGF0ZSI6MTIwMDAwMDAwMDAwMH19"
        }
      ]
    },
    {
      "module": "module.admin",
      "mode": "managed",
      "type": "google_compute_instance",
      "name": "admin",
      "provider": "provider[\"registry.terraform.io/hashicorp/google\"]",
      "instances": [
        {
          "schema_version": 6,
          "attributes": {
            "advanced_machine_features": [],
            "allow_stopping_for_update": true,
            "attached_disk": [],
            "boot_disk": [
              {
                "auto_delete": true,
                "device_name": "persistent-disk-0",
                "disk_encryption_key_raw": "",
                "disk_encryption_key_sha256": "",
                "initialize_params": [
                  {
                    "image": "https://www.googleapis.com/compute/v1/projects/ubuntu-os-cloud/global/images/ubuntu-2004-focal-v20250527",
                    "labels": {},
                    "resource_manager_tags": {},
                    "size": 50,
                    "type": "pd-ssd"
                  }
                ],
                "kms_key_self_link": "",
                "mode": "READ_WRITE",
                "source": "https://www.googleapis.com/compute/v1/projects/uporto-cd/zones/europe-west2-a/disks/uporto-cd-admin"
              }
            ],
            "can_ip_forward": false,
            "confidential_instance_config": [],
            "cpu_platform": "Intel Broadwell",
            "current_status": "RUNNING",
            "deletion_protection": false,
            "description": "",
            "desired_status": null,
            "enable_display": false,
            "guest_accelerator": [],
            "hostname": "",
            "id": "projects/uporto-cd/zones/europe-west2-a/instances/uporto-cd-admin",
            "instance_id": "7485620652684822339",
            "label_fingerprint": "42WmSpB8rSM=",
            "labels": {},
            "machine_type": "e2-standard-2",
            "metadata": {
              "ssh-keys": "ubuntu:ssh-rsa AAAAB3NzaC1yc2EAAAADAQABAAACAQC8d/Bg52qrZqSRqdEeqy0rT1+5f/cP5BnsN5GHNQXP7PHe/0pGqADr6tMTboRwE9+q/6YdjzmnpE3qP1xqruh4gkH5GyvsGSuZofBCJuwumQZt91Oxul6Gu04eO2yj1qf2VXcPKbyvOgkbOqtudNMBwR3iZd18ce6Se03srzu1FVo1tPCItkxdRhNyMWbGaU7TS64P+KTSkqK1hkCxPJNz0gs0C+KabKE4glIO5AlXNoAxXAlNfvq0k27TyfJKRZFduN8blOC5owIlR7iyviWBK2FAKMu2/JW8/hFcjdtL8YN3wNcp0u/7KxgqGkPpW21mGtFdsQV4FfvcogLHjnhO5fMjw4iyBp71ZL73AbUj4+LFFfobPu19zpUOcOCUe+CDpwMnW6s5WfolRk8P6a0arQrA7lYfgV815EugPBlyEit89mBSpvaCASrVO8HhnZF3hzbk6DqFt9ePEybqMmFtTHM1M4yYuydDNqNEj5f1/DImRERJxBTi7M6QR7ICtoyksd6x8Sk1TtUp9dVUB4UaIycVG3DnAXILkbsfF+X95hU5vEJw1wuwU26R1JE6HtTXYnrH9Wi0f8RhoS2UXEgmt9V3h/FsGuH/J9U4K7A3XqNBGtIULeL2hi2rAncvD2K49cY95by4gayolLvHJ4bt0Ts8DuNnDcBJ7HzW5AruYw== eduardo.mmd.correia@gmail.com\n"
            },
            "metadata_fingerprint": "hdWfLrXEse8=",
            "metadata_startup_script": null,
            "min_cpu_platform": "",
            "name": "uporto-cd-admin",
            "network_interface": [
              {
                "access_config": [
                  {
                    "nat_ip": "35.230.157.12",
                    "network_tier": "PREMIUM",
                    "public_ptr_domain_name": ""
                  }
                ],
                "alias_ip_range": [],
                "internal_ipv6_prefix_length": 0,
                "ipv6_access_config": [],
                "ipv6_access_type": "",
                "ipv6_address": "",
                "name": "nic0",
                "network": "https://www.googleapis.com/compute/v1/projects/uporto-cd/global/networks/uporto-cd-admin-vpc",
                "network_ip": "10.250.0.2",
                "nic_type": "",
                "queue_count": 0,
                "stack_type": "IPV4_ONLY",
                "subnetwork": "https://www.googleapis.com/compute/v1/projects/uporto-cd/regions/europe-west2/subnetworks/uporto-cd-admin-subnet",
                "subnetwork_project": "uporto-cd"
              }
            ],
            "network_performance_config": [],
            "params": [],
            "project": "uporto-cd",
            "reservation_affinity": [],
            "resource_policies": [],
            "scheduling": [
              {
                "automatic_restart": true,
                "instance_termination_action": "",
                "local_ssd_recovery_timeout": [],
                "min_node_cpus": 0,
                "node_affinities": [],
                "on_host_maintenance": "MIGRATE",
                "preemptible": false,
                "provisioning_model": "STANDARD"
              }
            ],
            "scratch_disk": [],
            "self_link": "https://www.googleapis.com/compute/v1/projects/uporto-cd/zones/europe-west2-a/instances/uporto-cd-admin",
            "service_account": [
              {
                "email": "313506890289-compute@developer.gserviceaccount.com",
                "scopes": [
                  "https://www.googleapis.com/auth/cloud-platform"
                ]
              }
            ],
            "shielded_instance_config": [
              {
                "enable_integrity_monitoring": true,
                "enable_secure_boot": false,
                "enable_vtpm": true
              }
            ],
            "tags": [
              "admin-vm",
              "admin-webapp",
              "uporto-cd-admin"
            ],
            "tags_fingerprint": "5ap9M49H2-0=",
            "timeouts": null,
            "zone": "europe-west2-a"
          },
          "sensitive_attributes": [
            [
              {
                "type": "get_attr",
                "value": "boot_disk"
              },
              {
                "type": "index",
                "value": {
                  "value": 0,
                  "type": "number"
                }
              },
              {
                "type": "get_attr",
                "value": "disk_encryption_key_raw"
              }
            ]
          ],
          "private": "eyJlMmJmYjczMC1lY2FhLTExZTYtOGY4OC0zNDM2M2JjN2M0YzAiOnsiY3JlYXRlIjoxMjAwMDAwMDAwMDAwLCJkZWxldGUiOjEyMDAwMDAwMDAwMDAsInVwZGF0ZSI6MTIwMDAwMDAwMDAwMH0sInNjaGVtYV92ZXJzaW9uIjoiNiJ9",
          "dependencies": [
            "module.admin.google_compute_address.admin_ip",
            "module.admin.google_compute_network.admin_vpc",
            "module.admin.google_compute_subnetwork.admin_subnet",
            "module.admin.google_project_service.compute_api"
          ]
        }
      ]
    },
    {
      "module": "module.admin",
      "mode": "managed",
      "type": "google_compute_instance_group",
      "name": "admin_group",
      "provider": "provider[\"registry.terraform.io/hashicorp/google\"]",
      "instances": [
        {
          "schema_version": 2,
          "attributes": {
            "description": "",
            "id": "projects/uporto-cd/zones/europe-west2-a/instanceGroups/uporto-cd-admin-group",
            "instances": [
              "https://www.googleapis.com/compute/v1/projects/uporto-cd/zones/europe-west2-a/instances/uporto-cd-admin"
            ],
            "name": "uporto-cd-admin-group",
            "named_port": [
              {
                "name": "http",
                "port": 80
              }
            ],
            "network": "https://www.googleapis.com/compute/v1/projects/uporto-cd/global/networks/uporto-cd-admin-vpc",
            "project": "uporto-cd",
            "self_link": "https://www.googleapis.com/compute/v1/projects/uporto-cd/zones/europe-west2-a/instanceGroups/uporto-cd-admin-group",
            "size": 1,
            "timeouts": null,
            "zone": "europe-west2-a"
          },
          "sensitive_attributes": [],
          "private": "eyJlMmJmYjczMC1lY2FhLTExZTYtOGY4OC0zNDM2M2JjN2M0YzAiOnsiY3JlYXRlIjozNjAwMDAwMDAwMDAsImRlbGV0ZSI6MzYwMDAwMDAwMDAwLCJ1cGRhdGUiOjM2MDAwMDAwMDAwMH0sInNjaGVtYV92ZXJzaW9uIjoiMiJ9",
          "dependencies": [
            "module.admin.google_compute_address.admin_ip",
            "module.admin.google_compute_instance.admin",
            "module.admin.google_compute_network.admin_vpc",
            "module.admin.google_compute_subnetwork.admin_subnet",
            "module.admin.google_project_service.compute_api"
          ]
        }
      ]
    },
    {
      "module": "module.admin",
      "mode": "managed",
      "type": "google_compute_managed_ssl_certificate",
      "name": "admin_webapp",
      "provider": "provider[\"registry.terraform.io/hashicorp/google\"]",
      "instances": [
        {
          "index_key": 0,
          "schema_version": 0,
          "attributes": {
            "certificate_id": 1964894450892883867,
            "creation_timestamp": "2025-05-28T04:54:28.416-07:00",
            "description": "",
            "expire_time": "",
            "id": "projects/uporto-cd/global/sslCertificates/uporto-cd-admin-webapp-ssl",
            "managed": [
              {
                "domains": [
                  "admin.adm-cdn.pt"
                ]
              }
            ],
            "name": "uporto-cd-admin-webapp-ssl",
            "project": "uporto-cd",
            "self_link": "https://www.googleapis.com/compute/v1/projects/uporto-cd/global/sslCertificates/uporto-cd-admin-webapp-ssl",
            "subject_alternative_names": [],
            "timeouts": {
              "create": "30m",
              "delete": "10m"
            },
            "type": "MANAGED"
          },
          "sensitive_attributes": [],
          "private": "eyJlMmJmYjczMC1lY2FhLTExZTYtOGY4OC0zNDM2M2JjN2M0YzAiOnsiY3JlYXRlIjoxODAwMDAwMDAwMDAwLCJkZWxldGUiOjYwMDAwMDAwMDAwMH19",
          "create_before_destroy": true
        }
      ]
    },
    {
      "module": "module.admin",
      "mode": "managed",
      "type": "google_compute_network",
      "name": "admin_vpc",
      "provider": "provider[\"registry.terraform.io/hashicorp/google\"]",
      "instances": [
        {
          "schema_version": 0,
          "attributes": {
            "auto_create_subnetworks": false,
            "delete_default_routes_on_create": false,
            "description": "VPC network for uporto-cd admin",
            "enable_ula_internal_ipv6": false,
            "gateway_ipv4": "",
            "id": "projects/uporto-cd/global/networks/uporto-cd-admin-vpc",
            "internal_ipv6_range": "",
            "mtu": 0,
            "name": "uporto-cd-admin-vpc",
            "network_firewall_policy_enforcement_order": "AFTER_CLASSIC_FIREWALL",
            "project": "uporto-cd",
            "routing_mode": "REGIONAL",
            "self_link": "https://www.googleapis.com/compute/v1/projects/uporto-cd/global/networks/uporto-cd-admin-vpc",
            "timeouts": null
          },
          "sensitive_attributes": [],
          "private": "eyJlMmJmYjczMC1lY2FhLTExZTYtOGY4OC0zNDM2M2JjN2M0YzAiOnsiY3JlYXRlIjoxMjAwMDAwMDAwMDAwLCJkZWxldGUiOjEyMDAwMDAwMDAwMDAsInVwZGF0ZSI6MTIwMDAwMDAwMDAwMH19",
          "dependencies": [
            "module.admin.google_project_service.compute_api"
          ]
        }
      ]
    },
    {
      "module": "module.admin",
      "mode": "managed",
      "type": "google_compute_subnetwork",
      "name": "admin_subnet",
      "provider": "provider[\"registry.terraform.io/hashicorp/google\"]",
      "instances": [
        {
          "schema_version": 0,
          "attributes": {
            "creation_timestamp": "2025-05-28T04:54:58.087-07:00",
            "description": "Subnet for uporto-cd admin",
            "external_ipv6_prefix": "",
            "fingerprint": null,
            "gateway_address": "10.250.0.1",
            "id": "projects/uporto-cd/regions/europe-west2/subnetworks/uporto-cd-admin-subnet",
            "internal_ipv6_prefix": "",
            "ip_cidr_range": "10.250.0.0/24",
            "ipv6_access_type": "",
            "ipv6_cidr_range": "",
            "log_config": [],
            "name": "uporto-cd-admin-subnet",
            "network": "https://www.googleapis.com/compute/v1/projects/uporto-cd/global/networks/uporto-cd-admin-vpc",
            "private_ip_google_access": true,
            "private_ipv6_google_access": "DISABLE_GOOGLE_ACCESS",
            "project": "uporto-cd",
            "purpose": "PRIVATE",
            "region": "europe-west2",
            "role": "",
            "secondary_ip_range": [],
            "self_link": "https://www.googleapis.com/compute/v1/projects/uporto-cd/regions/europe-west2/subnetworks/uporto-cd-admin-subnet",
            "stack_type": "IPV4_ONLY",
            "timeouts": null
          },
          "sensitive_attributes": [],
          "private": "eyJlMmJmYjczMC1lY2FhLTExZTYtOGY4OC0zNDM2M2JjN2M0YzAiOnsiY3JlYXRlIjoxMjAwMDAwMDAwMDAwLCJkZWxldGUiOjEyMDAwMDAwMDAwMDAsInVwZGF0ZSI6MTIwMDAwMDAwMDAwMH19",
          "dependencies": [
            "module.admin.google_compute_network.admin_vpc",
            "module.admin.google_project_service.compute_api"
          ]
        }
      ]
    },
    {
      "module": "module.admin",
      "mode": "managed",
      "type": "google_compute_target_http_proxy",
      "name": "admin_webapp",
      "provider": "provider[\"registry.terraform.io/hashicorp/google\"]",
      "instances": [
        {
          "schema_version": 0,
          "attributes": {
            "creation_timestamp": "2025-05-28T04:56:53.813-07:00",
            "description": "",
            "http_keep_alive_timeout_sec": 0,
            "id": "projects/uporto-cd/global/targetHttpProxies/uporto-cd-admin-webapp-http-proxy",
            "name": "uporto-cd-admin-webapp-http-proxy",
            "project": "uporto-cd",
            "proxy_bind": false,
            "proxy_id": 6478937579006412010,
            "self_link": "https://www.googleapis.com/compute/v1/projects/uporto-cd/global/targetHttpProxies/uporto-cd-admin-webapp-http-proxy",
            "timeouts": null,
            "url_map": "https://www.googleapis.com/compute/v1/projects/uporto-cd/global/urlMaps/uporto-cd-admin-webapp-url-map"
          },
          "sensitive_attributes": [],
          "private": "eyJlMmJmYjczMC1lY2FhLTExZTYtOGY4OC0zNDM2M2JjN2M0YzAiOnsiY3JlYXRlIjoxMjAwMDAwMDAwMDAwLCJkZWxldGUiOjEyMDAwMDAwMDAwMDAsInVwZGF0ZSI6MTIwMDAwMDAwMDAwMH19",
          "dependencies": [
            "module.admin.google_compute_address.admin_ip",
            "module.admin.google_compute_backend_service.admin_webapp",
            "module.admin.google_compute_health_check.admin_webapp",
            "module.admin.google_compute_instance.admin",
            "module.admin.google_compute_instance_group.admin_group",
            "module.admin.google_compute_network.admin_vpc",
            "module.admin.google_compute_subnetwork.admin_subnet",
            "module.admin.google_compute_url_map.admin_webapp",
            "module.admin.google_project_service.compute_api"
          ]
        }
      ]
    },
    {
      "module": "module.admin",
      "mode": "managed",
      "type": "google_compute_target_https_proxy",
      "name": "admin_webapp",
      "provider": "provider[\"registry.terraform.io/hashicorp/google\"]",
      "instances": [
        {
          "index_key": 0,
          "schema_version": 0,
          "attributes": {
            "certificate_map": "",
            "creation_timestamp": "2025-05-28T04:56:53.823-07:00",
            "description": "",
            "http_keep_alive_timeout_sec": 0,
            "id": "projects/uporto-cd/global/targetHttpsProxies/uporto-cd-admin-webapp-https-proxy",
            "name": "uporto-cd-admin-webapp-https-proxy",
            "project": "uporto-cd",
            "proxy_bind": false,
            "proxy_id": 2864910121989522666,
            "quic_override": "NONE",
            "self_link": "https://www.googleapis.com/compute/v1/projects/uporto-cd/global/targetHttpsProxies/uporto-cd-admin-webapp-https-proxy",
            "server_tls_policy": "",
            "ssl_certificates": [
              "https://www.googleapis.com/compute/v1/projects/uporto-cd/global/sslCertificates/uporto-cd-admin-webapp-ssl"
            ],
            "ssl_policy": "",
            "timeouts": null,
            "url_map": "https://www.googleapis.com/compute/v1/projects/uporto-cd/global/urlMaps/uporto-cd-admin-webapp-url-map"
          },
          "sensitive_attributes": [],
          "private": "eyJlMmJmYjczMC1lY2FhLTExZTYtOGY4OC0zNDM2M2JjN2M0YzAiOnsiY3JlYXRlIjoxMjAwMDAwMDAwMDAwLCJkZWxldGUiOjEyMDAwMDAwMDAwMDAsInVwZGF0ZSI6MTIwMDAwMDAwMDAwMH19",
          "dependencies": [
            "module.admin.google_compute_address.admin_ip",
            "module.admin.google_compute_backend_service.admin_webapp",
            "module.admin.google_compute_health_check.admin_webapp",
            "module.admin.google_compute_instance.admin",
            "module.admin.google_compute_instance_group.admin_group",
            "module.admin.google_compute_managed_ssl_certificate.admin_webapp",
            "module.admin.google_compute_network.admin_vpc",
            "module.admin.google_compute_subnetwork.admin_subnet",
            "module.admin.google_compute_url_map.admin_webapp",
            "module.admin.google_project_service.compute_api"
          ]
        }
      ]
    },
    {
      "module": "module.admin",
      "mode": "managed",
      "type": "google_compute_url_map",
      "name": "admin_webapp",
      "provider": "provider[\"registry.terraform.io/hashicorp/google\"]",
      "instances": [
        {
          "schema_version": 0,
          "attributes": {
            "creation_timestamp": "2025-05-28T04:56:41.143-07:00",
            "default_route_action": [],
            "default_service": "https://www.googleapis.com/compute/v1/projects/uporto-cd/global/backendServices/uporto-cd-admin-webapp-backend",
            "default_url_redirect": [],
            "description": "URL map for admin webapp",
            "fingerprint": "JVqGgbuJzmk=",
            "header_action": [],
            "host_rule": [],
            "id": "projects/uporto-cd/global/urlMaps/uporto-cd-admin-webapp-url-map",
            "map_id": 4674329472417875734,
            "name": "uporto-cd-admin-webapp-url-map",
            "path_matcher": [],
            "project": "uporto-cd",
            "self_link": "https://www.googleapis.com/compute/v1/projects/uporto-cd/global/urlMaps/uporto-cd-admin-webapp-url-map",
            "test": [],
            "timeouts": null
          },
          "sensitive_attributes": [],
          "private": "eyJlMmJmYjczMC1lY2FhLTExZTYtOGY4OC0zNDM2M2JjN2M0YzAiOnsiY3JlYXRlIjoxMjAwMDAwMDAwMDAwLCJkZWxldGUiOjEyMDAwMDAwMDAwMDAsInVwZGF0ZSI6MTIwMDAwMDAwMDAwMH19",
          "dependencies": [
            "module.admin.google_compute_address.admin_ip",
            "module.admin.google_compute_backend_service.admin_webapp",
            "module.admin.google_compute_health_check.admin_webapp",
            "module.admin.google_compute_instance.admin",
            "module.admin.google_compute_instance_group.admin_group",
            "module.admin.google_compute_network.admin_vpc",
            "module.admin.google_compute_subnetwork.admin_subnet",
            "module.admin.google_project_service.compute_api"
          ]
        }
      ]
    },
    {
      "module": "module.admin",
      "mode": "managed",
      "type": "google_dns_record_set",
      "name": "admin_webapp",
      "provider": "provider[\"registry.terraform.io/hashicorp/google\"]",
      "instances": [
        {
          "index_key": 0,
          "schema_version": 0,
          "attributes": {
            "id": "projects/uporto-cd/managedZones/uporto-cd-zone/rrsets/admin.adm-cdn.pt./A",
            "managed_zone": "uporto-cd-zone",
            "name": "admin.adm-cdn.pt.",
            "project": "uporto-cd",
            "routing_policy": [],
            "rrdatas": [
              "34.49.118.53"
            ],
            "ttl": 300,
            "type": "A"
          },
          "sensitive_attributes": [],
          "private": "bnVsbA==",
          "dependencies": [
            "module.admin.google_compute_global_address.admin_webapp_ip",
            "module.admin.google_project_service.dns_api"
          ]
        }
      ]
    },
    {
      "module": "module.admin",
      "mode": "managed",
      "type": "google_project_service",
      "name": "compute_api",
      "provider": "provider[\"registry.terraform.io/hashicorp/google\"]",
      "instances": [
        {
          "schema_version": 0,
          "attributes": {
            "disable_dependent_services": null,
            "disable_on_destroy": false,
            "id": "uporto-cd/compute.googleapis.com",
            "project": "uporto-cd",
            "service": "compute.googleapis.com",
            "timeouts": null
          },
          "sensitive_attributes": [],
          "private": "eyJlMmJmYjczMC1lY2FhLTExZTYtOGY4OC0zNDM2M2JjN2M0YzAiOnsiY3JlYXRlIjoxMjAwMDAwMDAwMDAwLCJkZWxldGUiOjEyMDAwMDAwMDAwMDAsInJlYWQiOjYwMDAwMDAwMDAwMCwidXBkYXRlIjoxMjAwMDAwMDAwMDAwfX0="
        }
      ]
    },
    {
      "module": "module.admin",
      "mode": "managed",
      "type": "google_project_service",
      "name": "dns_api",
      "provider": "provider[\"registry.terraform.io/hashicorp/google\"]",
      "instances": [
        {
          "schema_version": 0,
          "attributes": {
            "disable_dependent_services": null,
            "disable_on_destroy": false,
            "id": "uporto-cd/dns.googleapis.com",
            "project": "uporto-cd",
            "service": "dns.googleapis.com",
            "timeouts": null
          },
          "sensitive_attributes": [],
          "private": "eyJlMmJmYjczMC1lY2FhLTExZTYtOGY4OC0zNDM2M2JjN2M0YzAiOnsiY3JlYXRlIjoxMjAwMDAwMDAwMDAwLCJkZWxldGUiOjEyMDAwMDAwMDAwMDAsInJlYWQiOjYwMDAwMDAwMDAwMCwidXBkYXRlIjoxMjAwMDAwMDAwMDAwfX0="
        }
      ]
    },
    {
      "module": "module.bastion[\"asia-southeast1\"]",
      "mode": "managed",
      "type": "google_compute_firewall",
      "name": "bastion_ssh_from_admin",
      "provider": "provider[\"registry.terraform.io/hashicorp/google\"]",
      "instances": [
        {
          "schema_version": 1,
          "attributes": {
            "allow": [
              {
                "ports": [
                  "22"
                ],
                "protocol": "tcp"
              }
            ],
            "creation_timestamp": "2025-05-28T04:56:27.407-07:00",
            "deny": [],
            "description": "",
            "destination_ranges": [],
            "direction": "INGRESS",
            "disabled": false,
            "enable_logging": null,
            "id": "projects/uporto-cd/global/firewalls/uporto-cd-bastion-ssh-from-admin-asia-southeast1",
            "log_config": [],
            "name": "uporto-cd-bastion-ssh-from-admin-asia-southeast1",
            "network": "https://www.googleapis.com/compute/v1/projects/uporto-cd/global/networks/uporto-cd-vpc-asia-southeast1",
            "priority": 1000,
            "project": "uporto-cd",
            "self_link": "https://www.googleapis.com/compute/v1/projects/uporto-cd/global/firewalls/uporto-cd-bastion-ssh-from-admin-asia-southeast1",
            "source_ranges": [
              "10.250.0.0/24"
            ],
            "source_service_accounts": [],
            "source_tags": [],
            "target_service_accounts": [],
            "target_tags": [
              "bastion-host"
            ],
            "timeouts": null
          },
          "sensitive_attributes": [],
          "private": "eyJlMmJmYjczMC1lY2FhLTExZTYtOGY4OC0zNDM2M2JjN2M0YzAiOnsiY3JlYXRlIjoxMjAwMDAwMDAwMDAwLCJkZWxldGUiOjEyMDAwMDAwMDAwMDAsInVwZGF0ZSI6MTIwMDAwMDAwMDAwMH0sInNjaGVtYV92ZXJzaW9uIjoiMSJ9",
          "dependencies": [
            "module.network.google_compute_firewall.allow_egress_to_admin",
            "module.network.google_compute_firewall.allow_from_admin",
            "module.network.google_compute_firewall.allow_internal",
            "module.network.google_compute_firewall.allow_internet_egress",
            "module.network.google_compute_firewall.block_inter_region",
            "module.network.google_compute_network.vpc",
            "module.network.google_compute_router.router",
            "module.network.google_compute_router_nat.nat",
            "module.network.google_compute_subnetwork.subnet"
          ]
        }
      ]
    },
    {
      "module": "module.bastion[\"asia-southeast1\"]",
      "mode": "managed",
      "type": "google_compute_instance",
      "name": "bastion",
      "provider": "provider[\"registry.terraform.io/hashicorp/google\"]",
      "instances": [
        {
          "schema_version": 6,
          "attributes": {
            "advanced_machine_features": [],
            "allow_stopping_for_update": true,
            "attached_disk": [],
            "boot_disk": [
              {
                "auto_delete": true,
                "device_name": "persistent-disk-0",
                "disk_encryption_key_raw": "",
                "disk_encryption_key_sha256": "",
                "initialize_params": [
                  {
                    "image": "https://www.googleapis.com/compute/v1/projects/ubuntu-os-cloud/global/images/ubuntu-2004-focal-v20250527",
                    "labels": {},
                    "resource_manager_tags": {},
                    "size": 30,
                    "type": "pd-ssd"
                  }
                ],
                "kms_key_self_link": "",
                "mode": "READ_WRITE",
                "source": "https://www.googleapis.com/compute/v1/projects/uporto-cd/zones/asia-southeast1-a/disks/uporto-cd-bastion-asia-southeast1"
              }
            ],
            "can_ip_forward": false,
            "confidential_instance_config": [],
            "cpu_platform": "Intel Broadwell",
            "current_status": "RUNNING",
            "deletion_protection": false,
            "description": "",
            "desired_status": null,
            "enable_display": false,
            "guest_accelerator": [],
            "hostname": "",
            "id": "projects/uporto-cd/zones/asia-southeast1-a/instances/uporto-cd-bastion-asia-southeast1",
            "instance_id": "4934901405939615500",
            "label_fingerprint": "42WmSpB8rSM=",
            "labels": {},
            "machine_type": "e2-medium",
            "metadata": {
              "ssh-keys": "ubuntu:ssh-rsa AAAAB3NzaC1yc2EAAAADAQABAAACAQC8d/Bg52qrZqSRqdEeqy0rT1+5f/cP5BnsN5GHNQXP7PHe/0pGqADr6tMTboRwE9+q/6YdjzmnpE3qP1xqruh4gkH5GyvsGSuZofBCJuwumQZt91Oxul6Gu04eO2yj1qf2VXcPKbyvOgkbOqtudNMBwR3iZd18ce6Se03srzu1FVo1tPCItkxdRhNyMWbGaU7TS64P+KTSkqK1hkCxPJNz0gs0C+KabKE4glIO5AlXNoAxXAlNfvq0k27TyfJKRZFduN8blOC5owIlR7iyviWBK2FAKMu2/JW8/hFcjdtL8YN3wNcp0u/7KxgqGkPpW21mGtFdsQV4FfvcogLHjnhO5fMjw4iyBp71ZL73AbUj4+LFFfobPu19zpUOcOCUe+CDpwMnW6s5WfolRk8P6a0arQrA7lYfgV815EugPBlyEit89mBSpvaCASrVO8HhnZF3hzbk6DqFt9ePEybqMmFtTHM1M4yYuydDNqNEj5f1/DImRERJxBTi7M6QR7ICtoyksd6x8Sk1TtUp9dVUB4UaIycVG3DnAXILkbsfF+X95hU5vEJw1wuwU26R1JE6HtTXYnrH9Wi0f8RhoS2UXEgmt9V3h/FsGuH/J9U4K7A3XqNBGtIULeL2hi2rAncvD2K49cY95by4gayolLvHJ4bt0Ts8DuNnDcBJ7HzW5AruYw== eduardo.mmd.correia@gmail.com\n"
            },
            "metadata_fingerprint": "zY-Z8AJ9hbY=",
            "metadata_startup_script": "#!/bin/bash\nset -e\n\n# Update system\napt-get update \u0026\u0026 apt-get upgrade -y\n\n# Install Python for Ansible\napt-get install -y python3 python3-pip\n\n# Log completion\necho \"Bastion minimal startup completed at $(date)\" \u003e /var/log/bastion-startup-completed.log\n",
            "min_cpu_platform": "",
            "name": "uporto-cd-bastion-asia-southeast1",
            "network_interface": [
              {
                "access_config": [],
                "alias_ip_range": [],
                "internal_ipv6_prefix_length": 0,
                "ipv6_access_config": [],
                "ipv6_access_type": "",
                "ipv6_address": "",
                "name": "nic0",
                "network": "https://www.googleapis.com/compute/v1/projects/uporto-cd/global/networks/uporto-cd-vpc-asia-southeast1",
                "network_ip": "10.3.0.2",
                "nic_type": "",
                "queue_count": 0,
                "stack_type": "IPV4_ONLY",
                "subnetwork": "https://www.googleapis.com/compute/v1/projects/uporto-cd/regions/asia-southeast1/subnetworks/uporto-cd-subnet-asia-southeast1",
                "subnetwork_project": "uporto-cd"
              }
            ],
            "network_performance_config": [],
            "params": [],
            "project": "uporto-cd",
            "reservation_affinity": [],
            "resource_policies": [],
            "scheduling": [
              {
                "automatic_restart": true,
                "instance_termination_action": "",
                "local_ssd_recovery_timeout": [],
                "min_node_cpus": 0,
                "node_affinities": [],
                "on_host_maintenance": "MIGRATE",
                "preemptible": false,
                "provisioning_model": "STANDARD"
              }
            ],
            "scratch_disk": [],
            "self_link": "https://www.googleapis.com/compute/v1/projects/uporto-cd/zones/asia-southeast1-a/instances/uporto-cd-bastion-asia-southeast1",
            "service_account": [
              {
                "email": "313506890289-compute@developer.gserviceaccount.com",
                "scopes": [
                  "https://www.googleapis.com/auth/cloud-platform"
                ]
              }
            ],
            "shielded_instance_config": [
              {
                "enable_integrity_monitoring": true,
                "enable_secure_boot": false,
                "enable_vtpm": true
              }
            ],
            "tags": [
              "bastion-host",
              "uporto-cd-bastion-asia-southeast1"
            ],
            "tags_fingerprint": "u2ED9Jms180=",
            "timeouts": null,
            "zone": "asia-southeast1-a"
          },
          "sensitive_attributes": [
            [
              {
                "type": "get_attr",
                "value": "boot_disk"
              },
              {
                "type": "index",
                "value": {
                  "value": 0,
                  "type": "number"
                }
              },
              {
                "type": "get_attr",
                "value": "disk_encryption_key_raw"
              }
            ]
          ],
          "private": "eyJlMmJmYjczMC1lY2FhLTExZTYtOGY4OC0zNDM2M2JjN2M0YzAiOnsiY3JlYXRlIjoxMjAwMDAwMDAwMDAwLCJkZWxldGUiOjEyMDAwMDAwMDAwMDAsInVwZGF0ZSI6MTIwMDAwMDAwMDAwMH0sInNjaGVtYV92ZXJzaW9uIjoiNiJ9",
          "dependencies": [
            "module.bastion.google_project_service.compute_api",
            "module.network.google_compute_firewall.allow_egress_to_admin",
            "module.network.google_compute_firewall.allow_from_admin",
            "module.network.google_compute_firewall.allow_internal",
            "module.network.google_compute_firewall.allow_internet_egress",
            "module.network.google_compute_firewall.block_inter_region",
            "module.network.google_compute_network.vpc",
            "module.network.google_compute_router.router",
            "module.network.google_compute_router_nat.nat",
            "module.network.google_compute_subnetwork.subnet"
          ]
        }
      ]
    },
    {
      "module": "module.bastion[\"asia-southeast1\"]",
      "mode": "managed",
      "type": "google_project_service",
      "name": "compute_api",
      "provider": "provider[\"registry.terraform.io/hashicorp/google\"]",
      "instances": [
        {
          "schema_version": 0,
          "attributes": {
            "disable_dependent_services": null,
            "disable_on_destroy": false,
            "id": "uporto-cd/compute.googleapis.com",
            "project": "uporto-cd",
            "service": "compute.googleapis.com",
            "timeouts": null
          },
          "sensitive_attributes": [],
          "private": "eyJlMmJmYjczMC1lY2FhLTExZTYtOGY4OC0zNDM2M2JjN2M0YzAiOnsiY3JlYXRlIjoxMjAwMDAwMDAwMDAwLCJkZWxldGUiOjEyMDAwMDAwMDAwMDAsInJlYWQiOjYwMDAwMDAwMDAwMCwidXBkYXRlIjoxMjAwMDAwMDAwMDAwfX0="
        }
      ]
    },
    {
      "module": "module.bastion[\"europe-west2\"]",
      "mode": "managed",
      "type": "google_compute_firewall",
      "name": "bastion_ssh_from_admin",
      "provider": "provider[\"registry.terraform.io/hashicorp/google\"]",
      "instances": [
        {
          "schema_version": 1,
          "attributes": {
            "allow": [
              {
                "ports": [
                  "22"
                ],
                "protocol": "tcp"
              }
            ],
            "creation_timestamp": "2025-05-28T04:56:26.977-07:00",
            "deny": [],
            "description": "",
            "destination_ranges": [],
            "direction": "INGRESS",
            "disabled": false,
            "enable_logging": null,
            "id": "projects/uporto-cd/global/firewalls/uporto-cd-bastion-ssh-from-admin-europe-west2",
            "log_config": [],
            "name": "uporto-cd-bastion-ssh-from-admin-europe-west2",
            "network": "https://www.googleapis.com/compute/v1/projects/uporto-cd/global/networks/uporto-cd-vpc-europe-west2",
            "priority": 1000,
            "project": "uporto-cd",
            "self_link": "https://www.googleapis.com/compute/v1/projects/uporto-cd/global/firewalls/uporto-cd-bastion-ssh-from-admin-europe-west2",
            "source_ranges": [
              "10.250.0.0/24"
            ],
            "source_service_accounts": [],
            "source_tags": [],
            "target_service_accounts": [],
            "target_tags": [
              "bastion-host"
            ],
            "timeouts": null
          },
          "sensitive_attributes": [],
          "private": "eyJlMmJmYjczMC1lY2FhLTExZTYtOGY4OC0zNDM2M2JjN2M0YzAiOnsiY3JlYXRlIjoxMjAwMDAwMDAwMDAwLCJkZWxldGUiOjEyMDAwMDAwMDAwMDAsInVwZGF0ZSI6MTIwMDAwMDAwMDAwMH0sInNjaGVtYV92ZXJzaW9uIjoiMSJ9",
          "dependencies": [
            "module.network.google_compute_firewall.allow_egress_to_admin",
            "module.network.google_compute_firewall.allow_from_admin",
            "module.network.google_compute_firewall.allow_internal",
            "module.network.google_compute_firewall.allow_internet_egress",
            "module.network.google_compute_firewall.block_inter_region",
            "module.network.google_compute_network.vpc",
            "module.network.google_compute_router.router",
            "module.network.google_compute_router_nat.nat",
            "module.network.google_compute_subnetwork.subnet"
          ]
        }
      ]
    },
    {
      "module": "module.bastion[\"europe-west2\"]",
      "mode": "managed",
      "type": "google_compute_instance",
      "name": "bastion",
      "provider": "provider[\"registry.terraform.io/hashicorp/google\"]",
      "instances": [
        {
          "schema_version": 6,
          "attributes": {
            "advanced_machine_features": [],
            "allow_stopping_for_update": true,
            "attached_disk": [],
            "boot_disk": [
              {
                "auto_delete": true,
                "device_name": "persistent-disk-0",
                "disk_encryption_key_raw": "",
                "disk_encryption_key_sha256": "",
                "initialize_params": [
                  {
                    "image": "https://www.googleapis.com/compute/v1/projects/ubuntu-os-cloud/global/images/ubuntu-2004-focal-v20250527",
                    "labels": {},
                    "resource_manager_tags": {},
                    "size": 30,
                    "type": "pd-ssd"
                  }
                ],
                "kms_key_self_link": "",
                "mode": "READ_WRITE",
                "source": "https://www.googleapis.com/compute/v1/projects/uporto-cd/zones/europe-west2-a/disks/uporto-cd-bastion-europe-west2"
              }
            ],
            "can_ip_forward": false,
            "confidential_instance_config": [],
            "cpu_platform": "Intel Broadwell",
            "current_status": "RUNNING",
            "deletion_protection": false,
            "description": "",
            "desired_status": null,
            "enable_display": false,
            "guest_accelerator": [],
            "hostname": "",
            "id": "projects/uporto-cd/zones/europe-west2-a/instances/uporto-cd-bastion-europe-west2",
            "instance_id": "4065374393417287473",
            "label_fingerprint": "42WmSpB8rSM=",
            "labels": {},
            "machine_type": "e2-medium",
            "metadata": {
              "ssh-keys": "ubuntu:ssh-rsa AAAAB3NzaC1yc2EAAAADAQABAAACAQC8d/Bg52qrZqSRqdEeqy0rT1+5f/cP5BnsN5GHNQXP7PHe/0pGqADr6tMTboRwE9+q/6YdjzmnpE3qP1xqruh4gkH5GyvsGSuZofBCJuwumQZt91Oxul6Gu04eO2yj1qf2VXcPKbyvOgkbOqtudNMBwR3iZd18ce6Se03srzu1FVo1tPCItkxdRhNyMWbGaU7TS64P+KTSkqK1hkCxPJNz0gs0C+KabKE4glIO5AlXNoAxXAlNfvq0k27TyfJKRZFduN8blOC5owIlR7iyviWBK2FAKMu2/JW8/hFcjdtL8YN3wNcp0u/7KxgqGkPpW21mGtFdsQV4FfvcogLHjnhO5fMjw4iyBp71ZL73AbUj4+LFFfobPu19zpUOcOCUe+CDpwMnW6s5WfolRk8P6a0arQrA7lYfgV815EugPBlyEit89mBSpvaCASrVO8HhnZF3hzbk6DqFt9ePEybqMmFtTHM1M4yYuydDNqNEj5f1/DImRERJxBTi7M6QR7ICtoyksd6x8Sk1TtUp9dVUB4UaIycVG3DnAXILkbsfF+X95hU5vEJw1wuwU26R1JE6HtTXYnrH9Wi0f8RhoS2UXEgmt9V3h/FsGuH/J9U4K7A3XqNBGtIULeL2hi2rAncvD2K49cY95by4gayolLvHJ4bt0Ts8DuNnDcBJ7HzW5AruYw== eduardo.mmd.correia@gmail.com\n"
            },
            "metadata_fingerprint": "zY-Z8AJ9hbY=",
            "metadata_startup_script": "#!/bin/bash\nset -e\n\n# Update system\napt-get update \u0026\u0026 apt-get upgrade -y\n\n# Install Python for Ansible\napt-get install -y python3 python3-pip\n\n# Log completion\necho \"Bastion minimal startup completed at $(date)\" \u003e /var/log/bastion-startup-completed.log\n",
            "min_cpu_platform": "",
            "name": "uporto-cd-bastion-europe-west2",
            "network_interface": [
              {
                "access_config": [],
                "alias_ip_range": [],
                "internal_ipv6_prefix_length": 0,
                "ipv6_access_config": [],
                "ipv6_access_type": "",
                "ipv6_address": "",
                "name": "nic0",
                "network": "https://www.googleapis.com/compute/v1/projects/uporto-cd/global/networks/uporto-cd-vpc-europe-west2",
                "network_ip": "10.1.0.2",
                "nic_type": "",
                "queue_count": 0,
                "stack_type": "IPV4_ONLY",
                "subnetwork": "https://www.googleapis.com/compute/v1/projects/uporto-cd/regions/europe-west2/subnetworks/uporto-cd-subnet-europe-west2",
                "subnetwork_project": "uporto-cd"
              }
            ],
            "network_performance_config": [],
            "params": [],
            "project": "uporto-cd",
            "reservation_affinity": [],
            "resource_policies": [],
            "scheduling": [
              {
                "automatic_restart": true,
                "instance_termination_action": "",
                "local_ssd_recovery_timeout": [],
                "min_node_cpus": 0,
                "node_affinities": [],
                "on_host_maintenance": "MIGRATE",
                "preemptible": false,
                "provisioning_model": "STANDARD"
              }
            ],
            "scratch_disk": [],
            "self_link": "https://www.googleapis.com/compute/v1/projects/uporto-cd/zones/europe-west2-a/instances/uporto-cd-bastion-europe-west2",
            "service_account": [
              {
                "email": "313506890289-compute@developer.gserviceaccount.com",
                "scopes": [
                  "https://www.googleapis.com/auth/cloud-platform"
                ]
              }
            ],
            "shielded_instance_config": [
              {
                "enable_integrity_monitoring": true,
                "enable_secure_boot": false,
                "enable_vtpm": true
              }
            ],
            "tags": [
              "bastion-host",
              "uporto-cd-bastion-europe-west2"
            ],
            "tags_fingerprint": "BHjTepHYeLo=",
            "timeouts": null,
            "zone": "europe-west2-a"
          },
          "sensitive_attributes": [
            [
              {
                "type": "get_attr",
                "value": "boot_disk"
              },
              {
                "type": "index",
                "value": {
                  "value": 0,
                  "type": "number"
                }
              },
              {
                "type": "get_attr",
                "value": "disk_encryption_key_raw"
              }
            ]
          ],
          "private": "eyJlMmJmYjczMC1lY2FhLTExZTYtOGY4OC0zNDM2M2JjN2M0YzAiOnsiY3JlYXRlIjoxMjAwMDAwMDAwMDAwLCJkZWxldGUiOjEyMDAwMDAwMDAwMDAsInVwZGF0ZSI6MTIwMDAwMDAwMDAwMH0sInNjaGVtYV92ZXJzaW9uIjoiNiJ9",
          "dependencies": [
            "module.bastion.google_project_service.compute_api",
            "module.network.google_compute_firewall.allow_egress_to_admin",
            "module.network.google_compute_firewall.allow_from_admin",
            "module.network.google_compute_firewall.allow_internal",
            "module.network.google_compute_firewall.allow_internet_egress",
            "module.network.google_compute_firewall.block_inter_region",
            "module.network.google_compute_network.vpc",
            "module.network.google_compute_router.router",
            "module.network.google_compute_router_nat.nat",
            "module.network.google_compute_subnetwork.subnet"
          ]
        }
      ]
    },
    {
      "module": "module.bastion[\"europe-west2\"]",
      "mode": "managed",
      "type": "google_project_service",
      "name": "compute_api",
      "provider": "provider[\"registry.terraform.io/hashicorp/google\"]",
      "instances": [
        {
          "schema_version": 0,
          "attributes": {
            "disable_dependent_services": null,
            "disable_on_destroy": false,
            "id": "uporto-cd/compute.googleapis.com",
            "project": "uporto-cd",
            "service": "compute.googleapis.com",
            "timeouts": null
          },
          "sensitive_attributes": [],
          "private": "eyJlMmJmYjczMC1lY2FhLTExZTYtOGY4OC0zNDM2M2JjN2M0YzAiOnsiY3JlYXRlIjoxMjAwMDAwMDAwMDAwLCJkZWxldGUiOjEyMDAwMDAwMDAwMDAsInJlYWQiOjYwMDAwMDAwMDAwMCwidXBkYXRlIjoxMjAwMDAwMDAwMDAwfX0="
        }
      ]
    },
    {
      "module": "module.bastion[\"us-south1\"]",
      "mode": "managed",
      "type": "google_compute_firewall",
      "name": "bastion_ssh_from_admin",
      "provider": "provider[\"registry.terraform.io/hashicorp/google\"]",
      "instances": [
        {
          "schema_version": 1,
          "attributes": {
            "allow": [
              {
                "ports": [
                  "22"
                ],
                "protocol": "tcp"
              }
            ],
            "creation_timestamp": "2025-05-28T04:56:37.008-07:00",
            "deny": [],
            "description": "",
            "destination_ranges": [],
            "direction": "INGRESS",
            "disabled": false,
            "enable_logging": null,
            "id": "projects/uporto-cd/global/firewalls/uporto-cd-bastion-ssh-from-admin-us-south1",
            "log_config": [],
            "name": "uporto-cd-bastion-ssh-from-admin-us-south1",
            "network": "https://www.googleapis.com/compute/v1/projects/uporto-cd/global/networks/uporto-cd-vpc-us-south1",
            "priority": 1000,
            "project": "uporto-cd",
            "self_link": "https://www.googleapis.com/compute/v1/projects/uporto-cd/global/firewalls/uporto-cd-bastion-ssh-from-admin-us-south1",
            "source_ranges": [
              "10.250.0.0/24"
            ],
            "source_service_accounts": [],
            "source_tags": [],
            "target_service_accounts": [],
            "target_tags": [
              "bastion-host"
            ],
            "timeouts": null
          },
          "sensitive_attributes": [],
          "private": "eyJlMmJmYjczMC1lY2FhLTExZTYtOGY4OC0zNDM2M2JjN2M0YzAiOnsiY3JlYXRlIjoxMjAwMDAwMDAwMDAwLCJkZWxldGUiOjEyMDAwMDAwMDAwMDAsInVwZGF0ZSI6MTIwMDAwMDAwMDAwMH0sInNjaGVtYV92ZXJzaW9uIjoiMSJ9",
          "dependencies": [
            "module.network.google_compute_firewall.allow_egress_to_admin",
            "module.network.google_compute_firewall.allow_from_admin",
            "module.network.google_compute_firewall.allow_internal",
            "module.network.google_compute_firewall.allow_internet_egress",
            "module.network.google_compute_firewall.block_inter_region",
            "module.network.google_compute_network.vpc",
            "module.network.google_compute_router.router",
            "module.network.google_compute_router_nat.nat",
            "module.network.google_compute_subnetwork.subnet"
          ]
        }
      ]
    },
    {
      "module": "module.bastion[\"us-south1\"]",
      "mode": "managed",
      "type": "google_compute_instance",
      "name": "bastion",
      "provider": "provider[\"registry.terraform.io/hashicorp/google\"]",
      "instances": [
        {
          "schema_version": 6,
          "attributes": {
            "advanced_machine_features": [],
            "allow_stopping_for_update": true,
            "attached_disk": [],
            "boot_disk": [
              {
                "auto_delete": true,
                "device_name": "persistent-disk-0",
                "disk_encryption_key_raw": "",
                "disk_encryption_key_sha256": "",
                "initialize_params": [
                  {
                    "image": "https://www.googleapis.com/compute/v1/projects/ubuntu-os-cloud/global/images/ubuntu-2004-focal-v20250527",
                    "labels": {},
                    "resource_manager_tags": {},
                    "size": 30,
                    "type": "pd-ssd"
                  }
                ],
                "kms_key_self_link": "",
                "mode": "READ_WRITE",
                "source": "https://www.googleapis.com/compute/v1/projects/uporto-cd/zones/us-south1-a/disks/uporto-cd-bastion-us-south1"
              }
            ],
            "can_ip_forward": false,
            "confidential_instance_config": [],
            "cpu_platform": "Intel Broadwell",
            "current_status": "RUNNING",
            "deletion_protection": false,
            "description": "",
            "desired_status": null,
            "enable_display": false,
            "guest_accelerator": [],
            "hostname": "",
            "id": "projects/uporto-cd/zones/us-south1-a/instances/uporto-cd-bastion-us-south1",
            "instance_id": "7573548314090227518",
            "label_fingerprint": "42WmSpB8rSM=",
            "labels": {},
            "machine_type": "e2-medium",
            "metadata": {
              "ssh-keys": "ubuntu:ssh-rsa AAAAB3NzaC1yc2EAAAADAQABAAACAQC8d/Bg52qrZqSRqdEeqy0rT1+5f/cP5BnsN5GHNQXP7PHe/0pGqADr6tMTboRwE9+q/6YdjzmnpE3qP1xqruh4gkH5GyvsGSuZofBCJuwumQZt91Oxul6Gu04eO2yj1qf2VXcPKbyvOgkbOqtudNMBwR3iZd18ce6Se03srzu1FVo1tPCItkxdRhNyMWbGaU7TS64P+KTSkqK1hkCxPJNz0gs0C+KabKE4glIO5AlXNoAxXAlNfvq0k27TyfJKRZFduN8blOC5owIlR7iyviWBK2FAKMu2/JW8/hFcjdtL8YN3wNcp0u/7KxgqGkPpW21mGtFdsQV4FfvcogLHjnhO5fMjw4iyBp71ZL73AbUj4+LFFfobPu19zpUOcOCUe+CDpwMnW6s5WfolRk8P6a0arQrA7lYfgV815EugPBlyEit89mBSpvaCASrVO8HhnZF3hzbk6DqFt9ePEybqMmFtTHM1M4yYuydDNqNEj5f1/DImRERJxBTi7M6QR7ICtoyksd6x8Sk1TtUp9dVUB4UaIycVG3DnAXILkbsfF+X95hU5vEJw1wuwU26R1JE6HtTXYnrH9Wi0f8RhoS2UXEgmt9V3h/FsGuH/J9U4K7A3XqNBGtIULeL2hi2rAncvD2K49cY95by4gayolLvHJ4bt0Ts8DuNnDcBJ7HzW5AruYw== eduardo.mmd.correia@gmail.com\n"
            },
            "metadata_fingerprint": "zY-Z8AJ9hbY=",
            "metadata_startup_script": "#!/bin/bash\nset -e\n\n# Update system\napt-get update \u0026\u0026 apt-get upgrade -y\n\n# Install Python for Ansible\napt-get install -y python3 python3-pip\n\n# Log completion\necho \"Bastion minimal startup completed at $(date)\" \u003e /var/log/bastion-startup-completed.log\n",
            "min_cpu_platform": "",
            "name": "uporto-cd-bastion-us-south1",
            "network_interface": [
              {
                "access_config": [],
                "alias_ip_range": [],
                "internal_ipv6_prefix_length": 0,
                "ipv6_access_config": [],
                "ipv6_access_type": "",
                "ipv6_address": "",
                "name": "nic0",
                "network": "https://www.googleapis.com/compute/v1/projects/uporto-cd/global/networks/uporto-cd-vpc-us-south1",
                "network_ip": "10.2.0.2",
                "nic_type": "",
                "queue_count": 0,
                "stack_type": "IPV4_ONLY",
                "subnetwork": "https://www.googleapis.com/compute/v1/projects/uporto-cd/regions/us-south1/subnetworks/uporto-cd-subnet-us-south1",
                "subnetwork_project": "uporto-cd"
              }
            ],
            "network_performance_config": [],
            "params": [],
            "project": "uporto-cd",
            "reservation_affinity": [],
            "resource_policies": [],
            "scheduling": [
              {
                "automatic_restart": true,
                "instance_termination_action": "",
                "local_ssd_recovery_timeout": [],
                "min_node_cpus": 0,
                "node_affinities": [],
                "on_host_maintenance": "MIGRATE",
                "preemptible": false,
                "provisioning_model": "STANDARD"
              }
            ],
            "scratch_disk": [],
            "self_link": "https://www.googleapis.com/compute/v1/projects/uporto-cd/zones/us-south1-a/instances/uporto-cd-bastion-us-south1",
            "service_account": [
              {
                "email": "313506890289-compute@developer.gserviceaccount.com",
                "scopes": [
                  "https://www.googleapis.com/auth/cloud-platform"
                ]
              }
            ],
            "shielded_instance_config": [
              {
                "enable_integrity_monitoring": true,
                "enable_secure_boot": false,
                "enable_vtpm": true
              }
            ],
            "tags": [
              "bastion-host",
              "uporto-cd-bastion-us-south1"
            ],
            "tags_fingerprint": "XF5ijnNQi5o=",
            "timeouts": null,
            "zone": "us-south1-a"
          },
          "sensitive_attributes": [
            [
              {
                "type": "get_attr",
                "value": "boot_disk"
              },
              {
                "type": "index",
                "value": {
                  "value": 0,
                  "type": "number"
                }
              },
              {
                "type": "get_attr",
                "value": "disk_encryption_key_raw"
              }
            ]
          ],
          "private": "eyJlMmJmYjczMC1lY2FhLTExZTYtOGY4OC0zNDM2M2JjN2M0YzAiOnsiY3JlYXRlIjoxMjAwMDAwMDAwMDAwLCJkZWxldGUiOjEyMDAwMDAwMDAwMDAsInVwZGF0ZSI6MTIwMDAwMDAwMDAwMH0sInNjaGVtYV92ZXJzaW9uIjoiNiJ9",
          "dependencies": [
            "module.bastion.google_project_service.compute_api",
            "module.network.google_compute_firewall.allow_egress_to_admin",
            "module.network.google_compute_firewall.allow_from_admin",
            "module.network.google_compute_firewall.allow_internal",
            "module.network.google_compute_firewall.allow_internet_egress",
            "module.network.google_compute_firewall.block_inter_region",
            "module.network.google_compute_network.vpc",
            "module.network.google_compute_router.router",
            "module.network.google_compute_router_nat.nat",
            "module.network.google_compute_subnetwork.subnet"
          ]
        }
      ]
    },
    {
      "module": "module.bastion[\"us-south1\"]",
      "mode": "managed",
      "type": "google_project_service",
      "name": "compute_api",
      "provider": "provider[\"registry.terraform.io/hashicorp/google\"]",
      "instances": [
        {
          "schema_version": 0,
          "attributes": {
            "disable_dependent_services": null,
            "disable_on_destroy": false,
            "id": "uporto-cd/compute.googleapis.com",
            "project": "uporto-cd",
            "service": "compute.googleapis.com",
            "timeouts": null
          },
          "sensitive_attributes": [],
          "private": "eyJlMmJmYjczMC1lY2FhLTExZTYtOGY4OC0zNDM2M2JjN2M0YzAiOnsiY3JlYXRlIjoxMjAwMDAwMDAwMDAwLCJkZWxldGUiOjEyMDAwMDAwMDAwMDAsInJlYWQiOjYwMDAwMDAwMDAwMCwidXBkYXRlIjoxMjAwMDAwMDAwMDAwfX0="
        }
      ]
    },
    {
      "module": "module.cold_scaling[0]",
      "mode": "data",
      "type": "archive_file",
      "name": "function_source",
      "provider": "provider[\"registry.terraform.io/hashicorp/archive\"]",
      "instances": [
        {
          "schema_version": 0,
          "attributes": {
            "exclude_symlink_directories": null,
            "excludes": null,
            "id": "5131f71191666f8cd94f7d089d26075893a1aa21",
            "output_base64sha256": "zNDnZGauAP04iXJXnI8A5KZBL9ZP+q7sLsS+r0Pbq2E=",
            "output_base64sha512": "WOM6lAVoq6v4UZcRZwEOUtJqDDpadWwhUEEAAjVckzdoXPy7KX+K9O5yTWJbFifG2PD+PEoJoHzbv626woOjzg==",
            "output_file_mode": null,
            "output_md5": "4fceb36fafefa8bf8e334f48a4309397",
            "output_path": "./functions/cold-autoscaler-2025-05-28T13:18:34Z.zip",
            "output_sha": "5131f71191666f8cd94f7d089d26075893a1aa21",
            "output_sha256": "ccd0e76466ae00fd388972579c8f00e4a6412fd64ffaaeec2ec4beaf43dbab61",
            "output_sha512": "58e33a940568ababf851971167010e52d26a0c3a5a756c2150410002355c9337685cfcbb297f8af4ee724d625b1627c6d8f0fe3c4a09a07cdbbfadbac283a3ce",
            "output_size": 2987,
            "source": [],
            "source_content": null,
            "source_content_filename": null,
            "source_dir": "./functions/cold-autoscaler",
            "source_file": null,
            "type": "zip"
          },
          "sensitive_attributes": []
        }
      ]
    },
    {
      "module": "module.cold_scaling[0]",
      "mode": "managed",
      "type": "google_cloud_scheduler_job",
      "name": "scaler_job",
      "provider": "provider[\"registry.terraform.io/hashicorp/google\"]",
      "instances": [
        {
          "index_key": 0,
          "schema_version": 0,
          "attributes": {
            "app_engine_http_target": [],
            "attempt_deadline": "180s",
            "description": "Runs cold cluster scaler every 5 minutes",
            "http_target": [
              {
                "body": "eyJ0aW1lc3RhbXAiOiIyMDI1LTA1LTI4VDEzOjE5OjI5WiIsInRyaWdnZXIiOiJzY2hlZHVsZWQifQ==",
                "headers": {
                  "Content-Type": "application/json"
                },
                "http_method": "POST",
                "oauth_token": [],
                "oidc_token": [
                  {
                    "audience": "https://europe-west2-uporto-cd.cloudfunctions.net/uporto-cd-cold-cluster-scaler",
                    "service_account_email": "uporto-cd-cold-scaler@uporto-cd.iam.gserviceaccount.com"
                  }
                ],
                "uri": "https://europe-west2-uporto-cd.cloudfunctions.net/uporto-cd-cold-cluster-scaler"
              }
            ],
            "id": "projects/uporto-cd/locations/europe-west2/jobs/uporto-cd-cold-scaler-job",
            "name": "uporto-cd-cold-scaler-job",
            "paused": false,
            "project": "uporto-cd",
            "pubsub_target": [],
            "region": "europe-west2",
            "retry_config": [
              {
                "max_backoff_duration": "3600s",
                "max_doublings": 5,
                "max_retry_duration": "0s",
                "min_backoff_duration": "5s",
                "retry_count": 3
              }
            ],
            "schedule": "*/5 * * * *",
            "state": "ENABLED",
            "time_zone": "UTC",
            "timeouts": null
          },
          "sensitive_attributes": [],
          "private": "eyJlMmJmYjczMC1lY2FhLTExZTYtOGY4OC0zNDM2M2JjN2M0YzAiOnsiY3JlYXRlIjoxMjAwMDAwMDAwMDAwLCJkZWxldGUiOjEyMDAwMDAwMDAwMDAsInVwZGF0ZSI6MTIwMDAwMDAwMDAwMH19",
          "dependencies": [
            "module.cold_scaling.data.archive_file.function_source",
            "module.cold_scaling.google_cloudfunctions_function.cold_cluster_scaler",
            "module.cold_scaling.google_project_iam_member.scaler_container_admin",
            "module.cold_scaling.google_project_service.required_apis",
            "module.cold_scaling.google_service_account.scaler_sa",
            "module.cold_scaling.google_storage_bucket.function_source",
            "module.cold_scaling.google_storage_bucket_object.function_code",
            "module.gke_cold.google_container_cluster.cluster",
            "module.gke_cold.google_container_node_pool.primary",
            "module.gke_cold.google_project_service.compute_api",
            "module.gke_cold.google_project_service.container_api",
            "module.gke_hot.google_container_cluster.cluster",
            "module.gke_hot.google_container_node_pool.primary",
            "module.gke_hot.google_project_service.compute_api",
            "module.gke_hot.google_project_service.container_api",
            "module.loadbalancer.google_compute_backend_service.default",
            "module.loadbalancer.google_compute_global_address.lb_ip",
            "module.loadbalancer.google_compute_global_forwarding_rule.http",
            "module.loadbalancer.google_compute_global_forwarding_rule.https",
            "module.loadbalancer.google_compute_health_check.default",
            "module.loadbalancer.google_compute_managed_ssl_certificate.default",
            "module.loadbalancer.google_compute_ssl_policy.modern",
            "module.loadbalancer.google_compute_target_http_proxy.default",
            "module.loadbalancer.google_compute_target_https_proxy.default",
            "module.loadbalancer.google_compute_url_map.default",
            "module.loadbalancer.google_dns_managed_zone.default",
            "module.loadbalancer.google_dns_record_set.caa",
            "module.loadbalancer.google_dns_record_set.root",
            "module.loadbalancer.google_dns_record_set.www",
            "module.loadbalancer.google_project_service.compute_api",
            "module.loadbalancer.google_project_service.dns_api",
            "module.network.google_compute_firewall.allow_egress_to_admin",
            "module.network.google_compute_firewall.allow_from_admin",
            "module.network.google_compute_firewall.allow_internal",
            "module.network.google_compute_firewall.allow_internet_egress",
            "module.network.google_compute_firewall.block_inter_region",
            "module.network.google_compute_network.vpc",
            "module.network.google_compute_router.router",
            "module.network.google_compute_router_nat.nat",
            "module.network.google_compute_subnetwork.subnet"
          ]
        }
      ]
    },
    {
      "module": "module.cold_scaling[0]",
      "mode": "managed",
      "type": "google_cloudfunctions_function",
      "name": "cold_cluster_scaler",
      "provider": "provider[\"registry.terraform.io/hashicorp/google\"]",
      "instances": [
        {
          "schema_version": 0,
          "attributes": {
            "available_memory_mb": 512,
            "build_environment_variables": null,
            "build_worker_pool": "",
            "description": "Scales cold clusters based on geographic traffic patterns",
            "docker_registry": "ARTIFACT_REGISTRY",
            "docker_repository": "",
            "entry_point": "scale_cold_cluster",
            "environment_variables": {
              "ASIA_REQUESTS_THRESHOLD": "50",
              "COLD_REGIONS": "asia-southeast1",
              "HOT_REGIONS": "europe-west2,us-south1",
              "LATENCY_THRESHOLD_MS": "500",
              "LOAD_BALANCER_NAME": "uporto-cd-https-lb-rule",
              "MIN_TOTAL_REQUESTS": "100",
              "PROJECT_ID": "uporto-cd",
              "SCALE_DOWN_ASIA_REQUESTS": "10",
              "SCALE_DOWN_LATENCY_MS": "200"
            },
            "event_trigger": [],
            "https_trigger_security_level": "SECURE_OPTIONAL",
            "https_trigger_url": "https://europe-west2-uporto-cd.cloudfunctions.net/uporto-cd-cold-cluster-scaler",
            "id": "projects/uporto-cd/locations/europe-west2/functions/uporto-cd-cold-cluster-scaler",
            "ingress_settings": "ALLOW_ALL",
            "kms_key_name": "",
            "labels": {},
            "max_instances": 1,
            "min_instances": 0,
            "name": "uporto-cd-cold-cluster-scaler",
            "project": "uporto-cd",
            "region": "europe-west2",
            "runtime": "python39",
            "secret_environment_variables": [],
            "secret_volumes": [],
            "service_account_email": "uporto-cd-cold-scaler@uporto-cd.iam.gserviceaccount.com",
            "source_archive_bucket": "uporto-cd-cold-scaler-source",
            "source_archive_object": "cold-cluster-scaler-2025-05-28-1318.zip",
            "source_repository": [],
            "status": "ACTIVE",
            "timeout": 300,
            "timeouts": null,
            "trigger_http": true,
            "vpc_connector": "",
            "vpc_connector_egress_settings": ""
          },
          "sensitive_attributes": [],
          "private": "eyJlMmJmYjczMC1lY2FhLTExZTYtOGY4OC0zNDM2M2JjN2M0YzAiOnsiY3JlYXRlIjozMDAwMDAwMDAwMDAsImRlbGV0ZSI6MzAwMDAwMDAwMDAwLCJyZWFkIjozMDAwMDAwMDAwMDAsInVwZGF0ZSI6MzAwMDAwMDAwMDAwfX0=",
          "dependencies": [
            "module.cold_scaling.data.archive_file.function_source",
            "module.cold_scaling.google_project_iam_member.scaler_container_admin",
            "module.cold_scaling.google_project_service.required_apis",
            "module.cold_scaling.google_service_account.scaler_sa",
            "module.cold_scaling.google_storage_bucket.function_source",
            "module.cold_scaling.google_storage_bucket_object.function_code",
            "module.gke_cold.google_container_cluster.cluster",
            "module.gke_cold.google_container_node_pool.primary",
            "module.gke_cold.google_project_service.compute_api",
            "module.gke_cold.google_project_service.container_api",
            "module.gke_hot.google_container_cluster.cluster",
            "module.gke_hot.google_container_node_pool.primary",
            "module.gke_hot.google_project_service.compute_api",
            "module.gke_hot.google_project_service.container_api",
            "module.loadbalancer.google_compute_backend_service.default",
            "module.loadbalancer.google_compute_global_address.lb_ip",
            "module.loadbalancer.google_compute_global_forwarding_rule.http",
            "module.loadbalancer.google_compute_global_forwarding_rule.https",
            "module.loadbalancer.google_compute_health_check.default",
            "module.loadbalancer.google_compute_managed_ssl_certificate.default",
            "module.loadbalancer.google_compute_ssl_policy.modern",
            "module.loadbalancer.google_compute_target_http_proxy.default",
            "module.loadbalancer.google_compute_target_https_proxy.default",
            "module.loadbalancer.google_compute_url_map.default",
            "module.loadbalancer.google_dns_managed_zone.default",
            "module.loadbalancer.google_dns_record_set.caa",
            "module.loadbalancer.google_dns_record_set.root",
            "module.loadbalancer.google_dns_record_set.www",
            "module.loadbalancer.google_project_service.compute_api",
            "module.loadbalancer.google_project_service.dns_api",
            "module.network.google_compute_firewall.allow_egress_to_admin",
            "module.network.google_compute_firewall.allow_from_admin",
            "module.network.google_compute_firewall.allow_internal",
            "module.network.google_compute_firewall.allow_internet_egress",
            "module.network.google_compute_firewall.block_inter_region",
            "module.network.google_compute_network.vpc",
            "module.network.google_compute_router.router",
            "module.network.google_compute_router_nat.nat",
            "module.network.google_compute_subnetwork.subnet"
          ]
        }
      ]
    },
    {
      "module": "module.cold_scaling[0]",
      "mode": "managed",
      "type": "google_project_iam_member",
      "name": "scaler_container_admin",
      "provider": "provider[\"registry.terraform.io/hashicorp/google\"]",
      "instances": [
        {
          "schema_version": 0,
          "attributes": {
            "condition": [],
            "etag": "BwY2MYc+hps=",
            "id": "uporto-cd/roles/container.admin/serviceAccount:uporto-cd-cold-scaler@uporto-cd.iam.gserviceaccount.com",
            "member": "serviceAccount:uporto-cd-cold-scaler@uporto-cd.iam.gserviceaccount.com",
            "project": "uporto-cd",
            "role": "roles/container.admin"
          },
          "sensitive_attributes": [],
          "private": "bnVsbA==",
          "dependencies": [
            "module.cold_scaling.google_service_account.scaler_sa",
            "module.gke_cold.google_container_cluster.cluster",
            "module.gke_cold.google_container_node_pool.primary",
            "module.gke_cold.google_project_service.compute_api",
            "module.gke_cold.google_project_service.container_api",
            "module.gke_hot.google_container_cluster.cluster",
            "module.gke_hot.google_container_node_pool.primary",
            "module.gke_hot.google_project_service.compute_api",
            "module.gke_hot.google_project_service.container_api",
            "module.loadbalancer.google_compute_backend_service.default",
            "module.loadbalancer.google_compute_global_address.lb_ip",
            "module.loadbalancer.google_compute_global_forwarding_rule.http",
            "module.loadbalancer.google_compute_global_forwarding_rule.https",
            "module.loadbalancer.google_compute_health_check.default",
            "module.loadbalancer.google_compute_managed_ssl_certificate.default",
            "module.loadbalancer.google_compute_ssl_policy.modern",
            "module.loadbalancer.google_compute_target_http_proxy.default",
            "module.loadbalancer.google_compute_target_https_proxy.default",
            "module.loadbalancer.google_compute_url_map.default",
            "module.loadbalancer.google_dns_managed_zone.default",
            "module.loadbalancer.google_dns_record_set.caa",
            "module.loadbalancer.google_dns_record_set.root",
            "module.loadbalancer.google_dns_record_set.www",
            "module.loadbalancer.google_project_service.compute_api",
            "module.loadbalancer.google_project_service.dns_api",
            "module.network.google_compute_firewall.allow_egress_to_admin",
            "module.network.google_compute_firewall.allow_from_admin",
            "module.network.google_compute_firewall.allow_internal",
            "module.network.google_compute_firewall.allow_internet_egress",
            "module.network.google_compute_firewall.block_inter_region",
            "module.network.google_compute_network.vpc",
            "module.network.google_compute_router.router",
            "module.network.google_compute_router_nat.nat",
            "module.network.google_compute_subnetwork.subnet"
          ]
        }
      ]
    },
    {
      "module": "module.cold_scaling[0]",
      "mode": "managed",
      "type": "google_project_iam_member",
      "name": "scaler_logging_writer",
      "provider": "provider[\"registry.terraform.io/hashicorp/google\"]",
      "instances": [
        {
          "schema_version": 0,
          "attributes": {
            "condition": [],
            "etag": "BwY2MYc+hps=",
            "id": "uporto-cd/roles/logging.logWriter/serviceAccount:uporto-cd-cold-scaler@uporto-cd.iam.gserviceaccount.com",
            "member": "serviceAccount:uporto-cd-cold-scaler@uporto-cd.iam.gserviceaccount.com",
            "project": "uporto-cd",
            "role": "roles/logging.logWriter"
          },
          "sensitive_attributes": [],
          "private": "bnVsbA==",
          "dependencies": [
            "module.cold_scaling.google_service_account.scaler_sa",
            "module.gke_cold.google_container_cluster.cluster",
            "module.gke_cold.google_container_node_pool.primary",
            "module.gke_cold.google_project_service.compute_api",
            "module.gke_cold.google_project_service.container_api",
            "module.gke_hot.google_container_cluster.cluster",
            "module.gke_hot.google_container_node_pool.primary",
            "module.gke_hot.google_project_service.compute_api",
            "module.gke_hot.google_project_service.container_api",
            "module.loadbalancer.google_compute_backend_service.default",
            "module.loadbalancer.google_compute_global_address.lb_ip",
            "module.loadbalancer.google_compute_global_forwarding_rule.http",
            "module.loadbalancer.google_compute_global_forwarding_rule.https",
            "module.loadbalancer.google_compute_health_check.default",
            "module.loadbalancer.google_compute_managed_ssl_certificate.default",
            "module.loadbalancer.google_compute_ssl_policy.modern",
            "module.loadbalancer.google_compute_target_http_proxy.default",
            "module.loadbalancer.google_compute_target_https_proxy.default",
            "module.loadbalancer.google_compute_url_map.default",
            "module.loadbalancer.google_dns_managed_zone.default",
            "module.loadbalancer.google_dns_record_set.caa",
            "module.loadbalancer.google_dns_record_set.root",
            "module.loadbalancer.google_dns_record_set.www",
            "module.loadbalancer.google_project_service.compute_api",
            "module.loadbalancer.google_project_service.dns_api",
            "module.network.google_compute_firewall.allow_egress_to_admin",
            "module.network.google_compute_firewall.allow_from_admin",
            "module.network.google_compute_firewall.allow_internal",
            "module.network.google_compute_firewall.allow_internet_egress",
            "module.network.google_compute_firewall.block_inter_region",
            "module.network.google_compute_network.vpc",
            "module.network.google_compute_router.router",
            "module.network.google_compute_router_nat.nat",
            "module.network.google_compute_subnetwork.subnet"
          ]
        }
      ]
    },
    {
      "module": "module.cold_scaling[0]",
      "mode": "managed",
      "type": "google_project_iam_member",
      "name": "scaler_monitoring_viewer",
      "provider": "provider[\"registry.terraform.io/hashicorp/google\"]",
      "instances": [
        {
          "schema_version": 0,
          "attributes": {
            "condition": [],
            "etag": "BwY2MYc+hps=",
            "id": "uporto-cd/roles/monitoring.viewer/serviceAccount:uporto-cd-cold-scaler@uporto-cd.iam.gserviceaccount.com",
            "member": "serviceAccount:uporto-cd-cold-scaler@uporto-cd.iam.gserviceaccount.com",
            "project": "uporto-cd",
            "role": "roles/monitoring.viewer"
          },
          "sensitive_attributes": [],
          "private": "bnVsbA==",
          "dependencies": [
            "module.cold_scaling.google_service_account.scaler_sa",
            "module.gke_cold.google_container_cluster.cluster",
            "module.gke_cold.google_container_node_pool.primary",
            "module.gke_cold.google_project_service.compute_api",
            "module.gke_cold.google_project_service.container_api",
            "module.gke_hot.google_container_cluster.cluster",
            "module.gke_hot.google_container_node_pool.primary",
            "module.gke_hot.google_project_service.compute_api",
            "module.gke_hot.google_project_service.container_api",
            "module.loadbalancer.google_compute_backend_service.default",
            "module.loadbalancer.google_compute_global_address.lb_ip",
            "module.loadbalancer.google_compute_global_forwarding_rule.http",
            "module.loadbalancer.google_compute_global_forwarding_rule.https",
            "module.loadbalancer.google_compute_health_check.default",
            "module.loadbalancer.google_compute_managed_ssl_certificate.default",
            "module.loadbalancer.google_compute_ssl_policy.modern",
            "module.loadbalancer.google_compute_target_http_proxy.default",
            "module.loadbalancer.google_compute_target_https_proxy.default",
            "module.loadbalancer.google_compute_url_map.default",
            "module.loadbalancer.google_dns_managed_zone.default",
            "module.loadbalancer.google_dns_record_set.caa",
            "module.loadbalancer.google_dns_record_set.root",
            "module.loadbalancer.google_dns_record_set.www",
            "module.loadbalancer.google_project_service.compute_api",
            "module.loadbalancer.google_project_service.dns_api",
            "module.network.google_compute_firewall.allow_egress_to_admin",
            "module.network.google_compute_firewall.allow_from_admin",
            "module.network.google_compute_firewall.allow_internal",
            "module.network.google_compute_firewall.allow_internet_egress",
            "module.network.google_compute_firewall.block_inter_region",
            "module.network.google_compute_network.vpc",
            "module.network.google_compute_router.router",
            "module.network.google_compute_router_nat.nat",
            "module.network.google_compute_subnetwork.subnet"
          ]
        }
      ]
    },
    {
      "module": "module.cold_scaling[0]",
      "mode": "managed",
      "type": "google_project_service",
      "name": "required_apis",
      "provider": "provider[\"registry.terraform.io/hashicorp/google\"]",
      "instances": [
        {
          "index_key": "cloudfunctions.googleapis.com",
          "schema_version": 0,
          "attributes": {
            "disable_dependent_services": null,
            "disable_on_destroy": false,
            "id": "uporto-cd/cloudfunctions.googleapis.com",
            "project": "uporto-cd",
            "service": "cloudfunctions.googleapis.com",
            "timeouts": null
          },
          "sensitive_attributes": [],
          "private": "eyJlMmJmYjczMC1lY2FhLTExZTYtOGY4OC0zNDM2M2JjN2M0YzAiOnsiY3JlYXRlIjoxMjAwMDAwMDAwMDAwLCJkZWxldGUiOjEyMDAwMDAwMDAwMDAsInJlYWQiOjYwMDAwMDAwMDAwMCwidXBkYXRlIjoxMjAwMDAwMDAwMDAwfX0=",
          "dependencies": [
            "module.gke_cold.google_container_cluster.cluster",
            "module.gke_cold.google_container_node_pool.primary",
            "module.gke_cold.google_project_service.compute_api",
            "module.gke_cold.google_project_service.container_api",
            "module.gke_hot.google_container_cluster.cluster",
            "module.gke_hot.google_container_node_pool.primary",
            "module.gke_hot.google_project_service.compute_api",
            "module.gke_hot.google_project_service.container_api",
            "module.loadbalancer.google_compute_backend_service.default",
            "module.loadbalancer.google_compute_global_address.lb_ip",
            "module.loadbalancer.google_compute_global_forwarding_rule.http",
            "module.loadbalancer.google_compute_global_forwarding_rule.https",
            "module.loadbalancer.google_compute_health_check.default",
            "module.loadbalancer.google_compute_managed_ssl_certificate.default",
            "module.loadbalancer.google_compute_ssl_policy.modern",
            "module.loadbalancer.google_compute_target_http_proxy.default",
            "module.loadbalancer.google_compute_target_https_proxy.default",
            "module.loadbalancer.google_compute_url_map.default",
            "module.loadbalancer.google_dns_managed_zone.default",
            "module.loadbalancer.google_dns_record_set.caa",
            "module.loadbalancer.google_dns_record_set.root",
            "module.loadbalancer.google_dns_record_set.www",
            "module.loadbalancer.google_project_service.compute_api",
            "module.loadbalancer.google_project_service.dns_api",
            "module.network.google_compute_firewall.allow_egress_to_admin",
            "module.network.google_compute_firewall.allow_from_admin",
            "module.network.google_compute_firewall.allow_internal",
            "module.network.google_compute_firewall.allow_internet_egress",
            "module.network.google_compute_firewall.block_inter_region",
            "module.network.google_compute_network.vpc",
            "module.network.google_compute_router.router",
            "module.network.google_compute_router_nat.nat",
            "module.network.google_compute_subnetwork.subnet"
          ]
        },
        {
          "index_key": "cloudscheduler.googleapis.com",
          "schema_version": 0,
          "attributes": {
            "disable_dependent_services": null,
            "disable_on_destroy": false,
            "id": "uporto-cd/cloudscheduler.googleapis.com",
            "project": "uporto-cd",
            "service": "cloudscheduler.googleapis.com",
            "timeouts": null
          },
          "sensitive_attributes": [],
          "private": "eyJlMmJmYjczMC1lY2FhLTExZTYtOGY4OC0zNDM2M2JjN2M0YzAiOnsiY3JlYXRlIjoxMjAwMDAwMDAwMDAwLCJkZWxldGUiOjEyMDAwMDAwMDAwMDAsInJlYWQiOjYwMDAwMDAwMDAwMCwidXBkYXRlIjoxMjAwMDAwMDAwMDAwfX0=",
          "dependencies": [
            "module.gke_cold.google_container_cluster.cluster",
            "module.gke_cold.google_container_node_pool.primary",
            "module.gke_cold.google_project_service.compute_api",
            "module.gke_cold.google_project_service.container_api",
            "module.gke_hot.google_container_cluster.cluster",
            "module.gke_hot.google_container_node_pool.primary",
            "module.gke_hot.google_project_service.compute_api",
            "module.gke_hot.google_project_service.container_api",
            "module.loadbalancer.google_compute_backend_service.default",
            "module.loadbalancer.google_compute_global_address.lb_ip",
            "module.loadbalancer.google_compute_global_forwarding_rule.http",
            "module.loadbalancer.google_compute_global_forwarding_rule.https",
            "module.loadbalancer.google_compute_health_check.default",
            "module.loadbalancer.google_compute_managed_ssl_certificate.default",
            "module.loadbalancer.google_compute_ssl_policy.modern",
            "module.loadbalancer.google_compute_target_http_proxy.default",
            "module.loadbalancer.google_compute_target_https_proxy.default",
            "module.loadbalancer.google_compute_url_map.default",
            "module.loadbalancer.google_dns_managed_zone.default",
            "module.loadbalancer.google_dns_record_set.caa",
            "module.loadbalancer.google_dns_record_set.root",
            "module.loadbalancer.google_dns_record_set.www",
            "module.loadbalancer.google_project_service.compute_api",
            "module.loadbalancer.google_project_service.dns_api",
            "module.network.google_compute_firewall.allow_egress_to_admin",
            "module.network.google_compute_firewall.allow_from_admin",
            "module.network.google_compute_firewall.allow_internal",
            "module.network.google_compute_firewall.allow_internet_egress",
            "module.network.google_compute_firewall.block_inter_region",
            "module.network.google_compute_network.vpc",
            "module.network.google_compute_router.router",
            "module.network.google_compute_router_nat.nat",
            "module.network.google_compute_subnetwork.subnet"
          ]
        },
        {
          "index_key": "storage.googleapis.com",
          "schema_version": 0,
          "attributes": {
            "disable_dependent_services": null,
            "disable_on_destroy": false,
            "id": "uporto-cd/storage.googleapis.com",
            "project": "uporto-cd",
            "service": "storage.googleapis.com",
            "timeouts": null
          },
          "sensitive_attributes": [],
          "private": "eyJlMmJmYjczMC1lY2FhLTExZTYtOGY4OC0zNDM2M2JjN2M0YzAiOnsiY3JlYXRlIjoxMjAwMDAwMDAwMDAwLCJkZWxldGUiOjEyMDAwMDAwMDAwMDAsInJlYWQiOjYwMDAwMDAwMDAwMCwidXBkYXRlIjoxMjAwMDAwMDAwMDAwfX0=",
          "dependencies": [
            "module.gke_cold.google_container_cluster.cluster",
            "module.gke_cold.google_container_node_pool.primary",
            "module.gke_cold.google_project_service.compute_api",
            "module.gke_cold.google_project_service.container_api",
            "module.gke_hot.google_container_cluster.cluster",
            "module.gke_hot.google_container_node_pool.primary",
            "module.gke_hot.google_project_service.compute_api",
            "module.gke_hot.google_project_service.container_api",
            "module.loadbalancer.google_compute_backend_service.default",
            "module.loadbalancer.google_compute_global_address.lb_ip",
            "module.loadbalancer.google_compute_global_forwarding_rule.http",
            "module.loadbalancer.google_compute_global_forwarding_rule.https",
            "module.loadbalancer.google_compute_health_check.default",
            "module.loadbalancer.google_compute_managed_ssl_certificate.default",
            "module.loadbalancer.google_compute_ssl_policy.modern",
            "module.loadbalancer.google_compute_target_http_proxy.default",
            "module.loadbalancer.google_compute_target_https_proxy.default",
            "module.loadbalancer.google_compute_url_map.default",
            "module.loadbalancer.google_dns_managed_zone.default",
            "module.loadbalancer.google_dns_record_set.caa",
            "module.loadbalancer.google_dns_record_set.root",
            "module.loadbalancer.google_dns_record_set.www",
            "module.loadbalancer.google_project_service.compute_api",
            "module.loadbalancer.google_project_service.dns_api",
            "module.network.google_compute_firewall.allow_egress_to_admin",
            "module.network.google_compute_firewall.allow_from_admin",
            "module.network.google_compute_firewall.allow_internal",
            "module.network.google_compute_firewall.allow_internet_egress",
            "module.network.google_compute_firewall.block_inter_region",
            "module.network.google_compute_network.vpc",
            "module.network.google_compute_router.router",
            "module.network.google_compute_router_nat.nat",
            "module.network.google_compute_subnetwork.subnet"
          ]
        }
      ]
    },
    {
      "module": "module.cold_scaling[0]",
      "mode": "managed",
      "type": "google_pubsub_subscription",
      "name": "manual_scaling",
      "provider": "provider[\"registry.terraform.io/hashicorp/google\"]",
      "instances": [
        {
          "index_key": 0,
          "schema_version": 0,
          "attributes": {
            "ack_deadline_seconds": 20,
            "bigquery_config": [],
            "cloud_storage_config": [],
            "dead_letter_policy": [],
            "enable_exactly_once_delivery": false,
            "enable_message_ordering": false,
            "expiration_policy": [
              {
                "ttl": "2678400s"
              }
            ],
            "filter": "",
            "id": "projects/uporto-cd/subscriptions/uporto-cd-cold-scaling-manual-sub",
            "labels": {},
            "message_retention_duration": "604800s",
            "name": "uporto-cd-cold-scaling-manual-sub",
            "project": "uporto-cd",
            "push_config": [
              {
                "attributes": {},
                "no_wrapper": [],
                "oidc_token": [
                  {
                    "audience": "",
                    "service_account_email": "uporto-cd-cold-scaler@uporto-cd.iam.gserviceaccount.com"
                  }
                ],
                "push_endpoint": "https://europe-west2-uporto-cd.cloudfunctions.net/uporto-cd-cold-cluster-scaler"
              }
            ],
            "retain_acked_messages": false,
            "retry_policy": [],
            "timeouts": null,
            "topic": "projects/uporto-cd/topics/uporto-cd-cold-scaling-manual"
          },
          "sensitive_attributes": [],
          "private": "eyJlMmJmYjczMC1lY2FhLTExZTYtOGY4OC0zNDM2M2JjN2M0YzAiOnsiY3JlYXRlIjoxMjAwMDAwMDAwMDAwLCJkZWxldGUiOjEyMDAwMDAwMDAwMDAsInVwZGF0ZSI6MTIwMDAwMDAwMDAwMH19",
          "dependencies": [
            "module.cold_scaling.data.archive_file.function_source",
            "module.cold_scaling.google_cloudfunctions_function.cold_cluster_scaler",
            "module.cold_scaling.google_project_iam_member.scaler_container_admin",
            "module.cold_scaling.google_project_service.required_apis",
            "module.cold_scaling.google_pubsub_topic.manual_scaling",
            "module.cold_scaling.google_service_account.scaler_sa",
            "module.cold_scaling.google_storage_bucket.function_source",
            "module.cold_scaling.google_storage_bucket_object.function_code",
            "module.gke_cold.google_container_cluster.cluster",
            "module.gke_cold.google_container_node_pool.primary",
            "module.gke_cold.google_project_service.compute_api",
            "module.gke_cold.google_project_service.container_api",
            "module.gke_hot.google_container_cluster.cluster",
            "module.gke_hot.google_container_node_pool.primary",
            "module.gke_hot.google_project_service.compute_api",
            "module.gke_hot.google_project_service.container_api",
            "module.loadbalancer.google_compute_backend_service.default",
            "module.loadbalancer.google_compute_global_address.lb_ip",
            "module.loadbalancer.google_compute_global_forwarding_rule.http",
            "module.loadbalancer.google_compute_global_forwarding_rule.https",
            "module.loadbalancer.google_compute_health_check.default",
            "module.loadbalancer.google_compute_managed_ssl_certificate.default",
            "module.loadbalancer.google_compute_ssl_policy.modern",
            "module.loadbalancer.google_compute_target_http_proxy.default",
            "module.loadbalancer.google_compute_target_https_proxy.default",
            "module.loadbalancer.google_compute_url_map.default",
            "module.loadbalancer.google_dns_managed_zone.default",
            "module.loadbalancer.google_dns_record_set.caa",
            "module.loadbalancer.google_dns_record_set.root",
            "module.loadbalancer.google_dns_record_set.www",
            "module.loadbalancer.google_project_service.compute_api",
            "module.loadbalancer.google_project_service.dns_api",
            "module.network.google_compute_firewall.allow_egress_to_admin",
            "module.network.google_compute_firewall.allow_from_admin",
            "module.network.google_compute_firewall.allow_internal",
            "module.network.google_compute_firewall.allow_internet_egress",
            "module.network.google_compute_firewall.block_inter_region",
            "module.network.google_compute_network.vpc",
            "module.network.google_compute_router.router",
            "module.network.google_compute_router_nat.nat",
            "module.network.google_compute_subnetwork.subnet"
          ]
        }
      ]
    },
    {
      "module": "module.cold_scaling[0]",
      "mode": "managed",
      "type": "google_pubsub_topic",
      "name": "manual_scaling",
      "provider": "provider[\"registry.terraform.io/hashicorp/google\"]",
      "instances": [
        {
          "index_key": 0,
          "schema_version": 0,
          "attributes": {
            "id": "projects/uporto-cd/topics/uporto-cd-cold-scaling-manual",
            "kms_key_name": "",
            "labels": {
              "purpose": "cold-cluster-scaling",
              "type": "manual-trigger"
            },
            "message_retention_duration": "",
            "message_storage_policy": [],
            "name": "uporto-cd-cold-scaling-manual",
            "project": "uporto-cd",
            "schema_settings": [],
            "timeouts": null
          },
          "sensitive_attributes": [],
          "private": "eyJlMmJmYjczMC1lY2FhLTExZTYtOGY4OC0zNDM2M2JjN2M0YzAiOnsiY3JlYXRlIjoxMjAwMDAwMDAwMDAwLCJkZWxldGUiOjEyMDAwMDAwMDAwMDAsInVwZGF0ZSI6MTIwMDAwMDAwMDAwMH19",
          "dependencies": [
            "module.gke_cold.google_container_cluster.cluster",
            "module.gke_cold.google_container_node_pool.primary",
            "module.gke_cold.google_project_service.compute_api",
            "module.gke_cold.google_project_service.container_api",
            "module.gke_hot.google_container_cluster.cluster",
            "module.gke_hot.google_container_node_pool.primary",
            "module.gke_hot.google_project_service.compute_api",
            "module.gke_hot.google_project_service.container_api",
            "module.loadbalancer.google_compute_backend_service.default",
            "module.loadbalancer.google_compute_global_address.lb_ip",
            "module.loadbalancer.google_compute_global_forwarding_rule.http",
            "module.loadbalancer.google_compute_global_forwarding_rule.https",
            "module.loadbalancer.google_compute_health_check.default",
            "module.loadbalancer.google_compute_managed_ssl_certificate.default",
            "module.loadbalancer.google_compute_ssl_policy.modern",
            "module.loadbalancer.google_compute_target_http_proxy.default",
            "module.loadbalancer.google_compute_target_https_proxy.default",
            "module.loadbalancer.google_compute_url_map.default",
            "module.loadbalancer.google_dns_managed_zone.default",
            "module.loadbalancer.google_dns_record_set.caa",
            "module.loadbalancer.google_dns_record_set.root",
            "module.loadbalancer.google_dns_record_set.www",
            "module.loadbalancer.google_project_service.compute_api",
            "module.loadbalancer.google_project_service.dns_api",
            "module.network.google_compute_firewall.allow_egress_to_admin",
            "module.network.google_compute_firewall.allow_from_admin",
            "module.network.google_compute_firewall.allow_internal",
            "module.network.google_compute_firewall.allow_internet_egress",
            "module.network.google_compute_firewall.block_inter_region",
            "module.network.google_compute_network.vpc",
            "module.network.google_compute_router.router",
            "module.network.google_compute_router_nat.nat",
            "module.network.google_compute_subnetwork.subnet"
          ]
        }
      ]
    },
    {
      "module": "module.cold_scaling[0]",
      "mode": "managed",
      "type": "google_service_account",
      "name": "scaler_sa",
      "provider": "provider[\"registry.terraform.io/hashicorp/google\"]",
      "instances": [
        {
          "schema_version": 0,
          "attributes": {
            "account_id": "uporto-cd-cold-scaler",
            "description": "Service account for traffic-based cold cluster scaling",
            "disabled": false,
            "display_name": "Cold Cluster Scaler Service Account",
            "email": "uporto-cd-cold-scaler@uporto-cd.iam.gserviceaccount.com",
            "id": "projects/uporto-cd/serviceAccounts/uporto-cd-cold-scaler@uporto-cd.iam.gserviceaccount.com",
            "member": "serviceAccount:uporto-cd-cold-scaler@uporto-cd.iam.gserviceaccount.com",
            "name": "projects/uporto-cd/serviceAccounts/uporto-cd-cold-scaler@uporto-cd.iam.gserviceaccount.com",
            "project": "uporto-cd",
            "timeouts": null,
            "unique_id": "116144733523737128326"
          },
          "sensitive_attributes": [],
          "private": "eyJlMmJmYjczMC1lY2FhLTExZTYtOGY4OC0zNDM2M2JjN2M0YzAiOnsiY3JlYXRlIjozMDAwMDAwMDAwMDB9fQ==",
          "dependencies": [
            "module.gke_cold.google_container_cluster.cluster",
            "module.gke_cold.google_container_node_pool.primary",
            "module.gke_cold.google_project_service.compute_api",
            "module.gke_cold.google_project_service.container_api",
            "module.gke_hot.google_container_cluster.cluster",
            "module.gke_hot.google_container_node_pool.primary",
            "module.gke_hot.google_project_service.compute_api",
            "module.gke_hot.google_project_service.container_api",
            "module.loadbalancer.google_compute_backend_service.default",
            "module.loadbalancer.google_compute_global_address.lb_ip",
            "module.loadbalancer.google_compute_global_forwarding_rule.http",
            "module.loadbalancer.google_compute_global_forwarding_rule.https",
            "module.loadbalancer.google_compute_health_check.default",
            "module.loadbalancer.google_compute_managed_ssl_certificate.default",
            "module.loadbalancer.google_compute_ssl_policy.modern",
            "module.loadbalancer.google_compute_target_http_proxy.default",
            "module.loadbalancer.google_compute_target_https_proxy.default",
            "module.loadbalancer.google_compute_url_map.default",
            "module.loadbalancer.google_dns_managed_zone.default",
            "module.loadbalancer.google_dns_record_set.caa",
            "module.loadbalancer.google_dns_record_set.root",
            "module.loadbalancer.google_dns_record_set.www",
            "module.loadbalancer.google_project_service.compute_api",
            "module.loadbalancer.google_project_service.dns_api",
            "module.network.google_compute_firewall.allow_egress_to_admin",
            "module.network.google_compute_firewall.allow_from_admin",
            "module.network.google_compute_firewall.allow_internal",
            "module.network.google_compute_firewall.allow_internet_egress",
            "module.network.google_compute_firewall.block_inter_region",
            "module.network.google_compute_network.vpc",
            "module.network.google_compute_router.router",
            "module.network.google_compute_router_nat.nat",
            "module.network.google_compute_subnetwork.subnet"
          ]
        }
      ]
    },
    {
      "module": "module.cold_scaling[0]",
      "mode": "managed",
      "type": "google_storage_bucket",
      "name": "function_source",
      "provider": "provider[\"registry.terraform.io/hashicorp/google\"]",
      "instances": [
        {
          "schema_version": 0,
          "attributes": {
            "autoclass": [],
            "cors": [],
            "custom_placement_config": [],
            "default_event_based_hold": false,
            "encryption": [],
            "force_destroy": false,
            "id": "uporto-cd-cold-scaler-source",
            "labels": {},
            "lifecycle_rule": [
              {
                "action": [
                  {
                    "storage_class": "",
                    "type": "Delete"
                  }
                ],
                "condition": [
                  {
                    "age": 30,
                    "created_before": "",
                    "custom_time_before": "",
                    "days_since_custom_time": 0,
                    "days_since_noncurrent_time": 0,
                    "matches_prefix": [],
                    "matches_storage_class": [],
                    "matches_suffix": [],
                    "noncurrent_time_before": "",
                    "num_newer_versions": 0,
                    "with_state": "ANY"
                  }
                ]
              }
            ],
            "location": "EUROPE-WEST2",
            "logging": [],
            "name": "uporto-cd-cold-scaler-source",
            "project": "uporto-cd",
            "public_access_prevention": "inherited",
            "requester_pays": false,
            "retention_policy": [],
            "self_link": "https://www.googleapis.com/storage/v1/b/uporto-cd-cold-scaler-source",
            "soft_delete_policy": [
              {
                "effective_time": "2025-05-28T12:13:02.351Z",
                "retention_duration_seconds": 604800
              }
            ],
            "storage_class": "STANDARD",
            "timeouts": null,
            "uniform_bucket_level_access": false,
            "url": "gs://uporto-cd-cold-scaler-source",
            "versioning": [],
            "website": []
          },
          "sensitive_attributes": [],
          "private": "eyJlMmJmYjczMC1lY2FhLTExZTYtOGY4OC0zNDM2M2JjN2M0YzAiOnsiY3JlYXRlIjo2MDAwMDAwMDAwMDAsInJlYWQiOjI0MDAwMDAwMDAwMCwidXBkYXRlIjoyNDAwMDAwMDAwMDB9fQ==",
          "dependencies": [
            "module.cold_scaling.google_project_service.required_apis",
            "module.gke_cold.google_container_cluster.cluster",
            "module.gke_cold.google_container_node_pool.primary",
            "module.gke_cold.google_project_service.compute_api",
            "module.gke_cold.google_project_service.container_api",
            "module.gke_hot.google_container_cluster.cluster",
            "module.gke_hot.google_container_node_pool.primary",
            "module.gke_hot.google_project_service.compute_api",
            "module.gke_hot.google_project_service.container_api",
            "module.loadbalancer.google_compute_backend_service.default",
            "module.loadbalancer.google_compute_global_address.lb_ip",
            "module.loadbalancer.google_compute_global_forwarding_rule.http",
            "module.loadbalancer.google_compute_global_forwarding_rule.https",
            "module.loadbalancer.google_compute_health_check.default",
            "module.loadbalancer.google_compute_managed_ssl_certificate.default",
            "module.loadbalancer.google_compute_ssl_policy.modern",
            "module.loadbalancer.google_compute_target_http_proxy.default",
            "module.loadbalancer.google_compute_target_https_proxy.default",
            "module.loadbalancer.google_compute_url_map.default",
            "module.loadbalancer.google_dns_managed_zone.default",
            "module.loadbalancer.google_dns_record_set.caa",
            "module.loadbalancer.google_dns_record_set.root",
            "module.loadbalancer.google_dns_record_set.www",
            "module.loadbalancer.google_project_service.compute_api",
            "module.loadbalancer.google_project_service.dns_api",
            "module.network.google_compute_firewall.allow_egress_to_admin",
            "module.network.google_compute_firewall.allow_from_admin",
            "module.network.google_compute_firewall.allow_internal",
            "module.network.google_compute_firewall.allow_internet_egress",
            "module.network.google_compute_firewall.block_inter_region",
            "module.network.google_compute_network.vpc",
            "module.network.google_compute_router.router",
            "module.network.google_compute_router_nat.nat",
            "module.network.google_compute_subnetwork.subnet"
          ]
        }
      ]
    },
    {
      "module": "module.cold_scaling[0]",
      "mode": "managed",
      "type": "google_storage_bucket_object",
      "name": "function_code",
      "provider": "provider[\"registry.terraform.io/hashicorp/google\"]",
      "instances": [
        {
          "schema_version": 0,
          "attributes": {
            "bucket": "uporto-cd-cold-scaler-source",
            "cache_control": "",
            "content": null,
            "content_disposition": "",
            "content_encoding": "",
            "content_language": "",
            "content_type": "application/zip",
            "crc32c": "eiywiA==",
            "customer_encryption": [],
            "detect_md5hash": "T86zb6/vqL+OM09IpDCTlw==",
            "event_based_hold": false,
            "id": "uporto-cd-cold-scaler-source-cold-cluster-scaler-2025-05-28-1318.zip",
            "kms_key_name": "",
            "md5hash": "T86zb6/vqL+OM09IpDCTlw==",
            "media_link": "https://storage.googleapis.com/download/storage/v1/b/uporto-cd-cold-scaler-source/o/cold-cluster-scaler-2025-05-28-1318.zip?generation=1748438316027876\u0026alt=media",
            "metadata": null,
            "name": "cold-cluster-scaler-2025-05-28-1318.zip",
            "output_name": "cold-cluster-scaler-2025-05-28-1318.zip",
            "self_link": "https://www.googleapis.com/storage/v1/b/uporto-cd-cold-scaler-source/o/cold-cluster-scaler-2025-05-28-1318.zip",
            "source": "./functions/cold-autoscaler-2025-05-28T13:18:34Z.zip",
            "storage_class": "STANDARD",
            "temporary_hold": false,
            "timeouts": null
          },
          "sensitive_attributes": [
            [
              {
                "type": "get_attr",
                "value": "content"
              }
            ]
          ],
          "private": "eyJlMmJmYjczMC1lY2FhLTExZTYtOGY4OC0zNDM2M2JjN2M0YzAiOnsiY3JlYXRlIjoyNDAwMDAwMDAwMDAsImRlbGV0ZSI6MjQwMDAwMDAwMDAwLCJ1cGRhdGUiOjI0MDAwMDAwMDAwMH19",
          "dependencies": [
            "module.cold_scaling.data.archive_file.function_source",
            "module.cold_scaling.google_project_service.required_apis",
            "module.cold_scaling.google_storage_bucket.function_source",
            "module.gke_cold.google_container_cluster.cluster",
            "module.gke_cold.google_container_node_pool.primary",
            "module.gke_cold.google_project_service.compute_api",
            "module.gke_cold.google_project_service.container_api",
            "module.gke_hot.google_container_cluster.cluster",
            "module.gke_hot.google_container_node_pool.primary",
            "module.gke_hot.google_project_service.compute_api",
            "module.gke_hot.google_project_service.container_api",
            "module.loadbalancer.google_compute_backend_service.default",
            "module.loadbalancer.google_compute_global_address.lb_ip",
            "module.loadbalancer.google_compute_global_forwarding_rule.http",
            "module.loadbalancer.google_compute_global_forwarding_rule.https",
            "module.loadbalancer.google_compute_health_check.default",
            "module.loadbalancer.google_compute_managed_ssl_certificate.default",
            "module.loadbalancer.google_compute_ssl_policy.modern",
            "module.loadbalancer.google_compute_target_http_proxy.default",
            "module.loadbalancer.google_compute_target_https_proxy.default",
            "module.loadbalancer.google_compute_url_map.default",
            "module.loadbalancer.google_dns_managed_zone.default",
            "module.loadbalancer.google_dns_record_set.caa",
            "module.loadbalancer.google_dns_record_set.root",
            "module.loadbalancer.google_dns_record_set.www",
            "module.loadbalancer.google_project_service.compute_api",
            "module.loadbalancer.google_project_service.dns_api",
            "module.network.google_compute_firewall.allow_egress_to_admin",
            "module.network.google_compute_firewall.allow_from_admin",
            "module.network.google_compute_firewall.allow_internal",
            "module.network.google_compute_firewall.allow_internet_egress",
            "module.network.google_compute_firewall.block_inter_region",
            "module.network.google_compute_network.vpc",
            "module.network.google_compute_router.router",
            "module.network.google_compute_router_nat.nat",
            "module.network.google_compute_subnetwork.subnet"
          ]
        }
      ]
    },
    {
      "module": "module.gke_cold[\"asia-southeast1\"]",
      "mode": "managed",
      "type": "google_container_cluster",
      "name": "cluster",
      "provider": "provider[\"registry.terraform.io/hashicorp/google\"]",
      "instances": [
        {
          "schema_version": 1,
          "attributes": {
            "addons_config": [
              {
                "cloudrun_config": [],
                "config_connector_config": [],
                "dns_cache_config": [],
                "gce_persistent_disk_csi_driver_config": [
                  {
                    "enabled": true
                  }
                ],
                "gcp_filestore_csi_driver_config": [],
                "gcs_fuse_csi_driver_config": [
                  {
                    "enabled": true
                  }
                ],
                "gke_backup_agent_config": [],
                "horizontal_pod_autoscaling": [],
                "http_load_balancing": [
                  {
                    "disabled": false
                  }
                ],
                "network_policy_config": [
                  {
                    "disabled": false
                  }
                ]
              }
            ],
            "allow_net_admin": null,
            "authenticator_groups_config": [],
            "binary_authorization": [
              {
                "enabled": false,
                "evaluation_mode": "DISABLED"
              }
            ],
            "cluster_autoscaling": [
              {
                "auto_provisioning_defaults": [],
                "enabled": false,
                "resource_limits": []
              }
            ],
            "cluster_ipv4_cidr": "10.103.0.0/16",
            "confidential_nodes": [],
            "cost_management_config": [],
            "database_encryption": [
              {
                "key_name": "",
                "state": "DECRYPTED"
              }
            ],
            "datapath_provider": "",
            "default_max_pods_per_node": 110,
            "default_snat_status": [
              {
                "disabled": false
              }
            ],
            "description": "",
            "dns_config": [],
            "enable_autopilot": false,
            "enable_binary_authorization": false,
            "enable_intranode_visibility": false,
            "enable_k8s_beta_apis": [],
            "enable_kubernetes_alpha": false,
            "enable_l4_ilb_subsetting": false,
            "enable_legacy_abac": false,
            "enable_shielded_nodes": true,
            "enable_tpu": false,
            "endpoint": "172.16.3.2",
            "gateway_api_config": [],
            "id": "projects/uporto-cd/locations/asia-southeast1/clusters/uporto-cd-gke-asia-southeast1",
            "initial_node_count": 1,
            "ip_allocation_policy": [
              {
                "additional_pod_ranges_config": [],
                "cluster_ipv4_cidr_block": "10.103.0.0/16",
                "cluster_secondary_range_name": "gke-uporto-cd-gke-asia-southeast1-pods-ccbdadc5",
                "pod_cidr_overprovision_config": [
                  {
                    "disabled": false
                  }
                ],
                "services_ipv4_cidr_block": "10.203.0.0/16",
                "services_secondary_range_name": "gke-uporto-cd-gke-asia-southeast1-services-ccbdadc5",
                "stack_type": "IPV4"
              }
            ],
            "label_fingerprint": "a90d117b",
            "location": "asia-southeast1",
            "logging_config": [
              {
                "enable_components": [
                  "SYSTEM_COMPONENTS",
                  "WORKLOADS"
                ]
              }
            ],
            "logging_service": "logging.googleapis.com/kubernetes",
            "maintenance_policy": [],
            "master_auth": [
              {
                "client_certificate": "",
                "client_certificate_config": [
                  {
                    "issue_client_certificate": false
                  }
                ],
                "client_key": "",
                "cluster_ca_certificate": "LS0tLS1CRUdJTiBDRVJUSUZJQ0FURS0tLS0tCk1JSUVMVENDQXBXZ0F3SUJBZ0lSQUlTcVZLQ09PSXdMMWYzM3J5WEU0Sk13RFFZSktvWklodmNOQVFFTEJRQXcKTHpFdE1Dc0dBMVVFQXhNa1lUZzBaRGRsTlRrdE1UbG1aQzAwTXpGbExUbGlPRE10Wm1FM056QmpOR0k0WXpNNApNQ0FYRFRJMU1EVXlPREV3TlRZeU1Gb1lEekl3TlRVd05USXhNVEUxTmpJd1dqQXZNUzB3S3dZRFZRUURFeVJoCk9EUmtOMlUxT1MweE9XWmtMVFF6TVdVdE9XSTRNeTFtWVRjM01HTTBZamhqTXpnd2dnR2lNQTBHQ1NxR1NJYjMKRFFFQkFRVUFBNElCandBd2dnR0tBb0lCZ1FDR2dBM0czbHZZalVUSldmNUp1SEUycVdSY0FYMVdkK3E4bUMvaQovZzl3VDNCT2pUcnJzR3B6aTlUZ0Z2R2xSRy9pZnNkS0NCNmp0L2Vpdm8vSW0zWHphNXhtUk01WFp1cDJuWFVWCm04R3hSQ1kyVDBEQi8rV2s4R2FMdURGVDlJRFZLVlJpT1p1c1dQRm42bS9FMjlpVmdEd2dqb2ZHbTBGZEhEUFkKOENQRkNyN29nTVQwQkNJUGxjSlY1WUhQVXRoT0ZoNERNbWlvSmM2VEQvNHVoUlY2RUpvUXRmUk1sazBvMEozMwo0M01ZWVY4WEJjak1mU2ZnWlJBWlhBdjgxR2RJVnhEQVhiZXNIL1hLdFhONGlhaW5JT0VralRKaFNlVnVlcm9ECnZaSnNGT3pGTUNLQVFkaytPbjRwZUk0SThnSjRsKzczeTRVZ1p2UVp0d0xRT0kyTnZ0eHJ5K3hSN2JuaTJyRm8KdTNxNXJiN2pydDNId2JXM1FKWk9YVmlabWlUaUJhUVN3cUV5QzkwZG9EQWxQZWlEcVlMMnRCZ1hvYTh4SndCOQpaRm9uOWkxQTFhZUlRY3BHMy81QXR4OCs0UWl4K0hUQzdyS3VjZGVrQmxlcXBDMzFpNzhaWVRlMXdVNHU5STVICmRPVk5IVnErNnVxZmRWUHRTbVNqNkdJRlZ2VUNBd0VBQWFOQ01FQXdEZ1lEVlIwUEFRSC9CQVFEQWdJRU1BOEcKQTFVZEV3RUIvd1FGTUFNQkFmOHdIUVlEVlIwT0JCWUVGRFAwL29TRzIrSTZ5VzlhbXZ4Z0VQTm9oTk5TTUEwRwpDU3FHU0liM0RRRUJDd1VBQTRJQmdRQnV2NU91RmdBQnV5U1NMWW53WGt0QjRKL3Bkc3lPSjRYL1BESTBTNjBPCmFzLzNFNkdDZGQvbi9ML2lNWGlxaWx0NUljMERTS1FBeElwUWN6cDQwcUFrOG1ESVpYNFZsTUdHUDYzMDE4TXcKM29TRmM1ZnYwZ1hFdHFDRUhjMi83QXBrNDhsUjE0N29JM0lrbmRRZThBdUpOU0xVcGlOMTN4VTBrNEc3WTFRUgplbDlBMnNIMGRjOWpGOWxBelRQa3BYY2F4M3NmSWdjN3QxTDB5RVcyRTRLNml2NlJMSlArZ2VPZGlOY2ZvcUJBClBnTUtnNVVUUzNOeGJKZXJUd0RlVGpVenNEOEhjY0Z2NGpZREpwbTFkWE5jaGVTSHFvUE1ocGhaRGZZaXdSa04KTGZ1MklUNDNqVHkwcE1pSTkzVVJLQUxRNHNEWmYrSjcxVDdUTW9IVURKdXBmMlNZbWlIRkhiaFNKV20vQmpOVwo2RUFHOGN4S29sNXlaRjhtNXlkbHh6eWJJMGx5b25wUkdxTE1KWnR3ajdTZ0xTeTduTVR4S1NzcDl1Vy85bG1KCkhJNWZkNHZ6OGlIaFRyYmZFYzVuZFRCZjhnbVo2cXFkTzJkMFRTd3FxVWg3ZVR5UlNIUGNxZ1M1QlJxWElGRDMKL0Q2dklIUm9CbXU2amxzNFA4dytxYU09Ci0tLS0tRU5EIENFUlRJRklDQVRFLS0tLS0K"
              }
            ],
            "master_authorized_networks_config": [
              {
                "cidr_blocks": [
                  {
                    "cidr_block": "10.250.0.0/24",
                    "display_name": "Admin VM"
                  }
                ],
                "gcp_public_cidrs_access_enabled": false
              }
            ],
            "master_version": "1.32.3-gke.1927009",
            "mesh_certificates": [],
            "min_master_version": null,
            "monitoring_config": [
              {
                "advanced_datapath_observability_config": [
                  {
                    "enable_metrics": false,
                    "relay_mode": ""
                  }
                ],
                "enable_components": [
                  "SYSTEM_COMPONENTS",
                  "POD",
                  "DAEMONSET",
                  "DEPLOYMENT",
                  "STATEFULSET",
                  "JOBSET",
                  "STORAGE",
                  "HPA",
                  "CADVISOR",
                  "KUBELET",
                  "DCGM"
                ],
                "managed_prometheus": [
                  {
                    "enabled": true
                  }
                ]
              }
            ],
            "monitoring_service": "monitoring.googleapis.com/kubernetes",
            "name": "uporto-cd-gke-asia-southeast1",
            "network": "projects/uporto-cd/global/networks/uporto-cd-vpc-asia-southeast1",
            "network_policy": [
              {
                "enabled": true,
                "provider": "CALICO"
              }
            ],
            "networking_mode": "VPC_NATIVE",
            "node_config": [
              {
                "advanced_machine_features": [],
                "boot_disk_kms_key": "",
                "confidential_nodes": [],
                "disk_size_gb": 50,
                "disk_type": "pd-standard",
                "ephemeral_storage_local_ssd_config": [],
                "fast_socket": [],
                "gcfs_config": [],
                "guest_accelerator": [],
                "gvnic": [],
                "host_maintenance_policy": [],
                "image_type": "COS_CONTAINERD",
                "kubelet_config": [
                  {
                    "cpu_cfs_quota": false,
                    "cpu_cfs_quota_period": "",
                    "cpu_manager_policy": "",
                    "pod_pids_limit": 0
                  }
                ],
                "labels": {
                  "app": "uporto-cd",
                  "cluster_type": "cold",
                  "region": "asia-southeast1"
                },
                "linux_node_config": [],
                "local_nvme_ssd_block_config": [],
                "local_ssd_count": 0,
                "logging_variant": "DEFAULT",
                "machine_type": "e2-standard-2",
                "metadata": {
                  "disable-legacy-endpoints": "true"
                },
                "min_cpu_platform": "",
                "node_group": "",
                "oauth_scopes": [
                  "https://www.googleapis.com/auth/cloud-platform"
                ],
                "preemptible": false,
                "reservation_affinity": [],
                "resource_labels": {
                  "goog-gke-node-pool-provisioning-model": "spot"
                },
                "service_account": "default",
                "shielded_instance_config": [
                  {
                    "enable_integrity_monitoring": true,
                    "enable_secure_boot": false
                  }
                ],
                "sole_tenant_config": [],
                "spot": true,
                "tags": [
                  "uporto-cd-node",
                  "gke-asia-southeast1",
                  "cluster-cold"
                ],
                "taint": [
                  {
                    "effect": "NO_SCHEDULE",
                    "key": "cluster-type",
                    "value": "cold"
                  }
                ],
                "workload_metadata_config": [
                  {
                    "mode": "GKE_METADATA"
                  }
                ]
              }
            ],
            "node_locations": [
              "asia-southeast1-a",
              "asia-southeast1-b",
              "asia-southeast1-c"
            ],
            "node_pool": [
              {
                "autoscaling": [
                  {
                    "location_policy": "ANY",
                    "max_node_count": 0,
                    "min_node_count": 0,
                    "total_max_node_count": 2,
                    "total_min_node_count": 0
                  }
                ],
                "initial_node_count": 0,
                "instance_group_urls": [
                  "https://www.googleapis.com/compute/v1/projects/uporto-cd/zones/asia-southeast1-c/instanceGroupManagers/gke-uporto-cd-gke-as-uporto-cd-node-p-a594d843-grp",
                  "https://www.googleapis.com/compute/v1/projects/uporto-cd/zones/asia-southeast1-b/instanceGroupManagers/gke-uporto-cd-gke-as-uporto-cd-node-p-af0ab466-grp",
                  "https://www.googleapis.com/compute/v1/projects/uporto-cd/zones/asia-southeast1-a/instanceGroupManagers/gke-uporto-cd-gke-as-uporto-cd-node-p-bc1a722b-grp"
                ],
                "managed_instance_group_urls": [
                  "https://www.googleapis.com/compute/v1/projects/uporto-cd/zones/asia-southeast1-c/instanceGroups/gke-uporto-cd-gke-as-uporto-cd-node-p-a594d843-grp",
                  "https://www.googleapis.com/compute/v1/projects/uporto-cd/zones/asia-southeast1-b/instanceGroups/gke-uporto-cd-gke-as-uporto-cd-node-p-af0ab466-grp",
                  "https://www.googleapis.com/compute/v1/projects/uporto-cd/zones/asia-southeast1-a/instanceGroups/gke-uporto-cd-gke-as-uporto-cd-node-p-bc1a722b-grp"
                ],
                "management": [
                  {
                    "auto_repair": true,
                    "auto_upgrade": true
                  }
                ],
                "max_pods_per_node": 110,
                "name": "uporto-cd-node-pool-asia-southeast1-cold",
                "name_prefix": "",
                "network_config": [
                  {
                    "create_pod_range": false,
                    "enable_private_nodes": true,
                    "pod_cidr_overprovision_config": [],
                    "pod_ipv4_cidr_block": "10.103.0.0/16",
                    "pod_range": "gke-uporto-cd-gke-asia-southeast1-pods-ccbdadc5"
                  }
                ],
                "node_config": [
                  {
                    "advanced_machine_features": [],
                    "boot_disk_kms_key": "",
                    "confidential_nodes": [],
                    "disk_size_gb": 50,
                    "disk_type": "pd-standard",
                    "ephemeral_storage_local_ssd_config": [],
                    "fast_socket": [],
                    "gcfs_config": [],
                    "guest_accelerator": [],
                    "gvnic": [],
                    "host_maintenance_policy": [],
                    "image_type": "COS_CONTAINERD",
                    "kubelet_config": [
                      {
                        "cpu_cfs_quota": false,
                        "cpu_cfs_quota_period": "",
                        "cpu_manager_policy": "",
                        "pod_pids_limit": 0
                      }
                    ],
                    "labels": {
                      "app": "uporto-cd",
                      "cluster_type": "cold",
                      "region": "asia-southeast1"
                    },
                    "linux_node_config": [],
                    "local_nvme_ssd_block_config": [],
                    "local_ssd_count": 0,
                    "logging_variant": "DEFAULT",
                    "machine_type": "e2-standard-2",
                    "metadata": {
                      "disable-legacy-endpoints": "true"
                    },
                    "min_cpu_platform": "",
                    "node_group": "",
                    "oauth_scopes": [
                      "https://www.googleapis.com/auth/cloud-platform"
                    ],
                    "preemptible": false,
                    "reservation_affinity": [],
                    "resource_labels": {
                      "goog-gke-node-pool-provisioning-model": "spot"
                    },
                    "service_account": "default",
                    "shielded_instance_config": [
                      {
                        "enable_integrity_monitoring": true,
                        "enable_secure_boot": false
                      }
                    ],
                    "sole_tenant_config": [],
                    "spot": true,
                    "tags": [
                      "uporto-cd-node",
                      "gke-asia-southeast1",
                      "cluster-cold"
                    ],
                    "taint": [
                      {
                        "effect": "NO_SCHEDULE",
                        "key": "cluster-type",
                        "value": "cold"
                      }
                    ],
                    "workload_metadata_config": [
                      {
                        "mode": "GKE_METADATA"
                      }
                    ]
                  }
                ],
                "node_count": 0,
                "node_locations": [
                  "asia-southeast1-a",
                  "asia-southeast1-b",
                  "asia-southeast1-c"
                ],
                "placement_policy": [],
                "upgrade_settings": [
                  {
                    "blue_green_settings": [],
                    "max_surge": 1,
                    "max_unavailable": 0,
                    "strategy": "SURGE"
                  }
                ],
                "version": "1.32.3-gke.1927009"
              }
            ],
            "node_pool_auto_config": [
              {
                "network_tags": []
              }
            ],
            "node_pool_defaults": [
              {
                "node_config_defaults": [
                  {
                    "logging_variant": "DEFAULT"
                  }
                ]
              }
            ],
            "node_version": "1.32.3-gke.1927009",
            "notification_config": [
              {
                "pubsub": [
                  {
                    "enabled": false,
                    "filter": [],
                    "topic": ""
                  }
                ]
              }
            ],
            "operation": null,
            "private_cluster_config": [
              {
                "enable_private_endpoint": true,
                "enable_private_nodes": true,
                "master_global_access_config": [
                  {
                    "enabled": false
                  }
                ],
                "master_ipv4_cidr_block": "172.16.3.0/28",
                "peering_name": "",
                "private_endpoint": "172.16.3.2",
                "private_endpoint_subnetwork": "",
                "public_endpoint": "35.247.190.130"
              }
            ],
            "private_ipv6_google_access": "",
            "project": "uporto-cd",
            "release_channel": [
              {
                "channel": "REGULAR"
              }
            ],
            "remove_default_node_pool": true,
            "resource_labels": {
              "cluster_type": "cold",
              "environment": "production",
              "region": "asia-southeast1"
            },
            "resource_usage_export_config": [],
            "security_posture_config": [
              {
                "mode": "BASIC",
                "vulnerability_mode": "VULNERABILITY_MODE_UNSPECIFIED"
              }
            ],
            "self_link": "https://container.googleapis.com/v1/projects/uporto-cd/locations/asia-southeast1/clusters/uporto-cd-gke-asia-southeast1",
            "service_external_ips_config": [
              {
                "enabled": false
              }
            ],
            "services_ipv4_cidr": "10.203.0.0/16",
            "subnetwork": "projects/uporto-cd/regions/asia-southeast1/subnetworks/uporto-cd-subnet-asia-southeast1",
            "timeouts": null,
            "tpu_ipv4_cidr_block": "",
            "vertical_pod_autoscaling": [],
            "workload_identity_config": [
              {
                "workload_pool": "uporto-cd.svc.id.goog"
              }
            ]
          },
          "sensitive_attributes": [
            [
              {
                "type": "get_attr",
                "value": "master_auth"
              },
              {
                "type": "index",
                "value": {
                  "value": 0,
                  "type": "number"
                }
              },
              {
                "type": "get_attr",
                "value": "client_key"
              }
            ]
          ],
          "private": "eyJlMmJmYjczMC1lY2FhLTExZTYtOGY4OC0zNDM2M2JjN2M0YzAiOnsiY3JlYXRlIjoyNDAwMDAwMDAwMDAwLCJkZWxldGUiOjI0MDAwMDAwMDAwMDAsInJlYWQiOjI0MDAwMDAwMDAwMDAsInVwZGF0ZSI6MzYwMDAwMDAwMDAwMH0sInNjaGVtYV92ZXJzaW9uIjoiMSJ9",
          "dependencies": [
            "module.gke_cold.google_project_service.compute_api",
            "module.gke_cold.google_project_service.container_api",
            "module.network.google_compute_firewall.allow_egress_to_admin",
            "module.network.google_compute_firewall.allow_from_admin",
            "module.network.google_compute_firewall.allow_internal",
            "module.network.google_compute_firewall.allow_internet_egress",
            "module.network.google_compute_firewall.block_inter_region",
            "module.network.google_compute_network.vpc",
            "module.network.google_compute_router.router",
            "module.network.google_compute_router_nat.nat",
            "module.network.google_compute_subnetwork.subnet"
          ]
        }
      ]
    },
    {
      "module": "module.gke_cold[\"asia-southeast1\"]",
      "mode": "managed",
      "type": "google_container_node_pool",
      "name": "primary",
      "provider": "provider[\"registry.terraform.io/hashicorp/google\"]",
      "instances": [
        {
          "schema_version": 1,
          "attributes": {
            "autoscaling": [
              {
                "location_policy": "ANY",
                "max_node_count": 0,
                "min_node_count": 0,
                "total_max_node_count": 2,
                "total_min_node_count": 0
              }
            ],
            "cluster": "projects/uporto-cd/locations/asia-southeast1/clusters/uporto-cd-gke-asia-southeast1",
            "id": "projects/uporto-cd/locations/asia-southeast1/clusters/uporto-cd-gke-asia-southeast1/nodePools/uporto-cd-node-pool-asia-southeast1-cold",
            "initial_node_count": 0,
            "instance_group_urls": [
              "https://www.googleapis.com/compute/v1/projects/uporto-cd/zones/asia-southeast1-c/instanceGroupManagers/gke-uporto-cd-gke-as-uporto-cd-node-p-a594d843-grp",
              "https://www.googleapis.com/compute/v1/projects/uporto-cd/zones/asia-southeast1-b/instanceGroupManagers/gke-uporto-cd-gke-as-uporto-cd-node-p-af0ab466-grp",
              "https://www.googleapis.com/compute/v1/projects/uporto-cd/zones/asia-southeast1-a/instanceGroupManagers/gke-uporto-cd-gke-as-uporto-cd-node-p-bc1a722b-grp"
            ],
            "location": "asia-southeast1",
            "managed_instance_group_urls": [
              "https://www.googleapis.com/compute/v1/projects/uporto-cd/zones/asia-southeast1-c/instanceGroups/gke-uporto-cd-gke-as-uporto-cd-node-p-a594d843-grp",
              "https://www.googleapis.com/compute/v1/projects/uporto-cd/zones/asia-southeast1-b/instanceGroups/gke-uporto-cd-gke-as-uporto-cd-node-p-af0ab466-grp",
              "https://www.googleapis.com/compute/v1/projects/uporto-cd/zones/asia-southeast1-a/instanceGroups/gke-uporto-cd-gke-as-uporto-cd-node-p-bc1a722b-grp"
            ],
            "management": [
              {
                "auto_repair": true,
                "auto_upgrade": true
              }
            ],
            "max_pods_per_node": 110,
            "name": "uporto-cd-node-pool-asia-southeast1-cold",
            "name_prefix": "",
            "network_config": [
              {
                "create_pod_range": false,
                "enable_private_nodes": true,
                "pod_cidr_overprovision_config": [],
                "pod_ipv4_cidr_block": "10.103.0.0/16",
                "pod_range": "gke-uporto-cd-gke-asia-southeast1-pods-ccbdadc5"
              }
            ],
            "node_config": [
              {
                "advanced_machine_features": [],
                "boot_disk_kms_key": "",
                "confidential_nodes": [],
                "disk_size_gb": 50,
                "disk_type": "pd-standard",
                "ephemeral_storage_local_ssd_config": [],
                "fast_socket": [],
                "gcfs_config": [],
                "guest_accelerator": [],
                "gvnic": [],
                "host_maintenance_policy": [],
                "image_type": "COS_CONTAINERD",
                "kubelet_config": [
                  {
                    "cpu_cfs_quota": false,
                    "cpu_cfs_quota_period": "",
                    "cpu_manager_policy": "",
                    "pod_pids_limit": 0
                  }
                ],
                "labels": {
                  "app": "uporto-cd",
                  "cluster_type": "cold",
                  "region": "asia-southeast1"
                },
                "linux_node_config": [],
                "local_nvme_ssd_block_config": [],
                "local_ssd_count": 0,
                "logging_variant": "DEFAULT",
                "machine_type": "e2-standard-2",
                "metadata": {
                  "disable-legacy-endpoints": "true"
                },
                "min_cpu_platform": "",
                "node_group": "",
                "oauth_scopes": [
                  "https://www.googleapis.com/auth/cloud-platform"
                ],
                "preemptible": false,
                "reservation_affinity": [],
                "resource_labels": {
                  "goog-gke-node-pool-provisioning-model": "spot"
                },
                "service_account": "default",
                "shielded_instance_config": [
                  {
                    "enable_integrity_monitoring": true,
                    "enable_secure_boot": false
                  }
                ],
                "sole_tenant_config": [],
                "spot": true,
                "tags": [
                  "uporto-cd-node",
                  "gke-asia-southeast1",
                  "cluster-cold"
                ],
                "taint": [
                  {
                    "effect": "NO_SCHEDULE",
                    "key": "cluster-type",
                    "value": "cold"
                  }
                ],
                "workload_metadata_config": [
                  {
                    "mode": "GKE_METADATA"
                  }
                ]
              }
            ],
            "node_count": 0,
            "node_locations": [
              "asia-southeast1-a",
              "asia-southeast1-b",
              "asia-southeast1-c"
            ],
            "operation": null,
            "placement_policy": [],
            "project": "uporto-cd",
            "timeouts": {
              "create": "30m",
              "delete": "30m",
              "update": "30m"
            },
            "upgrade_settings": [
              {
                "blue_green_settings": [],
                "max_surge": 1,
                "max_unavailable": 0,
                "strategy": "SURGE"
              }
            ],
            "version": "1.32.3-gke.1927009"
          },
          "sensitive_attributes": [],
          "private": "eyJlMmJmYjczMC1lY2FhLTExZTYtOGY4OC0zNDM2M2JjN2M0YzAiOnsiY3JlYXRlIjoxODAwMDAwMDAwMDAwLCJkZWxldGUiOjE4MDAwMDAwMDAwMDAsInVwZGF0ZSI6MTgwMDAwMDAwMDAwMH0sInNjaGVtYV92ZXJzaW9uIjoiMSJ9",
          "dependencies": [
            "module.gke_cold.google_container_cluster.cluster",
            "module.gke_cold.google_project_service.compute_api",
            "module.gke_cold.google_project_service.container_api",
            "module.network.google_compute_firewall.allow_egress_to_admin",
            "module.network.google_compute_firewall.allow_from_admin",
            "module.network.google_compute_firewall.allow_internal",
            "module.network.google_compute_firewall.allow_internet_egress",
            "module.network.google_compute_firewall.block_inter_region",
            "module.network.google_compute_network.vpc",
            "module.network.google_compute_router.router",
            "module.network.google_compute_router_nat.nat",
            "module.network.google_compute_subnetwork.subnet"
          ]
        }
      ]
    },
    {
      "module": "module.gke_cold[\"asia-southeast1\"]",
      "mode": "managed",
      "type": "google_project_service",
      "name": "compute_api",
      "provider": "provider[\"registry.terraform.io/hashicorp/google\"]",
      "instances": [
        {
          "schema_version": 0,
          "attributes": {
            "disable_dependent_services": null,
            "disable_on_destroy": false,
            "id": "uporto-cd/compute.googleapis.com",
            "project": "uporto-cd",
            "service": "compute.googleapis.com",
            "timeouts": null
          },
          "sensitive_attributes": [],
          "private": "eyJlMmJmYjczMC1lY2FhLTExZTYtOGY4OC0zNDM2M2JjN2M0YzAiOnsiY3JlYXRlIjoxMjAwMDAwMDAwMDAwLCJkZWxldGUiOjEyMDAwMDAwMDAwMDAsInJlYWQiOjYwMDAwMDAwMDAwMCwidXBkYXRlIjoxMjAwMDAwMDAwMDAwfX0="
        }
      ]
    },
    {
      "module": "module.gke_cold[\"asia-southeast1\"]",
      "mode": "managed",
      "type": "google_project_service",
      "name": "container_api",
      "provider": "provider[\"registry.terraform.io/hashicorp/google\"]",
      "instances": [
        {
          "schema_version": 0,
          "attributes": {
            "disable_dependent_services": null,
            "disable_on_destroy": false,
            "id": "uporto-cd/container.googleapis.com",
            "project": "uporto-cd",
            "service": "container.googleapis.com",
            "timeouts": null
          },
          "sensitive_attributes": [],
          "private": "eyJlMmJmYjczMC1lY2FhLTExZTYtOGY4OC0zNDM2M2JjN2M0YzAiOnsiY3JlYXRlIjoxMjAwMDAwMDAwMDAwLCJkZWxldGUiOjEyMDAwMDAwMDAwMDAsInJlYWQiOjYwMDAwMDAwMDAwMCwidXBkYXRlIjoxMjAwMDAwMDAwMDAwfX0="
        }
      ]
    },
    {
      "module": "module.gke_hot[\"europe-west2\"]",
      "mode": "managed",
      "type": "google_container_cluster",
      "name": "cluster",
      "provider": "provider[\"registry.terraform.io/hashicorp/google\"]",
      "instances": [
        {
          "schema_version": 1,
          "attributes": {
            "addons_config": [
              {
                "cloudrun_config": [],
                "config_connector_config": [],
                "dns_cache_config": [],
                "gce_persistent_disk_csi_driver_config": [
                  {
                    "enabled": true
                  }
                ],
                "gcp_filestore_csi_driver_config": [],
                "gcs_fuse_csi_driver_config": [
                  {
                    "enabled": true
                  }
                ],
                "gke_backup_agent_config": [],
                "horizontal_pod_autoscaling": [],
                "http_load_balancing": [
                  {
                    "disabled": false
                  }
                ],
                "network_policy_config": [
                  {
                    "disabled": false
                  }
                ]
              }
            ],
            "allow_net_admin": null,
            "authenticator_groups_config": [],
            "binary_authorization": [
              {
                "enabled": false,
                "evaluation_mode": "DISABLED"
              }
            ],
            "cluster_autoscaling": [
              {
                "auto_provisioning_defaults": [],
                "enabled": false,
                "resource_limits": []
              }
            ],
            "cluster_ipv4_cidr": "10.101.0.0/16",
            "confidential_nodes": [],
            "cost_management_config": [],
            "database_encryption": [
              {
                "key_name": "",
                "state": "DECRYPTED"
              }
            ],
            "datapath_provider": "",
            "default_max_pods_per_node": 110,
            "default_snat_status": [
              {
                "disabled": false
              }
            ],
            "description": "",
            "dns_config": [],
            "enable_autopilot": false,
            "enable_binary_authorization": false,
            "enable_intranode_visibility": false,
            "enable_k8s_beta_apis": [],
            "enable_kubernetes_alpha": false,
            "enable_l4_ilb_subsetting": false,
            "enable_legacy_abac": false,
            "enable_shielded_nodes": true,
            "enable_tpu": false,
            "endpoint": "172.16.1.2",
            "gateway_api_config": [],
            "id": "projects/uporto-cd/locations/europe-west2/clusters/uporto-cd-gke-europe-west2",
            "initial_node_count": 1,
            "ip_allocation_policy": [
              {
                "additional_pod_ranges_config": [],
                "cluster_ipv4_cidr_block": "10.101.0.0/16",
                "cluster_secondary_range_name": "gke-uporto-cd-gke-europe-west2-pods-73fe04d4",
                "pod_cidr_overprovision_config": [
                  {
                    "disabled": false
                  }
                ],
                "services_ipv4_cidr_block": "10.201.0.0/16",
                "services_secondary_range_name": "gke-uporto-cd-gke-europe-west2-services-73fe04d4",
                "stack_type": "IPV4"
              }
            ],
            "label_fingerprint": "8df0e391",
            "location": "europe-west2",
            "logging_config": [
              {
                "enable_components": [
                  "SYSTEM_COMPONENTS",
                  "WORKLOADS",
                  "APISERVER"
                ]
              }
            ],
            "logging_service": "logging.googleapis.com/kubernetes",
            "maintenance_policy": [],
            "master_auth": [
              {
                "client_certificate": "",
                "client_certificate_config": [
                  {
                    "issue_client_certificate": false
                  }
                ],
                "client_key": "",
                "cluster_ca_certificate": "LS0tLS1CRUdJTiBDRVJUSUZJQ0FURS0tLS0tCk1JSUVMVENDQXBXZ0F3SUJBZ0lSQUtWZlVTQ0tCMVlJcDMwNlE5L2VqUE13RFFZSktvWklodmNOQVFFTEJRQXcKTHpFdE1Dc0dBMVVFQXhNa1ptTmhObVZoWXpZdFkyVTVNeTAwTlRZNExXSTRZV1V0Tm1aak5XUTJaamc1T1RBNApNQ0FYRFRJMU1EVXlPREV3TlRZeU4xb1lEekl3TlRVd05USXhNVEUxTmpJM1dqQXZNUzB3S3dZRFZRUURFeVJtClkyRTJaV0ZqTmkxalpUa3pMVFExTmpndFlqaGhaUzAyWm1NMVpEWm1PRGs1TURnd2dnR2lNQTBHQ1NxR1NJYjMKRFFFQkFRVUFBNElCandBd2dnR0tBb0lCZ1FER0ptL0o5RHlXMGJJREtMWm5PRE1IU25JT2szMnIxZGN2RzJwTgphMmVZV2RXY2NJbDl5ZFJLc05Dc0k4UWlVK05tQ3V2YzgwRkxMQmlQQ0VaZmZHd3F3Q2E0NGo2Qk0xYmlackN1CmVWSkJVSC9nM0JkanNkbFI2QTNFZkZnQTNHdGhIRStNbkt2YWFyaW9DTzlTZEVFQXgzSzRUYmE5Q1hqbEZ0S24KT3F1Z3NNZ1hEaEIwMk9ZL3dqWkFLR0U5WlF0MGgvcXhkZzJVc3REZjNDbUV6V1ZRSFpWM0FnSmVTb2svYnJTUApSYktwUTFwWU5uZEZiLzRxVTlXM28zY3BHYk9NUWlzVXlrc3VtYmM0SjFTc1Zaem9qVmNNYTJ0eFcyYllwb3FwCkdwWGRCR0pLaEN0SE5keUZjZ1MwSEExY3JNaFRFSlppbGRZUzhDQ2FRbVN1NUs3dXZTdkpjNjdGTjhld0hFUDgKV1NaTjRkZk5QaitXRUFEblhuNXJPUXhEWlVQaTBRYnVtc3FTaU9Hb1FwVTQrV2pGR3BsMVUzQ3JnWk5QSG43Zgp6Tk5ENnNHQ2NpWGtIYTBiR00rUWkyNzlKbHNjcWN2RSthd2o3UFBmQmhsemtIQyszd3p4enpWSDBWTkZFNzBXCjlvYmhsV3Z0ZnZYbkJaMERNdm1nbk5wNnlaY0NBd0VBQWFOQ01FQXdEZ1lEVlIwUEFRSC9CQVFEQWdJRU1BOEcKQTFVZEV3RUIvd1FGTUFNQkFmOHdIUVlEVlIwT0JCWUVGRHozOVFZek9ib25HaVl1SFJjeEZWT0NCSFkwTUEwRwpDU3FHU0liM0RRRUJDd1VBQTRJQmdRQ3hScHM4MTdBdkdPYU9rOElCTXd1NmQ5RUoxRzdVc1lWWnBENTFXTjYzCmtLZTFTYmJGN254YU1OMTg5SXE4L29nRGRhZDRRUDAzcXRFeFBHV1FScjVaYktxb3dFT0tSMlBtajBMalRRbnEKT1cvUWJjeXFjNHloNFNCY0xtenhHVStsMld3dGdwQnEzYUxIYlFCenhiMlFibEpNR1ZncGt1VWw4OVFGRE45RQpUckhSZnJZYmcwRTczaWhTUjhzM2h6UWI2dFhMS0dlZFZGdE5NdEsyb0IvNE9LVHBrYllDYWY0ejlhVjM1OGZNClBpN1l5ZDN2cGkyTWc2SnhpWENsZm1iNUNtZE1IR3lTNkdOZnA5YXg1ZEdiSnRnakFnQ3UvUHY1OG56QmVhU0wKTnhSdHZWcVBNRHBtcEo1S0JsaHplNEN5NHVTMkRHRjh2UDkzeFNiVWxkQ3haWXdBcm5uQitlU081cllsTE5yVwpPVTFQSUR2bm9IQ3I2NXVNcGdKZlhYcDRCaTJHTUtOTVpHOGZLdUYzOWthL1lOZEs5clI1bnNESlJxM09UdEI3CnlWQ28vREdUS29Oa1A2QTZzbXZTWldGZHVvRy8xeUsycFBUOXpjbkppYnE3RG5DYzZTN1VnSFBIUkhMMmlNdTEKSlo2ODZVZmdTQWNSS0tKUjVtQkhaRUU9Ci0tLS0tRU5EIENFUlRJRklDQVRFLS0tLS0K"
              }
            ],
            "master_authorized_networks_config": [
              {
                "cidr_blocks": [
                  {
                    "cidr_block": "10.250.0.0/24",
                    "display_name": "Admin VM"
                  }
                ],
                "gcp_public_cidrs_access_enabled": false
              }
            ],
            "master_version": "1.32.3-gke.1927009",
            "mesh_certificates": [],
            "min_master_version": null,
            "monitoring_config": [
              {
                "advanced_datapath_observability_config": [
                  {
                    "enable_metrics": false,
                    "relay_mode": ""
                  }
                ],
                "enable_components": [
                  "SYSTEM_COMPONENTS",
                  "APISERVER",
                  "CONTROLLER_MANAGER",
                  "SCHEDULER"
                ],
                "managed_prometheus": [
                  {
                    "enabled": true
                  }
                ]
              }
            ],
            "monitoring_service": "monitoring.googleapis.com/kubernetes",
            "name": "uporto-cd-gke-europe-west2",
            "network": "projects/uporto-cd/global/networks/uporto-cd-vpc-europe-west2",
            "network_policy": [
              {
                "enabled": true,
                "provider": "CALICO"
              }
            ],
            "networking_mode": "VPC_NATIVE",
            "node_config": [
              {
                "advanced_machine_features": [],
                "boot_disk_kms_key": "",
                "confidential_nodes": [],
                "disk_size_gb": 50,
                "disk_type": "pd-standard",
                "ephemeral_storage_local_ssd_config": [],
                "fast_socket": [],
                "gcfs_config": [],
                "guest_accelerator": [],
                "gvnic": [],
                "host_maintenance_policy": [],
                "image_type": "COS_CONTAINERD",
                "kubelet_config": [
                  {
                    "cpu_cfs_quota": false,
                    "cpu_cfs_quota_period": "",
                    "cpu_manager_policy": "",
                    "pod_pids_limit": 0
                  }
                ],
                "labels": {
                  "app": "uporto-cd",
                  "cluster_type": "hot",
                  "region": "europe-west2"
                },
                "linux_node_config": [],
                "local_nvme_ssd_block_config": [],
                "local_ssd_count": 0,
                "logging_variant": "DEFAULT",
                "machine_type": "e2-standard-2",
                "metadata": {
                  "disable-legacy-endpoints": "true"
                },
                "min_cpu_platform": "",
                "node_group": "",
                "oauth_scopes": [
                  "https://www.googleapis.com/auth/cloud-platform"
                ],
                "preemptible": false,
                "reservation_affinity": [],
                "resource_labels": {
                  "goog-gke-node-pool-provisioning-model": "on-demand"
                },
                "service_account": "default",
                "shielded_instance_config": [
                  {
                    "enable_integrity_monitoring": true,
                    "enable_secure_boot": false
                  }
                ],
                "sole_tenant_config": [],
                "spot": false,
                "tags": [
                  "uporto-cd-node",
                  "gke-europe-west2",
                  "cluster-hot"
                ],
                "taint": [],
                "workload_metadata_config": [
                  {
                    "mode": "GKE_METADATA"
                  }
                ]
              }
            ],
            "node_locations": [
              "europe-west2-a",
              "europe-west2-b",
              "europe-west2-c"
            ],
            "node_pool": [
              {
                "autoscaling": [
                  {
                    "location_policy": "ANY",
                    "max_node_count": 0,
                    "min_node_count": 0,
                    "total_max_node_count": 3,
                    "total_min_node_count": 2
                  }
                ],
                "initial_node_count": 1,
                "instance_group_urls": [
                  "https://www.googleapis.com/compute/v1/projects/uporto-cd/zones/europe-west2-c/instanceGroupManagers/gke-uporto-cd-gke-eu-uporto-cd-node-p-6cdde4f4-grp",
                  "https://www.googleapis.com/compute/v1/projects/uporto-cd/zones/europe-west2-b/instanceGroupManagers/gke-uporto-cd-gke-eu-uporto-cd-node-p-fe4f7ab8-grp",
                  "https://www.googleapis.com/compute/v1/projects/uporto-cd/zones/europe-west2-a/instanceGroupManagers/gke-uporto-cd-gke-eu-uporto-cd-node-p-0cdece24-grp"
                ],
                "managed_instance_group_urls": [
                  "https://www.googleapis.com/compute/v1/projects/uporto-cd/zones/europe-west2-c/instanceGroups/gke-uporto-cd-gke-eu-uporto-cd-node-p-6cdde4f4-grp",
                  "https://www.googleapis.com/compute/v1/projects/uporto-cd/zones/europe-west2-b/instanceGroups/gke-uporto-cd-gke-eu-uporto-cd-node-p-fe4f7ab8-grp",
                  "https://www.googleapis.com/compute/v1/projects/uporto-cd/zones/europe-west2-a/instanceGroups/gke-uporto-cd-gke-eu-uporto-cd-node-p-0cdece24-grp"
                ],
                "management": [
                  {
                    "auto_repair": true,
                    "auto_upgrade": true
                  }
                ],
                "max_pods_per_node": 110,
                "name": "uporto-cd-node-pool-europe-west2-hot",
                "name_prefix": "",
                "network_config": [
                  {
                    "create_pod_range": false,
                    "enable_private_nodes": true,
                    "pod_cidr_overprovision_config": [],
                    "pod_ipv4_cidr_block": "10.101.0.0/16",
                    "pod_range": "gke-uporto-cd-gke-europe-west2-pods-73fe04d4"
                  }
                ],
                "node_config": [
                  {
                    "advanced_machine_features": [],
                    "boot_disk_kms_key": "",
                    "confidential_nodes": [],
                    "disk_size_gb": 50,
                    "disk_type": "pd-standard",
                    "ephemeral_storage_local_ssd_config": [],
                    "fast_socket": [],
                    "gcfs_config": [],
                    "guest_accelerator": [],
                    "gvnic": [],
                    "host_maintenance_policy": [],
                    "image_type": "COS_CONTAINERD",
                    "kubelet_config": [
                      {
                        "cpu_cfs_quota": false,
                        "cpu_cfs_quota_period": "",
                        "cpu_manager_policy": "",
                        "pod_pids_limit": 0
                      }
                    ],
                    "labels": {
                      "app": "uporto-cd",
                      "cluster_type": "hot",
                      "region": "europe-west2"
                    },
                    "linux_node_config": [],
                    "local_nvme_ssd_block_config": [],
                    "local_ssd_count": 0,
                    "logging_variant": "DEFAULT",
                    "machine_type": "e2-standard-2",
                    "metadata": {
                      "disable-legacy-endpoints": "true"
                    },
                    "min_cpu_platform": "",
                    "node_group": "",
                    "oauth_scopes": [
                      "https://www.googleapis.com/auth/cloud-platform"
                    ],
                    "preemptible": false,
                    "reservation_affinity": [],
                    "resource_labels": {
                      "goog-gke-node-pool-provisioning-model": "on-demand"
                    },
                    "service_account": "default",
                    "shielded_instance_config": [
                      {
                        "enable_integrity_monitoring": true,
                        "enable_secure_boot": false
                      }
                    ],
                    "sole_tenant_config": [],
                    "spot": false,
                    "tags": [
                      "uporto-cd-node",
                      "gke-europe-west2",
                      "cluster-hot"
                    ],
                    "taint": [],
                    "workload_metadata_config": [
                      {
                        "mode": "GKE_METADATA"
                      }
                    ]
                  }
                ],
                "node_count": 0,
                "node_locations": [
                  "europe-west2-a",
                  "europe-west2-b",
                  "europe-west2-c"
                ],
                "placement_policy": [],
                "upgrade_settings": [
                  {
                    "blue_green_settings": [],
                    "max_surge": 2,
                    "max_unavailable": 0,
                    "strategy": "SURGE"
                  }
                ],
                "version": "1.32.3-gke.1927009"
              }
            ],
            "node_pool_auto_config": [
              {
                "network_tags": []
              }
            ],
            "node_pool_defaults": [
              {
                "node_config_defaults": [
                  {
                    "logging_variant": "DEFAULT"
                  }
                ]
              }
            ],
            "node_version": "1.32.3-gke.1927009",
            "notification_config": [
              {
                "pubsub": [
                  {
                    "enabled": false,
                    "filter": [],
                    "topic": ""
                  }
                ]
              }
            ],
            "operation": null,
            "private_cluster_config": [
              {
                "enable_private_endpoint": true,
                "enable_private_nodes": true,
                "master_global_access_config": [
                  {
                    "enabled": false
                  }
                ],
                "master_ipv4_cidr_block": "172.16.1.0/28",
                "peering_name": "",
                "private_endpoint": "172.16.1.2",
                "private_endpoint_subnetwork": "",
                "public_endpoint": "34.39.78.71"
              }
            ],
            "private_ipv6_google_access": "",
            "project": "uporto-cd",
            "release_channel": [
              {
                "channel": "REGULAR"
              }
            ],
            "remove_default_node_pool": true,
            "resource_labels": {
              "cluster_type": "hot",
              "environment": "production",
              "region": "europe-west2"
            },
            "resource_usage_export_config": [],
            "security_posture_config": [
              {
                "mode": "BASIC",
                "vulnerability_mode": "VULNERABILITY_MODE_UNSPECIFIED"
              }
            ],
            "self_link": "https://container.googleapis.com/v1/projects/uporto-cd/locations/europe-west2/clusters/uporto-cd-gke-europe-west2",
            "service_external_ips_config": [
              {
                "enabled": false
              }
            ],
            "services_ipv4_cidr": "10.201.0.0/16",
            "subnetwork": "projects/uporto-cd/regions/europe-west2/subnetworks/uporto-cd-subnet-europe-west2",
            "timeouts": null,
            "tpu_ipv4_cidr_block": "",
            "vertical_pod_autoscaling": [],
            "workload_identity_config": [
              {
                "workload_pool": "uporto-cd.svc.id.goog"
              }
            ]
          },
          "sensitive_attributes": [
            [
              {
                "type": "get_attr",
                "value": "master_auth"
              },
              {
                "type": "index",
                "value": {
                  "value": 0,
                  "type": "number"
                }
              },
              {
                "type": "get_attr",
                "value": "client_key"
              }
            ]
          ],
          "private": "eyJlMmJmYjczMC1lY2FhLTExZTYtOGY4OC0zNDM2M2JjN2M0YzAiOnsiY3JlYXRlIjoyNDAwMDAwMDAwMDAwLCJkZWxldGUiOjI0MDAwMDAwMDAwMDAsInJlYWQiOjI0MDAwMDAwMDAwMDAsInVwZGF0ZSI6MzYwMDAwMDAwMDAwMH0sInNjaGVtYV92ZXJzaW9uIjoiMSJ9",
          "dependencies": [
            "module.gke_hot.google_project_service.compute_api",
            "module.gke_hot.google_project_service.container_api",
            "module.network.google_compute_firewall.allow_egress_to_admin",
            "module.network.google_compute_firewall.allow_from_admin",
            "module.network.google_compute_firewall.allow_internal",
            "module.network.google_compute_firewall.allow_internet_egress",
            "module.network.google_compute_firewall.block_inter_region",
            "module.network.google_compute_network.vpc",
            "module.network.google_compute_router.router",
            "module.network.google_compute_router_nat.nat",
            "module.network.google_compute_subnetwork.subnet"
          ]
        }
      ]
    },
    {
      "module": "module.gke_hot[\"europe-west2\"]",
      "mode": "managed",
      "type": "google_container_node_pool",
      "name": "primary",
      "provider": "provider[\"registry.terraform.io/hashicorp/google\"]",
      "instances": [
        {
          "schema_version": 1,
          "attributes": {
            "autoscaling": [
              {
                "location_policy": "ANY",
                "max_node_count": 0,
                "min_node_count": 0,
                "total_max_node_count": 3,
                "total_min_node_count": 2
              }
            ],
            "cluster": "projects/uporto-cd/locations/europe-west2/clusters/uporto-cd-gke-europe-west2",
            "id": "projects/uporto-cd/locations/europe-west2/clusters/uporto-cd-gke-europe-west2/nodePools/uporto-cd-node-pool-europe-west2-hot",
            "initial_node_count": 1,
            "instance_group_urls": [
              "https://www.googleapis.com/compute/v1/projects/uporto-cd/zones/europe-west2-c/instanceGroupManagers/gke-uporto-cd-gke-eu-uporto-cd-node-p-6cdde4f4-grp",
              "https://www.googleapis.com/compute/v1/projects/uporto-cd/zones/europe-west2-b/instanceGroupManagers/gke-uporto-cd-gke-eu-uporto-cd-node-p-fe4f7ab8-grp",
              "https://www.googleapis.com/compute/v1/projects/uporto-cd/zones/europe-west2-a/instanceGroupManagers/gke-uporto-cd-gke-eu-uporto-cd-node-p-0cdece24-grp"
            ],
            "location": "europe-west2",
            "managed_instance_group_urls": [
              "https://www.googleapis.com/compute/v1/projects/uporto-cd/zones/europe-west2-c/instanceGroups/gke-uporto-cd-gke-eu-uporto-cd-node-p-6cdde4f4-grp",
              "https://www.googleapis.com/compute/v1/projects/uporto-cd/zones/europe-west2-b/instanceGroups/gke-uporto-cd-gke-eu-uporto-cd-node-p-fe4f7ab8-grp",
              "https://www.googleapis.com/compute/v1/projects/uporto-cd/zones/europe-west2-a/instanceGroups/gke-uporto-cd-gke-eu-uporto-cd-node-p-0cdece24-grp"
            ],
            "management": [
              {
                "auto_repair": true,
                "auto_upgrade": true
              }
            ],
            "max_pods_per_node": 110,
            "name": "uporto-cd-node-pool-europe-west2-hot",
            "name_prefix": "",
            "network_config": [
              {
                "create_pod_range": false,
                "enable_private_nodes": true,
                "pod_cidr_overprovision_config": [],
                "pod_ipv4_cidr_block": "10.101.0.0/16",
                "pod_range": "gke-uporto-cd-gke-europe-west2-pods-73fe04d4"
              }
            ],
            "node_config": [
              {
                "advanced_machine_features": [],
                "boot_disk_kms_key": "",
                "confidential_nodes": [],
                "disk_size_gb": 50,
                "disk_type": "pd-standard",
                "ephemeral_storage_local_ssd_config": [],
                "fast_socket": [],
                "gcfs_config": [],
                "guest_accelerator": [],
                "gvnic": [],
                "host_maintenance_policy": [],
                "image_type": "COS_CONTAINERD",
                "kubelet_config": [
                  {
                    "cpu_cfs_quota": false,
                    "cpu_cfs_quota_period": "",
                    "cpu_manager_policy": "",
                    "pod_pids_limit": 0
                  }
                ],
                "labels": {
                  "app": "uporto-cd",
                  "cluster_type": "hot",
                  "region": "europe-west2"
                },
                "linux_node_config": [],
                "local_nvme_ssd_block_config": [],
                "local_ssd_count": 0,
                "logging_variant": "DEFAULT",
                "machine_type": "e2-standard-2",
                "metadata": {
                  "disable-legacy-endpoints": "true"
                },
                "min_cpu_platform": "",
                "node_group": "",
                "oauth_scopes": [
                  "https://www.googleapis.com/auth/cloud-platform"
                ],
                "preemptible": false,
                "reservation_affinity": [],
                "resource_labels": {
                  "goog-gke-node-pool-provisioning-model": "on-demand"
                },
                "service_account": "default",
                "shielded_instance_config": [
                  {
                    "enable_integrity_monitoring": true,
                    "enable_secure_boot": false
                  }
                ],
                "sole_tenant_config": [],
                "spot": false,
                "tags": [
                  "uporto-cd-node",
                  "gke-europe-west2",
                  "cluster-hot"
                ],
                "taint": [],
                "workload_metadata_config": [
                  {
                    "mode": "GKE_METADATA"
                  }
                ]
              }
            ],
            "node_count": 0,
            "node_locations": [
              "europe-west2-a",
              "europe-west2-b",
              "europe-west2-c"
            ],
            "operation": null,
            "placement_policy": [],
            "project": "uporto-cd",
            "timeouts": {
              "create": "45m",
              "delete": "30m",
              "update": "30m"
            },
            "upgrade_settings": [
              {
                "blue_green_settings": [],
                "max_surge": 2,
                "max_unavailable": 0,
                "strategy": "SURGE"
              }
            ],
            "version": "1.32.3-gke.1927009"
          },
          "sensitive_attributes": [],
          "private": "eyJlMmJmYjczMC1lY2FhLTExZTYtOGY4OC0zNDM2M2JjN2M0YzAiOnsiY3JlYXRlIjoyNzAwMDAwMDAwMDAwLCJkZWxldGUiOjE4MDAwMDAwMDAwMDAsInVwZGF0ZSI6MTgwMDAwMDAwMDAwMH0sInNjaGVtYV92ZXJzaW9uIjoiMSJ9",
          "dependencies": [
            "module.gke_hot.google_container_cluster.cluster",
            "module.gke_hot.google_project_service.compute_api",
            "module.gke_hot.google_project_service.container_api",
            "module.network.google_compute_firewall.allow_egress_to_admin",
            "module.network.google_compute_firewall.allow_from_admin",
            "module.network.google_compute_firewall.allow_internal",
            "module.network.google_compute_firewall.allow_internet_egress",
            "module.network.google_compute_firewall.block_inter_region",
            "module.network.google_compute_network.vpc",
            "module.network.google_compute_router.router",
            "module.network.google_compute_router_nat.nat",
            "module.network.google_compute_subnetwork.subnet"
          ]
        }
      ]
    },
    {
      "module": "module.gke_hot[\"europe-west2\"]",
      "mode": "managed",
      "type": "google_project_service",
      "name": "compute_api",
      "provider": "provider[\"registry.terraform.io/hashicorp/google\"]",
      "instances": [
        {
          "schema_version": 0,
          "attributes": {
            "disable_dependent_services": null,
            "disable_on_destroy": false,
            "id": "uporto-cd/compute.googleapis.com",
            "project": "uporto-cd",
            "service": "compute.googleapis.com",
            "timeouts": null
          },
          "sensitive_attributes": [],
          "private": "eyJlMmJmYjczMC1lY2FhLTExZTYtOGY4OC0zNDM2M2JjN2M0YzAiOnsiY3JlYXRlIjoxMjAwMDAwMDAwMDAwLCJkZWxldGUiOjEyMDAwMDAwMDAwMDAsInJlYWQiOjYwMDAwMDAwMDAwMCwidXBkYXRlIjoxMjAwMDAwMDAwMDAwfX0="
        }
      ]
    },
    {
      "module": "module.gke_hot[\"europe-west2\"]",
      "mode": "managed",
      "type": "google_project_service",
      "name": "container_api",
      "provider": "provider[\"registry.terraform.io/hashicorp/google\"]",
      "instances": [
        {
          "schema_version": 0,
          "attributes": {
            "disable_dependent_services": null,
            "disable_on_destroy": false,
            "id": "uporto-cd/container.googleapis.com",
            "project": "uporto-cd",
            "service": "container.googleapis.com",
            "timeouts": null
          },
          "sensitive_attributes": [],
          "private": "eyJlMmJmYjczMC1lY2FhLTExZTYtOGY4OC0zNDM2M2JjN2M0YzAiOnsiY3JlYXRlIjoxMjAwMDAwMDAwMDAwLCJkZWxldGUiOjEyMDAwMDAwMDAwMDAsInJlYWQiOjYwMDAwMDAwMDAwMCwidXBkYXRlIjoxMjAwMDAwMDAwMDAwfX0="
        }
      ]
    },
    {
      "module": "module.gke_hot[\"us-south1\"]",
      "mode": "managed",
      "type": "google_container_cluster",
      "name": "cluster",
      "provider": "provider[\"registry.terraform.io/hashicorp/google\"]",
      "instances": [
        {
          "schema_version": 1,
          "attributes": {
            "addons_config": [
              {
                "cloudrun_config": [],
                "config_connector_config": [],
                "dns_cache_config": [],
                "gce_persistent_disk_csi_driver_config": [
                  {
                    "enabled": true
                  }
                ],
                "gcp_filestore_csi_driver_config": [],
                "gcs_fuse_csi_driver_config": [
                  {
                    "enabled": true
                  }
                ],
                "gke_backup_agent_config": [],
                "horizontal_pod_autoscaling": [],
                "http_load_balancing": [
                  {
                    "disabled": false
                  }
                ],
                "network_policy_config": [
                  {
                    "disabled": false
                  }
                ]
              }
            ],
            "allow_net_admin": null,
            "authenticator_groups_config": [],
            "binary_authorization": [
              {
                "enabled": false,
                "evaluation_mode": "DISABLED"
              }
            ],
            "cluster_autoscaling": [
              {
                "auto_provisioning_defaults": [],
                "enabled": false,
                "resource_limits": []
              }
            ],
            "cluster_ipv4_cidr": "10.102.0.0/16",
            "confidential_nodes": [],
            "cost_management_config": [],
            "database_encryption": [
              {
                "key_name": "",
                "state": "DECRYPTED"
              }
            ],
            "datapath_provider": "",
            "default_max_pods_per_node": 110,
            "default_snat_status": [
              {
                "disabled": false
              }
            ],
            "description": "",
            "dns_config": [],
            "enable_autopilot": false,
            "enable_binary_authorization": false,
            "enable_intranode_visibility": false,
            "enable_k8s_beta_apis": [],
            "enable_kubernetes_alpha": false,
            "enable_l4_ilb_subsetting": false,
            "enable_legacy_abac": false,
            "enable_shielded_nodes": true,
            "enable_tpu": false,
            "endpoint": "172.16.2.2",
            "gateway_api_config": [],
            "id": "projects/uporto-cd/locations/us-south1/clusters/uporto-cd-gke-us-south1",
            "initial_node_count": 1,
            "ip_allocation_policy": [
              {
                "additional_pod_ranges_config": [],
                "cluster_ipv4_cidr_block": "10.102.0.0/16",
                "cluster_secondary_range_name": "gke-uporto-cd-gke-us-south1-pods-db2261b9",
                "pod_cidr_overprovision_config": [
                  {
                    "disabled": false
                  }
                ],
                "services_ipv4_cidr_block": "10.202.0.0/16",
                "services_secondary_range_name": "gke-uporto-cd-gke-us-south1-services-db2261b9",
                "stack_type": "IPV4"
              }
            ],
            "label_fingerprint": "4bf5e377",
            "location": "us-south1",
            "logging_config": [
              {
                "enable_components": [
                  "SYSTEM_COMPONENTS",
                  "WORKLOADS",
                  "APISERVER"
                ]
              }
            ],
            "logging_service": "logging.googleapis.com/kubernetes",
            "maintenance_policy": [],
            "master_auth": [
              {
                "client_certificate": "",
                "client_certificate_config": [
                  {
                    "issue_client_certificate": false
                  }
                ],
                "client_key": "",
                "cluster_ca_certificate": "LS0tLS1CRUdJTiBDRVJUSUZJQ0FURS0tLS0tCk1JSUVMVENDQXBXZ0F3SUJBZ0lSQU9TWXp6aHB1VTcwNWFxaFhCSHJBemt3RFFZSktvWklodmNOQVFFTEJRQXcKTHpFdE1Dc0dBMVVFQXhNa05UUXhOR1UyWXpVdE4yTTJZaTAwTXpkakxXRTFOakF0WTJZNE5EVmhNR1E0WVRJNApNQ0FYRFRJMU1EVXlPREV3TlRZeU4xb1lEekl3TlRVd05USXhNVEUxTmpJM1dqQXZNUzB3S3dZRFZRUURFeVExCk5ERTBaVFpqTlMwM1l6WmlMVFF6TjJNdFlUVTJNQzFqWmpnME5XRXdaRGhoTWpnd2dnR2lNQTBHQ1NxR1NJYjMKRFFFQkFRVUFBNElCandBd2dnR0tBb0lCZ1FEREYyWHI3bmFvc0ZrUm9HbGRwSDBWL0t6TUlsZ215aXJ3MVo4RQpVRlNpbDFsaGZYVEtmOFU4bWZXSXFMTXdacVhQR0dBR2F2NWxkZzkzWHhhVlVSSUUvY2twV3o4dUhFemx2bnB6CkpYUlNjNzJCUmVCVmVUZjBhamRwcGlxSkxKNVpPazJJWHNQbzRjYS8yODh1WklOYmNhMlliVUtubU9rRDNCdmIKc0FGOCtBQTVPc1FkT05lMUJ5WVJCODNHbHU3L20vLzEwRkhPRzJtU0JjVGxoeERJVmp4STgxL0dxS2Z1U3pjZwpkclpWM1h0VUNMRkV5NW9iYmt6NXhwTnZyaFdYVUoyQWx6TnJDODVrdVhHTHhSVUhRWHJZZEVZOW1WcjUxZWpnCmQxRDlabU5EZHVtV08relZNeUVVc1JQTjdHUitCWlZsOVJhMFo1cXR1RmZ5bnQ2bGlnMjJNRjNwcVJVMVpxV08KTlovdnBkbkVmNE9VdXpRQXNLZ08vcThoWHZyOElQV1htY285cW55NTVoWFdtS2tLUkpOZlVpTCt1R21UalZScQpudU5ma2MxaitHajBNNGVjY3lEZmZSYUxmKzVFd0JMTWpBVDdyT0hheWM5R3BnaDh4blVtZ0tlemJIYjdHNnJQCmtYbjY3bmRuMlV3UTBzVGt0djdjanY2dDAzOENBd0VBQWFOQ01FQXdEZ1lEVlIwUEFRSC9CQVFEQWdJRU1BOEcKQTFVZEV3RUIvd1FGTUFNQkFmOHdIUVlEVlIwT0JCWUVGSFE2eW5lVUxkazFvUTJOYUZNTVNyeUcvMmVtTUEwRwpDU3FHU0liM0RRRUJDd1VBQTRJQmdRQ28rOWNIdUpNWlBoejR2bmtnQ283N1ltZERxS21mR1UrcTM0V29ZV0s4Ci9PbDBiU3drckRpbHFpclFnWjBPYTNwMGNKZnM3UkU2REExOTU3VXBqZU45YnQ5TGFjMk5rS0djeXBBczJ5cHoKTlRqZzhZNjJsRzlmUUw1MDZnVFdiWU4xVWdQTHloZHV4enB5Ym9pSjRuN0U2SUV0V0FMTVlHcEVyYTd3WUw0VwpTQXcwRTFqMlBKWVdPUUZNQklGM0tGZE4vV1pNU2YxWmRXa3lnSFpYZWY3TUljRjhEQ3NEY3gzQkdtYzlSM05iCm5IS1Qvbm4xMFVyekpQeElZcnl2VXRycmc4emZ5YmNOTmR2S3FRR2FOWGM1OW1YODcxUHE1UW9XcW9VWTFSb1EKRE5lU3hicVE3TXNQbHpyODZLWlhZcXBOWWZ0WksyaVYvYWVIRTNnY2k4SUtGWnFQTU5idlV2UzlzcGJBcHhjegp2ZWhnb0ZmcnpvVFVqd1AwVFJuM2lteGU3d1F2TE15blNhM25FRS80M3BhaERpVTIwWG5aQ1M0RHRtcXJyVW9WCmJKTjE1eVEwRmpaWVlLU1VqMlhFUmdtRlRSNHdEU2dCcjNqR2dtbEMvK2kxeDgvMlpMNFl4ZmtXL1p3NHdESXAKejJhYWp2djVBZFZNdzhkQXJEdDg5SVE9Ci0tLS0tRU5EIENFUlRJRklDQVRFLS0tLS0K"
              }
            ],
            "master_authorized_networks_config": [
              {
                "cidr_blocks": [
                  {
                    "cidr_block": "10.250.0.0/24",
                    "display_name": "Admin VM"
                  }
                ],
                "gcp_public_cidrs_access_enabled": false
              }
            ],
            "master_version": "1.32.3-gke.1927009",
            "mesh_certificates": [],
            "min_master_version": null,
            "monitoring_config": [
              {
                "advanced_datapath_observability_config": [
                  {
                    "enable_metrics": false,
                    "relay_mode": ""
                  }
                ],
                "enable_components": [
                  "SYSTEM_COMPONENTS",
                  "APISERVER",
                  "CONTROLLER_MANAGER",
                  "SCHEDULER"
                ],
                "managed_prometheus": [
                  {
                    "enabled": true
                  }
                ]
              }
            ],
            "monitoring_service": "monitoring.googleapis.com/kubernetes",
            "name": "uporto-cd-gke-us-south1",
            "network": "projects/uporto-cd/global/networks/uporto-cd-vpc-us-south1",
            "network_policy": [
              {
                "enabled": true,
                "provider": "CALICO"
              }
            ],
            "networking_mode": "VPC_NATIVE",
            "node_config": [
              {
                "advanced_machine_features": [],
                "boot_disk_kms_key": "",
                "confidential_nodes": [],
                "disk_size_gb": 50,
                "disk_type": "pd-standard",
                "ephemeral_storage_local_ssd_config": [],
                "fast_socket": [],
                "gcfs_config": [],
                "guest_accelerator": [],
                "gvnic": [],
                "host_maintenance_policy": [],
                "image_type": "COS_CONTAINERD",
                "kubelet_config": [
                  {
                    "cpu_cfs_quota": false,
                    "cpu_cfs_quota_period": "",
                    "cpu_manager_policy": "",
                    "pod_pids_limit": 0
                  }
                ],
                "labels": {
                  "app": "uporto-cd",
                  "cluster_type": "hot",
                  "region": "us-south1"
                },
                "linux_node_config": [],
                "local_nvme_ssd_block_config": [],
                "local_ssd_count": 0,
                "logging_variant": "DEFAULT",
                "machine_type": "e2-standard-2",
                "metadata": {
                  "disable-legacy-endpoints": "true"
                },
                "min_cpu_platform": "",
                "node_group": "",
                "oauth_scopes": [
                  "https://www.googleapis.com/auth/cloud-platform"
                ],
                "preemptible": false,
                "reservation_affinity": [],
                "resource_labels": {
                  "goog-gke-node-pool-provisioning-model": "on-demand"
                },
                "service_account": "default",
                "shielded_instance_config": [
                  {
                    "enable_integrity_monitoring": true,
                    "enable_secure_boot": false
                  }
                ],
                "sole_tenant_config": [],
                "spot": false,
                "tags": [
                  "uporto-cd-node",
                  "gke-us-south1",
                  "cluster-hot"
                ],
                "taint": [],
                "workload_metadata_config": [
                  {
                    "mode": "GKE_METADATA"
                  }
                ]
              }
            ],
            "node_locations": [
              "us-south1-a",
              "us-south1-b",
              "us-south1-c"
            ],
            "node_pool": [
              {
                "autoscaling": [
                  {
                    "location_policy": "ANY",
                    "max_node_count": 0,
                    "min_node_count": 0,
                    "total_max_node_count": 3,
                    "total_min_node_count": 2
                  }
                ],
                "initial_node_count": 1,
                "instance_group_urls": [
                  "https://www.googleapis.com/compute/v1/projects/uporto-cd/zones/us-south1-b/instanceGroupManagers/gke-uporto-cd-gke-us-uporto-cd-node-p-7db22044-grp",
                  "https://www.googleapis.com/compute/v1/projects/uporto-cd/zones/us-south1-c/instanceGroupManagers/gke-uporto-cd-gke-us-uporto-cd-node-p-08bb9f1d-grp",
                  "https://www.googleapis.com/compute/v1/projects/uporto-cd/zones/us-south1-a/instanceGroupManagers/gke-uporto-cd-gke-us-uporto-cd-node-p-f9fbcb2a-grp"
                ],
                "managed_instance_group_urls": [
                  "https://www.googleapis.com/compute/v1/projects/uporto-cd/zones/us-south1-b/instanceGroups/gke-uporto-cd-gke-us-uporto-cd-node-p-7db22044-grp",
                  "https://www.googleapis.com/compute/v1/projects/uporto-cd/zones/us-south1-c/instanceGroups/gke-uporto-cd-gke-us-uporto-cd-node-p-08bb9f1d-grp",
                  "https://www.googleapis.com/compute/v1/projects/uporto-cd/zones/us-south1-a/instanceGroups/gke-uporto-cd-gke-us-uporto-cd-node-p-f9fbcb2a-grp"
                ],
                "management": [
                  {
                    "auto_repair": true,
                    "auto_upgrade": true
                  }
                ],
                "max_pods_per_node": 110,
                "name": "uporto-cd-node-pool-us-south1-hot",
                "name_prefix": "",
                "network_config": [
                  {
                    "create_pod_range": false,
                    "enable_private_nodes": true,
                    "pod_cidr_overprovision_config": [],
                    "pod_ipv4_cidr_block": "10.102.0.0/16",
                    "pod_range": "gke-uporto-cd-gke-us-south1-pods-db2261b9"
                  }
                ],
                "node_config": [
                  {
                    "advanced_machine_features": [],
                    "boot_disk_kms_key": "",
                    "confidential_nodes": [],
                    "disk_size_gb": 50,
                    "disk_type": "pd-standard",
                    "ephemeral_storage_local_ssd_config": [],
                    "fast_socket": [],
                    "gcfs_config": [],
                    "guest_accelerator": [],
                    "gvnic": [],
                    "host_maintenance_policy": [],
                    "image_type": "COS_CONTAINERD",
                    "kubelet_config": [
                      {
                        "cpu_cfs_quota": false,
                        "cpu_cfs_quota_period": "",
                        "cpu_manager_policy": "",
                        "pod_pids_limit": 0
                      }
                    ],
                    "labels": {
                      "app": "uporto-cd",
                      "cluster_type": "hot",
                      "region": "us-south1"
                    },
                    "linux_node_config": [],
                    "local_nvme_ssd_block_config": [],
                    "local_ssd_count": 0,
                    "logging_variant": "DEFAULT",
                    "machine_type": "e2-standard-2",
                    "metadata": {
                      "disable-legacy-endpoints": "true"
                    },
                    "min_cpu_platform": "",
                    "node_group": "",
                    "oauth_scopes": [
                      "https://www.googleapis.com/auth/cloud-platform"
                    ],
                    "preemptible": false,
                    "reservation_affinity": [],
                    "resource_labels": {
                      "goog-gke-node-pool-provisioning-model": "on-demand"
                    },
                    "service_account": "default",
                    "shielded_instance_config": [
                      {
                        "enable_integrity_monitoring": true,
                        "enable_secure_boot": false
                      }
                    ],
                    "sole_tenant_config": [],
                    "spot": false,
                    "tags": [
                      "uporto-cd-node",
                      "gke-us-south1",
                      "cluster-hot"
                    ],
                    "taint": [],
                    "workload_metadata_config": [
                      {
                        "mode": "GKE_METADATA"
                      }
                    ]
                  }
                ],
                "node_count": 0,
                "node_locations": [
                  "us-south1-a",
                  "us-south1-b",
                  "us-south1-c"
                ],
                "placement_policy": [],
                "upgrade_settings": [
                  {
                    "blue_green_settings": [],
                    "max_surge": 2,
                    "max_unavailable": 0,
                    "strategy": "SURGE"
                  }
                ],
                "version": "1.32.3-gke.1927009"
              }
            ],
            "node_pool_auto_config": [
              {
                "network_tags": []
              }
            ],
            "node_pool_defaults": [
              {
                "node_config_defaults": [
                  {
                    "logging_variant": "DEFAULT"
                  }
                ]
              }
            ],
            "node_version": "1.32.3-gke.1927009",
            "notification_config": [
              {
                "pubsub": [
                  {
                    "enabled": false,
                    "filter": [],
                    "topic": ""
                  }
                ]
              }
            ],
            "operation": null,
            "private_cluster_config": [
              {
                "enable_private_endpoint": true,
                "enable_private_nodes": true,
                "master_global_access_config": [
                  {
                    "enabled": false
                  }
                ],
                "master_ipv4_cidr_block": "172.16.2.0/28",
                "peering_name": "",
                "private_endpoint": "172.16.2.2",
                "private_endpoint_subnetwork": "",
                "public_endpoint": "34.174.253.78"
              }
            ],
            "private_ipv6_google_access": "",
            "project": "uporto-cd",
            "release_channel": [
              {
                "channel": "REGULAR"
              }
            ],
            "remove_default_node_pool": true,
            "resource_labels": {
              "cluster_type": "hot",
              "environment": "production",
              "region": "us-south1"
            },
            "resource_usage_export_config": [],
            "security_posture_config": [
              {
                "mode": "BASIC",
                "vulnerability_mode": "VULNERABILITY_MODE_UNSPECIFIED"
              }
            ],
            "self_link": "https://container.googleapis.com/v1/projects/uporto-cd/locations/us-south1/clusters/uporto-cd-gke-us-south1",
            "service_external_ips_config": [
              {
                "enabled": false
              }
            ],
            "services_ipv4_cidr": "10.202.0.0/16",
            "subnetwork": "projects/uporto-cd/regions/us-south1/subnetworks/uporto-cd-subnet-us-south1",
            "timeouts": null,
            "tpu_ipv4_cidr_block": "",
            "vertical_pod_autoscaling": [],
            "workload_identity_config": [
              {
                "workload_pool": "uporto-cd.svc.id.goog"
              }
            ]
          },
          "sensitive_attributes": [
            [
              {
                "type": "get_attr",
                "value": "master_auth"
              },
              {
                "type": "index",
                "value": {
                  "value": 0,
                  "type": "number"
                }
              },
              {
                "type": "get_attr",
                "value": "client_key"
              }
            ]
          ],
          "private": "eyJlMmJmYjczMC1lY2FhLTExZTYtOGY4OC0zNDM2M2JjN2M0YzAiOnsiY3JlYXRlIjoyNDAwMDAwMDAwMDAwLCJkZWxldGUiOjI0MDAwMDAwMDAwMDAsInJlYWQiOjI0MDAwMDAwMDAwMDAsInVwZGF0ZSI6MzYwMDAwMDAwMDAwMH0sInNjaGVtYV92ZXJzaW9uIjoiMSJ9",
          "dependencies": [
            "module.gke_hot.google_project_service.compute_api",
            "module.gke_hot.google_project_service.container_api",
            "module.network.google_compute_firewall.allow_egress_to_admin",
            "module.network.google_compute_firewall.allow_from_admin",
            "module.network.google_compute_firewall.allow_internal",
            "module.network.google_compute_firewall.allow_internet_egress",
            "module.network.google_compute_firewall.block_inter_region",
            "module.network.google_compute_network.vpc",
            "module.network.google_compute_router.router",
            "module.network.google_compute_router_nat.nat",
            "module.network.google_compute_subnetwork.subnet"
          ]
        }
      ]
    },
    {
      "module": "module.gke_hot[\"us-south1\"]",
      "mode": "managed",
      "type": "google_container_node_pool",
      "name": "primary",
      "provider": "provider[\"registry.terraform.io/hashicorp/google\"]",
      "instances": [
        {
          "schema_version": 1,
          "attributes": {
            "autoscaling": [
              {
                "location_policy": "ANY",
                "max_node_count": 0,
                "min_node_count": 0,
                "total_max_node_count": 3,
                "total_min_node_count": 2
              }
            ],
            "cluster": "projects/uporto-cd/locations/us-south1/clusters/uporto-cd-gke-us-south1",
            "id": "projects/uporto-cd/locations/us-south1/clusters/uporto-cd-gke-us-south1/nodePools/uporto-cd-node-pool-us-south1-hot",
            "initial_node_count": 1,
            "instance_group_urls": [
              "https://www.googleapis.com/compute/v1/projects/uporto-cd/zones/us-south1-b/instanceGroupManagers/gke-uporto-cd-gke-us-uporto-cd-node-p-7db22044-grp",
              "https://www.googleapis.com/compute/v1/projects/uporto-cd/zones/us-south1-c/instanceGroupManagers/gke-uporto-cd-gke-us-uporto-cd-node-p-08bb9f1d-grp",
              "https://www.googleapis.com/compute/v1/projects/uporto-cd/zones/us-south1-a/instanceGroupManagers/gke-uporto-cd-gke-us-uporto-cd-node-p-f9fbcb2a-grp"
            ],
            "location": "us-south1",
            "managed_instance_group_urls": [
              "https://www.googleapis.com/compute/v1/projects/uporto-cd/zones/us-south1-b/instanceGroups/gke-uporto-cd-gke-us-uporto-cd-node-p-7db22044-grp",
              "https://www.googleapis.com/compute/v1/projects/uporto-cd/zones/us-south1-c/instanceGroups/gke-uporto-cd-gke-us-uporto-cd-node-p-08bb9f1d-grp",
              "https://www.googleapis.com/compute/v1/projects/uporto-cd/zones/us-south1-a/instanceGroups/gke-uporto-cd-gke-us-uporto-cd-node-p-f9fbcb2a-grp"
            ],
            "management": [
              {
                "auto_repair": true,
                "auto_upgrade": true
              }
            ],
            "max_pods_per_node": 110,
            "name": "uporto-cd-node-pool-us-south1-hot",
            "name_prefix": "",
            "network_config": [
              {
                "create_pod_range": false,
                "enable_private_nodes": true,
                "pod_cidr_overprovision_config": [],
                "pod_ipv4_cidr_block": "10.102.0.0/16",
                "pod_range": "gke-uporto-cd-gke-us-south1-pods-db2261b9"
              }
            ],
            "node_config": [
              {
                "advanced_machine_features": [],
                "boot_disk_kms_key": "",
                "confidential_nodes": [],
                "disk_size_gb": 50,
                "disk_type": "pd-standard",
                "ephemeral_storage_local_ssd_config": [],
                "fast_socket": [],
                "gcfs_config": [],
                "guest_accelerator": [],
                "gvnic": [],
                "host_maintenance_policy": [],
                "image_type": "COS_CONTAINERD",
                "kubelet_config": [
                  {
                    "cpu_cfs_quota": false,
                    "cpu_cfs_quota_period": "",
                    "cpu_manager_policy": "",
                    "pod_pids_limit": 0
                  }
                ],
                "labels": {
                  "app": "uporto-cd",
                  "cluster_type": "hot",
                  "region": "us-south1"
                },
                "linux_node_config": [],
                "local_nvme_ssd_block_config": [],
                "local_ssd_count": 0,
                "logging_variant": "DEFAULT",
                "machine_type": "e2-standard-2",
                "metadata": {
                  "disable-legacy-endpoints": "true"
                },
                "min_cpu_platform": "",
                "node_group": "",
                "oauth_scopes": [
                  "https://www.googleapis.com/auth/cloud-platform"
                ],
                "preemptible": false,
                "reservation_affinity": [],
                "resource_labels": {
                  "goog-gke-node-pool-provisioning-model": "on-demand"
                },
                "service_account": "default",
                "shielded_instance_config": [
                  {
                    "enable_integrity_monitoring": true,
                    "enable_secure_boot": false
                  }
                ],
                "sole_tenant_config": [],
                "spot": false,
                "tags": [
                  "uporto-cd-node",
                  "gke-us-south1",
                  "cluster-hot"
                ],
                "taint": [],
                "workload_metadata_config": [
                  {
                    "mode": "GKE_METADATA"
                  }
                ]
              }
            ],
            "node_count": 0,
            "node_locations": [
              "us-south1-a",
              "us-south1-b",
              "us-south1-c"
            ],
            "operation": null,
            "placement_policy": [],
            "project": "uporto-cd",
            "timeouts": {
              "create": "45m",
              "delete": "30m",
              "update": "30m"
            },
            "upgrade_settings": [
              {
                "blue_green_settings": [],
                "max_surge": 2,
                "max_unavailable": 0,
                "strategy": "SURGE"
              }
            ],
            "version": "1.32.3-gke.1927009"
          },
          "sensitive_attributes": [],
          "private": "eyJlMmJmYjczMC1lY2FhLTExZTYtOGY4OC0zNDM2M2JjN2M0YzAiOnsiY3JlYXRlIjoyNzAwMDAwMDAwMDAwLCJkZWxldGUiOjE4MDAwMDAwMDAwMDAsInVwZGF0ZSI6MTgwMDAwMDAwMDAwMH0sInNjaGVtYV92ZXJzaW9uIjoiMSJ9",
          "dependencies": [
            "module.gke_hot.google_container_cluster.cluster",
            "module.gke_hot.google_project_service.compute_api",
            "module.gke_hot.google_project_service.container_api",
            "module.network.google_compute_firewall.allow_egress_to_admin",
            "module.network.google_compute_firewall.allow_from_admin",
            "module.network.google_compute_firewall.allow_internal",
            "module.network.google_compute_firewall.allow_internet_egress",
            "module.network.google_compute_firewall.block_inter_region",
            "module.network.google_compute_network.vpc",
            "module.network.google_compute_router.router",
            "module.network.google_compute_router_nat.nat",
            "module.network.google_compute_subnetwork.subnet"
          ]
        }
      ]
    },
    {
      "module": "module.gke_hot[\"us-south1\"]",
      "mode": "managed",
      "type": "google_project_service",
      "name": "compute_api",
      "provider": "provider[\"registry.terraform.io/hashicorp/google\"]",
      "instances": [
        {
          "schema_version": 0,
          "attributes": {
            "disable_dependent_services": null,
            "disable_on_destroy": false,
            "id": "uporto-cd/compute.googleapis.com",
            "project": "uporto-cd",
            "service": "compute.googleapis.com",
            "timeouts": null
          },
          "sensitive_attributes": [],
          "private": "eyJlMmJmYjczMC1lY2FhLTExZTYtOGY4OC0zNDM2M2JjN2M0YzAiOnsiY3JlYXRlIjoxMjAwMDAwMDAwMDAwLCJkZWxldGUiOjEyMDAwMDAwMDAwMDAsInJlYWQiOjYwMDAwMDAwMDAwMCwidXBkYXRlIjoxMjAwMDAwMDAwMDAwfX0="
        }
      ]
    },
    {
      "module": "module.gke_hot[\"us-south1\"]",
      "mode": "managed",
      "type": "google_project_service",
      "name": "container_api",
      "provider": "provider[\"registry.terraform.io/hashicorp/google\"]",
      "instances": [
        {
          "schema_version": 0,
          "attributes": {
            "disable_dependent_services": null,
            "disable_on_destroy": false,
            "id": "uporto-cd/container.googleapis.com",
            "project": "uporto-cd",
            "service": "container.googleapis.com",
            "timeouts": null
          },
          "sensitive_attributes": [],
          "private": "eyJlMmJmYjczMC1lY2FhLTExZTYtOGY4OC0zNDM2M2JjN2M0YzAiOnsiY3JlYXRlIjoxMjAwMDAwMDAwMDAwLCJkZWxldGUiOjEyMDAwMDAwMDAwMDAsInJlYWQiOjYwMDAwMDAwMDAwMCwidXBkYXRlIjoxMjAwMDAwMDAwMDAwfX0="
        }
      ]
    },
    {
      "module": "module.loadbalancer",
      "mode": "managed",
      "type": "google_compute_backend_service",
      "name": "default",
      "provider": "provider[\"registry.terraform.io/hashicorp/google\"]",
      "instances": [
        {
          "schema_version": 1,
          "attributes": {
            "affinity_cookie_ttl_sec": 0,
            "backend": [],
            "cdn_policy": [],
            "circuit_breakers": [],
            "compression_mode": "",
            "connection_draining_timeout_sec": 60,
            "consistent_hash": [],
            "creation_timestamp": "2025-05-28T04:54:54.869-07:00",
            "custom_request_headers": [],
            "custom_response_headers": [],
            "description": "Backend service for streaming servers",
            "edge_security_policy": "",
            "enable_cdn": false,
            "fingerprint": "ANSdBkqZR4A=",
            "generated_id": 8556715166217750369,
            "health_checks": [
              "https://www.googleapis.com/compute/v1/projects/uporto-cd/global/healthChecks/uporto-cd-health-check"
            ],
            "iap": [],
            "id": "projects/uporto-cd/global/backendServices/uporto-cd-backend-service",
            "load_balancing_scheme": "EXTERNAL",
            "locality_lb_policies": [],
            "locality_lb_policy": "",
            "log_config": [
              {
                "enable": true,
                "sample_rate": 1
              }
            ],
            "name": "uporto-cd-backend-service",
            "outlier_detection": [],
            "port_name": "http",
            "project": "uporto-cd",
            "protocol": "HTTP",
            "security_policy": "",
            "security_settings": [],
            "self_link": "https://www.googleapis.com/compute/v1/projects/uporto-cd/global/backendServices/uporto-cd-backend-service",
            "session_affinity": "NONE",
            "timeout_sec": 60,
            "timeouts": null
          },
          "sensitive_attributes": [],
          "private": "eyJlMmJmYjczMC1lY2FhLTExZTYtOGY4OC0zNDM2M2JjN2M0YzAiOnsiY3JlYXRlIjoxMjAwMDAwMDAwMDAwLCJkZWxldGUiOjEyMDAwMDAwMDAwMDAsInVwZGF0ZSI6MTIwMDAwMDAwMDAwMH0sInNjaGVtYV92ZXJzaW9uIjoiMSJ9",
          "dependencies": [
            "module.loadbalancer.google_compute_health_check.default"
          ]
        }
      ]
    },
    {
      "module": "module.loadbalancer",
      "mode": "managed",
      "type": "google_compute_global_address",
      "name": "lb_ip",
      "provider": "provider[\"registry.terraform.io/hashicorp/google\"]",
      "instances": [
        {
          "schema_version": 0,
          "attributes": {
            "address": "34.54.254.248",
            "address_type": "EXTERNAL",
            "creation_timestamp": "2025-05-28T04:54:32.233-07:00",
            "description": "Global IP for uporto-cd load balancer",
            "id": "projects/uporto-cd/global/addresses/uporto-cd-global-ip",
            "ip_version": "",
            "name": "uporto-cd-global-ip",
            "network": "",
            "prefix_length": 0,
            "project": "uporto-cd",
            "purpose": "",
            "self_link": "https://www.googleapis.com/compute/v1/projects/uporto-cd/global/addresses/uporto-cd-global-ip",
            "timeouts": null
          },
          "sensitive_attributes": [],
          "private": "eyJlMmJmYjczMC1lY2FhLTExZTYtOGY4OC0zNDM2M2JjN2M0YzAiOnsiY3JlYXRlIjoxMjAwMDAwMDAwMDAwLCJkZWxldGUiOjEyMDAwMDAwMDAwMDB9fQ==",
          "dependencies": [
            "module.loadbalancer.google_project_service.compute_api"
          ]
        }
      ]
    },
    {
      "module": "module.loadbalancer",
      "mode": "managed",
      "type": "google_compute_global_forwarding_rule",
      "name": "http",
      "provider": "provider[\"registry.terraform.io/hashicorp/google\"]",
      "instances": [
        {
          "schema_version": 0,
          "attributes": {
            "base_forwarding_rule": "",
            "description": "",
            "id": "projects/uporto-cd/global/forwardingRules/uporto-cd-http-rule",
            "ip_address": "34.54.254.248",
            "ip_protocol": "TCP",
            "ip_version": "",
            "label_fingerprint": "42WmSpB8rSM=",
            "labels": {},
            "load_balancing_scheme": "EXTERNAL",
            "metadata_filters": [],
            "name": "uporto-cd-http-rule",
            "network": "",
            "no_automate_dns_zone": null,
            "port_range": "80-80",
            "project": "uporto-cd",
            "psc_connection_id": "",
            "psc_connection_status": "",
            "self_link": "https://www.googleapis.com/compute/v1/projects/uporto-cd/global/forwardingRules/uporto-cd-http-rule",
            "source_ip_ranges": [],
            "subnetwork": "",
            "target": "https://www.googleapis.com/compute/v1/projects/uporto-cd/global/targetHttpProxies/uporto-cd-http-proxy",
            "timeouts": null
          },
          "sensitive_attributes": [],
          "private": "eyJlMmJmYjczMC1lY2FhLTExZTYtOGY4OC0zNDM2M2JjN2M0YzAiOnsiY3JlYXRlIjoxMjAwMDAwMDAwMDAwLCJkZWxldGUiOjEyMDAwMDAwMDAwMDAsInVwZGF0ZSI6MTIwMDAwMDAwMDAwMH19",
          "dependencies": [
            "module.loadbalancer.google_compute_backend_service.default",
            "module.loadbalancer.google_compute_global_address.lb_ip",
            "module.loadbalancer.google_compute_health_check.default",
            "module.loadbalancer.google_compute_target_http_proxy.default",
            "module.loadbalancer.google_compute_url_map.default",
            "module.loadbalancer.google_project_service.compute_api"
          ]
        }
      ]
    },
    {
      "module": "module.loadbalancer",
      "mode": "managed",
      "type": "google_compute_global_forwarding_rule",
      "name": "https",
      "provider": "provider[\"registry.terraform.io/hashicorp/google\"]",
      "instances": [
        {
          "index_key": 0,
          "schema_version": 0,
          "attributes": {
            "base_forwarding_rule": "",
            "description": "",
            "id": "projects/uporto-cd/global/forwardingRules/uporto-cd-https-rule",
            "ip_address": "34.54.254.248",
            "ip_protocol": "TCP",
            "ip_version": "",
            "label_fingerprint": "42WmSpB8rSM=",
            "labels": {},
            "load_balancing_scheme": "EXTERNAL",
            "metadata_filters": [],
            "name": "uporto-cd-https-rule",
            "network": "",
            "no_automate_dns_zone": null,
            "port_range": "443-443",
            "project": "uporto-cd",
            "psc_connection_id": "",
            "psc_connection_status": "",
            "self_link": "https://www.googleapis.com/compute/v1/projects/uporto-cd/global/forwardingRules/uporto-cd-https-rule",
            "source_ip_ranges": [],
            "subnetwork": "",
            "target": "https://www.googleapis.com/compute/v1/projects/uporto-cd/global/targetHttpsProxies/uporto-cd-https-proxy",
            "timeouts": null
          },
          "sensitive_attributes": [],
          "private": "eyJlMmJmYjczMC1lY2FhLTExZTYtOGY4OC0zNDM2M2JjN2M0YzAiOnsiY3JlYXRlIjoxMjAwMDAwMDAwMDAwLCJkZWxldGUiOjEyMDAwMDAwMDAwMDAsInVwZGF0ZSI6MTIwMDAwMDAwMDAwMH19",
          "dependencies": [
            "module.loadbalancer.google_compute_backend_service.default",
            "module.loadbalancer.google_compute_global_address.lb_ip",
            "module.loadbalancer.google_compute_health_check.default",
            "module.loadbalancer.google_compute_managed_ssl_certificate.default",
            "module.loadbalancer.google_compute_target_https_proxy.default",
            "module.loadbalancer.google_compute_url_map.default",
            "module.loadbalancer.google_project_service.compute_api"
          ]
        }
      ]
    },
    {
      "module": "module.loadbalancer",
      "mode": "managed",
      "type": "google_compute_health_check",
      "name": "default",
      "provider": "provider[\"registry.terraform.io/hashicorp/google\"]",
      "instances": [
        {
          "schema_version": 0,
          "attributes": {
            "check_interval_sec": 10,
            "creation_timestamp": "2025-05-28T04:54:35.308-07:00",
            "description": "Health check for streaming servers",
            "grpc_health_check": [],
            "healthy_threshold": 2,
            "http2_health_check": [],
            "http_health_check": [
              {
                "host": "",
                "port": 80,
                "port_name": "",
                "port_specification": "",
                "proxy_header": "NONE",
                "request_path": "/health",
                "response": ""
              }
            ],
            "https_health_check": [],
            "id": "projects/uporto-cd/global/healthChecks/uporto-cd-health-check",
            "log_config": [
              {
                "enable": false
              }
            ],
            "name": "uporto-cd-health-check",
            "project": "uporto-cd",
            "self_link": "https://www.googleapis.com/compute/v1/projects/uporto-cd/global/healthChecks/uporto-cd-health-check",
            "ssl_health_check": [],
            "tcp_health_check": [],
            "timeout_sec": 5,
            "timeouts": null,
            "type": "HTTP",
            "unhealthy_threshold": 3
          },
          "sensitive_attributes": [],
          "private": "eyJlMmJmYjczMC1lY2FhLTExZTYtOGY4OC0zNDM2M2JjN2M0YzAiOnsiY3JlYXRlIjoxMjAwMDAwMDAwMDAwLCJkZWxldGUiOjEyMDAwMDAwMDAwMDAsInVwZGF0ZSI6MTIwMDAwMDAwMDAwMH19"
        }
      ]
    },
    {
      "module": "module.loadbalancer",
      "mode": "managed",
      "type": "google_compute_managed_ssl_certificate",
      "name": "default",
      "provider": "provider[\"registry.terraform.io/hashicorp/google\"]",
      "instances": [
        {
          "index_key": 0,
          "schema_version": 0,
          "attributes": {
            "certificate_id": 1116728681555511150,
            "creation_timestamp": "2025-05-28T04:54:41.301-07:00",
            "description": "",
            "expire_time": "",
            "id": "projects/uporto-cd/global/sslCertificates/uporto-cd-ssl-cert",
            "managed": [
              {
                "domains": [
                  "adm-cdn.pt",
                  "www.adm-cdn.pt"
                ]
              }
            ],
            "name": "uporto-cd-ssl-cert",
            "project": "uporto-cd",
            "self_link": "https://www.googleapis.com/compute/v1/projects/uporto-cd/global/sslCertificates/uporto-cd-ssl-cert",
            "subject_alternative_names": [],
            "timeouts": {
              "create": "30m",
              "delete": "10m"
            },
            "type": "MANAGED"
          },
          "sensitive_attributes": [],
          "private": "eyJlMmJmYjczMC1lY2FhLTExZTYtOGY4OC0zNDM2M2JjN2M0YzAiOnsiY3JlYXRlIjoxODAwMDAwMDAwMDAwLCJkZWxldGUiOjYwMDAwMDAwMDAwMH19",
          "create_before_destroy": true
        }
      ]
    },
    {
      "module": "module.loadbalancer",
      "mode": "managed",
      "type": "google_compute_ssl_policy",
      "name": "modern",
      "provider": "provider[\"registry.terraform.io/hashicorp/google\"]",
      "instances": [
        {
          "index_key": 0,
          "schema_version": 0,
          "attributes": {
            "creation_timestamp": "2025-05-28T04:54:41.202-07:00",
            "custom_features": [],
            "description": "",
            "enabled_features": [
              "TLS_ECDHE_ECDSA_WITH_AES_128_CBC_SHA",
              "TLS_ECDHE_ECDSA_WITH_AES_128_GCM_SHA256",
              "TLS_ECDHE_ECDSA_WITH_AES_256_CBC_SHA",
              "TLS_ECDHE_ECDSA_WITH_AES_256_GCM_SHA384",
              "TLS_ECDHE_ECDSA_WITH_CHACHA20_POLY1305_SHA256",
              "TLS_ECDHE_RSA_WITH_AES_128_CBC_SHA",
              "TLS_ECDHE_RSA_WITH_AES_128_GCM_SHA256",
              "TLS_ECDHE_RSA_WITH_AES_256_CBC_SHA",
              "TLS_ECDHE_RSA_WITH_AES_256_GCM_SHA384",
              "TLS_ECDHE_RSA_WITH_CHACHA20_POLY1305_SHA256"
            ],
            "fingerprint": "C1a273SpEvg=",
            "id": "projects/uporto-cd/global/sslPolicies/uporto-cd-ssl-policy",
            "min_tls_version": "TLS_1_2",
            "name": "uporto-cd-ssl-policy",
            "profile": "MODERN",
            "project": "uporto-cd",
            "self_link": "https://www.googleapis.com/compute/v1/projects/uporto-cd/global/sslPolicies/uporto-cd-ssl-policy",
            "timeouts": null
          },
          "sensitive_attributes": [],
          "private": "eyJlMmJmYjczMC1lY2FhLTExZTYtOGY4OC0zNDM2M2JjN2M0YzAiOnsiY3JlYXRlIjoxMjAwMDAwMDAwMDAwLCJkZWxldGUiOjEyMDAwMDAwMDAwMDAsInVwZGF0ZSI6MTIwMDAwMDAwMDAwMH19"
        }
      ]
    },
    {
      "module": "module.loadbalancer",
      "mode": "managed",
      "type": "google_compute_target_http_proxy",
      "name": "default",
      "provider": "provider[\"registry.terraform.io/hashicorp/google\"]",
      "instances": [
        {
          "schema_version": 0,
          "attributes": {
            "creation_timestamp": "2025-05-28T04:55:39.443-07:00",
            "description": "",
            "http_keep_alive_timeout_sec": 0,
            "id": "projects/uporto-cd/global/targetHttpProxies/uporto-cd-http-proxy",
            "name": "uporto-cd-http-proxy",
            "project": "uporto-cd",
            "proxy_bind": false,
            "proxy_id": 5968605055180031828,
            "self_link": "https://www.googleapis.com/compute/v1/projects/uporto-cd/global/targetHttpProxies/uporto-cd-http-proxy",
            "timeouts": null,
            "url_map": "https://www.googleapis.com/compute/v1/projects/uporto-cd/global/urlMaps/uporto-cd-url-map"
          },
          "sensitive_attributes": [],
          "private": "eyJlMmJmYjczMC1lY2FhLTExZTYtOGY4OC0zNDM2M2JjN2M0YzAiOnsiY3JlYXRlIjoxMjAwMDAwMDAwMDAwLCJkZWxldGUiOjEyMDAwMDAwMDAwMDAsInVwZGF0ZSI6MTIwMDAwMDAwMDAwMH19",
          "dependencies": [
            "module.loadbalancer.google_compute_backend_service.default",
            "module.loadbalancer.google_compute_health_check.default",
            "module.loadbalancer.google_compute_url_map.default"
          ]
        }
      ]
    },
    {
      "module": "module.loadbalancer",
      "mode": "managed",
      "type": "google_compute_target_https_proxy",
      "name": "default",
      "provider": "provider[\"registry.terraform.io/hashicorp/google\"]",
      "instances": [
        {
          "index_key": 0,
          "schema_version": 0,
          "attributes": {
            "certificate_map": "",
            "creation_timestamp": "2025-05-28T04:55:39.962-07:00",
            "description": "",
            "http_keep_alive_timeout_sec": 0,
            "id": "projects/uporto-cd/global/targetHttpsProxies/uporto-cd-https-proxy",
            "name": "uporto-cd-https-proxy",
            "project": "uporto-cd",
            "proxy_bind": false,
            "proxy_id": 6551076755948128084,
            "quic_override": "NONE",
            "self_link": "https://www.googleapis.com/compute/v1/projects/uporto-cd/global/targetHttpsProxies/uporto-cd-https-proxy",
            "server_tls_policy": "",
            "ssl_certificates": [
              "https://www.googleapis.com/compute/v1/projects/uporto-cd/global/sslCertificates/uporto-cd-ssl-cert"
            ],
            "ssl_policy": "",
            "timeouts": null,
            "url_map": "https://www.googleapis.com/compute/v1/projects/uporto-cd/global/urlMaps/uporto-cd-url-map"
          },
          "sensitive_attributes": [],
          "private": "eyJlMmJmYjczMC1lY2FhLTExZTYtOGY4OC0zNDM2M2JjN2M0YzAiOnsiY3JlYXRlIjoxMjAwMDAwMDAwMDAwLCJkZWxldGUiOjEyMDAwMDAwMDAwMDAsInVwZGF0ZSI6MTIwMDAwMDAwMDAwMH19",
          "dependencies": [
            "module.loadbalancer.google_compute_backend_service.default",
            "module.loadbalancer.google_compute_health_check.default",
            "module.loadbalancer.google_compute_managed_ssl_certificate.default",
            "module.loadbalancer.google_compute_url_map.default"
          ]
        }
      ]
    },
    {
      "module": "module.loadbalancer",
      "mode": "managed",
      "type": "google_compute_url_map",
      "name": "default",
      "provider": "provider[\"registry.terraform.io/hashicorp/google\"]",
      "instances": [
        {
          "schema_version": 0,
          "attributes": {
            "creation_timestamp": "2025-05-28T04:55:26.676-07:00",
            "default_route_action": [],
            "default_service": "https://www.googleapis.com/compute/v1/projects/uporto-cd/global/backendServices/uporto-cd-backend-service",
            "default_url_redirect": [],
            "description": "URL map for uporto-cd with automatic geo-based routing",
            "fingerprint": "QQfb04vNXS0=",
            "header_action": [],
            "host_rule": [],
            "id": "projects/uporto-cd/global/urlMaps/uporto-cd-url-map",
            "map_id": 4944022383172994881,
            "name": "uporto-cd-url-map",
            "path_matcher": [],
            "project": "uporto-cd",
            "self_link": "https://www.googleapis.com/compute/v1/projects/uporto-cd/global/urlMaps/uporto-cd-url-map",
            "test": [],
            "timeouts": null
          },
          "sensitive_attributes": [],
          "private": "eyJlMmJmYjczMC1lY2FhLTExZTYtOGY4OC0zNDM2M2JjN2M0YzAiOnsiY3JlYXRlIjoxMjAwMDAwMDAwMDAwLCJkZWxldGUiOjEyMDAwMDAwMDAwMDAsInVwZGF0ZSI6MTIwMDAwMDAwMDAwMH19",
          "dependencies": [
            "module.loadbalancer.google_compute_backend_service.default",
            "module.loadbalancer.google_compute_health_check.default"
          ]
        }
      ]
    },
    {
      "module": "module.loadbalancer",
      "mode": "managed",
      "type": "google_dns_managed_zone",
      "name": "default",
      "provider": "provider[\"registry.terraform.io/hashicorp/google\"]",
      "instances": [
        {
          "index_key": 0,
          "schema_version": 0,
          "attributes": {
            "cloud_logging_config": [
              {
                "enable_logging": false
              }
            ],
            "creation_time": "2025-05-28T11:54:44.840Z",
            "description": "DNS zone for uporto-cd",
            "dns_name": "adm-cdn.pt.",
            "dnssec_config": [
              {
                "default_key_specs": [
                  {
                    "algorithm": "rsasha256",
                    "key_length": 2048,
                    "key_type": "keySigning",
                    "kind": "dns#dnsKeySpec"
                  },
                  {
                    "algorithm": "rsasha256",
                    "key_length": 1024,
                    "key_type": "zoneSigning",
                    "kind": "dns#dnsKeySpec"
                  }
                ],
                "kind": "dns#managedZoneDnsSecConfig",
                "non_existence": "nsec3",
                "state": "on"
              }
            ],
            "force_destroy": false,
            "forwarding_config": [],
            "id": "projects/uporto-cd/managedZones/uporto-cd-zone",
            "labels": {},
            "managed_zone_id": 3078695605761886507,
            "name": "uporto-cd-zone",
            "name_servers": [
              "ns-cloud-c1.googledomains.com.",
              "ns-cloud-c2.googledomains.com.",
              "ns-cloud-c3.googledomains.com.",
              "ns-cloud-c4.googledomains.com."
            ],
            "peering_config": [],
            "private_visibility_config": [],
            "project": "uporto-cd",
            "timeouts": null,
            "visibility": "public"
          },
          "sensitive_attributes": [],
          "private": "eyJlMmJmYjczMC1lY2FhLTExZTYtOGY4OC0zNDM2M2JjN2M0YzAiOnsiY3JlYXRlIjoxMjAwMDAwMDAwMDAwLCJkZWxldGUiOjEyMDAwMDAwMDAwMDAsInVwZGF0ZSI6MTIwMDAwMDAwMDAwMH19",
          "dependencies": [
            "module.loadbalancer.google_project_service.dns_api"
          ]
        }
      ]
    },
    {
      "module": "module.loadbalancer",
      "mode": "managed",
      "type": "google_dns_record_set",
      "name": "caa",
      "provider": "provider[\"registry.terraform.io/hashicorp/google\"]",
      "instances": [
        {
          "index_key": 0,
          "schema_version": 0,
          "attributes": {
            "id": "projects/uporto-cd/managedZones/uporto-cd-zone/rrsets/adm-cdn.pt./CAA",
            "managed_zone": "uporto-cd-zone",
            "name": "adm-cdn.pt.",
            "project": "uporto-cd",
            "routing_policy": [],
            "rrdatas": [
              "0 issue \"pki.goog\"",
              "0 issue \"letsencrypt.org\"",
              "0 iodef \"mailto:admin@adm-cdn.pt\""
            ],
            "ttl": 3600,
            "type": "CAA"
          },
          "sensitive_attributes": [],
          "private": "bnVsbA==",
          "dependencies": [
            "module.loadbalancer.google_dns_managed_zone.default",
            "module.loadbalancer.google_project_service.dns_api"
          ]
        }
      ]
    },
    {
      "module": "module.loadbalancer",
      "mode": "managed",
      "type": "google_dns_record_set",
      "name": "root",
      "provider": "provider[\"registry.terraform.io/hashicorp/google\"]",
      "instances": [
        {
          "index_key": 0,
          "schema_version": 0,
          "attributes": {
            "id": "projects/uporto-cd/managedZones/uporto-cd-zone/rrsets/adm-cdn.pt./A",
            "managed_zone": "uporto-cd-zone",
            "name": "adm-cdn.pt.",
            "project": "uporto-cd",
            "routing_policy": [],
            "rrdatas": [
              "34.54.254.248"
            ],
            "ttl": 300,
            "type": "A"
          },
          "sensitive_attributes": [],
          "private": "bnVsbA==",
          "dependencies": [
            "module.loadbalancer.google_compute_global_address.lb_ip",
            "module.loadbalancer.google_dns_managed_zone.default",
            "module.loadbalancer.google_project_service.compute_api",
            "module.loadbalancer.google_project_service.dns_api"
          ]
        }
      ]
    },
    {
      "module": "module.loadbalancer",
      "mode": "managed",
      "type": "google_dns_record_set",
      "name": "www",
      "provider": "provider[\"registry.terraform.io/hashicorp/google\"]",
      "instances": [
        {
          "index_key": 0,
          "schema_version": 0,
          "attributes": {
            "id": "projects/uporto-cd/managedZones/uporto-cd-zone/rrsets/www.adm-cdn.pt./A",
            "managed_zone": "uporto-cd-zone",
            "name": "www.adm-cdn.pt.",
            "project": "uporto-cd",
            "routing_policy": [],
            "rrdatas": [
              "34.54.254.248"
            ],
            "ttl": 300,
            "type": "A"
          },
          "sensitive_attributes": [],
          "private": "bnVsbA==",
          "dependencies": [
            "module.loadbalancer.google_compute_global_address.lb_ip",
            "module.loadbalancer.google_dns_managed_zone.default",
            "module.loadbalancer.google_project_service.compute_api",
            "module.loadbalancer.google_project_service.dns_api"
          ]
        }
      ]
    },
    {
      "module": "module.loadbalancer",
      "mode": "managed",
      "type": "google_project_service",
      "name": "compute_api",
      "provider": "provider[\"registry.terraform.io/hashicorp/google\"]",
      "instances": [
        {
          "schema_version": 0,
          "attributes": {
            "disable_dependent_services": null,
            "disable_on_destroy": false,
            "id": "uporto-cd/compute.googleapis.com",
            "project": "uporto-cd",
            "service": "compute.googleapis.com",
            "timeouts": null
          },
          "sensitive_attributes": [],
          "private": "eyJlMmJmYjczMC1lY2FhLTExZTYtOGY4OC0zNDM2M2JjN2M0YzAiOnsiY3JlYXRlIjoxMjAwMDAwMDAwMDAwLCJkZWxldGUiOjEyMDAwMDAwMDAwMDAsInJlYWQiOjYwMDAwMDAwMDAwMCwidXBkYXRlIjoxMjAwMDAwMDAwMDAwfX0="
        }
      ]
    },
    {
      "module": "module.loadbalancer",
      "mode": "managed",
      "type": "google_project_service",
      "name": "dns_api",
      "provider": "provider[\"registry.terraform.io/hashicorp/google\"]",
      "instances": [
        {
          "schema_version": 0,
          "attributes": {
            "disable_dependent_services": null,
            "disable_on_destroy": false,
            "id": "uporto-cd/dns.googleapis.com",
            "project": "uporto-cd",
            "service": "dns.googleapis.com",
            "timeouts": null
          },
          "sensitive_attributes": [],
          "private": "eyJlMmJmYjczMC1lY2FhLTExZTYtOGY4OC0zNDM2M2JjN2M0YzAiOnsiY3JlYXRlIjoxMjAwMDAwMDAwMDAwLCJkZWxldGUiOjEyMDAwMDAwMDAwMDAsInJlYWQiOjYwMDAwMDAwMDAwMCwidXBkYXRlIjoxMjAwMDAwMDAwMDAwfX0="
        }
      ]
    },
    {
      "module": "module.network[\"asia-southeast1\"]",
      "mode": "managed",
      "type": "google_compute_firewall",
      "name": "allow_egress_to_admin",
      "provider": "provider[\"registry.terraform.io/hashicorp/google\"]",
      "instances": [
        {
          "schema_version": 1,
          "attributes": {
            "allow": [
              {
                "ports": [],
                "protocol": "tcp"
              }
            ],
            "creation_timestamp": "2025-05-28T04:55:05.153-07:00",
            "deny": [],
            "description": "",
            "destination_ranges": [
              "10.250.0.0/24"
            ],
            "direction": "EGRESS",
            "disabled": false,
            "enable_logging": null,
            "id": "projects/uporto-cd/global/firewalls/uporto-cd-allow-egress-to-admin-asia-southeast1",
            "log_config": [],
            "name": "uporto-cd-allow-egress-to-admin-asia-southeast1",
            "network": "https://www.googleapis.com/compute/v1/projects/uporto-cd/global/networks/uporto-cd-vpc-asia-southeast1",
            "priority": 1000,
            "project": "uporto-cd",
            "self_link": "https://www.googleapis.com/compute/v1/projects/uporto-cd/global/firewalls/uporto-cd-allow-egress-to-admin-asia-southeast1",
            "source_ranges": [],
            "source_service_accounts": [],
            "source_tags": [],
            "target_service_accounts": [],
            "target_tags": [],
            "timeouts": null
          },
          "sensitive_attributes": [],
          "private": "eyJlMmJmYjczMC1lY2FhLTExZTYtOGY4OC0zNDM2M2JjN2M0YzAiOnsiY3JlYXRlIjoxMjAwMDAwMDAwMDAwLCJkZWxldGUiOjEyMDAwMDAwMDAwMDAsInVwZGF0ZSI6MTIwMDAwMDAwMDAwMH0sInNjaGVtYV92ZXJzaW9uIjoiMSJ9",
          "dependencies": [
            "module.network.google_compute_network.vpc"
          ]
        }
      ]
    },
    {
      "module": "module.network[\"asia-southeast1\"]",
      "mode": "managed",
      "type": "google_compute_firewall",
      "name": "allow_from_admin",
      "provider": "provider[\"registry.terraform.io/hashicorp/google\"]",
      "instances": [
        {
          "schema_version": 1,
          "attributes": {
            "allow": [
              {
                "ports": [],
                "protocol": "all"
              }
            ],
            "creation_timestamp": "2025-05-28T04:55:10.141-07:00",
            "deny": [],
            "description": "",
            "destination_ranges": [],
            "direction": "INGRESS",
            "disabled": false,
            "enable_logging": null,
            "id": "projects/uporto-cd/global/firewalls/uporto-cd-allow-from-admin-asia-southeast1",
            "log_config": [],
            "name": "uporto-cd-allow-from-admin-asia-southeast1",
            "network": "https://www.googleapis.com/compute/v1/projects/uporto-cd/global/networks/uporto-cd-vpc-asia-southeast1",
            "priority": 1000,
            "project": "uporto-cd",
            "self_link": "https://www.googleapis.com/compute/v1/projects/uporto-cd/global/firewalls/uporto-cd-allow-from-admin-asia-southeast1",
            "source_ranges": [
              "10.250.0.0/24"
            ],
            "source_service_accounts": [],
            "source_tags": [],
            "target_service_accounts": [],
            "target_tags": [],
            "timeouts": null
          },
          "sensitive_attributes": [],
          "private": "eyJlMmJmYjczMC1lY2FhLTExZTYtOGY4OC0zNDM2M2JjN2M0YzAiOnsiY3JlYXRlIjoxMjAwMDAwMDAwMDAwLCJkZWxldGUiOjEyMDAwMDAwMDAwMDAsInVwZGF0ZSI6MTIwMDAwMDAwMDAwMH0sInNjaGVtYV92ZXJzaW9uIjoiMSJ9",
          "dependencies": [
            "module.network.google_compute_network.vpc"
          ]
        }
      ]
    },
    {
      "module": "module.network[\"asia-southeast1\"]",
      "mode": "managed",
      "type": "google_compute_firewall",
      "name": "allow_internal",
      "provider": "provider[\"registry.terraform.io/hashicorp/google\"]",
      "instances": [
        {
          "schema_version": 1,
          "attributes": {
            "allow": [
              {
                "ports": [],
                "protocol": "all"
              }
            ],
            "creation_timestamp": "2025-05-28T04:55:42.249-07:00",
            "deny": [],
            "description": "",
            "destination_ranges": [],
            "direction": "INGRESS",
            "disabled": false,
            "enable_logging": null,
            "id": "projects/uporto-cd/global/firewalls/uporto-cd-allow-internal-asia-southeast1",
            "log_config": [],
            "name": "uporto-cd-allow-internal-asia-southeast1",
            "network": "https://www.googleapis.com/compute/v1/projects/uporto-cd/global/networks/uporto-cd-vpc-asia-southeast1",
            "priority": 1000,
            "project": "uporto-cd",
            "self_link": "https://www.googleapis.com/compute/v1/projects/uporto-cd/global/firewalls/uporto-cd-allow-internal-asia-southeast1",
            "source_ranges": [
              "10.3.0.0/20"
            ],
            "source_service_accounts": [],
            "source_tags": [],
            "target_service_accounts": [],
            "target_tags": [],
            "timeouts": null
          },
          "sensitive_attributes": [],
          "private": "eyJlMmJmYjczMC1lY2FhLTExZTYtOGY4OC0zNDM2M2JjN2M0YzAiOnsiY3JlYXRlIjoxMjAwMDAwMDAwMDAwLCJkZWxldGUiOjEyMDAwMDAwMDAwMDAsInVwZGF0ZSI6MTIwMDAwMDAwMDAwMH0sInNjaGVtYV92ZXJzaW9uIjoiMSJ9",
          "dependencies": [
            "module.network.google_compute_network.vpc",
            "module.network.google_compute_subnetwork.subnet"
          ]
        }
      ]
    },
    {
      "module": "module.network[\"asia-southeast1\"]",
      "mode": "managed",
      "type": "google_compute_firewall",
      "name": "allow_internet_egress",
      "provider": "provider[\"registry.terraform.io/hashicorp/google\"]",
      "instances": [
        {
          "schema_version": 1,
          "attributes": {
            "allow": [
              {
                "ports": [
                  "443",
                  "80"
                ],
                "protocol": "tcp"
              }
            ],
            "creation_timestamp": "2025-05-28T04:55:18.883-07:00",
            "deny": [],
            "description": "",
            "destination_ranges": [
              "0.0.0.0/0"
            ],
            "direction": "EGRESS",
            "disabled": false,
            "enable_logging": null,
            "id": "projects/uporto-cd/global/firewalls/uporto-cd-allow-internet-egress-asia-southeast1",
            "log_config": [],
            "name": "uporto-cd-allow-internet-egress-asia-southeast1",
            "network": "https://www.googleapis.com/compute/v1/projects/uporto-cd/global/networks/uporto-cd-vpc-asia-southeast1",
            "priority": 1000,
            "project": "uporto-cd",
            "self_link": "https://www.googleapis.com/compute/v1/projects/uporto-cd/global/firewalls/uporto-cd-allow-internet-egress-asia-southeast1",
            "source_ranges": [],
            "source_service_accounts": [],
            "source_tags": [],
            "target_service_accounts": [],
            "target_tags": [],
            "timeouts": null
          },
          "sensitive_attributes": [],
          "private": "eyJlMmJmYjczMC1lY2FhLTExZTYtOGY4OC0zNDM2M2JjN2M0YzAiOnsiY3JlYXRlIjoxMjAwMDAwMDAwMDAwLCJkZWxldGUiOjEyMDAwMDAwMDAwMDAsInVwZGF0ZSI6MTIwMDAwMDAwMDAwMH0sInNjaGVtYV92ZXJzaW9uIjoiMSJ9",
          "dependencies": [
            "module.network.google_compute_network.vpc"
          ]
        }
      ]
    },
    {
      "module": "module.network[\"asia-southeast1\"]",
      "mode": "managed",
      "type": "google_compute_firewall",
      "name": "block_inter_region",
      "provider": "provider[\"registry.terraform.io/hashicorp/google\"]",
      "instances": [
        {
          "schema_version": 1,
          "attributes": {
            "allow": [],
            "creation_timestamp": "2025-05-28T04:55:41.308-07:00",
            "deny": [
              {
                "ports": [],
                "protocol": "all"
              }
            ],
            "description": "",
            "destination_ranges": [
              "10.3.0.0/20"
            ],
            "direction": "INGRESS",
            "disabled": false,
            "enable_logging": null,
            "id": "projects/uporto-cd/global/firewalls/uporto-cd-block-inter-region-asia-southeast1",
            "log_config": [],
            "name": "uporto-cd-block-inter-region-asia-southeast1",
            "network": "https://www.googleapis.com/compute/v1/projects/uporto-cd/global/networks/uporto-cd-vpc-asia-southeast1",
            "priority": 2000,
            "project": "uporto-cd",
            "self_link": "https://www.googleapis.com/compute/v1/projects/uporto-cd/global/firewalls/uporto-cd-block-inter-region-asia-southeast1",
            "source_ranges": [
              "10.1.0.0/20",
              "10.2.0.0/20"
            ],
            "source_service_accounts": [],
            "source_tags": [],
            "target_service_accounts": [],
            "target_tags": [],
            "timeouts": null
          },
          "sensitive_attributes": [],
          "private": "eyJlMmJmYjczMC1lY2FhLTExZTYtOGY4OC0zNDM2M2JjN2M0YzAiOnsiY3JlYXRlIjoxMjAwMDAwMDAwMDAwLCJkZWxldGUiOjEyMDAwMDAwMDAwMDAsInVwZGF0ZSI6MTIwMDAwMDAwMDAwMH0sInNjaGVtYV92ZXJzaW9uIjoiMSJ9",
          "dependencies": [
            "module.network.google_compute_network.vpc",
            "module.network.google_compute_subnetwork.subnet"
          ]
        }
      ]
    },
    {
      "module": "module.network[\"asia-southeast1\"]",
      "mode": "managed",
      "type": "google_compute_network",
      "name": "vpc",
      "provider": "provider[\"registry.terraform.io/hashicorp/google\"]",
      "instances": [
        {
          "schema_version": 0,
          "attributes": {
            "auto_create_subnetworks": false,
            "delete_default_routes_on_create": false,
            "description": "VPC network for uporto-cd in asia-southeast1",
            "enable_ula_internal_ipv6": false,
            "gateway_ipv4": "",
            "id": "projects/uporto-cd/global/networks/uporto-cd-vpc-asia-southeast1",
            "internal_ipv6_range": "",
            "mtu": 0,
            "name": "uporto-cd-vpc-asia-southeast1",
            "network_firewall_policy_enforcement_order": "AFTER_CLASSIC_FIREWALL",
            "project": "uporto-cd",
            "routing_mode": "REGIONAL",
            "self_link": "https://www.googleapis.com/compute/v1/projects/uporto-cd/global/networks/uporto-cd-vpc-asia-southeast1",
            "timeouts": null
          },
          "sensitive_attributes": [],
          "private": "eyJlMmJmYjczMC1lY2FhLTExZTYtOGY4OC0zNDM2M2JjN2M0YzAiOnsiY3JlYXRlIjoxMjAwMDAwMDAwMDAwLCJkZWxldGUiOjEyMDAwMDAwMDAwMDAsInVwZGF0ZSI6MTIwMDAwMDAwMDAwMH19"
        }
      ]
    },
    {
      "module": "module.network[\"asia-southeast1\"]",
      "mode": "managed",
      "type": "google_compute_router",
      "name": "router",
      "provider": "provider[\"registry.terraform.io/hashicorp/google\"]",
      "instances": [
        {
          "schema_version": 0,
          "attributes": {
            "bgp": [],
            "creation_timestamp": "2025-05-28T04:55:24.741-07:00",
            "description": "",
            "encrypted_interconnect_router": false,
            "id": "projects/uporto-cd/regions/asia-southeast1/routers/uporto-cd-router-asia-southeast1",
            "name": "uporto-cd-router-asia-southeast1",
            "network": "https://www.googleapis.com/compute/v1/projects/uporto-cd/global/networks/uporto-cd-vpc-asia-southeast1",
            "project": "uporto-cd",
            "region": "asia-southeast1",
            "self_link": "https://www.googleapis.com/compute/v1/projects/uporto-cd/regions/asia-southeast1/routers/uporto-cd-router-asia-southeast1",
            "timeouts": null
          },
          "sensitive_attributes": [],
          "private": "eyJlMmJmYjczMC1lY2FhLTExZTYtOGY4OC0zNDM2M2JjN2M0YzAiOnsiY3JlYXRlIjoxMjAwMDAwMDAwMDAwLCJkZWxldGUiOjEyMDAwMDAwMDAwMDAsInVwZGF0ZSI6MTIwMDAwMDAwMDAwMH19",
          "dependencies": [
            "module.network.google_compute_network.vpc"
          ]
        }
      ]
    },
    {
      "module": "module.network[\"asia-southeast1\"]",
      "mode": "managed",
      "type": "google_compute_router_nat",
      "name": "nat",
      "provider": "provider[\"registry.terraform.io/hashicorp/google\"]",
      "instances": [
        {
          "schema_version": 0,
          "attributes": {
            "drain_nat_ips": [],
            "enable_dynamic_port_allocation": false,
            "enable_endpoint_independent_mapping": true,
            "icmp_idle_timeout_sec": 30,
            "id": "uporto-cd/asia-southeast1/uporto-cd-router-asia-southeast1/uporto-cd-nat-asia-southeast1",
            "log_config": [
              {
                "enable": true,
                "filter": "ERRORS_ONLY"
              }
            ],
            "max_ports_per_vm": 0,
            "min_ports_per_vm": 0,
            "name": "uporto-cd-nat-asia-southeast1",
            "nat_ip_allocate_option": "AUTO_ONLY",
            "nat_ips": [],
            "project": "uporto-cd",
            "region": "asia-southeast1",
            "router": "uporto-cd-router-asia-southeast1",
            "rules": [],
            "source_subnetwork_ip_ranges_to_nat": "ALL_SUBNETWORKS_ALL_IP_RANGES",
            "subnetwork": [],
            "tcp_established_idle_timeout_sec": 1200,
            "tcp_time_wait_timeout_sec": 120,
            "tcp_transitory_idle_timeout_sec": 30,
            "timeouts": null,
            "udp_idle_timeout_sec": 30
          },
          "sensitive_attributes": [],
          "private": "eyJlMmJmYjczMC1lY2FhLTExZTYtOGY4OC0zNDM2M2JjN2M0YzAiOnsiY3JlYXRlIjoxMjAwMDAwMDAwMDAwLCJkZWxldGUiOjEyMDAwMDAwMDAwMDAsInVwZGF0ZSI6MTIwMDAwMDAwMDAwMH19",
          "dependencies": [
            "module.network.google_compute_network.vpc",
            "module.network.google_compute_router.router"
          ]
        }
      ]
    },
    {
      "module": "module.network[\"asia-southeast1\"]",
      "mode": "managed",
      "type": "google_compute_subnetwork",
      "name": "subnet",
      "provider": "provider[\"registry.terraform.io/hashicorp/google\"]",
      "instances": [
        {
          "schema_version": 0,
          "attributes": {
            "creation_timestamp": "2025-05-28T04:55:12.237-07:00",
            "description": "Subnet for uporto-cd in asia-southeast1",
            "external_ipv6_prefix": "",
            "fingerprint": null,
            "gateway_address": "10.3.0.1",
            "id": "projects/uporto-cd/regions/asia-southeast1/subnetworks/uporto-cd-subnet-asia-southeast1",
            "internal_ipv6_prefix": "",
            "ip_cidr_range": "10.3.0.0/20",
            "ipv6_access_type": "",
            "ipv6_cidr_range": "",
            "log_config": [
              {
                "aggregation_interval": "INTERVAL_5_SEC",
                "filter_expr": "true",
                "flow_sampling": 0.5,
                "metadata": "INCLUDE_ALL_METADATA",
                "metadata_fields": []
              }
            ],
            "name": "uporto-cd-subnet-asia-southeast1",
            "network": "https://www.googleapis.com/compute/v1/projects/uporto-cd/global/networks/uporto-cd-vpc-asia-southeast1",
            "private_ip_google_access": true,
            "private_ipv6_google_access": "DISABLE_GOOGLE_ACCESS",
            "project": "uporto-cd",
            "purpose": "PRIVATE",
            "region": "asia-southeast1",
            "role": "",
            "secondary_ip_range": [
              {
                "ip_cidr_range": "10.203.0.0/16",
                "range_name": "gke-uporto-cd-gke-asia-southeast1-services-ccbdadc5"
              },
              {
                "ip_cidr_range": "10.103.0.0/16",
                "range_name": "gke-uporto-cd-gke-asia-southeast1-pods-ccbdadc5"
              }
            ],
            "self_link": "https://www.googleapis.com/compute/v1/projects/uporto-cd/regions/asia-southeast1/subnetworks/uporto-cd-subnet-asia-southeast1",
            "stack_type": "IPV4_ONLY",
            "timeouts": null
          },
          "sensitive_attributes": [],
          "private": "eyJlMmJmYjczMC1lY2FhLTExZTYtOGY4OC0zNDM2M2JjN2M0YzAiOnsiY3JlYXRlIjoxMjAwMDAwMDAwMDAwLCJkZWxldGUiOjEyMDAwMDAwMDAwMDAsInVwZGF0ZSI6MTIwMDAwMDAwMDAwMH19",
          "dependencies": [
            "module.network.google_compute_network.vpc"
          ]
        }
      ]
    },
    {
      "module": "module.network[\"europe-west2\"]",
      "mode": "managed",
      "type": "google_compute_firewall",
      "name": "allow_egress_to_admin",
      "provider": "provider[\"registry.terraform.io/hashicorp/google\"]",
      "instances": [
        {
          "schema_version": 1,
          "attributes": {
            "allow": [
              {
                "ports": [],
                "protocol": "tcp"
              }
            ],
            "creation_timestamp": "2025-05-28T04:55:04.941-07:00",
            "deny": [],
            "description": "",
            "destination_ranges": [
              "10.250.0.0/24"
            ],
            "direction": "EGRESS",
            "disabled": false,
            "enable_logging": null,
            "id": "projects/uporto-cd/global/firewalls/uporto-cd-allow-egress-to-admin-europe-west2",
            "log_config": [],
            "name": "uporto-cd-allow-egress-to-admin-europe-west2",
            "network": "https://www.googleapis.com/compute/v1/projects/uporto-cd/global/networks/uporto-cd-vpc-europe-west2",
            "priority": 1000,
            "project": "uporto-cd",
            "self_link": "https://www.googleapis.com/compute/v1/projects/uporto-cd/global/firewalls/uporto-cd-allow-egress-to-admin-europe-west2",
            "source_ranges": [],
            "source_service_accounts": [],
            "source_tags": [],
            "target_service_accounts": [],
            "target_tags": [],
            "timeouts": null
          },
          "sensitive_attributes": [],
          "private": "eyJlMmJmYjczMC1lY2FhLTExZTYtOGY4OC0zNDM2M2JjN2M0YzAiOnsiY3JlYXRlIjoxMjAwMDAwMDAwMDAwLCJkZWxldGUiOjEyMDAwMDAwMDAwMDAsInVwZGF0ZSI6MTIwMDAwMDAwMDAwMH0sInNjaGVtYV92ZXJzaW9uIjoiMSJ9",
          "dependencies": [
            "module.network.google_compute_network.vpc"
          ]
        }
      ]
    },
    {
      "module": "module.network[\"europe-west2\"]",
      "mode": "managed",
      "type": "google_compute_firewall",
      "name": "allow_from_admin",
      "provider": "provider[\"registry.terraform.io/hashicorp/google\"]",
      "instances": [
        {
          "schema_version": 1,
          "attributes": {
            "allow": [
              {
                "ports": [],
                "protocol": "all"
              }
            ],
            "creation_timestamp": "2025-05-28T04:55:15.455-07:00",
            "deny": [],
            "description": "",
            "destination_ranges": [],
            "direction": "INGRESS",
            "disabled": false,
            "enable_logging": null,
            "id": "projects/uporto-cd/global/firewalls/uporto-cd-allow-from-admin-europe-west2",
            "log_config": [],
            "name": "uporto-cd-allow-from-admin-europe-west2",
            "network": "https://www.googleapis.com/compute/v1/projects/uporto-cd/global/networks/uporto-cd-vpc-europe-west2",
            "priority": 1000,
            "project": "uporto-cd",
            "self_link": "https://www.googleapis.com/compute/v1/projects/uporto-cd/global/firewalls/uporto-cd-allow-from-admin-europe-west2",
            "source_ranges": [
              "10.250.0.0/24"
            ],
            "source_service_accounts": [],
            "source_tags": [],
            "target_service_accounts": [],
            "target_tags": [],
            "timeouts": null
          },
          "sensitive_attributes": [],
          "private": "eyJlMmJmYjczMC1lY2FhLTExZTYtOGY4OC0zNDM2M2JjN2M0YzAiOnsiY3JlYXRlIjoxMjAwMDAwMDAwMDAwLCJkZWxldGUiOjEyMDAwMDAwMDAwMDAsInVwZGF0ZSI6MTIwMDAwMDAwMDAwMH0sInNjaGVtYV92ZXJzaW9uIjoiMSJ9",
          "dependencies": [
            "module.network.google_compute_network.vpc"
          ]
        }
      ]
    },
    {
      "module": "module.network[\"europe-west2\"]",
      "mode": "managed",
      "type": "google_compute_firewall",
      "name": "allow_internal",
      "provider": "provider[\"registry.terraform.io/hashicorp/google\"]",
      "instances": [
        {
          "schema_version": 1,
          "attributes": {
            "allow": [
              {
                "ports": [],
                "protocol": "all"
              }
            ],
            "creation_timestamp": "2025-05-28T04:55:47.748-07:00",
            "deny": [],
            "description": "",
            "destination_ranges": [],
            "direction": "INGRESS",
            "disabled": false,
            "enable_logging": null,
            "id": "projects/uporto-cd/global/firewalls/uporto-cd-allow-internal-europe-west2",
            "log_config": [],
            "name": "uporto-cd-allow-internal-europe-west2",
            "network": "https://www.googleapis.com/compute/v1/projects/uporto-cd/global/networks/uporto-cd-vpc-europe-west2",
            "priority": 1000,
            "project": "uporto-cd",
            "self_link": "https://www.googleapis.com/compute/v1/projects/uporto-cd/global/firewalls/uporto-cd-allow-internal-europe-west2",
            "source_ranges": [
              "10.1.0.0/20"
            ],
            "source_service_accounts": [],
            "source_tags": [],
            "target_service_accounts": [],
            "target_tags": [],
            "timeouts": null
          },
          "sensitive_attributes": [],
          "private": "eyJlMmJmYjczMC1lY2FhLTExZTYtOGY4OC0zNDM2M2JjN2M0YzAiOnsiY3JlYXRlIjoxMjAwMDAwMDAwMDAwLCJkZWxldGUiOjEyMDAwMDAwMDAwMDAsInVwZGF0ZSI6MTIwMDAwMDAwMDAwMH0sInNjaGVtYV92ZXJzaW9uIjoiMSJ9",
          "dependencies": [
            "module.network.google_compute_network.vpc",
            "module.network.google_compute_subnetwork.subnet"
          ]
        }
      ]
    },
    {
      "module": "module.network[\"europe-west2\"]",
      "mode": "managed",
      "type": "google_compute_firewall",
      "name": "allow_internet_egress",
      "provider": "provider[\"registry.terraform.io/hashicorp/google\"]",
      "instances": [
        {
          "schema_version": 1,
          "attributes": {
            "allow": [
              {
                "ports": [
                  "443",
                  "80"
                ],
                "protocol": "tcp"
              }
            ],
            "creation_timestamp": "2025-05-28T04:55:13.844-07:00",
            "deny": [],
            "description": "",
            "destination_ranges": [
              "0.0.0.0/0"
            ],
            "direction": "EGRESS",
            "disabled": false,
            "enable_logging": null,
            "id": "projects/uporto-cd/global/firewalls/uporto-cd-allow-internet-egress-europe-west2",
            "log_config": [],
            "name": "uporto-cd-allow-internet-egress-europe-west2",
            "network": "https://www.googleapis.com/compute/v1/projects/uporto-cd/global/networks/uporto-cd-vpc-europe-west2",
            "priority": 1000,
            "project": "uporto-cd",
            "self_link": "https://www.googleapis.com/compute/v1/projects/uporto-cd/global/firewalls/uporto-cd-allow-internet-egress-europe-west2",
            "source_ranges": [],
            "source_service_accounts": [],
            "source_tags": [],
            "target_service_accounts": [],
            "target_tags": [],
            "timeouts": null
          },
          "sensitive_attributes": [],
          "private": "eyJlMmJmYjczMC1lY2FhLTExZTYtOGY4OC0zNDM2M2JjN2M0YzAiOnsiY3JlYXRlIjoxMjAwMDAwMDAwMDAwLCJkZWxldGUiOjEyMDAwMDAwMDAwMDAsInVwZGF0ZSI6MTIwMDAwMDAwMDAwMH0sInNjaGVtYV92ZXJzaW9uIjoiMSJ9",
          "dependencies": [
            "module.network.google_compute_network.vpc"
          ]
        }
      ]
    },
    {
      "module": "module.network[\"europe-west2\"]",
      "mode": "managed",
      "type": "google_compute_firewall",
      "name": "block_inter_region",
      "provider": "provider[\"registry.terraform.io/hashicorp/google\"]",
      "instances": [
        {
          "schema_version": 1,
          "attributes": {
            "allow": [],
            "creation_timestamp": "2025-05-28T04:55:41.302-07:00",
            "deny": [
              {
                "ports": [],
                "protocol": "all"
              }
            ],
            "description": "",
            "destination_ranges": [
              "10.1.0.0/20"
            ],
            "direction": "INGRESS",
            "disabled": false,
            "enable_logging": null,
            "id": "projects/uporto-cd/global/firewalls/uporto-cd-block-inter-region-europe-west2",
            "log_config": [],
            "name": "uporto-cd-block-inter-region-europe-west2",
            "network": "https://www.googleapis.com/compute/v1/projects/uporto-cd/global/networks/uporto-cd-vpc-europe-west2",
            "priority": 2000,
            "project": "uporto-cd",
            "self_link": "https://www.googleapis.com/compute/v1/projects/uporto-cd/global/firewalls/uporto-cd-block-inter-region-europe-west2",
            "source_ranges": [
              "10.2.0.0/20",
              "10.3.0.0/20"
            ],
            "source_service_accounts": [],
            "source_tags": [],
            "target_service_accounts": [],
            "target_tags": [],
            "timeouts": null
          },
          "sensitive_attributes": [],
          "private": "eyJlMmJmYjczMC1lY2FhLTExZTYtOGY4OC0zNDM2M2JjN2M0YzAiOnsiY3JlYXRlIjoxMjAwMDAwMDAwMDAwLCJkZWxldGUiOjEyMDAwMDAwMDAwMDAsInVwZGF0ZSI6MTIwMDAwMDAwMDAwMH0sInNjaGVtYV92ZXJzaW9uIjoiMSJ9",
          "dependencies": [
            "module.network.google_compute_network.vpc",
            "module.network.google_compute_subnetwork.subnet"
          ]
        }
      ]
    },
    {
      "module": "module.network[\"europe-west2\"]",
      "mode": "managed",
      "type": "google_compute_network",
      "name": "vpc",
      "provider": "provider[\"registry.terraform.io/hashicorp/google\"]",
      "instances": [
        {
          "schema_version": 0,
          "attributes": {
            "auto_create_subnetworks": false,
            "delete_default_routes_on_create": false,
            "description": "VPC network for uporto-cd in europe-west2",
            "enable_ula_internal_ipv6": false,
            "gateway_ipv4": "",
            "id": "projects/uporto-cd/global/networks/uporto-cd-vpc-europe-west2",
            "internal_ipv6_range": "",
            "mtu": 0,
            "name": "uporto-cd-vpc-europe-west2",
            "network_firewall_policy_enforcement_order": "AFTER_CLASSIC_FIREWALL",
            "project": "uporto-cd",
            "routing_mode": "REGIONAL",
            "self_link": "https://www.googleapis.com/compute/v1/projects/uporto-cd/global/networks/uporto-cd-vpc-europe-west2",
            "timeouts": null
          },
          "sensitive_attributes": [],
          "private": "eyJlMmJmYjczMC1lY2FhLTExZTYtOGY4OC0zNDM2M2JjN2M0YzAiOnsiY3JlYXRlIjoxMjAwMDAwMDAwMDAwLCJkZWxldGUiOjEyMDAwMDAwMDAwMDAsInVwZGF0ZSI6MTIwMDAwMDAwMDAwMH19"
        }
      ]
    },
    {
      "module": "module.network[\"europe-west2\"]",
      "mode": "managed",
      "type": "google_compute_router",
      "name": "router",
      "provider": "provider[\"registry.terraform.io/hashicorp/google\"]",
      "instances": [
        {
          "schema_version": 0,
          "attributes": {
            "bgp": [],
            "creation_timestamp": "2025-05-28T04:55:23.602-07:00",
            "description": "",
            "encrypted_interconnect_router": false,
            "id": "projects/uporto-cd/regions/europe-west2/routers/uporto-cd-router-europe-west2",
            "name": "uporto-cd-router-europe-west2",
            "network": "https://www.googleapis.com/compute/v1/projects/uporto-cd/global/networks/uporto-cd-vpc-europe-west2",
            "project": "uporto-cd",
            "region": "europe-west2",
            "self_link": "https://www.googleapis.com/compute/v1/projects/uporto-cd/regions/europe-west2/routers/uporto-cd-router-europe-west2",
            "timeouts": null
          },
          "sensitive_attributes": [],
          "private": "eyJlMmJmYjczMC1lY2FhLTExZTYtOGY4OC0zNDM2M2JjN2M0YzAiOnsiY3JlYXRlIjoxMjAwMDAwMDAwMDAwLCJkZWxldGUiOjEyMDAwMDAwMDAwMDAsInVwZGF0ZSI6MTIwMDAwMDAwMDAwMH19",
          "dependencies": [
            "module.network.google_compute_network.vpc"
          ]
        }
      ]
    },
    {
      "module": "module.network[\"europe-west2\"]",
      "mode": "managed",
      "type": "google_compute_router_nat",
      "name": "nat",
      "provider": "provider[\"registry.terraform.io/hashicorp/google\"]",
      "instances": [
        {
          "schema_version": 0,
          "attributes": {
            "drain_nat_ips": [],
            "enable_dynamic_port_allocation": false,
            "enable_endpoint_independent_mapping": true,
            "icmp_idle_timeout_sec": 30,
            "id": "uporto-cd/europe-west2/uporto-cd-router-europe-west2/uporto-cd-nat-europe-west2",
            "log_config": [
              {
                "enable": true,
                "filter": "ERRORS_ONLY"
              }
            ],
            "max_ports_per_vm": 0,
            "min_ports_per_vm": 0,
            "name": "uporto-cd-nat-europe-west2",
            "nat_ip_allocate_option": "AUTO_ONLY",
            "nat_ips": [],
            "project": "uporto-cd",
            "region": "europe-west2",
            "router": "uporto-cd-router-europe-west2",
            "rules": [],
            "source_subnetwork_ip_ranges_to_nat": "ALL_SUBNETWORKS_ALL_IP_RANGES",
            "subnetwork": [],
            "tcp_established_idle_timeout_sec": 1200,
            "tcp_time_wait_timeout_sec": 120,
            "tcp_transitory_idle_timeout_sec": 30,
            "timeouts": null,
            "udp_idle_timeout_sec": 30
          },
          "sensitive_attributes": [],
          "private": "eyJlMmJmYjczMC1lY2FhLTExZTYtOGY4OC0zNDM2M2JjN2M0YzAiOnsiY3JlYXRlIjoxMjAwMDAwMDAwMDAwLCJkZWxldGUiOjEyMDAwMDAwMDAwMDAsInVwZGF0ZSI6MTIwMDAwMDAwMDAwMH19",
          "dependencies": [
            "module.network.google_compute_network.vpc",
            "module.network.google_compute_router.router"
          ]
        }
      ]
    },
    {
      "module": "module.network[\"europe-west2\"]",
      "mode": "managed",
      "type": "google_compute_subnetwork",
      "name": "subnet",
      "provider": "provider[\"registry.terraform.io/hashicorp/google\"]",
      "instances": [
        {
          "schema_version": 0,
          "attributes": {
            "creation_timestamp": "2025-05-28T04:55:17.915-07:00",
            "description": "Subnet for uporto-cd in europe-west2",
            "external_ipv6_prefix": "",
            "fingerprint": null,
            "gateway_address": "10.1.0.1",
            "id": "projects/uporto-cd/regions/europe-west2/subnetworks/uporto-cd-subnet-europe-west2",
            "internal_ipv6_prefix": "",
            "ip_cidr_range": "10.1.0.0/20",
            "ipv6_access_type": "",
            "ipv6_cidr_range": "",
            "log_config": [
              {
                "aggregation_interval": "INTERVAL_5_SEC",
                "filter_expr": "true",
                "flow_sampling": 0.5,
                "metadata": "INCLUDE_ALL_METADATA",
                "metadata_fields": []
              }
            ],
            "name": "uporto-cd-subnet-europe-west2",
            "network": "https://www.googleapis.com/compute/v1/projects/uporto-cd/global/networks/uporto-cd-vpc-europe-west2",
            "private_ip_google_access": true,
            "private_ipv6_google_access": "DISABLE_GOOGLE_ACCESS",
            "project": "uporto-cd",
            "purpose": "PRIVATE",
            "region": "europe-west2",
            "role": "",
            "secondary_ip_range": [
              {
                "ip_cidr_range": "10.101.0.0/16",
                "range_name": "gke-uporto-cd-gke-europe-west2-pods-73fe04d4"
              },
              {
                "ip_cidr_range": "10.201.0.0/16",
                "range_name": "gke-uporto-cd-gke-europe-west2-services-73fe04d4"
              }
            ],
            "self_link": "https://www.googleapis.com/compute/v1/projects/uporto-cd/regions/europe-west2/subnetworks/uporto-cd-subnet-europe-west2",
            "stack_type": "IPV4_ONLY",
            "timeouts": null
          },
          "sensitive_attributes": [],
          "private": "eyJlMmJmYjczMC1lY2FhLTExZTYtOGY4OC0zNDM2M2JjN2M0YzAiOnsiY3JlYXRlIjoxMjAwMDAwMDAwMDAwLCJkZWxldGUiOjEyMDAwMDAwMDAwMDAsInVwZGF0ZSI6MTIwMDAwMDAwMDAwMH19",
          "dependencies": [
            "module.network.google_compute_network.vpc"
          ]
        }
      ]
    },
    {
      "module": "module.network[\"us-south1\"]",
      "mode": "managed",
      "type": "google_compute_firewall",
      "name": "allow_egress_to_admin",
      "provider": "provider[\"registry.terraform.io/hashicorp/google\"]",
      "instances": [
        {
          "schema_version": 1,
          "attributes": {
            "allow": [
              {
                "ports": [],
                "protocol": "tcp"
              }
            ],
            "creation_timestamp": "2025-05-28T04:55:05.472-07:00",
            "deny": [],
            "description": "",
            "destination_ranges": [
              "10.250.0.0/24"
            ],
            "direction": "EGRESS",
            "disabled": false,
            "enable_logging": null,
            "id": "projects/uporto-cd/global/firewalls/uporto-cd-allow-egress-to-admin-us-south1",
            "log_config": [],
            "name": "uporto-cd-allow-egress-to-admin-us-south1",
            "network": "https://www.googleapis.com/compute/v1/projects/uporto-cd/global/networks/uporto-cd-vpc-us-south1",
            "priority": 1000,
            "project": "uporto-cd",
            "self_link": "https://www.googleapis.com/compute/v1/projects/uporto-cd/global/firewalls/uporto-cd-allow-egress-to-admin-us-south1",
            "source_ranges": [],
            "source_service_accounts": [],
            "source_tags": [],
            "target_service_accounts": [],
            "target_tags": [],
            "timeouts": null
          },
          "sensitive_attributes": [],
          "private": "eyJlMmJmYjczMC1lY2FhLTExZTYtOGY4OC0zNDM2M2JjN2M0YzAiOnsiY3JlYXRlIjoxMjAwMDAwMDAwMDAwLCJkZWxldGUiOjEyMDAwMDAwMDAwMDAsInVwZGF0ZSI6MTIwMDAwMDAwMDAwMH0sInNjaGVtYV92ZXJzaW9uIjoiMSJ9",
          "dependencies": [
            "module.network.google_compute_network.vpc"
          ]
        }
      ]
    },
    {
      "module": "module.network[\"us-south1\"]",
      "mode": "managed",
      "type": "google_compute_firewall",
      "name": "allow_from_admin",
      "provider": "provider[\"registry.terraform.io/hashicorp/google\"]",
      "instances": [
        {
          "schema_version": 1,
          "attributes": {
            "allow": [
              {
                "ports": [],
                "protocol": "all"
              }
            ],
            "creation_timestamp": "2025-05-28T04:55:11.026-07:00",
            "deny": [],
            "description": "",
            "destination_ranges": [],
            "direction": "INGRESS",
            "disabled": false,
            "enable_logging": null,
            "id": "projects/uporto-cd/global/firewalls/uporto-cd-allow-from-admin-us-south1",
            "log_config": [],
            "name": "uporto-cd-allow-from-admin-us-south1",
            "network": "https://www.googleapis.com/compute/v1/projects/uporto-cd/global/networks/uporto-cd-vpc-us-south1",
            "priority": 1000,
            "project": "uporto-cd",
            "self_link": "https://www.googleapis.com/compute/v1/projects/uporto-cd/global/firewalls/uporto-cd-allow-from-admin-us-south1",
            "source_ranges": [
              "10.250.0.0/24"
            ],
            "source_service_accounts": [],
            "source_tags": [],
            "target_service_accounts": [],
            "target_tags": [],
            "timeouts": null
          },
          "sensitive_attributes": [],
          "private": "eyJlMmJmYjczMC1lY2FhLTExZTYtOGY4OC0zNDM2M2JjN2M0YzAiOnsiY3JlYXRlIjoxMjAwMDAwMDAwMDAwLCJkZWxldGUiOjEyMDAwMDAwMDAwMDAsInVwZGF0ZSI6MTIwMDAwMDAwMDAwMH0sInNjaGVtYV92ZXJzaW9uIjoiMSJ9",
          "dependencies": [
            "module.network.google_compute_network.vpc"
          ]
        }
      ]
    },
    {
      "module": "module.network[\"us-south1\"]",
      "mode": "managed",
      "type": "google_compute_firewall",
      "name": "allow_internal",
      "provider": "provider[\"registry.terraform.io/hashicorp/google\"]",
      "instances": [
        {
          "schema_version": 1,
          "attributes": {
            "allow": [
              {
                "ports": [],
                "protocol": "all"
              }
            ],
            "creation_timestamp": "2025-05-28T04:55:41.309-07:00",
            "deny": [],
            "description": "",
            "destination_ranges": [],
            "direction": "INGRESS",
            "disabled": false,
            "enable_logging": null,
            "id": "projects/uporto-cd/global/firewalls/uporto-cd-allow-internal-us-south1",
            "log_config": [],
            "name": "uporto-cd-allow-internal-us-south1",
            "network": "https://www.googleapis.com/compute/v1/projects/uporto-cd/global/networks/uporto-cd-vpc-us-south1",
            "priority": 1000,
            "project": "uporto-cd",
            "self_link": "https://www.googleapis.com/compute/v1/projects/uporto-cd/global/firewalls/uporto-cd-allow-internal-us-south1",
            "source_ranges": [
              "10.2.0.0/20"
            ],
            "source_service_accounts": [],
            "source_tags": [],
            "target_service_accounts": [],
            "target_tags": [],
            "timeouts": null
          },
          "sensitive_attributes": [],
          "private": "eyJlMmJmYjczMC1lY2FhLTExZTYtOGY4OC0zNDM2M2JjN2M0YzAiOnsiY3JlYXRlIjoxMjAwMDAwMDAwMDAwLCJkZWxldGUiOjEyMDAwMDAwMDAwMDAsInVwZGF0ZSI6MTIwMDAwMDAwMDAwMH0sInNjaGVtYV92ZXJzaW9uIjoiMSJ9",
          "dependencies": [
            "module.network.google_compute_network.vpc",
            "module.network.google_compute_subnetwork.subnet"
          ]
        }
      ]
    },
    {
      "module": "module.network[\"us-south1\"]",
      "mode": "managed",
      "type": "google_compute_firewall",
      "name": "allow_internet_egress",
      "provider": "provider[\"registry.terraform.io/hashicorp/google\"]",
      "instances": [
        {
          "schema_version": 1,
          "attributes": {
            "allow": [
              {
                "ports": [
                  "443",
                  "80"
                ],
                "protocol": "tcp"
              }
            ],
            "creation_timestamp": "2025-05-28T04:55:18.095-07:00",
            "deny": [],
            "description": "",
            "destination_ranges": [
              "0.0.0.0/0"
            ],
            "direction": "EGRESS",
            "disabled": false,
            "enable_logging": null,
            "id": "projects/uporto-cd/global/firewalls/uporto-cd-allow-internet-egress-us-south1",
            "log_config": [],
            "name": "uporto-cd-allow-internet-egress-us-south1",
            "network": "https://www.googleapis.com/compute/v1/projects/uporto-cd/global/networks/uporto-cd-vpc-us-south1",
            "priority": 1000,
            "project": "uporto-cd",
            "self_link": "https://www.googleapis.com/compute/v1/projects/uporto-cd/global/firewalls/uporto-cd-allow-internet-egress-us-south1",
            "source_ranges": [],
            "source_service_accounts": [],
            "source_tags": [],
            "target_service_accounts": [],
            "target_tags": [],
            "timeouts": null
          },
          "sensitive_attributes": [],
          "private": "eyJlMmJmYjczMC1lY2FhLTExZTYtOGY4OC0zNDM2M2JjN2M0YzAiOnsiY3JlYXRlIjoxMjAwMDAwMDAwMDAwLCJkZWxldGUiOjEyMDAwMDAwMDAwMDAsInVwZGF0ZSI6MTIwMDAwMDAwMDAwMH0sInNjaGVtYV92ZXJzaW9uIjoiMSJ9",
          "dependencies": [
            "module.network.google_compute_network.vpc"
          ]
        }
      ]
    },
    {
      "module": "module.network[\"us-south1\"]",
      "mode": "managed",
      "type": "google_compute_firewall",
      "name": "block_inter_region",
      "provider": "provider[\"registry.terraform.io/hashicorp/google\"]",
      "instances": [
        {
          "schema_version": 1,
          "attributes": {
            "allow": [],
            "creation_timestamp": "2025-05-28T04:55:41.301-07:00",
            "deny": [
              {
                "ports": [],
                "protocol": "all"
              }
            ],
            "description": "",
            "destination_ranges": [
              "10.2.0.0/20"
            ],
            "direction": "INGRESS",
            "disabled": false,
            "enable_logging": null,
            "id": "projects/uporto-cd/global/firewalls/uporto-cd-block-inter-region-us-south1",
            "log_config": [],
            "name": "uporto-cd-block-inter-region-us-south1",
            "network": "https://www.googleapis.com/compute/v1/projects/uporto-cd/global/networks/uporto-cd-vpc-us-south1",
            "priority": 2000,
            "project": "uporto-cd",
            "self_link": "https://www.googleapis.com/compute/v1/projects/uporto-cd/global/firewalls/uporto-cd-block-inter-region-us-south1",
            "source_ranges": [
              "10.1.0.0/20",
              "10.3.0.0/20"
            ],
            "source_service_accounts": [],
            "source_tags": [],
            "target_service_accounts": [],
            "target_tags": [],
            "timeouts": null
          },
          "sensitive_attributes": [],
          "private": "eyJlMmJmYjczMC1lY2FhLTExZTYtOGY4OC0zNDM2M2JjN2M0YzAiOnsiY3JlYXRlIjoxMjAwMDAwMDAwMDAwLCJkZWxldGUiOjEyMDAwMDAwMDAwMDAsInVwZGF0ZSI6MTIwMDAwMDAwMDAwMH0sInNjaGVtYV92ZXJzaW9uIjoiMSJ9",
          "dependencies": [
            "module.network.google_compute_network.vpc",
            "module.network.google_compute_subnetwork.subnet"
          ]
        }
      ]
    },
    {
      "module": "module.network[\"us-south1\"]",
      "mode": "managed",
      "type": "google_compute_network",
      "name": "vpc",
      "provider": "provider[\"registry.terraform.io/hashicorp/google\"]",
      "instances": [
        {
          "schema_version": 0,
          "attributes": {
            "auto_create_subnetworks": false,
            "delete_default_routes_on_create": false,
            "description": "VPC network for uporto-cd in us-south1",
            "enable_ula_internal_ipv6": false,
            "gateway_ipv4": "",
            "id": "projects/uporto-cd/global/networks/uporto-cd-vpc-us-south1",
            "internal_ipv6_range": "",
            "mtu": 0,
            "name": "uporto-cd-vpc-us-south1",
            "network_firewall_policy_enforcement_order": "AFTER_CLASSIC_FIREWALL",
            "project": "uporto-cd",
            "routing_mode": "REGIONAL",
            "self_link": "https://www.googleapis.com/compute/v1/projects/uporto-cd/global/networks/uporto-cd-vpc-us-south1",
            "timeouts": null
          },
          "sensitive_attributes": [],
          "private": "eyJlMmJmYjczMC1lY2FhLTExZTYtOGY4OC0zNDM2M2JjN2M0YzAiOnsiY3JlYXRlIjoxMjAwMDAwMDAwMDAwLCJkZWxldGUiOjEyMDAwMDAwMDAwMDAsInVwZGF0ZSI6MTIwMDAwMDAwMDAwMH19"
        }
      ]
    },
    {
      "module": "module.network[\"us-south1\"]",
      "mode": "managed",
      "type": "google_compute_router",
      "name": "router",
      "provider": "provider[\"registry.terraform.io/hashicorp/google\"]",
      "instances": [
        {
          "schema_version": 0,
          "attributes": {
            "bgp": [],
            "creation_timestamp": "2025-05-28T04:55:18.282-07:00",
            "description": "",
            "encrypted_interconnect_router": false,
            "id": "projects/uporto-cd/regions/us-south1/routers/uporto-cd-router-us-south1",
            "name": "uporto-cd-router-us-south1",
            "network": "https://www.googleapis.com/compute/v1/projects/uporto-cd/global/networks/uporto-cd-vpc-us-south1",
            "project": "uporto-cd",
            "region": "us-south1",
            "self_link": "https://www.googleapis.com/compute/v1/projects/uporto-cd/regions/us-south1/routers/uporto-cd-router-us-south1",
            "timeouts": null
          },
          "sensitive_attributes": [],
          "private": "eyJlMmJmYjczMC1lY2FhLTExZTYtOGY4OC0zNDM2M2JjN2M0YzAiOnsiY3JlYXRlIjoxMjAwMDAwMDAwMDAwLCJkZWxldGUiOjEyMDAwMDAwMDAwMDAsInVwZGF0ZSI6MTIwMDAwMDAwMDAwMH19",
          "dependencies": [
            "module.network.google_compute_network.vpc"
          ]
        }
      ]
    },
    {
      "module": "module.network[\"us-south1\"]",
      "mode": "managed",
      "type": "google_compute_router_nat",
      "name": "nat",
      "provider": "provider[\"registry.terraform.io/hashicorp/google\"]",
      "instances": [
        {
          "schema_version": 0,
          "attributes": {
            "drain_nat_ips": [],
            "enable_dynamic_port_allocation": false,
            "enable_endpoint_independent_mapping": true,
            "icmp_idle_timeout_sec": 30,
            "id": "uporto-cd/us-south1/uporto-cd-router-us-south1/uporto-cd-nat-us-south1",
            "log_config": [
              {
                "enable": true,
                "filter": "ERRORS_ONLY"
              }
            ],
            "max_ports_per_vm": 0,
            "min_ports_per_vm": 0,
            "name": "uporto-cd-nat-us-south1",
            "nat_ip_allocate_option": "AUTO_ONLY",
            "nat_ips": [],
            "project": "uporto-cd",
            "region": "us-south1",
            "router": "uporto-cd-router-us-south1",
            "rules": [],
            "source_subnetwork_ip_ranges_to_nat": "ALL_SUBNETWORKS_ALL_IP_RANGES",
            "subnetwork": [],
            "tcp_established_idle_timeout_sec": 1200,
            "tcp_time_wait_timeout_sec": 120,
            "tcp_transitory_idle_timeout_sec": 30,
            "timeouts": null,
            "udp_idle_timeout_sec": 30
          },
          "sensitive_attributes": [],
          "private": "eyJlMmJmYjczMC1lY2FhLTExZTYtOGY4OC0zNDM2M2JjN2M0YzAiOnsiY3JlYXRlIjoxMjAwMDAwMDAwMDAwLCJkZWxldGUiOjEyMDAwMDAwMDAwMDAsInVwZGF0ZSI6MTIwMDAwMDAwMDAwMH19",
          "dependencies": [
            "module.network.google_compute_network.vpc",
            "module.network.google_compute_router.router"
          ]
        }
      ]
    },
    {
      "module": "module.network[\"us-south1\"]",
      "mode": "managed",
      "type": "google_compute_subnetwork",
      "name": "subnet",
      "provider": "provider[\"registry.terraform.io/hashicorp/google\"]",
      "instances": [
        {
          "schema_version": 0,
          "attributes": {
            "creation_timestamp": "2025-05-28T04:55:09.784-07:00",
            "description": "Subnet for uporto-cd in us-south1",
            "external_ipv6_prefix": "",
            "fingerprint": null,
            "gateway_address": "10.2.0.1",
            "id": "projects/uporto-cd/regions/us-south1/subnetworks/uporto-cd-subnet-us-south1",
            "internal_ipv6_prefix": "",
            "ip_cidr_range": "10.2.0.0/20",
            "ipv6_access_type": "",
            "ipv6_cidr_range": "",
            "log_config": [
              {
                "aggregation_interval": "INTERVAL_5_SEC",
                "filter_expr": "true",
                "flow_sampling": 0.5,
                "metadata": "INCLUDE_ALL_METADATA",
                "metadata_fields": []
              }
            ],
            "name": "uporto-cd-subnet-us-south1",
            "network": "https://www.googleapis.com/compute/v1/projects/uporto-cd/global/networks/uporto-cd-vpc-us-south1",
            "private_ip_google_access": true,
            "private_ipv6_google_access": "DISABLE_GOOGLE_ACCESS",
            "project": "uporto-cd",
            "purpose": "PRIVATE",
            "region": "us-south1",
            "role": "",
            "secondary_ip_range": [
              {
                "ip_cidr_range": "10.102.0.0/16",
                "range_name": "gke-uporto-cd-gke-us-south1-pods-db2261b9"
              },
              {
                "ip_cidr_range": "10.202.0.0/16",
                "range_name": "gke-uporto-cd-gke-us-south1-services-db2261b9"
              }
            ],
            "self_link": "https://www.googleapis.com/compute/v1/projects/uporto-cd/regions/us-south1/subnetworks/uporto-cd-subnet-us-south1",
            "stack_type": "IPV4_ONLY",
            "timeouts": null
          },
          "sensitive_attributes": [],
          "private": "eyJlMmJmYjczMC1lY2FhLTExZTYtOGY4OC0zNDM2M2JjN2M0YzAiOnsiY3JlYXRlIjoxMjAwMDAwMDAwMDAwLCJkZWxldGUiOjEyMDAwMDAwMDAwMDAsInVwZGF0ZSI6MTIwMDAwMDAwMDAwMH19",
          "dependencies": [
            "module.network.google_compute_network.vpc"
          ]
        }
      ]
    },
    {
      "module": "module.storage",
      "mode": "data",
      "type": "google_storage_project_service_account",
      "name": "default",
      "provider": "provider[\"registry.terraform.io/hashicorp/google\"]",
      "instances": [
        {
          "schema_version": 0,
          "attributes": {
            "email_address": "service-313506890289@gs-project-accounts.iam.gserviceaccount.com",
            "id": "service-313506890289@gs-project-accounts.iam.gserviceaccount.com",
            "member": "serviceAccount:service-313506890289@gs-project-accounts.iam.gserviceaccount.com",
            "project": "uporto-cd",
            "user_project": null
          },
          "sensitive_attributes": []
        }
      ]
    },
    {
      "module": "module.storage",
      "mode": "managed",
      "type": "google_project_iam_custom_role",
      "name": "content_sync",
      "provider": "provider[\"registry.terraform.io/hashicorp/google\"]",
      "instances": [
        {
          "schema_version": 0,
          "attributes": {
            "deleted": true,
            "description": "Custom role for content synchronization between buckets",
            "id": "projects/uporto-cd/roles/uporto_cd_content_sync",
            "name": "projects/uporto-cd/roles/uporto_cd_content_sync",
            "permissions": [
              "storage.buckets.get",
              "storage.buckets.list",
              "storage.objects.create",
              "storage.objects.delete",
              "storage.objects.get",
              "storage.objects.list"
            ],
            "project": "uporto-cd",
            "role_id": "uporto_cd_content_sync",
            "stage": "GA",
            "title": "Content Sync Role"
          },
          "sensitive_attributes": [],
          "private": "eyJzY2hlbWFfdmVyc2lvbiI6IjAifQ=="
        }
      ]
    },
    {
      "module": "module.storage",
      "mode": "managed",
      "type": "google_project_iam_member",
      "name": "admin_custom_role",
      "provider": "provider[\"registry.terraform.io/hashicorp/google\"]",
      "instances": [
        {
          "schema_version": 0,
          "attributes": {
            "condition": [],
            "etag": "BwY2MYc+hps=",
            "id": "uporto-cd/projects/uporto-cd/roles/uporto_cd_content_sync/serviceAccount:uporto-cd-content-admin@uporto-cd.iam.gserviceaccount.com",
            "member": "serviceAccount:uporto-cd-content-admin@uporto-cd.iam.gserviceaccount.com",
            "project": "uporto-cd",
            "role": "projects/uporto-cd/roles/uporto_cd_content_sync"
          },
          "sensitive_attributes": [],
          "private": "bnVsbA==",
          "dependencies": [
            "module.storage.google_project_iam_custom_role.content_sync",
            "module.storage.google_service_account.content_admin"
          ]
        }
      ]
    },
    {
      "module": "module.storage",
      "mode": "managed",
      "type": "google_project_iam_member",
      "name": "admin_storage_object_admin",
      "provider": "provider[\"registry.terraform.io/hashicorp/google\"]",
      "instances": [
        {
          "schema_version": 0,
          "attributes": {
            "condition": [],
            "etag": "BwY2MYc+hps=",
            "id": "uporto-cd/roles/storage.objectAdmin/serviceAccount:uporto-cd-content-admin@uporto-cd.iam.gserviceaccount.com",
            "member": "serviceAccount:uporto-cd-content-admin@uporto-cd.iam.gserviceaccount.com",
            "project": "uporto-cd",
            "role": "roles/storage.objectAdmin"
          },
          "sensitive_attributes": [],
          "private": "bnVsbA==",
          "dependencies": [
            "module.storage.google_service_account.content_admin"
          ]
        }
      ]
    },
    {
      "module": "module.storage",
      "mode": "managed",
      "type": "google_project_iam_member",
      "name": "reader_storage_object_viewer",
      "provider": "provider[\"registry.terraform.io/hashicorp/google\"]",
      "instances": [
        {
          "schema_version": 0,
          "attributes": {
            "condition": [],
            "etag": "BwY2MYc+hps=",
            "id": "uporto-cd/roles/storage.objectViewer/serviceAccount:uporto-cd-content-reader@uporto-cd.iam.gserviceaccount.com",
            "member": "serviceAccount:uporto-cd-content-reader@uporto-cd.iam.gserviceaccount.com",
            "project": "uporto-cd",
            "role": "roles/storage.objectViewer"
          },
          "sensitive_attributes": [],
          "private": "bnVsbA==",
          "dependencies": [
            "module.storage.google_service_account.content_reader"
          ]
        }
      ]
    },
    {
      "module": "module.storage",
      "mode": "managed",
      "type": "google_project_service",
      "name": "iam_api",
      "provider": "provider[\"registry.terraform.io/hashicorp/google\"]",
      "instances": [
        {
          "schema_version": 0,
          "attributes": {
            "disable_dependent_services": null,
            "disable_on_destroy": false,
            "id": "uporto-cd/iam.googleapis.com",
            "project": "uporto-cd",
            "service": "iam.googleapis.com",
            "timeouts": null
          },
          "sensitive_attributes": [],
          "private": "eyJlMmJmYjczMC1lY2FhLTExZTYtOGY4OC0zNDM2M2JjN2M0YzAiOnsiY3JlYXRlIjoxMjAwMDAwMDAwMDAwLCJkZWxldGUiOjEyMDAwMDAwMDAwMDAsInJlYWQiOjYwMDAwMDAwMDAwMCwidXBkYXRlIjoxMjAwMDAwMDAwMDAwfX0="
        }
      ]
    },
    {
      "module": "module.storage",
      "mode": "managed",
      "type": "google_project_service",
      "name": "storage_api",
      "provider": "provider[\"registry.terraform.io/hashicorp/google\"]",
      "instances": [
        {
          "schema_version": 0,
          "attributes": {
            "disable_dependent_services": null,
            "disable_on_destroy": false,
            "id": "uporto-cd/storage.googleapis.com",
            "project": "uporto-cd",
            "service": "storage.googleapis.com",
            "timeouts": null
          },
          "sensitive_attributes": [],
          "private": "eyJlMmJmYjczMC1lY2FhLTExZTYtOGY4OC0zNDM2M2JjN2M0YzAiOnsiY3JlYXRlIjoxMjAwMDAwMDAwMDAwLCJkZWxldGUiOjEyMDAwMDAwMDAwMDAsInJlYWQiOjYwMDAwMDAwMDAwMCwidXBkYXRlIjoxMjAwMDAwMDAwMDAwfX0="
        }
      ]
    },
    {
      "module": "module.storage",
      "mode": "managed",
      "type": "google_service_account",
      "name": "content_admin",
      "provider": "provider[\"registry.terraform.io/hashicorp/google\"]",
      "instances": [
        {
          "schema_version": 0,
          "attributes": {
            "account_id": "uporto-cd-content-admin",
            "description": "Service account for admin VM to upload and sync content",
            "disabled": false,
            "display_name": "Content Administration Service Account",
            "email": "uporto-cd-content-admin@uporto-cd.iam.gserviceaccount.com",
            "id": "projects/uporto-cd/serviceAccounts/uporto-cd-content-admin@uporto-cd.iam.gserviceaccount.com",
            "member": "serviceAccount:uporto-cd-content-admin@uporto-cd.iam.gserviceaccount.com",
            "name": "projects/uporto-cd/serviceAccounts/uporto-cd-content-admin@uporto-cd.iam.gserviceaccount.com",
            "project": "uporto-cd",
            "timeouts": {
              "create": null
            },
            "unique_id": "108305344317800086067"
          },
          "sensitive_attributes": [],
          "private": "eyJlMmJmYjczMC1lY2FhLTExZTYtOGY4OC0zNDM2M2JjN2M0YzAiOnsiY3JlYXRlIjozMDAwMDAwMDAwMDB9LCJzY2hlbWFfdmVyc2lvbiI6IjAifQ=="
        }
      ]
    },
    {
      "module": "module.storage",
      "mode": "managed",
      "type": "google_service_account",
      "name": "content_reader",
      "provider": "provider[\"registry.terraform.io/hashicorp/google\"]",
      "instances": [
        {
          "schema_version": 0,
          "attributes": {
            "account_id": "uporto-cd-content-reader",
            "description": "Service account for Kubernetes pods to read content from regional buckets",
            "disabled": false,
            "display_name": "Content Reader Service Account",
            "email": "uporto-cd-content-reader@uporto-cd.iam.gserviceaccount.com",
            "id": "projects/uporto-cd/serviceAccounts/uporto-cd-content-reader@uporto-cd.iam.gserviceaccount.com",
            "member": "serviceAccount:uporto-cd-content-reader@uporto-cd.iam.gserviceaccount.com",
            "name": "projects/uporto-cd/serviceAccounts/uporto-cd-content-reader@uporto-cd.iam.gserviceaccount.com",
            "project": "uporto-cd",
            "timeouts": null,
            "unique_id": "115061359385094117034"
          },
          "sensitive_attributes": [],
          "private": "eyJlMmJmYjczMC1lY2FhLTExZTYtOGY4OC0zNDM2M2JjN2M0YzAiOnsiY3JlYXRlIjozMDAwMDAwMDAwMDB9fQ=="
        }
      ]
    },
    {
      "module": "module.storage",
      "mode": "managed",
      "type": "google_service_account_iam_member",
      "name": "workload_identity_binding",
      "provider": "provider[\"registry.terraform.io/hashicorp/google\"]",
      "instances": [
        {
          "index_key": "asia-southeast1",
          "schema_version": 0,
          "attributes": {
            "condition": [],
            "etag": "BwY2MNnFY4g=",
            "id": "projects/uporto-cd/serviceAccounts/uporto-cd-content-reader@uporto-cd.iam.gserviceaccount.com/roles/iam.workloadIdentityUser/serviceAccount:uporto-cd.svc.id.goog[streaming/streaming-server-sa]",
            "member": "serviceAccount:uporto-cd.svc.id.goog[streaming/streaming-server-sa]",
            "role": "roles/iam.workloadIdentityUser",
            "service_account_id": "projects/uporto-cd/serviceAccounts/uporto-cd-content-reader@uporto-cd.iam.gserviceaccount.com"
          },
          "sensitive_attributes": [],
          "private": "bnVsbA==",
          "dependencies": [
            "module.storage.google_service_account.content_reader"
          ]
        },
        {
          "index_key": "europe-west2",
          "schema_version": 0,
          "attributes": {
            "condition": [],
            "etag": "BwY2MNnFY4g=",
            "id": "projects/uporto-cd/serviceAccounts/uporto-cd-content-reader@uporto-cd.iam.gserviceaccount.com/roles/iam.workloadIdentityUser/serviceAccount:uporto-cd.svc.id.goog[streaming/streaming-server-sa]",
            "member": "serviceAccount:uporto-cd.svc.id.goog[streaming/streaming-server-sa]",
            "role": "roles/iam.workloadIdentityUser",
            "service_account_id": "projects/uporto-cd/serviceAccounts/uporto-cd-content-reader@uporto-cd.iam.gserviceaccount.com"
          },
          "sensitive_attributes": [],
          "private": "bnVsbA==",
          "dependencies": [
            "module.storage.google_service_account.content_reader"
          ]
        },
        {
          "index_key": "us-south1",
          "schema_version": 0,
          "attributes": {
            "condition": [],
            "etag": "BwY2MNnFY4g=",
            "id": "projects/uporto-cd/serviceAccounts/uporto-cd-content-reader@uporto-cd.iam.gserviceaccount.com/roles/iam.workloadIdentityUser/serviceAccount:uporto-cd.svc.id.goog[streaming/streaming-server-sa]",
            "member": "serviceAccount:uporto-cd.svc.id.goog[streaming/streaming-server-sa]",
            "role": "roles/iam.workloadIdentityUser",
            "service_account_id": "projects/uporto-cd/serviceAccounts/uporto-cd-content-reader@uporto-cd.iam.gserviceaccount.com"
          },
          "sensitive_attributes": [],
          "private": "bnVsbA==",
          "dependencies": [
            "module.storage.google_service_account.content_reader"
          ]
        }
      ]
    },
    {
      "module": "module.storage",
      "mode": "managed",
      "type": "google_service_account_key",
      "name": "content_admin_key",
      "provider": "provider[\"registry.terraform.io/hashicorp/google\"]",
      "instances": [
        {
          "schema_version": 0,
          "attributes": {
            "id": "projects/uporto-cd/serviceAccounts/uporto-cd-content-admin@uporto-cd.iam.gserviceaccount.com/keys/b7d7d7bb31703d10163b8e02c385a1f11fbd6806",
            "keepers": null,
            "key_algorithm": "KEY_ALG_RSA_2048",
            "name": "projects/uporto-cd/serviceAccounts/uporto-cd-content-admin@uporto-cd.iam.gserviceaccount.com/keys/b7d7d7bb31703d10163b8e02c385a1f11fbd6806",
            "private_key": "ewogICJ0eXBlIjogInNlcnZpY2VfYWNjb3VudCIsCiAgInByb2plY3RfaWQiOiAidXBvcnRvLWNkIiwKICAicHJpdmF0ZV9rZXlfaWQiOiAiYjdkN2Q3YmIzMTcwM2QxMDE2M2I4ZTAyYzM4NWExZjExZmJkNjgwNiIsCiAgInByaXZhdGVfa2V5IjogIi0tLS0tQkVHSU4gUFJJVkFURSBLRVktLS0tLVxuTUlJRXZRSUJBREFOQmdrcWhraUc5dzBCQVFFRkFBU0NCS2N3Z2dTakFnRUFBb0lCQVFEVmdCUURydVNiSUpKM1xuMWdDUU9pYnhTYlFTQzhFWXc0T1BWWG0vUUpiMTZHeEZDZVhVMUpTb215RmZBRGJNQklnSHhmLzVDczl0TW0wN1xuZ1RhUWcrZzhlcVhsREFWdEpzeFArcldubnhXQWw0MnhQWktQNnlmOFRVTWVkbU1iOE9DcmJiYlpKa1k4alJleVxuSmc4MElrMEREMW8yRWhwTEYreDdLSUJtVmxkaExzYmlsRDlHNThBK0hjMWErZk1qVzVuczFKMjB1cSt5Mm1ZaVxuT3Rnb2hlVmdJaGtUNVVIbHg2NDZKZVIzRXFTL0RNTThrQ2R5U2d3c00xSGNzL05salRYczRnOFJycTBLd0hKNVxuMFFZdEZ4UVJvRHNCQ3FjMkNHdkhTYnYwdEFNTksvak96SW12dEVscHVJdFlGcTBMK3I2d2N1K3FHZ2c5MVUrdlxuVkVWdjNWL2RBZ01CQUFFQ2dnRUFBaEZUMVFBZmptM0NjaFp1UWNvbTI4K2JScnBvRDhEN2syNkFJdjhaQmoyWlxuNUhzb3BadWRydGF5dUdSMjJCbk45UnIyWTFLMjVBaHVoVGJHanZwVVRDb2V2aUNNdkc3eHdtOWJ2aFNyQzVXS1xuU0hkalhqaS9Db0lrbENZZnVUOFVqZktXNUlPNXlxWDdLa3hKZWFTYTdkeUtNN1g1YUNnUlpMY0RsWEtkRnpSdFxuUzYvMGdiNWs3NGQreWl0Zzkyb08wT2I4NXhEQURJUmJ2VVpPaU9yNmdaWlF6bEdPeEdpZzR6MzhBdFFhV2NtalxuTHlCSGtxZkE2SG5EOWtYalROejA3NG1lNWVDZFRMWUp0SS9nSzIxQWJPUUhyNWRiWlpjSUhpNUVhU2hHakIrdVxucUZOdS9VZEw1ZEl1c0JJVzZwZHBIRDJIVVQyei8yMUxWN01mRVlQWXFRS0JnUUQwNkt4TUVRaDYyd1dQdVIxeFxubzkybXNzaitBNllMbkdsaHVDRi9mclpheW41MXNVSUk1a0xtS0FGZFhsK3pLbGo5czlIK0dWUmFzVVBuUC92UlxuNVJCRUJScGJ4cmk5dVBvRWNDNW52dFVFVFQ2MTJxZXFmeGxYOUhKVk9Ma1lzeWphN1FMUWVENUlLWXJkbVFUZlxuZTFqQXdpTzhpNW9nS3Fkbk9hb0ZvR1hNVndLQmdRRGZLMFhmY3lYanF3d0RFZmZtMGFUbzMrdGpYQXVtZUppdFxubFl1N3hRM2pMMjRBZzRSZVR2VnVHNTBGOEMxUnp4SjQ0SUhDUFA5MFhZZEdKMjdBMzIzdndxK2I5WnBDTkVwUlxucURKaTFCVzA3Mnpwd2RmN3R6eE52MGRLVGtmUGtnSE9IT3hPbDByVEFtbHp0TXFQWGNhQjVEcXdkYnNOb0s0WVxuamRJSkxLd1U2d0tCZ1FESVlScWZ2Z3YzSVA2QzRrM0I3ZlhyYnpwZUFyUTNxY2piS0NGWVJGK0ZGMHF5bHM1VlxubzdnMndhS2tOeFFMN21rVFlxNDh2WkswQlhkdVhINTM5SGdEZnoxYXU5UHBmdEFwRTNRVWRDR3J2RnZEeE53TFxuOXFQUXYvTlA0UElvMEdWc0FpR2NXZFZ6aTNIUDcyUDZTZHlMRWd6Vk5rOXJaQnJGclh0NzBRbVpUd0tCZ0JrRFxuenJjM1B2NEFCRDZyMnUvQ2ZBdW1YY29yWFJyeDFadFBjZlJBS0VoWTNxbXNGRUJGOVhpOEc2TzR3anV6VEV6RVxuVFljcU16QWw4NjNIYWNDd3lxL2ZVTFBZbWN2bDlKYW1sYzlDR3BUSGFadmlJSVdVaW12a2p1Y2pVeVZQSm1pbVxuRVU3VjRvczRiLzJLUEZKSm5xQ2NwbjkxRXR4Nk1FbU1UQWkvT3lLMUFvR0FRSmp0VWx5MGoyWDRwZ20rWHV4ZFxuOGlYRkZYMTZCeFIwSURCN1hEWVlueWh3a0QvaFhxUlRLSXFZb1g4U2N0cWNBSHVhSCtVdEFFNlV3MmFUbDlKQlxuR3lzZEwrTm9lbTZGMThrcDY0M3VBanBsc3BDT21vakFnMTBtQkxPSThFSVFzZVZpRUhqTUthVk02Rk5tU2VrdVxueGZUR1BJZnBISEJZM1RTSDZIeGs4cWM9XG4tLS0tLUVORCBQUklWQVRFIEtFWS0tLS0tXG4iLAogICJjbGllbnRfZW1haWwiOiAidXBvcnRvLWNkLWNvbnRlbnQtYWRtaW5AdXBvcnRvLWNkLmlhbS5nc2VydmljZWFjY291bnQuY29tIiwKICAiY2xpZW50X2lkIjogIjEwODMwNTM0NDMxNzgwMDA4NjA2NyIsCiAgImF1dGhfdXJpIjogImh0dHBzOi8vYWNjb3VudHMuZ29vZ2xlLmNvbS9vL29hdXRoMi9hdXRoIiwKICAidG9rZW5fdXJpIjogImh0dHBzOi8vb2F1dGgyLmdvb2dsZWFwaXMuY29tL3Rva2VuIiwKICAiYXV0aF9wcm92aWRlcl94NTA5X2NlcnRfdXJsIjogImh0dHBzOi8vd3d3Lmdvb2dsZWFwaXMuY29tL29hdXRoMi92MS9jZXJ0cyIsCiAgImNsaWVudF94NTA5X2NlcnRfdXJsIjogImh0dHBzOi8vd3d3Lmdvb2dsZWFwaXMuY29tL3JvYm90L3YxL21ldGFkYXRhL3g1MDkvdXBvcnRvLWNkLWNvbnRlbnQtYWRtaW4lNDB1cG9ydG8tY2QuaWFtLmdzZXJ2aWNlYWNjb3VudC5jb20iLAogICJ1bml2ZXJzZV9kb21haW4iOiAiZ29vZ2xlYXBpcy5jb20iCn0K",
            "private_key_type": "TYPE_GOOGLE_CREDENTIALS_FILE",
            "public_key": "LS0tLS1CRUdJTiBDRVJUSUZJQ0FURS0tLS0tCk1JSUMvVENDQWVXZ0F3SUJBZ0lKQU9BMUIvRWZGTUplTUEwR0NTcUdTSWIzRFFFQkJRVUFNQ0F4SGpBY0JnTlYKQkFNTUZURXdPRE13TlRNME5ETXhOemd3TURBNE5qQTJOekFnRncweU5UQTFNamd4TWpReE1EaGFHQTg1T1RrNQpNVEl6TVRJek5UazFPVm93SURFZU1Cd0dBMVVFQXd3Vk1UQTRNekExTXpRME16RTNPREF3TURnMk1EWTNNSUlCCklqQU5CZ2txaGtpRzl3MEJBUUVGQUFPQ0FROEFNSUlCQ2dLQ0FRRUExWUFVQTY3a215Q1NkOVlBa0RvbThVbTAKRWd2QkdNT0RqMVY1djBDVzllaHNSUW5sMU5TVXFKc2hYd0EyekFTSUI4WC8rUXJQYlRKdE80RTJrSVBvUEhxbAo1UXdGYlNiTVQvcTFwNThWZ0plTnNUMlNqK3NuL0UxREhuWmpHL0RncTIyMjJTWkdQSTBYc2lZUE5DSk5BdzlhCk5oSWFTeGZzZXlpQVpsWlhZUzdHNHBRL1J1ZkFQaDNOV3ZuekkxdVo3TlNkdExxdnN0cG1JanJZS0lYbFlDSVoKRStWQjVjZXVPaVhrZHhLa3Z3ekRQSkFuY2tvTUxETlIzTFB6WlkwMTdPSVBFYTZ0Q3NCeWVkRUdMUmNVRWFBNwpBUXFuTmdocngwbTc5TFFERFN2NHpzeUpyN1JKYWJpTFdCYXRDL3Erc0hMdnFob0lQZFZQcjFSRmI5MWYzUUlECkFRQUJvemd3TmpBTUJnTlZIUk1CQWY4RUFqQUFNQTRHQTFVZER3RUIvd1FFQXdJSGdEQVdCZ05WSFNVQkFmOEUKRERBS0JnZ3JCZ0VGQlFjREFqQU5CZ2txaGtpRzl3MEJBUVVGQUFPQ0FRRUFmWXdpSFFXVmtTdU94M2dZbHlxOApWV2hIa3hvMDFaZDkyNHpHYllvNU42WEw2b200Z1BFU3N1TXQzOGJNSEhwcWhkRVE0K21HMzU2MTgyRXROQ3ZmCkxtd2xSVHlZMC9xa3BmRnVwUXdDdzFTM2l5WjJZNTdqSlBFb0Q0NTZSYldxK2ZmcVcyc0s3ViswSjZJVFZMcFYKQXRlVUJMVm1jUDdsMmI1N3hjTG9DTitSMXNwUHNlbmVSOFFYOTZCOURBVTZQMHY5WU1BSmNZcEpIdG1zMnNCQgp4STY5YURoZTViMHBqY0RKbDdyTFhkcitBenFNdzUybVRmM1BhbXQ5UXBnZXdONk8yYVJsSE9Xa0xmYnREWFplClBMdG5IL0N3N0NJdEJ2K1JYaFJ6ZmFvUFZBblE2M3ZKMTJITGFVTTlKRlllSWJZQTZBT1JjWlV1NFp0OTRrdEwKZFE9PQotLS0tLUVORCBDRVJUSUZJQ0FURS0tLS0tCg==",
            "public_key_data": null,
            "public_key_type": "TYPE_X509_PEM_FILE",
            "service_account_id": "projects/uporto-cd/serviceAccounts/uporto-cd-content-admin@uporto-cd.iam.gserviceaccount.com",
            "valid_after": "2025-05-28T12:41:08Z",
            "valid_before": "9999-12-31T23:59:59Z"
          },
          "sensitive_attributes": [
            [
              {
                "type": "get_attr",
                "value": "private_key"
              }
            ]
          ],
          "private": "bnVsbA==",
          "dependencies": [
            "module.storage.google_service_account.content_admin"
          ]
        }
      ]
    },
    {
      "module": "module.storage",
      "mode": "managed",
      "type": "google_service_account_key",
      "name": "content_reader_key",
      "provider": "provider[\"registry.terraform.io/hashicorp/google\"]",
      "instances": [
        {
          "schema_version": 0,
          "attributes": {
            "id": "projects/uporto-cd/serviceAccounts/uporto-cd-content-reader@uporto-cd.iam.gserviceaccount.com/keys/e1f33740de70088d255506fbbfcffa67e02d5a15",
            "keepers": null,
            "key_algorithm": "KEY_ALG_RSA_2048",
            "name": "projects/uporto-cd/serviceAccounts/uporto-cd-content-reader@uporto-cd.iam.gserviceaccount.com/keys/e1f33740de70088d255506fbbfcffa67e02d5a15",
            "private_key": "ewogICJ0eXBlIjogInNlcnZpY2VfYWNjb3VudCIsCiAgInByb2plY3RfaWQiOiAidXBvcnRvLWNkIiwKICAicHJpdmF0ZV9rZXlfaWQiOiAiZTFmMzM3NDBkZTcwMDg4ZDI1NTUwNmZiYmZjZmZhNjdlMDJkNWExNSIsCiAgInByaXZhdGVfa2V5IjogIi0tLS0tQkVHSU4gUFJJVkFURSBLRVktLS0tLVxuTUlJRXZBSUJBREFOQmdrcWhraUc5dzBCQVFFRkFBU0NCS1l3Z2dTaUFnRUFBb0lCQVFDTFdyZ3Z5bC9BWUorVlxuL1BVTlNNYXVtaDBpR2xXZFRJTWh1K0prcmJnSDlHdlprbVg2cEtRbHoyaEg5QUJobzhBWVh4bzJxODhSOEwzblxuVmVjQkczdWZweUZ0a3E1bHZpWjc3WFp6Q0g4MFBHd0FEa1BneXZ2MktMVklDeGNIR0RaVCtidS9IaHRpVXpjWlxucUlJcWR6RmV6Mit1MWVCSks3Y3RCZ3VhenI3V21GV3lBb0dNVHBkZGtPaFlZNnVZZmJyL3Y3RUNEQWh2UElaT1xucng2dkRHNUd2OUp0Q3RxZVF5VjZ1SnYyNDV0OUQyKy93OWFnY3VRd0c2VGJIM3BmM1QwK3NHRk1QQmJSM3V4TFxuL1c1YTlzelRvNkdtZTdaMXhETEY2bWdqVUtBR09qQVF1SUFNdWVmMnVJcHZnbzlXODRyUmREcHcwTGVvL3hWU1xudHpxQzRvbWhBZ01CQUFFQ2dnRUFBWWNlWURJRGpLMzc4cjZjbk4yTFBhSXltOForQ09DOGxoUXlieENuRXY1dVxuano1bnM5R1IrSG1XTjZsNThhVTZnK3haZGhoL0Y5QThCenBXQnY3NlpYdCtvSWhZcExrZlJ4aU1keUg4cWdLQ1xucHhNS3owUDE3NFp4bWd5bklMK0FsNyszUnkzbU1ZWUg3dTBPU0JNUFl0Y3R1bFVJVDVpL3hCWStEMXFrWjFjM1xuSmgvVDh1aG56bEU2YjJtcVhSZ2ppUG5Tam5POWlxSEs1VUF4b01RYU1RSmNzWTE5WHZsVXcrMnY1S0lrcEoxaFxuOERGalFzV3FKRWR4Wi9ITTVSUklIUWtIby9PN0dLU3JHdkxLQVdZcDlHQmxYdDBIMU5DcDVybytBU1pMbzB3N1xuMlVXM3NBeW01TENmWm90TktZN3ZKem9wNHdzOFE0bXRTTFpvVUNRd0NRS0JnUURET3JnZVlZQnkxaEI3cldzTFxuSlRaVDJIaUlsVTY5QlpmRFNxcXJVVUtaR080dTI3ZS82eE1Hb29RQzVTME5IaklZdWl6ZS96aHAvbmZzK3Q0b1xuOUdERXg2aGdIcnV5U1JNQkhFQVZtSjNCRTlHNXNOTElkcVI1RjRHVzNqaU5uOVRrUUV2Y3loYmU2U1ZYZ2xicFxuOFdxSkl5bitVNVNJZVNzejE1aUpxZElwS3dLQmdRQzJ1M3A0UTZmcnBocG5OcjlzKzdiLzJod0F6bFNqZFNMUlxuM1MreVRFNjFRODJZNUJvR1BEcVN2MjdJWG9OVFJFbjNrOHhlUFZhTG9HYjhvVXo4bWZnM3dPNzg1a2pXOW1ZZ1xua05XeEJCQjdxM2Y1Skl3a2JWZldWQlJjdTR6TkU4TjEwREg1Ti8zV1JoMVZydDd3R0I4Z1ZtUnc0K0ltOXBySVxuUmgxdUc2cmFZd0tCZ0V6eXpQVTBpdk00U21EazltYjdNTkdWWmRTM3ZNUWwreTQvTk11M2lKOWRReXYyOEJMVlxuN2JiVXdXRit3T1lGdThzaFBtUmFoZnJKRUsyNEoyNU8vQUV6akxydUFoOEFURnhJclQyVjNML29OdWFRdWxQR1xuNTRiTzdBWHg2cXB2ai9LeklQT1NON2QrZjNoaGFDNW5PQTE3YmFiUGZLRFoyVnhpb3IzSDBJem5Bb0dBWXNEclxuTFBlVFZuME1JOStva0dOd3dOREU5WUtNcDFIMG9XcGlEbi9Dd1orRkN5MnJDdGVkNkJUZzhCUno4Sm9sUjFGdVxuenpkakFFNk5tZFlxWHhGdTNlSzh4WnhHblRYSWQ2ME9iMzM4MG5rV2UyVFBBQmkvc2FyNjNpclZxemNWR1NTTVxuL1Z6UEorLzRob2ZkSC9CSlVoYWViWXdhZW1nbnVqaDZTemxVbW5VQ2dZQUh4V3EzK2xkVVcxNVlHdy9BYlBXOVxubnBCOTFIK1c1S3ZrNTdRQVRIamI1RG1hUEpuWS9abkxqMm5TQ282RjJRR1EweXZ1cmJlQXVhV3BJMGpWbHluTFxuMHpnWnloUFMrenp4M3FEeHd3Q1JRNyszZG9UQXR5UmpnR0VZUjBaZitpMEdqT0hLSGVvbTV1QVo5UVlrWm5USFxubEY4Y1RrSkpVOVhPdi83SWt1NHV0QT09XG4tLS0tLUVORCBQUklWQVRFIEtFWS0tLS0tXG4iLAogICJjbGllbnRfZW1haWwiOiAidXBvcnRvLWNkLWNvbnRlbnQtcmVhZGVyQHVwb3J0by1jZC5pYW0uZ3NlcnZpY2VhY2NvdW50LmNvbSIsCiAgImNsaWVudF9pZCI6ICIxMTUwNjEzNTkzODUwOTQxMTcwMzQiLAogICJhdXRoX3VyaSI6ICJodHRwczovL2FjY291bnRzLmdvb2dsZS5jb20vby9vYXV0aDIvYXV0aCIsCiAgInRva2VuX3VyaSI6ICJodHRwczovL29hdXRoMi5nb29nbGVhcGlzLmNvbS90b2tlbiIsCiAgImF1dGhfcHJvdmlkZXJfeDUwOV9jZXJ0X3VybCI6ICJodHRwczovL3d3dy5nb29nbGVhcGlzLmNvbS9vYXV0aDIvdjEvY2VydHMiLAogICJjbGllbnRfeDUwOV9jZXJ0X3VybCI6ICJodHRwczovL3d3dy5nb29nbGVhcGlzLmNvbS9yb2JvdC92MS9tZXRhZGF0YS94NTA5L3Vwb3J0by1jZC1jb250ZW50LXJlYWRlciU0MHVwb3J0by1jZC5pYW0uZ3NlcnZpY2VhY2NvdW50LmNvbSIsCiAgInVuaXZlcnNlX2RvbWFpbiI6ICJnb29nbGVhcGlzLmNvbSIKfQo=",
            "private_key_type": "TYPE_GOOGLE_CREDENTIALS_FILE",
            "public_key": "LS0tLS1CRUdJTiBDRVJUSUZJQ0FURS0tLS0tCk1JSUMvVENDQWVXZ0F3SUJBZ0lKQUs0YnZtbGtKNjg0TUEwR0NTcUdTSWIzRFFFQkJRVUFNQ0F4SGpBY0JnTlYKQkFNTUZURXhOVEEyTVRNMU9UTTROVEE1TkRFeE56QXpOREFnRncweU5UQTFNamd4TVRVME5EZGFHQTg1T1RrNQpNVEl6TVRJek5UazFPVm93SURFZU1Cd0dBMVVFQXd3Vk1URTFNRFl4TXpVNU16ZzFNRGswTVRFM01ETTBNSUlCCklqQU5CZ2txaGtpRzl3MEJBUUVGQUFPQ0FROEFNSUlCQ2dLQ0FRRUFpMXE0TDhwZndHQ2ZsZnoxRFVqR3Jwb2QKSWhwVm5VeURJYnZpWksyNEIvUnIyWkpsK3FTa0pjOW9SL1FBWWFQQUdGOGFOcXZQRWZDOTUxWG5BUnQ3bjZjaApiWkt1WmI0bWUrMTJjd2gvTkR4c0FBNUQ0TXI3OWlpMVNBc1hCeGcyVS9tN3Z4NGJZbE0zR2FpQ0tuY3hYczl2CnJ0WGdTU3UzTFFZTG1zNisxcGhWc2dLQmpFNlhYWkRvV0dPcm1IMjYvNyt4QWd3SWJ6eUdUcThlcnd4dVJyL1MKYlFyYW5rTWxlcmliOXVPYmZROXZ2OFBXb0hMa01CdWsyeDk2WDkwOVByQmhURHdXMGQ3c1MvMXVXdmJNMDZPaApwbnUyZGNReXhlcG9JMUNnQmpvd0VMaUFETG5uOXJpS2I0S1BWdk9LMFhRNmNOQzNxUDhWVXJjNmd1S0pvUUlECkFRQUJvemd3TmpBTUJnTlZIUk1CQWY4RUFqQUFNQTRHQTFVZER3RUIvd1FFQXdJSGdEQVdCZ05WSFNVQkFmOEUKRERBS0JnZ3JCZ0VGQlFjREFqQU5CZ2txaGtpRzl3MEJBUVVGQUFPQ0FRRUFmYWFveWYzTzUydk5ramh1RkhQZQpTMGQ3UVAyYmg4ME1RUWYyN1g2VEhxT1JKayt0dUFUOWwxM3MxV0k4b3BBclRNT2dtOGxTajhwaVRwQWZVSHhVCkV5NnVVZDdkR3BSOThlQ3E0WURaVzZacFNDNDUyeHAvZ3FVcXpnTk94NWlYcnNoM1UrUU5OMEsyandRd1BrMWUKNTBOdHdjLzVwVmNIMnlKMkd5M2txU2NySEd2Mk9KNHVtYkNLV0twNllxcjkxcGhuUmkweVpXbmRHZDdtM0Q4ZQoxbjh3T2xzRnAyNDRNcXZya0tCMCtENEtMaFhhaXB0aVVZYkpOOW5kNTJIKzF1d1VGOGpGdjgyY29OZHEwVEI1CnJCcVVqUS9kdnV2bE9zak1ZSEdvWGY2VS93ZHpDYzFMMEJ5UmtROWljbHJ2UGVDbENDM1BGaFZCWTVRcHJDYmMKTHc9PQotLS0tLUVORCBDRVJUSUZJQ0FURS0tLS0tCg==",
            "public_key_data": null,
            "public_key_type": "TYPE_X509_PEM_FILE",
            "service_account_id": "projects/uporto-cd/serviceAccounts/uporto-cd-content-reader@uporto-cd.iam.gserviceaccount.com",
            "valid_after": "2025-05-28T11:54:47Z",
            "valid_before": "9999-12-31T23:59:59Z"
          },
          "sensitive_attributes": [
            [
              {
                "type": "get_attr",
                "value": "private_key"
              }
            ]
          ],
          "private": "bnVsbA==",
          "dependencies": [
            "module.storage.google_service_account.content_reader"
          ]
        }
      ]
    },
    {
      "module": "module.storage",
      "mode": "managed",
      "type": "google_storage_bucket",
      "name": "master",
      "provider": "provider[\"registry.terraform.io/hashicorp/google\"]",
      "instances": [
        {
          "schema_version": 0,
          "attributes": {
            "autoclass": [],
            "cors": [
              {
                "max_age_seconds": 3600,
                "method": [
                  "GET",
                  "HEAD",
                  "OPTIONS"
                ],
                "origin": [
                  "*"
                ],
                "response_header": [
                  "*"
                ]
              }
            ],
            "custom_placement_config": [],
            "default_event_based_hold": false,
            "encryption": [],
            "force_destroy": false,
            "id": "uporto-cd-content-master",
            "labels": {
              "environment": "production",
              "managed-by": "terraform",
              "purpose": "content-master"
            },
            "lifecycle_rule": [],
            "location": "EU",
            "logging": [],
            "name": "uporto-cd-content-master",
            "project": "uporto-cd",
            "public_access_prevention": "inherited",
            "requester_pays": false,
            "retention_policy": [],
            "self_link": "https://www.googleapis.com/storage/v1/b/uporto-cd-content-master",
            "soft_delete_policy": [
              {
                "effective_time": "2025-05-28T11:54:34.156Z",
                "retention_duration_seconds": 604800
              }
            ],
            "storage_class": "STANDARD",
            "timeouts": null,
            "uniform_bucket_level_access": true,
            "url": "gs://uporto-cd-content-master",
            "versioning": [
              {
                "enabled": false
              }
            ],
            "website": []
          },
          "sensitive_attributes": [],
          "private": "eyJlMmJmYjczMC1lY2FhLTExZTYtOGY4OC0zNDM2M2JjN2M0YzAiOnsiY3JlYXRlIjo2MDAwMDAwMDAwMDAsInJlYWQiOjI0MDAwMDAwMDAwMCwidXBkYXRlIjoyNDAwMDAwMDAwMDB9fQ==",
          "dependencies": [
            "module.storage.google_project_service.storage_api"
          ]
        }
      ]
    },
    {
      "module": "module.storage",
      "mode": "managed",
      "type": "google_storage_bucket",
      "name": "regional_cache",
      "provider": "provider[\"registry.terraform.io/hashicorp/google\"]",
      "instances": [
        {
          "index_key": "asia-southeast1",
          "schema_version": 0,
          "attributes": {
            "autoclass": [],
            "cors": [
              {
                "max_age_seconds": 3600,
                "method": [
                  "GET",
                  "HEAD",
                  "OPTIONS"
                ],
                "origin": [
                  "*"
                ],
                "response_header": [
                  "*"
                ]
              }
            ],
            "custom_placement_config": [],
            "default_event_based_hold": false,
            "encryption": [],
            "force_destroy": false,
            "id": "uporto-cd-content-asia-southeast1",
            "labels": {
              "environment": "production",
              "managed-by": "terraform",
              "purpose": "content-cache",
              "region": "asia-southeast1"
            },
            "lifecycle_rule": [],
            "location": "ASIA-SOUTHEAST1",
            "logging": [],
            "name": "uporto-cd-content-asia-southeast1",
            "project": "uporto-cd",
            "public_access_prevention": "inherited",
            "requester_pays": false,
            "retention_policy": [],
            "self_link": "https://www.googleapis.com/storage/v1/b/uporto-cd-content-asia-southeast1",
            "soft_delete_policy": [
              {
                "effective_time": "2025-05-28T11:54:48.111Z",
                "retention_duration_seconds": 604800
              }
            ],
            "storage_class": "STANDARD",
            "timeouts": null,
            "uniform_bucket_level_access": true,
            "url": "gs://uporto-cd-content-asia-southeast1",
            "versioning": [
              {
                "enabled": false
              }
            ],
            "website": []
          },
          "sensitive_attributes": [],
          "private": "eyJlMmJmYjczMC1lY2FhLTExZTYtOGY4OC0zNDM2M2JjN2M0YzAiOnsiY3JlYXRlIjo2MDAwMDAwMDAwMDAsInJlYWQiOjI0MDAwMDAwMDAwMCwidXBkYXRlIjoyNDAwMDAwMDAwMDB9fQ==",
          "dependencies": [
            "module.storage.google_project_service.storage_api"
          ]
        },
        {
          "index_key": "europe-west2",
          "schema_version": 0,
          "attributes": {
            "autoclass": [],
            "cors": [
              {
                "max_age_seconds": 3600,
                "method": [
                  "GET",
                  "HEAD",
                  "OPTIONS"
                ],
                "origin": [
                  "*"
                ],
                "response_header": [
                  "*"
                ]
              }
            ],
            "custom_placement_config": [],
            "default_event_based_hold": false,
            "encryption": [],
            "force_destroy": false,
            "id": "uporto-cd-content-europe-west2",
            "labels": {
              "environment": "production",
              "managed-by": "terraform",
              "purpose": "content-cache",
              "region": "europe-west2"
            },
            "lifecycle_rule": [],
            "location": "EUROPE-WEST2",
            "logging": [],
            "name": "uporto-cd-content-europe-west2",
            "project": "uporto-cd",
            "public_access_prevention": "inherited",
            "requester_pays": false,
            "retention_policy": [],
            "self_link": "https://www.googleapis.com/storage/v1/b/uporto-cd-content-europe-west2",
            "soft_delete_policy": [
              {
                "effective_time": "2025-05-28T11:54:46.785Z",
                "retention_duration_seconds": 604800
              }
            ],
            "storage_class": "STANDARD",
            "timeouts": null,
            "uniform_bucket_level_access": true,
            "url": "gs://uporto-cd-content-europe-west2",
            "versioning": [
              {
                "enabled": false
              }
            ],
            "website": []
          },
          "sensitive_attributes": [],
          "private": "eyJlMmJmYjczMC1lY2FhLTExZTYtOGY4OC0zNDM2M2JjN2M0YzAiOnsiY3JlYXRlIjo2MDAwMDAwMDAwMDAsInJlYWQiOjI0MDAwMDAwMDAwMCwidXBkYXRlIjoyNDAwMDAwMDAwMDB9fQ==",
          "dependencies": [
            "module.storage.google_project_service.storage_api"
          ]
        },
        {
          "index_key": "us-south1",
          "schema_version": 0,
          "attributes": {
            "autoclass": [],
            "cors": [
              {
                "max_age_seconds": 3600,
                "method": [
                  "GET",
                  "HEAD",
                  "OPTIONS"
                ],
                "origin": [
                  "*"
                ],
                "response_header": [
                  "*"
                ]
              }
            ],
            "custom_placement_config": [],
            "default_event_based_hold": false,
            "encryption": [],
            "force_destroy": false,
            "id": "uporto-cd-content-us-south1",
            "labels": {
              "environment": "production",
              "managed-by": "terraform",
              "purpose": "content-cache",
              "region": "us-south1"
            },
            "lifecycle_rule": [],
            "location": "US-SOUTH1",
            "logging": [],
            "name": "uporto-cd-content-us-south1",
            "project": "uporto-cd",
            "public_access_prevention": "inherited",
            "requester_pays": false,
            "retention_policy": [],
            "self_link": "https://www.googleapis.com/storage/v1/b/uporto-cd-content-us-south1",
            "soft_delete_policy": [
              {
                "effective_time": "2025-05-28T11:54:48.219Z",
                "retention_duration_seconds": 604800
              }
            ],
            "storage_class": "STANDARD",
            "timeouts": null,
            "uniform_bucket_level_access": true,
            "url": "gs://uporto-cd-content-us-south1",
            "versioning": [
              {
                "enabled": false
              }
            ],
            "website": []
          },
          "sensitive_attributes": [],
          "private": "eyJlMmJmYjczMC1lY2FhLTExZTYtOGY4OC0zNDM2M2JjN2M0YzAiOnsiY3JlYXRlIjo2MDAwMDAwMDAwMDAsInJlYWQiOjI0MDAwMDAwMDAwMCwidXBkYXRlIjoyNDAwMDAwMDAwMDB9fQ==",
          "dependencies": [
            "module.storage.google_project_service.storage_api"
          ]
        }
      ]
    },
    {
      "module": "module.storage",
      "mode": "managed",
      "type": "google_storage_bucket_iam_member",
      "name": "admin_master_bucket",
      "provider": "provider[\"registry.terraform.io/hashicorp/google\"]",
      "instances": [
        {
          "schema_version": 0,
          "attributes": {
            "bucket": "b/uporto-cd-content-master",
            "condition": [],
            "etag": "CAI=",
            "id": "b/uporto-cd-content-master/roles/storage.admin/serviceAccount:uporto-cd-content-admin@uporto-cd.iam.gserviceaccount.com",
            "member": "serviceAccount:uporto-cd-content-admin@uporto-cd.iam.gserviceaccount.com",
            "role": "roles/storage.admin"
          },
          "sensitive_attributes": [],
          "private": "bnVsbA==",
          "dependencies": [
            "module.storage.google_project_service.storage_api",
            "module.storage.google_service_account.content_admin",
            "module.storage.google_storage_bucket.master"
          ]
        }
      ]
    },
    {
      "module": "module.storage",
      "mode": "managed",
      "type": "google_storage_bucket_iam_member",
      "name": "admin_regional_buckets",
      "provider": "provider[\"registry.terraform.io/hashicorp/google\"]",
      "instances": [
        {
          "index_key": "asia-southeast1",
          "schema_version": 0,
          "attributes": {
            "bucket": "b/uporto-cd-content-asia-southeast1",
            "condition": [],
            "etag": "CAM=",
            "id": "b/uporto-cd-content-asia-southeast1/roles/storage.admin/serviceAccount:uporto-cd-content-admin@uporto-cd.iam.gserviceaccount.com",
            "member": "serviceAccount:uporto-cd-content-admin@uporto-cd.iam.gserviceaccount.com",
            "role": "roles/storage.admin"
          },
          "sensitive_attributes": [],
          "private": "bnVsbA==",
          "dependencies": [
            "module.storage.google_project_service.storage_api",
            "module.storage.google_service_account.content_admin",
            "module.storage.google_storage_bucket.regional_cache"
          ]
        },
        {
          "index_key": "europe-west2",
          "schema_version": 0,
          "attributes": {
            "bucket": "b/uporto-cd-content-europe-west2",
            "condition": [],
            "etag": "CAM=",
            "id": "b/uporto-cd-content-europe-west2/roles/storage.admin/serviceAccount:uporto-cd-content-admin@uporto-cd.iam.gserviceaccount.com",
            "member": "serviceAccount:uporto-cd-content-admin@uporto-cd.iam.gserviceaccount.com",
            "role": "roles/storage.admin"
          },
          "sensitive_attributes": [],
          "private": "bnVsbA==",
          "dependencies": [
            "module.storage.google_project_service.storage_api",
            "module.storage.google_service_account.content_admin",
            "module.storage.google_storage_bucket.regional_cache"
          ]
        },
        {
          "index_key": "us-south1",
          "schema_version": 0,
          "attributes": {
            "bucket": "b/uporto-cd-content-us-south1",
            "condition": [],
            "etag": "CAM=",
            "id": "b/uporto-cd-content-us-south1/roles/storage.admin/serviceAccount:uporto-cd-content-admin@uporto-cd.iam.gserviceaccount.com",
            "member": "serviceAccount:uporto-cd-content-admin@uporto-cd.iam.gserviceaccount.com",
            "role": "roles/storage.admin"
          },
          "sensitive_attributes": [],
          "private": "bnVsbA==",
          "dependencies": [
            "module.storage.google_project_service.storage_api",
            "module.storage.google_service_account.content_admin",
            "module.storage.google_storage_bucket.regional_cache"
          ]
        }
      ]
    },
    {
      "module": "module.storage",
      "mode": "managed",
      "type": "google_storage_bucket_iam_member",
      "name": "pods_regional_buckets",
      "provider": "provider[\"registry.terraform.io/hashicorp/google\"]",
      "instances": [
        {
          "index_key": "asia-southeast1",
          "schema_version": 0,
          "attributes": {
            "bucket": "b/uporto-cd-content-asia-southeast1",
            "condition": [],
            "etag": "CAM=",
            "id": "b/uporto-cd-content-asia-southeast1/roles/storage.objectViewer/serviceAccount:uporto-cd-content-reader@uporto-cd.iam.gserviceaccount.com",
            "member": "serviceAccount:uporto-cd-content-reader@uporto-cd.iam.gserviceaccount.com",
            "role": "roles/storage.objectViewer"
          },
          "sensitive_attributes": [],
          "private": "bnVsbA==",
          "dependencies": [
            "module.storage.google_project_service.storage_api",
            "module.storage.google_service_account.content_reader",
            "module.storage.google_storage_bucket.regional_cache"
          ]
        },
        {
          "index_key": "europe-west2",
          "schema_version": 0,
          "attributes": {
            "bucket": "b/uporto-cd-content-europe-west2",
            "condition": [],
            "etag": "CAM=",
            "id": "b/uporto-cd-content-europe-west2/roles/storage.objectViewer/serviceAccount:uporto-cd-content-reader@uporto-cd.iam.gserviceaccount.com",
            "member": "serviceAccount:uporto-cd-content-reader@uporto-cd.iam.gserviceaccount.com",
            "role": "roles/storage.objectViewer"
          },
          "sensitive_attributes": [],
          "private": "bnVsbA==",
          "dependencies": [
            "module.storage.google_project_service.storage_api",
            "module.storage.google_service_account.content_reader",
            "module.storage.google_storage_bucket.regional_cache"
          ]
        },
        {
          "index_key": "us-south1",
          "schema_version": 0,
          "attributes": {
            "bucket": "b/uporto-cd-content-us-south1",
            "condition": [],
            "etag": "CAM=",
            "id": "b/uporto-cd-content-us-south1/roles/storage.objectViewer/serviceAccount:uporto-cd-content-reader@uporto-cd.iam.gserviceaccount.com",
            "member": "serviceAccount:uporto-cd-content-reader@uporto-cd.iam.gserviceaccount.com",
            "role": "roles/storage.objectViewer"
          },
          "sensitive_attributes": [],
          "private": "bnVsbA==",
          "dependencies": [
            "module.storage.google_project_service.storage_api",
            "module.storage.google_service_account.content_reader",
            "module.storage.google_storage_bucket.regional_cache"
          ]
        }
      ]
    }
  ],
  "check_results": [
    {
      "object_kind": "var",
      "config_addr": "module.storage.var.master_bucket_location",
      "status": "pass",
      "objects": [
        {
          "object_addr": "module.storage.var.master_bucket_location",
          "status": "pass"
        }
      ]
    },
    {
      "object_kind": "var",
      "config_addr": "module.gke_cold.var.cluster_type",
      "status": "pass",
      "objects": [
        {
          "object_addr": "module.gke_cold[\"asia-southeast1\"].var.cluster_type",
          "status": "pass"
        }
      ]
    },
    {
      "object_kind": "var",
      "config_addr": "var.storage_public_access_prevention",
      "status": "pass",
      "objects": [
        {
          "object_addr": "var.storage_public_access_prevention",
          "status": "pass"
        }
      ]
    },
    {
      "object_kind": "var",
      "config_addr": "module.storage.var.public_access_prevention",
      "status": "pass",
      "objects": [
        {
          "object_addr": "module.storage.var.public_access_prevention",
          "status": "pass"
        }
      ]
    },
    {
      "object_kind": "var",
      "config_addr": "module.storage.var.master_bucket_storage_class",
      "status": "pass",
      "objects": [
        {
          "object_addr": "module.storage.var.master_bucket_storage_class",
          "status": "pass"
        }
      ]
    },
    {
      "object_kind": "var",
      "config_addr": "module.storage.var.regional_bucket_storage_class",
      "status": "pass",
      "objects": [
        {
          "object_addr": "module.storage.var.regional_bucket_storage_class",
          "status": "pass"
        }
      ]
    },
    {
      "object_kind": "var",
      "config_addr": "var.master_bucket_location",
      "status": "pass",
      "objects": [
        {
          "object_addr": "var.master_bucket_location",
          "status": "pass"
        }
      ]
    },
    {
      "object_kind": "var",
      "config_addr": "module.gke_hot.var.cluster_type",
      "status": "pass",
      "objects": [
        {
          "object_addr": "module.gke_hot[\"europe-west2\"].var.cluster_type",
          "status": "pass"
        },
        {
          "object_addr": "module.gke_hot[\"us-south1\"].var.cluster_type",
          "status": "pass"
        }
      ]
    },
    {
      "object_kind": "var",
      "config_addr": "module.cold_scaling.var.scaling_schedule_interval",
      "status": "pass",
      "objects": [
        {
          "object_addr": "module.cold_scaling[0].var.scaling_schedule_interval",
          "status": "pass"
        }
      ]
    }
  ]
}
