{
  "version": 4,
  "terraform_version": "1.11.3",
  "serial": 248,
  "lineage": "76940ebb-4293-7f78-a9e5-ea2ad73ae1e3",
  "outputs": {
    "admin_public_ip": {
      "value": "35.230.157.12",
      "type": "string"
    },
    "admin_ssh_command": {
      "value": "ssh ubuntu@35.230.157.12",
      "type": "string"
    },
    "bastion_internal_ips": {
      "value": {
        "asia-southeast1": "10.3.0.2",
        "europe-west2": "10.1.0.2",
        "us-south1": "10.2.0.2"
      },
      "type": [
        "object",
        {
          "asia-southeast1": "string",
          "europe-west2": "string",
          "us-south1": "string"
        }
      ]
    },
    "bastion_ssh_via_admin": {
      "value": {
        "asia-southeast1": "ssh -J ubuntu@35.230.157.12 ubuntu@10.3.0.2",
        "europe-west2": "ssh -J ubuntu@35.230.157.12 ubuntu@10.1.0.2",
        "us-south1": "ssh -J ubuntu@35.230.157.12 ubuntu@10.2.0.2"
      },
      "type": [
        "object",
        {
          "asia-southeast1": "string",
          "europe-west2": "string",
          "us-south1": "string"
        }
      ]
    },
    "content_admin_sa_email": {
      "value": "uporto-cd-content-admin@uporto-cd.iam.gserviceaccount.com",
      "type": "string"
    },
    "content_management_instructions": {
      "value": {
        "master_bucket": "uporto-cd-content-master",
        "regional_buckets": {
          "asia-southeast1": "uporto-cd-content-asia-southeast1",
          "europe-west2": "uporto-cd-content-europe-west2",
          "us-south1": "uporto-cd-content-us-south1"
        },
        "service_accounts": {
          "admin_sa": "uporto-cd-content-admin@uporto-cd.iam.gserviceaccount.com",
          "reader_sa": "uporto-cd-content-reader@uporto-cd.iam.gserviceaccount.com"
        },
        "sync_commands": {
          "to_master": "gsutil -m rsync -r -d /opt/content/uploads/ gs://uporto-cd-content-master/",
          "to_regions": {
            "asia-southeast1": "gsutil -m rsync -r -d gs://uporto-cd-content-master/ gs://uporto-cd-content-asia-southeast1/",
            "europe-west2": "gsutil -m rsync -r -d gs://uporto-cd-content-master/ gs://uporto-cd-content-europe-west2/",
            "us-south1": "gsutil -m rsync -r -d gs://uporto-cd-content-master/ gs://uporto-cd-content-us-south1/"
          }
        },
        "upload_directory": "/opt/content/uploads/"
      },
      "type": [
        "object",
        {
          "master_bucket": "string",
          "regional_buckets": [
            "object",
            {
              "asia-southeast1": "string",
              "europe-west2": "string",
              "us-south1": "string"
            }
          ],
          "service_accounts": [
            "object",
            {
              "admin_sa": "string",
              "reader_sa": "string"
            }
          ],
          "sync_commands": [
            "object",
            {
              "to_master": "string",
              "to_regions": [
                "object",
                {
                  "asia-southeast1": "string",
                  "europe-west2": "string",
                  "us-south1": "string"
                }
              ]
            }
          ],
          "upload_directory": "string"
        }
      ]
    },
    "content_reader_sa_email": {
      "value": "uporto-cd-content-reader@uporto-cd.iam.gserviceaccount.com",
      "type": "string"
    },
    "csi_driver_config": {
      "value": {
        "asia-southeast1": {
          "bucket_name": "uporto-cd-content-asia-southeast1",
          "mount_path": "/mnt/videos",
          "service_account": "uporto-cd-content-reader@uporto-cd.iam.gserviceaccount.com",
          "storage_class_name": "gcs-fuse-csi-asia-southeast1",
          "volume_name": "content-storage-asia-southeast1"
        },
        "europe-west2": {
          "bucket_name": "uporto-cd-content-europe-west2",
          "mount_path": "/mnt/videos",
          "service_account": "uporto-cd-content-reader@uporto-cd.iam.gserviceaccount.com",
          "storage_class_name": "gcs-fuse-csi-europe-west2",
          "volume_name": "content-storage-europe-west2"
        },
        "us-south1": {
          "bucket_name": "uporto-cd-content-us-south1",
          "mount_path": "/mnt/videos",
          "service_account": "uporto-cd-content-reader@uporto-cd.iam.gserviceaccount.com",
          "storage_class_name": "gcs-fuse-csi-us-south1",
          "volume_name": "content-storage-us-south1"
        }
      },
      "type": [
        "object",
        {
          "asia-southeast1": [
            "object",
            {
              "bucket_name": "string",
              "mount_path": "string",
              "service_account": "string",
              "storage_class_name": "string",
              "volume_name": "string"
            }
          ],
          "europe-west2": [
            "object",
            {
              "bucket_name": "string",
              "mount_path": "string",
              "service_account": "string",
              "storage_class_name": "string",
              "volume_name": "string"
            }
          ],
          "us-south1": [
            "object",
            {
              "bucket_name": "string",
              "mount_path": "string",
              "service_account": "string",
              "storage_class_name": "string",
              "volume_name": "string"
            }
          ]
        }
      ]
    },
    "deployment_urls": {
      "value": {
        "global_ip": "34.54.254.248",
        "health_check": "https://adm-cdn.pt/health",
        "http_url": "http://34.54.254.248",
        "https_url": "https://adm-cdn.pt",
        "www_url": "https://www.adm-cdn.pt"
      },
      "type": [
        "object",
        {
          "global_ip": "string",
          "health_check": "string",
          "http_url": "string",
          "https_url": "string",
          "www_url": "string"
        }
      ]
    },
    "domain_configuration": {
      "value": {
        "domain_name": "adm-cdn.pt",
        "nameservers": [
          "ns-cloud-c1.googledomains.com.",
          "ns-cloud-c2.googledomains.com.",
          "ns-cloud-c3.googledomains.com.",
          "ns-cloud-c4.googledomains.com."
        ],
        "ssl_certificate_name": "uporto-cd-ssl-cert",
        "ssl_domains": [
          "adm-cdn.pt",
          "www.adm-cdn.pt"
        ]
      },
      "type": [
        "object",
        {
          "domain_name": "string",
          "nameservers": [
            "list",
            "string"
          ],
          "ssl_certificate_name": "string",
          "ssl_domains": [
            "list",
            "string"
          ]
        }
      ]
    },
    "gcs_csi_enabled": {
      "value": {
        "asia-southeast1": "enabled",
        "europe-west2": "enabled",
        "us-south1": "enabled"
      },
      "type": [
        "object",
        {
          "asia-southeast1": "string",
          "europe-west2": "string",
          "us-south1": "string"
        }
      ]
    },
    "gke_clusters": {
      "value": {
        "asia-southeast1": {
          "cluster_name": "uporto-cd-gke-asia-southeast1",
          "endpoint": "172.16.3.2"
        },
        "europe-west2": {
          "cluster_name": "uporto-cd-gke-europe-west2",
          "endpoint": "172.16.1.2"
        },
        "us-south1": {
          "cluster_name": "uporto-cd-gke-us-south1",
          "endpoint": "172.16.2.2"
        }
      },
      "type": [
        "object",
        {
          "asia-southeast1": [
            "object",
            {
              "cluster_name": "string",
              "endpoint": "string"
            }
          ],
          "europe-west2": [
            "object",
            {
              "cluster_name": "string",
              "endpoint": "string"
            }
          ],
          "us-south1": [
            "object",
            {
              "cluster_name": "string",
              "endpoint": "string"
            }
          ]
        }
      ]
    },
    "gke_connect_commands": {
      "value": {
        "asia-southeast1 (cold)": "gcloud container clusters get-credentials uporto-cd-gke-asia-southeast1 --region asia-southeast1 --project uporto-cd",
        "europe-west2 (hot)": "gcloud container clusters get-credentials uporto-cd-gke-europe-west2 --region europe-west2 --project uporto-cd",
        "us-south1 (hot)": "gcloud container clusters get-credentials uporto-cd-gke-us-south1 --region us-south1 --project uporto-cd"
      },
      "type": [
        "object",
        {
          "asia-southeast1 (cold)": "string",
          "europe-west2 (hot)": "string",
          "us-south1 (hot)": "string"
        }
      ]
    },
    "gsutil_sync_commands": {
      "value": {
        "sync_to_regional": {
          "asia-southeast1": "gsutil -m rsync -r -d gs://uporto-cd-content-master/ gs://uporto-cd-content-asia-southeast1/",
          "europe-west2": "gsutil -m rsync -r -d gs://uporto-cd-content-master/ gs://uporto-cd-content-europe-west2/",
          "us-south1": "gsutil -m rsync -r -d gs://uporto-cd-content-master/ gs://uporto-cd-content-us-south1/"
        },
        "upload_to_master": "gsutil -m rsync -r -d /opt/content/uploads/ gs://uporto-cd-content-master/"
      },
      "type": [
        "object",
        {
          "sync_to_regional": [
            "object",
            {
              "asia-southeast1": "string",
              "europe-west2": "string",
              "us-south1": "string"
            }
          ],
          "upload_to_master": "string"
        }
      ]
    },
    "kubectl_access_via_bastions": {
      "value": {
        "asia-southeast1": "Connect via: ssh -J ubuntu@35.230.157.12 ubuntu@10.3.0.2",
        "europe-west2": "Connect via: ssh -J ubuntu@35.230.157.12 ubuntu@10.1.0.2",
        "us-south1": "Connect via: ssh -J ubuntu@35.230.157.12 ubuntu@10.2.0.2"
      },
      "type": [
        "object",
        {
          "asia-southeast1": "string",
          "europe-west2": "string",
          "us-south1": "string"
        }
      ]
    },
    "load_balancer_ip": {
      "value": "34.54.254.248",
      "type": "string"
    },
    "master_bucket_name": {
      "value": "uporto-cd-content-master",
      "type": "string"
    },
    "nameserver_instructions": {
      "value": {
        "domain": "adm-cdn.pt",
        "message": "Configure these nameservers at your domain registrar:",
        "nameservers": [
          "ns-cloud-c1.googledomains.com.",
          "ns-cloud-c2.googledomains.com.",
          "ns-cloud-c3.googledomains.com.",
          "ns-cloud-c4.googledomains.com."
        ]
      },
      "type": [
        "object",
        {
          "domain": "string",
          "message": "string",
          "nameservers": [
            "list",
            "string"
          ]
        }
      ]
    },
    "network_details": {
      "value": {
        "asia-southeast1": {
          "network_name": "uporto-cd-vpc-asia-southeast1",
          "subnet_cidr": "10.3.0.0/20"
        },
        "europe-west2": {
          "network_name": "uporto-cd-vpc-europe-west2",
          "subnet_cidr": "10.1.0.0/20"
        },
        "us-south1": {
          "network_name": "uporto-cd-vpc-us-south1",
          "subnet_cidr": "10.2.0.0/20"
        }
      },
      "type": [
        "object",
        {
          "asia-southeast1": [
            "object",
            {
              "network_name": "string",
              "subnet_cidr": "string"
            }
          ],
          "europe-west2": [
            "object",
            {
              "network_name": "string",
              "subnet_cidr": "string"
            }
          ],
          "us-south1": [
            "object",
            {
              "network_name": "string",
              "subnet_cidr": "string"
            }
          ]
        }
      ]
    },
    "regional_bucket_names": {
      "value": {
        "asia-southeast1": "uporto-cd-content-asia-southeast1",
        "europe-west2": "uporto-cd-content-europe-west2",
        "us-south1": "uporto-cd-content-us-south1"
      },
      "type": [
        "object",
        {
          "asia-southeast1": "string",
          "europe-west2": "string",
          "us-south1": "string"
        }
      ]
    },
    "ssh_key_debug": {
      "value": "ssh-rsa AAAAB3NzaC1yc2EAAAADAQABAAACAQC8d/Bg52qrZq...",
      "type": "string",
      "sensitive": true
    },
    "storage_summary": {
      "value": {
        "master_bucket": {
          "location": "EU",
          "name": "uporto-cd-content-master",
          "purpose": "Content ingestion and master storage"
        },
        "regional_buckets": {
          "asia-southeast1": {
            "location": "ASIA-SOUTHEAST1",
            "name": "uporto-cd-content-asia-southeast1",
            "purpose": "Regional content cache for asia-southeast1"
          },
          "europe-west2": {
            "location": "EUROPE-WEST2",
            "name": "uporto-cd-content-europe-west2",
            "purpose": "Regional content cache for europe-west2"
          },
          "us-south1": {
            "location": "US-SOUTH1",
            "name": "uporto-cd-content-us-south1",
            "purpose": "Regional content cache for us-south1"
          }
        },
        "service_accounts": {
          "admin": {
            "email": "uporto-cd-content-admin@uporto-cd.iam.gserviceaccount.com",
            "purpose": "Admin VM content management"
          },
          "reader": {
            "email": "uporto-cd-content-reader@uporto-cd.iam.gserviceaccount.com",
            "purpose": "Kubernetes pod content access"
          }
        }
      },
      "type": [
        "object",
        {
          "master_bucket": [
            "object",
            {
              "location": "string",
              "name": "string",
              "purpose": "string"
            }
          ],
          "regional_buckets": [
            "object",
            {
              "asia-southeast1": [
                "object",
                {
                  "location": "string",
                  "name": "string",
                  "purpose": "string"
                }
              ],
              "europe-west2": [
                "object",
                {
                  "location": "string",
                  "name": "string",
                  "purpose": "string"
                }
              ],
              "us-south1": [
                "object",
                {
                  "location": "string",
                  "name": "string",
                  "purpose": "string"
                }
              ]
            }
          ],
          "service_accounts": [
            "object",
            {
              "admin": [
                "object",
                {
                  "email": "string",
                  "purpose": "string"
                }
              ],
              "reader": [
                "object",
                {
                  "email": "string",
                  "purpose": "string"
                }
              ]
            }
          ]
        }
      ]
    },
    "workload_identity_annotation": {
      "value": "iam.gke.io/gcp-service-account=uporto-cd-content-reader@uporto-cd.iam.gserviceaccount.com",
      "type": "string"
    },
    "workload_identity_pool": {
      "value": "uporto-cd.svc.id.goog",
      "type": "string"
    }
  },
  "resources": [
    {
      "mode": "managed",
      "type": "google_compute_network_peering",
      "name": "admin_to_region",
      "provider": "provider[\"registry.terraform.io/hashicorp/google\"]",
      "instances": [
        {
          "index_key": "asia-southeast1",
          "schema_version": 0,
          "attributes": {
            "export_custom_routes": true,
            "export_subnet_routes_with_public_ip": true,
            "id": "uporto-cd-admin-vpc/uporto-cd-admin-to-asia-southeast1",
            "import_custom_routes": true,
            "import_subnet_routes_with_public_ip": false,
            "name": "uporto-cd-admin-to-asia-southeast1",
            "network": "https://www.googleapis.com/compute/v1/projects/uporto-cd/global/networks/uporto-cd-admin-vpc",
            "peer_network": "https://www.googleapis.com/compute/v1/projects/uporto-cd/global/networks/uporto-cd-vpc-asia-southeast1",
            "stack_type": "IPV4_ONLY",
            "state": "ACTIVE",
            "state_details": "[2025-05-28T04:56:29.225-07:00]: Connected.",
            "timeouts": null
          },
          "sensitive_attributes": [],
          "private": "eyJlMmJmYjczMC1lY2FhLTExZTYtOGY4OC0zNDM2M2JjN2M0YzAiOnsiY3JlYXRlIjoyNDAwMDAwMDAwMDAsImRlbGV0ZSI6MjQwMDAwMDAwMDAwLCJ1cGRhdGUiOjI0MDAwMDAwMDAwMH19",
          "dependencies": [
            "module.admin.google_compute_network.admin_vpc",
            "module.admin.google_project_service.compute_api",
            "module.network.google_compute_firewall.allow_egress_to_admin",
            "module.network.google_compute_firewall.allow_from_admin",
            "module.network.google_compute_firewall.allow_internal",
            "module.network.google_compute_firewall.allow_internet_egress",
            "module.network.google_compute_firewall.block_inter_region",
            "module.network.google_compute_network.vpc",
            "module.network.google_compute_router.router",
            "module.network.google_compute_router_nat.nat",
            "module.network.google_compute_subnetwork.subnet"
          ]
        },
        {
          "index_key": "europe-west2",
          "schema_version": 0,
          "attributes": {
            "export_custom_routes": true,
            "export_subnet_routes_with_public_ip": true,
            "id": "uporto-cd-admin-vpc/uporto-cd-admin-to-europe-west2",
            "import_custom_routes": true,
            "import_subnet_routes_with_public_ip": false,
            "name": "uporto-cd-admin-to-europe-west2",
            "network": "https://www.googleapis.com/compute/v1/projects/uporto-cd/global/networks/uporto-cd-admin-vpc",
            "peer_network": "https://www.googleapis.com/compute/v1/projects/uporto-cd/global/networks/uporto-cd-vpc-europe-west2",
            "stack_type": "IPV4_ONLY",
            "state": "INACTIVE",
            "state_details": "[2025-05-28T04:56:00.579-07:00]: Waiting for peer network to connect.",
            "timeouts": null
          },
          "sensitive_attributes": [],
          "private": "eyJlMmJmYjczMC1lY2FhLTExZTYtOGY4OC0zNDM2M2JjN2M0YzAiOnsiY3JlYXRlIjoyNDAwMDAwMDAwMDAsImRlbGV0ZSI6MjQwMDAwMDAwMDAwLCJ1cGRhdGUiOjI0MDAwMDAwMDAwMH19",
          "dependencies": [
            "module.admin.google_compute_network.admin_vpc",
            "module.admin.google_project_service.compute_api",
            "module.network.google_compute_firewall.allow_egress_to_admin",
            "module.network.google_compute_firewall.allow_from_admin",
            "module.network.google_compute_firewall.allow_internal",
            "module.network.google_compute_firewall.allow_internet_egress",
            "module.network.google_compute_firewall.block_inter_region",
            "module.network.google_compute_network.vpc",
            "module.network.google_compute_router.router",
            "module.network.google_compute_router_nat.nat",
            "module.network.google_compute_subnetwork.subnet"
          ]
        },
        {
          "index_key": "us-south1",
          "schema_version": 0,
          "attributes": {
            "export_custom_routes": true,
            "export_subnet_routes_with_public_ip": true,
            "id": "uporto-cd-admin-vpc/uporto-cd-admin-to-us-south1",
            "import_custom_routes": true,
            "import_subnet_routes_with_public_ip": false,
            "name": "uporto-cd-admin-to-us-south1",
            "network": "https://www.googleapis.com/compute/v1/projects/uporto-cd/global/networks/uporto-cd-admin-vpc",
            "peer_network": "https://www.googleapis.com/compute/v1/projects/uporto-cd/global/networks/uporto-cd-vpc-us-south1",
            "stack_type": "IPV4_ONLY",
            "state": "INACTIVE",
            "state_details": "[2025-05-28T04:56:50.247-07:00]: Waiting for peer network to connect.",
            "timeouts": null
          },
          "sensitive_attributes": [],
          "private": "eyJlMmJmYjczMC1lY2FhLTExZTYtOGY4OC0zNDM2M2JjN2M0YzAiOnsiY3JlYXRlIjoyNDAwMDAwMDAwMDAsImRlbGV0ZSI6MjQwMDAwMDAwMDAwLCJ1cGRhdGUiOjI0MDAwMDAwMDAwMH19",
          "dependencies": [
            "module.admin.google_compute_network.admin_vpc",
            "module.admin.google_project_service.compute_api",
            "module.network.google_compute_firewall.allow_egress_to_admin",
            "module.network.google_compute_firewall.allow_from_admin",
            "module.network.google_compute_firewall.allow_internal",
            "module.network.google_compute_firewall.allow_internet_egress",
            "module.network.google_compute_firewall.block_inter_region",
            "module.network.google_compute_network.vpc",
            "module.network.google_compute_router.router",
            "module.network.google_compute_router_nat.nat",
            "module.network.google_compute_subnetwork.subnet"
          ]
        }
      ]
    },
    {
      "mode": "managed",
      "type": "google_compute_network_peering",
      "name": "region_to_admin",
      "provider": "provider[\"registry.terraform.io/hashicorp/google\"]",
      "instances": [
        {
          "index_key": "asia-southeast1",
          "schema_version": 0,
          "attributes": {
            "export_custom_routes": true,
            "export_subnet_routes_with_public_ip": true,
            "id": "uporto-cd-vpc-asia-southeast1/uporto-cd-asia-southeast1-to-admin",
            "import_custom_routes": true,
            "import_subnet_routes_with_public_ip": false,
            "name": "uporto-cd-asia-southeast1-to-admin",
            "network": "https://www.googleapis.com/compute/v1/projects/uporto-cd/global/networks/uporto-cd-vpc-asia-southeast1",
            "peer_network": "https://www.googleapis.com/compute/v1/projects/uporto-cd/global/networks/uporto-cd-admin-vpc",
            "stack_type": "IPV4_ONLY",
            "state": "INACTIVE",
            "state_details": "[2025-05-28T04:56:13.281-07:00]: Waiting for peer network to connect.",
            "timeouts": null
          },
          "sensitive_attributes": [],
          "private": "eyJlMmJmYjczMC1lY2FhLTExZTYtOGY4OC0zNDM2M2JjN2M0YzAiOnsiY3JlYXRlIjoyNDAwMDAwMDAwMDAsImRlbGV0ZSI6MjQwMDAwMDAwMDAwLCJ1cGRhdGUiOjI0MDAwMDAwMDAwMH19",
          "dependencies": [
            "module.admin.google_compute_network.admin_vpc",
            "module.admin.google_project_service.compute_api",
            "module.network.google_compute_firewall.allow_egress_to_admin",
            "module.network.google_compute_firewall.allow_from_admin",
            "module.network.google_compute_firewall.allow_internal",
            "module.network.google_compute_firewall.allow_internet_egress",
            "module.network.google_compute_firewall.block_inter_region",
            "module.network.google_compute_network.vpc",
            "module.network.google_compute_router.router",
            "module.network.google_compute_router_nat.nat",
            "module.network.google_compute_subnetwork.subnet"
          ]
        },
        {
          "index_key": "europe-west2",
          "schema_version": 0,
          "attributes": {
            "export_custom_routes": true,
            "export_subnet_routes_with_public_ip": true,
            "id": "uporto-cd-vpc-europe-west2/uporto-cd-europe-west2-to-admin",
            "import_custom_routes": true,
            "import_subnet_routes_with_public_ip": false,
            "name": "uporto-cd-europe-west2-to-admin",
            "network": "https://www.googleapis.com/compute/v1/projects/uporto-cd/global/networks/uporto-cd-vpc-europe-west2",
            "peer_network": "https://www.googleapis.com/compute/v1/projects/uporto-cd/global/networks/uporto-cd-admin-vpc",
            "stack_type": "IPV4_ONLY",
            "state": "ACTIVE",
            "state_details": "[2025-05-28T04:57:30.862-07:00]: Connected.",
            "timeouts": null
          },
          "sensitive_attributes": [],
          "private": "eyJlMmJmYjczMC1lY2FhLTExZTYtOGY4OC0zNDM2M2JjN2M0YzAiOnsiY3JlYXRlIjoyNDAwMDAwMDAwMDAsImRlbGV0ZSI6MjQwMDAwMDAwMDAwLCJ1cGRhdGUiOjI0MDAwMDAwMDAwMH19",
          "dependencies": [
            "module.admin.google_compute_network.admin_vpc",
            "module.admin.google_project_service.compute_api",
            "module.network.google_compute_firewall.allow_egress_to_admin",
            "module.network.google_compute_firewall.allow_from_admin",
            "module.network.google_compute_firewall.allow_internal",
            "module.network.google_compute_firewall.allow_internet_egress",
            "module.network.google_compute_firewall.block_inter_region",
            "module.network.google_compute_network.vpc",
            "module.network.google_compute_router.router",
            "module.network.google_compute_router_nat.nat",
            "module.network.google_compute_subnetwork.subnet"
          ]
        },
        {
          "index_key": "us-south1",
          "schema_version": 0,
          "attributes": {
            "export_custom_routes": true,
            "export_subnet_routes_with_public_ip": true,
            "id": "uporto-cd-vpc-us-south1/uporto-cd-us-south1-to-admin",
            "import_custom_routes": true,
            "import_subnet_routes_with_public_ip": false,
            "name": "uporto-cd-us-south1-to-admin",
            "network": "https://www.googleapis.com/compute/v1/projects/uporto-cd/global/networks/uporto-cd-vpc-us-south1",
            "peer_network": "https://www.googleapis.com/compute/v1/projects/uporto-cd/global/networks/uporto-cd-admin-vpc",
            "stack_type": "IPV4_ONLY",
            "state": "ACTIVE",
            "state_details": "[2025-05-28T04:57:05.844-07:00]: Connected.",
            "timeouts": null
          },
          "sensitive_attributes": [],
          "private": "eyJlMmJmYjczMC1lY2FhLTExZTYtOGY4OC0zNDM2M2JjN2M0YzAiOnsiY3JlYXRlIjoyNDAwMDAwMDAwMDAsImRlbGV0ZSI6MjQwMDAwMDAwMDAwLCJ1cGRhdGUiOjI0MDAwMDAwMDAwMH19",
          "dependencies": [
            "module.admin.google_compute_network.admin_vpc",
            "module.admin.google_project_service.compute_api",
            "module.network.google_compute_firewall.allow_egress_to_admin",
            "module.network.google_compute_firewall.allow_from_admin",
            "module.network.google_compute_firewall.allow_internal",
            "module.network.google_compute_firewall.allow_internet_egress",
            "module.network.google_compute_firewall.block_inter_region",
            "module.network.google_compute_network.vpc",
            "module.network.google_compute_router.router",
            "module.network.google_compute_router_nat.nat",
            "module.network.google_compute_subnetwork.subnet"
          ]
        }
      ]
    },
    {
      "module": "module.admin",
      "mode": "managed",
      "type": "google_compute_address",
      "name": "admin_ip",
      "provider": "provider[\"registry.terraform.io/hashicorp/google\"]",
      "instances": [
        {
          "schema_version": 0,
          "attributes": {
            "address": "35.230.157.12",
            "address_type": "EXTERNAL",
            "creation_timestamp": "2025-05-28T04:54:36.292-07:00",
            "description": "Static IP for admin VM",
            "id": "projects/uporto-cd/regions/europe-west2/addresses/uporto-cd-admin-ip",
            "ip_version": "",
            "ipv6_endpoint_type": "",
            "name": "uporto-cd-admin-ip",
            "network": "",
            "network_tier": "PREMIUM",
            "prefix_length": 0,
            "project": "uporto-cd",
            "purpose": "",
            "region": "europe-west2",
            "self_link": "https://www.googleapis.com/compute/v1/projects/uporto-cd/regions/europe-west2/addresses/uporto-cd-admin-ip",
            "subnetwork": "",
            "timeouts": null,
            "users": []
          },
          "sensitive_attributes": [],
          "private": "eyJlMmJmYjczMC1lY2FhLTExZTYtOGY4OC0zNDM2M2JjN2M0YzAiOnsiY3JlYXRlIjoxMjAwMDAwMDAwMDAwLCJkZWxldGUiOjEyMDAwMDAwMDAwMDB9fQ=="
        }
      ]
    },
    {
      "module": "module.admin",
      "mode": "managed",
      "type": "google_compute_backend_service",
      "name": "admin_webapp",
      "provider": "provider[\"registry.terraform.io/hashicorp/google\"]",
      "instances": [
        {
          "schema_version": 1,
          "attributes": {
            "affinity_cookie_ttl_sec": 0,
            "backend": [
              {
                "balancing_mode": "UTILIZATION",
                "capacity_scaler": 1,
                "description": "",
                "group": "https://www.googleapis.com/compute/v1/projects/uporto-cd/zones/europe-west2-a/instanceGroups/uporto-cd-admin-group",
                "max_connections": 0,
                "max_connections_per_endpoint": 0,
                "max_connections_per_instance": 0,
                "max_rate": 0,
                "max_rate_per_endpoint": 0,
                "max_rate_per_instance": 0,
                "max_utilization": 0
              }
            ],
            "cdn_policy": [],
            "circuit_breakers": [],
            "compression_mode": "",
            "connection_draining_timeout_sec": 60,
            "consistent_hash": [],
            "creation_timestamp": "2025-05-28T04:55:51.979-07:00",
            "custom_request_headers": null,
            "custom_response_headers": null,
            "description": "Backend service for admin webapp",
            "edge_security_policy": "",
            "enable_cdn": false,
            "fingerprint": "WXYp184zIAc=",
            "generated_id": 5041043611330496296,
            "health_checks": [
              "projects/uporto-cd/global/healthChecks/uporto-cd-admin-webapp-health"
            ],
            "iap": [],
            "id": "projects/uporto-cd/global/backendServices/uporto-cd-admin-webapp-backend",
            "load_balancing_scheme": "EXTERNAL",
            "locality_lb_policies": [],
            "locality_lb_policy": "",
            "log_config": [],
            "name": "uporto-cd-admin-webapp-backend",
            "outlier_detection": [],
            "port_name": "http",
            "project": "uporto-cd",
            "protocol": "HTTP",
            "security_policy": "",
            "security_settings": [],
            "self_link": "https://www.googleapis.com/compute/v1/projects/uporto-cd/global/backendServices/uporto-cd-admin-webapp-backend",
            "session_affinity": "NONE",
            "timeout_sec": 60,
            "timeouts": null
          },
          "sensitive_attributes": [],
          "private": "eyJlMmJmYjczMC1lY2FhLTExZTYtOGY4OC0zNDM2M2JjN2M0YzAiOnsiY3JlYXRlIjoxMjAwMDAwMDAwMDAwLCJkZWxldGUiOjEyMDAwMDAwMDAwMDAsInVwZGF0ZSI6MTIwMDAwMDAwMDAwMH0sInNjaGVtYV92ZXJzaW9uIjoiMSJ9",
          "dependencies": [
            "module.admin.google_compute_address.admin_ip",
            "module.admin.google_compute_health_check.admin_webapp",
            "module.admin.google_compute_instance.admin",
            "module.admin.google_compute_instance_group.admin_group",
            "module.admin.google_compute_network.admin_vpc",
            "module.admin.google_compute_subnetwork.admin_subnet",
            "module.admin.google_project_service.compute_api"
          ]
        }
      ]
    },
    {
      "module": "module.admin",
      "mode": "managed",
      "type": "google_compute_firewall",
      "name": "admin_allow_from_gke_masters",
      "provider": "provider[\"registry.terraform.io/hashicorp/google\"]",
      "instances": [
        {
          "schema_version": 1,
          "attributes": {
            "allow": [
              {
                "ports": [
                  "443",
                  "10250"
                ],
                "protocol": "tcp"
              }
            ],
            "creation_timestamp": "2025-05-28T04:55:02.746-07:00",
            "deny": [],
            "description": "",
            "destination_ranges": [],
            "direction": "INGRESS",
            "disabled": false,
            "enable_logging": null,
            "id": "projects/uporto-cd/global/firewalls/uporto-cd-admin-allow-gke-masters",
            "log_config": [],
            "name": "uporto-cd-admin-allow-gke-masters",
            "network": "https://www.googleapis.com/compute/v1/projects/uporto-cd/global/networks/uporto-cd-admin-vpc",
            "priority": 1000,
            "project": "uporto-cd",
            "self_link": "https://www.googleapis.com/compute/v1/projects/uporto-cd/global/firewalls/uporto-cd-admin-allow-gke-masters",
            "source_ranges": [
              "172.16.1.0/28",
              "172.16.2.0/28",
              "172.16.3.0/28"
            ],
            "source_service_accounts": null,
            "source_tags": null,
            "target_service_accounts": null,
            "target_tags": [
              "admin-vm"
            ],
            "timeouts": null
          },
          "sensitive_attributes": [],
          "private": "eyJlMmJmYjczMC1lY2FhLTExZTYtOGY4OC0zNDM2M2JjN2M0YzAiOnsiY3JlYXRlIjoxMjAwMDAwMDAwMDAwLCJkZWxldGUiOjEyMDAwMDAwMDAwMDAsInVwZGF0ZSI6MTIwMDAwMDAwMDAwMH0sInNjaGVtYV92ZXJzaW9uIjoiMSJ9",
          "dependencies": [
            "module.admin.google_compute_network.admin_vpc",
            "module.admin.google_project_service.compute_api"
          ]
        }
      ]
    },
    {
      "module": "module.admin",
      "mode": "managed",
      "type": "google_compute_firewall",
      "name": "admin_egress",
      "provider": "provider[\"registry.terraform.io/hashicorp/google\"]",
      "instances": [
        {
          "schema_version": 1,
          "attributes": {
            "allow": [
              {
                "ports": [
                  "53"
                ],
                "protocol": "udp"
              },
              {
                "ports": [
                  "80",
                  "443",
                  "22",
                  "53"
                ],
                "protocol": "tcp"
              }
            ],
            "creation_timestamp": "2025-05-28T04:54:56.557-07:00",
            "deny": [],
            "description": "",
            "destination_ranges": [
              "0.0.0.0/0"
            ],
            "direction": "EGRESS",
            "disabled": false,
            "enable_logging": null,
            "id": "projects/uporto-cd/global/firewalls/uporto-cd-admin-egress",
            "log_config": [],
            "name": "uporto-cd-admin-egress",
            "network": "https://www.googleapis.com/compute/v1/projects/uporto-cd/global/networks/uporto-cd-admin-vpc",
            "priority": 1000,
            "project": "uporto-cd",
            "self_link": "https://www.googleapis.com/compute/v1/projects/uporto-cd/global/firewalls/uporto-cd-admin-egress",
            "source_ranges": null,
            "source_service_accounts": null,
            "source_tags": null,
            "target_service_accounts": null,
            "target_tags": [
              "admin-vm",
              "admin-webapp"
            ],
            "timeouts": null
          },
          "sensitive_attributes": [],
          "private": "eyJlMmJmYjczMC1lY2FhLTExZTYtOGY4OC0zNDM2M2JjN2M0YzAiOnsiY3JlYXRlIjoxMjAwMDAwMDAwMDAwLCJkZWxldGUiOjEyMDAwMDAwMDAwMDAsInVwZGF0ZSI6MTIwMDAwMDAwMDAwMH0sInNjaGVtYV92ZXJzaW9uIjoiMSJ9",
          "dependencies": [
            "module.admin.google_compute_network.admin_vpc",
            "module.admin.google_project_service.compute_api"
          ]
        }
      ]
    },
    {
      "module": "module.admin",
      "mode": "managed",
      "type": "google_compute_firewall",
      "name": "admin_ssh",
      "provider": "provider[\"registry.terraform.io/hashicorp/google\"]",
      "instances": [
        {
          "schema_version": 1,
          "attributes": {
            "allow": [
              {
                "ports": [
                  "22"
                ],
                "protocol": "tcp"
              }
            ],
            "creation_timestamp": "2025-05-28T04:54:58.149-07:00",
            "deny": [],
            "description": "",
            "destination_ranges": [],
            "direction": "INGRESS",
            "disabled": false,
            "enable_logging": null,
            "id": "projects/uporto-cd/global/firewalls/uporto-cd-admin-ssh",
            "log_config": [],
            "name": "uporto-cd-admin-ssh",
            "network": "https://www.googleapis.com/compute/v1/projects/uporto-cd/global/networks/uporto-cd-admin-vpc",
            "priority": 1000,
            "project": "uporto-cd",
            "self_link": "https://www.googleapis.com/compute/v1/projects/uporto-cd/global/firewalls/uporto-cd-admin-ssh",
            "source_ranges": [
              "0.0.0.0/0"
            ],
            "source_service_accounts": null,
            "source_tags": null,
            "target_service_accounts": null,
            "target_tags": [
              "admin-vm"
            ],
            "timeouts": null
          },
          "sensitive_attributes": [],
          "private": "eyJlMmJmYjczMC1lY2FhLTExZTYtOGY4OC0zNDM2M2JjN2M0YzAiOnsiY3JlYXRlIjoxMjAwMDAwMDAwMDAwLCJkZWxldGUiOjEyMDAwMDAwMDAwMDAsInVwZGF0ZSI6MTIwMDAwMDAwMDAwMH0sInNjaGVtYV92ZXJzaW9uIjoiMSJ9",
          "dependencies": [
            "module.admin.google_compute_network.admin_vpc",
            "module.admin.google_project_service.compute_api"
          ]
        }
      ]
    },
    {
      "module": "module.admin",
      "mode": "managed",
      "type": "google_compute_firewall",
      "name": "admin_webapp_health",
      "provider": "provider[\"registry.terraform.io/hashicorp/google\"]",
      "instances": [
        {
          "schema_version": 1,
          "attributes": {
            "allow": [
              {
                "ports": [
                  "80"
                ],
                "protocol": "tcp"
              }
            ],
            "creation_timestamp": "2025-05-28T04:55:01.143-07:00",
            "deny": [],
            "description": "",
            "destination_ranges": [],
            "direction": "INGRESS",
            "disabled": false,
            "enable_logging": null,
            "id": "projects/uporto-cd/global/firewalls/uporto-cd-admin-webapp-health",
            "log_config": [],
            "name": "uporto-cd-admin-webapp-health",
            "network": "https://www.googleapis.com/compute/v1/projects/uporto-cd/global/networks/uporto-cd-admin-vpc",
            "priority": 500,
            "project": "uporto-cd",
            "self_link": "https://www.googleapis.com/compute/v1/projects/uporto-cd/global/firewalls/uporto-cd-admin-webapp-health",
            "source_ranges": [
              "130.211.0.0/22",
              "35.191.0.0/16"
            ],
            "source_service_accounts": null,
            "source_tags": null,
            "target_service_accounts": null,
            "target_tags": [
              "admin-webapp"
            ],
            "timeouts": null
          },
          "sensitive_attributes": [],
          "private": "eyJlMmJmYjczMC1lY2FhLTExZTYtOGY4OC0zNDM2M2JjN2M0YzAiOnsiY3JlYXRlIjoxMjAwMDAwMDAwMDAwLCJkZWxldGUiOjEyMDAwMDAwMDAwMDAsInVwZGF0ZSI6MTIwMDAwMDAwMDAwMH0sInNjaGVtYV92ZXJzaW9uIjoiMSJ9",
          "dependencies": [
            "module.admin.google_compute_network.admin_vpc",
            "module.admin.google_project_service.compute_api"
          ]
        }
      ]
    },
    {
      "module": "module.admin",
      "mode": "managed",
      "type": "google_compute_firewall",
      "name": "admin_webapp_http",
      "provider": "provider[\"registry.terraform.io/hashicorp/google\"]",
      "instances": [
        {
          "schema_version": 1,
          "attributes": {
            "allow": [
              {
                "ports": [
                  "80",
                  "8080"
                ],
                "protocol": "tcp"
              }
            ],
            "creation_timestamp": "2025-05-28T04:54:58.312-07:00",
            "deny": [],
            "description": "",
            "destination_ranges": [],
            "direction": "INGRESS",
            "disabled": false,
            "enable_logging": null,
            "id": "projects/uporto-cd/global/firewalls/uporto-cd-admin-webapp-http",
            "log_config": [],
            "name": "uporto-cd-admin-webapp-http",
            "network": "https://www.googleapis.com/compute/v1/projects/uporto-cd/global/networks/uporto-cd-admin-vpc",
            "priority": 1000,
            "project": "uporto-cd",
            "self_link": "https://www.googleapis.com/compute/v1/projects/uporto-cd/global/firewalls/uporto-cd-admin-webapp-http",
            "source_ranges": [
              "130.211.0.0/22",
              "35.191.0.0/16"
            ],
            "source_service_accounts": null,
            "source_tags": null,
            "target_service_accounts": null,
            "target_tags": [
              "admin-webapp"
            ],
            "timeouts": null
          },
          "sensitive_attributes": [],
          "private": "eyJlMmJmYjczMC1lY2FhLTExZTYtOGY4OC0zNDM2M2JjN2M0YzAiOnsiY3JlYXRlIjoxMjAwMDAwMDAwMDAwLCJkZWxldGUiOjEyMDAwMDAwMDAwMDAsInVwZGF0ZSI6MTIwMDAwMDAwMDAwMH0sInNjaGVtYV92ZXJzaW9uIjoiMSJ9",
          "dependencies": [
            "module.admin.google_compute_network.admin_vpc",
            "module.admin.google_project_service.compute_api"
          ]
        }
      ]
    },
    {
      "module": "module.admin",
      "mode": "managed",
      "type": "google_compute_global_address",
      "name": "admin_webapp_ip",
      "provider": "provider[\"registry.terraform.io/hashicorp/google\"]",
      "instances": [
        {
          "schema_version": 0,
          "attributes": {
            "address": "34.49.118.53",
            "address_type": "EXTERNAL",
            "creation_timestamp": "2025-05-28T04:54:32.298-07:00",
            "description": "Global IP for admin webapp",
            "id": "projects/uporto-cd/global/addresses/uporto-cd-admin-webapp-ip",
            "ip_version": "",
            "name": "uporto-cd-admin-webapp-ip",
            "network": "",
            "prefix_length": 0,
            "project": "uporto-cd",
            "purpose": "",
            "self_link": "https://www.googleapis.com/compute/v1/projects/uporto-cd/global/addresses/uporto-cd-admin-webapp-ip",
            "timeouts": null
          },
          "sensitive_attributes": [],
          "private": "eyJlMmJmYjczMC1lY2FhLTExZTYtOGY4OC0zNDM2M2JjN2M0YzAiOnsiY3JlYXRlIjoxMjAwMDAwMDAwMDAwLCJkZWxldGUiOjEyMDAwMDAwMDAwMDB9fQ=="
        }
      ]
    },
    {
      "module": "module.admin",
      "mode": "managed",
      "type": "google_compute_global_forwarding_rule",
      "name": "admin_webapp_http",
      "provider": "provider[\"registry.terraform.io/hashicorp/google\"]",
      "instances": [
        {
          "schema_version": 0,
          "attributes": {
            "base_forwarding_rule": "",
            "description": "",
            "id": "projects/uporto-cd/global/forwardingRules/uporto-cd-admin-webapp-http-rule",
            "ip_address": "34.49.118.53",
            "ip_protocol": "TCP",
            "ip_version": "",
            "label_fingerprint": "jNmrVEXgJcU=",
            "labels": {
              "service": "admin-webapp"
            },
            "load_balancing_scheme": "EXTERNAL",
            "metadata_filters": [],
            "name": "uporto-cd-admin-webapp-http-rule",
            "network": "",
            "no_automate_dns_zone": null,
            "port_range": "80-80",
            "project": "uporto-cd",
            "psc_connection_id": "",
            "psc_connection_status": "",
            "self_link": "https://www.googleapis.com/compute/v1/projects/uporto-cd/global/forwardingRules/uporto-cd-admin-webapp-http-rule",
            "source_ip_ranges": null,
            "subnetwork": "",
            "target": "https://www.googleapis.com/compute/v1/projects/uporto-cd/global/targetHttpProxies/uporto-cd-admin-webapp-http-proxy",
            "timeouts": null
          },
          "sensitive_attributes": [],
          "private": "eyJlMmJmYjczMC1lY2FhLTExZTYtOGY4OC0zNDM2M2JjN2M0YzAiOnsiY3JlYXRlIjoxMjAwMDAwMDAwMDAwLCJkZWxldGUiOjEyMDAwMDAwMDAwMDAsInVwZGF0ZSI6MTIwMDAwMDAwMDAwMH19",
          "dependencies": [
            "module.admin.google_compute_address.admin_ip",
            "module.admin.google_compute_backend_service.admin_webapp",
            "module.admin.google_compute_global_address.admin_webapp_ip",
            "module.admin.google_compute_health_check.admin_webapp",
            "module.admin.google_compute_instance.admin",
            "module.admin.google_compute_instance_group.admin_group",
            "module.admin.google_compute_network.admin_vpc",
            "module.admin.google_compute_subnetwork.admin_subnet",
            "module.admin.google_compute_target_http_proxy.admin_webapp",
            "module.admin.google_compute_url_map.admin_webapp",
            "module.admin.google_project_service.compute_api"
          ]
        }
      ]
    },
    {
      "module": "module.admin",
      "mode": "managed",
      "type": "google_compute_global_forwarding_rule",
      "name": "admin_webapp_https",
      "provider": "provider[\"registry.terraform.io/hashicorp/google\"]",
      "instances": [
        {
          "index_key": 0,
          "schema_version": 0,
          "attributes": {
            "base_forwarding_rule": "",
            "description": "",
            "id": "projects/uporto-cd/global/forwardingRules/uporto-cd-admin-webapp-https-rule",
            "ip_address": "34.49.118.53",
            "ip_protocol": "TCP",
            "ip_version": "",
            "label_fingerprint": "0ydbSujZ_RM=",
            "labels": {
              "service": "admin-webapp",
              "ssl": "managed"
            },
            "load_balancing_scheme": "EXTERNAL",
            "metadata_filters": [],
            "name": "uporto-cd-admin-webapp-https-rule",
            "network": "",
            "no_automate_dns_zone": null,
            "port_range": "443-443",
            "project": "uporto-cd",
            "psc_connection_id": "",
            "psc_connection_status": "",
            "self_link": "https://www.googleapis.com/compute/v1/projects/uporto-cd/global/forwardingRules/uporto-cd-admin-webapp-https-rule",
            "source_ip_ranges": null,
            "subnetwork": "",
            "target": "https://www.googleapis.com/compute/v1/projects/uporto-cd/global/targetHttpsProxies/uporto-cd-admin-webapp-https-proxy",
            "timeouts": null
          },
          "sensitive_attributes": [],
          "private": "eyJlMmJmYjczMC1lY2FhLTExZTYtOGY4OC0zNDM2M2JjN2M0YzAiOnsiY3JlYXRlIjoxMjAwMDAwMDAwMDAwLCJkZWxldGUiOjEyMDAwMDAwMDAwMDAsInVwZGF0ZSI6MTIwMDAwMDAwMDAwMH19",
          "dependencies": [
            "module.admin.google_compute_address.admin_ip",
            "module.admin.google_compute_backend_service.admin_webapp",
            "module.admin.google_compute_global_address.admin_webapp_ip",
            "module.admin.google_compute_health_check.admin_webapp",
            "module.admin.google_compute_instance.admin",
            "module.admin.google_compute_instance_group.admin_group",
            "module.admin.google_compute_managed_ssl_certificate.admin_webapp",
            "module.admin.google_compute_network.admin_vpc",
            "module.admin.google_compute_subnetwork.admin_subnet",
            "module.admin.google_compute_target_https_proxy.admin_webapp",
            "module.admin.google_compute_url_map.admin_webapp",
            "module.admin.google_project_service.compute_api"
          ]
        }
      ]
    },
    {
      "module": "module.admin",
      "mode": "managed",
      "type": "google_compute_health_check",
      "name": "admin_webapp",
      "provider": "provider[\"registry.terraform.io/hashicorp/google\"]",
      "instances": [
        {
          "schema_version": 0,
          "attributes": {
            "check_interval_sec": 10,
            "creation_timestamp": "2025-05-28T04:54:28.417-07:00",
            "description": "Health check for admin webapp",
            "grpc_health_check": [],
            "healthy_threshold": 2,
            "http2_health_check": [],
            "http_health_check": [
              {
                "host": "",
                "port": 80,
                "port_name": "",
                "port_specification": "",
                "proxy_header": "NONE",
                "request_path": "/health",
                "response": ""
              }
            ],
            "https_health_check": [],
            "id": "projects/uporto-cd/global/healthChecks/uporto-cd-admin-webapp-health",
            "log_config": [
              {
                "enable": false
              }
            ],
            "name": "uporto-cd-admin-webapp-health",
            "project": "uporto-cd",
            "self_link": "https://www.googleapis.com/compute/v1/projects/uporto-cd/global/healthChecks/uporto-cd-admin-webapp-health",
            "ssl_health_check": [],
            "tcp_health_check": [],
            "timeout_sec": 5,
            "timeouts": null,
            "type": "HTTP",
            "unhealthy_threshold": 3
          },
          "sensitive_attributes": [],
          "private": "eyJlMmJmYjczMC1lY2FhLTExZTYtOGY4OC0zNDM2M2JjN2M0YzAiOnsiY3JlYXRlIjoxMjAwMDAwMDAwMDAwLCJkZWxldGUiOjEyMDAwMDAwMDAwMDAsInVwZGF0ZSI6MTIwMDAwMDAwMDAwMH19"
        }
      ]
    },
    {
      "module": "module.admin",
      "mode": "managed",
      "type": "google_compute_instance",
      "name": "admin",
      "provider": "provider[\"registry.terraform.io/hashicorp/google\"]",
      "instances": [
        {
          "schema_version": 6,
          "attributes": {
            "advanced_machine_features": [],
            "allow_stopping_for_update": true,
            "attached_disk": [],
            "boot_disk": [
              {
                "auto_delete": true,
                "device_name": "persistent-disk-0",
                "disk_encryption_key_raw": "",
                "disk_encryption_key_sha256": "",
                "initialize_params": [
                  {
                    "image": "https://www.googleapis.com/compute/v1/projects/ubuntu-os-cloud/global/images/ubuntu-2004-focal-v20250527",
                    "labels": {},
                    "resource_manager_tags": null,
                    "size": 50,
                    "type": "pd-ssd"
                  }
                ],
                "kms_key_self_link": "",
                "mode": "READ_WRITE",
                "source": "https://www.googleapis.com/compute/v1/projects/uporto-cd/zones/europe-west2-a/disks/uporto-cd-admin"
              }
            ],
            "can_ip_forward": false,
            "confidential_instance_config": [],
            "cpu_platform": "Intel Broadwell",
            "current_status": "RUNNING",
            "deletion_protection": false,
            "description": "",
            "desired_status": null,
            "enable_display": false,
            "guest_accelerator": [],
            "hostname": "",
            "id": "projects/uporto-cd/zones/europe-west2-a/instances/uporto-cd-admin",
            "instance_id": "7485620652684822339",
            "label_fingerprint": "42WmSpB8rSM=",
            "labels": null,
            "machine_type": "e2-standard-2",
            "metadata": {
              "ssh-keys": "ubuntu:ssh-rsa AAAAB3NzaC1yc2EAAAADAQABAAACAQC8d/Bg52qrZqSRqdEeqy0rT1+5f/cP5BnsN5GHNQXP7PHe/0pGqADr6tMTboRwE9+q/6YdjzmnpE3qP1xqruh4gkH5GyvsGSuZofBCJuwumQZt91Oxul6Gu04eO2yj1qf2VXcPKbyvOgkbOqtudNMBwR3iZd18ce6Se03srzu1FVo1tPCItkxdRhNyMWbGaU7TS64P+KTSkqK1hkCxPJNz0gs0C+KabKE4glIO5AlXNoAxXAlNfvq0k27TyfJKRZFduN8blOC5owIlR7iyviWBK2FAKMu2/JW8/hFcjdtL8YN3wNcp0u/7KxgqGkPpW21mGtFdsQV4FfvcogLHjnhO5fMjw4iyBp71ZL73AbUj4+LFFfobPu19zpUOcOCUe+CDpwMnW6s5WfolRk8P6a0arQrA7lYfgV815EugPBlyEit89mBSpvaCASrVO8HhnZF3hzbk6DqFt9ePEybqMmFtTHM1M4yYuydDNqNEj5f1/DImRERJxBTi7M6QR7ICtoyksd6x8Sk1TtUp9dVUB4UaIycVG3DnAXILkbsfF+X95hU5vEJw1wuwU26R1JE6HtTXYnrH9Wi0f8RhoS2UXEgmt9V3h/FsGuH/J9U4K7A3XqNBGtIULeL2hi2rAncvD2K49cY95by4gayolLvHJ4bt0Ts8DuNnDcBJ7HzW5AruYw== eduardo.mmd.correia@gmail.com\n"
            },
            "metadata_fingerprint": "hdWfLrXEse8=",
            "metadata_startup_script": null,
            "min_cpu_platform": "",
            "name": "uporto-cd-admin",
            "network_interface": [
              {
                "access_config": [
                  {
                    "nat_ip": "35.230.157.12",
                    "network_tier": "PREMIUM",
                    "public_ptr_domain_name": ""
                  }
                ],
                "alias_ip_range": [],
                "internal_ipv6_prefix_length": 0,
                "ipv6_access_config": [],
                "ipv6_access_type": "",
                "ipv6_address": "",
                "name": "nic0",
                "network": "https://www.googleapis.com/compute/v1/projects/uporto-cd/global/networks/uporto-cd-admin-vpc",
                "network_ip": "10.250.0.2",
                "nic_type": "",
                "queue_count": 0,
                "stack_type": "IPV4_ONLY",
                "subnetwork": "https://www.googleapis.com/compute/v1/projects/uporto-cd/regions/europe-west2/subnetworks/uporto-cd-admin-subnet",
                "subnetwork_project": "uporto-cd"
              }
            ],
            "network_performance_config": [],
            "params": [],
            "project": "uporto-cd",
            "reservation_affinity": [],
            "resource_policies": null,
            "scheduling": [
              {
                "automatic_restart": true,
                "instance_termination_action": "",
                "local_ssd_recovery_timeout": [],
                "min_node_cpus": 0,
                "node_affinities": [],
                "on_host_maintenance": "MIGRATE",
                "preemptible": false,
                "provisioning_model": "STANDARD"
              }
            ],
            "scratch_disk": [],
            "self_link": "https://www.googleapis.com/compute/v1/projects/uporto-cd/zones/europe-west2-a/instances/uporto-cd-admin",
            "service_account": [
              {
                "email": "313506890289-compute@developer.gserviceaccount.com",
                "scopes": [
                  "https://www.googleapis.com/auth/cloud-platform"
                ]
              }
            ],
            "shielded_instance_config": [
              {
                "enable_integrity_monitoring": true,
                "enable_secure_boot": false,
                "enable_vtpm": true
              }
            ],
            "tags": [
              "admin-vm",
              "admin-webapp",
              "uporto-cd-admin"
            ],
            "tags_fingerprint": "5ap9M49H2-0=",
            "timeouts": null,
            "zone": "europe-west2-a"
          },
          "sensitive_attributes": [
            [
              {
                "type": "get_attr",
                "value": "boot_disk"
              },
              {
                "type": "index",
                "value": {
                  "value": 0,
                  "type": "number"
                }
              },
              {
                "type": "get_attr",
                "value": "disk_encryption_key_raw"
              }
            ]
          ],
          "private": "eyJlMmJmYjczMC1lY2FhLTExZTYtOGY4OC0zNDM2M2JjN2M0YzAiOnsiY3JlYXRlIjoxMjAwMDAwMDAwMDAwLCJkZWxldGUiOjEyMDAwMDAwMDAwMDAsInVwZGF0ZSI6MTIwMDAwMDAwMDAwMH0sInNjaGVtYV92ZXJzaW9uIjoiNiJ9",
          "dependencies": [
            "module.admin.google_compute_address.admin_ip",
            "module.admin.google_compute_network.admin_vpc",
            "module.admin.google_compute_subnetwork.admin_subnet",
            "module.admin.google_project_service.compute_api"
          ]
        }
      ]
    },
    {
      "module": "module.admin",
      "mode": "managed",
      "type": "google_compute_instance_group",
      "name": "admin_group",
      "provider": "provider[\"registry.terraform.io/hashicorp/google\"]",
      "instances": [
        {
          "schema_version": 2,
          "attributes": {
            "description": "",
            "id": "projects/uporto-cd/zones/europe-west2-a/instanceGroups/uporto-cd-admin-group",
            "instances": [
              "https://www.googleapis.com/compute/v1/projects/uporto-cd/zones/europe-west2-a/instances/uporto-cd-admin"
            ],
            "name": "uporto-cd-admin-group",
            "named_port": [
              {
                "name": "http",
                "port": 80
              }
            ],
            "network": "https://www.googleapis.com/compute/v1/projects/uporto-cd/global/networks/uporto-cd-admin-vpc",
            "project": "uporto-cd",
            "self_link": "https://www.googleapis.com/compute/v1/projects/uporto-cd/zones/europe-west2-a/instanceGroups/uporto-cd-admin-group",
            "size": 1,
            "timeouts": null,
            "zone": "europe-west2-a"
          },
          "sensitive_attributes": [],
          "private": "eyJlMmJmYjczMC1lY2FhLTExZTYtOGY4OC0zNDM2M2JjN2M0YzAiOnsiY3JlYXRlIjozNjAwMDAwMDAwMDAsImRlbGV0ZSI6MzYwMDAwMDAwMDAwLCJ1cGRhdGUiOjM2MDAwMDAwMDAwMH0sInNjaGVtYV92ZXJzaW9uIjoiMiJ9",
          "dependencies": [
            "module.admin.google_compute_address.admin_ip",
            "module.admin.google_compute_instance.admin",
            "module.admin.google_compute_network.admin_vpc",
            "module.admin.google_compute_subnetwork.admin_subnet",
            "module.admin.google_project_service.compute_api"
          ]
        }
      ]
    },
    {
      "module": "module.admin",
      "mode": "managed",
      "type": "google_compute_managed_ssl_certificate",
      "name": "admin_webapp",
      "provider": "provider[\"registry.terraform.io/hashicorp/google\"]",
      "instances": [
        {
          "index_key": 0,
          "schema_version": 0,
          "attributes": {
            "certificate_id": 1964894450892883867,
            "creation_timestamp": "2025-05-28T04:54:28.416-07:00",
            "description": "",
            "expire_time": "",
            "id": "projects/uporto-cd/global/sslCertificates/uporto-cd-admin-webapp-ssl",
            "managed": [
              {
                "domains": [
                  "admin.adm-cdn.pt"
                ]
              }
            ],
            "name": "uporto-cd-admin-webapp-ssl",
            "project": "uporto-cd",
            "self_link": "https://www.googleapis.com/compute/v1/projects/uporto-cd/global/sslCertificates/uporto-cd-admin-webapp-ssl",
            "subject_alternative_names": [],
            "timeouts": {
              "create": "30m",
              "delete": "10m"
            },
            "type": "MANAGED"
          },
          "sensitive_attributes": [],
          "private": "eyJlMmJmYjczMC1lY2FhLTExZTYtOGY4OC0zNDM2M2JjN2M0YzAiOnsiY3JlYXRlIjoxODAwMDAwMDAwMDAwLCJkZWxldGUiOjYwMDAwMDAwMDAwMH19",
          "create_before_destroy": true
        }
      ]
    },
    {
      "module": "module.admin",
      "mode": "managed",
      "type": "google_compute_network",
      "name": "admin_vpc",
      "provider": "provider[\"registry.terraform.io/hashicorp/google\"]",
      "instances": [
        {
          "schema_version": 0,
          "attributes": {
            "auto_create_subnetworks": false,
            "delete_default_routes_on_create": false,
            "description": "VPC network for uporto-cd admin",
            "enable_ula_internal_ipv6": false,
            "gateway_ipv4": "",
            "id": "projects/uporto-cd/global/networks/uporto-cd-admin-vpc",
            "internal_ipv6_range": "",
            "mtu": 0,
            "name": "uporto-cd-admin-vpc",
            "network_firewall_policy_enforcement_order": "AFTER_CLASSIC_FIREWALL",
            "project": "uporto-cd",
            "routing_mode": "REGIONAL",
            "self_link": "https://www.googleapis.com/compute/v1/projects/uporto-cd/global/networks/uporto-cd-admin-vpc",
            "timeouts": null
          },
          "sensitive_attributes": [],
          "private": "eyJlMmJmYjczMC1lY2FhLTExZTYtOGY4OC0zNDM2M2JjN2M0YzAiOnsiY3JlYXRlIjoxMjAwMDAwMDAwMDAwLCJkZWxldGUiOjEyMDAwMDAwMDAwMDAsInVwZGF0ZSI6MTIwMDAwMDAwMDAwMH19",
          "dependencies": [
            "module.admin.google_project_service.compute_api"
          ]
        }
      ]
    },
    {
      "module": "module.admin",
      "mode": "managed",
      "type": "google_compute_subnetwork",
      "name": "admin_subnet",
      "provider": "provider[\"registry.terraform.io/hashicorp/google\"]",
      "instances": [
        {
          "schema_version": 0,
          "attributes": {
            "creation_timestamp": "2025-05-28T04:54:58.087-07:00",
            "description": "Subnet for uporto-cd admin",
            "external_ipv6_prefix": "",
            "fingerprint": null,
            "gateway_address": "10.250.0.1",
            "id": "projects/uporto-cd/regions/europe-west2/subnetworks/uporto-cd-admin-subnet",
            "internal_ipv6_prefix": "",
            "ip_cidr_range": "10.250.0.0/24",
            "ipv6_access_type": "",
            "ipv6_cidr_range": "",
            "log_config": [],
            "name": "uporto-cd-admin-subnet",
            "network": "https://www.googleapis.com/compute/v1/projects/uporto-cd/global/networks/uporto-cd-admin-vpc",
            "private_ip_google_access": true,
            "private_ipv6_google_access": "DISABLE_GOOGLE_ACCESS",
            "project": "uporto-cd",
            "purpose": "PRIVATE",
            "region": "europe-west2",
            "role": "",
            "secondary_ip_range": [],
            "self_link": "https://www.googleapis.com/compute/v1/projects/uporto-cd/regions/europe-west2/subnetworks/uporto-cd-admin-subnet",
            "stack_type": "IPV4_ONLY",
            "timeouts": null
          },
          "sensitive_attributes": [],
          "private": "eyJlMmJmYjczMC1lY2FhLTExZTYtOGY4OC0zNDM2M2JjN2M0YzAiOnsiY3JlYXRlIjoxMjAwMDAwMDAwMDAwLCJkZWxldGUiOjEyMDAwMDAwMDAwMDAsInVwZGF0ZSI6MTIwMDAwMDAwMDAwMH19",
          "dependencies": [
            "module.admin.google_compute_network.admin_vpc",
            "module.admin.google_project_service.compute_api"
          ]
        }
      ]
    },
    {
      "module": "module.admin",
      "mode": "managed",
      "type": "google_compute_target_http_proxy",
      "name": "admin_webapp",
      "provider": "provider[\"registry.terraform.io/hashicorp/google\"]",
      "instances": [
        {
          "schema_version": 0,
          "attributes": {
            "creation_timestamp": "2025-05-28T04:56:53.813-07:00",
            "description": "",
            "http_keep_alive_timeout_sec": 0,
            "id": "projects/uporto-cd/global/targetHttpProxies/uporto-cd-admin-webapp-http-proxy",
            "name": "uporto-cd-admin-webapp-http-proxy",
            "project": "uporto-cd",
            "proxy_bind": false,
            "proxy_id": 6478937579006412010,
            "self_link": "https://www.googleapis.com/compute/v1/projects/uporto-cd/global/targetHttpProxies/uporto-cd-admin-webapp-http-proxy",
            "timeouts": null,
            "url_map": "https://www.googleapis.com/compute/v1/projects/uporto-cd/global/urlMaps/uporto-cd-admin-webapp-url-map"
          },
          "sensitive_attributes": [],
          "private": "eyJlMmJmYjczMC1lY2FhLTExZTYtOGY4OC0zNDM2M2JjN2M0YzAiOnsiY3JlYXRlIjoxMjAwMDAwMDAwMDAwLCJkZWxldGUiOjEyMDAwMDAwMDAwMDAsInVwZGF0ZSI6MTIwMDAwMDAwMDAwMH19",
          "dependencies": [
            "module.admin.google_compute_address.admin_ip",
            "module.admin.google_compute_backend_service.admin_webapp",
            "module.admin.google_compute_health_check.admin_webapp",
            "module.admin.google_compute_instance.admin",
            "module.admin.google_compute_instance_group.admin_group",
            "module.admin.google_compute_network.admin_vpc",
            "module.admin.google_compute_subnetwork.admin_subnet",
            "module.admin.google_compute_url_map.admin_webapp",
            "module.admin.google_project_service.compute_api"
          ]
        }
      ]
    },
    {
      "module": "module.admin",
      "mode": "managed",
      "type": "google_compute_target_https_proxy",
      "name": "admin_webapp",
      "provider": "provider[\"registry.terraform.io/hashicorp/google\"]",
      "instances": [
        {
          "index_key": 0,
          "schema_version": 0,
          "attributes": {
            "certificate_map": "",
            "creation_timestamp": "2025-05-28T04:56:53.823-07:00",
            "description": "",
            "http_keep_alive_timeout_sec": 0,
            "id": "projects/uporto-cd/global/targetHttpsProxies/uporto-cd-admin-webapp-https-proxy",
            "name": "uporto-cd-admin-webapp-https-proxy",
            "project": "uporto-cd",
            "proxy_bind": false,
            "proxy_id": 2864910121989522666,
            "quic_override": "NONE",
            "self_link": "https://www.googleapis.com/compute/v1/projects/uporto-cd/global/targetHttpsProxies/uporto-cd-admin-webapp-https-proxy",
            "server_tls_policy": "",
            "ssl_certificates": [
              "https://www.googleapis.com/compute/v1/projects/uporto-cd/global/sslCertificates/uporto-cd-admin-webapp-ssl"
            ],
            "ssl_policy": "",
            "timeouts": null,
            "url_map": "https://www.googleapis.com/compute/v1/projects/uporto-cd/global/urlMaps/uporto-cd-admin-webapp-url-map"
          },
          "sensitive_attributes": [],
          "private": "eyJlMmJmYjczMC1lY2FhLTExZTYtOGY4OC0zNDM2M2JjN2M0YzAiOnsiY3JlYXRlIjoxMjAwMDAwMDAwMDAwLCJkZWxldGUiOjEyMDAwMDAwMDAwMDAsInVwZGF0ZSI6MTIwMDAwMDAwMDAwMH19",
          "dependencies": [
            "module.admin.google_compute_address.admin_ip",
            "module.admin.google_compute_backend_service.admin_webapp",
            "module.admin.google_compute_health_check.admin_webapp",
            "module.admin.google_compute_instance.admin",
            "module.admin.google_compute_instance_group.admin_group",
            "module.admin.google_compute_managed_ssl_certificate.admin_webapp",
            "module.admin.google_compute_network.admin_vpc",
            "module.admin.google_compute_subnetwork.admin_subnet",
            "module.admin.google_compute_url_map.admin_webapp",
            "module.admin.google_project_service.compute_api"
          ]
        }
      ]
    },
    {
      "module": "module.admin",
      "mode": "managed",
      "type": "google_compute_url_map",
      "name": "admin_webapp",
      "provider": "provider[\"registry.terraform.io/hashicorp/google\"]",
      "instances": [
        {
          "schema_version": 0,
          "attributes": {
            "creation_timestamp": "2025-05-28T04:56:41.143-07:00",
            "default_route_action": [],
            "default_service": "https://www.googleapis.com/compute/v1/projects/uporto-cd/global/backendServices/uporto-cd-admin-webapp-backend",
            "default_url_redirect": [],
            "description": "URL map for admin webapp",
            "fingerprint": "JVqGgbuJzmk=",
            "header_action": [],
            "host_rule": [],
            "id": "projects/uporto-cd/global/urlMaps/uporto-cd-admin-webapp-url-map",
            "map_id": 4674329472417875734,
            "name": "uporto-cd-admin-webapp-url-map",
            "path_matcher": [],
            "project": "uporto-cd",
            "self_link": "https://www.googleapis.com/compute/v1/projects/uporto-cd/global/urlMaps/uporto-cd-admin-webapp-url-map",
            "test": [],
            "timeouts": null
          },
          "sensitive_attributes": [],
          "private": "eyJlMmJmYjczMC1lY2FhLTExZTYtOGY4OC0zNDM2M2JjN2M0YzAiOnsiY3JlYXRlIjoxMjAwMDAwMDAwMDAwLCJkZWxldGUiOjEyMDAwMDAwMDAwMDAsInVwZGF0ZSI6MTIwMDAwMDAwMDAwMH19",
          "dependencies": [
            "module.admin.google_compute_address.admin_ip",
            "module.admin.google_compute_backend_service.admin_webapp",
            "module.admin.google_compute_health_check.admin_webapp",
            "module.admin.google_compute_instance.admin",
            "module.admin.google_compute_instance_group.admin_group",
            "module.admin.google_compute_network.admin_vpc",
            "module.admin.google_compute_subnetwork.admin_subnet",
            "module.admin.google_project_service.compute_api"
          ]
        }
      ]
    },
    {
      "module": "module.admin",
      "mode": "managed",
      "type": "google_dns_record_set",
      "name": "admin_webapp",
      "provider": "provider[\"registry.terraform.io/hashicorp/google\"]",
      "instances": [
        {
          "index_key": 0,
          "schema_version": 0,
          "attributes": {
            "id": "projects/uporto-cd/managedZones/uporto-cd-zone/rrsets/admin.adm-cdn.pt./A",
            "managed_zone": "uporto-cd-zone",
            "name": "admin.adm-cdn.pt.",
            "project": "uporto-cd",
            "routing_policy": [],
            "rrdatas": [
              "34.49.118.53"
            ],
            "ttl": 300,
            "type": "A"
          },
          "sensitive_attributes": [],
          "private": "bnVsbA==",
          "dependencies": [
            "module.admin.google_compute_global_address.admin_webapp_ip",
            "module.admin.google_project_service.dns_api"
          ]
        }
      ]
    },
    {
      "module": "module.admin",
      "mode": "managed",
      "type": "google_project_service",
      "name": "compute_api",
      "provider": "provider[\"registry.terraform.io/hashicorp/google\"]",
      "instances": [
        {
          "schema_version": 0,
          "attributes": {
            "disable_dependent_services": null,
            "disable_on_destroy": false,
            "id": "uporto-cd/compute.googleapis.com",
            "project": "uporto-cd",
            "service": "compute.googleapis.com",
            "timeouts": null
          },
          "sensitive_attributes": [],
          "private": "eyJlMmJmYjczMC1lY2FhLTExZTYtOGY4OC0zNDM2M2JjN2M0YzAiOnsiY3JlYXRlIjoxMjAwMDAwMDAwMDAwLCJkZWxldGUiOjEyMDAwMDAwMDAwMDAsInJlYWQiOjYwMDAwMDAwMDAwMCwidXBkYXRlIjoxMjAwMDAwMDAwMDAwfX0="
        }
      ]
    },
    {
      "module": "module.admin",
      "mode": "managed",
      "type": "google_project_service",
      "name": "dns_api",
      "provider": "provider[\"registry.terraform.io/hashicorp/google\"]",
      "instances": [
        {
          "schema_version": 0,
          "attributes": {
            "disable_dependent_services": null,
            "disable_on_destroy": false,
            "id": "uporto-cd/dns.googleapis.com",
            "project": "uporto-cd",
            "service": "dns.googleapis.com",
            "timeouts": null
          },
          "sensitive_attributes": [],
          "private": "eyJlMmJmYjczMC1lY2FhLTExZTYtOGY4OC0zNDM2M2JjN2M0YzAiOnsiY3JlYXRlIjoxMjAwMDAwMDAwMDAwLCJkZWxldGUiOjEyMDAwMDAwMDAwMDAsInJlYWQiOjYwMDAwMDAwMDAwMCwidXBkYXRlIjoxMjAwMDAwMDAwMDAwfX0="
        }
      ]
    },
    {
      "module": "module.bastion[\"asia-southeast1\"]",
      "mode": "managed",
      "type": "google_compute_firewall",
      "name": "bastion_ssh_from_admin",
      "provider": "provider[\"registry.terraform.io/hashicorp/google\"]",
      "instances": [
        {
          "schema_version": 1,
          "attributes": {
            "allow": [
              {
                "ports": [
                  "22"
                ],
                "protocol": "tcp"
              }
            ],
            "creation_timestamp": "2025-05-28T04:56:27.407-07:00",
            "deny": [],
            "description": "",
            "destination_ranges": [],
            "direction": "INGRESS",
            "disabled": false,
            "enable_logging": null,
            "id": "projects/uporto-cd/global/firewalls/uporto-cd-bastion-ssh-from-admin-asia-southeast1",
            "log_config": [],
            "name": "uporto-cd-bastion-ssh-from-admin-asia-southeast1",
            "network": "https://www.googleapis.com/compute/v1/projects/uporto-cd/global/networks/uporto-cd-vpc-asia-southeast1",
            "priority": 1000,
            "project": "uporto-cd",
            "self_link": "https://www.googleapis.com/compute/v1/projects/uporto-cd/global/firewalls/uporto-cd-bastion-ssh-from-admin-asia-southeast1",
            "source_ranges": [
              "10.250.0.0/24"
            ],
            "source_service_accounts": null,
            "source_tags": null,
            "target_service_accounts": null,
            "target_tags": [
              "bastion-host"
            ],
            "timeouts": null
          },
          "sensitive_attributes": [],
          "private": "eyJlMmJmYjczMC1lY2FhLTExZTYtOGY4OC0zNDM2M2JjN2M0YzAiOnsiY3JlYXRlIjoxMjAwMDAwMDAwMDAwLCJkZWxldGUiOjEyMDAwMDAwMDAwMDAsInVwZGF0ZSI6MTIwMDAwMDAwMDAwMH0sInNjaGVtYV92ZXJzaW9uIjoiMSJ9",
          "dependencies": [
            "module.network.google_compute_firewall.allow_egress_to_admin",
            "module.network.google_compute_firewall.allow_from_admin",
            "module.network.google_compute_firewall.allow_internal",
            "module.network.google_compute_firewall.allow_internet_egress",
            "module.network.google_compute_firewall.block_inter_region",
            "module.network.google_compute_network.vpc",
            "module.network.google_compute_router.router",
            "module.network.google_compute_router_nat.nat",
            "module.network.google_compute_subnetwork.subnet"
          ]
        }
      ]
    },
    {
      "module": "module.bastion[\"asia-southeast1\"]",
      "mode": "managed",
      "type": "google_compute_instance",
      "name": "bastion",
      "provider": "provider[\"registry.terraform.io/hashicorp/google\"]",
      "instances": [
        {
          "schema_version": 6,
          "attributes": {
            "advanced_machine_features": [],
            "allow_stopping_for_update": true,
            "attached_disk": [],
            "boot_disk": [
              {
                "auto_delete": true,
                "device_name": "persistent-disk-0",
                "disk_encryption_key_raw": "",
                "disk_encryption_key_sha256": "",
                "initialize_params": [
                  {
                    "image": "https://www.googleapis.com/compute/v1/projects/ubuntu-os-cloud/global/images/ubuntu-2004-focal-v20250527",
                    "labels": {},
                    "resource_manager_tags": null,
                    "size": 30,
                    "type": "pd-ssd"
                  }
                ],
                "kms_key_self_link": "",
                "mode": "READ_WRITE",
                "source": "https://www.googleapis.com/compute/v1/projects/uporto-cd/zones/asia-southeast1-a/disks/uporto-cd-bastion-asia-southeast1"
              }
            ],
            "can_ip_forward": false,
            "confidential_instance_config": [],
            "cpu_platform": "Intel Broadwell",
            "current_status": "RUNNING",
            "deletion_protection": false,
            "description": "",
            "desired_status": null,
            "enable_display": false,
            "guest_accelerator": [],
            "hostname": "",
            "id": "projects/uporto-cd/zones/asia-southeast1-a/instances/uporto-cd-bastion-asia-southeast1",
            "instance_id": "4934901405939615500",
            "label_fingerprint": "42WmSpB8rSM=",
            "labels": null,
            "machine_type": "e2-medium",
            "metadata": {
              "ssh-keys": "ubuntu:ssh-rsa AAAAB3NzaC1yc2EAAAADAQABAAACAQC8d/Bg52qrZqSRqdEeqy0rT1+5f/cP5BnsN5GHNQXP7PHe/0pGqADr6tMTboRwE9+q/6YdjzmnpE3qP1xqruh4gkH5GyvsGSuZofBCJuwumQZt91Oxul6Gu04eO2yj1qf2VXcPKbyvOgkbOqtudNMBwR3iZd18ce6Se03srzu1FVo1tPCItkxdRhNyMWbGaU7TS64P+KTSkqK1hkCxPJNz0gs0C+KabKE4glIO5AlXNoAxXAlNfvq0k27TyfJKRZFduN8blOC5owIlR7iyviWBK2FAKMu2/JW8/hFcjdtL8YN3wNcp0u/7KxgqGkPpW21mGtFdsQV4FfvcogLHjnhO5fMjw4iyBp71ZL73AbUj4+LFFfobPu19zpUOcOCUe+CDpwMnW6s5WfolRk8P6a0arQrA7lYfgV815EugPBlyEit89mBSpvaCASrVO8HhnZF3hzbk6DqFt9ePEybqMmFtTHM1M4yYuydDNqNEj5f1/DImRERJxBTi7M6QR7ICtoyksd6x8Sk1TtUp9dVUB4UaIycVG3DnAXILkbsfF+X95hU5vEJw1wuwU26R1JE6HtTXYnrH9Wi0f8RhoS2UXEgmt9V3h/FsGuH/J9U4K7A3XqNBGtIULeL2hi2rAncvD2K49cY95by4gayolLvHJ4bt0Ts8DuNnDcBJ7HzW5AruYw== eduardo.mmd.correia@gmail.com\n"
            },
            "metadata_fingerprint": "zY-Z8AJ9hbY=",
            "metadata_startup_script": "#!/bin/bash\nset -e\n\n# Update system\napt-get update \u0026\u0026 apt-get upgrade -y\n\n# Install Python for Ansible\napt-get install -y python3 python3-pip\n\n# Log completion\necho \"Bastion minimal startup completed at $(date)\" \u003e /var/log/bastion-startup-completed.log\n",
            "min_cpu_platform": "",
            "name": "uporto-cd-bastion-asia-southeast1",
            "network_interface": [
              {
                "access_config": [],
                "alias_ip_range": [],
                "internal_ipv6_prefix_length": 0,
                "ipv6_access_config": [],
                "ipv6_access_type": "",
                "ipv6_address": "",
                "name": "nic0",
                "network": "https://www.googleapis.com/compute/v1/projects/uporto-cd/global/networks/uporto-cd-vpc-asia-southeast1",
                "network_ip": "10.3.0.2",
                "nic_type": "",
                "queue_count": 0,
                "stack_type": "IPV4_ONLY",
                "subnetwork": "https://www.googleapis.com/compute/v1/projects/uporto-cd/regions/asia-southeast1/subnetworks/uporto-cd-subnet-asia-southeast1",
                "subnetwork_project": "uporto-cd"
              }
            ],
            "network_performance_config": [],
            "params": [],
            "project": "uporto-cd",
            "reservation_affinity": [],
            "resource_policies": null,
            "scheduling": [
              {
                "automatic_restart": true,
                "instance_termination_action": "",
                "local_ssd_recovery_timeout": [],
                "min_node_cpus": 0,
                "node_affinities": [],
                "on_host_maintenance": "MIGRATE",
                "preemptible": false,
                "provisioning_model": "STANDARD"
              }
            ],
            "scratch_disk": [],
            "self_link": "https://www.googleapis.com/compute/v1/projects/uporto-cd/zones/asia-southeast1-a/instances/uporto-cd-bastion-asia-southeast1",
            "service_account": [
              {
                "email": "313506890289-compute@developer.gserviceaccount.com",
                "scopes": [
                  "https://www.googleapis.com/auth/cloud-platform"
                ]
              }
            ],
            "shielded_instance_config": [
              {
                "enable_integrity_monitoring": true,
                "enable_secure_boot": false,
                "enable_vtpm": true
              }
            ],
            "tags": [
              "bastion-host",
              "uporto-cd-bastion-asia-southeast1"
            ],
            "tags_fingerprint": "u2ED9Jms180=",
            "timeouts": null,
            "zone": "asia-southeast1-a"
          },
          "sensitive_attributes": [
            [
              {
                "type": "get_attr",
                "value": "boot_disk"
              },
              {
                "type": "index",
                "value": {
                  "value": 0,
                  "type": "number"
                }
              },
              {
                "type": "get_attr",
                "value": "disk_encryption_key_raw"
              }
            ]
          ],
          "private": "eyJlMmJmYjczMC1lY2FhLTExZTYtOGY4OC0zNDM2M2JjN2M0YzAiOnsiY3JlYXRlIjoxMjAwMDAwMDAwMDAwLCJkZWxldGUiOjEyMDAwMDAwMDAwMDAsInVwZGF0ZSI6MTIwMDAwMDAwMDAwMH0sInNjaGVtYV92ZXJzaW9uIjoiNiJ9",
          "dependencies": [
            "module.bastion.google_project_service.compute_api",
            "module.network.google_compute_firewall.allow_egress_to_admin",
            "module.network.google_compute_firewall.allow_from_admin",
            "module.network.google_compute_firewall.allow_internal",
            "module.network.google_compute_firewall.allow_internet_egress",
            "module.network.google_compute_firewall.block_inter_region",
            "module.network.google_compute_network.vpc",
            "module.network.google_compute_router.router",
            "module.network.google_compute_router_nat.nat",
            "module.network.google_compute_subnetwork.subnet"
          ]
        }
      ]
    },
    {
      "module": "module.bastion[\"asia-southeast1\"]",
      "mode": "managed",
      "type": "google_project_service",
      "name": "compute_api",
      "provider": "provider[\"registry.terraform.io/hashicorp/google\"]",
      "instances": [
        {
          "schema_version": 0,
          "attributes": {
            "disable_dependent_services": null,
            "disable_on_destroy": false,
            "id": "uporto-cd/compute.googleapis.com",
            "project": "uporto-cd",
            "service": "compute.googleapis.com",
            "timeouts": null
          },
          "sensitive_attributes": [],
          "private": "eyJlMmJmYjczMC1lY2FhLTExZTYtOGY4OC0zNDM2M2JjN2M0YzAiOnsiY3JlYXRlIjoxMjAwMDAwMDAwMDAwLCJkZWxldGUiOjEyMDAwMDAwMDAwMDAsInJlYWQiOjYwMDAwMDAwMDAwMCwidXBkYXRlIjoxMjAwMDAwMDAwMDAwfX0="
        }
      ]
    },
    {
      "module": "module.bastion[\"europe-west2\"]",
      "mode": "managed",
      "type": "google_compute_firewall",
      "name": "bastion_ssh_from_admin",
      "provider": "provider[\"registry.terraform.io/hashicorp/google\"]",
      "instances": [
        {
          "schema_version": 1,
          "attributes": {
            "allow": [
              {
                "ports": [
                  "22"
                ],
                "protocol": "tcp"
              }
            ],
            "creation_timestamp": "2025-05-28T04:56:26.977-07:00",
            "deny": [],
            "description": "",
            "destination_ranges": [],
            "direction": "INGRESS",
            "disabled": false,
            "enable_logging": null,
            "id": "projects/uporto-cd/global/firewalls/uporto-cd-bastion-ssh-from-admin-europe-west2",
            "log_config": [],
            "name": "uporto-cd-bastion-ssh-from-admin-europe-west2",
            "network": "https://www.googleapis.com/compute/v1/projects/uporto-cd/global/networks/uporto-cd-vpc-europe-west2",
            "priority": 1000,
            "project": "uporto-cd",
            "self_link": "https://www.googleapis.com/compute/v1/projects/uporto-cd/global/firewalls/uporto-cd-bastion-ssh-from-admin-europe-west2",
            "source_ranges": [
              "10.250.0.0/24"
            ],
            "source_service_accounts": null,
            "source_tags": null,
            "target_service_accounts": null,
            "target_tags": [
              "bastion-host"
            ],
            "timeouts": null
          },
          "sensitive_attributes": [],
          "private": "eyJlMmJmYjczMC1lY2FhLTExZTYtOGY4OC0zNDM2M2JjN2M0YzAiOnsiY3JlYXRlIjoxMjAwMDAwMDAwMDAwLCJkZWxldGUiOjEyMDAwMDAwMDAwMDAsInVwZGF0ZSI6MTIwMDAwMDAwMDAwMH0sInNjaGVtYV92ZXJzaW9uIjoiMSJ9",
          "dependencies": [
            "module.network.google_compute_firewall.allow_egress_to_admin",
            "module.network.google_compute_firewall.allow_from_admin",
            "module.network.google_compute_firewall.allow_internal",
            "module.network.google_compute_firewall.allow_internet_egress",
            "module.network.google_compute_firewall.block_inter_region",
            "module.network.google_compute_network.vpc",
            "module.network.google_compute_router.router",
            "module.network.google_compute_router_nat.nat",
            "module.network.google_compute_subnetwork.subnet"
          ]
        }
      ]
    },
    {
      "module": "module.bastion[\"europe-west2\"]",
      "mode": "managed",
      "type": "google_compute_instance",
      "name": "bastion",
      "provider": "provider[\"registry.terraform.io/hashicorp/google\"]",
      "instances": [
        {
          "schema_version": 6,
          "attributes": {
            "advanced_machine_features": [],
            "allow_stopping_for_update": true,
            "attached_disk": [],
            "boot_disk": [
              {
                "auto_delete": true,
                "device_name": "persistent-disk-0",
                "disk_encryption_key_raw": "",
                "disk_encryption_key_sha256": "",
                "initialize_params": [
                  {
                    "image": "https://www.googleapis.com/compute/v1/projects/ubuntu-os-cloud/global/images/ubuntu-2004-focal-v20250527",
                    "labels": {},
                    "resource_manager_tags": null,
                    "size": 30,
                    "type": "pd-ssd"
                  }
                ],
                "kms_key_self_link": "",
                "mode": "READ_WRITE",
                "source": "https://www.googleapis.com/compute/v1/projects/uporto-cd/zones/europe-west2-a/disks/uporto-cd-bastion-europe-west2"
              }
            ],
            "can_ip_forward": false,
            "confidential_instance_config": [],
            "cpu_platform": "Intel Broadwell",
            "current_status": "RUNNING",
            "deletion_protection": false,
            "description": "",
            "desired_status": null,
            "enable_display": false,
            "guest_accelerator": [],
            "hostname": "",
            "id": "projects/uporto-cd/zones/europe-west2-a/instances/uporto-cd-bastion-europe-west2",
            "instance_id": "4065374393417287473",
            "label_fingerprint": "42WmSpB8rSM=",
            "labels": null,
            "machine_type": "e2-medium",
            "metadata": {
              "ssh-keys": "ubuntu:ssh-rsa AAAAB3NzaC1yc2EAAAADAQABAAACAQC8d/Bg52qrZqSRqdEeqy0rT1+5f/cP5BnsN5GHNQXP7PHe/0pGqADr6tMTboRwE9+q/6YdjzmnpE3qP1xqruh4gkH5GyvsGSuZofBCJuwumQZt91Oxul6Gu04eO2yj1qf2VXcPKbyvOgkbOqtudNMBwR3iZd18ce6Se03srzu1FVo1tPCItkxdRhNyMWbGaU7TS64P+KTSkqK1hkCxPJNz0gs0C+KabKE4glIO5AlXNoAxXAlNfvq0k27TyfJKRZFduN8blOC5owIlR7iyviWBK2FAKMu2/JW8/hFcjdtL8YN3wNcp0u/7KxgqGkPpW21mGtFdsQV4FfvcogLHjnhO5fMjw4iyBp71ZL73AbUj4+LFFfobPu19zpUOcOCUe+CDpwMnW6s5WfolRk8P6a0arQrA7lYfgV815EugPBlyEit89mBSpvaCASrVO8HhnZF3hzbk6DqFt9ePEybqMmFtTHM1M4yYuydDNqNEj5f1/DImRERJxBTi7M6QR7ICtoyksd6x8Sk1TtUp9dVUB4UaIycVG3DnAXILkbsfF+X95hU5vEJw1wuwU26R1JE6HtTXYnrH9Wi0f8RhoS2UXEgmt9V3h/FsGuH/J9U4K7A3XqNBGtIULeL2hi2rAncvD2K49cY95by4gayolLvHJ4bt0Ts8DuNnDcBJ7HzW5AruYw== eduardo.mmd.correia@gmail.com\n"
            },
            "metadata_fingerprint": "zY-Z8AJ9hbY=",
            "metadata_startup_script": "#!/bin/bash\nset -e\n\n# Update system\napt-get update \u0026\u0026 apt-get upgrade -y\n\n# Install Python for Ansible\napt-get install -y python3 python3-pip\n\n# Log completion\necho \"Bastion minimal startup completed at $(date)\" \u003e /var/log/bastion-startup-completed.log\n",
            "min_cpu_platform": "",
            "name": "uporto-cd-bastion-europe-west2",
            "network_interface": [
              {
                "access_config": [],
                "alias_ip_range": [],
                "internal_ipv6_prefix_length": 0,
                "ipv6_access_config": [],
                "ipv6_access_type": "",
                "ipv6_address": "",
                "name": "nic0",
                "network": "https://www.googleapis.com/compute/v1/projects/uporto-cd/global/networks/uporto-cd-vpc-europe-west2",
                "network_ip": "10.1.0.2",
                "nic_type": "",
                "queue_count": 0,
                "stack_type": "IPV4_ONLY",
                "subnetwork": "https://www.googleapis.com/compute/v1/projects/uporto-cd/regions/europe-west2/subnetworks/uporto-cd-subnet-europe-west2",
                "subnetwork_project": "uporto-cd"
              }
            ],
            "network_performance_config": [],
            "params": [],
            "project": "uporto-cd",
            "reservation_affinity": [],
            "resource_policies": null,
            "scheduling": [
              {
                "automatic_restart": true,
                "instance_termination_action": "",
                "local_ssd_recovery_timeout": [],
                "min_node_cpus": 0,
                "node_affinities": [],
                "on_host_maintenance": "MIGRATE",
                "preemptible": false,
                "provisioning_model": "STANDARD"
              }
            ],
            "scratch_disk": [],
            "self_link": "https://www.googleapis.com/compute/v1/projects/uporto-cd/zones/europe-west2-a/instances/uporto-cd-bastion-europe-west2",
            "service_account": [
              {
                "email": "313506890289-compute@developer.gserviceaccount.com",
                "scopes": [
                  "https://www.googleapis.com/auth/cloud-platform"
                ]
              }
            ],
            "shielded_instance_config": [
              {
                "enable_integrity_monitoring": true,
                "enable_secure_boot": false,
                "enable_vtpm": true
              }
            ],
            "tags": [
              "bastion-host",
              "uporto-cd-bastion-europe-west2"
            ],
            "tags_fingerprint": "BHjTepHYeLo=",
            "timeouts": null,
            "zone": "europe-west2-a"
          },
          "sensitive_attributes": [
            [
              {
                "type": "get_attr",
                "value": "boot_disk"
              },
              {
                "type": "index",
                "value": {
                  "value": 0,
                  "type": "number"
                }
              },
              {
                "type": "get_attr",
                "value": "disk_encryption_key_raw"
              }
            ]
          ],
          "private": "eyJlMmJmYjczMC1lY2FhLTExZTYtOGY4OC0zNDM2M2JjN2M0YzAiOnsiY3JlYXRlIjoxMjAwMDAwMDAwMDAwLCJkZWxldGUiOjEyMDAwMDAwMDAwMDAsInVwZGF0ZSI6MTIwMDAwMDAwMDAwMH0sInNjaGVtYV92ZXJzaW9uIjoiNiJ9",
          "dependencies": [
            "module.bastion.google_project_service.compute_api",
            "module.network.google_compute_firewall.allow_egress_to_admin",
            "module.network.google_compute_firewall.allow_from_admin",
            "module.network.google_compute_firewall.allow_internal",
            "module.network.google_compute_firewall.allow_internet_egress",
            "module.network.google_compute_firewall.block_inter_region",
            "module.network.google_compute_network.vpc",
            "module.network.google_compute_router.router",
            "module.network.google_compute_router_nat.nat",
            "module.network.google_compute_subnetwork.subnet"
          ]
        }
      ]
    },
    {
      "module": "module.bastion[\"europe-west2\"]",
      "mode": "managed",
      "type": "google_project_service",
      "name": "compute_api",
      "provider": "provider[\"registry.terraform.io/hashicorp/google\"]",
      "instances": [
        {
          "schema_version": 0,
          "attributes": {
            "disable_dependent_services": null,
            "disable_on_destroy": false,
            "id": "uporto-cd/compute.googleapis.com",
            "project": "uporto-cd",
            "service": "compute.googleapis.com",
            "timeouts": null
          },
          "sensitive_attributes": [],
          "private": "eyJlMmJmYjczMC1lY2FhLTExZTYtOGY4OC0zNDM2M2JjN2M0YzAiOnsiY3JlYXRlIjoxMjAwMDAwMDAwMDAwLCJkZWxldGUiOjEyMDAwMDAwMDAwMDAsInJlYWQiOjYwMDAwMDAwMDAwMCwidXBkYXRlIjoxMjAwMDAwMDAwMDAwfX0="
        }
      ]
    },
    {
      "module": "module.bastion[\"us-south1\"]",
      "mode": "managed",
      "type": "google_compute_firewall",
      "name": "bastion_ssh_from_admin",
      "provider": "provider[\"registry.terraform.io/hashicorp/google\"]",
      "instances": [
        {
          "schema_version": 1,
          "attributes": {
            "allow": [
              {
                "ports": [
                  "22"
                ],
                "protocol": "tcp"
              }
            ],
            "creation_timestamp": "2025-05-28T04:56:37.008-07:00",
            "deny": [],
            "description": "",
            "destination_ranges": [],
            "direction": "INGRESS",
            "disabled": false,
            "enable_logging": null,
            "id": "projects/uporto-cd/global/firewalls/uporto-cd-bastion-ssh-from-admin-us-south1",
            "log_config": [],
            "name": "uporto-cd-bastion-ssh-from-admin-us-south1",
            "network": "https://www.googleapis.com/compute/v1/projects/uporto-cd/global/networks/uporto-cd-vpc-us-south1",
            "priority": 1000,
            "project": "uporto-cd",
            "self_link": "https://www.googleapis.com/compute/v1/projects/uporto-cd/global/firewalls/uporto-cd-bastion-ssh-from-admin-us-south1",
            "source_ranges": [
              "10.250.0.0/24"
            ],
            "source_service_accounts": null,
            "source_tags": null,
            "target_service_accounts": null,
            "target_tags": [
              "bastion-host"
            ],
            "timeouts": null
          },
          "sensitive_attributes": [],
          "private": "eyJlMmJmYjczMC1lY2FhLTExZTYtOGY4OC0zNDM2M2JjN2M0YzAiOnsiY3JlYXRlIjoxMjAwMDAwMDAwMDAwLCJkZWxldGUiOjEyMDAwMDAwMDAwMDAsInVwZGF0ZSI6MTIwMDAwMDAwMDAwMH0sInNjaGVtYV92ZXJzaW9uIjoiMSJ9",
          "dependencies": [
            "module.network.google_compute_firewall.allow_egress_to_admin",
            "module.network.google_compute_firewall.allow_from_admin",
            "module.network.google_compute_firewall.allow_internal",
            "module.network.google_compute_firewall.allow_internet_egress",
            "module.network.google_compute_firewall.block_inter_region",
            "module.network.google_compute_network.vpc",
            "module.network.google_compute_router.router",
            "module.network.google_compute_router_nat.nat",
            "module.network.google_compute_subnetwork.subnet"
          ]
        }
      ]
    },
    {
      "module": "module.bastion[\"us-south1\"]",
      "mode": "managed",
      "type": "google_compute_instance",
      "name": "bastion",
      "provider": "provider[\"registry.terraform.io/hashicorp/google\"]",
      "instances": [
        {
          "schema_version": 6,
          "attributes": {
            "advanced_machine_features": [],
            "allow_stopping_for_update": true,
            "attached_disk": [],
            "boot_disk": [
              {
                "auto_delete": true,
                "device_name": "persistent-disk-0",
                "disk_encryption_key_raw": "",
                "disk_encryption_key_sha256": "",
                "initialize_params": [
                  {
                    "image": "https://www.googleapis.com/compute/v1/projects/ubuntu-os-cloud/global/images/ubuntu-2004-focal-v20250527",
                    "labels": {},
                    "resource_manager_tags": null,
                    "size": 30,
                    "type": "pd-ssd"
                  }
                ],
                "kms_key_self_link": "",
                "mode": "READ_WRITE",
                "source": "https://www.googleapis.com/compute/v1/projects/uporto-cd/zones/us-south1-a/disks/uporto-cd-bastion-us-south1"
              }
            ],
            "can_ip_forward": false,
            "confidential_instance_config": [],
            "cpu_platform": "Intel Broadwell",
            "current_status": "RUNNING",
            "deletion_protection": false,
            "description": "",
            "desired_status": null,
            "enable_display": false,
            "guest_accelerator": [],
            "hostname": "",
            "id": "projects/uporto-cd/zones/us-south1-a/instances/uporto-cd-bastion-us-south1",
            "instance_id": "7573548314090227518",
            "label_fingerprint": "42WmSpB8rSM=",
            "labels": null,
            "machine_type": "e2-medium",
            "metadata": {
              "ssh-keys": "ubuntu:ssh-rsa AAAAB3NzaC1yc2EAAAADAQABAAACAQC8d/Bg52qrZqSRqdEeqy0rT1+5f/cP5BnsN5GHNQXP7PHe/0pGqADr6tMTboRwE9+q/6YdjzmnpE3qP1xqruh4gkH5GyvsGSuZofBCJuwumQZt91Oxul6Gu04eO2yj1qf2VXcPKbyvOgkbOqtudNMBwR3iZd18ce6Se03srzu1FVo1tPCItkxdRhNyMWbGaU7TS64P+KTSkqK1hkCxPJNz0gs0C+KabKE4glIO5AlXNoAxXAlNfvq0k27TyfJKRZFduN8blOC5owIlR7iyviWBK2FAKMu2/JW8/hFcjdtL8YN3wNcp0u/7KxgqGkPpW21mGtFdsQV4FfvcogLHjnhO5fMjw4iyBp71ZL73AbUj4+LFFfobPu19zpUOcOCUe+CDpwMnW6s5WfolRk8P6a0arQrA7lYfgV815EugPBlyEit89mBSpvaCASrVO8HhnZF3hzbk6DqFt9ePEybqMmFtTHM1M4yYuydDNqNEj5f1/DImRERJxBTi7M6QR7ICtoyksd6x8Sk1TtUp9dVUB4UaIycVG3DnAXILkbsfF+X95hU5vEJw1wuwU26R1JE6HtTXYnrH9Wi0f8RhoS2UXEgmt9V3h/FsGuH/J9U4K7A3XqNBGtIULeL2hi2rAncvD2K49cY95by4gayolLvHJ4bt0Ts8DuNnDcBJ7HzW5AruYw== eduardo.mmd.correia@gmail.com\n"
            },
            "metadata_fingerprint": "zY-Z8AJ9hbY=",
            "metadata_startup_script": "#!/bin/bash\nset -e\n\n# Update system\napt-get update \u0026\u0026 apt-get upgrade -y\n\n# Install Python for Ansible\napt-get install -y python3 python3-pip\n\n# Log completion\necho \"Bastion minimal startup completed at $(date)\" \u003e /var/log/bastion-startup-completed.log\n",
            "min_cpu_platform": "",
            "name": "uporto-cd-bastion-us-south1",
            "network_interface": [
              {
                "access_config": [],
                "alias_ip_range": [],
                "internal_ipv6_prefix_length": 0,
                "ipv6_access_config": [],
                "ipv6_access_type": "",
                "ipv6_address": "",
                "name": "nic0",
                "network": "https://www.googleapis.com/compute/v1/projects/uporto-cd/global/networks/uporto-cd-vpc-us-south1",
                "network_ip": "10.2.0.2",
                "nic_type": "",
                "queue_count": 0,
                "stack_type": "IPV4_ONLY",
                "subnetwork": "https://www.googleapis.com/compute/v1/projects/uporto-cd/regions/us-south1/subnetworks/uporto-cd-subnet-us-south1",
                "subnetwork_project": "uporto-cd"
              }
            ],
            "network_performance_config": [],
            "params": [],
            "project": "uporto-cd",
            "reservation_affinity": [],
            "resource_policies": null,
            "scheduling": [
              {
                "automatic_restart": true,
                "instance_termination_action": "",
                "local_ssd_recovery_timeout": [],
                "min_node_cpus": 0,
                "node_affinities": [],
                "on_host_maintenance": "MIGRATE",
                "preemptible": false,
                "provisioning_model": "STANDARD"
              }
            ],
            "scratch_disk": [],
            "self_link": "https://www.googleapis.com/compute/v1/projects/uporto-cd/zones/us-south1-a/instances/uporto-cd-bastion-us-south1",
            "service_account": [
              {
                "email": "313506890289-compute@developer.gserviceaccount.com",
                "scopes": [
                  "https://www.googleapis.com/auth/cloud-platform"
                ]
              }
            ],
            "shielded_instance_config": [
              {
                "enable_integrity_monitoring": true,
                "enable_secure_boot": false,
                "enable_vtpm": true
              }
            ],
            "tags": [
              "bastion-host",
              "uporto-cd-bastion-us-south1"
            ],
            "tags_fingerprint": "XF5ijnNQi5o=",
            "timeouts": null,
            "zone": "us-south1-a"
          },
          "sensitive_attributes": [
            [
              {
                "type": "get_attr",
                "value": "boot_disk"
              },
              {
                "type": "index",
                "value": {
                  "value": 0,
                  "type": "number"
                }
              },
              {
                "type": "get_attr",
                "value": "disk_encryption_key_raw"
              }
            ]
          ],
          "private": "eyJlMmJmYjczMC1lY2FhLTExZTYtOGY4OC0zNDM2M2JjN2M0YzAiOnsiY3JlYXRlIjoxMjAwMDAwMDAwMDAwLCJkZWxldGUiOjEyMDAwMDAwMDAwMDAsInVwZGF0ZSI6MTIwMDAwMDAwMDAwMH0sInNjaGVtYV92ZXJzaW9uIjoiNiJ9",
          "dependencies": [
            "module.bastion.google_project_service.compute_api",
            "module.network.google_compute_firewall.allow_egress_to_admin",
            "module.network.google_compute_firewall.allow_from_admin",
            "module.network.google_compute_firewall.allow_internal",
            "module.network.google_compute_firewall.allow_internet_egress",
            "module.network.google_compute_firewall.block_inter_region",
            "module.network.google_compute_network.vpc",
            "module.network.google_compute_router.router",
            "module.network.google_compute_router_nat.nat",
            "module.network.google_compute_subnetwork.subnet"
          ]
        }
      ]
    },
    {
      "module": "module.bastion[\"us-south1\"]",
      "mode": "managed",
      "type": "google_project_service",
      "name": "compute_api",
      "provider": "provider[\"registry.terraform.io/hashicorp/google\"]",
      "instances": [
        {
          "schema_version": 0,
          "attributes": {
            "disable_dependent_services": null,
            "disable_on_destroy": false,
            "id": "uporto-cd/compute.googleapis.com",
            "project": "uporto-cd",
            "service": "compute.googleapis.com",
            "timeouts": null
          },
          "sensitive_attributes": [],
          "private": "eyJlMmJmYjczMC1lY2FhLTExZTYtOGY4OC0zNDM2M2JjN2M0YzAiOnsiY3JlYXRlIjoxMjAwMDAwMDAwMDAwLCJkZWxldGUiOjEyMDAwMDAwMDAwMDAsInJlYWQiOjYwMDAwMDAwMDAwMCwidXBkYXRlIjoxMjAwMDAwMDAwMDAwfX0="
        }
      ]
    },
    {
      "module": "module.gke_cold[\"asia-southeast1\"]",
      "mode": "managed",
      "type": "google_container_cluster",
      "name": "cluster",
      "provider": "provider[\"registry.terraform.io/hashicorp/google\"]",
      "instances": []
    },
    {
      "module": "module.gke_cold[\"asia-southeast1\"]",
      "mode": "managed",
      "type": "google_project_service",
      "name": "compute_api",
      "provider": "provider[\"registry.terraform.io/hashicorp/google\"]",
      "instances": [
        {
          "schema_version": 0,
          "attributes": {
            "disable_dependent_services": null,
            "disable_on_destroy": false,
            "id": "uporto-cd/compute.googleapis.com",
            "project": "uporto-cd",
            "service": "compute.googleapis.com",
            "timeouts": null
          },
          "sensitive_attributes": [],
          "private": "eyJlMmJmYjczMC1lY2FhLTExZTYtOGY4OC0zNDM2M2JjN2M0YzAiOnsiY3JlYXRlIjoxMjAwMDAwMDAwMDAwLCJkZWxldGUiOjEyMDAwMDAwMDAwMDAsInJlYWQiOjYwMDAwMDAwMDAwMCwidXBkYXRlIjoxMjAwMDAwMDAwMDAwfX0="
        }
      ]
    },
    {
      "module": "module.gke_cold[\"asia-southeast1\"]",
      "mode": "managed",
      "type": "google_project_service",
      "name": "container_api",
      "provider": "provider[\"registry.terraform.io/hashicorp/google\"]",
      "instances": [
        {
          "schema_version": 0,
          "attributes": {
            "disable_dependent_services": null,
            "disable_on_destroy": false,
            "id": "uporto-cd/container.googleapis.com",
            "project": "uporto-cd",
            "service": "container.googleapis.com",
            "timeouts": null
          },
          "sensitive_attributes": [],
          "private": "eyJlMmJmYjczMC1lY2FhLTExZTYtOGY4OC0zNDM2M2JjN2M0YzAiOnsiY3JlYXRlIjoxMjAwMDAwMDAwMDAwLCJkZWxldGUiOjEyMDAwMDAwMDAwMDAsInJlYWQiOjYwMDAwMDAwMDAwMCwidXBkYXRlIjoxMjAwMDAwMDAwMDAwfX0="
        }
      ]
    },
    {
      "module": "module.gke_hot[\"europe-west2\"]",
      "mode": "managed",
      "type": "google_container_cluster",
      "name": "cluster",
      "provider": "provider[\"registry.terraform.io/hashicorp/google\"]",
      "instances": []
    },
    {
      "module": "module.gke_hot[\"europe-west2\"]",
      "mode": "managed",
      "type": "google_project_service",
      "name": "compute_api",
      "provider": "provider[\"registry.terraform.io/hashicorp/google\"]",
      "instances": [
        {
          "schema_version": 0,
          "attributes": {
            "disable_dependent_services": null,
            "disable_on_destroy": false,
            "id": "uporto-cd/compute.googleapis.com",
            "project": "uporto-cd",
            "service": "compute.googleapis.com",
            "timeouts": null
          },
          "sensitive_attributes": [],
          "private": "eyJlMmJmYjczMC1lY2FhLTExZTYtOGY4OC0zNDM2M2JjN2M0YzAiOnsiY3JlYXRlIjoxMjAwMDAwMDAwMDAwLCJkZWxldGUiOjEyMDAwMDAwMDAwMDAsInJlYWQiOjYwMDAwMDAwMDAwMCwidXBkYXRlIjoxMjAwMDAwMDAwMDAwfX0="
        }
      ]
    },
    {
      "module": "module.gke_hot[\"europe-west2\"]",
      "mode": "managed",
      "type": "google_project_service",
      "name": "container_api",
      "provider": "provider[\"registry.terraform.io/hashicorp/google\"]",
      "instances": [
        {
          "schema_version": 0,
          "attributes": {
            "disable_dependent_services": null,
            "disable_on_destroy": false,
            "id": "uporto-cd/container.googleapis.com",
            "project": "uporto-cd",
            "service": "container.googleapis.com",
            "timeouts": null
          },
          "sensitive_attributes": [],
          "private": "eyJlMmJmYjczMC1lY2FhLTExZTYtOGY4OC0zNDM2M2JjN2M0YzAiOnsiY3JlYXRlIjoxMjAwMDAwMDAwMDAwLCJkZWxldGUiOjEyMDAwMDAwMDAwMDAsInJlYWQiOjYwMDAwMDAwMDAwMCwidXBkYXRlIjoxMjAwMDAwMDAwMDAwfX0="
        }
      ]
    },
    {
      "module": "module.gke_hot[\"us-south1\"]",
      "mode": "managed",
      "type": "google_container_cluster",
      "name": "cluster",
      "provider": "provider[\"registry.terraform.io/hashicorp/google\"]",
      "instances": []
    },
    {
      "module": "module.gke_hot[\"us-south1\"]",
      "mode": "managed",
      "type": "google_project_service",
      "name": "compute_api",
      "provider": "provider[\"registry.terraform.io/hashicorp/google\"]",
      "instances": [
        {
          "schema_version": 0,
          "attributes": {
            "disable_dependent_services": null,
            "disable_on_destroy": false,
            "id": "uporto-cd/compute.googleapis.com",
            "project": "uporto-cd",
            "service": "compute.googleapis.com",
            "timeouts": null
          },
          "sensitive_attributes": [],
          "private": "eyJlMmJmYjczMC1lY2FhLTExZTYtOGY4OC0zNDM2M2JjN2M0YzAiOnsiY3JlYXRlIjoxMjAwMDAwMDAwMDAwLCJkZWxldGUiOjEyMDAwMDAwMDAwMDAsInJlYWQiOjYwMDAwMDAwMDAwMCwidXBkYXRlIjoxMjAwMDAwMDAwMDAwfX0="
        }
      ]
    },
    {
      "module": "module.gke_hot[\"us-south1\"]",
      "mode": "managed",
      "type": "google_project_service",
      "name": "container_api",
      "provider": "provider[\"registry.terraform.io/hashicorp/google\"]",
      "instances": [
        {
          "schema_version": 0,
          "attributes": {
            "disable_dependent_services": null,
            "disable_on_destroy": false,
            "id": "uporto-cd/container.googleapis.com",
            "project": "uporto-cd",
            "service": "container.googleapis.com",
            "timeouts": null
          },
          "sensitive_attributes": [],
          "private": "eyJlMmJmYjczMC1lY2FhLTExZTYtOGY4OC0zNDM2M2JjN2M0YzAiOnsiY3JlYXRlIjoxMjAwMDAwMDAwMDAwLCJkZWxldGUiOjEyMDAwMDAwMDAwMDAsInJlYWQiOjYwMDAwMDAwMDAwMCwidXBkYXRlIjoxMjAwMDAwMDAwMDAwfX0="
        }
      ]
    },
    {
      "module": "module.loadbalancer",
      "mode": "managed",
      "type": "google_compute_backend_service",
      "name": "default",
      "provider": "provider[\"registry.terraform.io/hashicorp/google\"]",
      "instances": [
        {
          "schema_version": 1,
          "attributes": {
            "affinity_cookie_ttl_sec": 0,
            "backend": [],
            "cdn_policy": [],
            "circuit_breakers": [],
            "compression_mode": "",
            "connection_draining_timeout_sec": 60,
            "consistent_hash": [],
            "creation_timestamp": "2025-05-28T04:54:54.869-07:00",
            "custom_request_headers": null,
            "custom_response_headers": null,
            "description": "Backend service for streaming servers",
            "edge_security_policy": "",
            "enable_cdn": false,
            "fingerprint": "ANSdBkqZR4A=",
            "generated_id": 8556715166217750369,
            "health_checks": [
              "projects/uporto-cd/global/healthChecks/uporto-cd-health-check"
            ],
            "iap": [],
            "id": "projects/uporto-cd/global/backendServices/uporto-cd-backend-service",
            "load_balancing_scheme": "EXTERNAL",
            "locality_lb_policies": [],
            "locality_lb_policy": "",
            "log_config": [
              {
                "enable": true,
                "sample_rate": 1
              }
            ],
            "name": "uporto-cd-backend-service",
            "outlier_detection": [],
            "port_name": "http",
            "project": "uporto-cd",
            "protocol": "HTTP",
            "security_policy": "",
            "security_settings": [],
            "self_link": "https://www.googleapis.com/compute/v1/projects/uporto-cd/global/backendServices/uporto-cd-backend-service",
            "session_affinity": "NONE",
            "timeout_sec": 60,
            "timeouts": null
          },
          "sensitive_attributes": [],
          "private": "eyJlMmJmYjczMC1lY2FhLTExZTYtOGY4OC0zNDM2M2JjN2M0YzAiOnsiY3JlYXRlIjoxMjAwMDAwMDAwMDAwLCJkZWxldGUiOjEyMDAwMDAwMDAwMDAsInVwZGF0ZSI6MTIwMDAwMDAwMDAwMH0sInNjaGVtYV92ZXJzaW9uIjoiMSJ9",
          "dependencies": [
            "module.loadbalancer.google_compute_health_check.default"
          ]
        }
      ]
    },
    {
      "module": "module.loadbalancer",
      "mode": "managed",
      "type": "google_compute_global_address",
      "name": "lb_ip",
      "provider": "provider[\"registry.terraform.io/hashicorp/google\"]",
      "instances": [
        {
          "schema_version": 0,
          "attributes": {
            "address": "34.54.254.248",
            "address_type": "EXTERNAL",
            "creation_timestamp": "2025-05-28T04:54:32.233-07:00",
            "description": "Global IP for uporto-cd load balancer",
            "id": "projects/uporto-cd/global/addresses/uporto-cd-global-ip",
            "ip_version": "",
            "name": "uporto-cd-global-ip",
            "network": "",
            "prefix_length": 0,
            "project": "uporto-cd",
            "purpose": "",
            "self_link": "https://www.googleapis.com/compute/v1/projects/uporto-cd/global/addresses/uporto-cd-global-ip",
            "timeouts": null
          },
          "sensitive_attributes": [],
          "private": "eyJlMmJmYjczMC1lY2FhLTExZTYtOGY4OC0zNDM2M2JjN2M0YzAiOnsiY3JlYXRlIjoxMjAwMDAwMDAwMDAwLCJkZWxldGUiOjEyMDAwMDAwMDAwMDB9fQ==",
          "dependencies": [
            "module.loadbalancer.google_project_service.compute_api"
          ]
        }
      ]
    },
    {
      "module": "module.loadbalancer",
      "mode": "managed",
      "type": "google_compute_global_forwarding_rule",
      "name": "http",
      "provider": "provider[\"registry.terraform.io/hashicorp/google\"]",
      "instances": [
        {
          "schema_version": 0,
          "attributes": {
            "base_forwarding_rule": "",
            "description": "",
            "id": "projects/uporto-cd/global/forwardingRules/uporto-cd-http-rule",
            "ip_address": "34.54.254.248",
            "ip_protocol": "TCP",
            "ip_version": "",
            "label_fingerprint": "42WmSpB8rSM=",
            "labels": null,
            "load_balancing_scheme": "EXTERNAL",
            "metadata_filters": [],
            "name": "uporto-cd-http-rule",
            "network": "",
            "no_automate_dns_zone": null,
            "port_range": "80-80",
            "project": "uporto-cd",
            "psc_connection_id": "",
            "psc_connection_status": "",
            "self_link": "https://www.googleapis.com/compute/v1/projects/uporto-cd/global/forwardingRules/uporto-cd-http-rule",
            "source_ip_ranges": null,
            "subnetwork": "",
            "target": "https://www.googleapis.com/compute/v1/projects/uporto-cd/global/targetHttpProxies/uporto-cd-http-proxy",
            "timeouts": null
          },
          "sensitive_attributes": [],
          "private": "eyJlMmJmYjczMC1lY2FhLTExZTYtOGY4OC0zNDM2M2JjN2M0YzAiOnsiY3JlYXRlIjoxMjAwMDAwMDAwMDAwLCJkZWxldGUiOjEyMDAwMDAwMDAwMDAsInVwZGF0ZSI6MTIwMDAwMDAwMDAwMH19",
          "dependencies": [
            "module.loadbalancer.google_compute_backend_service.default",
            "module.loadbalancer.google_compute_global_address.lb_ip",
            "module.loadbalancer.google_compute_health_check.default",
            "module.loadbalancer.google_compute_target_http_proxy.default",
            "module.loadbalancer.google_compute_url_map.default",
            "module.loadbalancer.google_project_service.compute_api"
          ]
        }
      ]
    },
    {
      "module": "module.loadbalancer",
      "mode": "managed",
      "type": "google_compute_global_forwarding_rule",
      "name": "https",
      "provider": "provider[\"registry.terraform.io/hashicorp/google\"]",
      "instances": [
        {
          "index_key": 0,
          "schema_version": 0,
          "attributes": {
            "base_forwarding_rule": "",
            "description": "",
            "id": "projects/uporto-cd/global/forwardingRules/uporto-cd-https-rule",
            "ip_address": "34.54.254.248",
            "ip_protocol": "TCP",
            "ip_version": "",
            "label_fingerprint": "42WmSpB8rSM=",
            "labels": null,
            "load_balancing_scheme": "EXTERNAL",
            "metadata_filters": [],
            "name": "uporto-cd-https-rule",
            "network": "",
            "no_automate_dns_zone": null,
            "port_range": "443-443",
            "project": "uporto-cd",
            "psc_connection_id": "",
            "psc_connection_status": "",
            "self_link": "https://www.googleapis.com/compute/v1/projects/uporto-cd/global/forwardingRules/uporto-cd-https-rule",
            "source_ip_ranges": null,
            "subnetwork": "",
            "target": "https://www.googleapis.com/compute/v1/projects/uporto-cd/global/targetHttpsProxies/uporto-cd-https-proxy",
            "timeouts": null
          },
          "sensitive_attributes": [],
          "private": "eyJlMmJmYjczMC1lY2FhLTExZTYtOGY4OC0zNDM2M2JjN2M0YzAiOnsiY3JlYXRlIjoxMjAwMDAwMDAwMDAwLCJkZWxldGUiOjEyMDAwMDAwMDAwMDAsInVwZGF0ZSI6MTIwMDAwMDAwMDAwMH19",
          "dependencies": [
            "module.loadbalancer.google_compute_backend_service.default",
            "module.loadbalancer.google_compute_global_address.lb_ip",
            "module.loadbalancer.google_compute_health_check.default",
            "module.loadbalancer.google_compute_managed_ssl_certificate.default",
            "module.loadbalancer.google_compute_target_https_proxy.default",
            "module.loadbalancer.google_compute_url_map.default",
            "module.loadbalancer.google_project_service.compute_api"
          ]
        }
      ]
    },
    {
      "module": "module.loadbalancer",
      "mode": "managed",
      "type": "google_compute_health_check",
      "name": "default",
      "provider": "provider[\"registry.terraform.io/hashicorp/google\"]",
      "instances": [
        {
          "schema_version": 0,
          "attributes": {
            "check_interval_sec": 10,
            "creation_timestamp": "2025-05-28T04:54:35.308-07:00",
            "description": "Health check for streaming servers",
            "grpc_health_check": [],
            "healthy_threshold": 2,
            "http2_health_check": [],
            "http_health_check": [
              {
                "host": "",
                "port": 80,
                "port_name": "",
                "port_specification": "",
                "proxy_header": "NONE",
                "request_path": "/health",
                "response": ""
              }
            ],
            "https_health_check": [],
            "id": "projects/uporto-cd/global/healthChecks/uporto-cd-health-check",
            "log_config": [
              {
                "enable": false
              }
            ],
            "name": "uporto-cd-health-check",
            "project": "uporto-cd",
            "self_link": "https://www.googleapis.com/compute/v1/projects/uporto-cd/global/healthChecks/uporto-cd-health-check",
            "ssl_health_check": [],
            "tcp_health_check": [],
            "timeout_sec": 5,
            "timeouts": null,
            "type": "HTTP",
            "unhealthy_threshold": 3
          },
          "sensitive_attributes": [],
          "private": "eyJlMmJmYjczMC1lY2FhLTExZTYtOGY4OC0zNDM2M2JjN2M0YzAiOnsiY3JlYXRlIjoxMjAwMDAwMDAwMDAwLCJkZWxldGUiOjEyMDAwMDAwMDAwMDAsInVwZGF0ZSI6MTIwMDAwMDAwMDAwMH19"
        }
      ]
    },
    {
      "module": "module.loadbalancer",
      "mode": "managed",
      "type": "google_compute_managed_ssl_certificate",
      "name": "default",
      "provider": "provider[\"registry.terraform.io/hashicorp/google\"]",
      "instances": [
        {
          "index_key": 0,
          "schema_version": 0,
          "attributes": {
            "certificate_id": 1116728681555511150,
            "creation_timestamp": "2025-05-28T04:54:41.301-07:00",
            "description": "",
            "expire_time": "",
            "id": "projects/uporto-cd/global/sslCertificates/uporto-cd-ssl-cert",
            "managed": [
              {
                "domains": [
                  "adm-cdn.pt",
                  "www.adm-cdn.pt"
                ]
              }
            ],
            "name": "uporto-cd-ssl-cert",
            "project": "uporto-cd",
            "self_link": "https://www.googleapis.com/compute/v1/projects/uporto-cd/global/sslCertificates/uporto-cd-ssl-cert",
            "subject_alternative_names": [],
            "timeouts": {
              "create": "30m",
              "delete": "10m"
            },
            "type": "MANAGED"
          },
          "sensitive_attributes": [],
          "private": "eyJlMmJmYjczMC1lY2FhLTExZTYtOGY4OC0zNDM2M2JjN2M0YzAiOnsiY3JlYXRlIjoxODAwMDAwMDAwMDAwLCJkZWxldGUiOjYwMDAwMDAwMDAwMH19",
          "create_before_destroy": true
        }
      ]
    },
    {
      "module": "module.loadbalancer",
      "mode": "managed",
      "type": "google_compute_ssl_policy",
      "name": "modern",
      "provider": "provider[\"registry.terraform.io/hashicorp/google\"]",
      "instances": [
        {
          "index_key": 0,
          "schema_version": 0,
          "attributes": {
            "creation_timestamp": "2025-05-28T04:54:41.202-07:00",
            "custom_features": null,
            "description": "",
            "enabled_features": [
              "TLS_ECDHE_ECDSA_WITH_AES_128_CBC_SHA",
              "TLS_ECDHE_ECDSA_WITH_AES_128_GCM_SHA256",
              "TLS_ECDHE_ECDSA_WITH_AES_256_CBC_SHA",
              "TLS_ECDHE_ECDSA_WITH_AES_256_GCM_SHA384",
              "TLS_ECDHE_ECDSA_WITH_CHACHA20_POLY1305_SHA256",
              "TLS_ECDHE_RSA_WITH_AES_128_CBC_SHA",
              "TLS_ECDHE_RSA_WITH_AES_128_GCM_SHA256",
              "TLS_ECDHE_RSA_WITH_AES_256_CBC_SHA",
              "TLS_ECDHE_RSA_WITH_AES_256_GCM_SHA384",
              "TLS_ECDHE_RSA_WITH_CHACHA20_POLY1305_SHA256"
            ],
            "fingerprint": "C1a273SpEvg=",
            "id": "projects/uporto-cd/global/sslPolicies/uporto-cd-ssl-policy",
            "min_tls_version": "TLS_1_2",
            "name": "uporto-cd-ssl-policy",
            "profile": "MODERN",
            "project": "uporto-cd",
            "self_link": "https://www.googleapis.com/compute/v1/projects/uporto-cd/global/sslPolicies/uporto-cd-ssl-policy",
            "timeouts": null
          },
          "sensitive_attributes": [],
          "private": "eyJlMmJmYjczMC1lY2FhLTExZTYtOGY4OC0zNDM2M2JjN2M0YzAiOnsiY3JlYXRlIjoxMjAwMDAwMDAwMDAwLCJkZWxldGUiOjEyMDAwMDAwMDAwMDAsInVwZGF0ZSI6MTIwMDAwMDAwMDAwMH19"
        }
      ]
    },
    {
      "module": "module.loadbalancer",
      "mode": "managed",
      "type": "google_compute_target_http_proxy",
      "name": "default",
      "provider": "provider[\"registry.terraform.io/hashicorp/google\"]",
      "instances": [
        {
          "schema_version": 0,
          "attributes": {
            "creation_timestamp": "2025-05-28T04:55:39.443-07:00",
            "description": "",
            "http_keep_alive_timeout_sec": 0,
            "id": "projects/uporto-cd/global/targetHttpProxies/uporto-cd-http-proxy",
            "name": "uporto-cd-http-proxy",
            "project": "uporto-cd",
            "proxy_bind": false,
            "proxy_id": 5968605055180031828,
            "self_link": "https://www.googleapis.com/compute/v1/projects/uporto-cd/global/targetHttpProxies/uporto-cd-http-proxy",
            "timeouts": null,
            "url_map": "https://www.googleapis.com/compute/v1/projects/uporto-cd/global/urlMaps/uporto-cd-url-map"
          },
          "sensitive_attributes": [],
          "private": "eyJlMmJmYjczMC1lY2FhLTExZTYtOGY4OC0zNDM2M2JjN2M0YzAiOnsiY3JlYXRlIjoxMjAwMDAwMDAwMDAwLCJkZWxldGUiOjEyMDAwMDAwMDAwMDAsInVwZGF0ZSI6MTIwMDAwMDAwMDAwMH19",
          "dependencies": [
            "module.loadbalancer.google_compute_backend_service.default",
            "module.loadbalancer.google_compute_health_check.default",
            "module.loadbalancer.google_compute_url_map.default"
          ]
        }
      ]
    },
    {
      "module": "module.loadbalancer",
      "mode": "managed",
      "type": "google_compute_target_https_proxy",
      "name": "default",
      "provider": "provider[\"registry.terraform.io/hashicorp/google\"]",
      "instances": [
        {
          "index_key": 0,
          "schema_version": 0,
          "attributes": {
            "certificate_map": "",
            "creation_timestamp": "2025-05-28T04:55:39.962-07:00",
            "description": "",
            "http_keep_alive_timeout_sec": 0,
            "id": "projects/uporto-cd/global/targetHttpsProxies/uporto-cd-https-proxy",
            "name": "uporto-cd-https-proxy",
            "project": "uporto-cd",
            "proxy_bind": false,
            "proxy_id": 6551076755948128084,
            "quic_override": "NONE",
            "self_link": "https://www.googleapis.com/compute/v1/projects/uporto-cd/global/targetHttpsProxies/uporto-cd-https-proxy",
            "server_tls_policy": "",
            "ssl_certificates": [
              "https://www.googleapis.com/compute/v1/projects/uporto-cd/global/sslCertificates/uporto-cd-ssl-cert"
            ],
            "ssl_policy": "",
            "timeouts": null,
            "url_map": "https://www.googleapis.com/compute/v1/projects/uporto-cd/global/urlMaps/uporto-cd-url-map"
          },
          "sensitive_attributes": [],
          "private": "eyJlMmJmYjczMC1lY2FhLTExZTYtOGY4OC0zNDM2M2JjN2M0YzAiOnsiY3JlYXRlIjoxMjAwMDAwMDAwMDAwLCJkZWxldGUiOjEyMDAwMDAwMDAwMDAsInVwZGF0ZSI6MTIwMDAwMDAwMDAwMH19",
          "dependencies": [
            "module.loadbalancer.google_compute_backend_service.default",
            "module.loadbalancer.google_compute_health_check.default",
            "module.loadbalancer.google_compute_managed_ssl_certificate.default",
            "module.loadbalancer.google_compute_url_map.default"
          ]
        }
      ]
    },
    {
      "module": "module.loadbalancer",
      "mode": "managed",
      "type": "google_compute_url_map",
      "name": "default",
      "provider": "provider[\"registry.terraform.io/hashicorp/google\"]",
      "instances": [
        {
          "schema_version": 0,
          "attributes": {
            "creation_timestamp": "2025-05-28T04:55:26.676-07:00",
            "default_route_action": [],
            "default_service": "https://www.googleapis.com/compute/v1/projects/uporto-cd/global/backendServices/uporto-cd-backend-service",
            "default_url_redirect": [],
            "description": "URL map for uporto-cd with automatic geo-based routing",
            "fingerprint": "QQfb04vNXS0=",
            "header_action": [],
            "host_rule": [],
            "id": "projects/uporto-cd/global/urlMaps/uporto-cd-url-map",
            "map_id": 4944022383172994881,
            "name": "uporto-cd-url-map",
            "path_matcher": [],
            "project": "uporto-cd",
            "self_link": "https://www.googleapis.com/compute/v1/projects/uporto-cd/global/urlMaps/uporto-cd-url-map",
            "test": [],
            "timeouts": null
          },
          "sensitive_attributes": [],
          "private": "eyJlMmJmYjczMC1lY2FhLTExZTYtOGY4OC0zNDM2M2JjN2M0YzAiOnsiY3JlYXRlIjoxMjAwMDAwMDAwMDAwLCJkZWxldGUiOjEyMDAwMDAwMDAwMDAsInVwZGF0ZSI6MTIwMDAwMDAwMDAwMH19",
          "dependencies": [
            "module.loadbalancer.google_compute_backend_service.default",
            "module.loadbalancer.google_compute_health_check.default"
          ]
        }
      ]
    },
    {
      "module": "module.loadbalancer",
      "mode": "managed",
      "type": "google_dns_managed_zone",
      "name": "default",
      "provider": "provider[\"registry.terraform.io/hashicorp/google\"]",
      "instances": [
        {
          "index_key": 0,
          "schema_version": 0,
          "attributes": {
            "cloud_logging_config": [
              {
                "enable_logging": false
              }
            ],
            "creation_time": "2025-05-28T11:54:44.840Z",
            "description": "DNS zone for uporto-cd",
            "dns_name": "adm-cdn.pt.",
            "dnssec_config": [
              {
                "default_key_specs": [
                  {
                    "algorithm": "rsasha256",
                    "key_length": 2048,
                    "key_type": "keySigning",
                    "kind": "dns#dnsKeySpec"
                  },
                  {
                    "algorithm": "rsasha256",
                    "key_length": 1024,
                    "key_type": "zoneSigning",
                    "kind": "dns#dnsKeySpec"
                  }
                ],
                "kind": "dns#managedZoneDnsSecConfig",
                "non_existence": "nsec3",
                "state": "on"
              }
            ],
            "force_destroy": false,
            "forwarding_config": [],
            "id": "projects/uporto-cd/managedZones/uporto-cd-zone",
            "labels": null,
            "managed_zone_id": 3078695605761886507,
            "name": "uporto-cd-zone",
            "name_servers": [
              "ns-cloud-c1.googledomains.com.",
              "ns-cloud-c2.googledomains.com.",
              "ns-cloud-c3.googledomains.com.",
              "ns-cloud-c4.googledomains.com."
            ],
            "peering_config": [],
            "private_visibility_config": [],
            "project": "uporto-cd",
            "timeouts": null,
            "visibility": "public"
          },
          "sensitive_attributes": [],
          "private": "eyJlMmJmYjczMC1lY2FhLTExZTYtOGY4OC0zNDM2M2JjN2M0YzAiOnsiY3JlYXRlIjoxMjAwMDAwMDAwMDAwLCJkZWxldGUiOjEyMDAwMDAwMDAwMDAsInVwZGF0ZSI6MTIwMDAwMDAwMDAwMH19",
          "dependencies": [
            "module.loadbalancer.google_project_service.dns_api"
          ]
        }
      ]
    },
    {
      "module": "module.loadbalancer",
      "mode": "managed",
      "type": "google_dns_record_set",
      "name": "caa",
      "provider": "provider[\"registry.terraform.io/hashicorp/google\"]",
      "instances": [
        {
          "index_key": 0,
          "schema_version": 0,
          "attributes": {
            "id": "projects/uporto-cd/managedZones/uporto-cd-zone/rrsets/adm-cdn.pt./CAA",
            "managed_zone": "uporto-cd-zone",
            "name": "adm-cdn.pt.",
            "project": "uporto-cd",
            "routing_policy": [],
            "rrdatas": [
              "0 issue \"pki.goog\"",
              "0 issue \"letsencrypt.org\"",
              "0 iodef \"mailto:admin@adm-cdn.pt\""
            ],
            "ttl": 3600,
            "type": "CAA"
          },
          "sensitive_attributes": [],
          "private": "bnVsbA==",
          "dependencies": [
            "module.loadbalancer.google_dns_managed_zone.default",
            "module.loadbalancer.google_project_service.dns_api"
          ]
        }
      ]
    },
    {
      "module": "module.loadbalancer",
      "mode": "managed",
      "type": "google_dns_record_set",
      "name": "root",
      "provider": "provider[\"registry.terraform.io/hashicorp/google\"]",
      "instances": [
        {
          "index_key": 0,
          "schema_version": 0,
          "attributes": {
            "id": "projects/uporto-cd/managedZones/uporto-cd-zone/rrsets/adm-cdn.pt./A",
            "managed_zone": "uporto-cd-zone",
            "name": "adm-cdn.pt.",
            "project": "uporto-cd",
            "routing_policy": [],
            "rrdatas": [
              "34.54.254.248"
            ],
            "ttl": 300,
            "type": "A"
          },
          "sensitive_attributes": [],
          "private": "bnVsbA==",
          "dependencies": [
            "module.loadbalancer.google_compute_global_address.lb_ip",
            "module.loadbalancer.google_dns_managed_zone.default",
            "module.loadbalancer.google_project_service.compute_api",
            "module.loadbalancer.google_project_service.dns_api"
          ]
        }
      ]
    },
    {
      "module": "module.loadbalancer",
      "mode": "managed",
      "type": "google_dns_record_set",
      "name": "www",
      "provider": "provider[\"registry.terraform.io/hashicorp/google\"]",
      "instances": [
        {
          "index_key": 0,
          "schema_version": 0,
          "attributes": {
            "id": "projects/uporto-cd/managedZones/uporto-cd-zone/rrsets/www.adm-cdn.pt./A",
            "managed_zone": "uporto-cd-zone",
            "name": "www.adm-cdn.pt.",
            "project": "uporto-cd",
            "routing_policy": [],
            "rrdatas": [
              "34.54.254.248"
            ],
            "ttl": 300,
            "type": "A"
          },
          "sensitive_attributes": [],
          "private": "bnVsbA==",
          "dependencies": [
            "module.loadbalancer.google_compute_global_address.lb_ip",
            "module.loadbalancer.google_dns_managed_zone.default",
            "module.loadbalancer.google_project_service.compute_api",
            "module.loadbalancer.google_project_service.dns_api"
          ]
        }
      ]
    },
    {
      "module": "module.loadbalancer",
      "mode": "managed",
      "type": "google_project_service",
      "name": "compute_api",
      "provider": "provider[\"registry.terraform.io/hashicorp/google\"]",
      "instances": [
        {
          "schema_version": 0,
          "attributes": {
            "disable_dependent_services": null,
            "disable_on_destroy": false,
            "id": "uporto-cd/compute.googleapis.com",
            "project": "uporto-cd",
            "service": "compute.googleapis.com",
            "timeouts": null
          },
          "sensitive_attributes": [],
          "private": "eyJlMmJmYjczMC1lY2FhLTExZTYtOGY4OC0zNDM2M2JjN2M0YzAiOnsiY3JlYXRlIjoxMjAwMDAwMDAwMDAwLCJkZWxldGUiOjEyMDAwMDAwMDAwMDAsInJlYWQiOjYwMDAwMDAwMDAwMCwidXBkYXRlIjoxMjAwMDAwMDAwMDAwfX0="
        }
      ]
    },
    {
      "module": "module.loadbalancer",
      "mode": "managed",
      "type": "google_project_service",
      "name": "dns_api",
      "provider": "provider[\"registry.terraform.io/hashicorp/google\"]",
      "instances": [
        {
          "schema_version": 0,
          "attributes": {
            "disable_dependent_services": null,
            "disable_on_destroy": false,
            "id": "uporto-cd/dns.googleapis.com",
            "project": "uporto-cd",
            "service": "dns.googleapis.com",
            "timeouts": null
          },
          "sensitive_attributes": [],
          "private": "eyJlMmJmYjczMC1lY2FhLTExZTYtOGY4OC0zNDM2M2JjN2M0YzAiOnsiY3JlYXRlIjoxMjAwMDAwMDAwMDAwLCJkZWxldGUiOjEyMDAwMDAwMDAwMDAsInJlYWQiOjYwMDAwMDAwMDAwMCwidXBkYXRlIjoxMjAwMDAwMDAwMDAwfX0="
        }
      ]
    },
    {
      "module": "module.network[\"asia-southeast1\"]",
      "mode": "managed",
      "type": "google_compute_firewall",
      "name": "allow_egress_to_admin",
      "provider": "provider[\"registry.terraform.io/hashicorp/google\"]",
      "instances": [
        {
          "schema_version": 1,
          "attributes": {
            "allow": [
              {
                "ports": [],
                "protocol": "tcp"
              }
            ],
            "creation_timestamp": "2025-05-28T04:55:05.153-07:00",
            "deny": [],
            "description": "",
            "destination_ranges": [
              "10.250.0.0/24"
            ],
            "direction": "EGRESS",
            "disabled": false,
            "enable_logging": null,
            "id": "projects/uporto-cd/global/firewalls/uporto-cd-allow-egress-to-admin-asia-southeast1",
            "log_config": [],
            "name": "uporto-cd-allow-egress-to-admin-asia-southeast1",
            "network": "https://www.googleapis.com/compute/v1/projects/uporto-cd/global/networks/uporto-cd-vpc-asia-southeast1",
            "priority": 1000,
            "project": "uporto-cd",
            "self_link": "https://www.googleapis.com/compute/v1/projects/uporto-cd/global/firewalls/uporto-cd-allow-egress-to-admin-asia-southeast1",
            "source_ranges": null,
            "source_service_accounts": null,
            "source_tags": null,
            "target_service_accounts": null,
            "target_tags": null,
            "timeouts": null
          },
          "sensitive_attributes": [],
          "private": "eyJlMmJmYjczMC1lY2FhLTExZTYtOGY4OC0zNDM2M2JjN2M0YzAiOnsiY3JlYXRlIjoxMjAwMDAwMDAwMDAwLCJkZWxldGUiOjEyMDAwMDAwMDAwMDAsInVwZGF0ZSI6MTIwMDAwMDAwMDAwMH0sInNjaGVtYV92ZXJzaW9uIjoiMSJ9",
          "dependencies": [
            "module.network.google_compute_network.vpc"
          ]
        }
      ]
    },
    {
      "module": "module.network[\"asia-southeast1\"]",
      "mode": "managed",
      "type": "google_compute_firewall",
      "name": "allow_from_admin",
      "provider": "provider[\"registry.terraform.io/hashicorp/google\"]",
      "instances": [
        {
          "schema_version": 1,
          "attributes": {
            "allow": [
              {
                "ports": [],
                "protocol": "all"
              }
            ],
            "creation_timestamp": "2025-05-28T04:55:10.141-07:00",
            "deny": [],
            "description": "",
            "destination_ranges": [],
            "direction": "INGRESS",
            "disabled": false,
            "enable_logging": null,
            "id": "projects/uporto-cd/global/firewalls/uporto-cd-allow-from-admin-asia-southeast1",
            "log_config": [],
            "name": "uporto-cd-allow-from-admin-asia-southeast1",
            "network": "https://www.googleapis.com/compute/v1/projects/uporto-cd/global/networks/uporto-cd-vpc-asia-southeast1",
            "priority": 1000,
            "project": "uporto-cd",
            "self_link": "https://www.googleapis.com/compute/v1/projects/uporto-cd/global/firewalls/uporto-cd-allow-from-admin-asia-southeast1",
            "source_ranges": [
              "10.250.0.0/24"
            ],
            "source_service_accounts": null,
            "source_tags": null,
            "target_service_accounts": null,
            "target_tags": null,
            "timeouts": null
          },
          "sensitive_attributes": [],
          "private": "eyJlMmJmYjczMC1lY2FhLTExZTYtOGY4OC0zNDM2M2JjN2M0YzAiOnsiY3JlYXRlIjoxMjAwMDAwMDAwMDAwLCJkZWxldGUiOjEyMDAwMDAwMDAwMDAsInVwZGF0ZSI6MTIwMDAwMDAwMDAwMH0sInNjaGVtYV92ZXJzaW9uIjoiMSJ9",
          "dependencies": [
            "module.network.google_compute_network.vpc"
          ]
        }
      ]
    },
    {
      "module": "module.network[\"asia-southeast1\"]",
      "mode": "managed",
      "type": "google_compute_firewall",
      "name": "allow_internal",
      "provider": "provider[\"registry.terraform.io/hashicorp/google\"]",
      "instances": [
        {
          "schema_version": 1,
          "attributes": {
            "allow": [
              {
                "ports": [],
                "protocol": "all"
              }
            ],
            "creation_timestamp": "2025-05-28T04:55:42.249-07:00",
            "deny": [],
            "description": "",
            "destination_ranges": [],
            "direction": "INGRESS",
            "disabled": false,
            "enable_logging": null,
            "id": "projects/uporto-cd/global/firewalls/uporto-cd-allow-internal-asia-southeast1",
            "log_config": [],
            "name": "uporto-cd-allow-internal-asia-southeast1",
            "network": "https://www.googleapis.com/compute/v1/projects/uporto-cd/global/networks/uporto-cd-vpc-asia-southeast1",
            "priority": 1000,
            "project": "uporto-cd",
            "self_link": "https://www.googleapis.com/compute/v1/projects/uporto-cd/global/firewalls/uporto-cd-allow-internal-asia-southeast1",
            "source_ranges": [
              "10.3.0.0/20"
            ],
            "source_service_accounts": null,
            "source_tags": null,
            "target_service_accounts": null,
            "target_tags": null,
            "timeouts": null
          },
          "sensitive_attributes": [],
          "private": "eyJlMmJmYjczMC1lY2FhLTExZTYtOGY4OC0zNDM2M2JjN2M0YzAiOnsiY3JlYXRlIjoxMjAwMDAwMDAwMDAwLCJkZWxldGUiOjEyMDAwMDAwMDAwMDAsInVwZGF0ZSI6MTIwMDAwMDAwMDAwMH0sInNjaGVtYV92ZXJzaW9uIjoiMSJ9",
          "dependencies": [
            "module.network.google_compute_network.vpc",
            "module.network.google_compute_subnetwork.subnet"
          ]
        }
      ]
    },
    {
      "module": "module.network[\"asia-southeast1\"]",
      "mode": "managed",
      "type": "google_compute_firewall",
      "name": "allow_internet_egress",
      "provider": "provider[\"registry.terraform.io/hashicorp/google\"]",
      "instances": [
        {
          "schema_version": 1,
          "attributes": {
            "allow": [
              {
                "ports": [
                  "443",
                  "80"
                ],
                "protocol": "tcp"
              }
            ],
            "creation_timestamp": "2025-05-28T04:55:18.883-07:00",
            "deny": [],
            "description": "",
            "destination_ranges": [
              "0.0.0.0/0"
            ],
            "direction": "EGRESS",
            "disabled": false,
            "enable_logging": null,
            "id": "projects/uporto-cd/global/firewalls/uporto-cd-allow-internet-egress-asia-southeast1",
            "log_config": [],
            "name": "uporto-cd-allow-internet-egress-asia-southeast1",
            "network": "https://www.googleapis.com/compute/v1/projects/uporto-cd/global/networks/uporto-cd-vpc-asia-southeast1",
            "priority": 1000,
            "project": "uporto-cd",
            "self_link": "https://www.googleapis.com/compute/v1/projects/uporto-cd/global/firewalls/uporto-cd-allow-internet-egress-asia-southeast1",
            "source_ranges": null,
            "source_service_accounts": null,
            "source_tags": null,
            "target_service_accounts": null,
            "target_tags": null,
            "timeouts": null
          },
          "sensitive_attributes": [],
          "private": "eyJlMmJmYjczMC1lY2FhLTExZTYtOGY4OC0zNDM2M2JjN2M0YzAiOnsiY3JlYXRlIjoxMjAwMDAwMDAwMDAwLCJkZWxldGUiOjEyMDAwMDAwMDAwMDAsInVwZGF0ZSI6MTIwMDAwMDAwMDAwMH0sInNjaGVtYV92ZXJzaW9uIjoiMSJ9",
          "dependencies": [
            "module.network.google_compute_network.vpc"
          ]
        }
      ]
    },
    {
      "module": "module.network[\"asia-southeast1\"]",
      "mode": "managed",
      "type": "google_compute_firewall",
      "name": "block_inter_region",
      "provider": "provider[\"registry.terraform.io/hashicorp/google\"]",
      "instances": [
        {
          "schema_version": 1,
          "attributes": {
            "allow": [],
            "creation_timestamp": "2025-05-28T04:55:41.308-07:00",
            "deny": [
              {
                "ports": [],
                "protocol": "all"
              }
            ],
            "description": "",
            "destination_ranges": [
              "10.3.0.0/20"
            ],
            "direction": "INGRESS",
            "disabled": false,
            "enable_logging": null,
            "id": "projects/uporto-cd/global/firewalls/uporto-cd-block-inter-region-asia-southeast1",
            "log_config": [],
            "name": "uporto-cd-block-inter-region-asia-southeast1",
            "network": "https://www.googleapis.com/compute/v1/projects/uporto-cd/global/networks/uporto-cd-vpc-asia-southeast1",
            "priority": 2000,
            "project": "uporto-cd",
            "self_link": "https://www.googleapis.com/compute/v1/projects/uporto-cd/global/firewalls/uporto-cd-block-inter-region-asia-southeast1",
            "source_ranges": [
              "10.1.0.0/20",
              "10.2.0.0/20"
            ],
            "source_service_accounts": null,
            "source_tags": null,
            "target_service_accounts": null,
            "target_tags": null,
            "timeouts": null
          },
          "sensitive_attributes": [],
          "private": "eyJlMmJmYjczMC1lY2FhLTExZTYtOGY4OC0zNDM2M2JjN2M0YzAiOnsiY3JlYXRlIjoxMjAwMDAwMDAwMDAwLCJkZWxldGUiOjEyMDAwMDAwMDAwMDAsInVwZGF0ZSI6MTIwMDAwMDAwMDAwMH0sInNjaGVtYV92ZXJzaW9uIjoiMSJ9",
          "dependencies": [
            "module.network.google_compute_network.vpc",
            "module.network.google_compute_subnetwork.subnet"
          ]
        }
      ]
    },
    {
      "module": "module.network[\"asia-southeast1\"]",
      "mode": "managed",
      "type": "google_compute_network",
      "name": "vpc",
      "provider": "provider[\"registry.terraform.io/hashicorp/google\"]",
      "instances": [
        {
          "schema_version": 0,
          "attributes": {
            "auto_create_subnetworks": false,
            "delete_default_routes_on_create": false,
            "description": "VPC network for uporto-cd in asia-southeast1",
            "enable_ula_internal_ipv6": false,
            "gateway_ipv4": "",
            "id": "projects/uporto-cd/global/networks/uporto-cd-vpc-asia-southeast1",
            "internal_ipv6_range": "",
            "mtu": 0,
            "name": "uporto-cd-vpc-asia-southeast1",
            "network_firewall_policy_enforcement_order": "AFTER_CLASSIC_FIREWALL",
            "project": "uporto-cd",
            "routing_mode": "REGIONAL",
            "self_link": "https://www.googleapis.com/compute/v1/projects/uporto-cd/global/networks/uporto-cd-vpc-asia-southeast1",
            "timeouts": null
          },
          "sensitive_attributes": [],
          "private": "eyJlMmJmYjczMC1lY2FhLTExZTYtOGY4OC0zNDM2M2JjN2M0YzAiOnsiY3JlYXRlIjoxMjAwMDAwMDAwMDAwLCJkZWxldGUiOjEyMDAwMDAwMDAwMDAsInVwZGF0ZSI6MTIwMDAwMDAwMDAwMH19"
        }
      ]
    },
    {
      "module": "module.network[\"asia-southeast1\"]",
      "mode": "managed",
      "type": "google_compute_router",
      "name": "router",
      "provider": "provider[\"registry.terraform.io/hashicorp/google\"]",
      "instances": [
        {
          "schema_version": 0,
          "attributes": {
            "bgp": [],
            "creation_timestamp": "2025-05-28T04:55:24.741-07:00",
            "description": "",
            "encrypted_interconnect_router": false,
            "id": "projects/uporto-cd/regions/asia-southeast1/routers/uporto-cd-router-asia-southeast1",
            "name": "uporto-cd-router-asia-southeast1",
            "network": "https://www.googleapis.com/compute/v1/projects/uporto-cd/global/networks/uporto-cd-vpc-asia-southeast1",
            "project": "uporto-cd",
            "region": "asia-southeast1",
            "self_link": "https://www.googleapis.com/compute/v1/projects/uporto-cd/regions/asia-southeast1/routers/uporto-cd-router-asia-southeast1",
            "timeouts": null
          },
          "sensitive_attributes": [],
          "private": "eyJlMmJmYjczMC1lY2FhLTExZTYtOGY4OC0zNDM2M2JjN2M0YzAiOnsiY3JlYXRlIjoxMjAwMDAwMDAwMDAwLCJkZWxldGUiOjEyMDAwMDAwMDAwMDAsInVwZGF0ZSI6MTIwMDAwMDAwMDAwMH19",
          "dependencies": [
            "module.network.google_compute_network.vpc"
          ]
        }
      ]
    },
    {
      "module": "module.network[\"asia-southeast1\"]",
      "mode": "managed",
      "type": "google_compute_router_nat",
      "name": "nat",
      "provider": "provider[\"registry.terraform.io/hashicorp/google\"]",
      "instances": [
        {
          "schema_version": 0,
          "attributes": {
            "drain_nat_ips": null,
            "enable_dynamic_port_allocation": false,
            "enable_endpoint_independent_mapping": true,
            "icmp_idle_timeout_sec": 30,
            "id": "uporto-cd/asia-southeast1/uporto-cd-router-asia-southeast1/uporto-cd-nat-asia-southeast1",
            "log_config": [
              {
                "enable": true,
                "filter": "ERRORS_ONLY"
              }
            ],
            "max_ports_per_vm": 0,
            "min_ports_per_vm": 0,
            "name": "uporto-cd-nat-asia-southeast1",
            "nat_ip_allocate_option": "AUTO_ONLY",
            "nat_ips": null,
            "project": "uporto-cd",
            "region": "asia-southeast1",
            "router": "uporto-cd-router-asia-southeast1",
            "rules": [],
            "source_subnetwork_ip_ranges_to_nat": "ALL_SUBNETWORKS_ALL_IP_RANGES",
            "subnetwork": [],
            "tcp_established_idle_timeout_sec": 1200,
            "tcp_time_wait_timeout_sec": 120,
            "tcp_transitory_idle_timeout_sec": 30,
            "timeouts": null,
            "udp_idle_timeout_sec": 30
          },
          "sensitive_attributes": [],
          "private": "eyJlMmJmYjczMC1lY2FhLTExZTYtOGY4OC0zNDM2M2JjN2M0YzAiOnsiY3JlYXRlIjoxMjAwMDAwMDAwMDAwLCJkZWxldGUiOjEyMDAwMDAwMDAwMDAsInVwZGF0ZSI6MTIwMDAwMDAwMDAwMH19",
          "dependencies": [
            "module.network.google_compute_network.vpc",
            "module.network.google_compute_router.router"
          ]
        }
      ]
    },
    {
      "module": "module.network[\"asia-southeast1\"]",
      "mode": "managed",
      "type": "google_compute_subnetwork",
      "name": "subnet",
      "provider": "provider[\"registry.terraform.io/hashicorp/google\"]",
      "instances": [
        {
          "schema_version": 0,
          "attributes": {
            "creation_timestamp": "2025-05-28T04:55:12.237-07:00",
            "description": "Subnet for uporto-cd in asia-southeast1",
            "external_ipv6_prefix": "",
            "fingerprint": null,
            "gateway_address": "10.3.0.1",
            "id": "projects/uporto-cd/regions/asia-southeast1/subnetworks/uporto-cd-subnet-asia-southeast1",
            "internal_ipv6_prefix": "",
            "ip_cidr_range": "10.3.0.0/20",
            "ipv6_access_type": "",
            "ipv6_cidr_range": "",
            "log_config": [
              {
                "aggregation_interval": "INTERVAL_5_SEC",
                "filter_expr": "true",
                "flow_sampling": 0.5,
                "metadata": "INCLUDE_ALL_METADATA",
                "metadata_fields": null
              }
            ],
            "name": "uporto-cd-subnet-asia-southeast1",
            "network": "https://www.googleapis.com/compute/v1/projects/uporto-cd/global/networks/uporto-cd-vpc-asia-southeast1",
            "private_ip_google_access": true,
            "private_ipv6_google_access": "DISABLE_GOOGLE_ACCESS",
            "project": "uporto-cd",
            "purpose": "PRIVATE",
            "region": "asia-southeast1",
            "role": "",
            "secondary_ip_range": [],
            "self_link": "https://www.googleapis.com/compute/v1/projects/uporto-cd/regions/asia-southeast1/subnetworks/uporto-cd-subnet-asia-southeast1",
            "stack_type": "IPV4_ONLY",
            "timeouts": null
          },
          "sensitive_attributes": [],
          "private": "eyJlMmJmYjczMC1lY2FhLTExZTYtOGY4OC0zNDM2M2JjN2M0YzAiOnsiY3JlYXRlIjoxMjAwMDAwMDAwMDAwLCJkZWxldGUiOjEyMDAwMDAwMDAwMDAsInVwZGF0ZSI6MTIwMDAwMDAwMDAwMH19",
          "dependencies": [
            "module.network.google_compute_network.vpc"
          ]
        }
      ]
    },
    {
      "module": "module.network[\"europe-west2\"]",
      "mode": "managed",
      "type": "google_compute_firewall",
      "name": "allow_egress_to_admin",
      "provider": "provider[\"registry.terraform.io/hashicorp/google\"]",
      "instances": [
        {
          "schema_version": 1,
          "attributes": {
            "allow": [
              {
                "ports": [],
                "protocol": "tcp"
              }
            ],
            "creation_timestamp": "2025-05-28T04:55:04.941-07:00",
            "deny": [],
            "description": "",
            "destination_ranges": [
              "10.250.0.0/24"
            ],
            "direction": "EGRESS",
            "disabled": false,
            "enable_logging": null,
            "id": "projects/uporto-cd/global/firewalls/uporto-cd-allow-egress-to-admin-europe-west2",
            "log_config": [],
            "name": "uporto-cd-allow-egress-to-admin-europe-west2",
            "network": "https://www.googleapis.com/compute/v1/projects/uporto-cd/global/networks/uporto-cd-vpc-europe-west2",
            "priority": 1000,
            "project": "uporto-cd",
            "self_link": "https://www.googleapis.com/compute/v1/projects/uporto-cd/global/firewalls/uporto-cd-allow-egress-to-admin-europe-west2",
            "source_ranges": null,
            "source_service_accounts": null,
            "source_tags": null,
            "target_service_accounts": null,
            "target_tags": null,
            "timeouts": null
          },
          "sensitive_attributes": [],
          "private": "eyJlMmJmYjczMC1lY2FhLTExZTYtOGY4OC0zNDM2M2JjN2M0YzAiOnsiY3JlYXRlIjoxMjAwMDAwMDAwMDAwLCJkZWxldGUiOjEyMDAwMDAwMDAwMDAsInVwZGF0ZSI6MTIwMDAwMDAwMDAwMH0sInNjaGVtYV92ZXJzaW9uIjoiMSJ9",
          "dependencies": [
            "module.network.google_compute_network.vpc"
          ]
        }
      ]
    },
    {
      "module": "module.network[\"europe-west2\"]",
      "mode": "managed",
      "type": "google_compute_firewall",
      "name": "allow_from_admin",
      "provider": "provider[\"registry.terraform.io/hashicorp/google\"]",
      "instances": [
        {
          "schema_version": 1,
          "attributes": {
            "allow": [
              {
                "ports": [],
                "protocol": "all"
              }
            ],
            "creation_timestamp": "2025-05-28T04:55:15.455-07:00",
            "deny": [],
            "description": "",
            "destination_ranges": [],
            "direction": "INGRESS",
            "disabled": false,
            "enable_logging": null,
            "id": "projects/uporto-cd/global/firewalls/uporto-cd-allow-from-admin-europe-west2",
            "log_config": [],
            "name": "uporto-cd-allow-from-admin-europe-west2",
            "network": "https://www.googleapis.com/compute/v1/projects/uporto-cd/global/networks/uporto-cd-vpc-europe-west2",
            "priority": 1000,
            "project": "uporto-cd",
            "self_link": "https://www.googleapis.com/compute/v1/projects/uporto-cd/global/firewalls/uporto-cd-allow-from-admin-europe-west2",
            "source_ranges": [
              "10.250.0.0/24"
            ],
            "source_service_accounts": null,
            "source_tags": null,
            "target_service_accounts": null,
            "target_tags": null,
            "timeouts": null
          },
          "sensitive_attributes": [],
          "private": "eyJlMmJmYjczMC1lY2FhLTExZTYtOGY4OC0zNDM2M2JjN2M0YzAiOnsiY3JlYXRlIjoxMjAwMDAwMDAwMDAwLCJkZWxldGUiOjEyMDAwMDAwMDAwMDAsInVwZGF0ZSI6MTIwMDAwMDAwMDAwMH0sInNjaGVtYV92ZXJzaW9uIjoiMSJ9",
          "dependencies": [
            "module.network.google_compute_network.vpc"
          ]
        }
      ]
    },
    {
      "module": "module.network[\"europe-west2\"]",
      "mode": "managed",
      "type": "google_compute_firewall",
      "name": "allow_internal",
      "provider": "provider[\"registry.terraform.io/hashicorp/google\"]",
      "instances": [
        {
          "schema_version": 1,
          "attributes": {
            "allow": [
              {
                "ports": [],
                "protocol": "all"
              }
            ],
            "creation_timestamp": "2025-05-28T04:55:47.748-07:00",
            "deny": [],
            "description": "",
            "destination_ranges": [],
            "direction": "INGRESS",
            "disabled": false,
            "enable_logging": null,
            "id": "projects/uporto-cd/global/firewalls/uporto-cd-allow-internal-europe-west2",
            "log_config": [],
            "name": "uporto-cd-allow-internal-europe-west2",
            "network": "https://www.googleapis.com/compute/v1/projects/uporto-cd/global/networks/uporto-cd-vpc-europe-west2",
            "priority": 1000,
            "project": "uporto-cd",
            "self_link": "https://www.googleapis.com/compute/v1/projects/uporto-cd/global/firewalls/uporto-cd-allow-internal-europe-west2",
            "source_ranges": [
              "10.1.0.0/20"
            ],
            "source_service_accounts": null,
            "source_tags": null,
            "target_service_accounts": null,
            "target_tags": null,
            "timeouts": null
          },
          "sensitive_attributes": [],
          "private": "eyJlMmJmYjczMC1lY2FhLTExZTYtOGY4OC0zNDM2M2JjN2M0YzAiOnsiY3JlYXRlIjoxMjAwMDAwMDAwMDAwLCJkZWxldGUiOjEyMDAwMDAwMDAwMDAsInVwZGF0ZSI6MTIwMDAwMDAwMDAwMH0sInNjaGVtYV92ZXJzaW9uIjoiMSJ9",
          "dependencies": [
            "module.network.google_compute_network.vpc",
            "module.network.google_compute_subnetwork.subnet"
          ]
        }
      ]
    },
    {
      "module": "module.network[\"europe-west2\"]",
      "mode": "managed",
      "type": "google_compute_firewall",
      "name": "allow_internet_egress",
      "provider": "provider[\"registry.terraform.io/hashicorp/google\"]",
      "instances": [
        {
          "schema_version": 1,
          "attributes": {
            "allow": [
              {
                "ports": [
                  "443",
                  "80"
                ],
                "protocol": "tcp"
              }
            ],
            "creation_timestamp": "2025-05-28T04:55:13.844-07:00",
            "deny": [],
            "description": "",
            "destination_ranges": [
              "0.0.0.0/0"
            ],
            "direction": "EGRESS",
            "disabled": false,
            "enable_logging": null,
            "id": "projects/uporto-cd/global/firewalls/uporto-cd-allow-internet-egress-europe-west2",
            "log_config": [],
            "name": "uporto-cd-allow-internet-egress-europe-west2",
            "network": "https://www.googleapis.com/compute/v1/projects/uporto-cd/global/networks/uporto-cd-vpc-europe-west2",
            "priority": 1000,
            "project": "uporto-cd",
            "self_link": "https://www.googleapis.com/compute/v1/projects/uporto-cd/global/firewalls/uporto-cd-allow-internet-egress-europe-west2",
            "source_ranges": null,
            "source_service_accounts": null,
            "source_tags": null,
            "target_service_accounts": null,
            "target_tags": null,
            "timeouts": null
          },
          "sensitive_attributes": [],
          "private": "eyJlMmJmYjczMC1lY2FhLTExZTYtOGY4OC0zNDM2M2JjN2M0YzAiOnsiY3JlYXRlIjoxMjAwMDAwMDAwMDAwLCJkZWxldGUiOjEyMDAwMDAwMDAwMDAsInVwZGF0ZSI6MTIwMDAwMDAwMDAwMH0sInNjaGVtYV92ZXJzaW9uIjoiMSJ9",
          "dependencies": [
            "module.network.google_compute_network.vpc"
          ]
        }
      ]
    },
    {
      "module": "module.network[\"europe-west2\"]",
      "mode": "managed",
      "type": "google_compute_firewall",
      "name": "block_inter_region",
      "provider": "provider[\"registry.terraform.io/hashicorp/google\"]",
      "instances": [
        {
          "schema_version": 1,
          "attributes": {
            "allow": [],
            "creation_timestamp": "2025-05-28T04:55:41.302-07:00",
            "deny": [
              {
                "ports": [],
                "protocol": "all"
              }
            ],
            "description": "",
            "destination_ranges": [
              "10.1.0.0/20"
            ],
            "direction": "INGRESS",
            "disabled": false,
            "enable_logging": null,
            "id": "projects/uporto-cd/global/firewalls/uporto-cd-block-inter-region-europe-west2",
            "log_config": [],
            "name": "uporto-cd-block-inter-region-europe-west2",
            "network": "https://www.googleapis.com/compute/v1/projects/uporto-cd/global/networks/uporto-cd-vpc-europe-west2",
            "priority": 2000,
            "project": "uporto-cd",
            "self_link": "https://www.googleapis.com/compute/v1/projects/uporto-cd/global/firewalls/uporto-cd-block-inter-region-europe-west2",
            "source_ranges": [
              "10.2.0.0/20",
              "10.3.0.0/20"
            ],
            "source_service_accounts": null,
            "source_tags": null,
            "target_service_accounts": null,
            "target_tags": null,
            "timeouts": null
          },
          "sensitive_attributes": [],
          "private": "eyJlMmJmYjczMC1lY2FhLTExZTYtOGY4OC0zNDM2M2JjN2M0YzAiOnsiY3JlYXRlIjoxMjAwMDAwMDAwMDAwLCJkZWxldGUiOjEyMDAwMDAwMDAwMDAsInVwZGF0ZSI6MTIwMDAwMDAwMDAwMH0sInNjaGVtYV92ZXJzaW9uIjoiMSJ9",
          "dependencies": [
            "module.network.google_compute_network.vpc",
            "module.network.google_compute_subnetwork.subnet"
          ]
        }
      ]
    },
    {
      "module": "module.network[\"europe-west2\"]",
      "mode": "managed",
      "type": "google_compute_network",
      "name": "vpc",
      "provider": "provider[\"registry.terraform.io/hashicorp/google\"]",
      "instances": [
        {
          "schema_version": 0,
          "attributes": {
            "auto_create_subnetworks": false,
            "delete_default_routes_on_create": false,
            "description": "VPC network for uporto-cd in europe-west2",
            "enable_ula_internal_ipv6": false,
            "gateway_ipv4": "",
            "id": "projects/uporto-cd/global/networks/uporto-cd-vpc-europe-west2",
            "internal_ipv6_range": "",
            "mtu": 0,
            "name": "uporto-cd-vpc-europe-west2",
            "network_firewall_policy_enforcement_order": "AFTER_CLASSIC_FIREWALL",
            "project": "uporto-cd",
            "routing_mode": "REGIONAL",
            "self_link": "https://www.googleapis.com/compute/v1/projects/uporto-cd/global/networks/uporto-cd-vpc-europe-west2",
            "timeouts": null
          },
          "sensitive_attributes": [],
          "private": "eyJlMmJmYjczMC1lY2FhLTExZTYtOGY4OC0zNDM2M2JjN2M0YzAiOnsiY3JlYXRlIjoxMjAwMDAwMDAwMDAwLCJkZWxldGUiOjEyMDAwMDAwMDAwMDAsInVwZGF0ZSI6MTIwMDAwMDAwMDAwMH19"
        }
      ]
    },
    {
      "module": "module.network[\"europe-west2\"]",
      "mode": "managed",
      "type": "google_compute_router",
      "name": "router",
      "provider": "provider[\"registry.terraform.io/hashicorp/google\"]",
      "instances": [
        {
          "schema_version": 0,
          "attributes": {
            "bgp": [],
            "creation_timestamp": "2025-05-28T04:55:23.602-07:00",
            "description": "",
            "encrypted_interconnect_router": false,
            "id": "projects/uporto-cd/regions/europe-west2/routers/uporto-cd-router-europe-west2",
            "name": "uporto-cd-router-europe-west2",
            "network": "https://www.googleapis.com/compute/v1/projects/uporto-cd/global/networks/uporto-cd-vpc-europe-west2",
            "project": "uporto-cd",
            "region": "europe-west2",
            "self_link": "https://www.googleapis.com/compute/v1/projects/uporto-cd/regions/europe-west2/routers/uporto-cd-router-europe-west2",
            "timeouts": null
          },
          "sensitive_attributes": [],
          "private": "eyJlMmJmYjczMC1lY2FhLTExZTYtOGY4OC0zNDM2M2JjN2M0YzAiOnsiY3JlYXRlIjoxMjAwMDAwMDAwMDAwLCJkZWxldGUiOjEyMDAwMDAwMDAwMDAsInVwZGF0ZSI6MTIwMDAwMDAwMDAwMH19",
          "dependencies": [
            "module.network.google_compute_network.vpc"
          ]
        }
      ]
    },
    {
      "module": "module.network[\"europe-west2\"]",
      "mode": "managed",
      "type": "google_compute_router_nat",
      "name": "nat",
      "provider": "provider[\"registry.terraform.io/hashicorp/google\"]",
      "instances": [
        {
          "schema_version": 0,
          "attributes": {
            "drain_nat_ips": null,
            "enable_dynamic_port_allocation": false,
            "enable_endpoint_independent_mapping": true,
            "icmp_idle_timeout_sec": 30,
            "id": "uporto-cd/europe-west2/uporto-cd-router-europe-west2/uporto-cd-nat-europe-west2",
            "log_config": [
              {
                "enable": true,
                "filter": "ERRORS_ONLY"
              }
            ],
            "max_ports_per_vm": 0,
            "min_ports_per_vm": 0,
            "name": "uporto-cd-nat-europe-west2",
            "nat_ip_allocate_option": "AUTO_ONLY",
            "nat_ips": null,
            "project": "uporto-cd",
            "region": "europe-west2",
            "router": "uporto-cd-router-europe-west2",
            "rules": [],
            "source_subnetwork_ip_ranges_to_nat": "ALL_SUBNETWORKS_ALL_IP_RANGES",
            "subnetwork": [],
            "tcp_established_idle_timeout_sec": 1200,
            "tcp_time_wait_timeout_sec": 120,
            "tcp_transitory_idle_timeout_sec": 30,
            "timeouts": null,
            "udp_idle_timeout_sec": 30
          },
          "sensitive_attributes": [],
          "private": "eyJlMmJmYjczMC1lY2FhLTExZTYtOGY4OC0zNDM2M2JjN2M0YzAiOnsiY3JlYXRlIjoxMjAwMDAwMDAwMDAwLCJkZWxldGUiOjEyMDAwMDAwMDAwMDAsInVwZGF0ZSI6MTIwMDAwMDAwMDAwMH19",
          "dependencies": [
            "module.network.google_compute_network.vpc",
            "module.network.google_compute_router.router"
          ]
        }
      ]
    },
    {
      "module": "module.network[\"europe-west2\"]",
      "mode": "managed",
      "type": "google_compute_subnetwork",
      "name": "subnet",
      "provider": "provider[\"registry.terraform.io/hashicorp/google\"]",
      "instances": [
        {
          "schema_version": 0,
          "attributes": {
            "creation_timestamp": "2025-05-28T04:55:17.915-07:00",
            "description": "Subnet for uporto-cd in europe-west2",
            "external_ipv6_prefix": "",
            "fingerprint": null,
            "gateway_address": "10.1.0.1",
            "id": "projects/uporto-cd/regions/europe-west2/subnetworks/uporto-cd-subnet-europe-west2",
            "internal_ipv6_prefix": "",
            "ip_cidr_range": "10.1.0.0/20",
            "ipv6_access_type": "",
            "ipv6_cidr_range": "",
            "log_config": [
              {
                "aggregation_interval": "INTERVAL_5_SEC",
                "filter_expr": "true",
                "flow_sampling": 0.5,
                "metadata": "INCLUDE_ALL_METADATA",
                "metadata_fields": null
              }
            ],
            "name": "uporto-cd-subnet-europe-west2",
            "network": "https://www.googleapis.com/compute/v1/projects/uporto-cd/global/networks/uporto-cd-vpc-europe-west2",
            "private_ip_google_access": true,
            "private_ipv6_google_access": "DISABLE_GOOGLE_ACCESS",
            "project": "uporto-cd",
            "purpose": "PRIVATE",
            "region": "europe-west2",
            "role": "",
            "secondary_ip_range": [],
            "self_link": "https://www.googleapis.com/compute/v1/projects/uporto-cd/regions/europe-west2/subnetworks/uporto-cd-subnet-europe-west2",
            "stack_type": "IPV4_ONLY",
            "timeouts": null
          },
          "sensitive_attributes": [],
          "private": "eyJlMmJmYjczMC1lY2FhLTExZTYtOGY4OC0zNDM2M2JjN2M0YzAiOnsiY3JlYXRlIjoxMjAwMDAwMDAwMDAwLCJkZWxldGUiOjEyMDAwMDAwMDAwMDAsInVwZGF0ZSI6MTIwMDAwMDAwMDAwMH19",
          "dependencies": [
            "module.network.google_compute_network.vpc"
          ]
        }
      ]
    },
    {
      "module": "module.network[\"us-south1\"]",
      "mode": "managed",
      "type": "google_compute_firewall",
      "name": "allow_egress_to_admin",
      "provider": "provider[\"registry.terraform.io/hashicorp/google\"]",
      "instances": [
        {
          "schema_version": 1,
          "attributes": {
            "allow": [
              {
                "ports": [],
                "protocol": "tcp"
              }
            ],
            "creation_timestamp": "2025-05-28T04:55:05.472-07:00",
            "deny": [],
            "description": "",
            "destination_ranges": [
              "10.250.0.0/24"
            ],
            "direction": "EGRESS",
            "disabled": false,
            "enable_logging": null,
            "id": "projects/uporto-cd/global/firewalls/uporto-cd-allow-egress-to-admin-us-south1",
            "log_config": [],
            "name": "uporto-cd-allow-egress-to-admin-us-south1",
            "network": "https://www.googleapis.com/compute/v1/projects/uporto-cd/global/networks/uporto-cd-vpc-us-south1",
            "priority": 1000,
            "project": "uporto-cd",
            "self_link": "https://www.googleapis.com/compute/v1/projects/uporto-cd/global/firewalls/uporto-cd-allow-egress-to-admin-us-south1",
            "source_ranges": null,
            "source_service_accounts": null,
            "source_tags": null,
            "target_service_accounts": null,
            "target_tags": null,
            "timeouts": null
          },
          "sensitive_attributes": [],
          "private": "eyJlMmJmYjczMC1lY2FhLTExZTYtOGY4OC0zNDM2M2JjN2M0YzAiOnsiY3JlYXRlIjoxMjAwMDAwMDAwMDAwLCJkZWxldGUiOjEyMDAwMDAwMDAwMDAsInVwZGF0ZSI6MTIwMDAwMDAwMDAwMH0sInNjaGVtYV92ZXJzaW9uIjoiMSJ9",
          "dependencies": [
            "module.network.google_compute_network.vpc"
          ]
        }
      ]
    },
    {
      "module": "module.network[\"us-south1\"]",
      "mode": "managed",
      "type": "google_compute_firewall",
      "name": "allow_from_admin",
      "provider": "provider[\"registry.terraform.io/hashicorp/google\"]",
      "instances": [
        {
          "schema_version": 1,
          "attributes": {
            "allow": [
              {
                "ports": [],
                "protocol": "all"
              }
            ],
            "creation_timestamp": "2025-05-28T04:55:11.026-07:00",
            "deny": [],
            "description": "",
            "destination_ranges": [],
            "direction": "INGRESS",
            "disabled": false,
            "enable_logging": null,
            "id": "projects/uporto-cd/global/firewalls/uporto-cd-allow-from-admin-us-south1",
            "log_config": [],
            "name": "uporto-cd-allow-from-admin-us-south1",
            "network": "https://www.googleapis.com/compute/v1/projects/uporto-cd/global/networks/uporto-cd-vpc-us-south1",
            "priority": 1000,
            "project": "uporto-cd",
            "self_link": "https://www.googleapis.com/compute/v1/projects/uporto-cd/global/firewalls/uporto-cd-allow-from-admin-us-south1",
            "source_ranges": [
              "10.250.0.0/24"
            ],
            "source_service_accounts": null,
            "source_tags": null,
            "target_service_accounts": null,
            "target_tags": null,
            "timeouts": null
          },
          "sensitive_attributes": [],
          "private": "eyJlMmJmYjczMC1lY2FhLTExZTYtOGY4OC0zNDM2M2JjN2M0YzAiOnsiY3JlYXRlIjoxMjAwMDAwMDAwMDAwLCJkZWxldGUiOjEyMDAwMDAwMDAwMDAsInVwZGF0ZSI6MTIwMDAwMDAwMDAwMH0sInNjaGVtYV92ZXJzaW9uIjoiMSJ9",
          "dependencies": [
            "module.network.google_compute_network.vpc"
          ]
        }
      ]
    },
    {
      "module": "module.network[\"us-south1\"]",
      "mode": "managed",
      "type": "google_compute_firewall",
      "name": "allow_internal",
      "provider": "provider[\"registry.terraform.io/hashicorp/google\"]",
      "instances": [
        {
          "schema_version": 1,
          "attributes": {
            "allow": [
              {
                "ports": [],
                "protocol": "all"
              }
            ],
            "creation_timestamp": "2025-05-28T04:55:41.309-07:00",
            "deny": [],
            "description": "",
            "destination_ranges": [],
            "direction": "INGRESS",
            "disabled": false,
            "enable_logging": null,
            "id": "projects/uporto-cd/global/firewalls/uporto-cd-allow-internal-us-south1",
            "log_config": [],
            "name": "uporto-cd-allow-internal-us-south1",
            "network": "https://www.googleapis.com/compute/v1/projects/uporto-cd/global/networks/uporto-cd-vpc-us-south1",
            "priority": 1000,
            "project": "uporto-cd",
            "self_link": "https://www.googleapis.com/compute/v1/projects/uporto-cd/global/firewalls/uporto-cd-allow-internal-us-south1",
            "source_ranges": [
              "10.2.0.0/20"
            ],
            "source_service_accounts": null,
            "source_tags": null,
            "target_service_accounts": null,
            "target_tags": null,
            "timeouts": null
          },
          "sensitive_attributes": [],
          "private": "eyJlMmJmYjczMC1lY2FhLTExZTYtOGY4OC0zNDM2M2JjN2M0YzAiOnsiY3JlYXRlIjoxMjAwMDAwMDAwMDAwLCJkZWxldGUiOjEyMDAwMDAwMDAwMDAsInVwZGF0ZSI6MTIwMDAwMDAwMDAwMH0sInNjaGVtYV92ZXJzaW9uIjoiMSJ9",
          "dependencies": [
            "module.network.google_compute_network.vpc",
            "module.network.google_compute_subnetwork.subnet"
          ]
        }
      ]
    },
    {
      "module": "module.network[\"us-south1\"]",
      "mode": "managed",
      "type": "google_compute_firewall",
      "name": "allow_internet_egress",
      "provider": "provider[\"registry.terraform.io/hashicorp/google\"]",
      "instances": [
        {
          "schema_version": 1,
          "attributes": {
            "allow": [
              {
                "ports": [
                  "443",
                  "80"
                ],
                "protocol": "tcp"
              }
            ],
            "creation_timestamp": "2025-05-28T04:55:18.095-07:00",
            "deny": [],
            "description": "",
            "destination_ranges": [
              "0.0.0.0/0"
            ],
            "direction": "EGRESS",
            "disabled": false,
            "enable_logging": null,
            "id": "projects/uporto-cd/global/firewalls/uporto-cd-allow-internet-egress-us-south1",
            "log_config": [],
            "name": "uporto-cd-allow-internet-egress-us-south1",
            "network": "https://www.googleapis.com/compute/v1/projects/uporto-cd/global/networks/uporto-cd-vpc-us-south1",
            "priority": 1000,
            "project": "uporto-cd",
            "self_link": "https://www.googleapis.com/compute/v1/projects/uporto-cd/global/firewalls/uporto-cd-allow-internet-egress-us-south1",
            "source_ranges": null,
            "source_service_accounts": null,
            "source_tags": null,
            "target_service_accounts": null,
            "target_tags": null,
            "timeouts": null
          },
          "sensitive_attributes": [],
          "private": "eyJlMmJmYjczMC1lY2FhLTExZTYtOGY4OC0zNDM2M2JjN2M0YzAiOnsiY3JlYXRlIjoxMjAwMDAwMDAwMDAwLCJkZWxldGUiOjEyMDAwMDAwMDAwMDAsInVwZGF0ZSI6MTIwMDAwMDAwMDAwMH0sInNjaGVtYV92ZXJzaW9uIjoiMSJ9",
          "dependencies": [
            "module.network.google_compute_network.vpc"
          ]
        }
      ]
    },
    {
      "module": "module.network[\"us-south1\"]",
      "mode": "managed",
      "type": "google_compute_firewall",
      "name": "block_inter_region",
      "provider": "provider[\"registry.terraform.io/hashicorp/google\"]",
      "instances": [
        {
          "schema_version": 1,
          "attributes": {
            "allow": [],
            "creation_timestamp": "2025-05-28T04:55:41.301-07:00",
            "deny": [
              {
                "ports": [],
                "protocol": "all"
              }
            ],
            "description": "",
            "destination_ranges": [
              "10.2.0.0/20"
            ],
            "direction": "INGRESS",
            "disabled": false,
            "enable_logging": null,
            "id": "projects/uporto-cd/global/firewalls/uporto-cd-block-inter-region-us-south1",
            "log_config": [],
            "name": "uporto-cd-block-inter-region-us-south1",
            "network": "https://www.googleapis.com/compute/v1/projects/uporto-cd/global/networks/uporto-cd-vpc-us-south1",
            "priority": 2000,
            "project": "uporto-cd",
            "self_link": "https://www.googleapis.com/compute/v1/projects/uporto-cd/global/firewalls/uporto-cd-block-inter-region-us-south1",
            "source_ranges": [
              "10.1.0.0/20",
              "10.3.0.0/20"
            ],
            "source_service_accounts": null,
            "source_tags": null,
            "target_service_accounts": null,
            "target_tags": null,
            "timeouts": null
          },
          "sensitive_attributes": [],
          "private": "eyJlMmJmYjczMC1lY2FhLTExZTYtOGY4OC0zNDM2M2JjN2M0YzAiOnsiY3JlYXRlIjoxMjAwMDAwMDAwMDAwLCJkZWxldGUiOjEyMDAwMDAwMDAwMDAsInVwZGF0ZSI6MTIwMDAwMDAwMDAwMH0sInNjaGVtYV92ZXJzaW9uIjoiMSJ9",
          "dependencies": [
            "module.network.google_compute_network.vpc",
            "module.network.google_compute_subnetwork.subnet"
          ]
        }
      ]
    },
    {
      "module": "module.network[\"us-south1\"]",
      "mode": "managed",
      "type": "google_compute_network",
      "name": "vpc",
      "provider": "provider[\"registry.terraform.io/hashicorp/google\"]",
      "instances": [
        {
          "schema_version": 0,
          "attributes": {
            "auto_create_subnetworks": false,
            "delete_default_routes_on_create": false,
            "description": "VPC network for uporto-cd in us-south1",
            "enable_ula_internal_ipv6": false,
            "gateway_ipv4": "",
            "id": "projects/uporto-cd/global/networks/uporto-cd-vpc-us-south1",
            "internal_ipv6_range": "",
            "mtu": 0,
            "name": "uporto-cd-vpc-us-south1",
            "network_firewall_policy_enforcement_order": "AFTER_CLASSIC_FIREWALL",
            "project": "uporto-cd",
            "routing_mode": "REGIONAL",
            "self_link": "https://www.googleapis.com/compute/v1/projects/uporto-cd/global/networks/uporto-cd-vpc-us-south1",
            "timeouts": null
          },
          "sensitive_attributes": [],
          "private": "eyJlMmJmYjczMC1lY2FhLTExZTYtOGY4OC0zNDM2M2JjN2M0YzAiOnsiY3JlYXRlIjoxMjAwMDAwMDAwMDAwLCJkZWxldGUiOjEyMDAwMDAwMDAwMDAsInVwZGF0ZSI6MTIwMDAwMDAwMDAwMH19"
        }
      ]
    },
    {
      "module": "module.network[\"us-south1\"]",
      "mode": "managed",
      "type": "google_compute_router",
      "name": "router",
      "provider": "provider[\"registry.terraform.io/hashicorp/google\"]",
      "instances": [
        {
          "schema_version": 0,
          "attributes": {
            "bgp": [],
            "creation_timestamp": "2025-05-28T04:55:18.282-07:00",
            "description": "",
            "encrypted_interconnect_router": false,
            "id": "projects/uporto-cd/regions/us-south1/routers/uporto-cd-router-us-south1",
            "name": "uporto-cd-router-us-south1",
            "network": "https://www.googleapis.com/compute/v1/projects/uporto-cd/global/networks/uporto-cd-vpc-us-south1",
            "project": "uporto-cd",
            "region": "us-south1",
            "self_link": "https://www.googleapis.com/compute/v1/projects/uporto-cd/regions/us-south1/routers/uporto-cd-router-us-south1",
            "timeouts": null
          },
          "sensitive_attributes": [],
          "private": "eyJlMmJmYjczMC1lY2FhLTExZTYtOGY4OC0zNDM2M2JjN2M0YzAiOnsiY3JlYXRlIjoxMjAwMDAwMDAwMDAwLCJkZWxldGUiOjEyMDAwMDAwMDAwMDAsInVwZGF0ZSI6MTIwMDAwMDAwMDAwMH19",
          "dependencies": [
            "module.network.google_compute_network.vpc"
          ]
        }
      ]
    },
    {
      "module": "module.network[\"us-south1\"]",
      "mode": "managed",
      "type": "google_compute_router_nat",
      "name": "nat",
      "provider": "provider[\"registry.terraform.io/hashicorp/google\"]",
      "instances": [
        {
          "schema_version": 0,
          "attributes": {
            "drain_nat_ips": null,
            "enable_dynamic_port_allocation": false,
            "enable_endpoint_independent_mapping": true,
            "icmp_idle_timeout_sec": 30,
            "id": "uporto-cd/us-south1/uporto-cd-router-us-south1/uporto-cd-nat-us-south1",
            "log_config": [
              {
                "enable": true,
                "filter": "ERRORS_ONLY"
              }
            ],
            "max_ports_per_vm": 0,
            "min_ports_per_vm": 0,
            "name": "uporto-cd-nat-us-south1",
            "nat_ip_allocate_option": "AUTO_ONLY",
            "nat_ips": null,
            "project": "uporto-cd",
            "region": "us-south1",
            "router": "uporto-cd-router-us-south1",
            "rules": [],
            "source_subnetwork_ip_ranges_to_nat": "ALL_SUBNETWORKS_ALL_IP_RANGES",
            "subnetwork": [],
            "tcp_established_idle_timeout_sec": 1200,
            "tcp_time_wait_timeout_sec": 120,
            "tcp_transitory_idle_timeout_sec": 30,
            "timeouts": null,
            "udp_idle_timeout_sec": 30
          },
          "sensitive_attributes": [],
          "private": "eyJlMmJmYjczMC1lY2FhLTExZTYtOGY4OC0zNDM2M2JjN2M0YzAiOnsiY3JlYXRlIjoxMjAwMDAwMDAwMDAwLCJkZWxldGUiOjEyMDAwMDAwMDAwMDAsInVwZGF0ZSI6MTIwMDAwMDAwMDAwMH19",
          "dependencies": [
            "module.network.google_compute_network.vpc",
            "module.network.google_compute_router.router"
          ]
        }
      ]
    },
    {
      "module": "module.network[\"us-south1\"]",
      "mode": "managed",
      "type": "google_compute_subnetwork",
      "name": "subnet",
      "provider": "provider[\"registry.terraform.io/hashicorp/google\"]",
      "instances": [
        {
          "schema_version": 0,
          "attributes": {
            "creation_timestamp": "2025-05-28T04:55:09.784-07:00",
            "description": "Subnet for uporto-cd in us-south1",
            "external_ipv6_prefix": "",
            "fingerprint": null,
            "gateway_address": "10.2.0.1",
            "id": "projects/uporto-cd/regions/us-south1/subnetworks/uporto-cd-subnet-us-south1",
            "internal_ipv6_prefix": "",
            "ip_cidr_range": "10.2.0.0/20",
            "ipv6_access_type": "",
            "ipv6_cidr_range": "",
            "log_config": [
              {
                "aggregation_interval": "INTERVAL_5_SEC",
                "filter_expr": "true",
                "flow_sampling": 0.5,
                "metadata": "INCLUDE_ALL_METADATA",
                "metadata_fields": null
              }
            ],
            "name": "uporto-cd-subnet-us-south1",
            "network": "https://www.googleapis.com/compute/v1/projects/uporto-cd/global/networks/uporto-cd-vpc-us-south1",
            "private_ip_google_access": true,
            "private_ipv6_google_access": "DISABLE_GOOGLE_ACCESS",
            "project": "uporto-cd",
            "purpose": "PRIVATE",
            "region": "us-south1",
            "role": "",
            "secondary_ip_range": [],
            "self_link": "https://www.googleapis.com/compute/v1/projects/uporto-cd/regions/us-south1/subnetworks/uporto-cd-subnet-us-south1",
            "stack_type": "IPV4_ONLY",
            "timeouts": null
          },
          "sensitive_attributes": [],
          "private": "eyJlMmJmYjczMC1lY2FhLTExZTYtOGY4OC0zNDM2M2JjN2M0YzAiOnsiY3JlYXRlIjoxMjAwMDAwMDAwMDAwLCJkZWxldGUiOjEyMDAwMDAwMDAwMDAsInVwZGF0ZSI6MTIwMDAwMDAwMDAwMH19",
          "dependencies": [
            "module.network.google_compute_network.vpc"
          ]
        }
      ]
    },
    {
      "module": "module.storage",
      "mode": "data",
      "type": "google_storage_project_service_account",
      "name": "default",
      "provider": "provider[\"registry.terraform.io/hashicorp/google\"]",
      "instances": [
        {
          "schema_version": 0,
          "attributes": {
            "email_address": "service-313506890289@gs-project-accounts.iam.gserviceaccount.com",
            "id": "service-313506890289@gs-project-accounts.iam.gserviceaccount.com",
            "member": "serviceAccount:service-313506890289@gs-project-accounts.iam.gserviceaccount.com",
            "project": "uporto-cd",
            "user_project": null
          },
          "sensitive_attributes": []
        }
      ]
    },
    {
      "module": "module.storage",
      "mode": "managed",
      "type": "google_project_iam_custom_role",
      "name": "content_sync",
      "provider": "provider[\"registry.terraform.io/hashicorp/google\"]",
      "instances": [
        {
          "schema_version": 0,
          "attributes": {
            "deleted": true,
            "description": "Custom role for content synchronization between buckets",
            "id": "projects/uporto-cd/roles/uporto_cd_content_sync",
            "name": "projects/uporto-cd/roles/uporto_cd_content_sync",
            "permissions": [
              "storage.buckets.get",
              "storage.buckets.list",
              "storage.objects.create",
              "storage.objects.delete",
              "storage.objects.get",
              "storage.objects.list"
            ],
            "project": "uporto-cd",
            "role_id": "uporto_cd_content_sync",
            "stage": "GA",
            "title": "Content Sync Role"
          },
          "sensitive_attributes": [],
          "private": "eyJzY2hlbWFfdmVyc2lvbiI6IjAifQ=="
        }
      ]
    },
    {
      "module": "module.storage",
      "mode": "managed",
      "type": "google_project_iam_member",
      "name": "reader_storage_object_viewer",
      "provider": "provider[\"registry.terraform.io/hashicorp/google\"]",
      "instances": [
        {
          "schema_version": 0,
          "attributes": {
            "condition": [],
            "etag": "BwY2MNlW8Fc=",
            "id": "uporto-cd/roles/storage.objectViewer/serviceAccount:uporto-cd-content-reader@uporto-cd.iam.gserviceaccount.com",
            "member": "serviceAccount:uporto-cd-content-reader@uporto-cd.iam.gserviceaccount.com",
            "project": "uporto-cd",
            "role": "roles/storage.objectViewer"
          },
          "sensitive_attributes": [],
          "private": "bnVsbA==",
          "dependencies": [
            "module.storage.google_service_account.content_reader"
          ]
        }
      ]
    },
    {
      "module": "module.storage",
      "mode": "managed",
      "type": "google_project_service",
      "name": "iam_api",
      "provider": "provider[\"registry.terraform.io/hashicorp/google\"]",
      "instances": [
        {
          "schema_version": 0,
          "attributes": {
            "disable_dependent_services": null,
            "disable_on_destroy": false,
            "id": "uporto-cd/iam.googleapis.com",
            "project": "uporto-cd",
            "service": "iam.googleapis.com",
            "timeouts": null
          },
          "sensitive_attributes": [],
          "private": "eyJlMmJmYjczMC1lY2FhLTExZTYtOGY4OC0zNDM2M2JjN2M0YzAiOnsiY3JlYXRlIjoxMjAwMDAwMDAwMDAwLCJkZWxldGUiOjEyMDAwMDAwMDAwMDAsInJlYWQiOjYwMDAwMDAwMDAwMCwidXBkYXRlIjoxMjAwMDAwMDAwMDAwfX0="
        }
      ]
    },
    {
      "module": "module.storage",
      "mode": "managed",
      "type": "google_project_service",
      "name": "storage_api",
      "provider": "provider[\"registry.terraform.io/hashicorp/google\"]",
      "instances": [
        {
          "schema_version": 0,
          "attributes": {
            "disable_dependent_services": null,
            "disable_on_destroy": false,
            "id": "uporto-cd/storage.googleapis.com",
            "project": "uporto-cd",
            "service": "storage.googleapis.com",
            "timeouts": null
          },
          "sensitive_attributes": [],
          "private": "eyJlMmJmYjczMC1lY2FhLTExZTYtOGY4OC0zNDM2M2JjN2M0YzAiOnsiY3JlYXRlIjoxMjAwMDAwMDAwMDAwLCJkZWxldGUiOjEyMDAwMDAwMDAwMDAsInJlYWQiOjYwMDAwMDAwMDAwMCwidXBkYXRlIjoxMjAwMDAwMDAwMDAwfX0="
        }
      ]
    },
    {
      "module": "module.storage",
      "mode": "managed",
      "type": "google_pubsub_topic",
      "name": "content_sync",
      "provider": "provider[\"registry.terraform.io/hashicorp/google\"]",
      "instances": []
    },
    {
      "module": "module.storage",
      "mode": "managed",
      "type": "google_pubsub_topic_iam_member",
      "name": "publisher",
      "provider": "provider[\"registry.terraform.io/hashicorp/google\"]",
      "instances": []
    },
    {
      "module": "module.storage",
      "mode": "managed",
      "type": "google_service_account",
      "name": "content_reader",
      "provider": "provider[\"registry.terraform.io/hashicorp/google\"]",
      "instances": [
        {
          "schema_version": 0,
          "attributes": {
            "account_id": "uporto-cd-content-reader",
            "description": "Service account for Kubernetes pods to read content from regional buckets",
            "disabled": false,
            "display_name": "Content Reader Service Account",
            "email": "uporto-cd-content-reader@uporto-cd.iam.gserviceaccount.com",
            "id": "projects/uporto-cd/serviceAccounts/uporto-cd-content-reader@uporto-cd.iam.gserviceaccount.com",
            "member": "serviceAccount:uporto-cd-content-reader@uporto-cd.iam.gserviceaccount.com",
            "name": "projects/uporto-cd/serviceAccounts/uporto-cd-content-reader@uporto-cd.iam.gserviceaccount.com",
            "project": "uporto-cd",
            "timeouts": null,
            "unique_id": "115061359385094117034"
          },
          "sensitive_attributes": [],
          "private": "eyJlMmJmYjczMC1lY2FhLTExZTYtOGY4OC0zNDM2M2JjN2M0YzAiOnsiY3JlYXRlIjozMDAwMDAwMDAwMDB9fQ=="
        }
      ]
    },
    {
      "module": "module.storage",
      "mode": "managed",
      "type": "google_service_account_iam_member",
      "name": "workload_identity_binding",
      "provider": "provider[\"registry.terraform.io/hashicorp/google\"]",
      "instances": [
        {
          "index_key": "asia-southeast1",
          "schema_version": 0,
          "attributes": {
            "condition": [],
            "etag": "BwY2MNnFY4g=",
            "id": "projects/uporto-cd/serviceAccounts/uporto-cd-content-reader@uporto-cd.iam.gserviceaccount.com/roles/iam.workloadIdentityUser/serviceAccount:uporto-cd.svc.id.goog[streaming/streaming-server-sa]",
            "member": "serviceAccount:uporto-cd.svc.id.goog[streaming/streaming-server-sa]",
            "role": "roles/iam.workloadIdentityUser",
            "service_account_id": "projects/uporto-cd/serviceAccounts/uporto-cd-content-reader@uporto-cd.iam.gserviceaccount.com"
          },
          "sensitive_attributes": [],
          "private": "bnVsbA==",
          "dependencies": [
            "module.storage.google_service_account.content_reader"
          ]
        },
        {
          "index_key": "europe-west2",
          "schema_version": 0,
          "attributes": {
            "condition": [],
            "etag": "BwY2MNnFY4g=",
            "id": "projects/uporto-cd/serviceAccounts/uporto-cd-content-reader@uporto-cd.iam.gserviceaccount.com/roles/iam.workloadIdentityUser/serviceAccount:uporto-cd.svc.id.goog[streaming/streaming-server-sa]",
            "member": "serviceAccount:uporto-cd.svc.id.goog[streaming/streaming-server-sa]",
            "role": "roles/iam.workloadIdentityUser",
            "service_account_id": "projects/uporto-cd/serviceAccounts/uporto-cd-content-reader@uporto-cd.iam.gserviceaccount.com"
          },
          "sensitive_attributes": [],
          "private": "bnVsbA==",
          "dependencies": [
            "module.storage.google_service_account.content_reader"
          ]
        },
        {
          "index_key": "us-south1",
          "schema_version": 0,
          "attributes": {
            "condition": [],
            "etag": "BwY2MNkm6+U=",
            "id": "projects/uporto-cd/serviceAccounts/uporto-cd-content-reader@uporto-cd.iam.gserviceaccount.com/roles/iam.workloadIdentityUser/serviceAccount:uporto-cd.svc.id.goog[streaming/streaming-server-sa]",
            "member": "serviceAccount:uporto-cd.svc.id.goog[streaming/streaming-server-sa]",
            "role": "roles/iam.workloadIdentityUser",
            "service_account_id": "projects/uporto-cd/serviceAccounts/uporto-cd-content-reader@uporto-cd.iam.gserviceaccount.com"
          },
          "sensitive_attributes": [],
          "private": "bnVsbA==",
          "dependencies": [
            "module.storage.google_service_account.content_reader"
          ]
        }
      ]
    },
    {
      "module": "module.storage",
      "mode": "managed",
      "type": "google_service_account_key",
      "name": "content_reader_key",
      "provider": "provider[\"registry.terraform.io/hashicorp/google\"]",
      "instances": [
        {
          "schema_version": 0,
          "attributes": {
            "id": "projects/uporto-cd/serviceAccounts/uporto-cd-content-reader@uporto-cd.iam.gserviceaccount.com/keys/e1f33740de70088d255506fbbfcffa67e02d5a15",
            "keepers": null,
            "key_algorithm": "KEY_ALG_RSA_2048",
            "name": "projects/uporto-cd/serviceAccounts/uporto-cd-content-reader@uporto-cd.iam.gserviceaccount.com/keys/e1f33740de70088d255506fbbfcffa67e02d5a15",
            "private_key": "ewogICJ0eXBlIjogInNlcnZpY2VfYWNjb3VudCIsCiAgInByb2plY3RfaWQiOiAidXBvcnRvLWNkIiwKICAicHJpdmF0ZV9rZXlfaWQiOiAiZTFmMzM3NDBkZTcwMDg4ZDI1NTUwNmZiYmZjZmZhNjdlMDJkNWExNSIsCiAgInByaXZhdGVfa2V5IjogIi0tLS0tQkVHSU4gUFJJVkFURSBLRVktLS0tLVxuTUlJRXZBSUJBREFOQmdrcWhraUc5dzBCQVFFRkFBU0NCS1l3Z2dTaUFnRUFBb0lCQVFDTFdyZ3Z5bC9BWUorVlxuL1BVTlNNYXVtaDBpR2xXZFRJTWh1K0prcmJnSDlHdlprbVg2cEtRbHoyaEg5QUJobzhBWVh4bzJxODhSOEwzblxuVmVjQkczdWZweUZ0a3E1bHZpWjc3WFp6Q0g4MFBHd0FEa1BneXZ2MktMVklDeGNIR0RaVCtidS9IaHRpVXpjWlxucUlJcWR6RmV6Mit1MWVCSks3Y3RCZ3VhenI3V21GV3lBb0dNVHBkZGtPaFlZNnVZZmJyL3Y3RUNEQWh2UElaT1xucng2dkRHNUd2OUp0Q3RxZVF5VjZ1SnYyNDV0OUQyKy93OWFnY3VRd0c2VGJIM3BmM1QwK3NHRk1QQmJSM3V4TFxuL1c1YTlzelRvNkdtZTdaMXhETEY2bWdqVUtBR09qQVF1SUFNdWVmMnVJcHZnbzlXODRyUmREcHcwTGVvL3hWU1xudHpxQzRvbWhBZ01CQUFFQ2dnRUFBWWNlWURJRGpLMzc4cjZjbk4yTFBhSXltOForQ09DOGxoUXlieENuRXY1dVxuano1bnM5R1IrSG1XTjZsNThhVTZnK3haZGhoL0Y5QThCenBXQnY3NlpYdCtvSWhZcExrZlJ4aU1keUg4cWdLQ1xucHhNS3owUDE3NFp4bWd5bklMK0FsNyszUnkzbU1ZWUg3dTBPU0JNUFl0Y3R1bFVJVDVpL3hCWStEMXFrWjFjM1xuSmgvVDh1aG56bEU2YjJtcVhSZ2ppUG5Tam5POWlxSEs1VUF4b01RYU1RSmNzWTE5WHZsVXcrMnY1S0lrcEoxaFxuOERGalFzV3FKRWR4Wi9ITTVSUklIUWtIby9PN0dLU3JHdkxLQVdZcDlHQmxYdDBIMU5DcDVybytBU1pMbzB3N1xuMlVXM3NBeW01TENmWm90TktZN3ZKem9wNHdzOFE0bXRTTFpvVUNRd0NRS0JnUURET3JnZVlZQnkxaEI3cldzTFxuSlRaVDJIaUlsVTY5QlpmRFNxcXJVVUtaR080dTI3ZS82eE1Hb29RQzVTME5IaklZdWl6ZS96aHAvbmZzK3Q0b1xuOUdERXg2aGdIcnV5U1JNQkhFQVZtSjNCRTlHNXNOTElkcVI1RjRHVzNqaU5uOVRrUUV2Y3loYmU2U1ZYZ2xicFxuOFdxSkl5bitVNVNJZVNzejE1aUpxZElwS3dLQmdRQzJ1M3A0UTZmcnBocG5OcjlzKzdiLzJod0F6bFNqZFNMUlxuM1MreVRFNjFRODJZNUJvR1BEcVN2MjdJWG9OVFJFbjNrOHhlUFZhTG9HYjhvVXo4bWZnM3dPNzg1a2pXOW1ZZ1xua05XeEJCQjdxM2Y1Skl3a2JWZldWQlJjdTR6TkU4TjEwREg1Ti8zV1JoMVZydDd3R0I4Z1ZtUnc0K0ltOXBySVxuUmgxdUc2cmFZd0tCZ0V6eXpQVTBpdk00U21EazltYjdNTkdWWmRTM3ZNUWwreTQvTk11M2lKOWRReXYyOEJMVlxuN2JiVXdXRit3T1lGdThzaFBtUmFoZnJKRUsyNEoyNU8vQUV6akxydUFoOEFURnhJclQyVjNML29OdWFRdWxQR1xuNTRiTzdBWHg2cXB2ai9LeklQT1NON2QrZjNoaGFDNW5PQTE3YmFiUGZLRFoyVnhpb3IzSDBJem5Bb0dBWXNEclxuTFBlVFZuME1JOStva0dOd3dOREU5WUtNcDFIMG9XcGlEbi9Dd1orRkN5MnJDdGVkNkJUZzhCUno4Sm9sUjFGdVxuenpkakFFNk5tZFlxWHhGdTNlSzh4WnhHblRYSWQ2ME9iMzM4MG5rV2UyVFBBQmkvc2FyNjNpclZxemNWR1NTTVxuL1Z6UEorLzRob2ZkSC9CSlVoYWViWXdhZW1nbnVqaDZTemxVbW5VQ2dZQUh4V3EzK2xkVVcxNVlHdy9BYlBXOVxubnBCOTFIK1c1S3ZrNTdRQVRIamI1RG1hUEpuWS9abkxqMm5TQ282RjJRR1EweXZ1cmJlQXVhV3BJMGpWbHluTFxuMHpnWnloUFMrenp4M3FEeHd3Q1JRNyszZG9UQXR5UmpnR0VZUjBaZitpMEdqT0hLSGVvbTV1QVo5UVlrWm5USFxubEY4Y1RrSkpVOVhPdi83SWt1NHV0QT09XG4tLS0tLUVORCBQUklWQVRFIEtFWS0tLS0tXG4iLAogICJjbGllbnRfZW1haWwiOiAidXBvcnRvLWNkLWNvbnRlbnQtcmVhZGVyQHVwb3J0by1jZC5pYW0uZ3NlcnZpY2VhY2NvdW50LmNvbSIsCiAgImNsaWVudF9pZCI6ICIxMTUwNjEzNTkzODUwOTQxMTcwMzQiLAogICJhdXRoX3VyaSI6ICJodHRwczovL2FjY291bnRzLmdvb2dsZS5jb20vby9vYXV0aDIvYXV0aCIsCiAgInRva2VuX3VyaSI6ICJodHRwczovL29hdXRoMi5nb29nbGVhcGlzLmNvbS90b2tlbiIsCiAgImF1dGhfcHJvdmlkZXJfeDUwOV9jZXJ0X3VybCI6ICJodHRwczovL3d3dy5nb29nbGVhcGlzLmNvbS9vYXV0aDIvdjEvY2VydHMiLAogICJjbGllbnRfeDUwOV9jZXJ0X3VybCI6ICJodHRwczovL3d3dy5nb29nbGVhcGlzLmNvbS9yb2JvdC92MS9tZXRhZGF0YS94NTA5L3Vwb3J0by1jZC1jb250ZW50LXJlYWRlciU0MHVwb3J0by1jZC5pYW0uZ3NlcnZpY2VhY2NvdW50LmNvbSIsCiAgInVuaXZlcnNlX2RvbWFpbiI6ICJnb29nbGVhcGlzLmNvbSIKfQo=",
            "private_key_type": "TYPE_GOOGLE_CREDENTIALS_FILE",
            "public_key": "LS0tLS1CRUdJTiBDRVJUSUZJQ0FURS0tLS0tCk1JSUMvVENDQWVXZ0F3SUJBZ0lKQUs0YnZtbGtKNjg0TUEwR0NTcUdTSWIzRFFFQkJRVUFNQ0F4SGpBY0JnTlYKQkFNTUZURXhOVEEyTVRNMU9UTTROVEE1TkRFeE56QXpOREFnRncweU5UQTFNamd4TVRVME5EZGFHQTg1T1RrNQpNVEl6TVRJek5UazFPVm93SURFZU1Cd0dBMVVFQXd3Vk1URTFNRFl4TXpVNU16ZzFNRGswTVRFM01ETTBNSUlCCklqQU5CZ2txaGtpRzl3MEJBUUVGQUFPQ0FROEFNSUlCQ2dLQ0FRRUFpMXE0TDhwZndHQ2ZsZnoxRFVqR3Jwb2QKSWhwVm5VeURJYnZpWksyNEIvUnIyWkpsK3FTa0pjOW9SL1FBWWFQQUdGOGFOcXZQRWZDOTUxWG5BUnQ3bjZjaApiWkt1WmI0bWUrMTJjd2gvTkR4c0FBNUQ0TXI3OWlpMVNBc1hCeGcyVS9tN3Z4NGJZbE0zR2FpQ0tuY3hYczl2CnJ0WGdTU3UzTFFZTG1zNisxcGhWc2dLQmpFNlhYWkRvV0dPcm1IMjYvNyt4QWd3SWJ6eUdUcThlcnd4dVJyL1MKYlFyYW5rTWxlcmliOXVPYmZROXZ2OFBXb0hMa01CdWsyeDk2WDkwOVByQmhURHdXMGQ3c1MvMXVXdmJNMDZPaApwbnUyZGNReXhlcG9JMUNnQmpvd0VMaUFETG5uOXJpS2I0S1BWdk9LMFhRNmNOQzNxUDhWVXJjNmd1S0pvUUlECkFRQUJvemd3TmpBTUJnTlZIUk1CQWY4RUFqQUFNQTRHQTFVZER3RUIvd1FFQXdJSGdEQVdCZ05WSFNVQkFmOEUKRERBS0JnZ3JCZ0VGQlFjREFqQU5CZ2txaGtpRzl3MEJBUVVGQUFPQ0FRRUFmYWFveWYzTzUydk5ramh1RkhQZQpTMGQ3UVAyYmg4ME1RUWYyN1g2VEhxT1JKayt0dUFUOWwxM3MxV0k4b3BBclRNT2dtOGxTajhwaVRwQWZVSHhVCkV5NnVVZDdkR3BSOThlQ3E0WURaVzZacFNDNDUyeHAvZ3FVcXpnTk94NWlYcnNoM1UrUU5OMEsyandRd1BrMWUKNTBOdHdjLzVwVmNIMnlKMkd5M2txU2NySEd2Mk9KNHVtYkNLV0twNllxcjkxcGhuUmkweVpXbmRHZDdtM0Q4ZQoxbjh3T2xzRnAyNDRNcXZya0tCMCtENEtMaFhhaXB0aVVZYkpOOW5kNTJIKzF1d1VGOGpGdjgyY29OZHEwVEI1CnJCcVVqUS9kdnV2bE9zak1ZSEdvWGY2VS93ZHpDYzFMMEJ5UmtROWljbHJ2UGVDbENDM1BGaFZCWTVRcHJDYmMKTHc9PQotLS0tLUVORCBDRVJUSUZJQ0FURS0tLS0tCg==",
            "public_key_data": null,
            "public_key_type": "TYPE_X509_PEM_FILE",
            "service_account_id": "projects/uporto-cd/serviceAccounts/uporto-cd-content-reader@uporto-cd.iam.gserviceaccount.com",
            "valid_after": "2025-05-28T11:54:47Z",
            "valid_before": "9999-12-31T23:59:59Z"
          },
          "sensitive_attributes": [
            [
              {
                "type": "get_attr",
                "value": "private_key"
              }
            ]
          ],
          "private": "bnVsbA==",
          "dependencies": [
            "module.storage.google_service_account.content_reader"
          ]
        }
      ]
    },
    {
      "module": "module.storage",
      "mode": "managed",
      "type": "google_storage_bucket",
      "name": "master",
      "provider": "provider[\"registry.terraform.io/hashicorp/google\"]",
      "instances": [
        {
          "schema_version": 0,
          "attributes": {
            "autoclass": [],
            "cors": [
              {
                "max_age_seconds": 3600,
                "method": [
                  "GET",
                  "HEAD",
                  "OPTIONS"
                ],
                "origin": [
                  "*"
                ],
                "response_header": [
                  "*"
                ]
              }
            ],
            "custom_placement_config": [],
            "default_event_based_hold": false,
            "encryption": [],
            "force_destroy": false,
            "id": "uporto-cd-content-master",
            "labels": {
              "environment": "production",
              "managed-by": "terraform",
              "purpose": "content-master"
            },
            "lifecycle_rule": [],
            "location": "EU",
            "logging": [],
            "name": "uporto-cd-content-master",
            "project": "uporto-cd",
            "public_access_prevention": "inherited",
            "requester_pays": false,
            "retention_policy": [],
            "self_link": "https://www.googleapis.com/storage/v1/b/uporto-cd-content-master",
            "soft_delete_policy": [
              {
                "effective_time": "2025-05-28T11:54:34.156Z",
                "retention_duration_seconds": 604800
              }
            ],
            "storage_class": "STANDARD",
            "timeouts": null,
            "uniform_bucket_level_access": true,
            "url": "gs://uporto-cd-content-master",
            "versioning": [
              {
                "enabled": false
              }
            ],
            "website": []
          },
          "sensitive_attributes": [],
          "private": "eyJlMmJmYjczMC1lY2FhLTExZTYtOGY4OC0zNDM2M2JjN2M0YzAiOnsiY3JlYXRlIjo2MDAwMDAwMDAwMDAsInJlYWQiOjI0MDAwMDAwMDAwMCwidXBkYXRlIjoyNDAwMDAwMDAwMDB9fQ==",
          "dependencies": [
            "module.storage.google_project_service.storage_api"
          ]
        }
      ]
    },
    {
      "module": "module.storage",
      "mode": "managed",
      "type": "google_storage_bucket",
      "name": "regional_cache",
      "provider": "provider[\"registry.terraform.io/hashicorp/google\"]",
      "instances": [
        {
          "index_key": "asia-southeast1",
          "schema_version": 0,
          "attributes": {
            "autoclass": [],
            "cors": [
              {
                "max_age_seconds": 3600,
                "method": [
                  "GET",
                  "HEAD",
                  "OPTIONS"
                ],
                "origin": [
                  "*"
                ],
                "response_header": [
                  "*"
                ]
              }
            ],
            "custom_placement_config": [],
            "default_event_based_hold": false,
            "encryption": [],
            "force_destroy": false,
            "id": "uporto-cd-content-asia-southeast1",
            "labels": {
              "environment": "production",
              "managed-by": "terraform",
              "purpose": "content-cache",
              "region": "asia-southeast1"
            },
            "lifecycle_rule": [],
            "location": "ASIA-SOUTHEAST1",
            "logging": [],
            "name": "uporto-cd-content-asia-southeast1",
            "project": "uporto-cd",
            "public_access_prevention": "inherited",
            "requester_pays": false,
            "retention_policy": [],
            "self_link": "https://www.googleapis.com/storage/v1/b/uporto-cd-content-asia-southeast1",
            "soft_delete_policy": [
              {
                "effective_time": "2025-05-28T11:54:48.111Z",
                "retention_duration_seconds": 604800
              }
            ],
            "storage_class": "STANDARD",
            "timeouts": null,
            "uniform_bucket_level_access": true,
            "url": "gs://uporto-cd-content-asia-southeast1",
            "versioning": [
              {
                "enabled": false
              }
            ],
            "website": []
          },
          "sensitive_attributes": [],
          "private": "eyJlMmJmYjczMC1lY2FhLTExZTYtOGY4OC0zNDM2M2JjN2M0YzAiOnsiY3JlYXRlIjo2MDAwMDAwMDAwMDAsInJlYWQiOjI0MDAwMDAwMDAwMCwidXBkYXRlIjoyNDAwMDAwMDAwMDB9fQ==",
          "dependencies": [
            "module.storage.google_project_service.storage_api"
          ]
        },
        {
          "index_key": "europe-west2",
          "schema_version": 0,
          "attributes": {
            "autoclass": [],
            "cors": [
              {
                "max_age_seconds": 3600,
                "method": [
                  "GET",
                  "HEAD",
                  "OPTIONS"
                ],
                "origin": [
                  "*"
                ],
                "response_header": [
                  "*"
                ]
              }
            ],
            "custom_placement_config": [],
            "default_event_based_hold": false,
            "encryption": [],
            "force_destroy": false,
            "id": "uporto-cd-content-europe-west2",
            "labels": {
              "environment": "production",
              "managed-by": "terraform",
              "purpose": "content-cache",
              "region": "europe-west2"
            },
            "lifecycle_rule": [],
            "location": "EUROPE-WEST2",
            "logging": [],
            "name": "uporto-cd-content-europe-west2",
            "project": "uporto-cd",
            "public_access_prevention": "inherited",
            "requester_pays": false,
            "retention_policy": [],
            "self_link": "https://www.googleapis.com/storage/v1/b/uporto-cd-content-europe-west2",
            "soft_delete_policy": [
              {
                "effective_time": "2025-05-28T11:54:46.785Z",
                "retention_duration_seconds": 604800
              }
            ],
            "storage_class": "STANDARD",
            "timeouts": null,
            "uniform_bucket_level_access": true,
            "url": "gs://uporto-cd-content-europe-west2",
            "versioning": [
              {
                "enabled": false
              }
            ],
            "website": []
          },
          "sensitive_attributes": [],
          "private": "eyJlMmJmYjczMC1lY2FhLTExZTYtOGY4OC0zNDM2M2JjN2M0YzAiOnsiY3JlYXRlIjo2MDAwMDAwMDAwMDAsInJlYWQiOjI0MDAwMDAwMDAwMCwidXBkYXRlIjoyNDAwMDAwMDAwMDB9fQ==",
          "dependencies": [
            "module.storage.google_project_service.storage_api"
          ]
        },
        {
          "index_key": "us-south1",
          "schema_version": 0,
          "attributes": {
            "autoclass": [],
            "cors": [
              {
                "max_age_seconds": 3600,
                "method": [
                  "GET",
                  "HEAD",
                  "OPTIONS"
                ],
                "origin": [
                  "*"
                ],
                "response_header": [
                  "*"
                ]
              }
            ],
            "custom_placement_config": [],
            "default_event_based_hold": false,
            "encryption": [],
            "force_destroy": false,
            "id": "uporto-cd-content-us-south1",
            "labels": {
              "environment": "production",
              "managed-by": "terraform",
              "purpose": "content-cache",
              "region": "us-south1"
            },
            "lifecycle_rule": [],
            "location": "US-SOUTH1",
            "logging": [],
            "name": "uporto-cd-content-us-south1",
            "project": "uporto-cd",
            "public_access_prevention": "inherited",
            "requester_pays": false,
            "retention_policy": [],
            "self_link": "https://www.googleapis.com/storage/v1/b/uporto-cd-content-us-south1",
            "soft_delete_policy": [
              {
                "effective_time": "2025-05-28T11:54:48.219Z",
                "retention_duration_seconds": 604800
              }
            ],
            "storage_class": "STANDARD",
            "timeouts": null,
            "uniform_bucket_level_access": true,
            "url": "gs://uporto-cd-content-us-south1",
            "versioning": [
              {
                "enabled": false
              }
            ],
            "website": []
          },
          "sensitive_attributes": [],
          "private": "eyJlMmJmYjczMC1lY2FhLTExZTYtOGY4OC0zNDM2M2JjN2M0YzAiOnsiY3JlYXRlIjo2MDAwMDAwMDAwMDAsInJlYWQiOjI0MDAwMDAwMDAwMCwidXBkYXRlIjoyNDAwMDAwMDAwMDB9fQ==",
          "dependencies": [
            "module.storage.google_project_service.storage_api"
          ]
        }
      ]
    },
    {
      "module": "module.storage",
      "mode": "managed",
      "type": "google_storage_bucket_iam_member",
      "name": "pods_regional_buckets",
      "provider": "provider[\"registry.terraform.io/hashicorp/google\"]",
      "instances": [
        {
          "index_key": "asia-southeast1",
          "schema_version": 0,
          "attributes": {
            "bucket": "b/uporto-cd-content-asia-southeast1",
            "condition": [],
            "etag": "CAI=",
            "id": "b/uporto-cd-content-asia-southeast1/roles/storage.objectViewer/serviceAccount:uporto-cd-content-reader@uporto-cd.iam.gserviceaccount.com",
            "member": "serviceAccount:uporto-cd-content-reader@uporto-cd.iam.gserviceaccount.com",
            "role": "roles/storage.objectViewer"
          },
          "sensitive_attributes": [],
          "private": "bnVsbA==",
          "dependencies": [
            "module.storage.google_project_service.storage_api",
            "module.storage.google_service_account.content_reader",
            "module.storage.google_storage_bucket.regional_cache"
          ]
        },
        {
          "index_key": "europe-west2",
          "schema_version": 0,
          "attributes": {
            "bucket": "b/uporto-cd-content-europe-west2",
            "condition": [],
            "etag": "CAI=",
            "id": "b/uporto-cd-content-europe-west2/roles/storage.objectViewer/serviceAccount:uporto-cd-content-reader@uporto-cd.iam.gserviceaccount.com",
            "member": "serviceAccount:uporto-cd-content-reader@uporto-cd.iam.gserviceaccount.com",
            "role": "roles/storage.objectViewer"
          },
          "sensitive_attributes": [],
          "private": "bnVsbA==",
          "dependencies": [
            "module.storage.google_project_service.storage_api",
            "module.storage.google_service_account.content_reader",
            "module.storage.google_storage_bucket.regional_cache"
          ]
        },
        {
          "index_key": "us-south1",
          "schema_version": 0,
          "attributes": {
            "bucket": "b/uporto-cd-content-us-south1",
            "condition": [],
            "etag": "CAI=",
            "id": "b/uporto-cd-content-us-south1/roles/storage.objectViewer/serviceAccount:uporto-cd-content-reader@uporto-cd.iam.gserviceaccount.com",
            "member": "serviceAccount:uporto-cd-content-reader@uporto-cd.iam.gserviceaccount.com",
            "role": "roles/storage.objectViewer"
          },
          "sensitive_attributes": [],
          "private": "bnVsbA==",
          "dependencies": [
            "module.storage.google_project_service.storage_api",
            "module.storage.google_service_account.content_reader",
            "module.storage.google_storage_bucket.regional_cache"
          ]
        }
      ]
    },
    {
      "module": "module.storage",
      "mode": "managed",
      "type": "google_storage_notification",
      "name": "master_bucket_notification",
      "provider": "provider[\"registry.terraform.io/hashicorp/google\"]",
      "instances": []
    }
  ],
  "check_results": null
}
